{
    "version": 3,
    "terraform_version": "0.11.13",
    "serial": 5,
    "lineage": "d97e6e05-5bdb-0ef0-e6c9-909e25bcee84",
    "modules": [
        {
            "path": [
                "root"
            ],
            "outputs": {
                "Alternative Lab IPs": {
                    "sensitive": false,
                    "type": "list",
                    "value": [
                        "147.75.95.11",
                        "147.75.95.69",
                        "147.75.94.253",
                        "147.75.94.233",
                        "147.75.95.101",
                        "147.75.95.7",
                        "147.75.94.175",
                        "147.75.94.167",
                        "147.75.95.89",
                        "147.75.95.15",
                        "147.75.95.5",
                        "147.75.95.37",
                        "147.75.95.61",
                        "147.75.95.97",
                        "147.75.94.225",
                        "147.75.95.35",
                        "147.75.95.25",
                        "147.75.95.33",
                        "147.75.92.143",
                        "147.75.95.63",
                        "147.75.94.249",
                        "147.75.94.251",
                        "147.75.95.91",
                        "147.75.93.241",
                        "147.75.94.157"
                    ]
                },
                "Alternative Registry IP": {
                    "sensitive": false,
                    "type": "string",
                    "value": "147.75.92.105"
                },
                "Lab IPs": {
                    "sensitive": false,
                    "type": "list",
                    "value": [
                        "147.75.198.245",
                        "147.75.198.247",
                        "147.75.199.41",
                        "147.75.198.243",
                        "147.75.195.9",
                        "147.75.38.109",
                        "147.75.98.193",
                        "147.75.198.109",
                        "147.75.77.63",
                        "147.75.77.31",
                        "147.75.76.155",
                        "147.75.38.35",
                        "147.75.198.249",
                        "147.75.72.197",
                        "147.75.98.253",
                        "147.75.196.7",
                        "147.75.38.171",
                        "147.75.76.47",
                        "147.75.76.237",
                        "147.75.77.125",
                        "147.75.38.127",
                        "147.75.198.21",
                        "147.75.198.11",
                        "147.75.198.121",
                        "147.75.77.53"
                    ]
                },
                "Registry IP": {
                    "sensitive": false,
                    "type": "string",
                    "value": "147.75.67.33"
                }
            },
            "resources": {
                "local_file.private_key_pem": {
                    "type": "local_file",
                    "depends_on": [
                        "tls_private_key.default"
                    ],
                    "primary": {
                        "id": "6fe729d174102cb7dbff9a033c277d6874217c26",
                        "attributes": {
                            "content": "-----BEGIN EC PRIVATE KEY-----\nMIGkAgEBBDBtsyNMLEqVqKcw7VHowR1BASU/PUaX6Y21PsBGiSsZV1lfhF0WY2C6\nvSqY81xWol+gBwYFK4EEACKhZANiAAQ+X8+xaKvtLIEoP3z8J+KgneqVbavC2lVV\nO0d7OxusNg3uoV2t0PA88CXLsNKDEzNyROZMQTMEyfae7YxPgt4P3zkJthmrwtp2\n+pV+1BUZvvTiQhWOHpVDXpSKD4JM1uU=\n-----END EC PRIVATE KEY-----\n",
                            "filename": "default.pem",
                            "id": "6fe729d174102cb7dbff9a033c277d6874217c26"
                        },
                        "meta": {},
                        "tainted": false
                    },
                    "deposed": [],
                    "provider": "provider.local"
                },
                "null_resource.chmod": {
                    "type": "null_resource",
                    "depends_on": [
                        "local_file.private_key_pem"
                    ],
                    "primary": {
                        "id": "7017054694837946995",
                        "attributes": {
                            "id": "7017054694837946995",
                            "triggers.%": "1",
                            "triggers.local_file_private_key_pem": "local_file.private_key_pem"
                        },
                        "meta": {},
                        "tainted": false
                    },
                    "deposed": [],
                    "provider": "provider.null"
                },
                "packet_device.lab.0": {
                    "type": "packet_device",
                    "depends_on": [
                        "packet_device.registry",
                        "packet_ssh_key.default",
                        "tls_private_key.default"
                    ],
                    "primary": {
                        "id": "cb4926cc-1113-4d7e-a694-9e98c3ea224a",
                        "attributes": {
                            "access_private_ipv4": "10.99.31.187",
                            "access_public_ipv4": "147.75.198.245",
                            "access_public_ipv6": "2604:1380:0:3800::d",
                            "always_pxe": "false",
                            "billing_cycle": "hourly",
                            "created": "2019-04-30T09:52:09Z",
                            "facilities.#": "1",
                            "facilities.0": "ewr1",
                            "facility": "ewr1",
                            "hostname": "kayobe-lab-00",
                            "id": "cb4926cc-1113-4d7e-a694-9e98c3ea224a",
                            "ipxe_script_url": "",
                            "locked": "false",
                            "network.#": "3",
                            "network.0.address": "147.75.198.245",
                            "network.0.cidr": "31",
                            "network.0.family": "4",
                            "network.0.gateway": "147.75.198.244",
                            "network.0.public": "true",
                            "network.1.address": "2604:1380:0:3800::d",
                            "network.1.cidr": "127",
                            "network.1.family": "6",
                            "network.1.gateway": "2604:1380:0:3800::c",
                            "network.1.public": "true",
                            "network.2.address": "10.99.31.187",
                            "network.2.cidr": "31",
                            "network.2.family": "4",
                            "network.2.gateway": "10.99.31.186",
                            "network.2.public": "false",
                            "network_type": "layer3",
                            "operating_system": "centos_7",
                            "plan": "c1.small.x86",
                            "ports.#": "3",
                            "ports.0.bonded": "true",
                            "ports.0.id": "a4f1da4b-6c29-4a6c-a186-b6fed8da5c63",
                            "ports.0.mac": "",
                            "ports.0.name": "bond0",
                            "ports.0.type": "NetworkBondPort",
                            "ports.1.bonded": "true",
                            "ports.1.id": "eb4a9507-1f49-4c4a-8f32-80d7a53ec7de",
                            "ports.1.mac": "0c:c4:7a:15:d3:ba",
                            "ports.1.name": "eth0",
                            "ports.1.type": "NetworkPort",
                            "ports.2.bonded": "true",
                            "ports.2.id": "16dc84a0-d788-4358-bad9-cea3cd773a51",
                            "ports.2.mac": "0c:c4:7a:15:d3:bb",
                            "ports.2.name": "eth1",
                            "ports.2.type": "NetworkPort",
                            "project_id": "719d7d4b-08f8-4e9b-ad0d-34707f85160d",
                            "public_ipv4_subnet_size": "31",
                            "root_password": "t1Cp/L6Ra?",
                            "ssh_key_ids.#": "164",
                            "ssh_key_ids.0": "bd192f85-fbeb-4fd3-bca0-7ceb96f91700",
                            "ssh_key_ids.1": "da199044-80dd-48dd-8d1f-ef76ccb13ab5",
                            "ssh_key_ids.10": "7c7abd45-994d-4754-8220-2c5a404933e8",
                            "ssh_key_ids.100": "13c0308d-5846-46c5-bf46-2fdae2e9c8d7",
                            "ssh_key_ids.101": "0a7d499d-8d80-45ad-9069-8fbaa6e28ea1",
                            "ssh_key_ids.102": "bb427d7d-ca92-4a98-af84-64d3b43e6325",
                            "ssh_key_ids.103": "c523b161-3e3b-492c-90f4-253a86aed91f",
                            "ssh_key_ids.104": "892bf2fb-c6b9-459d-bdd0-36d69701a3e6",
                            "ssh_key_ids.105": "9ee4a2b0-3668-411b-af84-07f61d71afa8",
                            "ssh_key_ids.106": "f718cdab-a523-45c3-9b01-80dc045be122",
                            "ssh_key_ids.107": "f78dd9de-77e6-4386-9014-14258f6ed18c",
                            "ssh_key_ids.108": "aea43942-9250-4cde-81d1-69e468df8ce6",
                            "ssh_key_ids.109": "68931241-5344-4a8b-884f-4f3a4fc5e231",
                            "ssh_key_ids.11": "1689628e-00a8-40e4-a578-9d484d66cc3f",
                            "ssh_key_ids.110": "7d4eca06-2710-49c7-b4bd-efececa7cd54",
                            "ssh_key_ids.111": "37ffbecc-3536-42d3-8f8b-5235dd97d526",
                            "ssh_key_ids.112": "8ec2af9d-2255-4cc8-a5ae-8dd62262241c",
                            "ssh_key_ids.113": "f86d606c-d11c-4b10-b0d2-326e3b791cdf",
                            "ssh_key_ids.114": "f63582f2-9d53-487f-a9af-d739e36b07af",
                            "ssh_key_ids.115": "38ee2b4b-653d-494e-b008-abd82461f7f6",
                            "ssh_key_ids.116": "5d3e1674-605d-4e29-aa1a-6f97c6273217",
                            "ssh_key_ids.117": "c57fb351-65ce-4427-a1c2-17868b0d1711",
                            "ssh_key_ids.118": "5e0ab35b-4a75-45c1-b679-bc9cb5c9abf8",
                            "ssh_key_ids.119": "3a4e67f8-b12d-43d4-a35d-e5d33a9ccd98",
                            "ssh_key_ids.12": "3bde399d-1ee1-49ca-acad-8df41956df20",
                            "ssh_key_ids.120": "80b28858-2421-41bb-bbea-c4ad4a5db2c9",
                            "ssh_key_ids.121": "036d46c3-8727-4a00-b59b-7f80443a2afc",
                            "ssh_key_ids.122": "04d2d40f-d0ae-4862-9537-62a9e43a22cd",
                            "ssh_key_ids.123": "311e499c-5421-42b0-91a7-cdcc1059dfef",
                            "ssh_key_ids.124": "7c7abede-0f89-4bae-91f3-c4c856140db8",
                            "ssh_key_ids.125": "948d85da-a1a4-45d9-b6bd-e2794c03232d",
                            "ssh_key_ids.126": "c33ea9e0-ed31-43ce-8bba-e5e8da4edd83",
                            "ssh_key_ids.127": "6e8257dd-b7b9-4f30-b9d1-e7131a4d2121",
                            "ssh_key_ids.128": "f6267de9-b50a-4bd8-aac5-51612a403741",
                            "ssh_key_ids.129": "ccb63b0c-f9e1-4764-a37e-e4408cccbfac",
                            "ssh_key_ids.13": "0fb6897c-2f7f-4d0f-9de1-bd279408a7cb",
                            "ssh_key_ids.130": "65c4bc38-3112-4503-b875-5f583aca6424",
                            "ssh_key_ids.131": "912637d1-7b56-481b-bbe4-ccf466e3e161",
                            "ssh_key_ids.132": "f0e74fce-1a0c-4643-8990-f6843728f24f",
                            "ssh_key_ids.133": "34934bed-6b13-4abc-aeb6-1a5a9e994745",
                            "ssh_key_ids.134": "b428db77-8a11-40b6-a6f9-bd6321ea796b",
                            "ssh_key_ids.135": "3199b332-bec2-45ef-9e25-ba9057972da7",
                            "ssh_key_ids.136": "303a0e97-7dd1-4444-9def-d7ebf932a892",
                            "ssh_key_ids.137": "7bf767f0-472a-4977-921e-cf55ded84f1c",
                            "ssh_key_ids.138": "7fb2d14c-11b6-4c52-a9d0-2a4a6113dbab",
                            "ssh_key_ids.139": "27635c6f-e3bd-4403-ae6c-94757f36b601",
                            "ssh_key_ids.14": "1e4e0e97-aace-4cd9-b258-c8408d502284",
                            "ssh_key_ids.140": "bc84ed0c-228d-4eb5-97b4-4cd7b6e6a0f9",
                            "ssh_key_ids.141": "f8e3e26a-214b-457a-a7de-0aa31723f04e",
                            "ssh_key_ids.142": "8059f489-7714-4af7-84fc-76869c009378",
                            "ssh_key_ids.143": "9cf77467-cdb7-4dcc-ab9f-4d431712ef3f",
                            "ssh_key_ids.144": "6e703847-5229-4bfd-9229-db6df7397e11",
                            "ssh_key_ids.145": "32c2e969-fe1c-4235-a999-2b8abc061991",
                            "ssh_key_ids.146": "3b57956f-a711-40db-9a6f-32487503bea1",
                            "ssh_key_ids.147": "e5fd812a-667c-498f-883c-2bd1afddbff3",
                            "ssh_key_ids.148": "be99da3d-601c-4466-8dcb-ff1f8a6a19d8",
                            "ssh_key_ids.149": "b87eb180-f18b-44a6-bbd5-a49f111d7864",
                            "ssh_key_ids.15": "7c41c050-74ad-4aa7-b63b-8c75d9db4051",
                            "ssh_key_ids.150": "4382d197-ecbb-43d9-a7d6-453c100279b8",
                            "ssh_key_ids.151": "6b50e07d-df2c-44b8-8a9e-65bfab6880a1",
                            "ssh_key_ids.152": "eac5e2ca-acf1-46a6-ae4d-aa12f71af765",
                            "ssh_key_ids.153": "b38f0448-bb97-4309-82f2-d1a5f5df0809",
                            "ssh_key_ids.154": "942f8d63-c3ec-4f32-b93a-38b5e0bafd90",
                            "ssh_key_ids.155": "0a929e59-0bcf-4de1-91d1-01a8cdbc9ef6",
                            "ssh_key_ids.156": "bc4f1745-a5de-45e4-ae82-d7c4988ee1a2",
                            "ssh_key_ids.157": "985ea314-f590-4237-99f5-682a344617d9",
                            "ssh_key_ids.158": "98b939fb-362b-41c8-831a-1f0a2afa400e",
                            "ssh_key_ids.159": "21fecacf-999e-4595-a247-af36a4feb0c1",
                            "ssh_key_ids.16": "a102ddd7-bee2-4d61-9262-5978a4b91c04",
                            "ssh_key_ids.160": "0c909e8f-7714-43f6-a8a9-fc003c5231a3",
                            "ssh_key_ids.161": "ccb07866-766e-45e2-ae82-a1f1c8cb39c8",
                            "ssh_key_ids.162": "d45fb3b7-af95-4c48-8ad6-e3f3242a5e4a",
                            "ssh_key_ids.163": "25faa130-9a09-4cca-a109-409c7ac309ab",
                            "ssh_key_ids.17": "842a0495-4b06-4f53-a948-f381d57cb180",
                            "ssh_key_ids.18": "491b68d1-1663-490d-a2e0-248b496631f4",
                            "ssh_key_ids.19": "bb056de1-9025-47e5-89a1-2897643e1f6c",
                            "ssh_key_ids.2": "f67f7c4b-0050-4c18-be29-03a072b204ba",
                            "ssh_key_ids.20": "b68dcaed-078c-41e2-a647-5aa1acb12154",
                            "ssh_key_ids.21": "fedb7753-6dba-4aa4-8371-999c6bab70de",
                            "ssh_key_ids.22": "a8855483-e011-4d68-86a5-2f530738dd17",
                            "ssh_key_ids.23": "6219b353-d4ec-4ba5-9a40-19304b4fe1af",
                            "ssh_key_ids.24": "4e49c810-8e76-4ec7-b1c2-1d9e7f829441",
                            "ssh_key_ids.25": "d88db379-9fa2-454f-97a4-8e7718bbb658",
                            "ssh_key_ids.26": "984f885d-a618-4416-a934-f1f00d93f989",
                            "ssh_key_ids.27": "a722049c-a416-4fb0-a661-290a0d9cf57b",
                            "ssh_key_ids.28": "1776caa4-e965-4891-af1a-427ce73a88e9",
                            "ssh_key_ids.29": "0873502f-0980-4e42-a0de-5328eb21b1fe",
                            "ssh_key_ids.3": "f7e8e7ed-d248-4e81-9f0a-15ef569fb264",
                            "ssh_key_ids.30": "d0a93463-eb19-4ed4-82a9-3c354374443e",
                            "ssh_key_ids.31": "b505936c-fca3-4767-9cbe-a5401f97dd95",
                            "ssh_key_ids.32": "9a377e1e-c8ce-40c0-bf81-014cab0fcb7c",
                            "ssh_key_ids.33": "ee429bfb-8fb3-479b-9c6c-e5579a8bf59d",
                            "ssh_key_ids.34": "93b62667-9821-43c9-9b47-09c72bfc16fe",
                            "ssh_key_ids.35": "305be502-51dd-41a5-b2b1-b58878e9da15",
                            "ssh_key_ids.36": "af0fdb13-ba2c-4e19-bcfb-57b1d59ead38",
                            "ssh_key_ids.37": "c13861b0-d10e-4a0e-a84b-4d0463d54f1a",
                            "ssh_key_ids.38": "e00adc33-e5eb-4b67-b5f9-4bfa68bd2e53",
                            "ssh_key_ids.39": "2765be00-4a38-436c-8eb7-74cb7dba92d3",
                            "ssh_key_ids.4": "0e3abb85-56d4-4604-a40a-9f3c6548b30b",
                            "ssh_key_ids.40": "e58fd2a9-18d8-4cd9-a1a2-f2610ed83a73",
                            "ssh_key_ids.41": "9058e9af-1b6a-4c7a-bce1-14dc06529d33",
                            "ssh_key_ids.42": "6389afd1-e142-402d-8a1e-90383fbd3cb0",
                            "ssh_key_ids.43": "752d99f5-5dcd-437f-99c9-8325bbabcc59",
                            "ssh_key_ids.44": "611e233e-835c-4e37-abdd-918842cbe83f",
                            "ssh_key_ids.45": "ec9105b6-bdd2-4bcc-a6ca-00055f55f504",
                            "ssh_key_ids.46": "01097db2-b817-4a41-b016-012c83dad8e4",
                            "ssh_key_ids.47": "dc275958-fb33-4a63-a21b-e33d3dfd3a14",
                            "ssh_key_ids.48": "e82a688a-f07a-480e-a408-199baca463c9",
                            "ssh_key_ids.49": "a7c4c16b-8163-4d61-8485-5f05eb11f013",
                            "ssh_key_ids.5": "0f73341f-b03d-4323-8d59-af7243dbb475",
                            "ssh_key_ids.50": "d7a07953-9e75-465e-9495-775f03018db0",
                            "ssh_key_ids.51": "290afd05-1d05-4fd4-a7ac-27be4b92458f",
                            "ssh_key_ids.52": "8499c022-65c8-40dd-ab33-d331388ac5d9",
                            "ssh_key_ids.53": "8ad4e695-a082-43c5-ac1b-456964b321c6",
                            "ssh_key_ids.54": "59b26c30-c0ca-4ac5-ba7f-143efd14f792",
                            "ssh_key_ids.55": "ccf9952b-afcb-4df1-b002-0c60717e2592",
                            "ssh_key_ids.56": "d059cfe2-3215-4686-aeaa-051a5a423d2a",
                            "ssh_key_ids.57": "82bd80ac-b1df-4801-88b7-8b835b78570c",
                            "ssh_key_ids.58": "c0fea396-b8f9-43d0-a453-9bbc868a1d81",
                            "ssh_key_ids.59": "954bd64c-a66b-45fb-900e-04f0b8b18cdf",
                            "ssh_key_ids.6": "84eaa0c1-fd1c-4de8-a60c-e91feb89f14b",
                            "ssh_key_ids.60": "82f1421a-5a62-442c-adbf-6f4534ff96fe",
                            "ssh_key_ids.61": "cc001113-bc02-4d7f-af55-366db9132936",
                            "ssh_key_ids.62": "88436004-0436-4df7-8240-bfd128e8d605",
                            "ssh_key_ids.63": "f81c84bc-7f7f-4c1c-bc6b-4aa9ce236151",
                            "ssh_key_ids.64": "895e0d1a-adae-439f-a1a8-a15aa6658c97",
                            "ssh_key_ids.65": "116c4f54-560a-4d95-bddc-29632af8a732",
                            "ssh_key_ids.66": "ee065568-03bb-456e-a1f5-1669939d43cb",
                            "ssh_key_ids.67": "1dae5119-8c6d-450c-be49-ef323d4ef630",
                            "ssh_key_ids.68": "c79bd893-afa8-4fde-9315-1ac6571a0d64",
                            "ssh_key_ids.69": "2111f3a2-9fe6-4992-aa14-1e01bb0501ce",
                            "ssh_key_ids.7": "214e1ebd-afd3-43f9-bcb6-bf6b9693f830",
                            "ssh_key_ids.70": "09223179-7d28-40a4-b18e-b7ed3e350c6a",
                            "ssh_key_ids.71": "36c08ba3-3dc2-45bf-aad5-3f9d6c2f8173",
                            "ssh_key_ids.72": "fac2cbbc-70ef-4386-a0e6-df3aa1fe9609",
                            "ssh_key_ids.73": "14c24939-9fd3-4d21-9f11-2557c49a3a9f",
                            "ssh_key_ids.74": "36b25fc3-3971-4f8f-a6f2-fcf9113e4da8",
                            "ssh_key_ids.75": "59e22e40-bf99-4d3a-ae05-3eb4d599cabc",
                            "ssh_key_ids.76": "ec684e16-0a82-4508-af90-88d5c598bd04",
                            "ssh_key_ids.77": "1a5374e7-ae0b-44e8-8290-a7f9e34c6374",
                            "ssh_key_ids.78": "22050c70-4363-4734-8c11-57855494147c",
                            "ssh_key_ids.79": "85e0e5cf-7e19-42f8-9dc2-da41de539495",
                            "ssh_key_ids.8": "33fea3c3-2fb4-424a-834c-190bd53b8f0b",
                            "ssh_key_ids.80": "32a48504-ef65-452f-ae33-d161205c1b11",
                            "ssh_key_ids.81": "8c7583d3-2b01-4df4-a946-939962d827f9",
                            "ssh_key_ids.82": "89ef47c1-1576-4b8c-a339-2014155f0802",
                            "ssh_key_ids.83": "494f995f-069a-4407-bf31-d1e67142f9fd",
                            "ssh_key_ids.84": "f1b4cad0-7e3f-4574-bc52-6567dd2fd125",
                            "ssh_key_ids.85": "a2579e04-6f2e-4488-8e58-c48a0aa7f70b",
                            "ssh_key_ids.86": "0c1be6d5-8b38-4920-94f2-6ddaaa25bb9d",
                            "ssh_key_ids.87": "7afc2a1e-7303-47e0-b75a-ed2587d3f340",
                            "ssh_key_ids.88": "659466b5-43b7-47fe-bd6c-b443d3b5df20",
                            "ssh_key_ids.89": "f98a99f8-ff13-4391-b5fc-74983219a225",
                            "ssh_key_ids.9": "fed60fdf-7e1d-4ffd-af9f-4ac91c2fd430",
                            "ssh_key_ids.90": "0b392f37-4243-4e43-a56c-18208a30acf3",
                            "ssh_key_ids.91": "0394ad7e-6265-4478-ae1a-3b5d59a217d5",
                            "ssh_key_ids.92": "0fddd1d0-4fa1-4abb-9bb9-b8381169a715",
                            "ssh_key_ids.93": "bdc5900f-e26d-46fe-8da6-59f9413b4c21",
                            "ssh_key_ids.94": "d0cce71a-c3ea-4b60-9866-d8f12d749d13",
                            "ssh_key_ids.95": "1df0179f-a9af-4c8e-b9bf-5991f6e1b7f0",
                            "ssh_key_ids.96": "d6a50bd7-69c4-4c2b-99be-9adbefc6e3dc",
                            "ssh_key_ids.97": "950d1f09-7d94-4838-ac25-e2b63fc256f5",
                            "ssh_key_ids.98": "d02bec99-0344-4cf3-bd06-8bad8969b9fe",
                            "ssh_key_ids.99": "e75e4f46-8e6b-4f66-8612-1879bbb96623",
                            "state": "active",
                            "storage": "",
                            "tags.#": "0",
                            "updated": "2019-04-30T09:56:33Z"
                        },
                        "meta": {},
                        "tainted": false
                    },
                    "deposed": [],
                    "provider": "provider.packet"
                },
                "packet_device.lab.1": {
                    "type": "packet_device",
                    "depends_on": [
                        "packet_device.registry",
                        "packet_ssh_key.default",
                        "tls_private_key.default"
                    ],
                    "primary": {
                        "id": "318f8ca1-85f1-462a-9acb-e70fef70e265",
                        "attributes": {
                            "access_private_ipv4": "10.99.31.185",
                            "access_public_ipv4": "147.75.198.247",
                            "access_public_ipv6": "2604:1380:0:3800::3d",
                            "always_pxe": "false",
                            "billing_cycle": "hourly",
                            "created": "2019-04-30T09:52:10Z",
                            "facilities.#": "1",
                            "facilities.0": "ewr1",
                            "facility": "ewr1",
                            "hostname": "kayobe-lab-01",
                            "id": "318f8ca1-85f1-462a-9acb-e70fef70e265",
                            "ipxe_script_url": "",
                            "locked": "false",
                            "network.#": "3",
                            "network.0.address": "147.75.198.247",
                            "network.0.cidr": "31",
                            "network.0.family": "4",
                            "network.0.gateway": "147.75.198.246",
                            "network.0.public": "true",
                            "network.1.address": "2604:1380:0:3800::3d",
                            "network.1.cidr": "127",
                            "network.1.family": "6",
                            "network.1.gateway": "2604:1380:0:3800::3c",
                            "network.1.public": "true",
                            "network.2.address": "10.99.31.185",
                            "network.2.cidr": "31",
                            "network.2.family": "4",
                            "network.2.gateway": "10.99.31.184",
                            "network.2.public": "false",
                            "network_type": "layer3",
                            "operating_system": "centos_7",
                            "plan": "c1.small.x86",
                            "ports.#": "3",
                            "ports.0.bonded": "true",
                            "ports.0.id": "4c66647f-c3f8-43e6-ad15-040a33279c34",
                            "ports.0.mac": "",
                            "ports.0.name": "bond0",
                            "ports.0.type": "NetworkBondPort",
                            "ports.1.bonded": "true",
                            "ports.1.id": "98f1551b-d09d-4bf8-9c5d-7c8c81743b0b",
                            "ports.1.mac": "0c:c4:7a:18:a6:ba",
                            "ports.1.name": "eth0",
                            "ports.1.type": "NetworkPort",
                            "ports.2.bonded": "true",
                            "ports.2.id": "633e7e66-3119-4abc-a9a2-7d987bc54128",
                            "ports.2.mac": "0c:c4:7a:18:a6:bb",
                            "ports.2.name": "eth1",
                            "ports.2.type": "NetworkPort",
                            "project_id": "719d7d4b-08f8-4e9b-ad0d-34707f85160d",
                            "public_ipv4_subnet_size": "31",
                            "root_password": "5VX98kz[S.",
                            "ssh_key_ids.#": "164",
                            "ssh_key_ids.0": "bd192f85-fbeb-4fd3-bca0-7ceb96f91700",
                            "ssh_key_ids.1": "da199044-80dd-48dd-8d1f-ef76ccb13ab5",
                            "ssh_key_ids.10": "3bde399d-1ee1-49ca-acad-8df41956df20",
                            "ssh_key_ids.100": "d0cce71a-c3ea-4b60-9866-d8f12d749d13",
                            "ssh_key_ids.101": "1df0179f-a9af-4c8e-b9bf-5991f6e1b7f0",
                            "ssh_key_ids.102": "d6a50bd7-69c4-4c2b-99be-9adbefc6e3dc",
                            "ssh_key_ids.103": "950d1f09-7d94-4838-ac25-e2b63fc256f5",
                            "ssh_key_ids.104": "d02bec99-0344-4cf3-bd06-8bad8969b9fe",
                            "ssh_key_ids.105": "e75e4f46-8e6b-4f66-8612-1879bbb96623",
                            "ssh_key_ids.106": "0a7d499d-8d80-45ad-9069-8fbaa6e28ea1",
                            "ssh_key_ids.107": "bb427d7d-ca92-4a98-af84-64d3b43e6325",
                            "ssh_key_ids.108": "9ee4a2b0-3668-411b-af84-07f61d71afa8",
                            "ssh_key_ids.109": "f718cdab-a523-45c3-9b01-80dc045be122",
                            "ssh_key_ids.11": "0fb6897c-2f7f-4d0f-9de1-bd279408a7cb",
                            "ssh_key_ids.110": "f78dd9de-77e6-4386-9014-14258f6ed18c",
                            "ssh_key_ids.111": "aea43942-9250-4cde-81d1-69e468df8ce6",
                            "ssh_key_ids.112": "68931241-5344-4a8b-884f-4f3a4fc5e231",
                            "ssh_key_ids.113": "7d4eca06-2710-49c7-b4bd-efececa7cd54",
                            "ssh_key_ids.114": "37ffbecc-3536-42d3-8f8b-5235dd97d526",
                            "ssh_key_ids.115": "8ec2af9d-2255-4cc8-a5ae-8dd62262241c",
                            "ssh_key_ids.116": "f86d606c-d11c-4b10-b0d2-326e3b791cdf",
                            "ssh_key_ids.117": "f63582f2-9d53-487f-a9af-d739e36b07af",
                            "ssh_key_ids.118": "38ee2b4b-653d-494e-b008-abd82461f7f6",
                            "ssh_key_ids.119": "5d3e1674-605d-4e29-aa1a-6f97c6273217",
                            "ssh_key_ids.12": "1e4e0e97-aace-4cd9-b258-c8408d502284",
                            "ssh_key_ids.120": "c57fb351-65ce-4427-a1c2-17868b0d1711",
                            "ssh_key_ids.121": "5e0ab35b-4a75-45c1-b679-bc9cb5c9abf8",
                            "ssh_key_ids.122": "3a4e67f8-b12d-43d4-a35d-e5d33a9ccd98",
                            "ssh_key_ids.123": "80b28858-2421-41bb-bbea-c4ad4a5db2c9",
                            "ssh_key_ids.124": "036d46c3-8727-4a00-b59b-7f80443a2afc",
                            "ssh_key_ids.125": "04d2d40f-d0ae-4862-9537-62a9e43a22cd",
                            "ssh_key_ids.126": "311e499c-5421-42b0-91a7-cdcc1059dfef",
                            "ssh_key_ids.127": "7c7abede-0f89-4bae-91f3-c4c856140db8",
                            "ssh_key_ids.128": "948d85da-a1a4-45d9-b6bd-e2794c03232d",
                            "ssh_key_ids.129": "c33ea9e0-ed31-43ce-8bba-e5e8da4edd83",
                            "ssh_key_ids.13": "7c41c050-74ad-4aa7-b63b-8c75d9db4051",
                            "ssh_key_ids.130": "6e8257dd-b7b9-4f30-b9d1-e7131a4d2121",
                            "ssh_key_ids.131": "f6267de9-b50a-4bd8-aac5-51612a403741",
                            "ssh_key_ids.132": "ccb63b0c-f9e1-4764-a37e-e4408cccbfac",
                            "ssh_key_ids.133": "65c4bc38-3112-4503-b875-5f583aca6424",
                            "ssh_key_ids.134": "912637d1-7b56-481b-bbe4-ccf466e3e161",
                            "ssh_key_ids.135": "f0e74fce-1a0c-4643-8990-f6843728f24f",
                            "ssh_key_ids.136": "34934bed-6b13-4abc-aeb6-1a5a9e994745",
                            "ssh_key_ids.137": "b428db77-8a11-40b6-a6f9-bd6321ea796b",
                            "ssh_key_ids.138": "3199b332-bec2-45ef-9e25-ba9057972da7",
                            "ssh_key_ids.139": "303a0e97-7dd1-4444-9def-d7ebf932a892",
                            "ssh_key_ids.14": "892bf2fb-c6b9-459d-bdd0-36d69701a3e6",
                            "ssh_key_ids.140": "7bf767f0-472a-4977-921e-cf55ded84f1c",
                            "ssh_key_ids.141": "7fb2d14c-11b6-4c52-a9d0-2a4a6113dbab",
                            "ssh_key_ids.142": "27635c6f-e3bd-4403-ae6c-94757f36b601",
                            "ssh_key_ids.143": "bc84ed0c-228d-4eb5-97b4-4cd7b6e6a0f9",
                            "ssh_key_ids.144": "f8e3e26a-214b-457a-a7de-0aa31723f04e",
                            "ssh_key_ids.145": "9cf77467-cdb7-4dcc-ab9f-4d431712ef3f",
                            "ssh_key_ids.146": "4382d197-ecbb-43d9-a7d6-453c100279b8",
                            "ssh_key_ids.147": "6b50e07d-df2c-44b8-8a9e-65bfab6880a1",
                            "ssh_key_ids.148": "3b57956f-a711-40db-9a6f-32487503bea1",
                            "ssh_key_ids.149": "e5fd812a-667c-498f-883c-2bd1afddbff3",
                            "ssh_key_ids.15": "13c0308d-5846-46c5-bf46-2fdae2e9c8d7",
                            "ssh_key_ids.150": "be99da3d-601c-4466-8dcb-ff1f8a6a19d8",
                            "ssh_key_ids.151": "b87eb180-f18b-44a6-bbd5-a49f111d7864",
                            "ssh_key_ids.152": "eac5e2ca-acf1-46a6-ae4d-aa12f71af765",
                            "ssh_key_ids.153": "b38f0448-bb97-4309-82f2-d1a5f5df0809",
                            "ssh_key_ids.154": "942f8d63-c3ec-4f32-b93a-38b5e0bafd90",
                            "ssh_key_ids.155": "0a929e59-0bcf-4de1-91d1-01a8cdbc9ef6",
                            "ssh_key_ids.156": "bc4f1745-a5de-45e4-ae82-d7c4988ee1a2",
                            "ssh_key_ids.157": "985ea314-f590-4237-99f5-682a344617d9",
                            "ssh_key_ids.158": "98b939fb-362b-41c8-831a-1f0a2afa400e",
                            "ssh_key_ids.159": "21fecacf-999e-4595-a247-af36a4feb0c1",
                            "ssh_key_ids.16": "a102ddd7-bee2-4d61-9262-5978a4b91c04",
                            "ssh_key_ids.160": "0c909e8f-7714-43f6-a8a9-fc003c5231a3",
                            "ssh_key_ids.161": "ccb07866-766e-45e2-ae82-a1f1c8cb39c8",
                            "ssh_key_ids.162": "d45fb3b7-af95-4c48-8ad6-e3f3242a5e4a",
                            "ssh_key_ids.163": "25faa130-9a09-4cca-a109-409c7ac309ab",
                            "ssh_key_ids.17": "842a0495-4b06-4f53-a948-f381d57cb180",
                            "ssh_key_ids.18": "491b68d1-1663-490d-a2e0-248b496631f4",
                            "ssh_key_ids.19": "bb056de1-9025-47e5-89a1-2897643e1f6c",
                            "ssh_key_ids.2": "ec684e16-0a82-4508-af90-88d5c598bd04",
                            "ssh_key_ids.20": "b68dcaed-078c-41e2-a647-5aa1acb12154",
                            "ssh_key_ids.21": "fedb7753-6dba-4aa4-8371-999c6bab70de",
                            "ssh_key_ids.22": "a8855483-e011-4d68-86a5-2f530738dd17",
                            "ssh_key_ids.23": "6219b353-d4ec-4ba5-9a40-19304b4fe1af",
                            "ssh_key_ids.24": "4e49c810-8e76-4ec7-b1c2-1d9e7f829441",
                            "ssh_key_ids.25": "d88db379-9fa2-454f-97a4-8e7718bbb658",
                            "ssh_key_ids.26": "984f885d-a618-4416-a934-f1f00d93f989",
                            "ssh_key_ids.27": "6e703847-5229-4bfd-9229-db6df7397e11",
                            "ssh_key_ids.28": "a722049c-a416-4fb0-a661-290a0d9cf57b",
                            "ssh_key_ids.29": "1776caa4-e965-4891-af1a-427ce73a88e9",
                            "ssh_key_ids.3": "8c7583d3-2b01-4df4-a946-939962d827f9",
                            "ssh_key_ids.30": "0873502f-0980-4e42-a0de-5328eb21b1fe",
                            "ssh_key_ids.31": "d0a93463-eb19-4ed4-82a9-3c354374443e",
                            "ssh_key_ids.32": "b505936c-fca3-4767-9cbe-a5401f97dd95",
                            "ssh_key_ids.33": "cc001113-bc02-4d7f-af55-366db9132936",
                            "ssh_key_ids.34": "88436004-0436-4df7-8240-bfd128e8d605",
                            "ssh_key_ids.35": "f81c84bc-7f7f-4c1c-bc6b-4aa9ce236151",
                            "ssh_key_ids.36": "895e0d1a-adae-439f-a1a8-a15aa6658c97",
                            "ssh_key_ids.37": "116c4f54-560a-4d95-bddc-29632af8a732",
                            "ssh_key_ids.38": "ee065568-03bb-456e-a1f5-1669939d43cb",
                            "ssh_key_ids.39": "1dae5119-8c6d-450c-be49-ef323d4ef630",
                            "ssh_key_ids.4": "89ef47c1-1576-4b8c-a339-2014155f0802",
                            "ssh_key_ids.40": "c79bd893-afa8-4fde-9315-1ac6571a0d64",
                            "ssh_key_ids.41": "2111f3a2-9fe6-4992-aa14-1e01bb0501ce",
                            "ssh_key_ids.42": "09223179-7d28-40a4-b18e-b7ed3e350c6a",
                            "ssh_key_ids.43": "36c08ba3-3dc2-45bf-aad5-3f9d6c2f8173",
                            "ssh_key_ids.44": "fac2cbbc-70ef-4386-a0e6-df3aa1fe9609",
                            "ssh_key_ids.45": "14c24939-9fd3-4d21-9f11-2557c49a3a9f",
                            "ssh_key_ids.46": "36b25fc3-3971-4f8f-a6f2-fcf9113e4da8",
                            "ssh_key_ids.47": "f67f7c4b-0050-4c18-be29-03a072b204ba",
                            "ssh_key_ids.48": "f7e8e7ed-d248-4e81-9f0a-15ef569fb264",
                            "ssh_key_ids.49": "0e3abb85-56d4-4604-a40a-9f3c6548b30b",
                            "ssh_key_ids.5": "c523b161-3e3b-492c-90f4-253a86aed91f",
                            "ssh_key_ids.50": "0f73341f-b03d-4323-8d59-af7243dbb475",
                            "ssh_key_ids.51": "84eaa0c1-fd1c-4de8-a60c-e91feb89f14b",
                            "ssh_key_ids.52": "32c2e969-fe1c-4235-a999-2b8abc061991",
                            "ssh_key_ids.53": "659466b5-43b7-47fe-bd6c-b443d3b5df20",
                            "ssh_key_ids.54": "8059f489-7714-4af7-84fc-76869c009378",
                            "ssh_key_ids.55": "f98a99f8-ff13-4391-b5fc-74983219a225",
                            "ssh_key_ids.56": "0b392f37-4243-4e43-a56c-18208a30acf3",
                            "ssh_key_ids.57": "0394ad7e-6265-4478-ae1a-3b5d59a217d5",
                            "ssh_key_ids.58": "0fddd1d0-4fa1-4abb-9bb9-b8381169a715",
                            "ssh_key_ids.59": "bdc5900f-e26d-46fe-8da6-59f9413b4c21",
                            "ssh_key_ids.6": "0c1be6d5-8b38-4920-94f2-6ddaaa25bb9d",
                            "ssh_key_ids.60": "214e1ebd-afd3-43f9-bcb6-bf6b9693f830",
                            "ssh_key_ids.61": "33fea3c3-2fb4-424a-834c-190bd53b8f0b",
                            "ssh_key_ids.62": "fed60fdf-7e1d-4ffd-af9f-4ac91c2fd430",
                            "ssh_key_ids.63": "7c7abd45-994d-4754-8220-2c5a404933e8",
                            "ssh_key_ids.64": "1689628e-00a8-40e4-a578-9d484d66cc3f",
                            "ssh_key_ids.65": "9a377e1e-c8ce-40c0-bf81-014cab0fcb7c",
                            "ssh_key_ids.66": "ee429bfb-8fb3-479b-9c6c-e5579a8bf59d",
                            "ssh_key_ids.67": "93b62667-9821-43c9-9b47-09c72bfc16fe",
                            "ssh_key_ids.68": "305be502-51dd-41a5-b2b1-b58878e9da15",
                            "ssh_key_ids.69": "af0fdb13-ba2c-4e19-bcfb-57b1d59ead38",
                            "ssh_key_ids.7": "a2579e04-6f2e-4488-8e58-c48a0aa7f70b",
                            "ssh_key_ids.70": "c13861b0-d10e-4a0e-a84b-4d0463d54f1a",
                            "ssh_key_ids.71": "e00adc33-e5eb-4b67-b5f9-4bfa68bd2e53",
                            "ssh_key_ids.72": "2765be00-4a38-436c-8eb7-74cb7dba92d3",
                            "ssh_key_ids.73": "e58fd2a9-18d8-4cd9-a1a2-f2610ed83a73",
                            "ssh_key_ids.74": "9058e9af-1b6a-4c7a-bce1-14dc06529d33",
                            "ssh_key_ids.75": "6389afd1-e142-402d-8a1e-90383fbd3cb0",
                            "ssh_key_ids.76": "752d99f5-5dcd-437f-99c9-8325bbabcc59",
                            "ssh_key_ids.77": "611e233e-835c-4e37-abdd-918842cbe83f",
                            "ssh_key_ids.78": "ec9105b6-bdd2-4bcc-a6ca-00055f55f504",
                            "ssh_key_ids.79": "01097db2-b817-4a41-b016-012c83dad8e4",
                            "ssh_key_ids.8": "f1b4cad0-7e3f-4574-bc52-6567dd2fd125",
                            "ssh_key_ids.80": "dc275958-fb33-4a63-a21b-e33d3dfd3a14",
                            "ssh_key_ids.81": "e82a688a-f07a-480e-a408-199baca463c9",
                            "ssh_key_ids.82": "a7c4c16b-8163-4d61-8485-5f05eb11f013",
                            "ssh_key_ids.83": "d7a07953-9e75-465e-9495-775f03018db0",
                            "ssh_key_ids.84": "290afd05-1d05-4fd4-a7ac-27be4b92458f",
                            "ssh_key_ids.85": "8499c022-65c8-40dd-ab33-d331388ac5d9",
                            "ssh_key_ids.86": "8ad4e695-a082-43c5-ac1b-456964b321c6",
                            "ssh_key_ids.87": "59b26c30-c0ca-4ac5-ba7f-143efd14f792",
                            "ssh_key_ids.88": "ccf9952b-afcb-4df1-b002-0c60717e2592",
                            "ssh_key_ids.89": "d059cfe2-3215-4686-aeaa-051a5a423d2a",
                            "ssh_key_ids.9": "494f995f-069a-4407-bf31-d1e67142f9fd",
                            "ssh_key_ids.90": "82bd80ac-b1df-4801-88b7-8b835b78570c",
                            "ssh_key_ids.91": "c0fea396-b8f9-43d0-a453-9bbc868a1d81",
                            "ssh_key_ids.92": "954bd64c-a66b-45fb-900e-04f0b8b18cdf",
                            "ssh_key_ids.93": "82f1421a-5a62-442c-adbf-6f4534ff96fe",
                            "ssh_key_ids.94": "59e22e40-bf99-4d3a-ae05-3eb4d599cabc",
                            "ssh_key_ids.95": "1a5374e7-ae0b-44e8-8290-a7f9e34c6374",
                            "ssh_key_ids.96": "22050c70-4363-4734-8c11-57855494147c",
                            "ssh_key_ids.97": "85e0e5cf-7e19-42f8-9dc2-da41de539495",
                            "ssh_key_ids.98": "32a48504-ef65-452f-ae33-d161205c1b11",
                            "ssh_key_ids.99": "7afc2a1e-7303-47e0-b75a-ed2587d3f340",
                            "state": "active",
                            "storage": "",
                            "tags.#": "0",
                            "updated": "2019-04-30T09:56:28Z"
                        },
                        "meta": {},
                        "tainted": false
                    },
                    "deposed": [],
                    "provider": "provider.packet"
                },
                "packet_device.lab.10": {
                    "type": "packet_device",
                    "depends_on": [
                        "packet_device.registry",
                        "packet_ssh_key.default",
                        "tls_private_key.default"
                    ],
                    "primary": {
                        "id": "1ed5259b-03e4-4790-80be-2a33e28ee27c",
                        "attributes": {
                            "access_private_ipv4": "10.99.31.149",
                            "access_public_ipv4": "147.75.76.155",
                            "access_public_ipv6": "2604:1380:0:3800::b",
                            "always_pxe": "false",
                            "billing_cycle": "hourly",
                            "created": "2019-04-30T10:24:05Z",
                            "facilities.#": "1",
                            "facilities.0": "ewr1",
                            "facility": "ewr1",
                            "hostname": "kayobe-lab-10",
                            "id": "1ed5259b-03e4-4790-80be-2a33e28ee27c",
                            "ipxe_script_url": "",
                            "locked": "false",
                            "network.#": "3",
                            "network.0.address": "147.75.76.155",
                            "network.0.cidr": "31",
                            "network.0.family": "4",
                            "network.0.gateway": "147.75.76.154",
                            "network.0.public": "true",
                            "network.1.address": "2604:1380:0:3800::b",
                            "network.1.cidr": "127",
                            "network.1.family": "6",
                            "network.1.gateway": "2604:1380:0:3800::a",
                            "network.1.public": "true",
                            "network.2.address": "10.99.31.149",
                            "network.2.cidr": "31",
                            "network.2.family": "4",
                            "network.2.gateway": "10.99.31.148",
                            "network.2.public": "false",
                            "network_type": "layer3",
                            "operating_system": "centos_7",
                            "plan": "c1.small.x86",
                            "ports.#": "3",
                            "ports.0.bonded": "true",
                            "ports.0.id": "0a1afa64-1da8-477b-8586-2ab9482ec1b7",
                            "ports.0.mac": "",
                            "ports.0.name": "bond0",
                            "ports.0.type": "NetworkBondPort",
                            "ports.1.bonded": "true",
                            "ports.1.id": "372639d8-427a-481e-9ce1-3f8f4206f580",
                            "ports.1.mac": "ac:1f:6b:99:b9:34",
                            "ports.1.name": "eth0",
                            "ports.1.type": "NetworkPort",
                            "ports.2.bonded": "true",
                            "ports.2.id": "992e9b48-79dd-4b9f-b082-3765c131d6fd",
                            "ports.2.mac": "ac:1f:6b:99:b9:35",
                            "ports.2.name": "eth1",
                            "ports.2.type": "NetworkPort",
                            "project_id": "719d7d4b-08f8-4e9b-ad0d-34707f85160d",
                            "public_ipv4_subnet_size": "31",
                            "root_password": "6k,7\u003eRz2LQ",
                            "ssh_key_ids.#": "164",
                            "ssh_key_ids.0": "bd192f85-fbeb-4fd3-bca0-7ceb96f91700",
                            "ssh_key_ids.1": "da199044-80dd-48dd-8d1f-ef76ccb13ab5",
                            "ssh_key_ids.10": "0394ad7e-6265-4478-ae1a-3b5d59a217d5",
                            "ssh_key_ids.100": "a722049c-a416-4fb0-a661-290a0d9cf57b",
                            "ssh_key_ids.101": "4e49c810-8e76-4ec7-b1c2-1d9e7f829441",
                            "ssh_key_ids.102": "f81c84bc-7f7f-4c1c-bc6b-4aa9ce236151",
                            "ssh_key_ids.103": "116c4f54-560a-4d95-bddc-29632af8a732",
                            "ssh_key_ids.104": "ccb63b0c-f9e1-4764-a37e-e4408cccbfac",
                            "ssh_key_ids.105": "14c24939-9fd3-4d21-9f11-2557c49a3a9f",
                            "ssh_key_ids.106": "e00adc33-e5eb-4b67-b5f9-4bfa68bd2e53",
                            "ssh_key_ids.107": "f0e74fce-1a0c-4643-8990-f6843728f24f",
                            "ssh_key_ids.108": "13c0308d-5846-46c5-bf46-2fdae2e9c8d7",
                            "ssh_key_ids.109": "7bf767f0-472a-4977-921e-cf55ded84f1c",
                            "ssh_key_ids.11": "0b392f37-4243-4e43-a56c-18208a30acf3",
                            "ssh_key_ids.110": "ee429bfb-8fb3-479b-9c6c-e5579a8bf59d",
                            "ssh_key_ids.111": "305be502-51dd-41a5-b2b1-b58878e9da15",
                            "ssh_key_ids.112": "d88db379-9fa2-454f-97a4-8e7718bbb658",
                            "ssh_key_ids.113": "9a377e1e-c8ce-40c0-bf81-014cab0fcb7c",
                            "ssh_key_ids.114": "d0a93463-eb19-4ed4-82a9-3c354374443e",
                            "ssh_key_ids.115": "c13861b0-d10e-4a0e-a84b-4d0463d54f1a",
                            "ssh_key_ids.116": "b505936c-fca3-4767-9cbe-a5401f97dd95",
                            "ssh_key_ids.117": "895e0d1a-adae-439f-a1a8-a15aa6658c97",
                            "ssh_key_ids.118": "aea43942-9250-4cde-81d1-69e468df8ce6",
                            "ssh_key_ids.119": "68931241-5344-4a8b-884f-4f3a4fc5e231",
                            "ssh_key_ids.12": "0fddd1d0-4fa1-4abb-9bb9-b8381169a715",
                            "ssh_key_ids.120": "7d4eca06-2710-49c7-b4bd-efececa7cd54",
                            "ssh_key_ids.121": "5e0ab35b-4a75-45c1-b679-bc9cb5c9abf8",
                            "ssh_key_ids.122": "bdc5900f-e26d-46fe-8da6-59f9413b4c21",
                            "ssh_key_ids.123": "311e499c-5421-42b0-91a7-cdcc1059dfef",
                            "ssh_key_ids.124": "7c7abede-0f89-4bae-91f3-c4c856140db8",
                            "ssh_key_ids.125": "948d85da-a1a4-45d9-b6bd-e2794c03232d",
                            "ssh_key_ids.126": "214e1ebd-afd3-43f9-bcb6-bf6b9693f830",
                            "ssh_key_ids.127": "8c7583d3-2b01-4df4-a946-939962d827f9",
                            "ssh_key_ids.128": "f6267de9-b50a-4bd8-aac5-51612a403741",
                            "ssh_key_ids.129": "fed60fdf-7e1d-4ffd-af9f-4ac91c2fd430",
                            "ssh_key_ids.13": "33fea3c3-2fb4-424a-834c-190bd53b8f0b",
                            "ssh_key_ids.130": "0fb6897c-2f7f-4d0f-9de1-bd279408a7cb",
                            "ssh_key_ids.131": "1e4e0e97-aace-4cd9-b258-c8408d502284",
                            "ssh_key_ids.132": "0873502f-0980-4e42-a0de-5328eb21b1fe",
                            "ssh_key_ids.133": "9cf77467-cdb7-4dcc-ab9f-4d431712ef3f",
                            "ssh_key_ids.134": "8059f489-7714-4af7-84fc-76869c009378",
                            "ssh_key_ids.135": "659466b5-43b7-47fe-bd6c-b443d3b5df20",
                            "ssh_key_ids.136": "c79bd893-afa8-4fde-9315-1ac6571a0d64",
                            "ssh_key_ids.137": "1dae5119-8c6d-450c-be49-ef323d4ef630",
                            "ssh_key_ids.138": "36b25fc3-3971-4f8f-a6f2-fcf9113e4da8",
                            "ssh_key_ids.139": "27635c6f-e3bd-4403-ae6c-94757f36b601",
                            "ssh_key_ids.14": "7c7abd45-994d-4754-8220-2c5a404933e8",
                            "ssh_key_ids.140": "c57fb351-65ce-4427-a1c2-17868b0d1711",
                            "ssh_key_ids.141": "cc001113-bc02-4d7f-af55-366db9132936",
                            "ssh_key_ids.142": "ee065568-03bb-456e-a1f5-1669939d43cb",
                            "ssh_key_ids.143": "5d3e1674-605d-4e29-aa1a-6f97c6273217",
                            "ssh_key_ids.144": "7afc2a1e-7303-47e0-b75a-ed2587d3f340",
                            "ssh_key_ids.145": "950d1f09-7d94-4838-ac25-e2b63fc256f5",
                            "ssh_key_ids.146": "3b57956f-a711-40db-9a6f-32487503bea1",
                            "ssh_key_ids.147": "e5fd812a-667c-498f-883c-2bd1afddbff3",
                            "ssh_key_ids.148": "be99da3d-601c-4466-8dcb-ff1f8a6a19d8",
                            "ssh_key_ids.149": "b87eb180-f18b-44a6-bbd5-a49f111d7864",
                            "ssh_key_ids.15": "984f885d-a618-4416-a934-f1f00d93f989",
                            "ssh_key_ids.150": "0a929e59-0bcf-4de1-91d1-01a8cdbc9ef6",
                            "ssh_key_ids.151": "4382d197-ecbb-43d9-a7d6-453c100279b8",
                            "ssh_key_ids.152": "6b50e07d-df2c-44b8-8a9e-65bfab6880a1",
                            "ssh_key_ids.153": "eac5e2ca-acf1-46a6-ae4d-aa12f71af765",
                            "ssh_key_ids.154": "b38f0448-bb97-4309-82f2-d1a5f5df0809",
                            "ssh_key_ids.155": "942f8d63-c3ec-4f32-b93a-38b5e0bafd90",
                            "ssh_key_ids.156": "bc4f1745-a5de-45e4-ae82-d7c4988ee1a2",
                            "ssh_key_ids.157": "985ea314-f590-4237-99f5-682a344617d9",
                            "ssh_key_ids.158": "98b939fb-362b-41c8-831a-1f0a2afa400e",
                            "ssh_key_ids.159": "21fecacf-999e-4595-a247-af36a4feb0c1",
                            "ssh_key_ids.16": "89ef47c1-1576-4b8c-a339-2014155f0802",
                            "ssh_key_ids.160": "0c909e8f-7714-43f6-a8a9-fc003c5231a3",
                            "ssh_key_ids.161": "ccb07866-766e-45e2-ae82-a1f1c8cb39c8",
                            "ssh_key_ids.162": "d45fb3b7-af95-4c48-8ad6-e3f3242a5e4a",
                            "ssh_key_ids.163": "25faa130-9a09-4cca-a109-409c7ac309ab",
                            "ssh_key_ids.17": "1689628e-00a8-40e4-a578-9d484d66cc3f",
                            "ssh_key_ids.18": "f67f7c4b-0050-4c18-be29-03a072b204ba",
                            "ssh_key_ids.19": "65c4bc38-3112-4503-b875-5f583aca6424",
                            "ssh_key_ids.2": "2111f3a2-9fe6-4992-aa14-1e01bb0501ce",
                            "ssh_key_ids.20": "912637d1-7b56-481b-bbe4-ccf466e3e161",
                            "ssh_key_ids.21": "f98a99f8-ff13-4391-b5fc-74983219a225",
                            "ssh_key_ids.22": "0e3abb85-56d4-4604-a40a-9f3c6548b30b",
                            "ssh_key_ids.23": "6e703847-5229-4bfd-9229-db6df7397e11",
                            "ssh_key_ids.24": "32c2e969-fe1c-4235-a999-2b8abc061991",
                            "ssh_key_ids.25": "0f73341f-b03d-4323-8d59-af7243dbb475",
                            "ssh_key_ids.26": "84eaa0c1-fd1c-4de8-a60c-e91feb89f14b",
                            "ssh_key_ids.27": "af0fdb13-ba2c-4e19-bcfb-57b1d59ead38",
                            "ssh_key_ids.28": "2765be00-4a38-436c-8eb7-74cb7dba92d3",
                            "ssh_key_ids.29": "e58fd2a9-18d8-4cd9-a1a2-f2610ed83a73",
                            "ssh_key_ids.3": "8ec2af9d-2255-4cc8-a5ae-8dd62262241c",
                            "ssh_key_ids.30": "9058e9af-1b6a-4c7a-bce1-14dc06529d33",
                            "ssh_key_ids.31": "6389afd1-e142-402d-8a1e-90383fbd3cb0",
                            "ssh_key_ids.32": "88436004-0436-4df7-8240-bfd128e8d605",
                            "ssh_key_ids.33": "752d99f5-5dcd-437f-99c9-8325bbabcc59",
                            "ssh_key_ids.34": "34934bed-6b13-4abc-aeb6-1a5a9e994745",
                            "ssh_key_ids.35": "b428db77-8a11-40b6-a6f9-bd6321ea796b",
                            "ssh_key_ids.36": "b68dcaed-078c-41e2-a647-5aa1acb12154",
                            "ssh_key_ids.37": "bb056de1-9025-47e5-89a1-2897643e1f6c",
                            "ssh_key_ids.38": "491b68d1-1663-490d-a2e0-248b496631f4",
                            "ssh_key_ids.39": "842a0495-4b06-4f53-a948-f381d57cb180",
                            "ssh_key_ids.4": "37ffbecc-3536-42d3-8f8b-5235dd97d526",
                            "ssh_key_ids.40": "a102ddd7-bee2-4d61-9262-5978a4b91c04",
                            "ssh_key_ids.41": "892bf2fb-c6b9-459d-bdd0-36d69701a3e6",
                            "ssh_key_ids.42": "c523b161-3e3b-492c-90f4-253a86aed91f",
                            "ssh_key_ids.43": "bb427d7d-ca92-4a98-af84-64d3b43e6325",
                            "ssh_key_ids.44": "38ee2b4b-653d-494e-b008-abd82461f7f6",
                            "ssh_key_ids.45": "0a7d499d-8d80-45ad-9069-8fbaa6e28ea1",
                            "ssh_key_ids.46": "611e233e-835c-4e37-abdd-918842cbe83f",
                            "ssh_key_ids.47": "01097db2-b817-4a41-b016-012c83dad8e4",
                            "ssh_key_ids.48": "dc275958-fb33-4a63-a21b-e33d3dfd3a14",
                            "ssh_key_ids.49": "e82a688a-f07a-480e-a408-199baca463c9",
                            "ssh_key_ids.5": "93b62667-9821-43c9-9b47-09c72bfc16fe",
                            "ssh_key_ids.50": "82bd80ac-b1df-4801-88b7-8b835b78570c",
                            "ssh_key_ids.51": "a7c4c16b-8163-4d61-8485-5f05eb11f013",
                            "ssh_key_ids.52": "d7a07953-9e75-465e-9495-775f03018db0",
                            "ssh_key_ids.53": "290afd05-1d05-4fd4-a7ac-27be4b92458f",
                            "ssh_key_ids.54": "8499c022-65c8-40dd-ab33-d331388ac5d9",
                            "ssh_key_ids.55": "8ad4e695-a082-43c5-ac1b-456964b321c6",
                            "ssh_key_ids.56": "59b26c30-c0ca-4ac5-ba7f-143efd14f792",
                            "ssh_key_ids.57": "ccf9952b-afcb-4df1-b002-0c60717e2592",
                            "ssh_key_ids.58": "d059cfe2-3215-4686-aeaa-051a5a423d2a",
                            "ssh_key_ids.59": "c0fea396-b8f9-43d0-a453-9bbc868a1d81",
                            "ssh_key_ids.6": "09223179-7d28-40a4-b18e-b7ed3e350c6a",
                            "ssh_key_ids.60": "82f1421a-5a62-442c-adbf-6f4534ff96fe",
                            "ssh_key_ids.61": "59e22e40-bf99-4d3a-ae05-3eb4d599cabc",
                            "ssh_key_ids.62": "ec684e16-0a82-4508-af90-88d5c598bd04",
                            "ssh_key_ids.63": "1a5374e7-ae0b-44e8-8290-a7f9e34c6374",
                            "ssh_key_ids.64": "22050c70-4363-4734-8c11-57855494147c",
                            "ssh_key_ids.65": "9ee4a2b0-3668-411b-af84-07f61d71afa8",
                            "ssh_key_ids.66": "3199b332-bec2-45ef-9e25-ba9057972da7",
                            "ssh_key_ids.67": "f63582f2-9d53-487f-a9af-d739e36b07af",
                            "ssh_key_ids.68": "f86d606c-d11c-4b10-b0d2-326e3b791cdf",
                            "ssh_key_ids.69": "303a0e97-7dd1-4444-9def-d7ebf932a892",
                            "ssh_key_ids.7": "f7e8e7ed-d248-4e81-9f0a-15ef569fb264",
                            "ssh_key_ids.70": "7fb2d14c-11b6-4c52-a9d0-2a4a6113dbab",
                            "ssh_key_ids.71": "0c1be6d5-8b38-4920-94f2-6ddaaa25bb9d",
                            "ssh_key_ids.72": "a2579e04-6f2e-4488-8e58-c48a0aa7f70b",
                            "ssh_key_ids.73": "f1b4cad0-7e3f-4574-bc52-6567dd2fd125",
                            "ssh_key_ids.74": "494f995f-069a-4407-bf31-d1e67142f9fd",
                            "ssh_key_ids.75": "bc84ed0c-228d-4eb5-97b4-4cd7b6e6a0f9",
                            "ssh_key_ids.76": "e75e4f46-8e6b-4f66-8612-1879bbb96623",
                            "ssh_key_ids.77": "f8e3e26a-214b-457a-a7de-0aa31723f04e",
                            "ssh_key_ids.78": "d02bec99-0344-4cf3-bd06-8bad8969b9fe",
                            "ssh_key_ids.79": "85e0e5cf-7e19-42f8-9dc2-da41de539495",
                            "ssh_key_ids.8": "f78dd9de-77e6-4386-9014-14258f6ed18c",
                            "ssh_key_ids.80": "32a48504-ef65-452f-ae33-d161205c1b11",
                            "ssh_key_ids.81": "3a4e67f8-b12d-43d4-a35d-e5d33a9ccd98",
                            "ssh_key_ids.82": "80b28858-2421-41bb-bbea-c4ad4a5db2c9",
                            "ssh_key_ids.83": "036d46c3-8727-4a00-b59b-7f80443a2afc",
                            "ssh_key_ids.84": "04d2d40f-d0ae-4862-9537-62a9e43a22cd",
                            "ssh_key_ids.85": "c33ea9e0-ed31-43ce-8bba-e5e8da4edd83",
                            "ssh_key_ids.86": "6e8257dd-b7b9-4f30-b9d1-e7131a4d2121",
                            "ssh_key_ids.87": "ec9105b6-bdd2-4bcc-a6ca-00055f55f504",
                            "ssh_key_ids.88": "d0cce71a-c3ea-4b60-9866-d8f12d749d13",
                            "ssh_key_ids.89": "1df0179f-a9af-4c8e-b9bf-5991f6e1b7f0",
                            "ssh_key_ids.9": "f718cdab-a523-45c3-9b01-80dc045be122",
                            "ssh_key_ids.90": "3bde399d-1ee1-49ca-acad-8df41956df20",
                            "ssh_key_ids.91": "7c41c050-74ad-4aa7-b63b-8c75d9db4051",
                            "ssh_key_ids.92": "fedb7753-6dba-4aa4-8371-999c6bab70de",
                            "ssh_key_ids.93": "a8855483-e011-4d68-86a5-2f530738dd17",
                            "ssh_key_ids.94": "954bd64c-a66b-45fb-900e-04f0b8b18cdf",
                            "ssh_key_ids.95": "6219b353-d4ec-4ba5-9a40-19304b4fe1af",
                            "ssh_key_ids.96": "d6a50bd7-69c4-4c2b-99be-9adbefc6e3dc",
                            "ssh_key_ids.97": "fac2cbbc-70ef-4386-a0e6-df3aa1fe9609",
                            "ssh_key_ids.98": "1776caa4-e965-4891-af1a-427ce73a88e9",
                            "ssh_key_ids.99": "36c08ba3-3dc2-45bf-aad5-3f9d6c2f8173",
                            "state": "active",
                            "storage": "",
                            "tags.#": "0",
                            "updated": "2019-04-30T10:25:56Z"
                        },
                        "meta": {},
                        "tainted": false
                    },
                    "deposed": [],
                    "provider": "provider.packet"
                },
                "packet_device.lab.11": {
                    "type": "packet_device",
                    "depends_on": [
                        "packet_device.registry",
                        "packet_ssh_key.default",
                        "tls_private_key.default"
                    ],
                    "primary": {
                        "id": "d7a3e37a-ed57-4de0-a98f-54a115a85f04",
                        "attributes": {
                            "access_private_ipv4": "10.99.31.177",
                            "access_public_ipv4": "147.75.38.35",
                            "access_public_ipv6": "2604:1380:0:3800::41",
                            "always_pxe": "false",
                            "billing_cycle": "hourly",
                            "created": "2019-04-30T09:52:24Z",
                            "facilities.#": "1",
                            "facilities.0": "ewr1",
                            "facility": "ewr1",
                            "hostname": "kayobe-lab-11",
                            "id": "d7a3e37a-ed57-4de0-a98f-54a115a85f04",
                            "ipxe_script_url": "",
                            "locked": "false",
                            "network.#": "3",
                            "network.0.address": "147.75.38.35",
                            "network.0.cidr": "31",
                            "network.0.family": "4",
                            "network.0.gateway": "147.75.38.34",
                            "network.0.public": "true",
                            "network.1.address": "2604:1380:0:3800::41",
                            "network.1.cidr": "127",
                            "network.1.family": "6",
                            "network.1.gateway": "2604:1380:0:3800::40",
                            "network.1.public": "true",
                            "network.2.address": "10.99.31.177",
                            "network.2.cidr": "31",
                            "network.2.family": "4",
                            "network.2.gateway": "10.99.31.176",
                            "network.2.public": "false",
                            "network_type": "layer3",
                            "operating_system": "centos_7",
                            "plan": "c1.small.x86",
                            "ports.#": "3",
                            "ports.0.bonded": "true",
                            "ports.0.id": "1ac2bdae-0d52-4eee-82ab-2da7551a5f06",
                            "ports.0.mac": "",
                            "ports.0.name": "bond0",
                            "ports.0.type": "NetworkBondPort",
                            "ports.1.bonded": "true",
                            "ports.1.id": "913ade55-6830-4bfd-8dc2-7665fc9a1a1b",
                            "ports.1.mac": "0c:c4:7a:e5:23:58",
                            "ports.1.name": "eth0",
                            "ports.1.type": "NetworkPort",
                            "ports.2.bonded": "true",
                            "ports.2.id": "b37914bc-550c-4c20-8e72-e2654c2d1722",
                            "ports.2.mac": "0c:c4:7a:e5:23:59",
                            "ports.2.name": "eth1",
                            "ports.2.type": "NetworkPort",
                            "project_id": "719d7d4b-08f8-4e9b-ad0d-34707f85160d",
                            "public_ipv4_subnet_size": "31",
                            "root_password": "/d93wRSN\u003e,",
                            "ssh_key_ids.#": "164",
                            "ssh_key_ids.0": "da199044-80dd-48dd-8d1f-ef76ccb13ab5",
                            "ssh_key_ids.1": "bd192f85-fbeb-4fd3-bca0-7ceb96f91700",
                            "ssh_key_ids.10": "0394ad7e-6265-4478-ae1a-3b5d59a217d5",
                            "ssh_key_ids.100": "36c08ba3-3dc2-45bf-aad5-3f9d6c2f8173",
                            "ssh_key_ids.101": "a722049c-a416-4fb0-a661-290a0d9cf57b",
                            "ssh_key_ids.102": "4e49c810-8e76-4ec7-b1c2-1d9e7f829441",
                            "ssh_key_ids.103": "f81c84bc-7f7f-4c1c-bc6b-4aa9ce236151",
                            "ssh_key_ids.104": "116c4f54-560a-4d95-bddc-29632af8a732",
                            "ssh_key_ids.105": "ccb63b0c-f9e1-4764-a37e-e4408cccbfac",
                            "ssh_key_ids.106": "14c24939-9fd3-4d21-9f11-2557c49a3a9f",
                            "ssh_key_ids.107": "e00adc33-e5eb-4b67-b5f9-4bfa68bd2e53",
                            "ssh_key_ids.108": "f0e74fce-1a0c-4643-8990-f6843728f24f",
                            "ssh_key_ids.109": "13c0308d-5846-46c5-bf46-2fdae2e9c8d7",
                            "ssh_key_ids.11": "0b392f37-4243-4e43-a56c-18208a30acf3",
                            "ssh_key_ids.110": "7bf767f0-472a-4977-921e-cf55ded84f1c",
                            "ssh_key_ids.111": "ee429bfb-8fb3-479b-9c6c-e5579a8bf59d",
                            "ssh_key_ids.112": "305be502-51dd-41a5-b2b1-b58878e9da15",
                            "ssh_key_ids.113": "d88db379-9fa2-454f-97a4-8e7718bbb658",
                            "ssh_key_ids.114": "9a377e1e-c8ce-40c0-bf81-014cab0fcb7c",
                            "ssh_key_ids.115": "d0a93463-eb19-4ed4-82a9-3c354374443e",
                            "ssh_key_ids.116": "c13861b0-d10e-4a0e-a84b-4d0463d54f1a",
                            "ssh_key_ids.117": "b505936c-fca3-4767-9cbe-a5401f97dd95",
                            "ssh_key_ids.118": "895e0d1a-adae-439f-a1a8-a15aa6658c97",
                            "ssh_key_ids.119": "aea43942-9250-4cde-81d1-69e468df8ce6",
                            "ssh_key_ids.12": "0fddd1d0-4fa1-4abb-9bb9-b8381169a715",
                            "ssh_key_ids.120": "68931241-5344-4a8b-884f-4f3a4fc5e231",
                            "ssh_key_ids.121": "7d4eca06-2710-49c7-b4bd-efececa7cd54",
                            "ssh_key_ids.122": "5d3e1674-605d-4e29-aa1a-6f97c6273217",
                            "ssh_key_ids.123": "5e0ab35b-4a75-45c1-b679-bc9cb5c9abf8",
                            "ssh_key_ids.124": "bdc5900f-e26d-46fe-8da6-59f9413b4c21",
                            "ssh_key_ids.125": "311e499c-5421-42b0-91a7-cdcc1059dfef",
                            "ssh_key_ids.126": "7c7abede-0f89-4bae-91f3-c4c856140db8",
                            "ssh_key_ids.127": "948d85da-a1a4-45d9-b6bd-e2794c03232d",
                            "ssh_key_ids.128": "214e1ebd-afd3-43f9-bcb6-bf6b9693f830",
                            "ssh_key_ids.129": "8c7583d3-2b01-4df4-a946-939962d827f9",
                            "ssh_key_ids.13": "33fea3c3-2fb4-424a-834c-190bd53b8f0b",
                            "ssh_key_ids.130": "f6267de9-b50a-4bd8-aac5-51612a403741",
                            "ssh_key_ids.131": "fed60fdf-7e1d-4ffd-af9f-4ac91c2fd430",
                            "ssh_key_ids.132": "0fb6897c-2f7f-4d0f-9de1-bd279408a7cb",
                            "ssh_key_ids.133": "1e4e0e97-aace-4cd9-b258-c8408d502284",
                            "ssh_key_ids.134": "0873502f-0980-4e42-a0de-5328eb21b1fe",
                            "ssh_key_ids.135": "9cf77467-cdb7-4dcc-ab9f-4d431712ef3f",
                            "ssh_key_ids.136": "8059f489-7714-4af7-84fc-76869c009378",
                            "ssh_key_ids.137": "659466b5-43b7-47fe-bd6c-b443d3b5df20",
                            "ssh_key_ids.138": "cc001113-bc02-4d7f-af55-366db9132936",
                            "ssh_key_ids.139": "c79bd893-afa8-4fde-9315-1ac6571a0d64",
                            "ssh_key_ids.14": "7c7abd45-994d-4754-8220-2c5a404933e8",
                            "ssh_key_ids.140": "1dae5119-8c6d-450c-be49-ef323d4ef630",
                            "ssh_key_ids.141": "ee065568-03bb-456e-a1f5-1669939d43cb",
                            "ssh_key_ids.142": "36b25fc3-3971-4f8f-a6f2-fcf9113e4da8",
                            "ssh_key_ids.143": "27635c6f-e3bd-4403-ae6c-94757f36b601",
                            "ssh_key_ids.144": "c57fb351-65ce-4427-a1c2-17868b0d1711",
                            "ssh_key_ids.145": "7afc2a1e-7303-47e0-b75a-ed2587d3f340",
                            "ssh_key_ids.146": "3b57956f-a711-40db-9a6f-32487503bea1",
                            "ssh_key_ids.147": "e5fd812a-667c-498f-883c-2bd1afddbff3",
                            "ssh_key_ids.148": "be99da3d-601c-4466-8dcb-ff1f8a6a19d8",
                            "ssh_key_ids.149": "b87eb180-f18b-44a6-bbd5-a49f111d7864",
                            "ssh_key_ids.15": "984f885d-a618-4416-a934-f1f00d93f989",
                            "ssh_key_ids.150": "0a929e59-0bcf-4de1-91d1-01a8cdbc9ef6",
                            "ssh_key_ids.151": "4382d197-ecbb-43d9-a7d6-453c100279b8",
                            "ssh_key_ids.152": "6b50e07d-df2c-44b8-8a9e-65bfab6880a1",
                            "ssh_key_ids.153": "eac5e2ca-acf1-46a6-ae4d-aa12f71af765",
                            "ssh_key_ids.154": "b38f0448-bb97-4309-82f2-d1a5f5df0809",
                            "ssh_key_ids.155": "942f8d63-c3ec-4f32-b93a-38b5e0bafd90",
                            "ssh_key_ids.156": "bc4f1745-a5de-45e4-ae82-d7c4988ee1a2",
                            "ssh_key_ids.157": "985ea314-f590-4237-99f5-682a344617d9",
                            "ssh_key_ids.158": "98b939fb-362b-41c8-831a-1f0a2afa400e",
                            "ssh_key_ids.159": "21fecacf-999e-4595-a247-af36a4feb0c1",
                            "ssh_key_ids.16": "89ef47c1-1576-4b8c-a339-2014155f0802",
                            "ssh_key_ids.160": "0c909e8f-7714-43f6-a8a9-fc003c5231a3",
                            "ssh_key_ids.161": "ccb07866-766e-45e2-ae82-a1f1c8cb39c8",
                            "ssh_key_ids.162": "d45fb3b7-af95-4c48-8ad6-e3f3242a5e4a",
                            "ssh_key_ids.163": "25faa130-9a09-4cca-a109-409c7ac309ab",
                            "ssh_key_ids.17": "1689628e-00a8-40e4-a578-9d484d66cc3f",
                            "ssh_key_ids.18": "f67f7c4b-0050-4c18-be29-03a072b204ba",
                            "ssh_key_ids.19": "65c4bc38-3112-4503-b875-5f583aca6424",
                            "ssh_key_ids.2": "2111f3a2-9fe6-4992-aa14-1e01bb0501ce",
                            "ssh_key_ids.20": "912637d1-7b56-481b-bbe4-ccf466e3e161",
                            "ssh_key_ids.21": "f98a99f8-ff13-4391-b5fc-74983219a225",
                            "ssh_key_ids.22": "0e3abb85-56d4-4604-a40a-9f3c6548b30b",
                            "ssh_key_ids.23": "6e703847-5229-4bfd-9229-db6df7397e11",
                            "ssh_key_ids.24": "32c2e969-fe1c-4235-a999-2b8abc061991",
                            "ssh_key_ids.25": "0f73341f-b03d-4323-8d59-af7243dbb475",
                            "ssh_key_ids.26": "84eaa0c1-fd1c-4de8-a60c-e91feb89f14b",
                            "ssh_key_ids.27": "af0fdb13-ba2c-4e19-bcfb-57b1d59ead38",
                            "ssh_key_ids.28": "2765be00-4a38-436c-8eb7-74cb7dba92d3",
                            "ssh_key_ids.29": "e58fd2a9-18d8-4cd9-a1a2-f2610ed83a73",
                            "ssh_key_ids.3": "8ec2af9d-2255-4cc8-a5ae-8dd62262241c",
                            "ssh_key_ids.30": "9058e9af-1b6a-4c7a-bce1-14dc06529d33",
                            "ssh_key_ids.31": "6389afd1-e142-402d-8a1e-90383fbd3cb0",
                            "ssh_key_ids.32": "88436004-0436-4df7-8240-bfd128e8d605",
                            "ssh_key_ids.33": "752d99f5-5dcd-437f-99c9-8325bbabcc59",
                            "ssh_key_ids.34": "34934bed-6b13-4abc-aeb6-1a5a9e994745",
                            "ssh_key_ids.35": "b428db77-8a11-40b6-a6f9-bd6321ea796b",
                            "ssh_key_ids.36": "b68dcaed-078c-41e2-a647-5aa1acb12154",
                            "ssh_key_ids.37": "bb056de1-9025-47e5-89a1-2897643e1f6c",
                            "ssh_key_ids.38": "491b68d1-1663-490d-a2e0-248b496631f4",
                            "ssh_key_ids.39": "842a0495-4b06-4f53-a948-f381d57cb180",
                            "ssh_key_ids.4": "37ffbecc-3536-42d3-8f8b-5235dd97d526",
                            "ssh_key_ids.40": "a102ddd7-bee2-4d61-9262-5978a4b91c04",
                            "ssh_key_ids.41": "892bf2fb-c6b9-459d-bdd0-36d69701a3e6",
                            "ssh_key_ids.42": "c523b161-3e3b-492c-90f4-253a86aed91f",
                            "ssh_key_ids.43": "bb427d7d-ca92-4a98-af84-64d3b43e6325",
                            "ssh_key_ids.44": "38ee2b4b-653d-494e-b008-abd82461f7f6",
                            "ssh_key_ids.45": "0a7d499d-8d80-45ad-9069-8fbaa6e28ea1",
                            "ssh_key_ids.46": "611e233e-835c-4e37-abdd-918842cbe83f",
                            "ssh_key_ids.47": "01097db2-b817-4a41-b016-012c83dad8e4",
                            "ssh_key_ids.48": "dc275958-fb33-4a63-a21b-e33d3dfd3a14",
                            "ssh_key_ids.49": "e82a688a-f07a-480e-a408-199baca463c9",
                            "ssh_key_ids.5": "93b62667-9821-43c9-9b47-09c72bfc16fe",
                            "ssh_key_ids.50": "82bd80ac-b1df-4801-88b7-8b835b78570c",
                            "ssh_key_ids.51": "a7c4c16b-8163-4d61-8485-5f05eb11f013",
                            "ssh_key_ids.52": "d7a07953-9e75-465e-9495-775f03018db0",
                            "ssh_key_ids.53": "290afd05-1d05-4fd4-a7ac-27be4b92458f",
                            "ssh_key_ids.54": "8499c022-65c8-40dd-ab33-d331388ac5d9",
                            "ssh_key_ids.55": "8ad4e695-a082-43c5-ac1b-456964b321c6",
                            "ssh_key_ids.56": "59b26c30-c0ca-4ac5-ba7f-143efd14f792",
                            "ssh_key_ids.57": "ccf9952b-afcb-4df1-b002-0c60717e2592",
                            "ssh_key_ids.58": "d059cfe2-3215-4686-aeaa-051a5a423d2a",
                            "ssh_key_ids.59": "c0fea396-b8f9-43d0-a453-9bbc868a1d81",
                            "ssh_key_ids.6": "09223179-7d28-40a4-b18e-b7ed3e350c6a",
                            "ssh_key_ids.60": "82f1421a-5a62-442c-adbf-6f4534ff96fe",
                            "ssh_key_ids.61": "59e22e40-bf99-4d3a-ae05-3eb4d599cabc",
                            "ssh_key_ids.62": "ec684e16-0a82-4508-af90-88d5c598bd04",
                            "ssh_key_ids.63": "1a5374e7-ae0b-44e8-8290-a7f9e34c6374",
                            "ssh_key_ids.64": "22050c70-4363-4734-8c11-57855494147c",
                            "ssh_key_ids.65": "9ee4a2b0-3668-411b-af84-07f61d71afa8",
                            "ssh_key_ids.66": "3199b332-bec2-45ef-9e25-ba9057972da7",
                            "ssh_key_ids.67": "f63582f2-9d53-487f-a9af-d739e36b07af",
                            "ssh_key_ids.68": "f86d606c-d11c-4b10-b0d2-326e3b791cdf",
                            "ssh_key_ids.69": "303a0e97-7dd1-4444-9def-d7ebf932a892",
                            "ssh_key_ids.7": "f7e8e7ed-d248-4e81-9f0a-15ef569fb264",
                            "ssh_key_ids.70": "7fb2d14c-11b6-4c52-a9d0-2a4a6113dbab",
                            "ssh_key_ids.71": "0c1be6d5-8b38-4920-94f2-6ddaaa25bb9d",
                            "ssh_key_ids.72": "a2579e04-6f2e-4488-8e58-c48a0aa7f70b",
                            "ssh_key_ids.73": "f1b4cad0-7e3f-4574-bc52-6567dd2fd125",
                            "ssh_key_ids.74": "494f995f-069a-4407-bf31-d1e67142f9fd",
                            "ssh_key_ids.75": "bc84ed0c-228d-4eb5-97b4-4cd7b6e6a0f9",
                            "ssh_key_ids.76": "e75e4f46-8e6b-4f66-8612-1879bbb96623",
                            "ssh_key_ids.77": "f8e3e26a-214b-457a-a7de-0aa31723f04e",
                            "ssh_key_ids.78": "d02bec99-0344-4cf3-bd06-8bad8969b9fe",
                            "ssh_key_ids.79": "85e0e5cf-7e19-42f8-9dc2-da41de539495",
                            "ssh_key_ids.8": "f78dd9de-77e6-4386-9014-14258f6ed18c",
                            "ssh_key_ids.80": "32a48504-ef65-452f-ae33-d161205c1b11",
                            "ssh_key_ids.81": "3a4e67f8-b12d-43d4-a35d-e5d33a9ccd98",
                            "ssh_key_ids.82": "80b28858-2421-41bb-bbea-c4ad4a5db2c9",
                            "ssh_key_ids.83": "036d46c3-8727-4a00-b59b-7f80443a2afc",
                            "ssh_key_ids.84": "04d2d40f-d0ae-4862-9537-62a9e43a22cd",
                            "ssh_key_ids.85": "c33ea9e0-ed31-43ce-8bba-e5e8da4edd83",
                            "ssh_key_ids.86": "6e8257dd-b7b9-4f30-b9d1-e7131a4d2121",
                            "ssh_key_ids.87": "ec9105b6-bdd2-4bcc-a6ca-00055f55f504",
                            "ssh_key_ids.88": "d0cce71a-c3ea-4b60-9866-d8f12d749d13",
                            "ssh_key_ids.89": "950d1f09-7d94-4838-ac25-e2b63fc256f5",
                            "ssh_key_ids.9": "f718cdab-a523-45c3-9b01-80dc045be122",
                            "ssh_key_ids.90": "1df0179f-a9af-4c8e-b9bf-5991f6e1b7f0",
                            "ssh_key_ids.91": "3bde399d-1ee1-49ca-acad-8df41956df20",
                            "ssh_key_ids.92": "7c41c050-74ad-4aa7-b63b-8c75d9db4051",
                            "ssh_key_ids.93": "fedb7753-6dba-4aa4-8371-999c6bab70de",
                            "ssh_key_ids.94": "a8855483-e011-4d68-86a5-2f530738dd17",
                            "ssh_key_ids.95": "954bd64c-a66b-45fb-900e-04f0b8b18cdf",
                            "ssh_key_ids.96": "6219b353-d4ec-4ba5-9a40-19304b4fe1af",
                            "ssh_key_ids.97": "d6a50bd7-69c4-4c2b-99be-9adbefc6e3dc",
                            "ssh_key_ids.98": "fac2cbbc-70ef-4386-a0e6-df3aa1fe9609",
                            "ssh_key_ids.99": "1776caa4-e965-4891-af1a-427ce73a88e9",
                            "state": "active",
                            "storage": "",
                            "tags.#": "0",
                            "updated": "2019-04-30T09:55:38Z"
                        },
                        "meta": {},
                        "tainted": false
                    },
                    "deposed": [],
                    "provider": "provider.packet"
                },
                "packet_device.lab.12": {
                    "type": "packet_device",
                    "depends_on": [
                        "packet_device.registry",
                        "packet_ssh_key.default",
                        "tls_private_key.default"
                    ],
                    "primary": {
                        "id": "04bb3d8f-480e-455d-97ae-b94951f27b48",
                        "attributes": {
                            "access_private_ipv4": "10.99.31.155",
                            "access_public_ipv4": "147.75.198.249",
                            "access_public_ipv6": "2604:1380:0:3800::3f",
                            "always_pxe": "false",
                            "billing_cycle": "hourly",
                            "created": "2019-04-30T09:52:19Z",
                            "facilities.#": "1",
                            "facilities.0": "ewr1",
                            "facility": "ewr1",
                            "hostname": "kayobe-lab-12",
                            "id": "04bb3d8f-480e-455d-97ae-b94951f27b48",
                            "ipxe_script_url": "",
                            "locked": "false",
                            "network.#": "3",
                            "network.0.address": "147.75.198.249",
                            "network.0.cidr": "31",
                            "network.0.family": "4",
                            "network.0.gateway": "147.75.198.248",
                            "network.0.public": "true",
                            "network.1.address": "2604:1380:0:3800::3f",
                            "network.1.cidr": "127",
                            "network.1.family": "6",
                            "network.1.gateway": "2604:1380:0:3800::3e",
                            "network.1.public": "true",
                            "network.2.address": "10.99.31.155",
                            "network.2.cidr": "31",
                            "network.2.family": "4",
                            "network.2.gateway": "10.99.31.154",
                            "network.2.public": "false",
                            "network_type": "layer3",
                            "operating_system": "centos_7",
                            "plan": "c1.small.x86",
                            "ports.#": "3",
                            "ports.0.bonded": "true",
                            "ports.0.id": "78664dc1-e11f-44b3-9c94-3ee70bc18eaa",
                            "ports.0.mac": "",
                            "ports.0.name": "bond0",
                            "ports.0.type": "NetworkBondPort",
                            "ports.1.bonded": "true",
                            "ports.1.id": "b5a07fc0-f58b-43ae-956f-7e4c05fac986",
                            "ports.1.mac": "ac:1f:6b:82:e2:2e",
                            "ports.1.name": "eth0",
                            "ports.1.type": "NetworkPort",
                            "ports.2.bonded": "true",
                            "ports.2.id": "ab021dcc-c603-4c32-93de-f7fb24fd9f22",
                            "ports.2.mac": "ac:1f:6b:82:e2:2f",
                            "ports.2.name": "eth1",
                            "ports.2.type": "NetworkPort",
                            "project_id": "719d7d4b-08f8-4e9b-ad0d-34707f85160d",
                            "public_ipv4_subnet_size": "31",
                            "root_password": "*Ljs21_jP3",
                            "ssh_key_ids.#": "164",
                            "ssh_key_ids.0": "da199044-80dd-48dd-8d1f-ef76ccb13ab5",
                            "ssh_key_ids.1": "bd192f85-fbeb-4fd3-bca0-7ceb96f91700",
                            "ssh_key_ids.10": "04d2d40f-d0ae-4862-9537-62a9e43a22cd",
                            "ssh_key_ids.100": "d059cfe2-3215-4686-aeaa-051a5a423d2a",
                            "ssh_key_ids.101": "82bd80ac-b1df-4801-88b7-8b835b78570c",
                            "ssh_key_ids.102": "d7a07953-9e75-465e-9495-775f03018db0",
                            "ssh_key_ids.103": "6389afd1-e142-402d-8a1e-90383fbd3cb0",
                            "ssh_key_ids.104": "611e233e-835c-4e37-abdd-918842cbe83f",
                            "ssh_key_ids.105": "ec9105b6-bdd2-4bcc-a6ca-00055f55f504",
                            "ssh_key_ids.106": "c0fea396-b8f9-43d0-a453-9bbc868a1d81",
                            "ssh_key_ids.107": "ccf9952b-afcb-4df1-b002-0c60717e2592",
                            "ssh_key_ids.108": "c13861b0-d10e-4a0e-a84b-4d0463d54f1a",
                            "ssh_key_ids.109": "e00adc33-e5eb-4b67-b5f9-4bfa68bd2e53",
                            "ssh_key_ids.11": "c33ea9e0-ed31-43ce-8bba-e5e8da4edd83",
                            "ssh_key_ids.110": "68931241-5344-4a8b-884f-4f3a4fc5e231",
                            "ssh_key_ids.111": "22050c70-4363-4734-8c11-57855494147c",
                            "ssh_key_ids.112": "7fb2d14c-11b6-4c52-a9d0-2a4a6113dbab",
                            "ssh_key_ids.113": "9058e9af-1b6a-4c7a-bce1-14dc06529d33",
                            "ssh_key_ids.114": "f98a99f8-ff13-4391-b5fc-74983219a225",
                            "ssh_key_ids.115": "33fea3c3-2fb4-424a-834c-190bd53b8f0b",
                            "ssh_key_ids.116": "fed60fdf-7e1d-4ffd-af9f-4ac91c2fd430",
                            "ssh_key_ids.117": "7c7abd45-994d-4754-8220-2c5a404933e8",
                            "ssh_key_ids.118": "8ec2af9d-2255-4cc8-a5ae-8dd62262241c",
                            "ssh_key_ids.119": "8059f489-7714-4af7-84fc-76869c009378",
                            "ssh_key_ids.12": "f718cdab-a523-45c3-9b01-80dc045be122",
                            "ssh_key_ids.120": "32c2e969-fe1c-4235-a999-2b8abc061991",
                            "ssh_key_ids.121": "659466b5-43b7-47fe-bd6c-b443d3b5df20",
                            "ssh_key_ids.122": "6e703847-5229-4bfd-9229-db6df7397e11",
                            "ssh_key_ids.123": "82f1421a-5a62-442c-adbf-6f4534ff96fe",
                            "ssh_key_ids.124": "59e22e40-bf99-4d3a-ae05-3eb4d599cabc",
                            "ssh_key_ids.125": "ec684e16-0a82-4508-af90-88d5c598bd04",
                            "ssh_key_ids.126": "1a5374e7-ae0b-44e8-8290-a7f9e34c6374",
                            "ssh_key_ids.127": "e58fd2a9-18d8-4cd9-a1a2-f2610ed83a73",
                            "ssh_key_ids.128": "2765be00-4a38-436c-8eb7-74cb7dba92d3",
                            "ssh_key_ids.129": "9ee4a2b0-3668-411b-af84-07f61d71afa8",
                            "ssh_key_ids.13": "6e8257dd-b7b9-4f30-b9d1-e7131a4d2121",
                            "ssh_key_ids.130": "85e0e5cf-7e19-42f8-9dc2-da41de539495",
                            "ssh_key_ids.131": "32a48504-ef65-452f-ae33-d161205c1b11",
                            "ssh_key_ids.132": "9a377e1e-c8ce-40c0-bf81-014cab0fcb7c",
                            "ssh_key_ids.133": "84eaa0c1-fd1c-4de8-a60c-e91feb89f14b",
                            "ssh_key_ids.134": "0f73341f-b03d-4323-8d59-af7243dbb475",
                            "ssh_key_ids.135": "0e3abb85-56d4-4604-a40a-9f3c6548b30b",
                            "ssh_key_ids.136": "f67f7c4b-0050-4c18-be29-03a072b204ba",
                            "ssh_key_ids.137": "912637d1-7b56-481b-bbe4-ccf466e3e161",
                            "ssh_key_ids.138": "37ffbecc-3536-42d3-8f8b-5235dd97d526",
                            "ssh_key_ids.139": "8c7583d3-2b01-4df4-a946-939962d827f9",
                            "ssh_key_ids.14": "f78dd9de-77e6-4386-9014-14258f6ed18c",
                            "ssh_key_ids.140": "38ee2b4b-653d-494e-b008-abd82461f7f6",
                            "ssh_key_ids.141": "0b392f37-4243-4e43-a56c-18208a30acf3",
                            "ssh_key_ids.142": "0394ad7e-6265-4478-ae1a-3b5d59a217d5",
                            "ssh_key_ids.143": "0fddd1d0-4fa1-4abb-9bb9-b8381169a715",
                            "ssh_key_ids.144": "214e1ebd-afd3-43f9-bcb6-bf6b9693f830",
                            "ssh_key_ids.145": "0fb6897c-2f7f-4d0f-9de1-bd279408a7cb",
                            "ssh_key_ids.146": "b38f0448-bb97-4309-82f2-d1a5f5df0809",
                            "ssh_key_ids.147": "b87eb180-f18b-44a6-bbd5-a49f111d7864",
                            "ssh_key_ids.148": "be99da3d-601c-4466-8dcb-ff1f8a6a19d8",
                            "ssh_key_ids.149": "942f8d63-c3ec-4f32-b93a-38b5e0bafd90",
                            "ssh_key_ids.15": "2111f3a2-9fe6-4992-aa14-1e01bb0501ce",
                            "ssh_key_ids.150": "3b57956f-a711-40db-9a6f-32487503bea1",
                            "ssh_key_ids.151": "e5fd812a-667c-498f-883c-2bd1afddbff3",
                            "ssh_key_ids.152": "eac5e2ca-acf1-46a6-ae4d-aa12f71af765",
                            "ssh_key_ids.153": "4382d197-ecbb-43d9-a7d6-453c100279b8",
                            "ssh_key_ids.154": "6b50e07d-df2c-44b8-8a9e-65bfab6880a1",
                            "ssh_key_ids.155": "0a929e59-0bcf-4de1-91d1-01a8cdbc9ef6",
                            "ssh_key_ids.156": "bc4f1745-a5de-45e4-ae82-d7c4988ee1a2",
                            "ssh_key_ids.157": "985ea314-f590-4237-99f5-682a344617d9",
                            "ssh_key_ids.158": "98b939fb-362b-41c8-831a-1f0a2afa400e",
                            "ssh_key_ids.159": "21fecacf-999e-4595-a247-af36a4feb0c1",
                            "ssh_key_ids.16": "aea43942-9250-4cde-81d1-69e468df8ce6",
                            "ssh_key_ids.160": "0c909e8f-7714-43f6-a8a9-fc003c5231a3",
                            "ssh_key_ids.161": "ccb07866-766e-45e2-ae82-a1f1c8cb39c8",
                            "ssh_key_ids.162": "d45fb3b7-af95-4c48-8ad6-e3f3242a5e4a",
                            "ssh_key_ids.163": "25faa130-9a09-4cca-a109-409c7ac309ab",
                            "ssh_key_ids.17": "c79bd893-afa8-4fde-9315-1ac6571a0d64",
                            "ssh_key_ids.18": "1dae5119-8c6d-450c-be49-ef323d4ef630",
                            "ssh_key_ids.19": "7d4eca06-2710-49c7-b4bd-efececa7cd54",
                            "ssh_key_ids.2": "f7e8e7ed-d248-4e81-9f0a-15ef569fb264",
                            "ssh_key_ids.20": "ee065568-03bb-456e-a1f5-1669939d43cb",
                            "ssh_key_ids.21": "b505936c-fca3-4767-9cbe-a5401f97dd95",
                            "ssh_key_ids.22": "895e0d1a-adae-439f-a1a8-a15aa6658c97",
                            "ssh_key_ids.23": "984f885d-a618-4416-a934-f1f00d93f989",
                            "ssh_key_ids.24": "65c4bc38-3112-4503-b875-5f583aca6424",
                            "ssh_key_ids.25": "5d3e1674-605d-4e29-aa1a-6f97c6273217",
                            "ssh_key_ids.26": "c57fb351-65ce-4427-a1c2-17868b0d1711",
                            "ssh_key_ids.27": "5e0ab35b-4a75-45c1-b679-bc9cb5c9abf8",
                            "ssh_key_ids.28": "bdc5900f-e26d-46fe-8da6-59f9413b4c21",
                            "ssh_key_ids.29": "f0e74fce-1a0c-4643-8990-f6843728f24f",
                            "ssh_key_ids.3": "cc001113-bc02-4d7f-af55-366db9132936",
                            "ssh_key_ids.30": "34934bed-6b13-4abc-aeb6-1a5a9e994745",
                            "ssh_key_ids.31": "b428db77-8a11-40b6-a6f9-bd6321ea796b",
                            "ssh_key_ids.32": "b68dcaed-078c-41e2-a647-5aa1acb12154",
                            "ssh_key_ids.33": "bb056de1-9025-47e5-89a1-2897643e1f6c",
                            "ssh_key_ids.34": "491b68d1-1663-490d-a2e0-248b496631f4",
                            "ssh_key_ids.35": "842a0495-4b06-4f53-a948-f381d57cb180",
                            "ssh_key_ids.36": "a102ddd7-bee2-4d61-9262-5978a4b91c04",
                            "ssh_key_ids.37": "311e499c-5421-42b0-91a7-cdcc1059dfef",
                            "ssh_key_ids.38": "7c7abede-0f89-4bae-91f3-c4c856140db8",
                            "ssh_key_ids.39": "948d85da-a1a4-45d9-b6bd-e2794c03232d",
                            "ssh_key_ids.4": "0873502f-0980-4e42-a0de-5328eb21b1fe",
                            "ssh_key_ids.40": "f6267de9-b50a-4bd8-aac5-51612a403741",
                            "ssh_key_ids.41": "13c0308d-5846-46c5-bf46-2fdae2e9c8d7",
                            "ssh_key_ids.42": "892bf2fb-c6b9-459d-bdd0-36d69701a3e6",
                            "ssh_key_ids.43": "c523b161-3e3b-492c-90f4-253a86aed91f",
                            "ssh_key_ids.44": "36b25fc3-3971-4f8f-a6f2-fcf9113e4da8",
                            "ssh_key_ids.45": "bb427d7d-ca92-4a98-af84-64d3b43e6325",
                            "ssh_key_ids.46": "0a7d499d-8d80-45ad-9069-8fbaa6e28ea1",
                            "ssh_key_ids.47": "3199b332-bec2-45ef-9e25-ba9057972da7",
                            "ssh_key_ids.48": "303a0e97-7dd1-4444-9def-d7ebf932a892",
                            "ssh_key_ids.49": "89ef47c1-1576-4b8c-a339-2014155f0802",
                            "ssh_key_ids.5": "09223179-7d28-40a4-b18e-b7ed3e350c6a",
                            "ssh_key_ids.50": "1689628e-00a8-40e4-a578-9d484d66cc3f",
                            "ssh_key_ids.51": "f63582f2-9d53-487f-a9af-d739e36b07af",
                            "ssh_key_ids.52": "f86d606c-d11c-4b10-b0d2-326e3b791cdf",
                            "ssh_key_ids.53": "7bf767f0-472a-4977-921e-cf55ded84f1c",
                            "ssh_key_ids.54": "27635c6f-e3bd-4403-ae6c-94757f36b601",
                            "ssh_key_ids.55": "bc84ed0c-228d-4eb5-97b4-4cd7b6e6a0f9",
                            "ssh_key_ids.56": "7afc2a1e-7303-47e0-b75a-ed2587d3f340",
                            "ssh_key_ids.57": "0c1be6d5-8b38-4920-94f2-6ddaaa25bb9d",
                            "ssh_key_ids.58": "a2579e04-6f2e-4488-8e58-c48a0aa7f70b",
                            "ssh_key_ids.59": "f1b4cad0-7e3f-4574-bc52-6567dd2fd125",
                            "ssh_key_ids.6": "3a4e67f8-b12d-43d4-a35d-e5d33a9ccd98",
                            "ssh_key_ids.60": "494f995f-069a-4407-bf31-d1e67142f9fd",
                            "ssh_key_ids.61": "3bde399d-1ee1-49ca-acad-8df41956df20",
                            "ssh_key_ids.62": "e75e4f46-8e6b-4f66-8612-1879bbb96623",
                            "ssh_key_ids.63": "f8e3e26a-214b-457a-a7de-0aa31723f04e",
                            "ssh_key_ids.64": "d02bec99-0344-4cf3-bd06-8bad8969b9fe",
                            "ssh_key_ids.65": "d0cce71a-c3ea-4b60-9866-d8f12d749d13",
                            "ssh_key_ids.66": "950d1f09-7d94-4838-ac25-e2b63fc256f5",
                            "ssh_key_ids.67": "1e4e0e97-aace-4cd9-b258-c8408d502284",
                            "ssh_key_ids.68": "7c41c050-74ad-4aa7-b63b-8c75d9db4051",
                            "ssh_key_ids.69": "fedb7753-6dba-4aa4-8371-999c6bab70de",
                            "ssh_key_ids.7": "9cf77467-cdb7-4dcc-ab9f-4d431712ef3f",
                            "ssh_key_ids.70": "a8855483-e011-4d68-86a5-2f530738dd17",
                            "ssh_key_ids.71": "954bd64c-a66b-45fb-900e-04f0b8b18cdf",
                            "ssh_key_ids.72": "1df0179f-a9af-4c8e-b9bf-5991f6e1b7f0",
                            "ssh_key_ids.73": "d6a50bd7-69c4-4c2b-99be-9adbefc6e3dc",
                            "ssh_key_ids.74": "fac2cbbc-70ef-4386-a0e6-df3aa1fe9609",
                            "ssh_key_ids.75": "1776caa4-e965-4891-af1a-427ce73a88e9",
                            "ssh_key_ids.76": "36c08ba3-3dc2-45bf-aad5-3f9d6c2f8173",
                            "ssh_key_ids.77": "6219b353-d4ec-4ba5-9a40-19304b4fe1af",
                            "ssh_key_ids.78": "a722049c-a416-4fb0-a661-290a0d9cf57b",
                            "ssh_key_ids.79": "88436004-0436-4df7-8240-bfd128e8d605",
                            "ssh_key_ids.8": "80b28858-2421-41bb-bbea-c4ad4a5db2c9",
                            "ssh_key_ids.80": "ccb63b0c-f9e1-4764-a37e-e4408cccbfac",
                            "ssh_key_ids.81": "4e49c810-8e76-4ec7-b1c2-1d9e7f829441",
                            "ssh_key_ids.82": "d88db379-9fa2-454f-97a4-8e7718bbb658",
                            "ssh_key_ids.83": "f81c84bc-7f7f-4c1c-bc6b-4aa9ce236151",
                            "ssh_key_ids.84": "116c4f54-560a-4d95-bddc-29632af8a732",
                            "ssh_key_ids.85": "14c24939-9fd3-4d21-9f11-2557c49a3a9f",
                            "ssh_key_ids.86": "d0a93463-eb19-4ed4-82a9-3c354374443e",
                            "ssh_key_ids.87": "ee429bfb-8fb3-479b-9c6c-e5579a8bf59d",
                            "ssh_key_ids.88": "93b62667-9821-43c9-9b47-09c72bfc16fe",
                            "ssh_key_ids.89": "af0fdb13-ba2c-4e19-bcfb-57b1d59ead38",
                            "ssh_key_ids.9": "036d46c3-8727-4a00-b59b-7f80443a2afc",
                            "ssh_key_ids.90": "305be502-51dd-41a5-b2b1-b58878e9da15",
                            "ssh_key_ids.91": "752d99f5-5dcd-437f-99c9-8325bbabcc59",
                            "ssh_key_ids.92": "01097db2-b817-4a41-b016-012c83dad8e4",
                            "ssh_key_ids.93": "dc275958-fb33-4a63-a21b-e33d3dfd3a14",
                            "ssh_key_ids.94": "e82a688a-f07a-480e-a408-199baca463c9",
                            "ssh_key_ids.95": "a7c4c16b-8163-4d61-8485-5f05eb11f013",
                            "ssh_key_ids.96": "290afd05-1d05-4fd4-a7ac-27be4b92458f",
                            "ssh_key_ids.97": "8499c022-65c8-40dd-ab33-d331388ac5d9",
                            "ssh_key_ids.98": "8ad4e695-a082-43c5-ac1b-456964b321c6",
                            "ssh_key_ids.99": "59b26c30-c0ca-4ac5-ba7f-143efd14f792",
                            "state": "active",
                            "storage": "",
                            "tags.#": "0",
                            "updated": "2019-04-30T09:55:37Z"
                        },
                        "meta": {},
                        "tainted": false
                    },
                    "deposed": [],
                    "provider": "provider.packet"
                },
                "packet_device.lab.13": {
                    "type": "packet_device",
                    "depends_on": [
                        "packet_device.registry",
                        "packet_ssh_key.default",
                        "tls_private_key.default"
                    ],
                    "primary": {
                        "id": "bfa158de-4787-4859-bf06-86649d5be53d",
                        "attributes": {
                            "access_private_ipv4": "10.99.31.175",
                            "access_public_ipv4": "147.75.72.197",
                            "access_public_ipv6": "2604:1380:0:3800::31",
                            "always_pxe": "false",
                            "billing_cycle": "hourly",
                            "created": "2019-04-30T09:51:48Z",
                            "facilities.#": "1",
                            "facilities.0": "ewr1",
                            "facility": "ewr1",
                            "hostname": "kayobe-lab-13",
                            "id": "bfa158de-4787-4859-bf06-86649d5be53d",
                            "ipxe_script_url": "",
                            "locked": "false",
                            "network.#": "3",
                            "network.0.address": "147.75.72.197",
                            "network.0.cidr": "31",
                            "network.0.family": "4",
                            "network.0.gateway": "147.75.72.196",
                            "network.0.public": "true",
                            "network.1.address": "2604:1380:0:3800::31",
                            "network.1.cidr": "127",
                            "network.1.family": "6",
                            "network.1.gateway": "2604:1380:0:3800::30",
                            "network.1.public": "true",
                            "network.2.address": "10.99.31.175",
                            "network.2.cidr": "31",
                            "network.2.family": "4",
                            "network.2.gateway": "10.99.31.174",
                            "network.2.public": "false",
                            "network_type": "layer3",
                            "operating_system": "centos_7",
                            "plan": "c1.small.x86",
                            "ports.#": "3",
                            "ports.0.bonded": "true",
                            "ports.0.id": "abe2e085-7fb3-4479-926c-1006abe8fd76",
                            "ports.0.mac": "",
                            "ports.0.name": "bond0",
                            "ports.0.type": "NetworkBondPort",
                            "ports.1.bonded": "true",
                            "ports.1.id": "0fe7c797-77b4-4a74-8c20-b9fc222f1bea",
                            "ports.1.mac": "ac:1f:6b:82:df:84",
                            "ports.1.name": "eth0",
                            "ports.1.type": "NetworkPort",
                            "ports.2.bonded": "true",
                            "ports.2.id": "d1600f05-e01d-4227-afd6-bdb9939ba817",
                            "ports.2.mac": "ac:1f:6b:82:df:85",
                            "ports.2.name": "eth1",
                            "ports.2.type": "NetworkPort",
                            "project_id": "719d7d4b-08f8-4e9b-ad0d-34707f85160d",
                            "public_ipv4_subnet_size": "31",
                            "root_password": "7i,U6FeW:\u003c",
                            "ssh_key_ids.#": "164",
                            "ssh_key_ids.0": "bd192f85-fbeb-4fd3-bca0-7ceb96f91700",
                            "ssh_key_ids.1": "da199044-80dd-48dd-8d1f-ef76ccb13ab5",
                            "ssh_key_ids.10": "bdc5900f-e26d-46fe-8da6-59f9413b4c21",
                            "ssh_key_ids.100": "7bf767f0-472a-4977-921e-cf55ded84f1c",
                            "ssh_key_ids.101": "1776caa4-e965-4891-af1a-427ce73a88e9",
                            "ssh_key_ids.102": "8c7583d3-2b01-4df4-a946-939962d827f9",
                            "ssh_key_ids.103": "f6267de9-b50a-4bd8-aac5-51612a403741",
                            "ssh_key_ids.104": "89ef47c1-1576-4b8c-a339-2014155f0802",
                            "ssh_key_ids.105": "38ee2b4b-653d-494e-b008-abd82461f7f6",
                            "ssh_key_ids.106": "36c08ba3-3dc2-45bf-aad5-3f9d6c2f8173",
                            "ssh_key_ids.107": "f63582f2-9d53-487f-a9af-d739e36b07af",
                            "ssh_key_ids.108": "f86d606c-d11c-4b10-b0d2-326e3b791cdf",
                            "ssh_key_ids.109": "0c1be6d5-8b38-4920-94f2-6ddaaa25bb9d",
                            "ssh_key_ids.11": "7c7abede-0f89-4bae-91f3-c4c856140db8",
                            "ssh_key_ids.110": "a2579e04-6f2e-4488-8e58-c48a0aa7f70b",
                            "ssh_key_ids.111": "f1b4cad0-7e3f-4574-bc52-6567dd2fd125",
                            "ssh_key_ids.112": "494f995f-069a-4407-bf31-d1e67142f9fd",
                            "ssh_key_ids.113": "3bde399d-1ee1-49ca-acad-8df41956df20",
                            "ssh_key_ids.114": "0fb6897c-2f7f-4d0f-9de1-bd279408a7cb",
                            "ssh_key_ids.115": "1e4e0e97-aace-4cd9-b258-c8408d502284",
                            "ssh_key_ids.116": "7c41c050-74ad-4aa7-b63b-8c75d9db4051",
                            "ssh_key_ids.117": "fedb7753-6dba-4aa4-8371-999c6bab70de",
                            "ssh_key_ids.118": "a8855483-e011-4d68-86a5-2f530738dd17",
                            "ssh_key_ids.119": "a722049c-a416-4fb0-a661-290a0d9cf57b",
                            "ssh_key_ids.12": "214e1ebd-afd3-43f9-bcb6-bf6b9693f830",
                            "ssh_key_ids.120": "954bd64c-a66b-45fb-900e-04f0b8b18cdf",
                            "ssh_key_ids.121": "6219b353-d4ec-4ba5-9a40-19304b4fe1af",
                            "ssh_key_ids.122": "4e49c810-8e76-4ec7-b1c2-1d9e7f829441",
                            "ssh_key_ids.123": "d88db379-9fa2-454f-97a4-8e7718bbb658",
                            "ssh_key_ids.124": "f81c84bc-7f7f-4c1c-bc6b-4aa9ce236151",
                            "ssh_key_ids.125": "0873502f-0980-4e42-a0de-5328eb21b1fe",
                            "ssh_key_ids.126": "cc001113-bc02-4d7f-af55-366db9132936",
                            "ssh_key_ids.127": "88436004-0436-4df7-8240-bfd128e8d605",
                            "ssh_key_ids.128": "af0fdb13-ba2c-4e19-bcfb-57b1d59ead38",
                            "ssh_key_ids.129": "305be502-51dd-41a5-b2b1-b58878e9da15",
                            "ssh_key_ids.13": "33fea3c3-2fb4-424a-834c-190bd53b8f0b",
                            "ssh_key_ids.130": "116c4f54-560a-4d95-bddc-29632af8a732",
                            "ssh_key_ids.131": "14c24939-9fd3-4d21-9f11-2557c49a3a9f",
                            "ssh_key_ids.132": "ee429bfb-8fb3-479b-9c6c-e5579a8bf59d",
                            "ssh_key_ids.133": "d0a93463-eb19-4ed4-82a9-3c354374443e",
                            "ssh_key_ids.134": "09223179-7d28-40a4-b18e-b7ed3e350c6a",
                            "ssh_key_ids.135": "f7e8e7ed-d248-4e81-9f0a-15ef569fb264",
                            "ssh_key_ids.136": "0e3abb85-56d4-4604-a40a-9f3c6548b30b",
                            "ssh_key_ids.137": "0f73341f-b03d-4323-8d59-af7243dbb475",
                            "ssh_key_ids.138": "84eaa0c1-fd1c-4de8-a60c-e91feb89f14b",
                            "ssh_key_ids.139": "9a377e1e-c8ce-40c0-bf81-014cab0fcb7c",
                            "ssh_key_ids.14": "fed60fdf-7e1d-4ffd-af9f-4ac91c2fd430",
                            "ssh_key_ids.140": "2765be00-4a38-436c-8eb7-74cb7dba92d3",
                            "ssh_key_ids.141": "93b62667-9821-43c9-9b47-09c72bfc16fe",
                            "ssh_key_ids.142": "e58fd2a9-18d8-4cd9-a1a2-f2610ed83a73",
                            "ssh_key_ids.143": "9058e9af-1b6a-4c7a-bce1-14dc06529d33",
                            "ssh_key_ids.144": "6389afd1-e142-402d-8a1e-90383fbd3cb0",
                            "ssh_key_ids.145": "7afc2a1e-7303-47e0-b75a-ed2587d3f340",
                            "ssh_key_ids.146": "b38f0448-bb97-4309-82f2-d1a5f5df0809",
                            "ssh_key_ids.147": "b87eb180-f18b-44a6-bbd5-a49f111d7864",
                            "ssh_key_ids.148": "be99da3d-601c-4466-8dcb-ff1f8a6a19d8",
                            "ssh_key_ids.149": "942f8d63-c3ec-4f32-b93a-38b5e0bafd90",
                            "ssh_key_ids.15": "7c7abd45-994d-4754-8220-2c5a404933e8",
                            "ssh_key_ids.150": "eac5e2ca-acf1-46a6-ae4d-aa12f71af765",
                            "ssh_key_ids.151": "0a929e59-0bcf-4de1-91d1-01a8cdbc9ef6",
                            "ssh_key_ids.152": "e5fd812a-667c-498f-883c-2bd1afddbff3",
                            "ssh_key_ids.153": "3b57956f-a711-40db-9a6f-32487503bea1",
                            "ssh_key_ids.154": "6b50e07d-df2c-44b8-8a9e-65bfab6880a1",
                            "ssh_key_ids.155": "4382d197-ecbb-43d9-a7d6-453c100279b8",
                            "ssh_key_ids.156": "bc4f1745-a5de-45e4-ae82-d7c4988ee1a2",
                            "ssh_key_ids.157": "985ea314-f590-4237-99f5-682a344617d9",
                            "ssh_key_ids.158": "98b939fb-362b-41c8-831a-1f0a2afa400e",
                            "ssh_key_ids.159": "21fecacf-999e-4595-a247-af36a4feb0c1",
                            "ssh_key_ids.16": "1689628e-00a8-40e4-a578-9d484d66cc3f",
                            "ssh_key_ids.160": "0c909e8f-7714-43f6-a8a9-fc003c5231a3",
                            "ssh_key_ids.161": "ccb07866-766e-45e2-ae82-a1f1c8cb39c8",
                            "ssh_key_ids.162": "d45fb3b7-af95-4c48-8ad6-e3f3242a5e4a",
                            "ssh_key_ids.163": "25faa130-9a09-4cca-a109-409c7ac309ab",
                            "ssh_key_ids.17": "c13861b0-d10e-4a0e-a84b-4d0463d54f1a",
                            "ssh_key_ids.18": "e00adc33-e5eb-4b67-b5f9-4bfa68bd2e53",
                            "ssh_key_ids.19": "8ec2af9d-2255-4cc8-a5ae-8dd62262241c",
                            "ssh_key_ids.2": "6e703847-5229-4bfd-9229-db6df7397e11",
                            "ssh_key_ids.20": "2111f3a2-9fe6-4992-aa14-1e01bb0501ce",
                            "ssh_key_ids.21": "c79bd893-afa8-4fde-9315-1ac6571a0d64",
                            "ssh_key_ids.22": "752d99f5-5dcd-437f-99c9-8325bbabcc59",
                            "ssh_key_ids.23": "611e233e-835c-4e37-abdd-918842cbe83f",
                            "ssh_key_ids.24": "ec9105b6-bdd2-4bcc-a6ca-00055f55f504",
                            "ssh_key_ids.25": "01097db2-b817-4a41-b016-012c83dad8e4",
                            "ssh_key_ids.26": "dc275958-fb33-4a63-a21b-e33d3dfd3a14",
                            "ssh_key_ids.27": "1dae5119-8c6d-450c-be49-ef323d4ef630",
                            "ssh_key_ids.28": "ee065568-03bb-456e-a1f5-1669939d43cb",
                            "ssh_key_ids.29": "b505936c-fca3-4767-9cbe-a5401f97dd95",
                            "ssh_key_ids.3": "32c2e969-fe1c-4235-a999-2b8abc061991",
                            "ssh_key_ids.30": "895e0d1a-adae-439f-a1a8-a15aa6658c97",
                            "ssh_key_ids.31": "984f885d-a618-4416-a934-f1f00d93f989",
                            "ssh_key_ids.32": "e82a688a-f07a-480e-a408-199baca463c9",
                            "ssh_key_ids.33": "a7c4c16b-8163-4d61-8485-5f05eb11f013",
                            "ssh_key_ids.34": "d7a07953-9e75-465e-9495-775f03018db0",
                            "ssh_key_ids.35": "290afd05-1d05-4fd4-a7ac-27be4b92458f",
                            "ssh_key_ids.36": "8499c022-65c8-40dd-ab33-d331388ac5d9",
                            "ssh_key_ids.37": "8ad4e695-a082-43c5-ac1b-456964b321c6",
                            "ssh_key_ids.38": "f67f7c4b-0050-4c18-be29-03a072b204ba",
                            "ssh_key_ids.39": "59b26c30-c0ca-4ac5-ba7f-143efd14f792",
                            "ssh_key_ids.4": "659466b5-43b7-47fe-bd6c-b443d3b5df20",
                            "ssh_key_ids.40": "ccf9952b-afcb-4df1-b002-0c60717e2592",
                            "ssh_key_ids.41": "d059cfe2-3215-4686-aeaa-051a5a423d2a",
                            "ssh_key_ids.42": "82bd80ac-b1df-4801-88b7-8b835b78570c",
                            "ssh_key_ids.43": "c0fea396-b8f9-43d0-a453-9bbc868a1d81",
                            "ssh_key_ids.44": "b68dcaed-078c-41e2-a647-5aa1acb12154",
                            "ssh_key_ids.45": "bb056de1-9025-47e5-89a1-2897643e1f6c",
                            "ssh_key_ids.46": "491b68d1-1663-490d-a2e0-248b496631f4",
                            "ssh_key_ids.47": "842a0495-4b06-4f53-a948-f381d57cb180",
                            "ssh_key_ids.48": "82f1421a-5a62-442c-adbf-6f4534ff96fe",
                            "ssh_key_ids.49": "59e22e40-bf99-4d3a-ae05-3eb4d599cabc",
                            "ssh_key_ids.5": "8059f489-7714-4af7-84fc-76869c009378",
                            "ssh_key_ids.50": "ec684e16-0a82-4508-af90-88d5c598bd04",
                            "ssh_key_ids.51": "1a5374e7-ae0b-44e8-8290-a7f9e34c6374",
                            "ssh_key_ids.52": "22050c70-4363-4734-8c11-57855494147c",
                            "ssh_key_ids.53": "a102ddd7-bee2-4d61-9262-5978a4b91c04",
                            "ssh_key_ids.54": "13c0308d-5846-46c5-bf46-2fdae2e9c8d7",
                            "ssh_key_ids.55": "892bf2fb-c6b9-459d-bdd0-36d69701a3e6",
                            "ssh_key_ids.56": "c523b161-3e3b-492c-90f4-253a86aed91f",
                            "ssh_key_ids.57": "9ee4a2b0-3668-411b-af84-07f61d71afa8",
                            "ssh_key_ids.58": "85e0e5cf-7e19-42f8-9dc2-da41de539495",
                            "ssh_key_ids.59": "36b25fc3-3971-4f8f-a6f2-fcf9113e4da8",
                            "ssh_key_ids.6": "f98a99f8-ff13-4391-b5fc-74983219a225",
                            "ssh_key_ids.60": "bb427d7d-ca92-4a98-af84-64d3b43e6325",
                            "ssh_key_ids.61": "7d4eca06-2710-49c7-b4bd-efececa7cd54",
                            "ssh_key_ids.62": "f718cdab-a523-45c3-9b01-80dc045be122",
                            "ssh_key_ids.63": "f78dd9de-77e6-4386-9014-14258f6ed18c",
                            "ssh_key_ids.64": "aea43942-9250-4cde-81d1-69e468df8ce6",
                            "ssh_key_ids.65": "32a48504-ef65-452f-ae33-d161205c1b11",
                            "ssh_key_ids.66": "3a4e67f8-b12d-43d4-a35d-e5d33a9ccd98",
                            "ssh_key_ids.67": "9cf77467-cdb7-4dcc-ab9f-4d431712ef3f",
                            "ssh_key_ids.68": "80b28858-2421-41bb-bbea-c4ad4a5db2c9",
                            "ssh_key_ids.69": "036d46c3-8727-4a00-b59b-7f80443a2afc",
                            "ssh_key_ids.7": "0b392f37-4243-4e43-a56c-18208a30acf3",
                            "ssh_key_ids.70": "04d2d40f-d0ae-4862-9537-62a9e43a22cd",
                            "ssh_key_ids.71": "c33ea9e0-ed31-43ce-8bba-e5e8da4edd83",
                            "ssh_key_ids.72": "6e8257dd-b7b9-4f30-b9d1-e7131a4d2121",
                            "ssh_key_ids.73": "ccb63b0c-f9e1-4764-a37e-e4408cccbfac",
                            "ssh_key_ids.74": "65c4bc38-3112-4503-b875-5f583aca6424",
                            "ssh_key_ids.75": "37ffbecc-3536-42d3-8f8b-5235dd97d526",
                            "ssh_key_ids.76": "5d3e1674-605d-4e29-aa1a-6f97c6273217",
                            "ssh_key_ids.77": "c57fb351-65ce-4427-a1c2-17868b0d1711",
                            "ssh_key_ids.78": "912637d1-7b56-481b-bbe4-ccf466e3e161",
                            "ssh_key_ids.79": "0a7d499d-8d80-45ad-9069-8fbaa6e28ea1",
                            "ssh_key_ids.8": "0394ad7e-6265-4478-ae1a-3b5d59a217d5",
                            "ssh_key_ids.80": "68931241-5344-4a8b-884f-4f3a4fc5e231",
                            "ssh_key_ids.81": "e75e4f46-8e6b-4f66-8612-1879bbb96623",
                            "ssh_key_ids.82": "d02bec99-0344-4cf3-bd06-8bad8969b9fe",
                            "ssh_key_ids.83": "950d1f09-7d94-4838-ac25-e2b63fc256f5",
                            "ssh_key_ids.84": "d6a50bd7-69c4-4c2b-99be-9adbefc6e3dc",
                            "ssh_key_ids.85": "1df0179f-a9af-4c8e-b9bf-5991f6e1b7f0",
                            "ssh_key_ids.86": "d0cce71a-c3ea-4b60-9866-d8f12d749d13",
                            "ssh_key_ids.87": "f8e3e26a-214b-457a-a7de-0aa31723f04e",
                            "ssh_key_ids.88": "f0e74fce-1a0c-4643-8990-f6843728f24f",
                            "ssh_key_ids.89": "34934bed-6b13-4abc-aeb6-1a5a9e994745",
                            "ssh_key_ids.9": "0fddd1d0-4fa1-4abb-9bb9-b8381169a715",
                            "ssh_key_ids.90": "b428db77-8a11-40b6-a6f9-bd6321ea796b",
                            "ssh_key_ids.91": "3199b332-bec2-45ef-9e25-ba9057972da7",
                            "ssh_key_ids.92": "bc84ed0c-228d-4eb5-97b4-4cd7b6e6a0f9",
                            "ssh_key_ids.93": "27635c6f-e3bd-4403-ae6c-94757f36b601",
                            "ssh_key_ids.94": "fac2cbbc-70ef-4386-a0e6-df3aa1fe9609",
                            "ssh_key_ids.95": "7fb2d14c-11b6-4c52-a9d0-2a4a6113dbab",
                            "ssh_key_ids.96": "5e0ab35b-4a75-45c1-b679-bc9cb5c9abf8",
                            "ssh_key_ids.97": "311e499c-5421-42b0-91a7-cdcc1059dfef",
                            "ssh_key_ids.98": "948d85da-a1a4-45d9-b6bd-e2794c03232d",
                            "ssh_key_ids.99": "303a0e97-7dd1-4444-9def-d7ebf932a892",
                            "state": "active",
                            "storage": "",
                            "tags.#": "0",
                            "updated": "2019-04-30T09:55:38Z"
                        },
                        "meta": {},
                        "tainted": false
                    },
                    "deposed": [],
                    "provider": "provider.packet"
                },
                "packet_device.lab.14": {
                    "type": "packet_device",
                    "depends_on": [
                        "packet_device.registry",
                        "packet_ssh_key.default",
                        "tls_private_key.default"
                    ],
                    "primary": {
                        "id": "f2a86993-5abf-4471-8791-d62ee783076e",
                        "attributes": {
                            "access_private_ipv4": "10.99.31.133",
                            "access_public_ipv4": "147.75.98.253",
                            "access_public_ipv6": "2604:1380:0:3800::2f",
                            "always_pxe": "false",
                            "billing_cycle": "hourly",
                            "created": "2019-04-30T09:51:40Z",
                            "facilities.#": "1",
                            "facilities.0": "ewr1",
                            "facility": "ewr1",
                            "hostname": "kayobe-lab-14",
                            "id": "f2a86993-5abf-4471-8791-d62ee783076e",
                            "ipxe_script_url": "",
                            "locked": "false",
                            "network.#": "3",
                            "network.0.address": "147.75.98.253",
                            "network.0.cidr": "31",
                            "network.0.family": "4",
                            "network.0.gateway": "147.75.98.252",
                            "network.0.public": "true",
                            "network.1.address": "2604:1380:0:3800::2f",
                            "network.1.cidr": "127",
                            "network.1.family": "6",
                            "network.1.gateway": "2604:1380:0:3800::2e",
                            "network.1.public": "true",
                            "network.2.address": "10.99.31.133",
                            "network.2.cidr": "31",
                            "network.2.family": "4",
                            "network.2.gateway": "10.99.31.132",
                            "network.2.public": "false",
                            "network_type": "layer3",
                            "operating_system": "centos_7",
                            "plan": "c1.small.x86",
                            "ports.#": "3",
                            "ports.0.bonded": "true",
                            "ports.0.id": "183c90dd-eff4-44ec-94b1-555bee8f9555",
                            "ports.0.mac": "",
                            "ports.0.name": "bond0",
                            "ports.0.type": "NetworkBondPort",
                            "ports.1.bonded": "true",
                            "ports.1.id": "56b06799-6162-43f3-92b4-1eb1b37f8214",
                            "ports.1.mac": "ac:1f:6b:82:e1:dc",
                            "ports.1.name": "eth0",
                            "ports.1.type": "NetworkPort",
                            "ports.2.bonded": "true",
                            "ports.2.id": "e0f33da2-76ec-4816-9c72-4ba48137e246",
                            "ports.2.mac": "ac:1f:6b:82:e1:dd",
                            "ports.2.name": "eth1",
                            "ports.2.type": "NetworkPort",
                            "project_id": "719d7d4b-08f8-4e9b-ad0d-34707f85160d",
                            "public_ipv4_subnet_size": "31",
                            "root_password": "dr:X;98WK6",
                            "ssh_key_ids.#": "164",
                            "ssh_key_ids.0": "bd192f85-fbeb-4fd3-bca0-7ceb96f91700",
                            "ssh_key_ids.1": "da199044-80dd-48dd-8d1f-ef76ccb13ab5",
                            "ssh_key_ids.10": "68931241-5344-4a8b-884f-4f3a4fc5e231",
                            "ssh_key_ids.100": "a722049c-a416-4fb0-a661-290a0d9cf57b",
                            "ssh_key_ids.101": "c13861b0-d10e-4a0e-a84b-4d0463d54f1a",
                            "ssh_key_ids.102": "0fb6897c-2f7f-4d0f-9de1-bd279408a7cb",
                            "ssh_key_ids.103": "1776caa4-e965-4891-af1a-427ce73a88e9",
                            "ssh_key_ids.104": "0873502f-0980-4e42-a0de-5328eb21b1fe",
                            "ssh_key_ids.105": "cc001113-bc02-4d7f-af55-366db9132936",
                            "ssh_key_ids.106": "f81c84bc-7f7f-4c1c-bc6b-4aa9ce236151",
                            "ssh_key_ids.107": "895e0d1a-adae-439f-a1a8-a15aa6658c97",
                            "ssh_key_ids.108": "f718cdab-a523-45c3-9b01-80dc045be122",
                            "ssh_key_ids.109": "f78dd9de-77e6-4386-9014-14258f6ed18c",
                            "ssh_key_ids.11": "7d4eca06-2710-49c7-b4bd-efececa7cd54",
                            "ssh_key_ids.110": "5d3e1674-605d-4e29-aa1a-6f97c6273217",
                            "ssh_key_ids.111": "c57fb351-65ce-4427-a1c2-17868b0d1711",
                            "ssh_key_ids.112": "5e0ab35b-4a75-45c1-b679-bc9cb5c9abf8",
                            "ssh_key_ids.113": "311e499c-5421-42b0-91a7-cdcc1059dfef",
                            "ssh_key_ids.114": "948d85da-a1a4-45d9-b6bd-e2794c03232d",
                            "ssh_key_ids.115": "38ee2b4b-653d-494e-b008-abd82461f7f6",
                            "ssh_key_ids.116": "f63582f2-9d53-487f-a9af-d739e36b07af",
                            "ssh_key_ids.117": "0c1be6d5-8b38-4920-94f2-6ddaaa25bb9d",
                            "ssh_key_ids.118": "a2579e04-6f2e-4488-8e58-c48a0aa7f70b",
                            "ssh_key_ids.119": "f1b4cad0-7e3f-4574-bc52-6567dd2fd125",
                            "ssh_key_ids.12": "0fddd1d0-4fa1-4abb-9bb9-b8381169a715",
                            "ssh_key_ids.120": "d0a93463-eb19-4ed4-82a9-3c354374443e",
                            "ssh_key_ids.121": "d88db379-9fa2-454f-97a4-8e7718bbb658",
                            "ssh_key_ids.122": "4e49c810-8e76-4ec7-b1c2-1d9e7f829441",
                            "ssh_key_ids.123": "b505936c-fca3-4767-9cbe-a5401f97dd95",
                            "ssh_key_ids.124": "ee065568-03bb-456e-a1f5-1669939d43cb",
                            "ssh_key_ids.125": "1dae5119-8c6d-450c-be49-ef323d4ef630",
                            "ssh_key_ids.126": "c79bd893-afa8-4fde-9315-1ac6571a0d64",
                            "ssh_key_ids.127": "116c4f54-560a-4d95-bddc-29632af8a732",
                            "ssh_key_ids.128": "36c08ba3-3dc2-45bf-aad5-3f9d6c2f8173",
                            "ssh_key_ids.129": "fac2cbbc-70ef-4386-a0e6-df3aa1fe9609",
                            "ssh_key_ids.13": "bdc5900f-e26d-46fe-8da6-59f9413b4c21",
                            "ssh_key_ids.130": "2111f3a2-9fe6-4992-aa14-1e01bb0501ce",
                            "ssh_key_ids.131": "7afc2a1e-7303-47e0-b75a-ed2587d3f340",
                            "ssh_key_ids.132": "14c24939-9fd3-4d21-9f11-2557c49a3a9f",
                            "ssh_key_ids.133": "36b25fc3-3971-4f8f-a6f2-fcf9113e4da8",
                            "ssh_key_ids.134": "f67f7c4b-0050-4c18-be29-03a072b204ba",
                            "ssh_key_ids.135": "ee429bfb-8fb3-479b-9c6c-e5579a8bf59d",
                            "ssh_key_ids.136": "93b62667-9821-43c9-9b47-09c72bfc16fe",
                            "ssh_key_ids.137": "37ffbecc-3536-42d3-8f8b-5235dd97d526",
                            "ssh_key_ids.138": "8ec2af9d-2255-4cc8-a5ae-8dd62262241c",
                            "ssh_key_ids.139": "09223179-7d28-40a4-b18e-b7ed3e350c6a",
                            "ssh_key_ids.14": "7c7abede-0f89-4bae-91f3-c4c856140db8",
                            "ssh_key_ids.140": "f7e8e7ed-d248-4e81-9f0a-15ef569fb264",
                            "ssh_key_ids.141": "305be502-51dd-41a5-b2b1-b58878e9da15",
                            "ssh_key_ids.142": "af0fdb13-ba2c-4e19-bcfb-57b1d59ead38",
                            "ssh_key_ids.143": "88436004-0436-4df7-8240-bfd128e8d605",
                            "ssh_key_ids.144": "9cf77467-cdb7-4dcc-ab9f-4d431712ef3f",
                            "ssh_key_ids.145": "b428db77-8a11-40b6-a6f9-bd6321ea796b",
                            "ssh_key_ids.146": "3b57956f-a711-40db-9a6f-32487503bea1",
                            "ssh_key_ids.147": "e5fd812a-667c-498f-883c-2bd1afddbff3",
                            "ssh_key_ids.148": "be99da3d-601c-4466-8dcb-ff1f8a6a19d8",
                            "ssh_key_ids.149": "b87eb180-f18b-44a6-bbd5-a49f111d7864",
                            "ssh_key_ids.15": "214e1ebd-afd3-43f9-bcb6-bf6b9693f830",
                            "ssh_key_ids.150": "0a929e59-0bcf-4de1-91d1-01a8cdbc9ef6",
                            "ssh_key_ids.151": "4382d197-ecbb-43d9-a7d6-453c100279b8",
                            "ssh_key_ids.152": "6b50e07d-df2c-44b8-8a9e-65bfab6880a1",
                            "ssh_key_ids.153": "eac5e2ca-acf1-46a6-ae4d-aa12f71af765",
                            "ssh_key_ids.154": "b38f0448-bb97-4309-82f2-d1a5f5df0809",
                            "ssh_key_ids.155": "942f8d63-c3ec-4f32-b93a-38b5e0bafd90",
                            "ssh_key_ids.156": "bc4f1745-a5de-45e4-ae82-d7c4988ee1a2",
                            "ssh_key_ids.157": "985ea314-f590-4237-99f5-682a344617d9",
                            "ssh_key_ids.158": "98b939fb-362b-41c8-831a-1f0a2afa400e",
                            "ssh_key_ids.159": "21fecacf-999e-4595-a247-af36a4feb0c1",
                            "ssh_key_ids.16": "8c7583d3-2b01-4df4-a946-939962d827f9",
                            "ssh_key_ids.160": "0c909e8f-7714-43f6-a8a9-fc003c5231a3",
                            "ssh_key_ids.161": "ccb07866-766e-45e2-ae82-a1f1c8cb39c8",
                            "ssh_key_ids.162": "d45fb3b7-af95-4c48-8ad6-e3f3242a5e4a",
                            "ssh_key_ids.163": "25faa130-9a09-4cca-a109-409c7ac309ab",
                            "ssh_key_ids.17": "f6267de9-b50a-4bd8-aac5-51612a403741",
                            "ssh_key_ids.18": "33fea3c3-2fb4-424a-834c-190bd53b8f0b",
                            "ssh_key_ids.19": "fed60fdf-7e1d-4ffd-af9f-4ac91c2fd430",
                            "ssh_key_ids.2": "6e703847-5229-4bfd-9229-db6df7397e11",
                            "ssh_key_ids.20": "7c7abd45-994d-4754-8220-2c5a404933e8",
                            "ssh_key_ids.21": "89ef47c1-1576-4b8c-a339-2014155f0802",
                            "ssh_key_ids.22": "1689628e-00a8-40e4-a578-9d484d66cc3f",
                            "ssh_key_ids.23": "f86d606c-d11c-4b10-b0d2-326e3b791cdf",
                            "ssh_key_ids.24": "494f995f-069a-4407-bf31-d1e67142f9fd",
                            "ssh_key_ids.25": "3bde399d-1ee1-49ca-acad-8df41956df20",
                            "ssh_key_ids.26": "1e4e0e97-aace-4cd9-b258-c8408d502284",
                            "ssh_key_ids.27": "7c41c050-74ad-4aa7-b63b-8c75d9db4051",
                            "ssh_key_ids.28": "fedb7753-6dba-4aa4-8371-999c6bab70de",
                            "ssh_key_ids.29": "a8855483-e011-4d68-86a5-2f530738dd17",
                            "ssh_key_ids.3": "32c2e969-fe1c-4235-a999-2b8abc061991",
                            "ssh_key_ids.30": "954bd64c-a66b-45fb-900e-04f0b8b18cdf",
                            "ssh_key_ids.31": "0e3abb85-56d4-4604-a40a-9f3c6548b30b",
                            "ssh_key_ids.32": "0f73341f-b03d-4323-8d59-af7243dbb475",
                            "ssh_key_ids.33": "84eaa0c1-fd1c-4de8-a60c-e91feb89f14b",
                            "ssh_key_ids.34": "9a377e1e-c8ce-40c0-bf81-014cab0fcb7c",
                            "ssh_key_ids.35": "2765be00-4a38-436c-8eb7-74cb7dba92d3",
                            "ssh_key_ids.36": "e58fd2a9-18d8-4cd9-a1a2-f2610ed83a73",
                            "ssh_key_ids.37": "9058e9af-1b6a-4c7a-bce1-14dc06529d33",
                            "ssh_key_ids.38": "6389afd1-e142-402d-8a1e-90383fbd3cb0",
                            "ssh_key_ids.39": "752d99f5-5dcd-437f-99c9-8325bbabcc59",
                            "ssh_key_ids.4": "659466b5-43b7-47fe-bd6c-b443d3b5df20",
                            "ssh_key_ids.40": "611e233e-835c-4e37-abdd-918842cbe83f",
                            "ssh_key_ids.41": "ec9105b6-bdd2-4bcc-a6ca-00055f55f504",
                            "ssh_key_ids.42": "01097db2-b817-4a41-b016-012c83dad8e4",
                            "ssh_key_ids.43": "dc275958-fb33-4a63-a21b-e33d3dfd3a14",
                            "ssh_key_ids.44": "e82a688a-f07a-480e-a408-199baca463c9",
                            "ssh_key_ids.45": "a7c4c16b-8163-4d61-8485-5f05eb11f013",
                            "ssh_key_ids.46": "d7a07953-9e75-465e-9495-775f03018db0",
                            "ssh_key_ids.47": "290afd05-1d05-4fd4-a7ac-27be4b92458f",
                            "ssh_key_ids.48": "8499c022-65c8-40dd-ab33-d331388ac5d9",
                            "ssh_key_ids.49": "8ad4e695-a082-43c5-ac1b-456964b321c6",
                            "ssh_key_ids.5": "8059f489-7714-4af7-84fc-76869c009378",
                            "ssh_key_ids.50": "59b26c30-c0ca-4ac5-ba7f-143efd14f792",
                            "ssh_key_ids.51": "6219b353-d4ec-4ba5-9a40-19304b4fe1af",
                            "ssh_key_ids.52": "ccf9952b-afcb-4df1-b002-0c60717e2592",
                            "ssh_key_ids.53": "d059cfe2-3215-4686-aeaa-051a5a423d2a",
                            "ssh_key_ids.54": "82bd80ac-b1df-4801-88b7-8b835b78570c",
                            "ssh_key_ids.55": "c0fea396-b8f9-43d0-a453-9bbc868a1d81",
                            "ssh_key_ids.56": "82f1421a-5a62-442c-adbf-6f4534ff96fe",
                            "ssh_key_ids.57": "59e22e40-bf99-4d3a-ae05-3eb4d599cabc",
                            "ssh_key_ids.58": "ec684e16-0a82-4508-af90-88d5c598bd04",
                            "ssh_key_ids.59": "1a5374e7-ae0b-44e8-8290-a7f9e34c6374",
                            "ssh_key_ids.6": "f98a99f8-ff13-4391-b5fc-74983219a225",
                            "ssh_key_ids.60": "22050c70-4363-4734-8c11-57855494147c",
                            "ssh_key_ids.61": "9ee4a2b0-3668-411b-af84-07f61d71afa8",
                            "ssh_key_ids.62": "85e0e5cf-7e19-42f8-9dc2-da41de539495",
                            "ssh_key_ids.63": "32a48504-ef65-452f-ae33-d161205c1b11",
                            "ssh_key_ids.64": "3a4e67f8-b12d-43d4-a35d-e5d33a9ccd98",
                            "ssh_key_ids.65": "80b28858-2421-41bb-bbea-c4ad4a5db2c9",
                            "ssh_key_ids.66": "036d46c3-8727-4a00-b59b-7f80443a2afc",
                            "ssh_key_ids.67": "04d2d40f-d0ae-4862-9537-62a9e43a22cd",
                            "ssh_key_ids.68": "c33ea9e0-ed31-43ce-8bba-e5e8da4edd83",
                            "ssh_key_ids.69": "6e8257dd-b7b9-4f30-b9d1-e7131a4d2121",
                            "ssh_key_ids.7": "0b392f37-4243-4e43-a56c-18208a30acf3",
                            "ssh_key_ids.70": "ccb63b0c-f9e1-4764-a37e-e4408cccbfac",
                            "ssh_key_ids.71": "65c4bc38-3112-4503-b875-5f583aca6424",
                            "ssh_key_ids.72": "912637d1-7b56-481b-bbe4-ccf466e3e161",
                            "ssh_key_ids.73": "f0e74fce-1a0c-4643-8990-f6843728f24f",
                            "ssh_key_ids.74": "34934bed-6b13-4abc-aeb6-1a5a9e994745",
                            "ssh_key_ids.75": "3199b332-bec2-45ef-9e25-ba9057972da7",
                            "ssh_key_ids.76": "303a0e97-7dd1-4444-9def-d7ebf932a892",
                            "ssh_key_ids.77": "7bf767f0-472a-4977-921e-cf55ded84f1c",
                            "ssh_key_ids.78": "7fb2d14c-11b6-4c52-a9d0-2a4a6113dbab",
                            "ssh_key_ids.79": "27635c6f-e3bd-4403-ae6c-94757f36b601",
                            "ssh_key_ids.8": "0394ad7e-6265-4478-ae1a-3b5d59a217d5",
                            "ssh_key_ids.80": "bc84ed0c-228d-4eb5-97b4-4cd7b6e6a0f9",
                            "ssh_key_ids.81": "f8e3e26a-214b-457a-a7de-0aa31723f04e",
                            "ssh_key_ids.82": "d0cce71a-c3ea-4b60-9866-d8f12d749d13",
                            "ssh_key_ids.83": "1df0179f-a9af-4c8e-b9bf-5991f6e1b7f0",
                            "ssh_key_ids.84": "d6a50bd7-69c4-4c2b-99be-9adbefc6e3dc",
                            "ssh_key_ids.85": "950d1f09-7d94-4838-ac25-e2b63fc256f5",
                            "ssh_key_ids.86": "d02bec99-0344-4cf3-bd06-8bad8969b9fe",
                            "ssh_key_ids.87": "e75e4f46-8e6b-4f66-8612-1879bbb96623",
                            "ssh_key_ids.88": "0a7d499d-8d80-45ad-9069-8fbaa6e28ea1",
                            "ssh_key_ids.89": "e00adc33-e5eb-4b67-b5f9-4bfa68bd2e53",
                            "ssh_key_ids.9": "aea43942-9250-4cde-81d1-69e468df8ce6",
                            "ssh_key_ids.90": "bb427d7d-ca92-4a98-af84-64d3b43e6325",
                            "ssh_key_ids.91": "c523b161-3e3b-492c-90f4-253a86aed91f",
                            "ssh_key_ids.92": "892bf2fb-c6b9-459d-bdd0-36d69701a3e6",
                            "ssh_key_ids.93": "13c0308d-5846-46c5-bf46-2fdae2e9c8d7",
                            "ssh_key_ids.94": "a102ddd7-bee2-4d61-9262-5978a4b91c04",
                            "ssh_key_ids.95": "842a0495-4b06-4f53-a948-f381d57cb180",
                            "ssh_key_ids.96": "491b68d1-1663-490d-a2e0-248b496631f4",
                            "ssh_key_ids.97": "bb056de1-9025-47e5-89a1-2897643e1f6c",
                            "ssh_key_ids.98": "b68dcaed-078c-41e2-a647-5aa1acb12154",
                            "ssh_key_ids.99": "984f885d-a618-4416-a934-f1f00d93f989",
                            "state": "active",
                            "storage": "",
                            "tags.#": "0",
                            "updated": "2019-04-30T09:54:20Z"
                        },
                        "meta": {},
                        "tainted": false
                    },
                    "deposed": [],
                    "provider": "provider.packet"
                },
                "packet_device.lab.15": {
                    "type": "packet_device",
                    "depends_on": [
                        "packet_device.registry",
                        "packet_ssh_key.default",
                        "tls_private_key.default"
                    ],
                    "primary": {
                        "id": "6b7712b9-42f4-456c-94eb-3fe960998aed",
                        "attributes": {
                            "access_private_ipv4": "10.99.31.179",
                            "access_public_ipv4": "147.75.196.7",
                            "access_public_ipv6": "2604:1380:0:3800::f",
                            "always_pxe": "false",
                            "billing_cycle": "hourly",
                            "created": "2019-04-30T09:51:42Z",
                            "facilities.#": "1",
                            "facilities.0": "ewr1",
                            "facility": "ewr1",
                            "hostname": "kayobe-lab-15",
                            "id": "6b7712b9-42f4-456c-94eb-3fe960998aed",
                            "ipxe_script_url": "",
                            "locked": "false",
                            "network.#": "3",
                            "network.0.address": "147.75.196.7",
                            "network.0.cidr": "31",
                            "network.0.family": "4",
                            "network.0.gateway": "147.75.196.6",
                            "network.0.public": "true",
                            "network.1.address": "2604:1380:0:3800::f",
                            "network.1.cidr": "127",
                            "network.1.family": "6",
                            "network.1.gateway": "2604:1380:0:3800::e",
                            "network.1.public": "true",
                            "network.2.address": "10.99.31.179",
                            "network.2.cidr": "31",
                            "network.2.family": "4",
                            "network.2.gateway": "10.99.31.178",
                            "network.2.public": "false",
                            "network_type": "layer3",
                            "operating_system": "centos_7",
                            "plan": "c1.small.x86",
                            "ports.#": "3",
                            "ports.0.bonded": "true",
                            "ports.0.id": "c46652fd-5a77-4b98-9972-f70ffce08afd",
                            "ports.0.mac": "",
                            "ports.0.name": "bond0",
                            "ports.0.type": "NetworkBondPort",
                            "ports.1.bonded": "true",
                            "ports.1.id": "17eb10cd-04eb-43a0-8162-c8a85a8a1ce9",
                            "ports.1.mac": "ac:1f:6b:92:d5:7c",
                            "ports.1.name": "eth0",
                            "ports.1.type": "NetworkPort",
                            "ports.2.bonded": "true",
                            "ports.2.id": "a8aefe0e-3ca5-4b8d-ac55-5fd95d67fec2",
                            "ports.2.mac": "ac:1f:6b:92:d5:7d",
                            "ports.2.name": "eth1",
                            "ports.2.type": "NetworkPort",
                            "project_id": "719d7d4b-08f8-4e9b-ad0d-34707f85160d",
                            "public_ipv4_subnet_size": "31",
                            "root_password": "1uqS7F%[$m",
                            "ssh_key_ids.#": "164",
                            "ssh_key_ids.0": "bd192f85-fbeb-4fd3-bca0-7ceb96f91700",
                            "ssh_key_ids.1": "da199044-80dd-48dd-8d1f-ef76ccb13ab5",
                            "ssh_key_ids.10": "68931241-5344-4a8b-884f-4f3a4fc5e231",
                            "ssh_key_ids.100": "ee429bfb-8fb3-479b-9c6c-e5579a8bf59d",
                            "ssh_key_ids.101": "93b62667-9821-43c9-9b47-09c72bfc16fe",
                            "ssh_key_ids.102": "305be502-51dd-41a5-b2b1-b58878e9da15",
                            "ssh_key_ids.103": "af0fdb13-ba2c-4e19-bcfb-57b1d59ead38",
                            "ssh_key_ids.104": "c13861b0-d10e-4a0e-a84b-4d0463d54f1a",
                            "ssh_key_ids.105": "e00adc33-e5eb-4b67-b5f9-4bfa68bd2e53",
                            "ssh_key_ids.106": "2111f3a2-9fe6-4992-aa14-1e01bb0501ce",
                            "ssh_key_ids.107": "09223179-7d28-40a4-b18e-b7ed3e350c6a",
                            "ssh_key_ids.108": "f7e8e7ed-d248-4e81-9f0a-15ef569fb264",
                            "ssh_key_ids.109": "0e3abb85-56d4-4604-a40a-9f3c6548b30b",
                            "ssh_key_ids.11": "0fddd1d0-4fa1-4abb-9bb9-b8381169a715",
                            "ssh_key_ids.110": "0f73341f-b03d-4323-8d59-af7243dbb475",
                            "ssh_key_ids.111": "84eaa0c1-fd1c-4de8-a60c-e91feb89f14b",
                            "ssh_key_ids.112": "9a377e1e-c8ce-40c0-bf81-014cab0fcb7c",
                            "ssh_key_ids.113": "2765be00-4a38-436c-8eb7-74cb7dba92d3",
                            "ssh_key_ids.114": "e58fd2a9-18d8-4cd9-a1a2-f2610ed83a73",
                            "ssh_key_ids.115": "9058e9af-1b6a-4c7a-bce1-14dc06529d33",
                            "ssh_key_ids.116": "6389afd1-e142-402d-8a1e-90383fbd3cb0",
                            "ssh_key_ids.117": "752d99f5-5dcd-437f-99c9-8325bbabcc59",
                            "ssh_key_ids.118": "611e233e-835c-4e37-abdd-918842cbe83f",
                            "ssh_key_ids.119": "ec9105b6-bdd2-4bcc-a6ca-00055f55f504",
                            "ssh_key_ids.12": "bdc5900f-e26d-46fe-8da6-59f9413b4c21",
                            "ssh_key_ids.120": "01097db2-b817-4a41-b016-012c83dad8e4",
                            "ssh_key_ids.121": "dc275958-fb33-4a63-a21b-e33d3dfd3a14",
                            "ssh_key_ids.122": "e82a688a-f07a-480e-a408-199baca463c9",
                            "ssh_key_ids.123": "a7c4c16b-8163-4d61-8485-5f05eb11f013",
                            "ssh_key_ids.124": "d7a07953-9e75-465e-9495-775f03018db0",
                            "ssh_key_ids.125": "290afd05-1d05-4fd4-a7ac-27be4b92458f",
                            "ssh_key_ids.126": "8499c022-65c8-40dd-ab33-d331388ac5d9",
                            "ssh_key_ids.127": "8ad4e695-a082-43c5-ac1b-456964b321c6",
                            "ssh_key_ids.128": "59b26c30-c0ca-4ac5-ba7f-143efd14f792",
                            "ssh_key_ids.129": "ccf9952b-afcb-4df1-b002-0c60717e2592",
                            "ssh_key_ids.13": "7c7abede-0f89-4bae-91f3-c4c856140db8",
                            "ssh_key_ids.130": "d059cfe2-3215-4686-aeaa-051a5a423d2a",
                            "ssh_key_ids.131": "82bd80ac-b1df-4801-88b7-8b835b78570c",
                            "ssh_key_ids.132": "c0fea396-b8f9-43d0-a453-9bbc868a1d81",
                            "ssh_key_ids.133": "82f1421a-5a62-442c-adbf-6f4534ff96fe",
                            "ssh_key_ids.134": "59e22e40-bf99-4d3a-ae05-3eb4d599cabc",
                            "ssh_key_ids.135": "ec684e16-0a82-4508-af90-88d5c598bd04",
                            "ssh_key_ids.136": "1a5374e7-ae0b-44e8-8290-a7f9e34c6374",
                            "ssh_key_ids.137": "22050c70-4363-4734-8c11-57855494147c",
                            "ssh_key_ids.138": "9ee4a2b0-3668-411b-af84-07f61d71afa8",
                            "ssh_key_ids.139": "85e0e5cf-7e19-42f8-9dc2-da41de539495",
                            "ssh_key_ids.14": "214e1ebd-afd3-43f9-bcb6-bf6b9693f830",
                            "ssh_key_ids.140": "ccb63b0c-f9e1-4764-a37e-e4408cccbfac",
                            "ssh_key_ids.141": "f718cdab-a523-45c3-9b01-80dc045be122",
                            "ssh_key_ids.142": "f78dd9de-77e6-4386-9014-14258f6ed18c",
                            "ssh_key_ids.143": "7d4eca06-2710-49c7-b4bd-efececa7cd54",
                            "ssh_key_ids.144": "37ffbecc-3536-42d3-8f8b-5235dd97d526",
                            "ssh_key_ids.145": "8ec2af9d-2255-4cc8-a5ae-8dd62262241c",
                            "ssh_key_ids.146": "b38f0448-bb97-4309-82f2-d1a5f5df0809",
                            "ssh_key_ids.147": "b87eb180-f18b-44a6-bbd5-a49f111d7864",
                            "ssh_key_ids.148": "be99da3d-601c-4466-8dcb-ff1f8a6a19d8",
                            "ssh_key_ids.149": "942f8d63-c3ec-4f32-b93a-38b5e0bafd90",
                            "ssh_key_ids.15": "8c7583d3-2b01-4df4-a946-939962d827f9",
                            "ssh_key_ids.150": "eac5e2ca-acf1-46a6-ae4d-aa12f71af765",
                            "ssh_key_ids.151": "0a929e59-0bcf-4de1-91d1-01a8cdbc9ef6",
                            "ssh_key_ids.152": "e5fd812a-667c-498f-883c-2bd1afddbff3",
                            "ssh_key_ids.153": "3b57956f-a711-40db-9a6f-32487503bea1",
                            "ssh_key_ids.154": "6b50e07d-df2c-44b8-8a9e-65bfab6880a1",
                            "ssh_key_ids.155": "4382d197-ecbb-43d9-a7d6-453c100279b8",
                            "ssh_key_ids.156": "bc4f1745-a5de-45e4-ae82-d7c4988ee1a2",
                            "ssh_key_ids.157": "985ea314-f590-4237-99f5-682a344617d9",
                            "ssh_key_ids.158": "98b939fb-362b-41c8-831a-1f0a2afa400e",
                            "ssh_key_ids.159": "21fecacf-999e-4595-a247-af36a4feb0c1",
                            "ssh_key_ids.16": "33fea3c3-2fb4-424a-834c-190bd53b8f0b",
                            "ssh_key_ids.160": "0c909e8f-7714-43f6-a8a9-fc003c5231a3",
                            "ssh_key_ids.161": "ccb07866-766e-45e2-ae82-a1f1c8cb39c8",
                            "ssh_key_ids.162": "d45fb3b7-af95-4c48-8ad6-e3f3242a5e4a",
                            "ssh_key_ids.163": "25faa130-9a09-4cca-a109-409c7ac309ab",
                            "ssh_key_ids.17": "fed60fdf-7e1d-4ffd-af9f-4ac91c2fd430",
                            "ssh_key_ids.18": "7c7abd45-994d-4754-8220-2c5a404933e8",
                            "ssh_key_ids.19": "1689628e-00a8-40e4-a578-9d484d66cc3f",
                            "ssh_key_ids.2": "6e703847-5229-4bfd-9229-db6df7397e11",
                            "ssh_key_ids.20": "494f995f-069a-4407-bf31-d1e67142f9fd",
                            "ssh_key_ids.21": "3bde399d-1ee1-49ca-acad-8df41956df20",
                            "ssh_key_ids.22": "1e4e0e97-aace-4cd9-b258-c8408d502284",
                            "ssh_key_ids.23": "a8855483-e011-4d68-86a5-2f530738dd17",
                            "ssh_key_ids.24": "954bd64c-a66b-45fb-900e-04f0b8b18cdf",
                            "ssh_key_ids.25": "32a48504-ef65-452f-ae33-d161205c1b11",
                            "ssh_key_ids.26": "3a4e67f8-b12d-43d4-a35d-e5d33a9ccd98",
                            "ssh_key_ids.27": "9cf77467-cdb7-4dcc-ab9f-4d431712ef3f",
                            "ssh_key_ids.28": "80b28858-2421-41bb-bbea-c4ad4a5db2c9",
                            "ssh_key_ids.29": "036d46c3-8727-4a00-b59b-7f80443a2afc",
                            "ssh_key_ids.3": "32c2e969-fe1c-4235-a999-2b8abc061991",
                            "ssh_key_ids.30": "c79bd893-afa8-4fde-9315-1ac6571a0d64",
                            "ssh_key_ids.31": "1dae5119-8c6d-450c-be49-ef323d4ef630",
                            "ssh_key_ids.32": "ee065568-03bb-456e-a1f5-1669939d43cb",
                            "ssh_key_ids.33": "b505936c-fca3-4767-9cbe-a5401f97dd95",
                            "ssh_key_ids.34": "d0a93463-eb19-4ed4-82a9-3c354374443e",
                            "ssh_key_ids.35": "04d2d40f-d0ae-4862-9537-62a9e43a22cd",
                            "ssh_key_ids.36": "c33ea9e0-ed31-43ce-8bba-e5e8da4edd83",
                            "ssh_key_ids.37": "d88db379-9fa2-454f-97a4-8e7718bbb658",
                            "ssh_key_ids.38": "4e49c810-8e76-4ec7-b1c2-1d9e7f829441",
                            "ssh_key_ids.39": "6e8257dd-b7b9-4f30-b9d1-e7131a4d2121",
                            "ssh_key_ids.4": "659466b5-43b7-47fe-bd6c-b443d3b5df20",
                            "ssh_key_ids.40": "65c4bc38-3112-4503-b875-5f583aca6424",
                            "ssh_key_ids.41": "912637d1-7b56-481b-bbe4-ccf466e3e161",
                            "ssh_key_ids.42": "f0e74fce-1a0c-4643-8990-f6843728f24f",
                            "ssh_key_ids.43": "34934bed-6b13-4abc-aeb6-1a5a9e994745",
                            "ssh_key_ids.44": "b428db77-8a11-40b6-a6f9-bd6321ea796b",
                            "ssh_key_ids.45": "3199b332-bec2-45ef-9e25-ba9057972da7",
                            "ssh_key_ids.46": "303a0e97-7dd1-4444-9def-d7ebf932a892",
                            "ssh_key_ids.47": "7bf767f0-472a-4977-921e-cf55ded84f1c",
                            "ssh_key_ids.48": "7fb2d14c-11b6-4c52-a9d0-2a4a6113dbab",
                            "ssh_key_ids.49": "27635c6f-e3bd-4403-ae6c-94757f36b601",
                            "ssh_key_ids.5": "8059f489-7714-4af7-84fc-76869c009378",
                            "ssh_key_ids.50": "bc84ed0c-228d-4eb5-97b4-4cd7b6e6a0f9",
                            "ssh_key_ids.51": "f8e3e26a-214b-457a-a7de-0aa31723f04e",
                            "ssh_key_ids.52": "6219b353-d4ec-4ba5-9a40-19304b4fe1af",
                            "ssh_key_ids.53": "fedb7753-6dba-4aa4-8371-999c6bab70de",
                            "ssh_key_ids.54": "7c41c050-74ad-4aa7-b63b-8c75d9db4051",
                            "ssh_key_ids.55": "0fb6897c-2f7f-4d0f-9de1-bd279408a7cb",
                            "ssh_key_ids.56": "f1b4cad0-7e3f-4574-bc52-6567dd2fd125",
                            "ssh_key_ids.57": "5d3e1674-605d-4e29-aa1a-6f97c6273217",
                            "ssh_key_ids.58": "c57fb351-65ce-4427-a1c2-17868b0d1711",
                            "ssh_key_ids.59": "5e0ab35b-4a75-45c1-b679-bc9cb5c9abf8",
                            "ssh_key_ids.6": "f98a99f8-ff13-4391-b5fc-74983219a225",
                            "ssh_key_ids.60": "311e499c-5421-42b0-91a7-cdcc1059dfef",
                            "ssh_key_ids.61": "d0cce71a-c3ea-4b60-9866-d8f12d749d13",
                            "ssh_key_ids.62": "1df0179f-a9af-4c8e-b9bf-5991f6e1b7f0",
                            "ssh_key_ids.63": "d6a50bd7-69c4-4c2b-99be-9adbefc6e3dc",
                            "ssh_key_ids.64": "a2579e04-6f2e-4488-8e58-c48a0aa7f70b",
                            "ssh_key_ids.65": "948d85da-a1a4-45d9-b6bd-e2794c03232d",
                            "ssh_key_ids.66": "0c1be6d5-8b38-4920-94f2-6ddaaa25bb9d",
                            "ssh_key_ids.67": "f86d606c-d11c-4b10-b0d2-326e3b791cdf",
                            "ssh_key_ids.68": "f6267de9-b50a-4bd8-aac5-51612a403741",
                            "ssh_key_ids.69": "f63582f2-9d53-487f-a9af-d739e36b07af",
                            "ssh_key_ids.7": "0b392f37-4243-4e43-a56c-18208a30acf3",
                            "ssh_key_ids.70": "38ee2b4b-653d-494e-b008-abd82461f7f6",
                            "ssh_key_ids.71": "7afc2a1e-7303-47e0-b75a-ed2587d3f340",
                            "ssh_key_ids.72": "89ef47c1-1576-4b8c-a339-2014155f0802",
                            "ssh_key_ids.73": "950d1f09-7d94-4838-ac25-e2b63fc256f5",
                            "ssh_key_ids.74": "d02bec99-0344-4cf3-bd06-8bad8969b9fe",
                            "ssh_key_ids.75": "e75e4f46-8e6b-4f66-8612-1879bbb96623",
                            "ssh_key_ids.76": "0a7d499d-8d80-45ad-9069-8fbaa6e28ea1",
                            "ssh_key_ids.77": "bb427d7d-ca92-4a98-af84-64d3b43e6325",
                            "ssh_key_ids.78": "c523b161-3e3b-492c-90f4-253a86aed91f",
                            "ssh_key_ids.79": "892bf2fb-c6b9-459d-bdd0-36d69701a3e6",
                            "ssh_key_ids.8": "0394ad7e-6265-4478-ae1a-3b5d59a217d5",
                            "ssh_key_ids.80": "13c0308d-5846-46c5-bf46-2fdae2e9c8d7",
                            "ssh_key_ids.81": "a102ddd7-bee2-4d61-9262-5978a4b91c04",
                            "ssh_key_ids.82": "842a0495-4b06-4f53-a948-f381d57cb180",
                            "ssh_key_ids.83": "491b68d1-1663-490d-a2e0-248b496631f4",
                            "ssh_key_ids.84": "bb056de1-9025-47e5-89a1-2897643e1f6c",
                            "ssh_key_ids.85": "b68dcaed-078c-41e2-a647-5aa1acb12154",
                            "ssh_key_ids.86": "984f885d-a618-4416-a934-f1f00d93f989",
                            "ssh_key_ids.87": "a722049c-a416-4fb0-a661-290a0d9cf57b",
                            "ssh_key_ids.88": "1776caa4-e965-4891-af1a-427ce73a88e9",
                            "ssh_key_ids.89": "0873502f-0980-4e42-a0de-5328eb21b1fe",
                            "ssh_key_ids.9": "aea43942-9250-4cde-81d1-69e468df8ce6",
                            "ssh_key_ids.90": "cc001113-bc02-4d7f-af55-366db9132936",
                            "ssh_key_ids.91": "88436004-0436-4df7-8240-bfd128e8d605",
                            "ssh_key_ids.92": "f81c84bc-7f7f-4c1c-bc6b-4aa9ce236151",
                            "ssh_key_ids.93": "895e0d1a-adae-439f-a1a8-a15aa6658c97",
                            "ssh_key_ids.94": "116c4f54-560a-4d95-bddc-29632af8a732",
                            "ssh_key_ids.95": "36c08ba3-3dc2-45bf-aad5-3f9d6c2f8173",
                            "ssh_key_ids.96": "fac2cbbc-70ef-4386-a0e6-df3aa1fe9609",
                            "ssh_key_ids.97": "14c24939-9fd3-4d21-9f11-2557c49a3a9f",
                            "ssh_key_ids.98": "36b25fc3-3971-4f8f-a6f2-fcf9113e4da8",
                            "ssh_key_ids.99": "f67f7c4b-0050-4c18-be29-03a072b204ba",
                            "state": "active",
                            "storage": "",
                            "tags.#": "0",
                            "updated": "2019-04-30T09:56:05Z"
                        },
                        "meta": {},
                        "tainted": false
                    },
                    "deposed": [],
                    "provider": "provider.packet"
                },
                "packet_device.lab.16": {
                    "type": "packet_device",
                    "depends_on": [
                        "packet_device.registry",
                        "packet_ssh_key.default",
                        "tls_private_key.default"
                    ],
                    "primary": {
                        "id": "2c8ab005-c827-4778-b01d-3021452c8e6a",
                        "attributes": {
                            "access_private_ipv4": "10.99.31.197",
                            "access_public_ipv4": "147.75.38.171",
                            "access_public_ipv6": "2604:1380:0:3800::45",
                            "always_pxe": "false",
                            "billing_cycle": "hourly",
                            "created": "2019-04-30T10:24:06Z",
                            "facilities.#": "1",
                            "facilities.0": "ewr1",
                            "facility": "ewr1",
                            "hostname": "kayobe-lab-16",
                            "id": "2c8ab005-c827-4778-b01d-3021452c8e6a",
                            "ipxe_script_url": "",
                            "locked": "false",
                            "network.#": "3",
                            "network.0.address": "147.75.38.171",
                            "network.0.cidr": "31",
                            "network.0.family": "4",
                            "network.0.gateway": "147.75.38.170",
                            "network.0.public": "true",
                            "network.1.address": "2604:1380:0:3800::45",
                            "network.1.cidr": "127",
                            "network.1.family": "6",
                            "network.1.gateway": "2604:1380:0:3800::44",
                            "network.1.public": "true",
                            "network.2.address": "10.99.31.197",
                            "network.2.cidr": "31",
                            "network.2.family": "4",
                            "network.2.gateway": "10.99.31.196",
                            "network.2.public": "false",
                            "network_type": "layer3",
                            "operating_system": "centos_7",
                            "plan": "c1.small.x86",
                            "ports.#": "3",
                            "ports.0.bonded": "true",
                            "ports.0.id": "b81ff5ea-d634-47a6-be66-aa96094f85da",
                            "ports.0.mac": "",
                            "ports.0.name": "bond0",
                            "ports.0.type": "NetworkBondPort",
                            "ports.1.bonded": "true",
                            "ports.1.id": "42618128-201a-4985-b5cd-07ea0ac79238",
                            "ports.1.mac": "ac:1f:6b:99:bb:92",
                            "ports.1.name": "eth0",
                            "ports.1.type": "NetworkPort",
                            "ports.2.bonded": "true",
                            "ports.2.id": "9f34b473-1542-4c5f-a7cb-b9aa9da1f199",
                            "ports.2.mac": "ac:1f:6b:99:bb:93",
                            "ports.2.name": "eth1",
                            "ports.2.type": "NetworkPort",
                            "project_id": "719d7d4b-08f8-4e9b-ad0d-34707f85160d",
                            "public_ipv4_subnet_size": "31",
                            "root_password": "m{64v2*E]X",
                            "ssh_key_ids.#": "164",
                            "ssh_key_ids.0": "bd192f85-fbeb-4fd3-bca0-7ceb96f91700",
                            "ssh_key_ids.1": "da199044-80dd-48dd-8d1f-ef76ccb13ab5",
                            "ssh_key_ids.10": "0394ad7e-6265-4478-ae1a-3b5d59a217d5",
                            "ssh_key_ids.100": "a722049c-a416-4fb0-a661-290a0d9cf57b",
                            "ssh_key_ids.101": "4e49c810-8e76-4ec7-b1c2-1d9e7f829441",
                            "ssh_key_ids.102": "f81c84bc-7f7f-4c1c-bc6b-4aa9ce236151",
                            "ssh_key_ids.103": "116c4f54-560a-4d95-bddc-29632af8a732",
                            "ssh_key_ids.104": "ccb63b0c-f9e1-4764-a37e-e4408cccbfac",
                            "ssh_key_ids.105": "14c24939-9fd3-4d21-9f11-2557c49a3a9f",
                            "ssh_key_ids.106": "e00adc33-e5eb-4b67-b5f9-4bfa68bd2e53",
                            "ssh_key_ids.107": "f0e74fce-1a0c-4643-8990-f6843728f24f",
                            "ssh_key_ids.108": "13c0308d-5846-46c5-bf46-2fdae2e9c8d7",
                            "ssh_key_ids.109": "7bf767f0-472a-4977-921e-cf55ded84f1c",
                            "ssh_key_ids.11": "0b392f37-4243-4e43-a56c-18208a30acf3",
                            "ssh_key_ids.110": "ee429bfb-8fb3-479b-9c6c-e5579a8bf59d",
                            "ssh_key_ids.111": "305be502-51dd-41a5-b2b1-b58878e9da15",
                            "ssh_key_ids.112": "d88db379-9fa2-454f-97a4-8e7718bbb658",
                            "ssh_key_ids.113": "9a377e1e-c8ce-40c0-bf81-014cab0fcb7c",
                            "ssh_key_ids.114": "d0a93463-eb19-4ed4-82a9-3c354374443e",
                            "ssh_key_ids.115": "c13861b0-d10e-4a0e-a84b-4d0463d54f1a",
                            "ssh_key_ids.116": "b505936c-fca3-4767-9cbe-a5401f97dd95",
                            "ssh_key_ids.117": "895e0d1a-adae-439f-a1a8-a15aa6658c97",
                            "ssh_key_ids.118": "aea43942-9250-4cde-81d1-69e468df8ce6",
                            "ssh_key_ids.119": "68931241-5344-4a8b-884f-4f3a4fc5e231",
                            "ssh_key_ids.12": "0fddd1d0-4fa1-4abb-9bb9-b8381169a715",
                            "ssh_key_ids.120": "7d4eca06-2710-49c7-b4bd-efececa7cd54",
                            "ssh_key_ids.121": "5e0ab35b-4a75-45c1-b679-bc9cb5c9abf8",
                            "ssh_key_ids.122": "bdc5900f-e26d-46fe-8da6-59f9413b4c21",
                            "ssh_key_ids.123": "311e499c-5421-42b0-91a7-cdcc1059dfef",
                            "ssh_key_ids.124": "7c7abede-0f89-4bae-91f3-c4c856140db8",
                            "ssh_key_ids.125": "948d85da-a1a4-45d9-b6bd-e2794c03232d",
                            "ssh_key_ids.126": "214e1ebd-afd3-43f9-bcb6-bf6b9693f830",
                            "ssh_key_ids.127": "8c7583d3-2b01-4df4-a946-939962d827f9",
                            "ssh_key_ids.128": "f6267de9-b50a-4bd8-aac5-51612a403741",
                            "ssh_key_ids.129": "fed60fdf-7e1d-4ffd-af9f-4ac91c2fd430",
                            "ssh_key_ids.13": "33fea3c3-2fb4-424a-834c-190bd53b8f0b",
                            "ssh_key_ids.130": "0fb6897c-2f7f-4d0f-9de1-bd279408a7cb",
                            "ssh_key_ids.131": "1e4e0e97-aace-4cd9-b258-c8408d502284",
                            "ssh_key_ids.132": "0873502f-0980-4e42-a0de-5328eb21b1fe",
                            "ssh_key_ids.133": "9cf77467-cdb7-4dcc-ab9f-4d431712ef3f",
                            "ssh_key_ids.134": "8059f489-7714-4af7-84fc-76869c009378",
                            "ssh_key_ids.135": "659466b5-43b7-47fe-bd6c-b443d3b5df20",
                            "ssh_key_ids.136": "c79bd893-afa8-4fde-9315-1ac6571a0d64",
                            "ssh_key_ids.137": "1dae5119-8c6d-450c-be49-ef323d4ef630",
                            "ssh_key_ids.138": "36b25fc3-3971-4f8f-a6f2-fcf9113e4da8",
                            "ssh_key_ids.139": "27635c6f-e3bd-4403-ae6c-94757f36b601",
                            "ssh_key_ids.14": "7c7abd45-994d-4754-8220-2c5a404933e8",
                            "ssh_key_ids.140": "c57fb351-65ce-4427-a1c2-17868b0d1711",
                            "ssh_key_ids.141": "cc001113-bc02-4d7f-af55-366db9132936",
                            "ssh_key_ids.142": "ee065568-03bb-456e-a1f5-1669939d43cb",
                            "ssh_key_ids.143": "5d3e1674-605d-4e29-aa1a-6f97c6273217",
                            "ssh_key_ids.144": "7afc2a1e-7303-47e0-b75a-ed2587d3f340",
                            "ssh_key_ids.145": "950d1f09-7d94-4838-ac25-e2b63fc256f5",
                            "ssh_key_ids.146": "3b57956f-a711-40db-9a6f-32487503bea1",
                            "ssh_key_ids.147": "e5fd812a-667c-498f-883c-2bd1afddbff3",
                            "ssh_key_ids.148": "be99da3d-601c-4466-8dcb-ff1f8a6a19d8",
                            "ssh_key_ids.149": "b87eb180-f18b-44a6-bbd5-a49f111d7864",
                            "ssh_key_ids.15": "984f885d-a618-4416-a934-f1f00d93f989",
                            "ssh_key_ids.150": "0a929e59-0bcf-4de1-91d1-01a8cdbc9ef6",
                            "ssh_key_ids.151": "4382d197-ecbb-43d9-a7d6-453c100279b8",
                            "ssh_key_ids.152": "6b50e07d-df2c-44b8-8a9e-65bfab6880a1",
                            "ssh_key_ids.153": "eac5e2ca-acf1-46a6-ae4d-aa12f71af765",
                            "ssh_key_ids.154": "b38f0448-bb97-4309-82f2-d1a5f5df0809",
                            "ssh_key_ids.155": "942f8d63-c3ec-4f32-b93a-38b5e0bafd90",
                            "ssh_key_ids.156": "bc4f1745-a5de-45e4-ae82-d7c4988ee1a2",
                            "ssh_key_ids.157": "985ea314-f590-4237-99f5-682a344617d9",
                            "ssh_key_ids.158": "98b939fb-362b-41c8-831a-1f0a2afa400e",
                            "ssh_key_ids.159": "21fecacf-999e-4595-a247-af36a4feb0c1",
                            "ssh_key_ids.16": "89ef47c1-1576-4b8c-a339-2014155f0802",
                            "ssh_key_ids.160": "0c909e8f-7714-43f6-a8a9-fc003c5231a3",
                            "ssh_key_ids.161": "ccb07866-766e-45e2-ae82-a1f1c8cb39c8",
                            "ssh_key_ids.162": "d45fb3b7-af95-4c48-8ad6-e3f3242a5e4a",
                            "ssh_key_ids.163": "25faa130-9a09-4cca-a109-409c7ac309ab",
                            "ssh_key_ids.17": "1689628e-00a8-40e4-a578-9d484d66cc3f",
                            "ssh_key_ids.18": "f67f7c4b-0050-4c18-be29-03a072b204ba",
                            "ssh_key_ids.19": "65c4bc38-3112-4503-b875-5f583aca6424",
                            "ssh_key_ids.2": "2111f3a2-9fe6-4992-aa14-1e01bb0501ce",
                            "ssh_key_ids.20": "912637d1-7b56-481b-bbe4-ccf466e3e161",
                            "ssh_key_ids.21": "f98a99f8-ff13-4391-b5fc-74983219a225",
                            "ssh_key_ids.22": "0e3abb85-56d4-4604-a40a-9f3c6548b30b",
                            "ssh_key_ids.23": "6e703847-5229-4bfd-9229-db6df7397e11",
                            "ssh_key_ids.24": "32c2e969-fe1c-4235-a999-2b8abc061991",
                            "ssh_key_ids.25": "0f73341f-b03d-4323-8d59-af7243dbb475",
                            "ssh_key_ids.26": "84eaa0c1-fd1c-4de8-a60c-e91feb89f14b",
                            "ssh_key_ids.27": "af0fdb13-ba2c-4e19-bcfb-57b1d59ead38",
                            "ssh_key_ids.28": "2765be00-4a38-436c-8eb7-74cb7dba92d3",
                            "ssh_key_ids.29": "e58fd2a9-18d8-4cd9-a1a2-f2610ed83a73",
                            "ssh_key_ids.3": "8ec2af9d-2255-4cc8-a5ae-8dd62262241c",
                            "ssh_key_ids.30": "9058e9af-1b6a-4c7a-bce1-14dc06529d33",
                            "ssh_key_ids.31": "6389afd1-e142-402d-8a1e-90383fbd3cb0",
                            "ssh_key_ids.32": "88436004-0436-4df7-8240-bfd128e8d605",
                            "ssh_key_ids.33": "752d99f5-5dcd-437f-99c9-8325bbabcc59",
                            "ssh_key_ids.34": "34934bed-6b13-4abc-aeb6-1a5a9e994745",
                            "ssh_key_ids.35": "b428db77-8a11-40b6-a6f9-bd6321ea796b",
                            "ssh_key_ids.36": "b68dcaed-078c-41e2-a647-5aa1acb12154",
                            "ssh_key_ids.37": "bb056de1-9025-47e5-89a1-2897643e1f6c",
                            "ssh_key_ids.38": "491b68d1-1663-490d-a2e0-248b496631f4",
                            "ssh_key_ids.39": "842a0495-4b06-4f53-a948-f381d57cb180",
                            "ssh_key_ids.4": "37ffbecc-3536-42d3-8f8b-5235dd97d526",
                            "ssh_key_ids.40": "a102ddd7-bee2-4d61-9262-5978a4b91c04",
                            "ssh_key_ids.41": "892bf2fb-c6b9-459d-bdd0-36d69701a3e6",
                            "ssh_key_ids.42": "c523b161-3e3b-492c-90f4-253a86aed91f",
                            "ssh_key_ids.43": "bb427d7d-ca92-4a98-af84-64d3b43e6325",
                            "ssh_key_ids.44": "38ee2b4b-653d-494e-b008-abd82461f7f6",
                            "ssh_key_ids.45": "0a7d499d-8d80-45ad-9069-8fbaa6e28ea1",
                            "ssh_key_ids.46": "611e233e-835c-4e37-abdd-918842cbe83f",
                            "ssh_key_ids.47": "01097db2-b817-4a41-b016-012c83dad8e4",
                            "ssh_key_ids.48": "dc275958-fb33-4a63-a21b-e33d3dfd3a14",
                            "ssh_key_ids.49": "e82a688a-f07a-480e-a408-199baca463c9",
                            "ssh_key_ids.5": "93b62667-9821-43c9-9b47-09c72bfc16fe",
                            "ssh_key_ids.50": "82bd80ac-b1df-4801-88b7-8b835b78570c",
                            "ssh_key_ids.51": "a7c4c16b-8163-4d61-8485-5f05eb11f013",
                            "ssh_key_ids.52": "d7a07953-9e75-465e-9495-775f03018db0",
                            "ssh_key_ids.53": "290afd05-1d05-4fd4-a7ac-27be4b92458f",
                            "ssh_key_ids.54": "8499c022-65c8-40dd-ab33-d331388ac5d9",
                            "ssh_key_ids.55": "8ad4e695-a082-43c5-ac1b-456964b321c6",
                            "ssh_key_ids.56": "59b26c30-c0ca-4ac5-ba7f-143efd14f792",
                            "ssh_key_ids.57": "ccf9952b-afcb-4df1-b002-0c60717e2592",
                            "ssh_key_ids.58": "d059cfe2-3215-4686-aeaa-051a5a423d2a",
                            "ssh_key_ids.59": "c0fea396-b8f9-43d0-a453-9bbc868a1d81",
                            "ssh_key_ids.6": "09223179-7d28-40a4-b18e-b7ed3e350c6a",
                            "ssh_key_ids.60": "82f1421a-5a62-442c-adbf-6f4534ff96fe",
                            "ssh_key_ids.61": "59e22e40-bf99-4d3a-ae05-3eb4d599cabc",
                            "ssh_key_ids.62": "ec684e16-0a82-4508-af90-88d5c598bd04",
                            "ssh_key_ids.63": "1a5374e7-ae0b-44e8-8290-a7f9e34c6374",
                            "ssh_key_ids.64": "22050c70-4363-4734-8c11-57855494147c",
                            "ssh_key_ids.65": "9ee4a2b0-3668-411b-af84-07f61d71afa8",
                            "ssh_key_ids.66": "3199b332-bec2-45ef-9e25-ba9057972da7",
                            "ssh_key_ids.67": "f63582f2-9d53-487f-a9af-d739e36b07af",
                            "ssh_key_ids.68": "f86d606c-d11c-4b10-b0d2-326e3b791cdf",
                            "ssh_key_ids.69": "303a0e97-7dd1-4444-9def-d7ebf932a892",
                            "ssh_key_ids.7": "f7e8e7ed-d248-4e81-9f0a-15ef569fb264",
                            "ssh_key_ids.70": "7fb2d14c-11b6-4c52-a9d0-2a4a6113dbab",
                            "ssh_key_ids.71": "0c1be6d5-8b38-4920-94f2-6ddaaa25bb9d",
                            "ssh_key_ids.72": "a2579e04-6f2e-4488-8e58-c48a0aa7f70b",
                            "ssh_key_ids.73": "f1b4cad0-7e3f-4574-bc52-6567dd2fd125",
                            "ssh_key_ids.74": "494f995f-069a-4407-bf31-d1e67142f9fd",
                            "ssh_key_ids.75": "bc84ed0c-228d-4eb5-97b4-4cd7b6e6a0f9",
                            "ssh_key_ids.76": "e75e4f46-8e6b-4f66-8612-1879bbb96623",
                            "ssh_key_ids.77": "f8e3e26a-214b-457a-a7de-0aa31723f04e",
                            "ssh_key_ids.78": "d02bec99-0344-4cf3-bd06-8bad8969b9fe",
                            "ssh_key_ids.79": "85e0e5cf-7e19-42f8-9dc2-da41de539495",
                            "ssh_key_ids.8": "f78dd9de-77e6-4386-9014-14258f6ed18c",
                            "ssh_key_ids.80": "32a48504-ef65-452f-ae33-d161205c1b11",
                            "ssh_key_ids.81": "3a4e67f8-b12d-43d4-a35d-e5d33a9ccd98",
                            "ssh_key_ids.82": "80b28858-2421-41bb-bbea-c4ad4a5db2c9",
                            "ssh_key_ids.83": "036d46c3-8727-4a00-b59b-7f80443a2afc",
                            "ssh_key_ids.84": "04d2d40f-d0ae-4862-9537-62a9e43a22cd",
                            "ssh_key_ids.85": "c33ea9e0-ed31-43ce-8bba-e5e8da4edd83",
                            "ssh_key_ids.86": "6e8257dd-b7b9-4f30-b9d1-e7131a4d2121",
                            "ssh_key_ids.87": "ec9105b6-bdd2-4bcc-a6ca-00055f55f504",
                            "ssh_key_ids.88": "d0cce71a-c3ea-4b60-9866-d8f12d749d13",
                            "ssh_key_ids.89": "1df0179f-a9af-4c8e-b9bf-5991f6e1b7f0",
                            "ssh_key_ids.9": "f718cdab-a523-45c3-9b01-80dc045be122",
                            "ssh_key_ids.90": "3bde399d-1ee1-49ca-acad-8df41956df20",
                            "ssh_key_ids.91": "7c41c050-74ad-4aa7-b63b-8c75d9db4051",
                            "ssh_key_ids.92": "fedb7753-6dba-4aa4-8371-999c6bab70de",
                            "ssh_key_ids.93": "a8855483-e011-4d68-86a5-2f530738dd17",
                            "ssh_key_ids.94": "954bd64c-a66b-45fb-900e-04f0b8b18cdf",
                            "ssh_key_ids.95": "6219b353-d4ec-4ba5-9a40-19304b4fe1af",
                            "ssh_key_ids.96": "d6a50bd7-69c4-4c2b-99be-9adbefc6e3dc",
                            "ssh_key_ids.97": "fac2cbbc-70ef-4386-a0e6-df3aa1fe9609",
                            "ssh_key_ids.98": "1776caa4-e965-4891-af1a-427ce73a88e9",
                            "ssh_key_ids.99": "36c08ba3-3dc2-45bf-aad5-3f9d6c2f8173",
                            "state": "active",
                            "storage": "",
                            "tags.#": "0",
                            "updated": "2019-04-30T10:26:32Z"
                        },
                        "meta": {},
                        "tainted": false
                    },
                    "deposed": [],
                    "provider": "provider.packet"
                },
                "packet_device.lab.17": {
                    "type": "packet_device",
                    "depends_on": [
                        "packet_device.registry",
                        "packet_ssh_key.default",
                        "tls_private_key.default"
                    ],
                    "primary": {
                        "id": "e6e34439-ac66-4f41-86eb-0a80d38ad8ed",
                        "attributes": {
                            "access_private_ipv4": "10.99.31.145",
                            "access_public_ipv4": "147.75.76.47",
                            "access_public_ipv6": "2604:1380:0:3800::1d",
                            "always_pxe": "false",
                            "billing_cycle": "hourly",
                            "created": "2019-04-30T09:52:04Z",
                            "facilities.#": "1",
                            "facilities.0": "ewr1",
                            "facility": "ewr1",
                            "hostname": "kayobe-lab-17",
                            "id": "e6e34439-ac66-4f41-86eb-0a80d38ad8ed",
                            "ipxe_script_url": "",
                            "locked": "false",
                            "network.#": "3",
                            "network.0.address": "147.75.76.47",
                            "network.0.cidr": "31",
                            "network.0.family": "4",
                            "network.0.gateway": "147.75.76.46",
                            "network.0.public": "true",
                            "network.1.address": "2604:1380:0:3800::1d",
                            "network.1.cidr": "127",
                            "network.1.family": "6",
                            "network.1.gateway": "2604:1380:0:3800::1c",
                            "network.1.public": "true",
                            "network.2.address": "10.99.31.145",
                            "network.2.cidr": "31",
                            "network.2.family": "4",
                            "network.2.gateway": "10.99.31.144",
                            "network.2.public": "false",
                            "network_type": "layer3",
                            "operating_system": "centos_7",
                            "plan": "c1.small.x86",
                            "ports.#": "3",
                            "ports.0.bonded": "true",
                            "ports.0.id": "02913e9e-e83b-4f42-bd22-63187fbab133",
                            "ports.0.mac": "",
                            "ports.0.name": "bond0",
                            "ports.0.type": "NetworkBondPort",
                            "ports.1.bonded": "true",
                            "ports.1.id": "f32af75f-ed4b-493f-b11d-9c5659deb65a",
                            "ports.1.mac": "ac:1f:6b:99:b6:d2",
                            "ports.1.name": "eth0",
                            "ports.1.type": "NetworkPort",
                            "ports.2.bonded": "true",
                            "ports.2.id": "73d0d120-193c-4a00-b67c-c1d4792dc368",
                            "ports.2.mac": "ac:1f:6b:99:b6:d3",
                            "ports.2.name": "eth1",
                            "ports.2.type": "NetworkPort",
                            "project_id": "719d7d4b-08f8-4e9b-ad0d-34707f85160d",
                            "public_ipv4_subnet_size": "31",
                            "root_password": "(dRy]2Dq#8",
                            "ssh_key_ids.#": "164",
                            "ssh_key_ids.0": "da199044-80dd-48dd-8d1f-ef76ccb13ab5",
                            "ssh_key_ids.1": "bd192f85-fbeb-4fd3-bca0-7ceb96f91700",
                            "ssh_key_ids.10": "1a5374e7-ae0b-44e8-8290-a7f9e34c6374",
                            "ssh_key_ids.100": "752d99f5-5dcd-437f-99c9-8325bbabcc59",
                            "ssh_key_ids.101": "611e233e-835c-4e37-abdd-918842cbe83f",
                            "ssh_key_ids.102": "ec9105b6-bdd2-4bcc-a6ca-00055f55f504",
                            "ssh_key_ids.103": "01097db2-b817-4a41-b016-012c83dad8e4",
                            "ssh_key_ids.104": "dc275958-fb33-4a63-a21b-e33d3dfd3a14",
                            "ssh_key_ids.105": "e82a688a-f07a-480e-a408-199baca463c9",
                            "ssh_key_ids.106": "d7a07953-9e75-465e-9495-775f03018db0",
                            "ssh_key_ids.107": "290afd05-1d05-4fd4-a7ac-27be4b92458f",
                            "ssh_key_ids.108": "9ee4a2b0-3668-411b-af84-07f61d71afa8",
                            "ssh_key_ids.109": "32a48504-ef65-452f-ae33-d161205c1b11",
                            "ssh_key_ids.11": "8059f489-7714-4af7-84fc-76869c009378",
                            "ssh_key_ids.110": "3a4e67f8-b12d-43d4-a35d-e5d33a9ccd98",
                            "ssh_key_ids.111": "80b28858-2421-41bb-bbea-c4ad4a5db2c9",
                            "ssh_key_ids.112": "f0e74fce-1a0c-4643-8990-f6843728f24f",
                            "ssh_key_ids.113": "7bf767f0-472a-4977-921e-cf55ded84f1c",
                            "ssh_key_ids.114": "b505936c-fca3-4767-9cbe-a5401f97dd95",
                            "ssh_key_ids.115": "ee065568-03bb-456e-a1f5-1669939d43cb",
                            "ssh_key_ids.116": "1dae5119-8c6d-450c-be49-ef323d4ef630",
                            "ssh_key_ids.117": "c79bd893-afa8-4fde-9315-1ac6571a0d64",
                            "ssh_key_ids.118": "9cf77467-cdb7-4dcc-ab9f-4d431712ef3f",
                            "ssh_key_ids.119": "0fddd1d0-4fa1-4abb-9bb9-b8381169a715",
                            "ssh_key_ids.12": "f98a99f8-ff13-4391-b5fc-74983219a225",
                            "ssh_key_ids.120": "6e703847-5229-4bfd-9229-db6df7397e11",
                            "ssh_key_ids.121": "659466b5-43b7-47fe-bd6c-b443d3b5df20",
                            "ssh_key_ids.122": "d0a93463-eb19-4ed4-82a9-3c354374443e",
                            "ssh_key_ids.123": "d88db379-9fa2-454f-97a4-8e7718bbb658",
                            "ssh_key_ids.124": "4e49c810-8e76-4ec7-b1c2-1d9e7f829441",
                            "ssh_key_ids.125": "954bd64c-a66b-45fb-900e-04f0b8b18cdf",
                            "ssh_key_ids.126": "6219b353-d4ec-4ba5-9a40-19304b4fe1af",
                            "ssh_key_ids.127": "fedb7753-6dba-4aa4-8371-999c6bab70de",
                            "ssh_key_ids.128": "7c41c050-74ad-4aa7-b63b-8c75d9db4051",
                            "ssh_key_ids.129": "38ee2b4b-653d-494e-b008-abd82461f7f6",
                            "ssh_key_ids.13": "0b392f37-4243-4e43-a56c-18208a30acf3",
                            "ssh_key_ids.130": "59b26c30-c0ca-4ac5-ba7f-143efd14f792",
                            "ssh_key_ids.131": "8ad4e695-a082-43c5-ac1b-456964b321c6",
                            "ssh_key_ids.132": "8499c022-65c8-40dd-ab33-d331388ac5d9",
                            "ssh_key_ids.133": "a7c4c16b-8163-4d61-8485-5f05eb11f013",
                            "ssh_key_ids.134": "27635c6f-e3bd-4403-ae6c-94757f36b601",
                            "ssh_key_ids.135": "7fb2d14c-11b6-4c52-a9d0-2a4a6113dbab",
                            "ssh_key_ids.136": "303a0e97-7dd1-4444-9def-d7ebf932a892",
                            "ssh_key_ids.137": "3199b332-bec2-45ef-9e25-ba9057972da7",
                            "ssh_key_ids.138": "b428db77-8a11-40b6-a6f9-bd6321ea796b",
                            "ssh_key_ids.139": "34934bed-6b13-4abc-aeb6-1a5a9e994745",
                            "ssh_key_ids.14": "22050c70-4363-4734-8c11-57855494147c",
                            "ssh_key_ids.140": "912637d1-7b56-481b-bbe4-ccf466e3e161",
                            "ssh_key_ids.141": "65c4bc38-3112-4503-b875-5f583aca6424",
                            "ssh_key_ids.142": "6e8257dd-b7b9-4f30-b9d1-e7131a4d2121",
                            "ssh_key_ids.143": "c33ea9e0-ed31-43ce-8bba-e5e8da4edd83",
                            "ssh_key_ids.144": "04d2d40f-d0ae-4862-9537-62a9e43a22cd",
                            "ssh_key_ids.145": "036d46c3-8727-4a00-b59b-7f80443a2afc",
                            "ssh_key_ids.146": "b38f0448-bb97-4309-82f2-d1a5f5df0809",
                            "ssh_key_ids.147": "b87eb180-f18b-44a6-bbd5-a49f111d7864",
                            "ssh_key_ids.148": "942f8d63-c3ec-4f32-b93a-38b5e0bafd90",
                            "ssh_key_ids.149": "eac5e2ca-acf1-46a6-ae4d-aa12f71af765",
                            "ssh_key_ids.15": "85e0e5cf-7e19-42f8-9dc2-da41de539495",
                            "ssh_key_ids.150": "0a929e59-0bcf-4de1-91d1-01a8cdbc9ef6",
                            "ssh_key_ids.151": "4382d197-ecbb-43d9-a7d6-453c100279b8",
                            "ssh_key_ids.152": "6b50e07d-df2c-44b8-8a9e-65bfab6880a1",
                            "ssh_key_ids.153": "3b57956f-a711-40db-9a6f-32487503bea1",
                            "ssh_key_ids.154": "e5fd812a-667c-498f-883c-2bd1afddbff3",
                            "ssh_key_ids.155": "be99da3d-601c-4466-8dcb-ff1f8a6a19d8",
                            "ssh_key_ids.156": "bc4f1745-a5de-45e4-ae82-d7c4988ee1a2",
                            "ssh_key_ids.157": "985ea314-f590-4237-99f5-682a344617d9",
                            "ssh_key_ids.158": "98b939fb-362b-41c8-831a-1f0a2afa400e",
                            "ssh_key_ids.159": "21fecacf-999e-4595-a247-af36a4feb0c1",
                            "ssh_key_ids.16": "ccb63b0c-f9e1-4764-a37e-e4408cccbfac",
                            "ssh_key_ids.160": "0c909e8f-7714-43f6-a8a9-fc003c5231a3",
                            "ssh_key_ids.161": "ccb07866-766e-45e2-ae82-a1f1c8cb39c8",
                            "ssh_key_ids.162": "d45fb3b7-af95-4c48-8ad6-e3f3242a5e4a",
                            "ssh_key_ids.163": "25faa130-9a09-4cca-a109-409c7ac309ab",
                            "ssh_key_ids.17": "f78dd9de-77e6-4386-9014-14258f6ed18c",
                            "ssh_key_ids.18": "7d4eca06-2710-49c7-b4bd-efececa7cd54",
                            "ssh_key_ids.19": "37ffbecc-3536-42d3-8f8b-5235dd97d526",
                            "ssh_key_ids.2": "32c2e969-fe1c-4235-a999-2b8abc061991",
                            "ssh_key_ids.20": "491b68d1-1663-490d-a2e0-248b496631f4",
                            "ssh_key_ids.21": "bb056de1-9025-47e5-89a1-2897643e1f6c",
                            "ssh_key_ids.22": "b68dcaed-078c-41e2-a647-5aa1acb12154",
                            "ssh_key_ids.23": "984f885d-a618-4416-a934-f1f00d93f989",
                            "ssh_key_ids.24": "a722049c-a416-4fb0-a661-290a0d9cf57b",
                            "ssh_key_ids.25": "1776caa4-e965-4891-af1a-427ce73a88e9",
                            "ssh_key_ids.26": "0873502f-0980-4e42-a0de-5328eb21b1fe",
                            "ssh_key_ids.27": "cc001113-bc02-4d7f-af55-366db9132936",
                            "ssh_key_ids.28": "88436004-0436-4df7-8240-bfd128e8d605",
                            "ssh_key_ids.29": "f81c84bc-7f7f-4c1c-bc6b-4aa9ce236151",
                            "ssh_key_ids.3": "ccf9952b-afcb-4df1-b002-0c60717e2592",
                            "ssh_key_ids.30": "895e0d1a-adae-439f-a1a8-a15aa6658c97",
                            "ssh_key_ids.31": "116c4f54-560a-4d95-bddc-29632af8a732",
                            "ssh_key_ids.32": "f718cdab-a523-45c3-9b01-80dc045be122",
                            "ssh_key_ids.33": "36c08ba3-3dc2-45bf-aad5-3f9d6c2f8173",
                            "ssh_key_ids.34": "fac2cbbc-70ef-4386-a0e6-df3aa1fe9609",
                            "ssh_key_ids.35": "14c24939-9fd3-4d21-9f11-2557c49a3a9f",
                            "ssh_key_ids.36": "aea43942-9250-4cde-81d1-69e468df8ce6",
                            "ssh_key_ids.37": "68931241-5344-4a8b-884f-4f3a4fc5e231",
                            "ssh_key_ids.38": "bdc5900f-e26d-46fe-8da6-59f9413b4c21",
                            "ssh_key_ids.39": "7c7abede-0f89-4bae-91f3-c4c856140db8",
                            "ssh_key_ids.4": "d059cfe2-3215-4686-aeaa-051a5a423d2a",
                            "ssh_key_ids.40": "0394ad7e-6265-4478-ae1a-3b5d59a217d5",
                            "ssh_key_ids.41": "8ec2af9d-2255-4cc8-a5ae-8dd62262241c",
                            "ssh_key_ids.42": "214e1ebd-afd3-43f9-bcb6-bf6b9693f830",
                            "ssh_key_ids.43": "8c7583d3-2b01-4df4-a946-939962d827f9",
                            "ssh_key_ids.44": "f6267de9-b50a-4bd8-aac5-51612a403741",
                            "ssh_key_ids.45": "36b25fc3-3971-4f8f-a6f2-fcf9113e4da8",
                            "ssh_key_ids.46": "f67f7c4b-0050-4c18-be29-03a072b204ba",
                            "ssh_key_ids.47": "ee429bfb-8fb3-479b-9c6c-e5579a8bf59d",
                            "ssh_key_ids.48": "93b62667-9821-43c9-9b47-09c72bfc16fe",
                            "ssh_key_ids.49": "33fea3c3-2fb4-424a-834c-190bd53b8f0b",
                            "ssh_key_ids.5": "82bd80ac-b1df-4801-88b7-8b835b78570c",
                            "ssh_key_ids.50": "fed60fdf-7e1d-4ffd-af9f-4ac91c2fd430",
                            "ssh_key_ids.51": "7c7abd45-994d-4754-8220-2c5a404933e8",
                            "ssh_key_ids.52": "305be502-51dd-41a5-b2b1-b58878e9da15",
                            "ssh_key_ids.53": "af0fdb13-ba2c-4e19-bcfb-57b1d59ead38",
                            "ssh_key_ids.54": "c13861b0-d10e-4a0e-a84b-4d0463d54f1a",
                            "ssh_key_ids.55": "89ef47c1-1576-4b8c-a339-2014155f0802",
                            "ssh_key_ids.56": "1689628e-00a8-40e4-a578-9d484d66cc3f",
                            "ssh_key_ids.57": "494f995f-069a-4407-bf31-d1e67142f9fd",
                            "ssh_key_ids.58": "3bde399d-1ee1-49ca-acad-8df41956df20",
                            "ssh_key_ids.59": "1e4e0e97-aace-4cd9-b258-c8408d502284",
                            "ssh_key_ids.6": "c0fea396-b8f9-43d0-a453-9bbc868a1d81",
                            "ssh_key_ids.60": "e00adc33-e5eb-4b67-b5f9-4bfa68bd2e53",
                            "ssh_key_ids.61": "5d3e1674-605d-4e29-aa1a-6f97c6273217",
                            "ssh_key_ids.62": "c57fb351-65ce-4427-a1c2-17868b0d1711",
                            "ssh_key_ids.63": "5e0ab35b-4a75-45c1-b679-bc9cb5c9abf8",
                            "ssh_key_ids.64": "311e499c-5421-42b0-91a7-cdcc1059dfef",
                            "ssh_key_ids.65": "948d85da-a1a4-45d9-b6bd-e2794c03232d",
                            "ssh_key_ids.66": "f63582f2-9d53-487f-a9af-d739e36b07af",
                            "ssh_key_ids.67": "a8855483-e011-4d68-86a5-2f530738dd17",
                            "ssh_key_ids.68": "bc84ed0c-228d-4eb5-97b4-4cd7b6e6a0f9",
                            "ssh_key_ids.69": "f8e3e26a-214b-457a-a7de-0aa31723f04e",
                            "ssh_key_ids.7": "82f1421a-5a62-442c-adbf-6f4534ff96fe",
                            "ssh_key_ids.70": "d0cce71a-c3ea-4b60-9866-d8f12d749d13",
                            "ssh_key_ids.71": "f86d606c-d11c-4b10-b0d2-326e3b791cdf",
                            "ssh_key_ids.72": "7afc2a1e-7303-47e0-b75a-ed2587d3f340",
                            "ssh_key_ids.73": "0c1be6d5-8b38-4920-94f2-6ddaaa25bb9d",
                            "ssh_key_ids.74": "a2579e04-6f2e-4488-8e58-c48a0aa7f70b",
                            "ssh_key_ids.75": "0fb6897c-2f7f-4d0f-9de1-bd279408a7cb",
                            "ssh_key_ids.76": "f1b4cad0-7e3f-4574-bc52-6567dd2fd125",
                            "ssh_key_ids.77": "1df0179f-a9af-4c8e-b9bf-5991f6e1b7f0",
                            "ssh_key_ids.78": "d6a50bd7-69c4-4c2b-99be-9adbefc6e3dc",
                            "ssh_key_ids.79": "950d1f09-7d94-4838-ac25-e2b63fc256f5",
                            "ssh_key_ids.8": "59e22e40-bf99-4d3a-ae05-3eb4d599cabc",
                            "ssh_key_ids.80": "d02bec99-0344-4cf3-bd06-8bad8969b9fe",
                            "ssh_key_ids.81": "e75e4f46-8e6b-4f66-8612-1879bbb96623",
                            "ssh_key_ids.82": "0a7d499d-8d80-45ad-9069-8fbaa6e28ea1",
                            "ssh_key_ids.83": "2111f3a2-9fe6-4992-aa14-1e01bb0501ce",
                            "ssh_key_ids.84": "09223179-7d28-40a4-b18e-b7ed3e350c6a",
                            "ssh_key_ids.85": "f7e8e7ed-d248-4e81-9f0a-15ef569fb264",
                            "ssh_key_ids.86": "0e3abb85-56d4-4604-a40a-9f3c6548b30b",
                            "ssh_key_ids.87": "bb427d7d-ca92-4a98-af84-64d3b43e6325",
                            "ssh_key_ids.88": "c523b161-3e3b-492c-90f4-253a86aed91f",
                            "ssh_key_ids.89": "892bf2fb-c6b9-459d-bdd0-36d69701a3e6",
                            "ssh_key_ids.9": "ec684e16-0a82-4508-af90-88d5c598bd04",
                            "ssh_key_ids.90": "13c0308d-5846-46c5-bf46-2fdae2e9c8d7",
                            "ssh_key_ids.91": "a102ddd7-bee2-4d61-9262-5978a4b91c04",
                            "ssh_key_ids.92": "842a0495-4b06-4f53-a948-f381d57cb180",
                            "ssh_key_ids.93": "0f73341f-b03d-4323-8d59-af7243dbb475",
                            "ssh_key_ids.94": "84eaa0c1-fd1c-4de8-a60c-e91feb89f14b",
                            "ssh_key_ids.95": "9a377e1e-c8ce-40c0-bf81-014cab0fcb7c",
                            "ssh_key_ids.96": "2765be00-4a38-436c-8eb7-74cb7dba92d3",
                            "ssh_key_ids.97": "e58fd2a9-18d8-4cd9-a1a2-f2610ed83a73",
                            "ssh_key_ids.98": "9058e9af-1b6a-4c7a-bce1-14dc06529d33",
                            "ssh_key_ids.99": "6389afd1-e142-402d-8a1e-90383fbd3cb0",
                            "state": "active",
                            "storage": "",
                            "tags.#": "0",
                            "updated": "2019-04-30T09:56:15Z"
                        },
                        "meta": {},
                        "tainted": false
                    },
                    "deposed": [],
                    "provider": "provider.packet"
                },
                "packet_device.lab.18": {
                    "type": "packet_device",
                    "depends_on": [
                        "packet_device.registry",
                        "packet_ssh_key.default",
                        "tls_private_key.default"
                    ],
                    "primary": {
                        "id": "522ede88-7802-44a3-a106-e263d9b6aac0",
                        "attributes": {
                            "access_private_ipv4": "10.99.31.191",
                            "access_public_ipv4": "147.75.76.237",
                            "access_public_ipv6": "2604:1380:0:3800::15",
                            "always_pxe": "false",
                            "billing_cycle": "hourly",
                            "created": "2019-04-30T10:24:05Z",
                            "facilities.#": "1",
                            "facilities.0": "ewr1",
                            "facility": "ewr1",
                            "hostname": "kayobe-lab-18",
                            "id": "522ede88-7802-44a3-a106-e263d9b6aac0",
                            "ipxe_script_url": "",
                            "locked": "false",
                            "network.#": "3",
                            "network.0.address": "147.75.76.237",
                            "network.0.cidr": "31",
                            "network.0.family": "4",
                            "network.0.gateway": "147.75.76.236",
                            "network.0.public": "true",
                            "network.1.address": "2604:1380:0:3800::15",
                            "network.1.cidr": "127",
                            "network.1.family": "6",
                            "network.1.gateway": "2604:1380:0:3800::14",
                            "network.1.public": "true",
                            "network.2.address": "10.99.31.191",
                            "network.2.cidr": "31",
                            "network.2.family": "4",
                            "network.2.gateway": "10.99.31.190",
                            "network.2.public": "false",
                            "network_type": "layer3",
                            "operating_system": "centos_7",
                            "plan": "c1.small.x86",
                            "ports.#": "3",
                            "ports.0.bonded": "true",
                            "ports.0.id": "384f1ba5-9edd-442b-8541-c67795c46451",
                            "ports.0.mac": "",
                            "ports.0.name": "bond0",
                            "ports.0.type": "NetworkBondPort",
                            "ports.1.bonded": "true",
                            "ports.1.id": "3586edea-2268-40e7-9350-8df7790ed16b",
                            "ports.1.mac": "ac:1f:6b:99:bd:46",
                            "ports.1.name": "eth0",
                            "ports.1.type": "NetworkPort",
                            "ports.2.bonded": "true",
                            "ports.2.id": "f34edd75-b259-4f8f-be60-90755447e773",
                            "ports.2.mac": "ac:1f:6b:99:bd:47",
                            "ports.2.name": "eth1",
                            "ports.2.type": "NetworkPort",
                            "project_id": "719d7d4b-08f8-4e9b-ad0d-34707f85160d",
                            "public_ipv4_subnet_size": "31",
                            "root_password": "A$;9=pQlW3",
                            "ssh_key_ids.#": "164",
                            "ssh_key_ids.0": "bd192f85-fbeb-4fd3-bca0-7ceb96f91700",
                            "ssh_key_ids.1": "da199044-80dd-48dd-8d1f-ef76ccb13ab5",
                            "ssh_key_ids.10": "0394ad7e-6265-4478-ae1a-3b5d59a217d5",
                            "ssh_key_ids.100": "a722049c-a416-4fb0-a661-290a0d9cf57b",
                            "ssh_key_ids.101": "4e49c810-8e76-4ec7-b1c2-1d9e7f829441",
                            "ssh_key_ids.102": "f81c84bc-7f7f-4c1c-bc6b-4aa9ce236151",
                            "ssh_key_ids.103": "116c4f54-560a-4d95-bddc-29632af8a732",
                            "ssh_key_ids.104": "ccb63b0c-f9e1-4764-a37e-e4408cccbfac",
                            "ssh_key_ids.105": "14c24939-9fd3-4d21-9f11-2557c49a3a9f",
                            "ssh_key_ids.106": "e00adc33-e5eb-4b67-b5f9-4bfa68bd2e53",
                            "ssh_key_ids.107": "f0e74fce-1a0c-4643-8990-f6843728f24f",
                            "ssh_key_ids.108": "13c0308d-5846-46c5-bf46-2fdae2e9c8d7",
                            "ssh_key_ids.109": "7bf767f0-472a-4977-921e-cf55ded84f1c",
                            "ssh_key_ids.11": "0b392f37-4243-4e43-a56c-18208a30acf3",
                            "ssh_key_ids.110": "ee429bfb-8fb3-479b-9c6c-e5579a8bf59d",
                            "ssh_key_ids.111": "305be502-51dd-41a5-b2b1-b58878e9da15",
                            "ssh_key_ids.112": "d88db379-9fa2-454f-97a4-8e7718bbb658",
                            "ssh_key_ids.113": "9a377e1e-c8ce-40c0-bf81-014cab0fcb7c",
                            "ssh_key_ids.114": "d0a93463-eb19-4ed4-82a9-3c354374443e",
                            "ssh_key_ids.115": "c13861b0-d10e-4a0e-a84b-4d0463d54f1a",
                            "ssh_key_ids.116": "b505936c-fca3-4767-9cbe-a5401f97dd95",
                            "ssh_key_ids.117": "895e0d1a-adae-439f-a1a8-a15aa6658c97",
                            "ssh_key_ids.118": "aea43942-9250-4cde-81d1-69e468df8ce6",
                            "ssh_key_ids.119": "68931241-5344-4a8b-884f-4f3a4fc5e231",
                            "ssh_key_ids.12": "0fddd1d0-4fa1-4abb-9bb9-b8381169a715",
                            "ssh_key_ids.120": "7d4eca06-2710-49c7-b4bd-efececa7cd54",
                            "ssh_key_ids.121": "5e0ab35b-4a75-45c1-b679-bc9cb5c9abf8",
                            "ssh_key_ids.122": "bdc5900f-e26d-46fe-8da6-59f9413b4c21",
                            "ssh_key_ids.123": "311e499c-5421-42b0-91a7-cdcc1059dfef",
                            "ssh_key_ids.124": "7c7abede-0f89-4bae-91f3-c4c856140db8",
                            "ssh_key_ids.125": "948d85da-a1a4-45d9-b6bd-e2794c03232d",
                            "ssh_key_ids.126": "214e1ebd-afd3-43f9-bcb6-bf6b9693f830",
                            "ssh_key_ids.127": "8c7583d3-2b01-4df4-a946-939962d827f9",
                            "ssh_key_ids.128": "f6267de9-b50a-4bd8-aac5-51612a403741",
                            "ssh_key_ids.129": "fed60fdf-7e1d-4ffd-af9f-4ac91c2fd430",
                            "ssh_key_ids.13": "33fea3c3-2fb4-424a-834c-190bd53b8f0b",
                            "ssh_key_ids.130": "0fb6897c-2f7f-4d0f-9de1-bd279408a7cb",
                            "ssh_key_ids.131": "1e4e0e97-aace-4cd9-b258-c8408d502284",
                            "ssh_key_ids.132": "0873502f-0980-4e42-a0de-5328eb21b1fe",
                            "ssh_key_ids.133": "9cf77467-cdb7-4dcc-ab9f-4d431712ef3f",
                            "ssh_key_ids.134": "8059f489-7714-4af7-84fc-76869c009378",
                            "ssh_key_ids.135": "659466b5-43b7-47fe-bd6c-b443d3b5df20",
                            "ssh_key_ids.136": "c79bd893-afa8-4fde-9315-1ac6571a0d64",
                            "ssh_key_ids.137": "1dae5119-8c6d-450c-be49-ef323d4ef630",
                            "ssh_key_ids.138": "36b25fc3-3971-4f8f-a6f2-fcf9113e4da8",
                            "ssh_key_ids.139": "27635c6f-e3bd-4403-ae6c-94757f36b601",
                            "ssh_key_ids.14": "7c7abd45-994d-4754-8220-2c5a404933e8",
                            "ssh_key_ids.140": "c57fb351-65ce-4427-a1c2-17868b0d1711",
                            "ssh_key_ids.141": "cc001113-bc02-4d7f-af55-366db9132936",
                            "ssh_key_ids.142": "ee065568-03bb-456e-a1f5-1669939d43cb",
                            "ssh_key_ids.143": "5d3e1674-605d-4e29-aa1a-6f97c6273217",
                            "ssh_key_ids.144": "7afc2a1e-7303-47e0-b75a-ed2587d3f340",
                            "ssh_key_ids.145": "950d1f09-7d94-4838-ac25-e2b63fc256f5",
                            "ssh_key_ids.146": "3b57956f-a711-40db-9a6f-32487503bea1",
                            "ssh_key_ids.147": "e5fd812a-667c-498f-883c-2bd1afddbff3",
                            "ssh_key_ids.148": "be99da3d-601c-4466-8dcb-ff1f8a6a19d8",
                            "ssh_key_ids.149": "b87eb180-f18b-44a6-bbd5-a49f111d7864",
                            "ssh_key_ids.15": "984f885d-a618-4416-a934-f1f00d93f989",
                            "ssh_key_ids.150": "0a929e59-0bcf-4de1-91d1-01a8cdbc9ef6",
                            "ssh_key_ids.151": "4382d197-ecbb-43d9-a7d6-453c100279b8",
                            "ssh_key_ids.152": "6b50e07d-df2c-44b8-8a9e-65bfab6880a1",
                            "ssh_key_ids.153": "eac5e2ca-acf1-46a6-ae4d-aa12f71af765",
                            "ssh_key_ids.154": "b38f0448-bb97-4309-82f2-d1a5f5df0809",
                            "ssh_key_ids.155": "942f8d63-c3ec-4f32-b93a-38b5e0bafd90",
                            "ssh_key_ids.156": "bc4f1745-a5de-45e4-ae82-d7c4988ee1a2",
                            "ssh_key_ids.157": "985ea314-f590-4237-99f5-682a344617d9",
                            "ssh_key_ids.158": "98b939fb-362b-41c8-831a-1f0a2afa400e",
                            "ssh_key_ids.159": "21fecacf-999e-4595-a247-af36a4feb0c1",
                            "ssh_key_ids.16": "89ef47c1-1576-4b8c-a339-2014155f0802",
                            "ssh_key_ids.160": "0c909e8f-7714-43f6-a8a9-fc003c5231a3",
                            "ssh_key_ids.161": "ccb07866-766e-45e2-ae82-a1f1c8cb39c8",
                            "ssh_key_ids.162": "d45fb3b7-af95-4c48-8ad6-e3f3242a5e4a",
                            "ssh_key_ids.163": "25faa130-9a09-4cca-a109-409c7ac309ab",
                            "ssh_key_ids.17": "1689628e-00a8-40e4-a578-9d484d66cc3f",
                            "ssh_key_ids.18": "f67f7c4b-0050-4c18-be29-03a072b204ba",
                            "ssh_key_ids.19": "65c4bc38-3112-4503-b875-5f583aca6424",
                            "ssh_key_ids.2": "2111f3a2-9fe6-4992-aa14-1e01bb0501ce",
                            "ssh_key_ids.20": "912637d1-7b56-481b-bbe4-ccf466e3e161",
                            "ssh_key_ids.21": "f98a99f8-ff13-4391-b5fc-74983219a225",
                            "ssh_key_ids.22": "0e3abb85-56d4-4604-a40a-9f3c6548b30b",
                            "ssh_key_ids.23": "6e703847-5229-4bfd-9229-db6df7397e11",
                            "ssh_key_ids.24": "32c2e969-fe1c-4235-a999-2b8abc061991",
                            "ssh_key_ids.25": "0f73341f-b03d-4323-8d59-af7243dbb475",
                            "ssh_key_ids.26": "84eaa0c1-fd1c-4de8-a60c-e91feb89f14b",
                            "ssh_key_ids.27": "af0fdb13-ba2c-4e19-bcfb-57b1d59ead38",
                            "ssh_key_ids.28": "2765be00-4a38-436c-8eb7-74cb7dba92d3",
                            "ssh_key_ids.29": "e58fd2a9-18d8-4cd9-a1a2-f2610ed83a73",
                            "ssh_key_ids.3": "8ec2af9d-2255-4cc8-a5ae-8dd62262241c",
                            "ssh_key_ids.30": "9058e9af-1b6a-4c7a-bce1-14dc06529d33",
                            "ssh_key_ids.31": "6389afd1-e142-402d-8a1e-90383fbd3cb0",
                            "ssh_key_ids.32": "88436004-0436-4df7-8240-bfd128e8d605",
                            "ssh_key_ids.33": "752d99f5-5dcd-437f-99c9-8325bbabcc59",
                            "ssh_key_ids.34": "34934bed-6b13-4abc-aeb6-1a5a9e994745",
                            "ssh_key_ids.35": "b428db77-8a11-40b6-a6f9-bd6321ea796b",
                            "ssh_key_ids.36": "b68dcaed-078c-41e2-a647-5aa1acb12154",
                            "ssh_key_ids.37": "bb056de1-9025-47e5-89a1-2897643e1f6c",
                            "ssh_key_ids.38": "491b68d1-1663-490d-a2e0-248b496631f4",
                            "ssh_key_ids.39": "842a0495-4b06-4f53-a948-f381d57cb180",
                            "ssh_key_ids.4": "37ffbecc-3536-42d3-8f8b-5235dd97d526",
                            "ssh_key_ids.40": "a102ddd7-bee2-4d61-9262-5978a4b91c04",
                            "ssh_key_ids.41": "892bf2fb-c6b9-459d-bdd0-36d69701a3e6",
                            "ssh_key_ids.42": "c523b161-3e3b-492c-90f4-253a86aed91f",
                            "ssh_key_ids.43": "bb427d7d-ca92-4a98-af84-64d3b43e6325",
                            "ssh_key_ids.44": "38ee2b4b-653d-494e-b008-abd82461f7f6",
                            "ssh_key_ids.45": "0a7d499d-8d80-45ad-9069-8fbaa6e28ea1",
                            "ssh_key_ids.46": "611e233e-835c-4e37-abdd-918842cbe83f",
                            "ssh_key_ids.47": "01097db2-b817-4a41-b016-012c83dad8e4",
                            "ssh_key_ids.48": "dc275958-fb33-4a63-a21b-e33d3dfd3a14",
                            "ssh_key_ids.49": "e82a688a-f07a-480e-a408-199baca463c9",
                            "ssh_key_ids.5": "93b62667-9821-43c9-9b47-09c72bfc16fe",
                            "ssh_key_ids.50": "82bd80ac-b1df-4801-88b7-8b835b78570c",
                            "ssh_key_ids.51": "a7c4c16b-8163-4d61-8485-5f05eb11f013",
                            "ssh_key_ids.52": "d7a07953-9e75-465e-9495-775f03018db0",
                            "ssh_key_ids.53": "290afd05-1d05-4fd4-a7ac-27be4b92458f",
                            "ssh_key_ids.54": "8499c022-65c8-40dd-ab33-d331388ac5d9",
                            "ssh_key_ids.55": "8ad4e695-a082-43c5-ac1b-456964b321c6",
                            "ssh_key_ids.56": "59b26c30-c0ca-4ac5-ba7f-143efd14f792",
                            "ssh_key_ids.57": "ccf9952b-afcb-4df1-b002-0c60717e2592",
                            "ssh_key_ids.58": "d059cfe2-3215-4686-aeaa-051a5a423d2a",
                            "ssh_key_ids.59": "c0fea396-b8f9-43d0-a453-9bbc868a1d81",
                            "ssh_key_ids.6": "09223179-7d28-40a4-b18e-b7ed3e350c6a",
                            "ssh_key_ids.60": "82f1421a-5a62-442c-adbf-6f4534ff96fe",
                            "ssh_key_ids.61": "59e22e40-bf99-4d3a-ae05-3eb4d599cabc",
                            "ssh_key_ids.62": "ec684e16-0a82-4508-af90-88d5c598bd04",
                            "ssh_key_ids.63": "1a5374e7-ae0b-44e8-8290-a7f9e34c6374",
                            "ssh_key_ids.64": "22050c70-4363-4734-8c11-57855494147c",
                            "ssh_key_ids.65": "9ee4a2b0-3668-411b-af84-07f61d71afa8",
                            "ssh_key_ids.66": "3199b332-bec2-45ef-9e25-ba9057972da7",
                            "ssh_key_ids.67": "f63582f2-9d53-487f-a9af-d739e36b07af",
                            "ssh_key_ids.68": "f86d606c-d11c-4b10-b0d2-326e3b791cdf",
                            "ssh_key_ids.69": "303a0e97-7dd1-4444-9def-d7ebf932a892",
                            "ssh_key_ids.7": "f7e8e7ed-d248-4e81-9f0a-15ef569fb264",
                            "ssh_key_ids.70": "7fb2d14c-11b6-4c52-a9d0-2a4a6113dbab",
                            "ssh_key_ids.71": "0c1be6d5-8b38-4920-94f2-6ddaaa25bb9d",
                            "ssh_key_ids.72": "a2579e04-6f2e-4488-8e58-c48a0aa7f70b",
                            "ssh_key_ids.73": "f1b4cad0-7e3f-4574-bc52-6567dd2fd125",
                            "ssh_key_ids.74": "494f995f-069a-4407-bf31-d1e67142f9fd",
                            "ssh_key_ids.75": "bc84ed0c-228d-4eb5-97b4-4cd7b6e6a0f9",
                            "ssh_key_ids.76": "e75e4f46-8e6b-4f66-8612-1879bbb96623",
                            "ssh_key_ids.77": "f8e3e26a-214b-457a-a7de-0aa31723f04e",
                            "ssh_key_ids.78": "d02bec99-0344-4cf3-bd06-8bad8969b9fe",
                            "ssh_key_ids.79": "85e0e5cf-7e19-42f8-9dc2-da41de539495",
                            "ssh_key_ids.8": "f78dd9de-77e6-4386-9014-14258f6ed18c",
                            "ssh_key_ids.80": "32a48504-ef65-452f-ae33-d161205c1b11",
                            "ssh_key_ids.81": "3a4e67f8-b12d-43d4-a35d-e5d33a9ccd98",
                            "ssh_key_ids.82": "80b28858-2421-41bb-bbea-c4ad4a5db2c9",
                            "ssh_key_ids.83": "036d46c3-8727-4a00-b59b-7f80443a2afc",
                            "ssh_key_ids.84": "04d2d40f-d0ae-4862-9537-62a9e43a22cd",
                            "ssh_key_ids.85": "c33ea9e0-ed31-43ce-8bba-e5e8da4edd83",
                            "ssh_key_ids.86": "6e8257dd-b7b9-4f30-b9d1-e7131a4d2121",
                            "ssh_key_ids.87": "ec9105b6-bdd2-4bcc-a6ca-00055f55f504",
                            "ssh_key_ids.88": "d0cce71a-c3ea-4b60-9866-d8f12d749d13",
                            "ssh_key_ids.89": "1df0179f-a9af-4c8e-b9bf-5991f6e1b7f0",
                            "ssh_key_ids.9": "f718cdab-a523-45c3-9b01-80dc045be122",
                            "ssh_key_ids.90": "3bde399d-1ee1-49ca-acad-8df41956df20",
                            "ssh_key_ids.91": "7c41c050-74ad-4aa7-b63b-8c75d9db4051",
                            "ssh_key_ids.92": "fedb7753-6dba-4aa4-8371-999c6bab70de",
                            "ssh_key_ids.93": "a8855483-e011-4d68-86a5-2f530738dd17",
                            "ssh_key_ids.94": "954bd64c-a66b-45fb-900e-04f0b8b18cdf",
                            "ssh_key_ids.95": "6219b353-d4ec-4ba5-9a40-19304b4fe1af",
                            "ssh_key_ids.96": "d6a50bd7-69c4-4c2b-99be-9adbefc6e3dc",
                            "ssh_key_ids.97": "fac2cbbc-70ef-4386-a0e6-df3aa1fe9609",
                            "ssh_key_ids.98": "1776caa4-e965-4891-af1a-427ce73a88e9",
                            "ssh_key_ids.99": "36c08ba3-3dc2-45bf-aad5-3f9d6c2f8173",
                            "state": "active",
                            "storage": "",
                            "tags.#": "0",
                            "updated": "2019-04-30T10:26:37Z"
                        },
                        "meta": {},
                        "tainted": false
                    },
                    "deposed": [],
                    "provider": "provider.packet"
                },
                "packet_device.lab.19": {
                    "type": "packet_device",
                    "depends_on": [
                        "packet_device.registry",
                        "packet_ssh_key.default",
                        "tls_private_key.default"
                    ],
                    "primary": {
                        "id": "a1f6f612-5fdc-4289-bf72-5af8c5dd64ae",
                        "attributes": {
                            "access_private_ipv4": "10.99.31.129",
                            "access_public_ipv4": "147.75.77.125",
                            "access_public_ipv6": "2604:1380:0:3800::1",
                            "always_pxe": "false",
                            "billing_cycle": "hourly",
                            "created": "2019-04-30T11:09:03Z",
                            "facilities.#": "1",
                            "facilities.0": "ewr1",
                            "facility": "ewr1",
                            "hostname": "kayobe-lab-19",
                            "id": "a1f6f612-5fdc-4289-bf72-5af8c5dd64ae",
                            "ipxe_script_url": "",
                            "locked": "false",
                            "network.#": "3",
                            "network.0.address": "147.75.77.125",
                            "network.0.cidr": "31",
                            "network.0.family": "4",
                            "network.0.gateway": "147.75.77.124",
                            "network.0.public": "true",
                            "network.1.address": "2604:1380:0:3800::1",
                            "network.1.cidr": "127",
                            "network.1.family": "6",
                            "network.1.gateway": "2604:1380:0:3800::",
                            "network.1.public": "true",
                            "network.2.address": "10.99.31.129",
                            "network.2.cidr": "31",
                            "network.2.family": "4",
                            "network.2.gateway": "10.99.31.128",
                            "network.2.public": "false",
                            "network_type": "layer3",
                            "operating_system": "centos_7",
                            "plan": "c1.small.x86",
                            "ports.#": "3",
                            "ports.0.bonded": "true",
                            "ports.0.id": "7df686d0-866f-4186-94c5-be3c93ff74c6",
                            "ports.0.mac": "",
                            "ports.0.name": "bond0",
                            "ports.0.type": "NetworkBondPort",
                            "ports.1.bonded": "true",
                            "ports.1.id": "e9976e66-1040-46ea-a317-1fa4b6d6e7b9",
                            "ports.1.mac": "ac:1f:6b:99:b9:02",
                            "ports.1.name": "eth0",
                            "ports.1.type": "NetworkPort",
                            "ports.2.bonded": "true",
                            "ports.2.id": "9371c46c-f8f7-44b2-bbe3-3834a7cf524a",
                            "ports.2.mac": "ac:1f:6b:99:b9:03",
                            "ports.2.name": "eth1",
                            "ports.2.type": "NetworkPort",
                            "project_id": "719d7d4b-08f8-4e9b-ad0d-34707f85160d",
                            "public_ipv4_subnet_size": "31",
                            "root_password": "i2Nd6Kx:Y#",
                            "ssh_key_ids.#": "164",
                            "ssh_key_ids.0": "da199044-80dd-48dd-8d1f-ef76ccb13ab5",
                            "ssh_key_ids.1": "bd192f85-fbeb-4fd3-bca0-7ceb96f91700",
                            "ssh_key_ids.10": "a2579e04-6f2e-4488-8e58-c48a0aa7f70b",
                            "ssh_key_ids.100": "c57fb351-65ce-4427-a1c2-17868b0d1711",
                            "ssh_key_ids.101": "36b25fc3-3971-4f8f-a6f2-fcf9113e4da8",
                            "ssh_key_ids.102": "5e0ab35b-4a75-45c1-b679-bc9cb5c9abf8",
                            "ssh_key_ids.103": "aea43942-9250-4cde-81d1-69e468df8ce6",
                            "ssh_key_ids.104": "895e0d1a-adae-439f-a1a8-a15aa6658c97",
                            "ssh_key_ids.105": "fac2cbbc-70ef-4386-a0e6-df3aa1fe9609",
                            "ssh_key_ids.106": "d6a50bd7-69c4-4c2b-99be-9adbefc6e3dc",
                            "ssh_key_ids.107": "6219b353-d4ec-4ba5-9a40-19304b4fe1af",
                            "ssh_key_ids.108": "14c24939-9fd3-4d21-9f11-2557c49a3a9f",
                            "ssh_key_ids.109": "f1b4cad0-7e3f-4574-bc52-6567dd2fd125",
                            "ssh_key_ids.11": "0c1be6d5-8b38-4920-94f2-6ddaaa25bb9d",
                            "ssh_key_ids.110": "0394ad7e-6265-4478-ae1a-3b5d59a217d5",
                            "ssh_key_ids.111": "38ee2b4b-653d-494e-b008-abd82461f7f6",
                            "ssh_key_ids.112": "c523b161-3e3b-492c-90f4-253a86aed91f",
                            "ssh_key_ids.113": "892bf2fb-c6b9-459d-bdd0-36d69701a3e6",
                            "ssh_key_ids.114": "0e3abb85-56d4-4604-a40a-9f3c6548b30b",
                            "ssh_key_ids.115": "89ef47c1-1576-4b8c-a339-2014155f0802",
                            "ssh_key_ids.116": "88436004-0436-4df7-8240-bfd128e8d605",
                            "ssh_key_ids.117": "7c7abd45-994d-4754-8220-2c5a404933e8",
                            "ssh_key_ids.118": "912637d1-7b56-481b-bbe4-ccf466e3e161",
                            "ssh_key_ids.119": "984f885d-a618-4416-a934-f1f00d93f989",
                            "ssh_key_ids.12": "7fb2d14c-11b6-4c52-a9d0-2a4a6113dbab",
                            "ssh_key_ids.120": "1689628e-00a8-40e4-a578-9d484d66cc3f",
                            "ssh_key_ids.121": "d0a93463-eb19-4ed4-82a9-3c354374443e",
                            "ssh_key_ids.122": "214e1ebd-afd3-43f9-bcb6-bf6b9693f830",
                            "ssh_key_ids.123": "948d85da-a1a4-45d9-b6bd-e2794c03232d",
                            "ssh_key_ids.124": "7c7abede-0f89-4bae-91f3-c4c856140db8",
                            "ssh_key_ids.125": "0fddd1d0-4fa1-4abb-9bb9-b8381169a715",
                            "ssh_key_ids.126": "b505936c-fca3-4767-9cbe-a5401f97dd95",
                            "ssh_key_ids.127": "68931241-5344-4a8b-884f-4f3a4fc5e231",
                            "ssh_key_ids.128": "c13861b0-d10e-4a0e-a84b-4d0463d54f1a",
                            "ssh_key_ids.129": "b68dcaed-078c-41e2-a647-5aa1acb12154",
                            "ssh_key_ids.13": "9ee4a2b0-3668-411b-af84-07f61d71afa8",
                            "ssh_key_ids.130": "305be502-51dd-41a5-b2b1-b58878e9da15",
                            "ssh_key_ids.131": "e00adc33-e5eb-4b67-b5f9-4bfa68bd2e53",
                            "ssh_key_ids.132": "93b62667-9821-43c9-9b47-09c72bfc16fe",
                            "ssh_key_ids.133": "f67f7c4b-0050-4c18-be29-03a072b204ba",
                            "ssh_key_ids.134": "ee429bfb-8fb3-479b-9c6c-e5579a8bf59d",
                            "ssh_key_ids.135": "b428db77-8a11-40b6-a6f9-bd6321ea796b",
                            "ssh_key_ids.136": "2765be00-4a38-436c-8eb7-74cb7dba92d3",
                            "ssh_key_ids.137": "01097db2-b817-4a41-b016-012c83dad8e4",
                            "ssh_key_ids.138": "9a377e1e-c8ce-40c0-bf81-014cab0fcb7c",
                            "ssh_key_ids.139": "37ffbecc-3536-42d3-8f8b-5235dd97d526",
                            "ssh_key_ids.14": "22050c70-4363-4734-8c11-57855494147c",
                            "ssh_key_ids.140": "27635c6f-e3bd-4403-ae6c-94757f36b601",
                            "ssh_key_ids.141": "f78dd9de-77e6-4386-9014-14258f6ed18c",
                            "ssh_key_ids.142": "0f73341f-b03d-4323-8d59-af7243dbb475",
                            "ssh_key_ids.143": "84eaa0c1-fd1c-4de8-a60c-e91feb89f14b",
                            "ssh_key_ids.144": "09223179-7d28-40a4-b18e-b7ed3e350c6a",
                            "ssh_key_ids.145": "cc001113-bc02-4d7f-af55-366db9132936",
                            "ssh_key_ids.146": "b38f0448-bb97-4309-82f2-d1a5f5df0809",
                            "ssh_key_ids.147": "0a929e59-0bcf-4de1-91d1-01a8cdbc9ef6",
                            "ssh_key_ids.148": "b87eb180-f18b-44a6-bbd5-a49f111d7864",
                            "ssh_key_ids.149": "be99da3d-601c-4466-8dcb-ff1f8a6a19d8",
                            "ssh_key_ids.15": "1a5374e7-ae0b-44e8-8290-a7f9e34c6374",
                            "ssh_key_ids.150": "e5fd812a-667c-498f-883c-2bd1afddbff3",
                            "ssh_key_ids.151": "3b57956f-a711-40db-9a6f-32487503bea1",
                            "ssh_key_ids.152": "942f8d63-c3ec-4f32-b93a-38b5e0bafd90",
                            "ssh_key_ids.153": "eac5e2ca-acf1-46a6-ae4d-aa12f71af765",
                            "ssh_key_ids.154": "6b50e07d-df2c-44b8-8a9e-65bfab6880a1",
                            "ssh_key_ids.155": "4382d197-ecbb-43d9-a7d6-453c100279b8",
                            "ssh_key_ids.156": "bc4f1745-a5de-45e4-ae82-d7c4988ee1a2",
                            "ssh_key_ids.157": "985ea314-f590-4237-99f5-682a344617d9",
                            "ssh_key_ids.158": "98b939fb-362b-41c8-831a-1f0a2afa400e",
                            "ssh_key_ids.159": "21fecacf-999e-4595-a247-af36a4feb0c1",
                            "ssh_key_ids.16": "ec684e16-0a82-4508-af90-88d5c598bd04",
                            "ssh_key_ids.160": "0c909e8f-7714-43f6-a8a9-fc003c5231a3",
                            "ssh_key_ids.161": "ccb07866-766e-45e2-ae82-a1f1c8cb39c8",
                            "ssh_key_ids.162": "d45fb3b7-af95-4c48-8ad6-e3f3242a5e4a",
                            "ssh_key_ids.163": "25faa130-9a09-4cca-a109-409c7ac309ab",
                            "ssh_key_ids.17": "d059cfe2-3215-4686-aeaa-051a5a423d2a",
                            "ssh_key_ids.18": "ccf9952b-afcb-4df1-b002-0c60717e2592",
                            "ssh_key_ids.19": "59b26c30-c0ca-4ac5-ba7f-143efd14f792",
                            "ssh_key_ids.2": "fedb7753-6dba-4aa4-8371-999c6bab70de",
                            "ssh_key_ids.20": "8ad4e695-a082-43c5-ac1b-456964b321c6",
                            "ssh_key_ids.21": "8499c022-65c8-40dd-ab33-d331388ac5d9",
                            "ssh_key_ids.22": "290afd05-1d05-4fd4-a7ac-27be4b92458f",
                            "ssh_key_ids.23": "d7a07953-9e75-465e-9495-775f03018db0",
                            "ssh_key_ids.24": "82bd80ac-b1df-4801-88b7-8b835b78570c",
                            "ssh_key_ids.25": "e82a688a-f07a-480e-a408-199baca463c9",
                            "ssh_key_ids.26": "dc275958-fb33-4a63-a21b-e33d3dfd3a14",
                            "ssh_key_ids.27": "611e233e-835c-4e37-abdd-918842cbe83f",
                            "ssh_key_ids.28": "303a0e97-7dd1-4444-9def-d7ebf932a892",
                            "ssh_key_ids.29": "6e8257dd-b7b9-4f30-b9d1-e7131a4d2121",
                            "ssh_key_ids.3": "7c41c050-74ad-4aa7-b63b-8c75d9db4051",
                            "ssh_key_ids.30": "f86d606c-d11c-4b10-b0d2-326e3b791cdf",
                            "ssh_key_ids.31": "c33ea9e0-ed31-43ce-8bba-e5e8da4edd83",
                            "ssh_key_ids.32": "f63582f2-9d53-487f-a9af-d739e36b07af",
                            "ssh_key_ids.33": "3199b332-bec2-45ef-9e25-ba9057972da7",
                            "ssh_key_ids.34": "59e22e40-bf99-4d3a-ae05-3eb4d599cabc",
                            "ssh_key_ids.35": "82f1421a-5a62-442c-adbf-6f4534ff96fe",
                            "ssh_key_ids.36": "c0fea396-b8f9-43d0-a453-9bbc868a1d81",
                            "ssh_key_ids.37": "6e703847-5229-4bfd-9229-db6df7397e11",
                            "ssh_key_ids.38": "a102ddd7-bee2-4d61-9262-5978a4b91c04",
                            "ssh_key_ids.39": "842a0495-4b06-4f53-a948-f381d57cb180",
                            "ssh_key_ids.4": "3bde399d-1ee1-49ca-acad-8df41956df20",
                            "ssh_key_ids.40": "32c2e969-fe1c-4235-a999-2b8abc061991",
                            "ssh_key_ids.41": "491b68d1-1663-490d-a2e0-248b496631f4",
                            "ssh_key_ids.42": "0873502f-0980-4e42-a0de-5328eb21b1fe",
                            "ssh_key_ids.43": "1e4e0e97-aace-4cd9-b258-c8408d502284",
                            "ssh_key_ids.44": "0fb6897c-2f7f-4d0f-9de1-bd279408a7cb",
                            "ssh_key_ids.45": "fed60fdf-7e1d-4ffd-af9f-4ac91c2fd430",
                            "ssh_key_ids.46": "f6267de9-b50a-4bd8-aac5-51612a403741",
                            "ssh_key_ids.47": "8c7583d3-2b01-4df4-a946-939962d827f9",
                            "ssh_key_ids.48": "311e499c-5421-42b0-91a7-cdcc1059dfef",
                            "ssh_key_ids.49": "bdc5900f-e26d-46fe-8da6-59f9413b4c21",
                            "ssh_key_ids.5": "1df0179f-a9af-4c8e-b9bf-5991f6e1b7f0",
                            "ssh_key_ids.50": "7d4eca06-2710-49c7-b4bd-efececa7cd54",
                            "ssh_key_ids.51": "bc84ed0c-228d-4eb5-97b4-4cd7b6e6a0f9",
                            "ssh_key_ids.52": "bb056de1-9025-47e5-89a1-2897643e1f6c",
                            "ssh_key_ids.53": "f98a99f8-ff13-4391-b5fc-74983219a225",
                            "ssh_key_ids.54": "f718cdab-a523-45c3-9b01-80dc045be122",
                            "ssh_key_ids.55": "0a7d499d-8d80-45ad-9069-8fbaa6e28ea1",
                            "ssh_key_ids.56": "bb427d7d-ca92-4a98-af84-64d3b43e6325",
                            "ssh_key_ids.57": "34934bed-6b13-4abc-aeb6-1a5a9e994745",
                            "ssh_key_ids.58": "752d99f5-5dcd-437f-99c9-8325bbabcc59",
                            "ssh_key_ids.59": "0b392f37-4243-4e43-a56c-18208a30acf3",
                            "ssh_key_ids.6": "d0cce71a-c3ea-4b60-9866-d8f12d749d13",
                            "ssh_key_ids.60": "33fea3c3-2fb4-424a-834c-190bd53b8f0b",
                            "ssh_key_ids.61": "65c4bc38-3112-4503-b875-5f583aca6424",
                            "ssh_key_ids.62": "a7c4c16b-8163-4d61-8485-5f05eb11f013",
                            "ssh_key_ids.63": "6389afd1-e142-402d-8a1e-90383fbd3cb0",
                            "ssh_key_ids.64": "9058e9af-1b6a-4c7a-bce1-14dc06529d33",
                            "ssh_key_ids.65": "e58fd2a9-18d8-4cd9-a1a2-f2610ed83a73",
                            "ssh_key_ids.66": "af0fdb13-ba2c-4e19-bcfb-57b1d59ead38",
                            "ssh_key_ids.67": "f7e8e7ed-d248-4e81-9f0a-15ef569fb264",
                            "ssh_key_ids.68": "8ec2af9d-2255-4cc8-a5ae-8dd62262241c",
                            "ssh_key_ids.69": "2111f3a2-9fe6-4992-aa14-1e01bb0501ce",
                            "ssh_key_ids.7": "ec9105b6-bdd2-4bcc-a6ca-00055f55f504",
                            "ssh_key_ids.70": "04d2d40f-d0ae-4862-9537-62a9e43a22cd",
                            "ssh_key_ids.71": "036d46c3-8727-4a00-b59b-7f80443a2afc",
                            "ssh_key_ids.72": "80b28858-2421-41bb-bbea-c4ad4a5db2c9",
                            "ssh_key_ids.73": "3a4e67f8-b12d-43d4-a35d-e5d33a9ccd98",
                            "ssh_key_ids.74": "32a48504-ef65-452f-ae33-d161205c1b11",
                            "ssh_key_ids.75": "85e0e5cf-7e19-42f8-9dc2-da41de539495",
                            "ssh_key_ids.76": "d02bec99-0344-4cf3-bd06-8bad8969b9fe",
                            "ssh_key_ids.77": "f8e3e26a-214b-457a-a7de-0aa31723f04e",
                            "ssh_key_ids.78": "f81c84bc-7f7f-4c1c-bc6b-4aa9ce236151",
                            "ssh_key_ids.79": "a722049c-a416-4fb0-a661-290a0d9cf57b",
                            "ssh_key_ids.8": "e75e4f46-8e6b-4f66-8612-1879bbb96623",
                            "ssh_key_ids.80": "36c08ba3-3dc2-45bf-aad5-3f9d6c2f8173",
                            "ssh_key_ids.81": "1776caa4-e965-4891-af1a-427ce73a88e9",
                            "ssh_key_ids.82": "950d1f09-7d94-4838-ac25-e2b63fc256f5",
                            "ssh_key_ids.83": "7afc2a1e-7303-47e0-b75a-ed2587d3f340",
                            "ssh_key_ids.84": "5d3e1674-605d-4e29-aa1a-6f97c6273217",
                            "ssh_key_ids.85": "1dae5119-8c6d-450c-be49-ef323d4ef630",
                            "ssh_key_ids.86": "c79bd893-afa8-4fde-9315-1ac6571a0d64",
                            "ssh_key_ids.87": "659466b5-43b7-47fe-bd6c-b443d3b5df20",
                            "ssh_key_ids.88": "8059f489-7714-4af7-84fc-76869c009378",
                            "ssh_key_ids.89": "9cf77467-cdb7-4dcc-ab9f-4d431712ef3f",
                            "ssh_key_ids.9": "494f995f-069a-4407-bf31-d1e67142f9fd",
                            "ssh_key_ids.90": "d88db379-9fa2-454f-97a4-8e7718bbb658",
                            "ssh_key_ids.91": "7bf767f0-472a-4977-921e-cf55ded84f1c",
                            "ssh_key_ids.92": "13c0308d-5846-46c5-bf46-2fdae2e9c8d7",
                            "ssh_key_ids.93": "f0e74fce-1a0c-4643-8990-f6843728f24f",
                            "ssh_key_ids.94": "ccb63b0c-f9e1-4764-a37e-e4408cccbfac",
                            "ssh_key_ids.95": "116c4f54-560a-4d95-bddc-29632af8a732",
                            "ssh_key_ids.96": "4e49c810-8e76-4ec7-b1c2-1d9e7f829441",
                            "ssh_key_ids.97": "954bd64c-a66b-45fb-900e-04f0b8b18cdf",
                            "ssh_key_ids.98": "a8855483-e011-4d68-86a5-2f530738dd17",
                            "ssh_key_ids.99": "ee065568-03bb-456e-a1f5-1669939d43cb",
                            "state": "active",
                            "storage": "",
                            "tags.#": "0",
                            "updated": "2019-04-30T11:10:33Z"
                        },
                        "meta": {},
                        "tainted": false
                    },
                    "deposed": [],
                    "provider": "provider.packet"
                },
                "packet_device.lab.2": {
                    "type": "packet_device",
                    "depends_on": [
                        "packet_device.registry",
                        "packet_ssh_key.default",
                        "tls_private_key.default"
                    ],
                    "primary": {
                        "id": "eb9786a1-8784-4073-8341-61b6e9227ea5",
                        "attributes": {
                            "access_private_ipv4": "10.99.31.139",
                            "access_public_ipv4": "147.75.199.41",
                            "access_public_ipv6": "2604:1380:0:3800::2b",
                            "always_pxe": "false",
                            "billing_cycle": "hourly",
                            "created": "2019-04-30T09:51:28Z",
                            "facilities.#": "1",
                            "facilities.0": "ewr1",
                            "facility": "ewr1",
                            "hostname": "kayobe-lab-02",
                            "id": "eb9786a1-8784-4073-8341-61b6e9227ea5",
                            "ipxe_script_url": "",
                            "locked": "false",
                            "network.#": "3",
                            "network.0.address": "147.75.199.41",
                            "network.0.cidr": "31",
                            "network.0.family": "4",
                            "network.0.gateway": "147.75.199.40",
                            "network.0.public": "true",
                            "network.1.address": "2604:1380:0:3800::2b",
                            "network.1.cidr": "127",
                            "network.1.family": "6",
                            "network.1.gateway": "2604:1380:0:3800::2a",
                            "network.1.public": "true",
                            "network.2.address": "10.99.31.139",
                            "network.2.cidr": "31",
                            "network.2.family": "4",
                            "network.2.gateway": "10.99.31.138",
                            "network.2.public": "false",
                            "network_type": "layer3",
                            "operating_system": "centos_7",
                            "plan": "c1.small.x86",
                            "ports.#": "3",
                            "ports.0.bonded": "true",
                            "ports.0.id": "0efbd4ff-0747-4847-a0b8-75f73a4b87e0",
                            "ports.0.mac": "",
                            "ports.0.name": "bond0",
                            "ports.0.type": "NetworkBondPort",
                            "ports.1.bonded": "true",
                            "ports.1.id": "12a9af9f-fa19-435b-aa43-adfee82bbb41",
                            "ports.1.mac": "0c:c4:7a:e5:21:30",
                            "ports.1.name": "eth0",
                            "ports.1.type": "NetworkPort",
                            "ports.2.bonded": "true",
                            "ports.2.id": "66370aae-2d44-4dd0-b0d8-ce631baa4572",
                            "ports.2.mac": "0c:c4:7a:e5:21:31",
                            "ports.2.name": "eth1",
                            "ports.2.type": "NetworkPort",
                            "project_id": "719d7d4b-08f8-4e9b-ad0d-34707f85160d",
                            "public_ipv4_subnet_size": "31",
                            "root_password": ":77Fu%fQN)",
                            "ssh_key_ids.#": "164",
                            "ssh_key_ids.0": "bd192f85-fbeb-4fd3-bca0-7ceb96f91700",
                            "ssh_key_ids.1": "da199044-80dd-48dd-8d1f-ef76ccb13ab5",
                            "ssh_key_ids.10": "f78dd9de-77e6-4386-9014-14258f6ed18c",
                            "ssh_key_ids.100": "f0e74fce-1a0c-4643-8990-f6843728f24f",
                            "ssh_key_ids.101": "34934bed-6b13-4abc-aeb6-1a5a9e994745",
                            "ssh_key_ids.102": "b428db77-8a11-40b6-a6f9-bd6321ea796b",
                            "ssh_key_ids.103": "3199b332-bec2-45ef-9e25-ba9057972da7",
                            "ssh_key_ids.104": "303a0e97-7dd1-4444-9def-d7ebf932a892",
                            "ssh_key_ids.105": "7bf767f0-472a-4977-921e-cf55ded84f1c",
                            "ssh_key_ids.106": "7fb2d14c-11b6-4c52-a9d0-2a4a6113dbab",
                            "ssh_key_ids.107": "27635c6f-e3bd-4403-ae6c-94757f36b601",
                            "ssh_key_ids.108": "bc84ed0c-228d-4eb5-97b4-4cd7b6e6a0f9",
                            "ssh_key_ids.109": "f8e3e26a-214b-457a-a7de-0aa31723f04e",
                            "ssh_key_ids.11": "aea43942-9250-4cde-81d1-69e468df8ce6",
                            "ssh_key_ids.110": "d0cce71a-c3ea-4b60-9866-d8f12d749d13",
                            "ssh_key_ids.111": "1df0179f-a9af-4c8e-b9bf-5991f6e1b7f0",
                            "ssh_key_ids.112": "d6a50bd7-69c4-4c2b-99be-9adbefc6e3dc",
                            "ssh_key_ids.113": "950d1f09-7d94-4838-ac25-e2b63fc256f5",
                            "ssh_key_ids.114": "d02bec99-0344-4cf3-bd06-8bad8969b9fe",
                            "ssh_key_ids.115": "e75e4f46-8e6b-4f66-8612-1879bbb96623",
                            "ssh_key_ids.116": "0a7d499d-8d80-45ad-9069-8fbaa6e28ea1",
                            "ssh_key_ids.117": "bb427d7d-ca92-4a98-af84-64d3b43e6325",
                            "ssh_key_ids.118": "c523b161-3e3b-492c-90f4-253a86aed91f",
                            "ssh_key_ids.119": "892bf2fb-c6b9-459d-bdd0-36d69701a3e6",
                            "ssh_key_ids.12": "68931241-5344-4a8b-884f-4f3a4fc5e231",
                            "ssh_key_ids.120": "13c0308d-5846-46c5-bf46-2fdae2e9c8d7",
                            "ssh_key_ids.121": "a102ddd7-bee2-4d61-9262-5978a4b91c04",
                            "ssh_key_ids.122": "842a0495-4b06-4f53-a948-f381d57cb180",
                            "ssh_key_ids.123": "491b68d1-1663-490d-a2e0-248b496631f4",
                            "ssh_key_ids.124": "bb056de1-9025-47e5-89a1-2897643e1f6c",
                            "ssh_key_ids.125": "b68dcaed-078c-41e2-a647-5aa1acb12154",
                            "ssh_key_ids.126": "984f885d-a618-4416-a934-f1f00d93f989",
                            "ssh_key_ids.127": "a722049c-a416-4fb0-a661-290a0d9cf57b",
                            "ssh_key_ids.128": "1776caa4-e965-4891-af1a-427ce73a88e9",
                            "ssh_key_ids.129": "0873502f-0980-4e42-a0de-5328eb21b1fe",
                            "ssh_key_ids.13": "7d4eca06-2710-49c7-b4bd-efececa7cd54",
                            "ssh_key_ids.130": "cc001113-bc02-4d7f-af55-366db9132936",
                            "ssh_key_ids.131": "88436004-0436-4df7-8240-bfd128e8d605",
                            "ssh_key_ids.132": "f81c84bc-7f7f-4c1c-bc6b-4aa9ce236151",
                            "ssh_key_ids.133": "895e0d1a-adae-439f-a1a8-a15aa6658c97",
                            "ssh_key_ids.134": "116c4f54-560a-4d95-bddc-29632af8a732",
                            "ssh_key_ids.135": "36c08ba3-3dc2-45bf-aad5-3f9d6c2f8173",
                            "ssh_key_ids.136": "fac2cbbc-70ef-4386-a0e6-df3aa1fe9609",
                            "ssh_key_ids.137": "14c24939-9fd3-4d21-9f11-2557c49a3a9f",
                            "ssh_key_ids.138": "36b25fc3-3971-4f8f-a6f2-fcf9113e4da8",
                            "ssh_key_ids.139": "f67f7c4b-0050-4c18-be29-03a072b204ba",
                            "ssh_key_ids.14": "37ffbecc-3536-42d3-8f8b-5235dd97d526",
                            "ssh_key_ids.140": "ee429bfb-8fb3-479b-9c6c-e5579a8bf59d",
                            "ssh_key_ids.141": "93b62667-9821-43c9-9b47-09c72bfc16fe",
                            "ssh_key_ids.142": "305be502-51dd-41a5-b2b1-b58878e9da15",
                            "ssh_key_ids.143": "af0fdb13-ba2c-4e19-bcfb-57b1d59ead38",
                            "ssh_key_ids.144": "c13861b0-d10e-4a0e-a84b-4d0463d54f1a",
                            "ssh_key_ids.145": "e00adc33-e5eb-4b67-b5f9-4bfa68bd2e53",
                            "ssh_key_ids.146": "b38f0448-bb97-4309-82f2-d1a5f5df0809",
                            "ssh_key_ids.147": "b87eb180-f18b-44a6-bbd5-a49f111d7864",
                            "ssh_key_ids.148": "be99da3d-601c-4466-8dcb-ff1f8a6a19d8",
                            "ssh_key_ids.149": "942f8d63-c3ec-4f32-b93a-38b5e0bafd90",
                            "ssh_key_ids.15": "8ec2af9d-2255-4cc8-a5ae-8dd62262241c",
                            "ssh_key_ids.150": "eac5e2ca-acf1-46a6-ae4d-aa12f71af765",
                            "ssh_key_ids.151": "0a929e59-0bcf-4de1-91d1-01a8cdbc9ef6",
                            "ssh_key_ids.152": "e5fd812a-667c-498f-883c-2bd1afddbff3",
                            "ssh_key_ids.153": "3b57956f-a711-40db-9a6f-32487503bea1",
                            "ssh_key_ids.154": "6b50e07d-df2c-44b8-8a9e-65bfab6880a1",
                            "ssh_key_ids.155": "4382d197-ecbb-43d9-a7d6-453c100279b8",
                            "ssh_key_ids.156": "bc4f1745-a5de-45e4-ae82-d7c4988ee1a2",
                            "ssh_key_ids.157": "985ea314-f590-4237-99f5-682a344617d9",
                            "ssh_key_ids.158": "98b939fb-362b-41c8-831a-1f0a2afa400e",
                            "ssh_key_ids.159": "21fecacf-999e-4595-a247-af36a4feb0c1",
                            "ssh_key_ids.16": "5d3e1674-605d-4e29-aa1a-6f97c6273217",
                            "ssh_key_ids.160": "0c909e8f-7714-43f6-a8a9-fc003c5231a3",
                            "ssh_key_ids.161": "ccb07866-766e-45e2-ae82-a1f1c8cb39c8",
                            "ssh_key_ids.162": "d45fb3b7-af95-4c48-8ad6-e3f3242a5e4a",
                            "ssh_key_ids.163": "25faa130-9a09-4cca-a109-409c7ac309ab",
                            "ssh_key_ids.17": "c57fb351-65ce-4427-a1c2-17868b0d1711",
                            "ssh_key_ids.18": "5e0ab35b-4a75-45c1-b679-bc9cb5c9abf8",
                            "ssh_key_ids.19": "0fddd1d0-4fa1-4abb-9bb9-b8381169a715",
                            "ssh_key_ids.2": "6e703847-5229-4bfd-9229-db6df7397e11",
                            "ssh_key_ids.20": "bdc5900f-e26d-46fe-8da6-59f9413b4c21",
                            "ssh_key_ids.21": "311e499c-5421-42b0-91a7-cdcc1059dfef",
                            "ssh_key_ids.22": "7c7abede-0f89-4bae-91f3-c4c856140db8",
                            "ssh_key_ids.23": "948d85da-a1a4-45d9-b6bd-e2794c03232d",
                            "ssh_key_ids.24": "214e1ebd-afd3-43f9-bcb6-bf6b9693f830",
                            "ssh_key_ids.25": "8c7583d3-2b01-4df4-a946-939962d827f9",
                            "ssh_key_ids.26": "f6267de9-b50a-4bd8-aac5-51612a403741",
                            "ssh_key_ids.27": "33fea3c3-2fb4-424a-834c-190bd53b8f0b",
                            "ssh_key_ids.28": "fed60fdf-7e1d-4ffd-af9f-4ac91c2fd430",
                            "ssh_key_ids.29": "7c7abd45-994d-4754-8220-2c5a404933e8",
                            "ssh_key_ids.3": "32c2e969-fe1c-4235-a999-2b8abc061991",
                            "ssh_key_ids.30": "89ef47c1-1576-4b8c-a339-2014155f0802",
                            "ssh_key_ids.31": "1689628e-00a8-40e4-a578-9d484d66cc3f",
                            "ssh_key_ids.32": "38ee2b4b-653d-494e-b008-abd82461f7f6",
                            "ssh_key_ids.33": "f63582f2-9d53-487f-a9af-d739e36b07af",
                            "ssh_key_ids.34": "f86d606c-d11c-4b10-b0d2-326e3b791cdf",
                            "ssh_key_ids.35": "7afc2a1e-7303-47e0-b75a-ed2587d3f340",
                            "ssh_key_ids.36": "0c1be6d5-8b38-4920-94f2-6ddaaa25bb9d",
                            "ssh_key_ids.37": "a2579e04-6f2e-4488-8e58-c48a0aa7f70b",
                            "ssh_key_ids.38": "f1b4cad0-7e3f-4574-bc52-6567dd2fd125",
                            "ssh_key_ids.39": "494f995f-069a-4407-bf31-d1e67142f9fd",
                            "ssh_key_ids.4": "659466b5-43b7-47fe-bd6c-b443d3b5df20",
                            "ssh_key_ids.40": "3bde399d-1ee1-49ca-acad-8df41956df20",
                            "ssh_key_ids.41": "0fb6897c-2f7f-4d0f-9de1-bd279408a7cb",
                            "ssh_key_ids.42": "1e4e0e97-aace-4cd9-b258-c8408d502284",
                            "ssh_key_ids.43": "7c41c050-74ad-4aa7-b63b-8c75d9db4051",
                            "ssh_key_ids.44": "fedb7753-6dba-4aa4-8371-999c6bab70de",
                            "ssh_key_ids.45": "a8855483-e011-4d68-86a5-2f530738dd17",
                            "ssh_key_ids.46": "954bd64c-a66b-45fb-900e-04f0b8b18cdf",
                            "ssh_key_ids.47": "6219b353-d4ec-4ba5-9a40-19304b4fe1af",
                            "ssh_key_ids.48": "4e49c810-8e76-4ec7-b1c2-1d9e7f829441",
                            "ssh_key_ids.49": "d88db379-9fa2-454f-97a4-8e7718bbb658",
                            "ssh_key_ids.5": "8059f489-7714-4af7-84fc-76869c009378",
                            "ssh_key_ids.50": "d0a93463-eb19-4ed4-82a9-3c354374443e",
                            "ssh_key_ids.51": "b505936c-fca3-4767-9cbe-a5401f97dd95",
                            "ssh_key_ids.52": "ee065568-03bb-456e-a1f5-1669939d43cb",
                            "ssh_key_ids.53": "1dae5119-8c6d-450c-be49-ef323d4ef630",
                            "ssh_key_ids.54": "c79bd893-afa8-4fde-9315-1ac6571a0d64",
                            "ssh_key_ids.55": "2111f3a2-9fe6-4992-aa14-1e01bb0501ce",
                            "ssh_key_ids.56": "09223179-7d28-40a4-b18e-b7ed3e350c6a",
                            "ssh_key_ids.57": "f7e8e7ed-d248-4e81-9f0a-15ef569fb264",
                            "ssh_key_ids.58": "0e3abb85-56d4-4604-a40a-9f3c6548b30b",
                            "ssh_key_ids.59": "0f73341f-b03d-4323-8d59-af7243dbb475",
                            "ssh_key_ids.6": "f98a99f8-ff13-4391-b5fc-74983219a225",
                            "ssh_key_ids.60": "84eaa0c1-fd1c-4de8-a60c-e91feb89f14b",
                            "ssh_key_ids.61": "9a377e1e-c8ce-40c0-bf81-014cab0fcb7c",
                            "ssh_key_ids.62": "2765be00-4a38-436c-8eb7-74cb7dba92d3",
                            "ssh_key_ids.63": "e58fd2a9-18d8-4cd9-a1a2-f2610ed83a73",
                            "ssh_key_ids.64": "9058e9af-1b6a-4c7a-bce1-14dc06529d33",
                            "ssh_key_ids.65": "6389afd1-e142-402d-8a1e-90383fbd3cb0",
                            "ssh_key_ids.66": "752d99f5-5dcd-437f-99c9-8325bbabcc59",
                            "ssh_key_ids.67": "611e233e-835c-4e37-abdd-918842cbe83f",
                            "ssh_key_ids.68": "ec9105b6-bdd2-4bcc-a6ca-00055f55f504",
                            "ssh_key_ids.69": "01097db2-b817-4a41-b016-012c83dad8e4",
                            "ssh_key_ids.7": "0b392f37-4243-4e43-a56c-18208a30acf3",
                            "ssh_key_ids.70": "dc275958-fb33-4a63-a21b-e33d3dfd3a14",
                            "ssh_key_ids.71": "e82a688a-f07a-480e-a408-199baca463c9",
                            "ssh_key_ids.72": "a7c4c16b-8163-4d61-8485-5f05eb11f013",
                            "ssh_key_ids.73": "d7a07953-9e75-465e-9495-775f03018db0",
                            "ssh_key_ids.74": "290afd05-1d05-4fd4-a7ac-27be4b92458f",
                            "ssh_key_ids.75": "8499c022-65c8-40dd-ab33-d331388ac5d9",
                            "ssh_key_ids.76": "8ad4e695-a082-43c5-ac1b-456964b321c6",
                            "ssh_key_ids.77": "59b26c30-c0ca-4ac5-ba7f-143efd14f792",
                            "ssh_key_ids.78": "ccf9952b-afcb-4df1-b002-0c60717e2592",
                            "ssh_key_ids.79": "d059cfe2-3215-4686-aeaa-051a5a423d2a",
                            "ssh_key_ids.8": "0394ad7e-6265-4478-ae1a-3b5d59a217d5",
                            "ssh_key_ids.80": "82bd80ac-b1df-4801-88b7-8b835b78570c",
                            "ssh_key_ids.81": "c0fea396-b8f9-43d0-a453-9bbc868a1d81",
                            "ssh_key_ids.82": "82f1421a-5a62-442c-adbf-6f4534ff96fe",
                            "ssh_key_ids.83": "59e22e40-bf99-4d3a-ae05-3eb4d599cabc",
                            "ssh_key_ids.84": "ec684e16-0a82-4508-af90-88d5c598bd04",
                            "ssh_key_ids.85": "1a5374e7-ae0b-44e8-8290-a7f9e34c6374",
                            "ssh_key_ids.86": "22050c70-4363-4734-8c11-57855494147c",
                            "ssh_key_ids.87": "9ee4a2b0-3668-411b-af84-07f61d71afa8",
                            "ssh_key_ids.88": "85e0e5cf-7e19-42f8-9dc2-da41de539495",
                            "ssh_key_ids.89": "32a48504-ef65-452f-ae33-d161205c1b11",
                            "ssh_key_ids.9": "f718cdab-a523-45c3-9b01-80dc045be122",
                            "ssh_key_ids.90": "3a4e67f8-b12d-43d4-a35d-e5d33a9ccd98",
                            "ssh_key_ids.91": "9cf77467-cdb7-4dcc-ab9f-4d431712ef3f",
                            "ssh_key_ids.92": "80b28858-2421-41bb-bbea-c4ad4a5db2c9",
                            "ssh_key_ids.93": "036d46c3-8727-4a00-b59b-7f80443a2afc",
                            "ssh_key_ids.94": "04d2d40f-d0ae-4862-9537-62a9e43a22cd",
                            "ssh_key_ids.95": "c33ea9e0-ed31-43ce-8bba-e5e8da4edd83",
                            "ssh_key_ids.96": "6e8257dd-b7b9-4f30-b9d1-e7131a4d2121",
                            "ssh_key_ids.97": "ccb63b0c-f9e1-4764-a37e-e4408cccbfac",
                            "ssh_key_ids.98": "65c4bc38-3112-4503-b875-5f583aca6424",
                            "ssh_key_ids.99": "912637d1-7b56-481b-bbe4-ccf466e3e161",
                            "state": "active",
                            "storage": "",
                            "tags.#": "0",
                            "updated": "2019-04-30T09:55:17Z"
                        },
                        "meta": {},
                        "tainted": false
                    },
                    "deposed": [],
                    "provider": "provider.packet"
                },
                "packet_device.lab.20": {
                    "type": "packet_device",
                    "depends_on": [
                        "packet_device.registry",
                        "packet_ssh_key.default",
                        "tls_private_key.default"
                    ],
                    "primary": {
                        "id": "a836fa2e-9e2a-418e-9a54-96073e75490d",
                        "attributes": {
                            "access_private_ipv4": "10.99.31.195",
                            "access_public_ipv4": "147.75.38.127",
                            "access_public_ipv6": "2604:1380:0:3800::43",
                            "always_pxe": "false",
                            "billing_cycle": "hourly",
                            "created": "2019-04-30T10:24:06Z",
                            "facilities.#": "1",
                            "facilities.0": "ewr1",
                            "facility": "ewr1",
                            "hostname": "kayobe-lab-20",
                            "id": "a836fa2e-9e2a-418e-9a54-96073e75490d",
                            "ipxe_script_url": "",
                            "locked": "false",
                            "network.#": "3",
                            "network.0.address": "147.75.38.127",
                            "network.0.cidr": "31",
                            "network.0.family": "4",
                            "network.0.gateway": "147.75.38.126",
                            "network.0.public": "true",
                            "network.1.address": "2604:1380:0:3800::43",
                            "network.1.cidr": "127",
                            "network.1.family": "6",
                            "network.1.gateway": "2604:1380:0:3800::42",
                            "network.1.public": "true",
                            "network.2.address": "10.99.31.195",
                            "network.2.cidr": "31",
                            "network.2.family": "4",
                            "network.2.gateway": "10.99.31.194",
                            "network.2.public": "false",
                            "network_type": "layer3",
                            "operating_system": "centos_7",
                            "plan": "c1.small.x86",
                            "ports.#": "3",
                            "ports.0.bonded": "true",
                            "ports.0.id": "dc58cbff-b215-4108-91d9-a9c8c3b11b98",
                            "ports.0.mac": "",
                            "ports.0.name": "bond0",
                            "ports.0.type": "NetworkBondPort",
                            "ports.1.bonded": "true",
                            "ports.1.id": "31ae34bb-090f-43d6-99fc-3ae9eb450bfb",
                            "ports.1.mac": "ac:1f:6b:82:e0:1c",
                            "ports.1.name": "eth0",
                            "ports.1.type": "NetworkPort",
                            "ports.2.bonded": "true",
                            "ports.2.id": "0b0f67c0-b25f-4474-be88-27dd0d320364",
                            "ports.2.mac": "ac:1f:6b:82:e0:1d",
                            "ports.2.name": "eth1",
                            "ports.2.type": "NetworkPort",
                            "project_id": "719d7d4b-08f8-4e9b-ad0d-34707f85160d",
                            "public_ipv4_subnet_size": "31",
                            "root_password": "r0O1a1LHj^",
                            "ssh_key_ids.#": "164",
                            "ssh_key_ids.0": "bd192f85-fbeb-4fd3-bca0-7ceb96f91700",
                            "ssh_key_ids.1": "da199044-80dd-48dd-8d1f-ef76ccb13ab5",
                            "ssh_key_ids.10": "0394ad7e-6265-4478-ae1a-3b5d59a217d5",
                            "ssh_key_ids.100": "a722049c-a416-4fb0-a661-290a0d9cf57b",
                            "ssh_key_ids.101": "4e49c810-8e76-4ec7-b1c2-1d9e7f829441",
                            "ssh_key_ids.102": "f81c84bc-7f7f-4c1c-bc6b-4aa9ce236151",
                            "ssh_key_ids.103": "116c4f54-560a-4d95-bddc-29632af8a732",
                            "ssh_key_ids.104": "ccb63b0c-f9e1-4764-a37e-e4408cccbfac",
                            "ssh_key_ids.105": "14c24939-9fd3-4d21-9f11-2557c49a3a9f",
                            "ssh_key_ids.106": "e00adc33-e5eb-4b67-b5f9-4bfa68bd2e53",
                            "ssh_key_ids.107": "f0e74fce-1a0c-4643-8990-f6843728f24f",
                            "ssh_key_ids.108": "13c0308d-5846-46c5-bf46-2fdae2e9c8d7",
                            "ssh_key_ids.109": "7bf767f0-472a-4977-921e-cf55ded84f1c",
                            "ssh_key_ids.11": "0b392f37-4243-4e43-a56c-18208a30acf3",
                            "ssh_key_ids.110": "ee429bfb-8fb3-479b-9c6c-e5579a8bf59d",
                            "ssh_key_ids.111": "305be502-51dd-41a5-b2b1-b58878e9da15",
                            "ssh_key_ids.112": "d88db379-9fa2-454f-97a4-8e7718bbb658",
                            "ssh_key_ids.113": "9a377e1e-c8ce-40c0-bf81-014cab0fcb7c",
                            "ssh_key_ids.114": "d0a93463-eb19-4ed4-82a9-3c354374443e",
                            "ssh_key_ids.115": "c13861b0-d10e-4a0e-a84b-4d0463d54f1a",
                            "ssh_key_ids.116": "b505936c-fca3-4767-9cbe-a5401f97dd95",
                            "ssh_key_ids.117": "895e0d1a-adae-439f-a1a8-a15aa6658c97",
                            "ssh_key_ids.118": "aea43942-9250-4cde-81d1-69e468df8ce6",
                            "ssh_key_ids.119": "68931241-5344-4a8b-884f-4f3a4fc5e231",
                            "ssh_key_ids.12": "0fddd1d0-4fa1-4abb-9bb9-b8381169a715",
                            "ssh_key_ids.120": "7d4eca06-2710-49c7-b4bd-efececa7cd54",
                            "ssh_key_ids.121": "5e0ab35b-4a75-45c1-b679-bc9cb5c9abf8",
                            "ssh_key_ids.122": "bdc5900f-e26d-46fe-8da6-59f9413b4c21",
                            "ssh_key_ids.123": "311e499c-5421-42b0-91a7-cdcc1059dfef",
                            "ssh_key_ids.124": "7c7abede-0f89-4bae-91f3-c4c856140db8",
                            "ssh_key_ids.125": "948d85da-a1a4-45d9-b6bd-e2794c03232d",
                            "ssh_key_ids.126": "214e1ebd-afd3-43f9-bcb6-bf6b9693f830",
                            "ssh_key_ids.127": "8c7583d3-2b01-4df4-a946-939962d827f9",
                            "ssh_key_ids.128": "f6267de9-b50a-4bd8-aac5-51612a403741",
                            "ssh_key_ids.129": "fed60fdf-7e1d-4ffd-af9f-4ac91c2fd430",
                            "ssh_key_ids.13": "33fea3c3-2fb4-424a-834c-190bd53b8f0b",
                            "ssh_key_ids.130": "0fb6897c-2f7f-4d0f-9de1-bd279408a7cb",
                            "ssh_key_ids.131": "1e4e0e97-aace-4cd9-b258-c8408d502284",
                            "ssh_key_ids.132": "0873502f-0980-4e42-a0de-5328eb21b1fe",
                            "ssh_key_ids.133": "9cf77467-cdb7-4dcc-ab9f-4d431712ef3f",
                            "ssh_key_ids.134": "8059f489-7714-4af7-84fc-76869c009378",
                            "ssh_key_ids.135": "659466b5-43b7-47fe-bd6c-b443d3b5df20",
                            "ssh_key_ids.136": "c79bd893-afa8-4fde-9315-1ac6571a0d64",
                            "ssh_key_ids.137": "1dae5119-8c6d-450c-be49-ef323d4ef630",
                            "ssh_key_ids.138": "36b25fc3-3971-4f8f-a6f2-fcf9113e4da8",
                            "ssh_key_ids.139": "27635c6f-e3bd-4403-ae6c-94757f36b601",
                            "ssh_key_ids.14": "7c7abd45-994d-4754-8220-2c5a404933e8",
                            "ssh_key_ids.140": "c57fb351-65ce-4427-a1c2-17868b0d1711",
                            "ssh_key_ids.141": "cc001113-bc02-4d7f-af55-366db9132936",
                            "ssh_key_ids.142": "ee065568-03bb-456e-a1f5-1669939d43cb",
                            "ssh_key_ids.143": "5d3e1674-605d-4e29-aa1a-6f97c6273217",
                            "ssh_key_ids.144": "7afc2a1e-7303-47e0-b75a-ed2587d3f340",
                            "ssh_key_ids.145": "950d1f09-7d94-4838-ac25-e2b63fc256f5",
                            "ssh_key_ids.146": "3b57956f-a711-40db-9a6f-32487503bea1",
                            "ssh_key_ids.147": "e5fd812a-667c-498f-883c-2bd1afddbff3",
                            "ssh_key_ids.148": "be99da3d-601c-4466-8dcb-ff1f8a6a19d8",
                            "ssh_key_ids.149": "b87eb180-f18b-44a6-bbd5-a49f111d7864",
                            "ssh_key_ids.15": "984f885d-a618-4416-a934-f1f00d93f989",
                            "ssh_key_ids.150": "0a929e59-0bcf-4de1-91d1-01a8cdbc9ef6",
                            "ssh_key_ids.151": "4382d197-ecbb-43d9-a7d6-453c100279b8",
                            "ssh_key_ids.152": "6b50e07d-df2c-44b8-8a9e-65bfab6880a1",
                            "ssh_key_ids.153": "eac5e2ca-acf1-46a6-ae4d-aa12f71af765",
                            "ssh_key_ids.154": "b38f0448-bb97-4309-82f2-d1a5f5df0809",
                            "ssh_key_ids.155": "942f8d63-c3ec-4f32-b93a-38b5e0bafd90",
                            "ssh_key_ids.156": "bc4f1745-a5de-45e4-ae82-d7c4988ee1a2",
                            "ssh_key_ids.157": "985ea314-f590-4237-99f5-682a344617d9",
                            "ssh_key_ids.158": "98b939fb-362b-41c8-831a-1f0a2afa400e",
                            "ssh_key_ids.159": "21fecacf-999e-4595-a247-af36a4feb0c1",
                            "ssh_key_ids.16": "89ef47c1-1576-4b8c-a339-2014155f0802",
                            "ssh_key_ids.160": "0c909e8f-7714-43f6-a8a9-fc003c5231a3",
                            "ssh_key_ids.161": "ccb07866-766e-45e2-ae82-a1f1c8cb39c8",
                            "ssh_key_ids.162": "d45fb3b7-af95-4c48-8ad6-e3f3242a5e4a",
                            "ssh_key_ids.163": "25faa130-9a09-4cca-a109-409c7ac309ab",
                            "ssh_key_ids.17": "1689628e-00a8-40e4-a578-9d484d66cc3f",
                            "ssh_key_ids.18": "f67f7c4b-0050-4c18-be29-03a072b204ba",
                            "ssh_key_ids.19": "65c4bc38-3112-4503-b875-5f583aca6424",
                            "ssh_key_ids.2": "2111f3a2-9fe6-4992-aa14-1e01bb0501ce",
                            "ssh_key_ids.20": "912637d1-7b56-481b-bbe4-ccf466e3e161",
                            "ssh_key_ids.21": "f98a99f8-ff13-4391-b5fc-74983219a225",
                            "ssh_key_ids.22": "0e3abb85-56d4-4604-a40a-9f3c6548b30b",
                            "ssh_key_ids.23": "6e703847-5229-4bfd-9229-db6df7397e11",
                            "ssh_key_ids.24": "32c2e969-fe1c-4235-a999-2b8abc061991",
                            "ssh_key_ids.25": "0f73341f-b03d-4323-8d59-af7243dbb475",
                            "ssh_key_ids.26": "84eaa0c1-fd1c-4de8-a60c-e91feb89f14b",
                            "ssh_key_ids.27": "af0fdb13-ba2c-4e19-bcfb-57b1d59ead38",
                            "ssh_key_ids.28": "2765be00-4a38-436c-8eb7-74cb7dba92d3",
                            "ssh_key_ids.29": "e58fd2a9-18d8-4cd9-a1a2-f2610ed83a73",
                            "ssh_key_ids.3": "8ec2af9d-2255-4cc8-a5ae-8dd62262241c",
                            "ssh_key_ids.30": "9058e9af-1b6a-4c7a-bce1-14dc06529d33",
                            "ssh_key_ids.31": "6389afd1-e142-402d-8a1e-90383fbd3cb0",
                            "ssh_key_ids.32": "88436004-0436-4df7-8240-bfd128e8d605",
                            "ssh_key_ids.33": "752d99f5-5dcd-437f-99c9-8325bbabcc59",
                            "ssh_key_ids.34": "34934bed-6b13-4abc-aeb6-1a5a9e994745",
                            "ssh_key_ids.35": "b428db77-8a11-40b6-a6f9-bd6321ea796b",
                            "ssh_key_ids.36": "b68dcaed-078c-41e2-a647-5aa1acb12154",
                            "ssh_key_ids.37": "bb056de1-9025-47e5-89a1-2897643e1f6c",
                            "ssh_key_ids.38": "491b68d1-1663-490d-a2e0-248b496631f4",
                            "ssh_key_ids.39": "842a0495-4b06-4f53-a948-f381d57cb180",
                            "ssh_key_ids.4": "37ffbecc-3536-42d3-8f8b-5235dd97d526",
                            "ssh_key_ids.40": "a102ddd7-bee2-4d61-9262-5978a4b91c04",
                            "ssh_key_ids.41": "892bf2fb-c6b9-459d-bdd0-36d69701a3e6",
                            "ssh_key_ids.42": "c523b161-3e3b-492c-90f4-253a86aed91f",
                            "ssh_key_ids.43": "bb427d7d-ca92-4a98-af84-64d3b43e6325",
                            "ssh_key_ids.44": "38ee2b4b-653d-494e-b008-abd82461f7f6",
                            "ssh_key_ids.45": "0a7d499d-8d80-45ad-9069-8fbaa6e28ea1",
                            "ssh_key_ids.46": "611e233e-835c-4e37-abdd-918842cbe83f",
                            "ssh_key_ids.47": "01097db2-b817-4a41-b016-012c83dad8e4",
                            "ssh_key_ids.48": "dc275958-fb33-4a63-a21b-e33d3dfd3a14",
                            "ssh_key_ids.49": "e82a688a-f07a-480e-a408-199baca463c9",
                            "ssh_key_ids.5": "93b62667-9821-43c9-9b47-09c72bfc16fe",
                            "ssh_key_ids.50": "82bd80ac-b1df-4801-88b7-8b835b78570c",
                            "ssh_key_ids.51": "a7c4c16b-8163-4d61-8485-5f05eb11f013",
                            "ssh_key_ids.52": "d7a07953-9e75-465e-9495-775f03018db0",
                            "ssh_key_ids.53": "290afd05-1d05-4fd4-a7ac-27be4b92458f",
                            "ssh_key_ids.54": "8499c022-65c8-40dd-ab33-d331388ac5d9",
                            "ssh_key_ids.55": "8ad4e695-a082-43c5-ac1b-456964b321c6",
                            "ssh_key_ids.56": "59b26c30-c0ca-4ac5-ba7f-143efd14f792",
                            "ssh_key_ids.57": "ccf9952b-afcb-4df1-b002-0c60717e2592",
                            "ssh_key_ids.58": "d059cfe2-3215-4686-aeaa-051a5a423d2a",
                            "ssh_key_ids.59": "c0fea396-b8f9-43d0-a453-9bbc868a1d81",
                            "ssh_key_ids.6": "09223179-7d28-40a4-b18e-b7ed3e350c6a",
                            "ssh_key_ids.60": "82f1421a-5a62-442c-adbf-6f4534ff96fe",
                            "ssh_key_ids.61": "59e22e40-bf99-4d3a-ae05-3eb4d599cabc",
                            "ssh_key_ids.62": "ec684e16-0a82-4508-af90-88d5c598bd04",
                            "ssh_key_ids.63": "1a5374e7-ae0b-44e8-8290-a7f9e34c6374",
                            "ssh_key_ids.64": "22050c70-4363-4734-8c11-57855494147c",
                            "ssh_key_ids.65": "9ee4a2b0-3668-411b-af84-07f61d71afa8",
                            "ssh_key_ids.66": "3199b332-bec2-45ef-9e25-ba9057972da7",
                            "ssh_key_ids.67": "f63582f2-9d53-487f-a9af-d739e36b07af",
                            "ssh_key_ids.68": "f86d606c-d11c-4b10-b0d2-326e3b791cdf",
                            "ssh_key_ids.69": "303a0e97-7dd1-4444-9def-d7ebf932a892",
                            "ssh_key_ids.7": "f7e8e7ed-d248-4e81-9f0a-15ef569fb264",
                            "ssh_key_ids.70": "7fb2d14c-11b6-4c52-a9d0-2a4a6113dbab",
                            "ssh_key_ids.71": "0c1be6d5-8b38-4920-94f2-6ddaaa25bb9d",
                            "ssh_key_ids.72": "a2579e04-6f2e-4488-8e58-c48a0aa7f70b",
                            "ssh_key_ids.73": "f1b4cad0-7e3f-4574-bc52-6567dd2fd125",
                            "ssh_key_ids.74": "494f995f-069a-4407-bf31-d1e67142f9fd",
                            "ssh_key_ids.75": "bc84ed0c-228d-4eb5-97b4-4cd7b6e6a0f9",
                            "ssh_key_ids.76": "e75e4f46-8e6b-4f66-8612-1879bbb96623",
                            "ssh_key_ids.77": "f8e3e26a-214b-457a-a7de-0aa31723f04e",
                            "ssh_key_ids.78": "d02bec99-0344-4cf3-bd06-8bad8969b9fe",
                            "ssh_key_ids.79": "85e0e5cf-7e19-42f8-9dc2-da41de539495",
                            "ssh_key_ids.8": "f78dd9de-77e6-4386-9014-14258f6ed18c",
                            "ssh_key_ids.80": "32a48504-ef65-452f-ae33-d161205c1b11",
                            "ssh_key_ids.81": "3a4e67f8-b12d-43d4-a35d-e5d33a9ccd98",
                            "ssh_key_ids.82": "80b28858-2421-41bb-bbea-c4ad4a5db2c9",
                            "ssh_key_ids.83": "036d46c3-8727-4a00-b59b-7f80443a2afc",
                            "ssh_key_ids.84": "04d2d40f-d0ae-4862-9537-62a9e43a22cd",
                            "ssh_key_ids.85": "c33ea9e0-ed31-43ce-8bba-e5e8da4edd83",
                            "ssh_key_ids.86": "6e8257dd-b7b9-4f30-b9d1-e7131a4d2121",
                            "ssh_key_ids.87": "ec9105b6-bdd2-4bcc-a6ca-00055f55f504",
                            "ssh_key_ids.88": "d0cce71a-c3ea-4b60-9866-d8f12d749d13",
                            "ssh_key_ids.89": "1df0179f-a9af-4c8e-b9bf-5991f6e1b7f0",
                            "ssh_key_ids.9": "f718cdab-a523-45c3-9b01-80dc045be122",
                            "ssh_key_ids.90": "3bde399d-1ee1-49ca-acad-8df41956df20",
                            "ssh_key_ids.91": "7c41c050-74ad-4aa7-b63b-8c75d9db4051",
                            "ssh_key_ids.92": "fedb7753-6dba-4aa4-8371-999c6bab70de",
                            "ssh_key_ids.93": "a8855483-e011-4d68-86a5-2f530738dd17",
                            "ssh_key_ids.94": "954bd64c-a66b-45fb-900e-04f0b8b18cdf",
                            "ssh_key_ids.95": "6219b353-d4ec-4ba5-9a40-19304b4fe1af",
                            "ssh_key_ids.96": "d6a50bd7-69c4-4c2b-99be-9adbefc6e3dc",
                            "ssh_key_ids.97": "fac2cbbc-70ef-4386-a0e6-df3aa1fe9609",
                            "ssh_key_ids.98": "1776caa4-e965-4891-af1a-427ce73a88e9",
                            "ssh_key_ids.99": "36c08ba3-3dc2-45bf-aad5-3f9d6c2f8173",
                            "state": "active",
                            "storage": "",
                            "tags.#": "0",
                            "updated": "2019-04-30T10:26:32Z"
                        },
                        "meta": {},
                        "tainted": false
                    },
                    "deposed": [],
                    "provider": "provider.packet"
                },
                "packet_device.lab.21": {
                    "type": "packet_device",
                    "depends_on": [
                        "packet_device.registry",
                        "packet_ssh_key.default",
                        "tls_private_key.default"
                    ],
                    "primary": {
                        "id": "e8b83126-d988-48b4-9b12-15dd6c77ff28",
                        "attributes": {
                            "access_private_ipv4": "10.99.31.183",
                            "access_public_ipv4": "147.75.198.21",
                            "access_public_ipv6": "2604:1380:0:3800::33",
                            "always_pxe": "false",
                            "billing_cycle": "hourly",
                            "created": "2019-04-30T09:51:50Z",
                            "facilities.#": "1",
                            "facilities.0": "ewr1",
                            "facility": "ewr1",
                            "hostname": "kayobe-lab-21",
                            "id": "e8b83126-d988-48b4-9b12-15dd6c77ff28",
                            "ipxe_script_url": "",
                            "locked": "false",
                            "network.#": "3",
                            "network.0.address": "147.75.198.21",
                            "network.0.cidr": "31",
                            "network.0.family": "4",
                            "network.0.gateway": "147.75.198.20",
                            "network.0.public": "true",
                            "network.1.address": "2604:1380:0:3800::33",
                            "network.1.cidr": "127",
                            "network.1.family": "6",
                            "network.1.gateway": "2604:1380:0:3800::32",
                            "network.1.public": "true",
                            "network.2.address": "10.99.31.183",
                            "network.2.cidr": "31",
                            "network.2.family": "4",
                            "network.2.gateway": "10.99.31.182",
                            "network.2.public": "false",
                            "network_type": "layer3",
                            "operating_system": "centos_7",
                            "plan": "c1.small.x86",
                            "ports.#": "3",
                            "ports.0.bonded": "true",
                            "ports.0.id": "1ade4dce-638a-4650-b513-e99788c576e2",
                            "ports.0.mac": "",
                            "ports.0.name": "bond0",
                            "ports.0.type": "NetworkBondPort",
                            "ports.1.bonded": "true",
                            "ports.1.id": "dce4648a-91f0-4c15-8c88-784ff553d0d5",
                            "ports.1.mac": "ac:1f:6b:92:d6:00",
                            "ports.1.name": "eth0",
                            "ports.1.type": "NetworkPort",
                            "ports.2.bonded": "true",
                            "ports.2.id": "708ca786-3669-48a6-b990-970e72223418",
                            "ports.2.mac": "ac:1f:6b:92:d6:01",
                            "ports.2.name": "eth1",
                            "ports.2.type": "NetworkPort",
                            "project_id": "719d7d4b-08f8-4e9b-ad0d-34707f85160d",
                            "public_ipv4_subnet_size": "31",
                            "root_password": ",ZSgt27kA2",
                            "ssh_key_ids.#": "164",
                            "ssh_key_ids.0": "bd192f85-fbeb-4fd3-bca0-7ceb96f91700",
                            "ssh_key_ids.1": "da199044-80dd-48dd-8d1f-ef76ccb13ab5",
                            "ssh_key_ids.10": "bdc5900f-e26d-46fe-8da6-59f9413b4c21",
                            "ssh_key_ids.100": "37ffbecc-3536-42d3-8f8b-5235dd97d526",
                            "ssh_key_ids.101": "8ec2af9d-2255-4cc8-a5ae-8dd62262241c",
                            "ssh_key_ids.102": "f86d606c-d11c-4b10-b0d2-326e3b791cdf",
                            "ssh_key_ids.103": "f63582f2-9d53-487f-a9af-d739e36b07af",
                            "ssh_key_ids.104": "38ee2b4b-653d-494e-b008-abd82461f7f6",
                            "ssh_key_ids.105": "5d3e1674-605d-4e29-aa1a-6f97c6273217",
                            "ssh_key_ids.106": "c57fb351-65ce-4427-a1c2-17868b0d1711",
                            "ssh_key_ids.107": "5e0ab35b-4a75-45c1-b679-bc9cb5c9abf8",
                            "ssh_key_ids.108": "85e0e5cf-7e19-42f8-9dc2-da41de539495",
                            "ssh_key_ids.109": "32a48504-ef65-452f-ae33-d161205c1b11",
                            "ssh_key_ids.11": "214e1ebd-afd3-43f9-bcb6-bf6b9693f830",
                            "ssh_key_ids.110": "3a4e67f8-b12d-43d4-a35d-e5d33a9ccd98",
                            "ssh_key_ids.111": "80b28858-2421-41bb-bbea-c4ad4a5db2c9",
                            "ssh_key_ids.112": "036d46c3-8727-4a00-b59b-7f80443a2afc",
                            "ssh_key_ids.113": "04d2d40f-d0ae-4862-9537-62a9e43a22cd",
                            "ssh_key_ids.114": "311e499c-5421-42b0-91a7-cdcc1059dfef",
                            "ssh_key_ids.115": "7c7abede-0f89-4bae-91f3-c4c856140db8",
                            "ssh_key_ids.116": "948d85da-a1a4-45d9-b6bd-e2794c03232d",
                            "ssh_key_ids.117": "c33ea9e0-ed31-43ce-8bba-e5e8da4edd83",
                            "ssh_key_ids.118": "6e8257dd-b7b9-4f30-b9d1-e7131a4d2121",
                            "ssh_key_ids.119": "8c7583d3-2b01-4df4-a946-939962d827f9",
                            "ssh_key_ids.12": "33fea3c3-2fb4-424a-834c-190bd53b8f0b",
                            "ssh_key_ids.120": "89ef47c1-1576-4b8c-a339-2014155f0802",
                            "ssh_key_ids.121": "f6267de9-b50a-4bd8-aac5-51612a403741",
                            "ssh_key_ids.122": "ccb63b0c-f9e1-4764-a37e-e4408cccbfac",
                            "ssh_key_ids.123": "65c4bc38-3112-4503-b875-5f583aca6424",
                            "ssh_key_ids.124": "912637d1-7b56-481b-bbe4-ccf466e3e161",
                            "ssh_key_ids.125": "f0e74fce-1a0c-4643-8990-f6843728f24f",
                            "ssh_key_ids.126": "34934bed-6b13-4abc-aeb6-1a5a9e994745",
                            "ssh_key_ids.127": "b428db77-8a11-40b6-a6f9-bd6321ea796b",
                            "ssh_key_ids.128": "3199b332-bec2-45ef-9e25-ba9057972da7",
                            "ssh_key_ids.129": "303a0e97-7dd1-4444-9def-d7ebf932a892",
                            "ssh_key_ids.13": "fed60fdf-7e1d-4ffd-af9f-4ac91c2fd430",
                            "ssh_key_ids.130": "7bf767f0-472a-4977-921e-cf55ded84f1c",
                            "ssh_key_ids.131": "7fb2d14c-11b6-4c52-a9d0-2a4a6113dbab",
                            "ssh_key_ids.132": "27635c6f-e3bd-4403-ae6c-94757f36b601",
                            "ssh_key_ids.133": "bc84ed0c-228d-4eb5-97b4-4cd7b6e6a0f9",
                            "ssh_key_ids.134": "f8e3e26a-214b-457a-a7de-0aa31723f04e",
                            "ssh_key_ids.135": "d0cce71a-c3ea-4b60-9866-d8f12d749d13",
                            "ssh_key_ids.136": "1df0179f-a9af-4c8e-b9bf-5991f6e1b7f0",
                            "ssh_key_ids.137": "d6a50bd7-69c4-4c2b-99be-9adbefc6e3dc",
                            "ssh_key_ids.138": "950d1f09-7d94-4838-ac25-e2b63fc256f5",
                            "ssh_key_ids.139": "d02bec99-0344-4cf3-bd06-8bad8969b9fe",
                            "ssh_key_ids.14": "7c7abd45-994d-4754-8220-2c5a404933e8",
                            "ssh_key_ids.140": "e75e4f46-8e6b-4f66-8612-1879bbb96623",
                            "ssh_key_ids.141": "0a7d499d-8d80-45ad-9069-8fbaa6e28ea1",
                            "ssh_key_ids.142": "bb427d7d-ca92-4a98-af84-64d3b43e6325",
                            "ssh_key_ids.143": "c523b161-3e3b-492c-90f4-253a86aed91f",
                            "ssh_key_ids.144": "892bf2fb-c6b9-459d-bdd0-36d69701a3e6",
                            "ssh_key_ids.145": "9cf77467-cdb7-4dcc-ab9f-4d431712ef3f",
                            "ssh_key_ids.146": "3b57956f-a711-40db-9a6f-32487503bea1",
                            "ssh_key_ids.147": "e5fd812a-667c-498f-883c-2bd1afddbff3",
                            "ssh_key_ids.148": "be99da3d-601c-4466-8dcb-ff1f8a6a19d8",
                            "ssh_key_ids.149": "b87eb180-f18b-44a6-bbd5-a49f111d7864",
                            "ssh_key_ids.15": "1689628e-00a8-40e4-a578-9d484d66cc3f",
                            "ssh_key_ids.150": "4382d197-ecbb-43d9-a7d6-453c100279b8",
                            "ssh_key_ids.151": "6b50e07d-df2c-44b8-8a9e-65bfab6880a1",
                            "ssh_key_ids.152": "eac5e2ca-acf1-46a6-ae4d-aa12f71af765",
                            "ssh_key_ids.153": "b38f0448-bb97-4309-82f2-d1a5f5df0809",
                            "ssh_key_ids.154": "942f8d63-c3ec-4f32-b93a-38b5e0bafd90",
                            "ssh_key_ids.155": "0a929e59-0bcf-4de1-91d1-01a8cdbc9ef6",
                            "ssh_key_ids.156": "bc4f1745-a5de-45e4-ae82-d7c4988ee1a2",
                            "ssh_key_ids.157": "985ea314-f590-4237-99f5-682a344617d9",
                            "ssh_key_ids.158": "98b939fb-362b-41c8-831a-1f0a2afa400e",
                            "ssh_key_ids.159": "21fecacf-999e-4595-a247-af36a4feb0c1",
                            "ssh_key_ids.16": "3bde399d-1ee1-49ca-acad-8df41956df20",
                            "ssh_key_ids.160": "0c909e8f-7714-43f6-a8a9-fc003c5231a3",
                            "ssh_key_ids.161": "ccb07866-766e-45e2-ae82-a1f1c8cb39c8",
                            "ssh_key_ids.162": "d45fb3b7-af95-4c48-8ad6-e3f3242a5e4a",
                            "ssh_key_ids.163": "25faa130-9a09-4cca-a109-409c7ac309ab",
                            "ssh_key_ids.17": "0fb6897c-2f7f-4d0f-9de1-bd279408a7cb",
                            "ssh_key_ids.18": "1e4e0e97-aace-4cd9-b258-c8408d502284",
                            "ssh_key_ids.19": "7c41c050-74ad-4aa7-b63b-8c75d9db4051",
                            "ssh_key_ids.2": "6e703847-5229-4bfd-9229-db6df7397e11",
                            "ssh_key_ids.20": "13c0308d-5846-46c5-bf46-2fdae2e9c8d7",
                            "ssh_key_ids.21": "a102ddd7-bee2-4d61-9262-5978a4b91c04",
                            "ssh_key_ids.22": "842a0495-4b06-4f53-a948-f381d57cb180",
                            "ssh_key_ids.23": "491b68d1-1663-490d-a2e0-248b496631f4",
                            "ssh_key_ids.24": "bb056de1-9025-47e5-89a1-2897643e1f6c",
                            "ssh_key_ids.25": "b68dcaed-078c-41e2-a647-5aa1acb12154",
                            "ssh_key_ids.26": "fedb7753-6dba-4aa4-8371-999c6bab70de",
                            "ssh_key_ids.27": "a8855483-e011-4d68-86a5-2f530738dd17",
                            "ssh_key_ids.28": "6219b353-d4ec-4ba5-9a40-19304b4fe1af",
                            "ssh_key_ids.29": "4e49c810-8e76-4ec7-b1c2-1d9e7f829441",
                            "ssh_key_ids.3": "32c2e969-fe1c-4235-a999-2b8abc061991",
                            "ssh_key_ids.30": "d88db379-9fa2-454f-97a4-8e7718bbb658",
                            "ssh_key_ids.31": "984f885d-a618-4416-a934-f1f00d93f989",
                            "ssh_key_ids.32": "a722049c-a416-4fb0-a661-290a0d9cf57b",
                            "ssh_key_ids.33": "1776caa4-e965-4891-af1a-427ce73a88e9",
                            "ssh_key_ids.34": "0873502f-0980-4e42-a0de-5328eb21b1fe",
                            "ssh_key_ids.35": "d0a93463-eb19-4ed4-82a9-3c354374443e",
                            "ssh_key_ids.36": "b505936c-fca3-4767-9cbe-a5401f97dd95",
                            "ssh_key_ids.37": "cc001113-bc02-4d7f-af55-366db9132936",
                            "ssh_key_ids.38": "88436004-0436-4df7-8240-bfd128e8d605",
                            "ssh_key_ids.39": "f81c84bc-7f7f-4c1c-bc6b-4aa9ce236151",
                            "ssh_key_ids.4": "659466b5-43b7-47fe-bd6c-b443d3b5df20",
                            "ssh_key_ids.40": "895e0d1a-adae-439f-a1a8-a15aa6658c97",
                            "ssh_key_ids.41": "116c4f54-560a-4d95-bddc-29632af8a732",
                            "ssh_key_ids.42": "ee065568-03bb-456e-a1f5-1669939d43cb",
                            "ssh_key_ids.43": "1dae5119-8c6d-450c-be49-ef323d4ef630",
                            "ssh_key_ids.44": "c79bd893-afa8-4fde-9315-1ac6571a0d64",
                            "ssh_key_ids.45": "2111f3a2-9fe6-4992-aa14-1e01bb0501ce",
                            "ssh_key_ids.46": "09223179-7d28-40a4-b18e-b7ed3e350c6a",
                            "ssh_key_ids.47": "36c08ba3-3dc2-45bf-aad5-3f9d6c2f8173",
                            "ssh_key_ids.48": "fac2cbbc-70ef-4386-a0e6-df3aa1fe9609",
                            "ssh_key_ids.49": "14c24939-9fd3-4d21-9f11-2557c49a3a9f",
                            "ssh_key_ids.5": "8059f489-7714-4af7-84fc-76869c009378",
                            "ssh_key_ids.50": "36b25fc3-3971-4f8f-a6f2-fcf9113e4da8",
                            "ssh_key_ids.51": "f67f7c4b-0050-4c18-be29-03a072b204ba",
                            "ssh_key_ids.52": "f7e8e7ed-d248-4e81-9f0a-15ef569fb264",
                            "ssh_key_ids.53": "0e3abb85-56d4-4604-a40a-9f3c6548b30b",
                            "ssh_key_ids.54": "0f73341f-b03d-4323-8d59-af7243dbb475",
                            "ssh_key_ids.55": "84eaa0c1-fd1c-4de8-a60c-e91feb89f14b",
                            "ssh_key_ids.56": "9a377e1e-c8ce-40c0-bf81-014cab0fcb7c",
                            "ssh_key_ids.57": "ee429bfb-8fb3-479b-9c6c-e5579a8bf59d",
                            "ssh_key_ids.58": "93b62667-9821-43c9-9b47-09c72bfc16fe",
                            "ssh_key_ids.59": "305be502-51dd-41a5-b2b1-b58878e9da15",
                            "ssh_key_ids.6": "f98a99f8-ff13-4391-b5fc-74983219a225",
                            "ssh_key_ids.60": "af0fdb13-ba2c-4e19-bcfb-57b1d59ead38",
                            "ssh_key_ids.61": "c13861b0-d10e-4a0e-a84b-4d0463d54f1a",
                            "ssh_key_ids.62": "e00adc33-e5eb-4b67-b5f9-4bfa68bd2e53",
                            "ssh_key_ids.63": "2765be00-4a38-436c-8eb7-74cb7dba92d3",
                            "ssh_key_ids.64": "e58fd2a9-18d8-4cd9-a1a2-f2610ed83a73",
                            "ssh_key_ids.65": "9058e9af-1b6a-4c7a-bce1-14dc06529d33",
                            "ssh_key_ids.66": "6389afd1-e142-402d-8a1e-90383fbd3cb0",
                            "ssh_key_ids.67": "752d99f5-5dcd-437f-99c9-8325bbabcc59",
                            "ssh_key_ids.68": "611e233e-835c-4e37-abdd-918842cbe83f",
                            "ssh_key_ids.69": "ec9105b6-bdd2-4bcc-a6ca-00055f55f504",
                            "ssh_key_ids.7": "0b392f37-4243-4e43-a56c-18208a30acf3",
                            "ssh_key_ids.70": "01097db2-b817-4a41-b016-012c83dad8e4",
                            "ssh_key_ids.71": "dc275958-fb33-4a63-a21b-e33d3dfd3a14",
                            "ssh_key_ids.72": "e82a688a-f07a-480e-a408-199baca463c9",
                            "ssh_key_ids.73": "a7c4c16b-8163-4d61-8485-5f05eb11f013",
                            "ssh_key_ids.74": "d7a07953-9e75-465e-9495-775f03018db0",
                            "ssh_key_ids.75": "290afd05-1d05-4fd4-a7ac-27be4b92458f",
                            "ssh_key_ids.76": "8499c022-65c8-40dd-ab33-d331388ac5d9",
                            "ssh_key_ids.77": "8ad4e695-a082-43c5-ac1b-456964b321c6",
                            "ssh_key_ids.78": "59b26c30-c0ca-4ac5-ba7f-143efd14f792",
                            "ssh_key_ids.79": "ccf9952b-afcb-4df1-b002-0c60717e2592",
                            "ssh_key_ids.8": "0394ad7e-6265-4478-ae1a-3b5d59a217d5",
                            "ssh_key_ids.80": "d059cfe2-3215-4686-aeaa-051a5a423d2a",
                            "ssh_key_ids.81": "82bd80ac-b1df-4801-88b7-8b835b78570c",
                            "ssh_key_ids.82": "c0fea396-b8f9-43d0-a453-9bbc868a1d81",
                            "ssh_key_ids.83": "954bd64c-a66b-45fb-900e-04f0b8b18cdf",
                            "ssh_key_ids.84": "494f995f-069a-4407-bf31-d1e67142f9fd",
                            "ssh_key_ids.85": "f1b4cad0-7e3f-4574-bc52-6567dd2fd125",
                            "ssh_key_ids.86": "a2579e04-6f2e-4488-8e58-c48a0aa7f70b",
                            "ssh_key_ids.87": "0c1be6d5-8b38-4920-94f2-6ddaaa25bb9d",
                            "ssh_key_ids.88": "7afc2a1e-7303-47e0-b75a-ed2587d3f340",
                            "ssh_key_ids.89": "82f1421a-5a62-442c-adbf-6f4534ff96fe",
                            "ssh_key_ids.9": "0fddd1d0-4fa1-4abb-9bb9-b8381169a715",
                            "ssh_key_ids.90": "59e22e40-bf99-4d3a-ae05-3eb4d599cabc",
                            "ssh_key_ids.91": "ec684e16-0a82-4508-af90-88d5c598bd04",
                            "ssh_key_ids.92": "1a5374e7-ae0b-44e8-8290-a7f9e34c6374",
                            "ssh_key_ids.93": "22050c70-4363-4734-8c11-57855494147c",
                            "ssh_key_ids.94": "9ee4a2b0-3668-411b-af84-07f61d71afa8",
                            "ssh_key_ids.95": "f718cdab-a523-45c3-9b01-80dc045be122",
                            "ssh_key_ids.96": "f78dd9de-77e6-4386-9014-14258f6ed18c",
                            "ssh_key_ids.97": "aea43942-9250-4cde-81d1-69e468df8ce6",
                            "ssh_key_ids.98": "68931241-5344-4a8b-884f-4f3a4fc5e231",
                            "ssh_key_ids.99": "7d4eca06-2710-49c7-b4bd-efececa7cd54",
                            "state": "active",
                            "storage": "",
                            "tags.#": "0",
                            "updated": "2019-04-30T09:56:05Z"
                        },
                        "meta": {},
                        "tainted": false
                    },
                    "deposed": [],
                    "provider": "provider.packet"
                },
                "packet_device.lab.22": {
                    "type": "packet_device",
                    "depends_on": [
                        "packet_device.registry",
                        "packet_ssh_key.default",
                        "tls_private_key.default"
                    ],
                    "primary": {
                        "id": "7a5de210-af7e-4daf-91a8-c016d0ef23e2",
                        "attributes": {
                            "access_private_ipv4": "10.99.31.153",
                            "access_public_ipv4": "147.75.198.11",
                            "access_public_ipv6": "2604:1380:0:3800::5",
                            "always_pxe": "false",
                            "billing_cycle": "hourly",
                            "created": "2019-04-30T09:51:41Z",
                            "facilities.#": "1",
                            "facilities.0": "ewr1",
                            "facility": "ewr1",
                            "hostname": "kayobe-lab-22",
                            "id": "7a5de210-af7e-4daf-91a8-c016d0ef23e2",
                            "ipxe_script_url": "",
                            "locked": "false",
                            "network.#": "3",
                            "network.0.address": "147.75.198.11",
                            "network.0.cidr": "31",
                            "network.0.family": "4",
                            "network.0.gateway": "147.75.198.10",
                            "network.0.public": "true",
                            "network.1.address": "2604:1380:0:3800::5",
                            "network.1.cidr": "127",
                            "network.1.family": "6",
                            "network.1.gateway": "2604:1380:0:3800::4",
                            "network.1.public": "true",
                            "network.2.address": "10.99.31.153",
                            "network.2.cidr": "31",
                            "network.2.family": "4",
                            "network.2.gateway": "10.99.31.152",
                            "network.2.public": "false",
                            "network_type": "layer3",
                            "operating_system": "centos_7",
                            "plan": "c1.small.x86",
                            "ports.#": "3",
                            "ports.0.bonded": "true",
                            "ports.0.id": "7e4ee8c9-3ba6-4cce-bb85-cd85a9e2b1d0",
                            "ports.0.mac": "",
                            "ports.0.name": "bond0",
                            "ports.0.type": "NetworkBondPort",
                            "ports.1.bonded": "true",
                            "ports.1.id": "6398ef9c-1859-4240-8c0e-55849ee00df5",
                            "ports.1.mac": "ac:1f:6b:99:b6:f6",
                            "ports.1.name": "eth0",
                            "ports.1.type": "NetworkPort",
                            "ports.2.bonded": "true",
                            "ports.2.id": "429f8425-5164-4f90-8665-5416e78fedb0",
                            "ports.2.mac": "ac:1f:6b:99:b6:f7",
                            "ports.2.name": "eth1",
                            "ports.2.type": "NetworkPort",
                            "project_id": "719d7d4b-08f8-4e9b-ad0d-34707f85160d",
                            "public_ipv4_subnet_size": "31",
                            "root_password": "l5\u003e{7dNJ]0",
                            "ssh_key_ids.#": "164",
                            "ssh_key_ids.0": "bd192f85-fbeb-4fd3-bca0-7ceb96f91700",
                            "ssh_key_ids.1": "da199044-80dd-48dd-8d1f-ef76ccb13ab5",
                            "ssh_key_ids.10": "68931241-5344-4a8b-884f-4f3a4fc5e231",
                            "ssh_key_ids.100": "f1b4cad0-7e3f-4574-bc52-6567dd2fd125",
                            "ssh_key_ids.101": "0fb6897c-2f7f-4d0f-9de1-bd279408a7cb",
                            "ssh_key_ids.102": "7c41c050-74ad-4aa7-b63b-8c75d9db4051",
                            "ssh_key_ids.103": "fedb7753-6dba-4aa4-8371-999c6bab70de",
                            "ssh_key_ids.104": "6219b353-d4ec-4ba5-9a40-19304b4fe1af",
                            "ssh_key_ids.105": "4e49c810-8e76-4ec7-b1c2-1d9e7f829441",
                            "ssh_key_ids.106": "d88db379-9fa2-454f-97a4-8e7718bbb658",
                            "ssh_key_ids.107": "d0a93463-eb19-4ed4-82a9-3c354374443e",
                            "ssh_key_ids.108": "2111f3a2-9fe6-4992-aa14-1e01bb0501ce",
                            "ssh_key_ids.109": "09223179-7d28-40a4-b18e-b7ed3e350c6a",
                            "ssh_key_ids.11": "0fddd1d0-4fa1-4abb-9bb9-b8381169a715",
                            "ssh_key_ids.110": "f7e8e7ed-d248-4e81-9f0a-15ef569fb264",
                            "ssh_key_ids.111": "0e3abb85-56d4-4604-a40a-9f3c6548b30b",
                            "ssh_key_ids.112": "0f73341f-b03d-4323-8d59-af7243dbb475",
                            "ssh_key_ids.113": "84eaa0c1-fd1c-4de8-a60c-e91feb89f14b",
                            "ssh_key_ids.114": "9a377e1e-c8ce-40c0-bf81-014cab0fcb7c",
                            "ssh_key_ids.115": "2765be00-4a38-436c-8eb7-74cb7dba92d3",
                            "ssh_key_ids.116": "e58fd2a9-18d8-4cd9-a1a2-f2610ed83a73",
                            "ssh_key_ids.117": "9058e9af-1b6a-4c7a-bce1-14dc06529d33",
                            "ssh_key_ids.118": "6389afd1-e142-402d-8a1e-90383fbd3cb0",
                            "ssh_key_ids.119": "752d99f5-5dcd-437f-99c9-8325bbabcc59",
                            "ssh_key_ids.12": "bdc5900f-e26d-46fe-8da6-59f9413b4c21",
                            "ssh_key_ids.120": "611e233e-835c-4e37-abdd-918842cbe83f",
                            "ssh_key_ids.121": "ec9105b6-bdd2-4bcc-a6ca-00055f55f504",
                            "ssh_key_ids.122": "01097db2-b817-4a41-b016-012c83dad8e4",
                            "ssh_key_ids.123": "dc275958-fb33-4a63-a21b-e33d3dfd3a14",
                            "ssh_key_ids.124": "e82a688a-f07a-480e-a408-199baca463c9",
                            "ssh_key_ids.125": "a7c4c16b-8163-4d61-8485-5f05eb11f013",
                            "ssh_key_ids.126": "d7a07953-9e75-465e-9495-775f03018db0",
                            "ssh_key_ids.127": "290afd05-1d05-4fd4-a7ac-27be4b92458f",
                            "ssh_key_ids.128": "8499c022-65c8-40dd-ab33-d331388ac5d9",
                            "ssh_key_ids.129": "8ad4e695-a082-43c5-ac1b-456964b321c6",
                            "ssh_key_ids.13": "7c7abede-0f89-4bae-91f3-c4c856140db8",
                            "ssh_key_ids.130": "59b26c30-c0ca-4ac5-ba7f-143efd14f792",
                            "ssh_key_ids.131": "ccf9952b-afcb-4df1-b002-0c60717e2592",
                            "ssh_key_ids.132": "d059cfe2-3215-4686-aeaa-051a5a423d2a",
                            "ssh_key_ids.133": "82bd80ac-b1df-4801-88b7-8b835b78570c",
                            "ssh_key_ids.134": "c0fea396-b8f9-43d0-a453-9bbc868a1d81",
                            "ssh_key_ids.135": "82f1421a-5a62-442c-adbf-6f4534ff96fe",
                            "ssh_key_ids.136": "59e22e40-bf99-4d3a-ae05-3eb4d599cabc",
                            "ssh_key_ids.137": "ec684e16-0a82-4508-af90-88d5c598bd04",
                            "ssh_key_ids.138": "1a5374e7-ae0b-44e8-8290-a7f9e34c6374",
                            "ssh_key_ids.139": "22050c70-4363-4734-8c11-57855494147c",
                            "ssh_key_ids.14": "214e1ebd-afd3-43f9-bcb6-bf6b9693f830",
                            "ssh_key_ids.140": "f0e74fce-1a0c-4643-8990-f6843728f24f",
                            "ssh_key_ids.141": "7bf767f0-472a-4977-921e-cf55ded84f1c",
                            "ssh_key_ids.142": "b505936c-fca3-4767-9cbe-a5401f97dd95",
                            "ssh_key_ids.143": "ee065568-03bb-456e-a1f5-1669939d43cb",
                            "ssh_key_ids.144": "1dae5119-8c6d-450c-be49-ef323d4ef630",
                            "ssh_key_ids.145": "c79bd893-afa8-4fde-9315-1ac6571a0d64",
                            "ssh_key_ids.146": "b38f0448-bb97-4309-82f2-d1a5f5df0809",
                            "ssh_key_ids.147": "b87eb180-f18b-44a6-bbd5-a49f111d7864",
                            "ssh_key_ids.148": "be99da3d-601c-4466-8dcb-ff1f8a6a19d8",
                            "ssh_key_ids.149": "942f8d63-c3ec-4f32-b93a-38b5e0bafd90",
                            "ssh_key_ids.15": "8c7583d3-2b01-4df4-a946-939962d827f9",
                            "ssh_key_ids.150": "eac5e2ca-acf1-46a6-ae4d-aa12f71af765",
                            "ssh_key_ids.151": "0a929e59-0bcf-4de1-91d1-01a8cdbc9ef6",
                            "ssh_key_ids.152": "e5fd812a-667c-498f-883c-2bd1afddbff3",
                            "ssh_key_ids.153": "3b57956f-a711-40db-9a6f-32487503bea1",
                            "ssh_key_ids.154": "6b50e07d-df2c-44b8-8a9e-65bfab6880a1",
                            "ssh_key_ids.155": "4382d197-ecbb-43d9-a7d6-453c100279b8",
                            "ssh_key_ids.156": "bc4f1745-a5de-45e4-ae82-d7c4988ee1a2",
                            "ssh_key_ids.157": "985ea314-f590-4237-99f5-682a344617d9",
                            "ssh_key_ids.158": "98b939fb-362b-41c8-831a-1f0a2afa400e",
                            "ssh_key_ids.159": "21fecacf-999e-4595-a247-af36a4feb0c1",
                            "ssh_key_ids.16": "f6267de9-b50a-4bd8-aac5-51612a403741",
                            "ssh_key_ids.160": "0c909e8f-7714-43f6-a8a9-fc003c5231a3",
                            "ssh_key_ids.161": "ccb07866-766e-45e2-ae82-a1f1c8cb39c8",
                            "ssh_key_ids.162": "d45fb3b7-af95-4c48-8ad6-e3f3242a5e4a",
                            "ssh_key_ids.163": "25faa130-9a09-4cca-a109-409c7ac309ab",
                            "ssh_key_ids.17": "33fea3c3-2fb4-424a-834c-190bd53b8f0b",
                            "ssh_key_ids.18": "fed60fdf-7e1d-4ffd-af9f-4ac91c2fd430",
                            "ssh_key_ids.19": "7c7abd45-994d-4754-8220-2c5a404933e8",
                            "ssh_key_ids.2": "6e703847-5229-4bfd-9229-db6df7397e11",
                            "ssh_key_ids.20": "89ef47c1-1576-4b8c-a339-2014155f0802",
                            "ssh_key_ids.21": "1689628e-00a8-40e4-a578-9d484d66cc3f",
                            "ssh_key_ids.22": "494f995f-069a-4407-bf31-d1e67142f9fd",
                            "ssh_key_ids.23": "3bde399d-1ee1-49ca-acad-8df41956df20",
                            "ssh_key_ids.24": "1e4e0e97-aace-4cd9-b258-c8408d502284",
                            "ssh_key_ids.25": "a8855483-e011-4d68-86a5-2f530738dd17",
                            "ssh_key_ids.26": "954bd64c-a66b-45fb-900e-04f0b8b18cdf",
                            "ssh_key_ids.27": "9ee4a2b0-3668-411b-af84-07f61d71afa8",
                            "ssh_key_ids.28": "85e0e5cf-7e19-42f8-9dc2-da41de539495",
                            "ssh_key_ids.29": "32a48504-ef65-452f-ae33-d161205c1b11",
                            "ssh_key_ids.3": "32c2e969-fe1c-4235-a999-2b8abc061991",
                            "ssh_key_ids.30": "3a4e67f8-b12d-43d4-a35d-e5d33a9ccd98",
                            "ssh_key_ids.31": "9cf77467-cdb7-4dcc-ab9f-4d431712ef3f",
                            "ssh_key_ids.32": "80b28858-2421-41bb-bbea-c4ad4a5db2c9",
                            "ssh_key_ids.33": "036d46c3-8727-4a00-b59b-7f80443a2afc",
                            "ssh_key_ids.34": "04d2d40f-d0ae-4862-9537-62a9e43a22cd",
                            "ssh_key_ids.35": "c33ea9e0-ed31-43ce-8bba-e5e8da4edd83",
                            "ssh_key_ids.36": "6e8257dd-b7b9-4f30-b9d1-e7131a4d2121",
                            "ssh_key_ids.37": "ccb63b0c-f9e1-4764-a37e-e4408cccbfac",
                            "ssh_key_ids.38": "65c4bc38-3112-4503-b875-5f583aca6424",
                            "ssh_key_ids.39": "912637d1-7b56-481b-bbe4-ccf466e3e161",
                            "ssh_key_ids.4": "659466b5-43b7-47fe-bd6c-b443d3b5df20",
                            "ssh_key_ids.40": "34934bed-6b13-4abc-aeb6-1a5a9e994745",
                            "ssh_key_ids.41": "b428db77-8a11-40b6-a6f9-bd6321ea796b",
                            "ssh_key_ids.42": "3199b332-bec2-45ef-9e25-ba9057972da7",
                            "ssh_key_ids.43": "303a0e97-7dd1-4444-9def-d7ebf932a892",
                            "ssh_key_ids.44": "7fb2d14c-11b6-4c52-a9d0-2a4a6113dbab",
                            "ssh_key_ids.45": "27635c6f-e3bd-4403-ae6c-94757f36b601",
                            "ssh_key_ids.46": "bc84ed0c-228d-4eb5-97b4-4cd7b6e6a0f9",
                            "ssh_key_ids.47": "f8e3e26a-214b-457a-a7de-0aa31723f04e",
                            "ssh_key_ids.48": "d0cce71a-c3ea-4b60-9866-d8f12d749d13",
                            "ssh_key_ids.49": "1df0179f-a9af-4c8e-b9bf-5991f6e1b7f0",
                            "ssh_key_ids.5": "8059f489-7714-4af7-84fc-76869c009378",
                            "ssh_key_ids.50": "d6a50bd7-69c4-4c2b-99be-9adbefc6e3dc",
                            "ssh_key_ids.51": "950d1f09-7d94-4838-ac25-e2b63fc256f5",
                            "ssh_key_ids.52": "d02bec99-0344-4cf3-bd06-8bad8969b9fe",
                            "ssh_key_ids.53": "e75e4f46-8e6b-4f66-8612-1879bbb96623",
                            "ssh_key_ids.54": "0a7d499d-8d80-45ad-9069-8fbaa6e28ea1",
                            "ssh_key_ids.55": "bb427d7d-ca92-4a98-af84-64d3b43e6325",
                            "ssh_key_ids.56": "c523b161-3e3b-492c-90f4-253a86aed91f",
                            "ssh_key_ids.57": "892bf2fb-c6b9-459d-bdd0-36d69701a3e6",
                            "ssh_key_ids.58": "13c0308d-5846-46c5-bf46-2fdae2e9c8d7",
                            "ssh_key_ids.59": "a102ddd7-bee2-4d61-9262-5978a4b91c04",
                            "ssh_key_ids.6": "f98a99f8-ff13-4391-b5fc-74983219a225",
                            "ssh_key_ids.60": "842a0495-4b06-4f53-a948-f381d57cb180",
                            "ssh_key_ids.61": "f718cdab-a523-45c3-9b01-80dc045be122",
                            "ssh_key_ids.62": "f78dd9de-77e6-4386-9014-14258f6ed18c",
                            "ssh_key_ids.63": "7d4eca06-2710-49c7-b4bd-efececa7cd54",
                            "ssh_key_ids.64": "37ffbecc-3536-42d3-8f8b-5235dd97d526",
                            "ssh_key_ids.65": "8ec2af9d-2255-4cc8-a5ae-8dd62262241c",
                            "ssh_key_ids.66": "491b68d1-1663-490d-a2e0-248b496631f4",
                            "ssh_key_ids.67": "bb056de1-9025-47e5-89a1-2897643e1f6c",
                            "ssh_key_ids.68": "b68dcaed-078c-41e2-a647-5aa1acb12154",
                            "ssh_key_ids.69": "984f885d-a618-4416-a934-f1f00d93f989",
                            "ssh_key_ids.7": "0b392f37-4243-4e43-a56c-18208a30acf3",
                            "ssh_key_ids.70": "a722049c-a416-4fb0-a661-290a0d9cf57b",
                            "ssh_key_ids.71": "1776caa4-e965-4891-af1a-427ce73a88e9",
                            "ssh_key_ids.72": "0873502f-0980-4e42-a0de-5328eb21b1fe",
                            "ssh_key_ids.73": "cc001113-bc02-4d7f-af55-366db9132936",
                            "ssh_key_ids.74": "88436004-0436-4df7-8240-bfd128e8d605",
                            "ssh_key_ids.75": "f81c84bc-7f7f-4c1c-bc6b-4aa9ce236151",
                            "ssh_key_ids.76": "895e0d1a-adae-439f-a1a8-a15aa6658c97",
                            "ssh_key_ids.77": "116c4f54-560a-4d95-bddc-29632af8a732",
                            "ssh_key_ids.78": "36c08ba3-3dc2-45bf-aad5-3f9d6c2f8173",
                            "ssh_key_ids.79": "fac2cbbc-70ef-4386-a0e6-df3aa1fe9609",
                            "ssh_key_ids.8": "0394ad7e-6265-4478-ae1a-3b5d59a217d5",
                            "ssh_key_ids.80": "14c24939-9fd3-4d21-9f11-2557c49a3a9f",
                            "ssh_key_ids.81": "36b25fc3-3971-4f8f-a6f2-fcf9113e4da8",
                            "ssh_key_ids.82": "f67f7c4b-0050-4c18-be29-03a072b204ba",
                            "ssh_key_ids.83": "ee429bfb-8fb3-479b-9c6c-e5579a8bf59d",
                            "ssh_key_ids.84": "93b62667-9821-43c9-9b47-09c72bfc16fe",
                            "ssh_key_ids.85": "305be502-51dd-41a5-b2b1-b58878e9da15",
                            "ssh_key_ids.86": "af0fdb13-ba2c-4e19-bcfb-57b1d59ead38",
                            "ssh_key_ids.87": "c13861b0-d10e-4a0e-a84b-4d0463d54f1a",
                            "ssh_key_ids.88": "e00adc33-e5eb-4b67-b5f9-4bfa68bd2e53",
                            "ssh_key_ids.89": "5d3e1674-605d-4e29-aa1a-6f97c6273217",
                            "ssh_key_ids.9": "aea43942-9250-4cde-81d1-69e468df8ce6",
                            "ssh_key_ids.90": "c57fb351-65ce-4427-a1c2-17868b0d1711",
                            "ssh_key_ids.91": "5e0ab35b-4a75-45c1-b679-bc9cb5c9abf8",
                            "ssh_key_ids.92": "311e499c-5421-42b0-91a7-cdcc1059dfef",
                            "ssh_key_ids.93": "948d85da-a1a4-45d9-b6bd-e2794c03232d",
                            "ssh_key_ids.94": "38ee2b4b-653d-494e-b008-abd82461f7f6",
                            "ssh_key_ids.95": "f63582f2-9d53-487f-a9af-d739e36b07af",
                            "ssh_key_ids.96": "f86d606c-d11c-4b10-b0d2-326e3b791cdf",
                            "ssh_key_ids.97": "7afc2a1e-7303-47e0-b75a-ed2587d3f340",
                            "ssh_key_ids.98": "0c1be6d5-8b38-4920-94f2-6ddaaa25bb9d",
                            "ssh_key_ids.99": "a2579e04-6f2e-4488-8e58-c48a0aa7f70b",
                            "state": "active",
                            "storage": "",
                            "tags.#": "0",
                            "updated": "2019-04-30T09:56:14Z"
                        },
                        "meta": {},
                        "tainted": false
                    },
                    "deposed": [],
                    "provider": "provider.packet"
                },
                "packet_device.lab.23": {
                    "type": "packet_device",
                    "depends_on": [
                        "packet_device.registry",
                        "packet_ssh_key.default",
                        "tls_private_key.default"
                    ],
                    "primary": {
                        "id": "678bc26f-646d-487d-bd1b-61a4f687d439",
                        "attributes": {
                            "access_private_ipv4": "10.99.31.157",
                            "access_public_ipv4": "147.75.198.121",
                            "access_public_ipv6": "2604:1380:0:3800::17",
                            "always_pxe": "false",
                            "billing_cycle": "hourly",
                            "created": "2019-04-30T09:51:50Z",
                            "facilities.#": "1",
                            "facilities.0": "ewr1",
                            "facility": "ewr1",
                            "hostname": "kayobe-lab-23",
                            "id": "678bc26f-646d-487d-bd1b-61a4f687d439",
                            "ipxe_script_url": "",
                            "locked": "false",
                            "network.#": "3",
                            "network.0.address": "147.75.198.121",
                            "network.0.cidr": "31",
                            "network.0.family": "4",
                            "network.0.gateway": "147.75.198.120",
                            "network.0.public": "true",
                            "network.1.address": "2604:1380:0:3800::17",
                            "network.1.cidr": "127",
                            "network.1.family": "6",
                            "network.1.gateway": "2604:1380:0:3800::16",
                            "network.1.public": "true",
                            "network.2.address": "10.99.31.157",
                            "network.2.cidr": "31",
                            "network.2.family": "4",
                            "network.2.gateway": "10.99.31.156",
                            "network.2.public": "false",
                            "network_type": "layer3",
                            "operating_system": "centos_7",
                            "plan": "c1.small.x86",
                            "ports.#": "3",
                            "ports.0.bonded": "true",
                            "ports.0.id": "504f8a52-3320-46df-8386-be1ffbcb0f9b",
                            "ports.0.mac": "",
                            "ports.0.name": "bond0",
                            "ports.0.type": "NetworkBondPort",
                            "ports.1.bonded": "true",
                            "ports.1.id": "abb5c7a8-cd4e-4ed4-8847-40279e518e75",
                            "ports.1.mac": "ac:1f:6b:99:be:98",
                            "ports.1.name": "eth0",
                            "ports.1.type": "NetworkPort",
                            "ports.2.bonded": "true",
                            "ports.2.id": "927f21c2-0e72-416d-a1bf-8a7941d8e13e",
                            "ports.2.mac": "ac:1f:6b:99:be:99",
                            "ports.2.name": "eth1",
                            "ports.2.type": "NetworkPort",
                            "project_id": "719d7d4b-08f8-4e9b-ad0d-34707f85160d",
                            "public_ipv4_subnet_size": "31",
                            "root_password": "1Oy]Jz]0#n",
                            "ssh_key_ids.#": "164",
                            "ssh_key_ids.0": "bd192f85-fbeb-4fd3-bca0-7ceb96f91700",
                            "ssh_key_ids.1": "da199044-80dd-48dd-8d1f-ef76ccb13ab5",
                            "ssh_key_ids.10": "214e1ebd-afd3-43f9-bcb6-bf6b9693f830",
                            "ssh_key_ids.100": "1dae5119-8c6d-450c-be49-ef323d4ef630",
                            "ssh_key_ids.101": "c79bd893-afa8-4fde-9315-1ac6571a0d64",
                            "ssh_key_ids.102": "2111f3a2-9fe6-4992-aa14-1e01bb0501ce",
                            "ssh_key_ids.103": "09223179-7d28-40a4-b18e-b7ed3e350c6a",
                            "ssh_key_ids.104": "36c08ba3-3dc2-45bf-aad5-3f9d6c2f8173",
                            "ssh_key_ids.105": "fac2cbbc-70ef-4386-a0e6-df3aa1fe9609",
                            "ssh_key_ids.106": "14c24939-9fd3-4d21-9f11-2557c49a3a9f",
                            "ssh_key_ids.107": "36b25fc3-3971-4f8f-a6f2-fcf9113e4da8",
                            "ssh_key_ids.108": "f67f7c4b-0050-4c18-be29-03a072b204ba",
                            "ssh_key_ids.109": "f7e8e7ed-d248-4e81-9f0a-15ef569fb264",
                            "ssh_key_ids.11": "33fea3c3-2fb4-424a-834c-190bd53b8f0b",
                            "ssh_key_ids.110": "0e3abb85-56d4-4604-a40a-9f3c6548b30b",
                            "ssh_key_ids.111": "0f73341f-b03d-4323-8d59-af7243dbb475",
                            "ssh_key_ids.112": "84eaa0c1-fd1c-4de8-a60c-e91feb89f14b",
                            "ssh_key_ids.113": "9a377e1e-c8ce-40c0-bf81-014cab0fcb7c",
                            "ssh_key_ids.114": "ee429bfb-8fb3-479b-9c6c-e5579a8bf59d",
                            "ssh_key_ids.115": "93b62667-9821-43c9-9b47-09c72bfc16fe",
                            "ssh_key_ids.116": "305be502-51dd-41a5-b2b1-b58878e9da15",
                            "ssh_key_ids.117": "af0fdb13-ba2c-4e19-bcfb-57b1d59ead38",
                            "ssh_key_ids.118": "c13861b0-d10e-4a0e-a84b-4d0463d54f1a",
                            "ssh_key_ids.119": "e00adc33-e5eb-4b67-b5f9-4bfa68bd2e53",
                            "ssh_key_ids.12": "fed60fdf-7e1d-4ffd-af9f-4ac91c2fd430",
                            "ssh_key_ids.120": "2765be00-4a38-436c-8eb7-74cb7dba92d3",
                            "ssh_key_ids.121": "e58fd2a9-18d8-4cd9-a1a2-f2610ed83a73",
                            "ssh_key_ids.122": "9058e9af-1b6a-4c7a-bce1-14dc06529d33",
                            "ssh_key_ids.123": "6389afd1-e142-402d-8a1e-90383fbd3cb0",
                            "ssh_key_ids.124": "752d99f5-5dcd-437f-99c9-8325bbabcc59",
                            "ssh_key_ids.125": "611e233e-835c-4e37-abdd-918842cbe83f",
                            "ssh_key_ids.126": "ec9105b6-bdd2-4bcc-a6ca-00055f55f504",
                            "ssh_key_ids.127": "01097db2-b817-4a41-b016-012c83dad8e4",
                            "ssh_key_ids.128": "dc275958-fb33-4a63-a21b-e33d3dfd3a14",
                            "ssh_key_ids.129": "e82a688a-f07a-480e-a408-199baca463c9",
                            "ssh_key_ids.13": "7c7abd45-994d-4754-8220-2c5a404933e8",
                            "ssh_key_ids.130": "a7c4c16b-8163-4d61-8485-5f05eb11f013",
                            "ssh_key_ids.131": "d7a07953-9e75-465e-9495-775f03018db0",
                            "ssh_key_ids.132": "290afd05-1d05-4fd4-a7ac-27be4b92458f",
                            "ssh_key_ids.133": "8499c022-65c8-40dd-ab33-d331388ac5d9",
                            "ssh_key_ids.134": "8ad4e695-a082-43c5-ac1b-456964b321c6",
                            "ssh_key_ids.135": "59b26c30-c0ca-4ac5-ba7f-143efd14f792",
                            "ssh_key_ids.136": "ccf9952b-afcb-4df1-b002-0c60717e2592",
                            "ssh_key_ids.137": "d059cfe2-3215-4686-aeaa-051a5a423d2a",
                            "ssh_key_ids.138": "82bd80ac-b1df-4801-88b7-8b835b78570c",
                            "ssh_key_ids.139": "c0fea396-b8f9-43d0-a453-9bbc868a1d81",
                            "ssh_key_ids.14": "1a5374e7-ae0b-44e8-8290-a7f9e34c6374",
                            "ssh_key_ids.140": "954bd64c-a66b-45fb-900e-04f0b8b18cdf",
                            "ssh_key_ids.141": "82f1421a-5a62-442c-adbf-6f4534ff96fe",
                            "ssh_key_ids.142": "59e22e40-bf99-4d3a-ae05-3eb4d599cabc",
                            "ssh_key_ids.143": "ec684e16-0a82-4508-af90-88d5c598bd04",
                            "ssh_key_ids.144": "8c7583d3-2b01-4df4-a946-939962d827f9",
                            "ssh_key_ids.145": "89ef47c1-1576-4b8c-a339-2014155f0802",
                            "ssh_key_ids.146": "4382d197-ecbb-43d9-a7d6-453c100279b8",
                            "ssh_key_ids.147": "6b50e07d-df2c-44b8-8a9e-65bfab6880a1",
                            "ssh_key_ids.148": "3b57956f-a711-40db-9a6f-32487503bea1",
                            "ssh_key_ids.149": "e5fd812a-667c-498f-883c-2bd1afddbff3",
                            "ssh_key_ids.15": "22050c70-4363-4734-8c11-57855494147c",
                            "ssh_key_ids.150": "be99da3d-601c-4466-8dcb-ff1f8a6a19d8",
                            "ssh_key_ids.151": "b87eb180-f18b-44a6-bbd5-a49f111d7864",
                            "ssh_key_ids.152": "eac5e2ca-acf1-46a6-ae4d-aa12f71af765",
                            "ssh_key_ids.153": "b38f0448-bb97-4309-82f2-d1a5f5df0809",
                            "ssh_key_ids.154": "942f8d63-c3ec-4f32-b93a-38b5e0bafd90",
                            "ssh_key_ids.155": "0a929e59-0bcf-4de1-91d1-01a8cdbc9ef6",
                            "ssh_key_ids.156": "bc4f1745-a5de-45e4-ae82-d7c4988ee1a2",
                            "ssh_key_ids.157": "985ea314-f590-4237-99f5-682a344617d9",
                            "ssh_key_ids.158": "98b939fb-362b-41c8-831a-1f0a2afa400e",
                            "ssh_key_ids.159": "21fecacf-999e-4595-a247-af36a4feb0c1",
                            "ssh_key_ids.16": "9ee4a2b0-3668-411b-af84-07f61d71afa8",
                            "ssh_key_ids.160": "0c909e8f-7714-43f6-a8a9-fc003c5231a3",
                            "ssh_key_ids.161": "ccb07866-766e-45e2-ae82-a1f1c8cb39c8",
                            "ssh_key_ids.162": "d45fb3b7-af95-4c48-8ad6-e3f3242a5e4a",
                            "ssh_key_ids.163": "25faa130-9a09-4cca-a109-409c7ac309ab",
                            "ssh_key_ids.17": "85e0e5cf-7e19-42f8-9dc2-da41de539495",
                            "ssh_key_ids.18": "32a48504-ef65-452f-ae33-d161205c1b11",
                            "ssh_key_ids.19": "f718cdab-a523-45c3-9b01-80dc045be122",
                            "ssh_key_ids.2": "6e703847-5229-4bfd-9229-db6df7397e11",
                            "ssh_key_ids.20": "f78dd9de-77e6-4386-9014-14258f6ed18c",
                            "ssh_key_ids.21": "aea43942-9250-4cde-81d1-69e468df8ce6",
                            "ssh_key_ids.22": "3a4e67f8-b12d-43d4-a35d-e5d33a9ccd98",
                            "ssh_key_ids.23": "9cf77467-cdb7-4dcc-ab9f-4d431712ef3f",
                            "ssh_key_ids.24": "80b28858-2421-41bb-bbea-c4ad4a5db2c9",
                            "ssh_key_ids.25": "68931241-5344-4a8b-884f-4f3a4fc5e231",
                            "ssh_key_ids.26": "7d4eca06-2710-49c7-b4bd-efececa7cd54",
                            "ssh_key_ids.27": "37ffbecc-3536-42d3-8f8b-5235dd97d526",
                            "ssh_key_ids.28": "8ec2af9d-2255-4cc8-a5ae-8dd62262241c",
                            "ssh_key_ids.29": "036d46c3-8727-4a00-b59b-7f80443a2afc",
                            "ssh_key_ids.3": "32c2e969-fe1c-4235-a999-2b8abc061991",
                            "ssh_key_ids.30": "04d2d40f-d0ae-4862-9537-62a9e43a22cd",
                            "ssh_key_ids.31": "c33ea9e0-ed31-43ce-8bba-e5e8da4edd83",
                            "ssh_key_ids.32": "6e8257dd-b7b9-4f30-b9d1-e7131a4d2121",
                            "ssh_key_ids.33": "ccb63b0c-f9e1-4764-a37e-e4408cccbfac",
                            "ssh_key_ids.34": "5d3e1674-605d-4e29-aa1a-6f97c6273217",
                            "ssh_key_ids.35": "c57fb351-65ce-4427-a1c2-17868b0d1711",
                            "ssh_key_ids.36": "5e0ab35b-4a75-45c1-b679-bc9cb5c9abf8",
                            "ssh_key_ids.37": "65c4bc38-3112-4503-b875-5f583aca6424",
                            "ssh_key_ids.38": "912637d1-7b56-481b-bbe4-ccf466e3e161",
                            "ssh_key_ids.39": "f0e74fce-1a0c-4643-8990-f6843728f24f",
                            "ssh_key_ids.4": "659466b5-43b7-47fe-bd6c-b443d3b5df20",
                            "ssh_key_ids.40": "34934bed-6b13-4abc-aeb6-1a5a9e994745",
                            "ssh_key_ids.41": "b428db77-8a11-40b6-a6f9-bd6321ea796b",
                            "ssh_key_ids.42": "3199b332-bec2-45ef-9e25-ba9057972da7",
                            "ssh_key_ids.43": "303a0e97-7dd1-4444-9def-d7ebf932a892",
                            "ssh_key_ids.44": "bdc5900f-e26d-46fe-8da6-59f9413b4c21",
                            "ssh_key_ids.45": "311e499c-5421-42b0-91a7-cdcc1059dfef",
                            "ssh_key_ids.46": "7c7abede-0f89-4bae-91f3-c4c856140db8",
                            "ssh_key_ids.47": "948d85da-a1a4-45d9-b6bd-e2794c03232d",
                            "ssh_key_ids.48": "7bf767f0-472a-4977-921e-cf55ded84f1c",
                            "ssh_key_ids.49": "7fb2d14c-11b6-4c52-a9d0-2a4a6113dbab",
                            "ssh_key_ids.5": "8059f489-7714-4af7-84fc-76869c009378",
                            "ssh_key_ids.50": "27635c6f-e3bd-4403-ae6c-94757f36b601",
                            "ssh_key_ids.51": "bc84ed0c-228d-4eb5-97b4-4cd7b6e6a0f9",
                            "ssh_key_ids.52": "f8e3e26a-214b-457a-a7de-0aa31723f04e",
                            "ssh_key_ids.53": "d0cce71a-c3ea-4b60-9866-d8f12d749d13",
                            "ssh_key_ids.54": "1df0179f-a9af-4c8e-b9bf-5991f6e1b7f0",
                            "ssh_key_ids.55": "f6267de9-b50a-4bd8-aac5-51612a403741",
                            "ssh_key_ids.56": "1689628e-00a8-40e4-a578-9d484d66cc3f",
                            "ssh_key_ids.57": "d6a50bd7-69c4-4c2b-99be-9adbefc6e3dc",
                            "ssh_key_ids.58": "950d1f09-7d94-4838-ac25-e2b63fc256f5",
                            "ssh_key_ids.59": "d02bec99-0344-4cf3-bd06-8bad8969b9fe",
                            "ssh_key_ids.6": "f98a99f8-ff13-4391-b5fc-74983219a225",
                            "ssh_key_ids.60": "e75e4f46-8e6b-4f66-8612-1879bbb96623",
                            "ssh_key_ids.61": "38ee2b4b-653d-494e-b008-abd82461f7f6",
                            "ssh_key_ids.62": "f63582f2-9d53-487f-a9af-d739e36b07af",
                            "ssh_key_ids.63": "f86d606c-d11c-4b10-b0d2-326e3b791cdf",
                            "ssh_key_ids.64": "7afc2a1e-7303-47e0-b75a-ed2587d3f340",
                            "ssh_key_ids.65": "0a7d499d-8d80-45ad-9069-8fbaa6e28ea1",
                            "ssh_key_ids.66": "bb427d7d-ca92-4a98-af84-64d3b43e6325",
                            "ssh_key_ids.67": "c523b161-3e3b-492c-90f4-253a86aed91f",
                            "ssh_key_ids.68": "0c1be6d5-8b38-4920-94f2-6ddaaa25bb9d",
                            "ssh_key_ids.69": "a2579e04-6f2e-4488-8e58-c48a0aa7f70b",
                            "ssh_key_ids.7": "0b392f37-4243-4e43-a56c-18208a30acf3",
                            "ssh_key_ids.70": "f1b4cad0-7e3f-4574-bc52-6567dd2fd125",
                            "ssh_key_ids.71": "494f995f-069a-4407-bf31-d1e67142f9fd",
                            "ssh_key_ids.72": "3bde399d-1ee1-49ca-acad-8df41956df20",
                            "ssh_key_ids.73": "0fb6897c-2f7f-4d0f-9de1-bd279408a7cb",
                            "ssh_key_ids.74": "1e4e0e97-aace-4cd9-b258-c8408d502284",
                            "ssh_key_ids.75": "7c41c050-74ad-4aa7-b63b-8c75d9db4051",
                            "ssh_key_ids.76": "892bf2fb-c6b9-459d-bdd0-36d69701a3e6",
                            "ssh_key_ids.77": "13c0308d-5846-46c5-bf46-2fdae2e9c8d7",
                            "ssh_key_ids.78": "a102ddd7-bee2-4d61-9262-5978a4b91c04",
                            "ssh_key_ids.79": "842a0495-4b06-4f53-a948-f381d57cb180",
                            "ssh_key_ids.8": "0394ad7e-6265-4478-ae1a-3b5d59a217d5",
                            "ssh_key_ids.80": "491b68d1-1663-490d-a2e0-248b496631f4",
                            "ssh_key_ids.81": "bb056de1-9025-47e5-89a1-2897643e1f6c",
                            "ssh_key_ids.82": "b68dcaed-078c-41e2-a647-5aa1acb12154",
                            "ssh_key_ids.83": "fedb7753-6dba-4aa4-8371-999c6bab70de",
                            "ssh_key_ids.84": "a8855483-e011-4d68-86a5-2f530738dd17",
                            "ssh_key_ids.85": "6219b353-d4ec-4ba5-9a40-19304b4fe1af",
                            "ssh_key_ids.86": "4e49c810-8e76-4ec7-b1c2-1d9e7f829441",
                            "ssh_key_ids.87": "d88db379-9fa2-454f-97a4-8e7718bbb658",
                            "ssh_key_ids.88": "984f885d-a618-4416-a934-f1f00d93f989",
                            "ssh_key_ids.89": "a722049c-a416-4fb0-a661-290a0d9cf57b",
                            "ssh_key_ids.9": "0fddd1d0-4fa1-4abb-9bb9-b8381169a715",
                            "ssh_key_ids.90": "1776caa4-e965-4891-af1a-427ce73a88e9",
                            "ssh_key_ids.91": "0873502f-0980-4e42-a0de-5328eb21b1fe",
                            "ssh_key_ids.92": "d0a93463-eb19-4ed4-82a9-3c354374443e",
                            "ssh_key_ids.93": "b505936c-fca3-4767-9cbe-a5401f97dd95",
                            "ssh_key_ids.94": "cc001113-bc02-4d7f-af55-366db9132936",
                            "ssh_key_ids.95": "88436004-0436-4df7-8240-bfd128e8d605",
                            "ssh_key_ids.96": "f81c84bc-7f7f-4c1c-bc6b-4aa9ce236151",
                            "ssh_key_ids.97": "895e0d1a-adae-439f-a1a8-a15aa6658c97",
                            "ssh_key_ids.98": "116c4f54-560a-4d95-bddc-29632af8a732",
                            "ssh_key_ids.99": "ee065568-03bb-456e-a1f5-1669939d43cb",
                            "state": "active",
                            "storage": "",
                            "tags.#": "0",
                            "updated": "2019-04-30T09:55:01Z"
                        },
                        "meta": {},
                        "tainted": false
                    },
                    "deposed": [],
                    "provider": "provider.packet"
                },
                "packet_device.lab.24": {
                    "type": "packet_device",
                    "depends_on": [
                        "packet_device.registry",
                        "packet_ssh_key.default",
                        "tls_private_key.default"
                    ],
                    "primary": {
                        "id": "78652e4b-bf8e-4f85-ab9d-f85966613d4b",
                        "attributes": {
                            "access_private_ipv4": "10.99.31.159",
                            "access_public_ipv4": "147.75.77.53",
                            "access_public_ipv6": "2604:1380:0:3800::21",
                            "always_pxe": "false",
                            "billing_cycle": "hourly",
                            "created": "2019-04-30T09:51:28Z",
                            "facilities.#": "1",
                            "facilities.0": "ewr1",
                            "facility": "ewr1",
                            "hostname": "kayobe-lab-24",
                            "id": "78652e4b-bf8e-4f85-ab9d-f85966613d4b",
                            "ipxe_script_url": "",
                            "locked": "false",
                            "network.#": "3",
                            "network.0.address": "147.75.77.53",
                            "network.0.cidr": "31",
                            "network.0.family": "4",
                            "network.0.gateway": "147.75.77.52",
                            "network.0.public": "true",
                            "network.1.address": "2604:1380:0:3800::21",
                            "network.1.cidr": "127",
                            "network.1.family": "6",
                            "network.1.gateway": "2604:1380:0:3800::20",
                            "network.1.public": "true",
                            "network.2.address": "10.99.31.159",
                            "network.2.cidr": "31",
                            "network.2.family": "4",
                            "network.2.gateway": "10.99.31.158",
                            "network.2.public": "false",
                            "network_type": "layer3",
                            "operating_system": "centos_7",
                            "plan": "c1.small.x86",
                            "ports.#": "3",
                            "ports.0.bonded": "true",
                            "ports.0.id": "12bcc443-670e-46f3-ac1a-007c00c4fa10",
                            "ports.0.mac": "",
                            "ports.0.name": "bond0",
                            "ports.0.type": "NetworkBondPort",
                            "ports.1.bonded": "true",
                            "ports.1.id": "16c3abd3-3bf2-4c14-a139-d043934102d0",
                            "ports.1.mac": "ac:1f:6b:99:b4:94",
                            "ports.1.name": "eth0",
                            "ports.1.type": "NetworkPort",
                            "ports.2.bonded": "true",
                            "ports.2.id": "7549d891-5c1a-4714-94ac-51cf9dc81729",
                            "ports.2.mac": "ac:1f:6b:99:b4:95",
                            "ports.2.name": "eth1",
                            "ports.2.type": "NetworkPort",
                            "project_id": "719d7d4b-08f8-4e9b-ad0d-34707f85160d",
                            "public_ipv4_subnet_size": "31",
                            "root_password": "YQ0U-d[v;2",
                            "ssh_key_ids.#": "164",
                            "ssh_key_ids.0": "bd192f85-fbeb-4fd3-bca0-7ceb96f91700",
                            "ssh_key_ids.1": "da199044-80dd-48dd-8d1f-ef76ccb13ab5",
                            "ssh_key_ids.10": "f78dd9de-77e6-4386-9014-14258f6ed18c",
                            "ssh_key_ids.100": "f0e74fce-1a0c-4643-8990-f6843728f24f",
                            "ssh_key_ids.101": "34934bed-6b13-4abc-aeb6-1a5a9e994745",
                            "ssh_key_ids.102": "b428db77-8a11-40b6-a6f9-bd6321ea796b",
                            "ssh_key_ids.103": "3199b332-bec2-45ef-9e25-ba9057972da7",
                            "ssh_key_ids.104": "303a0e97-7dd1-4444-9def-d7ebf932a892",
                            "ssh_key_ids.105": "7bf767f0-472a-4977-921e-cf55ded84f1c",
                            "ssh_key_ids.106": "7fb2d14c-11b6-4c52-a9d0-2a4a6113dbab",
                            "ssh_key_ids.107": "27635c6f-e3bd-4403-ae6c-94757f36b601",
                            "ssh_key_ids.108": "bc84ed0c-228d-4eb5-97b4-4cd7b6e6a0f9",
                            "ssh_key_ids.109": "f8e3e26a-214b-457a-a7de-0aa31723f04e",
                            "ssh_key_ids.11": "aea43942-9250-4cde-81d1-69e468df8ce6",
                            "ssh_key_ids.110": "d0cce71a-c3ea-4b60-9866-d8f12d749d13",
                            "ssh_key_ids.111": "1df0179f-a9af-4c8e-b9bf-5991f6e1b7f0",
                            "ssh_key_ids.112": "d6a50bd7-69c4-4c2b-99be-9adbefc6e3dc",
                            "ssh_key_ids.113": "950d1f09-7d94-4838-ac25-e2b63fc256f5",
                            "ssh_key_ids.114": "d02bec99-0344-4cf3-bd06-8bad8969b9fe",
                            "ssh_key_ids.115": "e75e4f46-8e6b-4f66-8612-1879bbb96623",
                            "ssh_key_ids.116": "0a7d499d-8d80-45ad-9069-8fbaa6e28ea1",
                            "ssh_key_ids.117": "bb427d7d-ca92-4a98-af84-64d3b43e6325",
                            "ssh_key_ids.118": "c523b161-3e3b-492c-90f4-253a86aed91f",
                            "ssh_key_ids.119": "892bf2fb-c6b9-459d-bdd0-36d69701a3e6",
                            "ssh_key_ids.12": "68931241-5344-4a8b-884f-4f3a4fc5e231",
                            "ssh_key_ids.120": "13c0308d-5846-46c5-bf46-2fdae2e9c8d7",
                            "ssh_key_ids.121": "a102ddd7-bee2-4d61-9262-5978a4b91c04",
                            "ssh_key_ids.122": "842a0495-4b06-4f53-a948-f381d57cb180",
                            "ssh_key_ids.123": "491b68d1-1663-490d-a2e0-248b496631f4",
                            "ssh_key_ids.124": "bb056de1-9025-47e5-89a1-2897643e1f6c",
                            "ssh_key_ids.125": "b68dcaed-078c-41e2-a647-5aa1acb12154",
                            "ssh_key_ids.126": "984f885d-a618-4416-a934-f1f00d93f989",
                            "ssh_key_ids.127": "a722049c-a416-4fb0-a661-290a0d9cf57b",
                            "ssh_key_ids.128": "1776caa4-e965-4891-af1a-427ce73a88e9",
                            "ssh_key_ids.129": "0873502f-0980-4e42-a0de-5328eb21b1fe",
                            "ssh_key_ids.13": "7d4eca06-2710-49c7-b4bd-efececa7cd54",
                            "ssh_key_ids.130": "cc001113-bc02-4d7f-af55-366db9132936",
                            "ssh_key_ids.131": "88436004-0436-4df7-8240-bfd128e8d605",
                            "ssh_key_ids.132": "f81c84bc-7f7f-4c1c-bc6b-4aa9ce236151",
                            "ssh_key_ids.133": "895e0d1a-adae-439f-a1a8-a15aa6658c97",
                            "ssh_key_ids.134": "116c4f54-560a-4d95-bddc-29632af8a732",
                            "ssh_key_ids.135": "36c08ba3-3dc2-45bf-aad5-3f9d6c2f8173",
                            "ssh_key_ids.136": "fac2cbbc-70ef-4386-a0e6-df3aa1fe9609",
                            "ssh_key_ids.137": "14c24939-9fd3-4d21-9f11-2557c49a3a9f",
                            "ssh_key_ids.138": "36b25fc3-3971-4f8f-a6f2-fcf9113e4da8",
                            "ssh_key_ids.139": "f67f7c4b-0050-4c18-be29-03a072b204ba",
                            "ssh_key_ids.14": "37ffbecc-3536-42d3-8f8b-5235dd97d526",
                            "ssh_key_ids.140": "ee429bfb-8fb3-479b-9c6c-e5579a8bf59d",
                            "ssh_key_ids.141": "93b62667-9821-43c9-9b47-09c72bfc16fe",
                            "ssh_key_ids.142": "305be502-51dd-41a5-b2b1-b58878e9da15",
                            "ssh_key_ids.143": "af0fdb13-ba2c-4e19-bcfb-57b1d59ead38",
                            "ssh_key_ids.144": "c13861b0-d10e-4a0e-a84b-4d0463d54f1a",
                            "ssh_key_ids.145": "e00adc33-e5eb-4b67-b5f9-4bfa68bd2e53",
                            "ssh_key_ids.146": "b38f0448-bb97-4309-82f2-d1a5f5df0809",
                            "ssh_key_ids.147": "b87eb180-f18b-44a6-bbd5-a49f111d7864",
                            "ssh_key_ids.148": "be99da3d-601c-4466-8dcb-ff1f8a6a19d8",
                            "ssh_key_ids.149": "942f8d63-c3ec-4f32-b93a-38b5e0bafd90",
                            "ssh_key_ids.15": "8ec2af9d-2255-4cc8-a5ae-8dd62262241c",
                            "ssh_key_ids.150": "eac5e2ca-acf1-46a6-ae4d-aa12f71af765",
                            "ssh_key_ids.151": "0a929e59-0bcf-4de1-91d1-01a8cdbc9ef6",
                            "ssh_key_ids.152": "e5fd812a-667c-498f-883c-2bd1afddbff3",
                            "ssh_key_ids.153": "3b57956f-a711-40db-9a6f-32487503bea1",
                            "ssh_key_ids.154": "6b50e07d-df2c-44b8-8a9e-65bfab6880a1",
                            "ssh_key_ids.155": "4382d197-ecbb-43d9-a7d6-453c100279b8",
                            "ssh_key_ids.156": "bc4f1745-a5de-45e4-ae82-d7c4988ee1a2",
                            "ssh_key_ids.157": "985ea314-f590-4237-99f5-682a344617d9",
                            "ssh_key_ids.158": "98b939fb-362b-41c8-831a-1f0a2afa400e",
                            "ssh_key_ids.159": "21fecacf-999e-4595-a247-af36a4feb0c1",
                            "ssh_key_ids.16": "5d3e1674-605d-4e29-aa1a-6f97c6273217",
                            "ssh_key_ids.160": "0c909e8f-7714-43f6-a8a9-fc003c5231a3",
                            "ssh_key_ids.161": "ccb07866-766e-45e2-ae82-a1f1c8cb39c8",
                            "ssh_key_ids.162": "d45fb3b7-af95-4c48-8ad6-e3f3242a5e4a",
                            "ssh_key_ids.163": "25faa130-9a09-4cca-a109-409c7ac309ab",
                            "ssh_key_ids.17": "c57fb351-65ce-4427-a1c2-17868b0d1711",
                            "ssh_key_ids.18": "5e0ab35b-4a75-45c1-b679-bc9cb5c9abf8",
                            "ssh_key_ids.19": "0fddd1d0-4fa1-4abb-9bb9-b8381169a715",
                            "ssh_key_ids.2": "6e703847-5229-4bfd-9229-db6df7397e11",
                            "ssh_key_ids.20": "bdc5900f-e26d-46fe-8da6-59f9413b4c21",
                            "ssh_key_ids.21": "311e499c-5421-42b0-91a7-cdcc1059dfef",
                            "ssh_key_ids.22": "7c7abede-0f89-4bae-91f3-c4c856140db8",
                            "ssh_key_ids.23": "948d85da-a1a4-45d9-b6bd-e2794c03232d",
                            "ssh_key_ids.24": "214e1ebd-afd3-43f9-bcb6-bf6b9693f830",
                            "ssh_key_ids.25": "8c7583d3-2b01-4df4-a946-939962d827f9",
                            "ssh_key_ids.26": "f6267de9-b50a-4bd8-aac5-51612a403741",
                            "ssh_key_ids.27": "33fea3c3-2fb4-424a-834c-190bd53b8f0b",
                            "ssh_key_ids.28": "fed60fdf-7e1d-4ffd-af9f-4ac91c2fd430",
                            "ssh_key_ids.29": "7c7abd45-994d-4754-8220-2c5a404933e8",
                            "ssh_key_ids.3": "32c2e969-fe1c-4235-a999-2b8abc061991",
                            "ssh_key_ids.30": "89ef47c1-1576-4b8c-a339-2014155f0802",
                            "ssh_key_ids.31": "1689628e-00a8-40e4-a578-9d484d66cc3f",
                            "ssh_key_ids.32": "38ee2b4b-653d-494e-b008-abd82461f7f6",
                            "ssh_key_ids.33": "f63582f2-9d53-487f-a9af-d739e36b07af",
                            "ssh_key_ids.34": "f86d606c-d11c-4b10-b0d2-326e3b791cdf",
                            "ssh_key_ids.35": "7afc2a1e-7303-47e0-b75a-ed2587d3f340",
                            "ssh_key_ids.36": "0c1be6d5-8b38-4920-94f2-6ddaaa25bb9d",
                            "ssh_key_ids.37": "a2579e04-6f2e-4488-8e58-c48a0aa7f70b",
                            "ssh_key_ids.38": "f1b4cad0-7e3f-4574-bc52-6567dd2fd125",
                            "ssh_key_ids.39": "494f995f-069a-4407-bf31-d1e67142f9fd",
                            "ssh_key_ids.4": "659466b5-43b7-47fe-bd6c-b443d3b5df20",
                            "ssh_key_ids.40": "3bde399d-1ee1-49ca-acad-8df41956df20",
                            "ssh_key_ids.41": "0fb6897c-2f7f-4d0f-9de1-bd279408a7cb",
                            "ssh_key_ids.42": "1e4e0e97-aace-4cd9-b258-c8408d502284",
                            "ssh_key_ids.43": "7c41c050-74ad-4aa7-b63b-8c75d9db4051",
                            "ssh_key_ids.44": "fedb7753-6dba-4aa4-8371-999c6bab70de",
                            "ssh_key_ids.45": "a8855483-e011-4d68-86a5-2f530738dd17",
                            "ssh_key_ids.46": "954bd64c-a66b-45fb-900e-04f0b8b18cdf",
                            "ssh_key_ids.47": "6219b353-d4ec-4ba5-9a40-19304b4fe1af",
                            "ssh_key_ids.48": "4e49c810-8e76-4ec7-b1c2-1d9e7f829441",
                            "ssh_key_ids.49": "d88db379-9fa2-454f-97a4-8e7718bbb658",
                            "ssh_key_ids.5": "8059f489-7714-4af7-84fc-76869c009378",
                            "ssh_key_ids.50": "d0a93463-eb19-4ed4-82a9-3c354374443e",
                            "ssh_key_ids.51": "b505936c-fca3-4767-9cbe-a5401f97dd95",
                            "ssh_key_ids.52": "ee065568-03bb-456e-a1f5-1669939d43cb",
                            "ssh_key_ids.53": "1dae5119-8c6d-450c-be49-ef323d4ef630",
                            "ssh_key_ids.54": "c79bd893-afa8-4fde-9315-1ac6571a0d64",
                            "ssh_key_ids.55": "2111f3a2-9fe6-4992-aa14-1e01bb0501ce",
                            "ssh_key_ids.56": "09223179-7d28-40a4-b18e-b7ed3e350c6a",
                            "ssh_key_ids.57": "f7e8e7ed-d248-4e81-9f0a-15ef569fb264",
                            "ssh_key_ids.58": "0e3abb85-56d4-4604-a40a-9f3c6548b30b",
                            "ssh_key_ids.59": "0f73341f-b03d-4323-8d59-af7243dbb475",
                            "ssh_key_ids.6": "f98a99f8-ff13-4391-b5fc-74983219a225",
                            "ssh_key_ids.60": "84eaa0c1-fd1c-4de8-a60c-e91feb89f14b",
                            "ssh_key_ids.61": "9a377e1e-c8ce-40c0-bf81-014cab0fcb7c",
                            "ssh_key_ids.62": "2765be00-4a38-436c-8eb7-74cb7dba92d3",
                            "ssh_key_ids.63": "e58fd2a9-18d8-4cd9-a1a2-f2610ed83a73",
                            "ssh_key_ids.64": "9058e9af-1b6a-4c7a-bce1-14dc06529d33",
                            "ssh_key_ids.65": "6389afd1-e142-402d-8a1e-90383fbd3cb0",
                            "ssh_key_ids.66": "752d99f5-5dcd-437f-99c9-8325bbabcc59",
                            "ssh_key_ids.67": "611e233e-835c-4e37-abdd-918842cbe83f",
                            "ssh_key_ids.68": "ec9105b6-bdd2-4bcc-a6ca-00055f55f504",
                            "ssh_key_ids.69": "01097db2-b817-4a41-b016-012c83dad8e4",
                            "ssh_key_ids.7": "0b392f37-4243-4e43-a56c-18208a30acf3",
                            "ssh_key_ids.70": "dc275958-fb33-4a63-a21b-e33d3dfd3a14",
                            "ssh_key_ids.71": "e82a688a-f07a-480e-a408-199baca463c9",
                            "ssh_key_ids.72": "a7c4c16b-8163-4d61-8485-5f05eb11f013",
                            "ssh_key_ids.73": "d7a07953-9e75-465e-9495-775f03018db0",
                            "ssh_key_ids.74": "290afd05-1d05-4fd4-a7ac-27be4b92458f",
                            "ssh_key_ids.75": "8499c022-65c8-40dd-ab33-d331388ac5d9",
                            "ssh_key_ids.76": "8ad4e695-a082-43c5-ac1b-456964b321c6",
                            "ssh_key_ids.77": "59b26c30-c0ca-4ac5-ba7f-143efd14f792",
                            "ssh_key_ids.78": "ccf9952b-afcb-4df1-b002-0c60717e2592",
                            "ssh_key_ids.79": "d059cfe2-3215-4686-aeaa-051a5a423d2a",
                            "ssh_key_ids.8": "0394ad7e-6265-4478-ae1a-3b5d59a217d5",
                            "ssh_key_ids.80": "82bd80ac-b1df-4801-88b7-8b835b78570c",
                            "ssh_key_ids.81": "c0fea396-b8f9-43d0-a453-9bbc868a1d81",
                            "ssh_key_ids.82": "82f1421a-5a62-442c-adbf-6f4534ff96fe",
                            "ssh_key_ids.83": "59e22e40-bf99-4d3a-ae05-3eb4d599cabc",
                            "ssh_key_ids.84": "ec684e16-0a82-4508-af90-88d5c598bd04",
                            "ssh_key_ids.85": "1a5374e7-ae0b-44e8-8290-a7f9e34c6374",
                            "ssh_key_ids.86": "22050c70-4363-4734-8c11-57855494147c",
                            "ssh_key_ids.87": "9ee4a2b0-3668-411b-af84-07f61d71afa8",
                            "ssh_key_ids.88": "85e0e5cf-7e19-42f8-9dc2-da41de539495",
                            "ssh_key_ids.89": "32a48504-ef65-452f-ae33-d161205c1b11",
                            "ssh_key_ids.9": "f718cdab-a523-45c3-9b01-80dc045be122",
                            "ssh_key_ids.90": "3a4e67f8-b12d-43d4-a35d-e5d33a9ccd98",
                            "ssh_key_ids.91": "9cf77467-cdb7-4dcc-ab9f-4d431712ef3f",
                            "ssh_key_ids.92": "80b28858-2421-41bb-bbea-c4ad4a5db2c9",
                            "ssh_key_ids.93": "036d46c3-8727-4a00-b59b-7f80443a2afc",
                            "ssh_key_ids.94": "04d2d40f-d0ae-4862-9537-62a9e43a22cd",
                            "ssh_key_ids.95": "c33ea9e0-ed31-43ce-8bba-e5e8da4edd83",
                            "ssh_key_ids.96": "6e8257dd-b7b9-4f30-b9d1-e7131a4d2121",
                            "ssh_key_ids.97": "ccb63b0c-f9e1-4764-a37e-e4408cccbfac",
                            "ssh_key_ids.98": "65c4bc38-3112-4503-b875-5f583aca6424",
                            "ssh_key_ids.99": "912637d1-7b56-481b-bbe4-ccf466e3e161",
                            "state": "active",
                            "storage": "",
                            "tags.#": "0",
                            "updated": "2019-04-30T09:54:20Z"
                        },
                        "meta": {},
                        "tainted": false
                    },
                    "deposed": [],
                    "provider": "provider.packet"
                },
                "packet_device.lab.3": {
                    "type": "packet_device",
                    "depends_on": [
                        "packet_device.registry",
                        "packet_ssh_key.default",
                        "tls_private_key.default"
                    ],
                    "primary": {
                        "id": "52ff0ae5-538f-4dab-8856-d05154b968a2",
                        "attributes": {
                            "access_private_ipv4": "10.99.31.181",
                            "access_public_ipv4": "147.75.198.243",
                            "access_public_ipv6": "2604:1380:0:3800::3b",
                            "always_pxe": "false",
                            "billing_cycle": "hourly",
                            "created": "2019-04-30T09:52:08Z",
                            "facilities.#": "1",
                            "facilities.0": "ewr1",
                            "facility": "ewr1",
                            "hostname": "kayobe-lab-03",
                            "id": "52ff0ae5-538f-4dab-8856-d05154b968a2",
                            "ipxe_script_url": "",
                            "locked": "false",
                            "network.#": "3",
                            "network.0.address": "147.75.198.243",
                            "network.0.cidr": "31",
                            "network.0.family": "4",
                            "network.0.gateway": "147.75.198.242",
                            "network.0.public": "true",
                            "network.1.address": "2604:1380:0:3800::3b",
                            "network.1.cidr": "127",
                            "network.1.family": "6",
                            "network.1.gateway": "2604:1380:0:3800::3a",
                            "network.1.public": "true",
                            "network.2.address": "10.99.31.181",
                            "network.2.cidr": "31",
                            "network.2.family": "4",
                            "network.2.gateway": "10.99.31.180",
                            "network.2.public": "false",
                            "network_type": "layer3",
                            "operating_system": "centos_7",
                            "plan": "c1.small.x86",
                            "ports.#": "3",
                            "ports.0.bonded": "true",
                            "ports.0.id": "213b45c4-b9e0-4a57-8b27-6aa62426f8d3",
                            "ports.0.mac": "",
                            "ports.0.name": "bond0",
                            "ports.0.type": "NetworkBondPort",
                            "ports.1.bonded": "true",
                            "ports.1.id": "d4ab3164-e0d4-4e8b-a77f-d0a04f2b5872",
                            "ports.1.mac": "ac:1f:6b:99:be:58",
                            "ports.1.name": "eth0",
                            "ports.1.type": "NetworkPort",
                            "ports.2.bonded": "true",
                            "ports.2.id": "bd471c34-28b3-4b07-931e-dfdfb9a9ce76",
                            "ports.2.mac": "ac:1f:6b:99:be:59",
                            "ports.2.name": "eth1",
                            "ports.2.type": "NetworkPort",
                            "project_id": "719d7d4b-08f8-4e9b-ad0d-34707f85160d",
                            "public_ipv4_subnet_size": "31",
                            "root_password": "/Px[vPRm43",
                            "ssh_key_ids.#": "164",
                            "ssh_key_ids.0": "bd192f85-fbeb-4fd3-bca0-7ceb96f91700",
                            "ssh_key_ids.1": "da199044-80dd-48dd-8d1f-ef76ccb13ab5",
                            "ssh_key_ids.10": "a102ddd7-bee2-4d61-9262-5978a4b91c04",
                            "ssh_key_ids.100": "fac2cbbc-70ef-4386-a0e6-df3aa1fe9609",
                            "ssh_key_ids.101": "14c24939-9fd3-4d21-9f11-2557c49a3a9f",
                            "ssh_key_ids.102": "36b25fc3-3971-4f8f-a6f2-fcf9113e4da8",
                            "ssh_key_ids.103": "0f73341f-b03d-4323-8d59-af7243dbb475",
                            "ssh_key_ids.104": "f98a99f8-ff13-4391-b5fc-74983219a225",
                            "ssh_key_ids.105": "0b392f37-4243-4e43-a56c-18208a30acf3",
                            "ssh_key_ids.106": "0394ad7e-6265-4478-ae1a-3b5d59a217d5",
                            "ssh_key_ids.107": "0fddd1d0-4fa1-4abb-9bb9-b8381169a715",
                            "ssh_key_ids.108": "2111f3a2-9fe6-4992-aa14-1e01bb0501ce",
                            "ssh_key_ids.109": "09223179-7d28-40a4-b18e-b7ed3e350c6a",
                            "ssh_key_ids.11": "7afc2a1e-7303-47e0-b75a-ed2587d3f340",
                            "ssh_key_ids.110": "0e3abb85-56d4-4604-a40a-9f3c6548b30b",
                            "ssh_key_ids.111": "f7e8e7ed-d248-4e81-9f0a-15ef569fb264",
                            "ssh_key_ids.112": "bdc5900f-e26d-46fe-8da6-59f9413b4c21",
                            "ssh_key_ids.113": "214e1ebd-afd3-43f9-bcb6-bf6b9693f830",
                            "ssh_key_ids.114": "33fea3c3-2fb4-424a-834c-190bd53b8f0b",
                            "ssh_key_ids.115": "f67f7c4b-0050-4c18-be29-03a072b204ba",
                            "ssh_key_ids.116": "ee429bfb-8fb3-479b-9c6c-e5579a8bf59d",
                            "ssh_key_ids.117": "93b62667-9821-43c9-9b47-09c72bfc16fe",
                            "ssh_key_ids.118": "305be502-51dd-41a5-b2b1-b58878e9da15",
                            "ssh_key_ids.119": "af0fdb13-ba2c-4e19-bcfb-57b1d59ead38",
                            "ssh_key_ids.12": "37ffbecc-3536-42d3-8f8b-5235dd97d526",
                            "ssh_key_ids.120": "e00adc33-e5eb-4b67-b5f9-4bfa68bd2e53",
                            "ssh_key_ids.121": "ccf9952b-afcb-4df1-b002-0c60717e2592",
                            "ssh_key_ids.122": "d059cfe2-3215-4686-aeaa-051a5a423d2a",
                            "ssh_key_ids.123": "659466b5-43b7-47fe-bd6c-b443d3b5df20",
                            "ssh_key_ids.124": "82bd80ac-b1df-4801-88b7-8b835b78570c",
                            "ssh_key_ids.125": "c0fea396-b8f9-43d0-a453-9bbc868a1d81",
                            "ssh_key_ids.126": "fed60fdf-7e1d-4ffd-af9f-4ac91c2fd430",
                            "ssh_key_ids.127": "7c7abd45-994d-4754-8220-2c5a404933e8",
                            "ssh_key_ids.128": "1689628e-00a8-40e4-a578-9d484d66cc3f",
                            "ssh_key_ids.129": "c13861b0-d10e-4a0e-a84b-4d0463d54f1a",
                            "ssh_key_ids.13": "8ec2af9d-2255-4cc8-a5ae-8dd62262241c",
                            "ssh_key_ids.130": "82f1421a-5a62-442c-adbf-6f4534ff96fe",
                            "ssh_key_ids.131": "59e22e40-bf99-4d3a-ae05-3eb4d599cabc",
                            "ssh_key_ids.132": "ec684e16-0a82-4508-af90-88d5c598bd04",
                            "ssh_key_ids.133": "1a5374e7-ae0b-44e8-8290-a7f9e34c6374",
                            "ssh_key_ids.134": "22050c70-4363-4734-8c11-57855494147c",
                            "ssh_key_ids.135": "9ee4a2b0-3668-411b-af84-07f61d71afa8",
                            "ssh_key_ids.136": "7d4eca06-2710-49c7-b4bd-efececa7cd54",
                            "ssh_key_ids.137": "f718cdab-a523-45c3-9b01-80dc045be122",
                            "ssh_key_ids.138": "f78dd9de-77e6-4386-9014-14258f6ed18c",
                            "ssh_key_ids.139": "9cf77467-cdb7-4dcc-ab9f-4d431712ef3f",
                            "ssh_key_ids.14": "f86d606c-d11c-4b10-b0d2-326e3b791cdf",
                            "ssh_key_ids.140": "aea43942-9250-4cde-81d1-69e468df8ce6",
                            "ssh_key_ids.141": "68931241-5344-4a8b-884f-4f3a4fc5e231",
                            "ssh_key_ids.142": "494f995f-069a-4407-bf31-d1e67142f9fd",
                            "ssh_key_ids.143": "491b68d1-1663-490d-a2e0-248b496631f4",
                            "ssh_key_ids.144": "6e703847-5229-4bfd-9229-db6df7397e11",
                            "ssh_key_ids.145": "32c2e969-fe1c-4235-a999-2b8abc061991",
                            "ssh_key_ids.146": "3b57956f-a711-40db-9a6f-32487503bea1",
                            "ssh_key_ids.147": "e5fd812a-667c-498f-883c-2bd1afddbff3",
                            "ssh_key_ids.148": "be99da3d-601c-4466-8dcb-ff1f8a6a19d8",
                            "ssh_key_ids.149": "b87eb180-f18b-44a6-bbd5-a49f111d7864",
                            "ssh_key_ids.15": "f63582f2-9d53-487f-a9af-d739e36b07af",
                            "ssh_key_ids.150": "4382d197-ecbb-43d9-a7d6-453c100279b8",
                            "ssh_key_ids.151": "6b50e07d-df2c-44b8-8a9e-65bfab6880a1",
                            "ssh_key_ids.152": "eac5e2ca-acf1-46a6-ae4d-aa12f71af765",
                            "ssh_key_ids.153": "b38f0448-bb97-4309-82f2-d1a5f5df0809",
                            "ssh_key_ids.154": "0a929e59-0bcf-4de1-91d1-01a8cdbc9ef6",
                            "ssh_key_ids.155": "942f8d63-c3ec-4f32-b93a-38b5e0bafd90",
                            "ssh_key_ids.156": "bc4f1745-a5de-45e4-ae82-d7c4988ee1a2",
                            "ssh_key_ids.157": "985ea314-f590-4237-99f5-682a344617d9",
                            "ssh_key_ids.158": "98b939fb-362b-41c8-831a-1f0a2afa400e",
                            "ssh_key_ids.159": "21fecacf-999e-4595-a247-af36a4feb0c1",
                            "ssh_key_ids.16": "38ee2b4b-653d-494e-b008-abd82461f7f6",
                            "ssh_key_ids.160": "0c909e8f-7714-43f6-a8a9-fc003c5231a3",
                            "ssh_key_ids.161": "ccb07866-766e-45e2-ae82-a1f1c8cb39c8",
                            "ssh_key_ids.162": "d45fb3b7-af95-4c48-8ad6-e3f3242a5e4a",
                            "ssh_key_ids.163": "25faa130-9a09-4cca-a109-409c7ac309ab",
                            "ssh_key_ids.17": "5d3e1674-605d-4e29-aa1a-6f97c6273217",
                            "ssh_key_ids.18": "c57fb351-65ce-4427-a1c2-17868b0d1711",
                            "ssh_key_ids.19": "5e0ab35b-4a75-45c1-b679-bc9cb5c9abf8",
                            "ssh_key_ids.2": "950d1f09-7d94-4838-ac25-e2b63fc256f5",
                            "ssh_key_ids.20": "85e0e5cf-7e19-42f8-9dc2-da41de539495",
                            "ssh_key_ids.21": "32a48504-ef65-452f-ae33-d161205c1b11",
                            "ssh_key_ids.22": "3a4e67f8-b12d-43d4-a35d-e5d33a9ccd98",
                            "ssh_key_ids.23": "0c1be6d5-8b38-4920-94f2-6ddaaa25bb9d",
                            "ssh_key_ids.24": "a2579e04-6f2e-4488-8e58-c48a0aa7f70b",
                            "ssh_key_ids.25": "f1b4cad0-7e3f-4574-bc52-6567dd2fd125",
                            "ssh_key_ids.26": "3bde399d-1ee1-49ca-acad-8df41956df20",
                            "ssh_key_ids.27": "0fb6897c-2f7f-4d0f-9de1-bd279408a7cb",
                            "ssh_key_ids.28": "1e4e0e97-aace-4cd9-b258-c8408d502284",
                            "ssh_key_ids.29": "7c41c050-74ad-4aa7-b63b-8c75d9db4051",
                            "ssh_key_ids.3": "d02bec99-0344-4cf3-bd06-8bad8969b9fe",
                            "ssh_key_ids.30": "fedb7753-6dba-4aa4-8371-999c6bab70de",
                            "ssh_key_ids.31": "a8855483-e011-4d68-86a5-2f530738dd17",
                            "ssh_key_ids.32": "80b28858-2421-41bb-bbea-c4ad4a5db2c9",
                            "ssh_key_ids.33": "036d46c3-8727-4a00-b59b-7f80443a2afc",
                            "ssh_key_ids.34": "04d2d40f-d0ae-4862-9537-62a9e43a22cd",
                            "ssh_key_ids.35": "311e499c-5421-42b0-91a7-cdcc1059dfef",
                            "ssh_key_ids.36": "7c7abede-0f89-4bae-91f3-c4c856140db8",
                            "ssh_key_ids.37": "948d85da-a1a4-45d9-b6bd-e2794c03232d",
                            "ssh_key_ids.38": "c33ea9e0-ed31-43ce-8bba-e5e8da4edd83",
                            "ssh_key_ids.39": "6e8257dd-b7b9-4f30-b9d1-e7131a4d2121",
                            "ssh_key_ids.4": "e75e4f46-8e6b-4f66-8612-1879bbb96623",
                            "ssh_key_ids.40": "8c7583d3-2b01-4df4-a946-939962d827f9",
                            "ssh_key_ids.41": "89ef47c1-1576-4b8c-a339-2014155f0802",
                            "ssh_key_ids.42": "f6267de9-b50a-4bd8-aac5-51612a403741",
                            "ssh_key_ids.43": "ccb63b0c-f9e1-4764-a37e-e4408cccbfac",
                            "ssh_key_ids.44": "65c4bc38-3112-4503-b875-5f583aca6424",
                            "ssh_key_ids.45": "912637d1-7b56-481b-bbe4-ccf466e3e161",
                            "ssh_key_ids.46": "59b26c30-c0ca-4ac5-ba7f-143efd14f792",
                            "ssh_key_ids.47": "8ad4e695-a082-43c5-ac1b-456964b321c6",
                            "ssh_key_ids.48": "8499c022-65c8-40dd-ab33-d331388ac5d9",
                            "ssh_key_ids.49": "290afd05-1d05-4fd4-a7ac-27be4b92458f",
                            "ssh_key_ids.5": "0a7d499d-8d80-45ad-9069-8fbaa6e28ea1",
                            "ssh_key_ids.50": "d7a07953-9e75-465e-9495-775f03018db0",
                            "ssh_key_ids.51": "f0e74fce-1a0c-4643-8990-f6843728f24f",
                            "ssh_key_ids.52": "34934bed-6b13-4abc-aeb6-1a5a9e994745",
                            "ssh_key_ids.53": "b428db77-8a11-40b6-a6f9-bd6321ea796b",
                            "ssh_key_ids.54": "3199b332-bec2-45ef-9e25-ba9057972da7",
                            "ssh_key_ids.55": "a7c4c16b-8163-4d61-8485-5f05eb11f013",
                            "ssh_key_ids.56": "e82a688a-f07a-480e-a408-199baca463c9",
                            "ssh_key_ids.57": "dc275958-fb33-4a63-a21b-e33d3dfd3a14",
                            "ssh_key_ids.58": "01097db2-b817-4a41-b016-012c83dad8e4",
                            "ssh_key_ids.59": "ec9105b6-bdd2-4bcc-a6ca-00055f55f504",
                            "ssh_key_ids.6": "bb427d7d-ca92-4a98-af84-64d3b43e6325",
                            "ssh_key_ids.60": "611e233e-835c-4e37-abdd-918842cbe83f",
                            "ssh_key_ids.61": "303a0e97-7dd1-4444-9def-d7ebf932a892",
                            "ssh_key_ids.62": "7bf767f0-472a-4977-921e-cf55ded84f1c",
                            "ssh_key_ids.63": "7fb2d14c-11b6-4c52-a9d0-2a4a6113dbab",
                            "ssh_key_ids.64": "27635c6f-e3bd-4403-ae6c-94757f36b601",
                            "ssh_key_ids.65": "bc84ed0c-228d-4eb5-97b4-4cd7b6e6a0f9",
                            "ssh_key_ids.66": "f8e3e26a-214b-457a-a7de-0aa31723f04e",
                            "ssh_key_ids.67": "d0cce71a-c3ea-4b60-9866-d8f12d749d13",
                            "ssh_key_ids.68": "1df0179f-a9af-4c8e-b9bf-5991f6e1b7f0",
                            "ssh_key_ids.69": "d6a50bd7-69c4-4c2b-99be-9adbefc6e3dc",
                            "ssh_key_ids.7": "c523b161-3e3b-492c-90f4-253a86aed91f",
                            "ssh_key_ids.70": "752d99f5-5dcd-437f-99c9-8325bbabcc59",
                            "ssh_key_ids.71": "6389afd1-e142-402d-8a1e-90383fbd3cb0",
                            "ssh_key_ids.72": "9058e9af-1b6a-4c7a-bce1-14dc06529d33",
                            "ssh_key_ids.73": "e58fd2a9-18d8-4cd9-a1a2-f2610ed83a73",
                            "ssh_key_ids.74": "842a0495-4b06-4f53-a948-f381d57cb180",
                            "ssh_key_ids.75": "bb056de1-9025-47e5-89a1-2897643e1f6c",
                            "ssh_key_ids.76": "b68dcaed-078c-41e2-a647-5aa1acb12154",
                            "ssh_key_ids.77": "984f885d-a618-4416-a934-f1f00d93f989",
                            "ssh_key_ids.78": "a722049c-a416-4fb0-a661-290a0d9cf57b",
                            "ssh_key_ids.79": "1776caa4-e965-4891-af1a-427ce73a88e9",
                            "ssh_key_ids.8": "892bf2fb-c6b9-459d-bdd0-36d69701a3e6",
                            "ssh_key_ids.80": "0873502f-0980-4e42-a0de-5328eb21b1fe",
                            "ssh_key_ids.81": "cc001113-bc02-4d7f-af55-366db9132936",
                            "ssh_key_ids.82": "954bd64c-a66b-45fb-900e-04f0b8b18cdf",
                            "ssh_key_ids.83": "6219b353-d4ec-4ba5-9a40-19304b4fe1af",
                            "ssh_key_ids.84": "4e49c810-8e76-4ec7-b1c2-1d9e7f829441",
                            "ssh_key_ids.85": "d88db379-9fa2-454f-97a4-8e7718bbb658",
                            "ssh_key_ids.86": "d0a93463-eb19-4ed4-82a9-3c354374443e",
                            "ssh_key_ids.87": "b505936c-fca3-4767-9cbe-a5401f97dd95",
                            "ssh_key_ids.88": "2765be00-4a38-436c-8eb7-74cb7dba92d3",
                            "ssh_key_ids.89": "9a377e1e-c8ce-40c0-bf81-014cab0fcb7c",
                            "ssh_key_ids.9": "13c0308d-5846-46c5-bf46-2fdae2e9c8d7",
                            "ssh_key_ids.90": "84eaa0c1-fd1c-4de8-a60c-e91feb89f14b",
                            "ssh_key_ids.91": "ee065568-03bb-456e-a1f5-1669939d43cb",
                            "ssh_key_ids.92": "1dae5119-8c6d-450c-be49-ef323d4ef630",
                            "ssh_key_ids.93": "c79bd893-afa8-4fde-9315-1ac6571a0d64",
                            "ssh_key_ids.94": "88436004-0436-4df7-8240-bfd128e8d605",
                            "ssh_key_ids.95": "f81c84bc-7f7f-4c1c-bc6b-4aa9ce236151",
                            "ssh_key_ids.96": "895e0d1a-adae-439f-a1a8-a15aa6658c97",
                            "ssh_key_ids.97": "116c4f54-560a-4d95-bddc-29632af8a732",
                            "ssh_key_ids.98": "36c08ba3-3dc2-45bf-aad5-3f9d6c2f8173",
                            "ssh_key_ids.99": "8059f489-7714-4af7-84fc-76869c009378",
                            "state": "active",
                            "storage": "",
                            "tags.#": "0",
                            "updated": "2019-04-30T09:56:09Z"
                        },
                        "meta": {},
                        "tainted": false
                    },
                    "deposed": [],
                    "provider": "provider.packet"
                },
                "packet_device.lab.4": {
                    "type": "packet_device",
                    "depends_on": [
                        "packet_device.registry",
                        "packet_ssh_key.default",
                        "tls_private_key.default"
                    ],
                    "primary": {
                        "id": "c8857b51-53d2-4287-b1ed-0fc29173a0d0",
                        "attributes": {
                            "access_private_ipv4": "10.99.31.161",
                            "access_public_ipv4": "147.75.195.9",
                            "access_public_ipv6": "2604:1380:0:3800::1f",
                            "always_pxe": "false",
                            "billing_cycle": "hourly",
                            "created": "2019-04-30T09:51:28Z",
                            "facilities.#": "1",
                            "facilities.0": "ewr1",
                            "facility": "ewr1",
                            "hostname": "kayobe-lab-04",
                            "id": "c8857b51-53d2-4287-b1ed-0fc29173a0d0",
                            "ipxe_script_url": "",
                            "locked": "false",
                            "network.#": "3",
                            "network.0.address": "147.75.195.9",
                            "network.0.cidr": "31",
                            "network.0.family": "4",
                            "network.0.gateway": "147.75.195.8",
                            "network.0.public": "true",
                            "network.1.address": "2604:1380:0:3800::1f",
                            "network.1.cidr": "127",
                            "network.1.family": "6",
                            "network.1.gateway": "2604:1380:0:3800::1e",
                            "network.1.public": "true",
                            "network.2.address": "10.99.31.161",
                            "network.2.cidr": "31",
                            "network.2.family": "4",
                            "network.2.gateway": "10.99.31.160",
                            "network.2.public": "false",
                            "network_type": "layer3",
                            "operating_system": "centos_7",
                            "plan": "c1.small.x86",
                            "ports.#": "3",
                            "ports.0.bonded": "true",
                            "ports.0.id": "1bfaa236-8f7f-445d-9571-bd9bc834cbcf",
                            "ports.0.mac": "",
                            "ports.0.name": "bond0",
                            "ports.0.type": "NetworkBondPort",
                            "ports.1.bonded": "true",
                            "ports.1.id": "62e5762c-0f90-4cac-8981-27d03b443d35",
                            "ports.1.mac": "0c:c4:7a:15:dc:48",
                            "ports.1.name": "eth0",
                            "ports.1.type": "NetworkPort",
                            "ports.2.bonded": "true",
                            "ports.2.id": "bef53023-c429-4dbc-b557-3bad1bf1c7b4",
                            "ports.2.mac": "0c:c4:7a:15:dc:49",
                            "ports.2.name": "eth1",
                            "ports.2.type": "NetworkPort",
                            "project_id": "719d7d4b-08f8-4e9b-ad0d-34707f85160d",
                            "public_ipv4_subnet_size": "31",
                            "root_password": "8J%)R7l2E\u003e",
                            "ssh_key_ids.#": "164",
                            "ssh_key_ids.0": "bd192f85-fbeb-4fd3-bca0-7ceb96f91700",
                            "ssh_key_ids.1": "da199044-80dd-48dd-8d1f-ef76ccb13ab5",
                            "ssh_key_ids.10": "f78dd9de-77e6-4386-9014-14258f6ed18c",
                            "ssh_key_ids.100": "f0e74fce-1a0c-4643-8990-f6843728f24f",
                            "ssh_key_ids.101": "34934bed-6b13-4abc-aeb6-1a5a9e994745",
                            "ssh_key_ids.102": "b428db77-8a11-40b6-a6f9-bd6321ea796b",
                            "ssh_key_ids.103": "3199b332-bec2-45ef-9e25-ba9057972da7",
                            "ssh_key_ids.104": "303a0e97-7dd1-4444-9def-d7ebf932a892",
                            "ssh_key_ids.105": "7bf767f0-472a-4977-921e-cf55ded84f1c",
                            "ssh_key_ids.106": "7fb2d14c-11b6-4c52-a9d0-2a4a6113dbab",
                            "ssh_key_ids.107": "27635c6f-e3bd-4403-ae6c-94757f36b601",
                            "ssh_key_ids.108": "bc84ed0c-228d-4eb5-97b4-4cd7b6e6a0f9",
                            "ssh_key_ids.109": "f8e3e26a-214b-457a-a7de-0aa31723f04e",
                            "ssh_key_ids.11": "aea43942-9250-4cde-81d1-69e468df8ce6",
                            "ssh_key_ids.110": "d0cce71a-c3ea-4b60-9866-d8f12d749d13",
                            "ssh_key_ids.111": "1df0179f-a9af-4c8e-b9bf-5991f6e1b7f0",
                            "ssh_key_ids.112": "d6a50bd7-69c4-4c2b-99be-9adbefc6e3dc",
                            "ssh_key_ids.113": "950d1f09-7d94-4838-ac25-e2b63fc256f5",
                            "ssh_key_ids.114": "d02bec99-0344-4cf3-bd06-8bad8969b9fe",
                            "ssh_key_ids.115": "e75e4f46-8e6b-4f66-8612-1879bbb96623",
                            "ssh_key_ids.116": "0a7d499d-8d80-45ad-9069-8fbaa6e28ea1",
                            "ssh_key_ids.117": "bb427d7d-ca92-4a98-af84-64d3b43e6325",
                            "ssh_key_ids.118": "c523b161-3e3b-492c-90f4-253a86aed91f",
                            "ssh_key_ids.119": "892bf2fb-c6b9-459d-bdd0-36d69701a3e6",
                            "ssh_key_ids.12": "68931241-5344-4a8b-884f-4f3a4fc5e231",
                            "ssh_key_ids.120": "13c0308d-5846-46c5-bf46-2fdae2e9c8d7",
                            "ssh_key_ids.121": "a102ddd7-bee2-4d61-9262-5978a4b91c04",
                            "ssh_key_ids.122": "842a0495-4b06-4f53-a948-f381d57cb180",
                            "ssh_key_ids.123": "491b68d1-1663-490d-a2e0-248b496631f4",
                            "ssh_key_ids.124": "bb056de1-9025-47e5-89a1-2897643e1f6c",
                            "ssh_key_ids.125": "b68dcaed-078c-41e2-a647-5aa1acb12154",
                            "ssh_key_ids.126": "984f885d-a618-4416-a934-f1f00d93f989",
                            "ssh_key_ids.127": "a722049c-a416-4fb0-a661-290a0d9cf57b",
                            "ssh_key_ids.128": "1776caa4-e965-4891-af1a-427ce73a88e9",
                            "ssh_key_ids.129": "0873502f-0980-4e42-a0de-5328eb21b1fe",
                            "ssh_key_ids.13": "7d4eca06-2710-49c7-b4bd-efececa7cd54",
                            "ssh_key_ids.130": "cc001113-bc02-4d7f-af55-366db9132936",
                            "ssh_key_ids.131": "88436004-0436-4df7-8240-bfd128e8d605",
                            "ssh_key_ids.132": "f81c84bc-7f7f-4c1c-bc6b-4aa9ce236151",
                            "ssh_key_ids.133": "895e0d1a-adae-439f-a1a8-a15aa6658c97",
                            "ssh_key_ids.134": "116c4f54-560a-4d95-bddc-29632af8a732",
                            "ssh_key_ids.135": "36c08ba3-3dc2-45bf-aad5-3f9d6c2f8173",
                            "ssh_key_ids.136": "fac2cbbc-70ef-4386-a0e6-df3aa1fe9609",
                            "ssh_key_ids.137": "14c24939-9fd3-4d21-9f11-2557c49a3a9f",
                            "ssh_key_ids.138": "36b25fc3-3971-4f8f-a6f2-fcf9113e4da8",
                            "ssh_key_ids.139": "f67f7c4b-0050-4c18-be29-03a072b204ba",
                            "ssh_key_ids.14": "37ffbecc-3536-42d3-8f8b-5235dd97d526",
                            "ssh_key_ids.140": "ee429bfb-8fb3-479b-9c6c-e5579a8bf59d",
                            "ssh_key_ids.141": "93b62667-9821-43c9-9b47-09c72bfc16fe",
                            "ssh_key_ids.142": "305be502-51dd-41a5-b2b1-b58878e9da15",
                            "ssh_key_ids.143": "af0fdb13-ba2c-4e19-bcfb-57b1d59ead38",
                            "ssh_key_ids.144": "c13861b0-d10e-4a0e-a84b-4d0463d54f1a",
                            "ssh_key_ids.145": "e00adc33-e5eb-4b67-b5f9-4bfa68bd2e53",
                            "ssh_key_ids.146": "b38f0448-bb97-4309-82f2-d1a5f5df0809",
                            "ssh_key_ids.147": "b87eb180-f18b-44a6-bbd5-a49f111d7864",
                            "ssh_key_ids.148": "be99da3d-601c-4466-8dcb-ff1f8a6a19d8",
                            "ssh_key_ids.149": "942f8d63-c3ec-4f32-b93a-38b5e0bafd90",
                            "ssh_key_ids.15": "8ec2af9d-2255-4cc8-a5ae-8dd62262241c",
                            "ssh_key_ids.150": "eac5e2ca-acf1-46a6-ae4d-aa12f71af765",
                            "ssh_key_ids.151": "0a929e59-0bcf-4de1-91d1-01a8cdbc9ef6",
                            "ssh_key_ids.152": "e5fd812a-667c-498f-883c-2bd1afddbff3",
                            "ssh_key_ids.153": "3b57956f-a711-40db-9a6f-32487503bea1",
                            "ssh_key_ids.154": "6b50e07d-df2c-44b8-8a9e-65bfab6880a1",
                            "ssh_key_ids.155": "4382d197-ecbb-43d9-a7d6-453c100279b8",
                            "ssh_key_ids.156": "bc4f1745-a5de-45e4-ae82-d7c4988ee1a2",
                            "ssh_key_ids.157": "985ea314-f590-4237-99f5-682a344617d9",
                            "ssh_key_ids.158": "98b939fb-362b-41c8-831a-1f0a2afa400e",
                            "ssh_key_ids.159": "21fecacf-999e-4595-a247-af36a4feb0c1",
                            "ssh_key_ids.16": "5d3e1674-605d-4e29-aa1a-6f97c6273217",
                            "ssh_key_ids.160": "0c909e8f-7714-43f6-a8a9-fc003c5231a3",
                            "ssh_key_ids.161": "ccb07866-766e-45e2-ae82-a1f1c8cb39c8",
                            "ssh_key_ids.162": "d45fb3b7-af95-4c48-8ad6-e3f3242a5e4a",
                            "ssh_key_ids.163": "25faa130-9a09-4cca-a109-409c7ac309ab",
                            "ssh_key_ids.17": "c57fb351-65ce-4427-a1c2-17868b0d1711",
                            "ssh_key_ids.18": "5e0ab35b-4a75-45c1-b679-bc9cb5c9abf8",
                            "ssh_key_ids.19": "0fddd1d0-4fa1-4abb-9bb9-b8381169a715",
                            "ssh_key_ids.2": "6e703847-5229-4bfd-9229-db6df7397e11",
                            "ssh_key_ids.20": "bdc5900f-e26d-46fe-8da6-59f9413b4c21",
                            "ssh_key_ids.21": "311e499c-5421-42b0-91a7-cdcc1059dfef",
                            "ssh_key_ids.22": "7c7abede-0f89-4bae-91f3-c4c856140db8",
                            "ssh_key_ids.23": "948d85da-a1a4-45d9-b6bd-e2794c03232d",
                            "ssh_key_ids.24": "214e1ebd-afd3-43f9-bcb6-bf6b9693f830",
                            "ssh_key_ids.25": "8c7583d3-2b01-4df4-a946-939962d827f9",
                            "ssh_key_ids.26": "f6267de9-b50a-4bd8-aac5-51612a403741",
                            "ssh_key_ids.27": "33fea3c3-2fb4-424a-834c-190bd53b8f0b",
                            "ssh_key_ids.28": "fed60fdf-7e1d-4ffd-af9f-4ac91c2fd430",
                            "ssh_key_ids.29": "7c7abd45-994d-4754-8220-2c5a404933e8",
                            "ssh_key_ids.3": "32c2e969-fe1c-4235-a999-2b8abc061991",
                            "ssh_key_ids.30": "89ef47c1-1576-4b8c-a339-2014155f0802",
                            "ssh_key_ids.31": "1689628e-00a8-40e4-a578-9d484d66cc3f",
                            "ssh_key_ids.32": "38ee2b4b-653d-494e-b008-abd82461f7f6",
                            "ssh_key_ids.33": "f63582f2-9d53-487f-a9af-d739e36b07af",
                            "ssh_key_ids.34": "f86d606c-d11c-4b10-b0d2-326e3b791cdf",
                            "ssh_key_ids.35": "7afc2a1e-7303-47e0-b75a-ed2587d3f340",
                            "ssh_key_ids.36": "0c1be6d5-8b38-4920-94f2-6ddaaa25bb9d",
                            "ssh_key_ids.37": "a2579e04-6f2e-4488-8e58-c48a0aa7f70b",
                            "ssh_key_ids.38": "f1b4cad0-7e3f-4574-bc52-6567dd2fd125",
                            "ssh_key_ids.39": "494f995f-069a-4407-bf31-d1e67142f9fd",
                            "ssh_key_ids.4": "659466b5-43b7-47fe-bd6c-b443d3b5df20",
                            "ssh_key_ids.40": "3bde399d-1ee1-49ca-acad-8df41956df20",
                            "ssh_key_ids.41": "0fb6897c-2f7f-4d0f-9de1-bd279408a7cb",
                            "ssh_key_ids.42": "1e4e0e97-aace-4cd9-b258-c8408d502284",
                            "ssh_key_ids.43": "7c41c050-74ad-4aa7-b63b-8c75d9db4051",
                            "ssh_key_ids.44": "fedb7753-6dba-4aa4-8371-999c6bab70de",
                            "ssh_key_ids.45": "a8855483-e011-4d68-86a5-2f530738dd17",
                            "ssh_key_ids.46": "954bd64c-a66b-45fb-900e-04f0b8b18cdf",
                            "ssh_key_ids.47": "6219b353-d4ec-4ba5-9a40-19304b4fe1af",
                            "ssh_key_ids.48": "4e49c810-8e76-4ec7-b1c2-1d9e7f829441",
                            "ssh_key_ids.49": "d88db379-9fa2-454f-97a4-8e7718bbb658",
                            "ssh_key_ids.5": "8059f489-7714-4af7-84fc-76869c009378",
                            "ssh_key_ids.50": "d0a93463-eb19-4ed4-82a9-3c354374443e",
                            "ssh_key_ids.51": "b505936c-fca3-4767-9cbe-a5401f97dd95",
                            "ssh_key_ids.52": "ee065568-03bb-456e-a1f5-1669939d43cb",
                            "ssh_key_ids.53": "1dae5119-8c6d-450c-be49-ef323d4ef630",
                            "ssh_key_ids.54": "c79bd893-afa8-4fde-9315-1ac6571a0d64",
                            "ssh_key_ids.55": "2111f3a2-9fe6-4992-aa14-1e01bb0501ce",
                            "ssh_key_ids.56": "09223179-7d28-40a4-b18e-b7ed3e350c6a",
                            "ssh_key_ids.57": "f7e8e7ed-d248-4e81-9f0a-15ef569fb264",
                            "ssh_key_ids.58": "0e3abb85-56d4-4604-a40a-9f3c6548b30b",
                            "ssh_key_ids.59": "0f73341f-b03d-4323-8d59-af7243dbb475",
                            "ssh_key_ids.6": "f98a99f8-ff13-4391-b5fc-74983219a225",
                            "ssh_key_ids.60": "84eaa0c1-fd1c-4de8-a60c-e91feb89f14b",
                            "ssh_key_ids.61": "9a377e1e-c8ce-40c0-bf81-014cab0fcb7c",
                            "ssh_key_ids.62": "2765be00-4a38-436c-8eb7-74cb7dba92d3",
                            "ssh_key_ids.63": "e58fd2a9-18d8-4cd9-a1a2-f2610ed83a73",
                            "ssh_key_ids.64": "9058e9af-1b6a-4c7a-bce1-14dc06529d33",
                            "ssh_key_ids.65": "6389afd1-e142-402d-8a1e-90383fbd3cb0",
                            "ssh_key_ids.66": "752d99f5-5dcd-437f-99c9-8325bbabcc59",
                            "ssh_key_ids.67": "611e233e-835c-4e37-abdd-918842cbe83f",
                            "ssh_key_ids.68": "ec9105b6-bdd2-4bcc-a6ca-00055f55f504",
                            "ssh_key_ids.69": "01097db2-b817-4a41-b016-012c83dad8e4",
                            "ssh_key_ids.7": "0b392f37-4243-4e43-a56c-18208a30acf3",
                            "ssh_key_ids.70": "dc275958-fb33-4a63-a21b-e33d3dfd3a14",
                            "ssh_key_ids.71": "e82a688a-f07a-480e-a408-199baca463c9",
                            "ssh_key_ids.72": "a7c4c16b-8163-4d61-8485-5f05eb11f013",
                            "ssh_key_ids.73": "d7a07953-9e75-465e-9495-775f03018db0",
                            "ssh_key_ids.74": "290afd05-1d05-4fd4-a7ac-27be4b92458f",
                            "ssh_key_ids.75": "8499c022-65c8-40dd-ab33-d331388ac5d9",
                            "ssh_key_ids.76": "8ad4e695-a082-43c5-ac1b-456964b321c6",
                            "ssh_key_ids.77": "59b26c30-c0ca-4ac5-ba7f-143efd14f792",
                            "ssh_key_ids.78": "ccf9952b-afcb-4df1-b002-0c60717e2592",
                            "ssh_key_ids.79": "d059cfe2-3215-4686-aeaa-051a5a423d2a",
                            "ssh_key_ids.8": "0394ad7e-6265-4478-ae1a-3b5d59a217d5",
                            "ssh_key_ids.80": "82bd80ac-b1df-4801-88b7-8b835b78570c",
                            "ssh_key_ids.81": "c0fea396-b8f9-43d0-a453-9bbc868a1d81",
                            "ssh_key_ids.82": "82f1421a-5a62-442c-adbf-6f4534ff96fe",
                            "ssh_key_ids.83": "59e22e40-bf99-4d3a-ae05-3eb4d599cabc",
                            "ssh_key_ids.84": "ec684e16-0a82-4508-af90-88d5c598bd04",
                            "ssh_key_ids.85": "1a5374e7-ae0b-44e8-8290-a7f9e34c6374",
                            "ssh_key_ids.86": "22050c70-4363-4734-8c11-57855494147c",
                            "ssh_key_ids.87": "9ee4a2b0-3668-411b-af84-07f61d71afa8",
                            "ssh_key_ids.88": "85e0e5cf-7e19-42f8-9dc2-da41de539495",
                            "ssh_key_ids.89": "32a48504-ef65-452f-ae33-d161205c1b11",
                            "ssh_key_ids.9": "f718cdab-a523-45c3-9b01-80dc045be122",
                            "ssh_key_ids.90": "3a4e67f8-b12d-43d4-a35d-e5d33a9ccd98",
                            "ssh_key_ids.91": "9cf77467-cdb7-4dcc-ab9f-4d431712ef3f",
                            "ssh_key_ids.92": "80b28858-2421-41bb-bbea-c4ad4a5db2c9",
                            "ssh_key_ids.93": "036d46c3-8727-4a00-b59b-7f80443a2afc",
                            "ssh_key_ids.94": "04d2d40f-d0ae-4862-9537-62a9e43a22cd",
                            "ssh_key_ids.95": "c33ea9e0-ed31-43ce-8bba-e5e8da4edd83",
                            "ssh_key_ids.96": "6e8257dd-b7b9-4f30-b9d1-e7131a4d2121",
                            "ssh_key_ids.97": "ccb63b0c-f9e1-4764-a37e-e4408cccbfac",
                            "ssh_key_ids.98": "65c4bc38-3112-4503-b875-5f583aca6424",
                            "ssh_key_ids.99": "912637d1-7b56-481b-bbe4-ccf466e3e161",
                            "state": "active",
                            "storage": "",
                            "tags.#": "0",
                            "updated": "2019-04-30T09:53:59Z"
                        },
                        "meta": {},
                        "tainted": false
                    },
                    "deposed": [],
                    "provider": "provider.packet"
                },
                "packet_device.lab.5": {
                    "type": "packet_device",
                    "depends_on": [
                        "packet_device.registry",
                        "packet_ssh_key.default",
                        "tls_private_key.default"
                    ],
                    "primary": {
                        "id": "b7ef34d1-163d-493f-8cff-f959ad66c06c",
                        "attributes": {
                            "access_private_ipv4": "10.99.31.193",
                            "access_public_ipv4": "147.75.38.109",
                            "access_public_ipv6": "2604:1380:0:3800::1b",
                            "always_pxe": "false",
                            "billing_cycle": "hourly",
                            "created": "2019-04-30T10:24:06Z",
                            "facilities.#": "1",
                            "facilities.0": "ewr1",
                            "facility": "ewr1",
                            "hostname": "kayobe-lab-05",
                            "id": "b7ef34d1-163d-493f-8cff-f959ad66c06c",
                            "ipxe_script_url": "",
                            "locked": "false",
                            "network.#": "3",
                            "network.0.address": "147.75.38.109",
                            "network.0.cidr": "31",
                            "network.0.family": "4",
                            "network.0.gateway": "147.75.38.108",
                            "network.0.public": "true",
                            "network.1.address": "2604:1380:0:3800::1b",
                            "network.1.cidr": "127",
                            "network.1.family": "6",
                            "network.1.gateway": "2604:1380:0:3800::1a",
                            "network.1.public": "true",
                            "network.2.address": "10.99.31.193",
                            "network.2.cidr": "31",
                            "network.2.family": "4",
                            "network.2.gateway": "10.99.31.192",
                            "network.2.public": "false",
                            "network_type": "layer3",
                            "operating_system": "centos_7",
                            "plan": "c1.small.x86",
                            "ports.#": "3",
                            "ports.0.bonded": "true",
                            "ports.0.id": "d94ba212-6163-42cd-b20c-a02ee124cc9d",
                            "ports.0.mac": "",
                            "ports.0.name": "bond0",
                            "ports.0.type": "NetworkBondPort",
                            "ports.1.bonded": "true",
                            "ports.1.id": "fedd08e2-b410-4c32-b091-d279958d4038",
                            "ports.1.mac": "ac:1f:6b:92:d6:08",
                            "ports.1.name": "eth0",
                            "ports.1.type": "NetworkPort",
                            "ports.2.bonded": "true",
                            "ports.2.id": "076a6986-efa2-456a-9e1c-018975d6c100",
                            "ports.2.mac": "ac:1f:6b:92:d6:09",
                            "ports.2.name": "eth1",
                            "ports.2.type": "NetworkPort",
                            "project_id": "719d7d4b-08f8-4e9b-ad0d-34707f85160d",
                            "public_ipv4_subnet_size": "31",
                            "root_password": "*5(4Yp4h=k",
                            "ssh_key_ids.#": "164",
                            "ssh_key_ids.0": "bd192f85-fbeb-4fd3-bca0-7ceb96f91700",
                            "ssh_key_ids.1": "da199044-80dd-48dd-8d1f-ef76ccb13ab5",
                            "ssh_key_ids.10": "0394ad7e-6265-4478-ae1a-3b5d59a217d5",
                            "ssh_key_ids.100": "a722049c-a416-4fb0-a661-290a0d9cf57b",
                            "ssh_key_ids.101": "4e49c810-8e76-4ec7-b1c2-1d9e7f829441",
                            "ssh_key_ids.102": "f81c84bc-7f7f-4c1c-bc6b-4aa9ce236151",
                            "ssh_key_ids.103": "116c4f54-560a-4d95-bddc-29632af8a732",
                            "ssh_key_ids.104": "ccb63b0c-f9e1-4764-a37e-e4408cccbfac",
                            "ssh_key_ids.105": "14c24939-9fd3-4d21-9f11-2557c49a3a9f",
                            "ssh_key_ids.106": "e00adc33-e5eb-4b67-b5f9-4bfa68bd2e53",
                            "ssh_key_ids.107": "f0e74fce-1a0c-4643-8990-f6843728f24f",
                            "ssh_key_ids.108": "13c0308d-5846-46c5-bf46-2fdae2e9c8d7",
                            "ssh_key_ids.109": "7bf767f0-472a-4977-921e-cf55ded84f1c",
                            "ssh_key_ids.11": "0b392f37-4243-4e43-a56c-18208a30acf3",
                            "ssh_key_ids.110": "ee429bfb-8fb3-479b-9c6c-e5579a8bf59d",
                            "ssh_key_ids.111": "305be502-51dd-41a5-b2b1-b58878e9da15",
                            "ssh_key_ids.112": "d88db379-9fa2-454f-97a4-8e7718bbb658",
                            "ssh_key_ids.113": "9a377e1e-c8ce-40c0-bf81-014cab0fcb7c",
                            "ssh_key_ids.114": "d0a93463-eb19-4ed4-82a9-3c354374443e",
                            "ssh_key_ids.115": "c13861b0-d10e-4a0e-a84b-4d0463d54f1a",
                            "ssh_key_ids.116": "b505936c-fca3-4767-9cbe-a5401f97dd95",
                            "ssh_key_ids.117": "895e0d1a-adae-439f-a1a8-a15aa6658c97",
                            "ssh_key_ids.118": "aea43942-9250-4cde-81d1-69e468df8ce6",
                            "ssh_key_ids.119": "68931241-5344-4a8b-884f-4f3a4fc5e231",
                            "ssh_key_ids.12": "0fddd1d0-4fa1-4abb-9bb9-b8381169a715",
                            "ssh_key_ids.120": "7d4eca06-2710-49c7-b4bd-efececa7cd54",
                            "ssh_key_ids.121": "5e0ab35b-4a75-45c1-b679-bc9cb5c9abf8",
                            "ssh_key_ids.122": "bdc5900f-e26d-46fe-8da6-59f9413b4c21",
                            "ssh_key_ids.123": "311e499c-5421-42b0-91a7-cdcc1059dfef",
                            "ssh_key_ids.124": "7c7abede-0f89-4bae-91f3-c4c856140db8",
                            "ssh_key_ids.125": "948d85da-a1a4-45d9-b6bd-e2794c03232d",
                            "ssh_key_ids.126": "214e1ebd-afd3-43f9-bcb6-bf6b9693f830",
                            "ssh_key_ids.127": "8c7583d3-2b01-4df4-a946-939962d827f9",
                            "ssh_key_ids.128": "f6267de9-b50a-4bd8-aac5-51612a403741",
                            "ssh_key_ids.129": "fed60fdf-7e1d-4ffd-af9f-4ac91c2fd430",
                            "ssh_key_ids.13": "33fea3c3-2fb4-424a-834c-190bd53b8f0b",
                            "ssh_key_ids.130": "0fb6897c-2f7f-4d0f-9de1-bd279408a7cb",
                            "ssh_key_ids.131": "1e4e0e97-aace-4cd9-b258-c8408d502284",
                            "ssh_key_ids.132": "0873502f-0980-4e42-a0de-5328eb21b1fe",
                            "ssh_key_ids.133": "9cf77467-cdb7-4dcc-ab9f-4d431712ef3f",
                            "ssh_key_ids.134": "8059f489-7714-4af7-84fc-76869c009378",
                            "ssh_key_ids.135": "659466b5-43b7-47fe-bd6c-b443d3b5df20",
                            "ssh_key_ids.136": "c79bd893-afa8-4fde-9315-1ac6571a0d64",
                            "ssh_key_ids.137": "1dae5119-8c6d-450c-be49-ef323d4ef630",
                            "ssh_key_ids.138": "36b25fc3-3971-4f8f-a6f2-fcf9113e4da8",
                            "ssh_key_ids.139": "27635c6f-e3bd-4403-ae6c-94757f36b601",
                            "ssh_key_ids.14": "7c7abd45-994d-4754-8220-2c5a404933e8",
                            "ssh_key_ids.140": "c57fb351-65ce-4427-a1c2-17868b0d1711",
                            "ssh_key_ids.141": "cc001113-bc02-4d7f-af55-366db9132936",
                            "ssh_key_ids.142": "ee065568-03bb-456e-a1f5-1669939d43cb",
                            "ssh_key_ids.143": "5d3e1674-605d-4e29-aa1a-6f97c6273217",
                            "ssh_key_ids.144": "7afc2a1e-7303-47e0-b75a-ed2587d3f340",
                            "ssh_key_ids.145": "950d1f09-7d94-4838-ac25-e2b63fc256f5",
                            "ssh_key_ids.146": "3b57956f-a711-40db-9a6f-32487503bea1",
                            "ssh_key_ids.147": "e5fd812a-667c-498f-883c-2bd1afddbff3",
                            "ssh_key_ids.148": "be99da3d-601c-4466-8dcb-ff1f8a6a19d8",
                            "ssh_key_ids.149": "b87eb180-f18b-44a6-bbd5-a49f111d7864",
                            "ssh_key_ids.15": "984f885d-a618-4416-a934-f1f00d93f989",
                            "ssh_key_ids.150": "0a929e59-0bcf-4de1-91d1-01a8cdbc9ef6",
                            "ssh_key_ids.151": "4382d197-ecbb-43d9-a7d6-453c100279b8",
                            "ssh_key_ids.152": "6b50e07d-df2c-44b8-8a9e-65bfab6880a1",
                            "ssh_key_ids.153": "eac5e2ca-acf1-46a6-ae4d-aa12f71af765",
                            "ssh_key_ids.154": "b38f0448-bb97-4309-82f2-d1a5f5df0809",
                            "ssh_key_ids.155": "942f8d63-c3ec-4f32-b93a-38b5e0bafd90",
                            "ssh_key_ids.156": "bc4f1745-a5de-45e4-ae82-d7c4988ee1a2",
                            "ssh_key_ids.157": "985ea314-f590-4237-99f5-682a344617d9",
                            "ssh_key_ids.158": "98b939fb-362b-41c8-831a-1f0a2afa400e",
                            "ssh_key_ids.159": "21fecacf-999e-4595-a247-af36a4feb0c1",
                            "ssh_key_ids.16": "89ef47c1-1576-4b8c-a339-2014155f0802",
                            "ssh_key_ids.160": "0c909e8f-7714-43f6-a8a9-fc003c5231a3",
                            "ssh_key_ids.161": "ccb07866-766e-45e2-ae82-a1f1c8cb39c8",
                            "ssh_key_ids.162": "d45fb3b7-af95-4c48-8ad6-e3f3242a5e4a",
                            "ssh_key_ids.163": "25faa130-9a09-4cca-a109-409c7ac309ab",
                            "ssh_key_ids.17": "1689628e-00a8-40e4-a578-9d484d66cc3f",
                            "ssh_key_ids.18": "f67f7c4b-0050-4c18-be29-03a072b204ba",
                            "ssh_key_ids.19": "65c4bc38-3112-4503-b875-5f583aca6424",
                            "ssh_key_ids.2": "2111f3a2-9fe6-4992-aa14-1e01bb0501ce",
                            "ssh_key_ids.20": "912637d1-7b56-481b-bbe4-ccf466e3e161",
                            "ssh_key_ids.21": "f98a99f8-ff13-4391-b5fc-74983219a225",
                            "ssh_key_ids.22": "0e3abb85-56d4-4604-a40a-9f3c6548b30b",
                            "ssh_key_ids.23": "6e703847-5229-4bfd-9229-db6df7397e11",
                            "ssh_key_ids.24": "32c2e969-fe1c-4235-a999-2b8abc061991",
                            "ssh_key_ids.25": "0f73341f-b03d-4323-8d59-af7243dbb475",
                            "ssh_key_ids.26": "84eaa0c1-fd1c-4de8-a60c-e91feb89f14b",
                            "ssh_key_ids.27": "af0fdb13-ba2c-4e19-bcfb-57b1d59ead38",
                            "ssh_key_ids.28": "2765be00-4a38-436c-8eb7-74cb7dba92d3",
                            "ssh_key_ids.29": "e58fd2a9-18d8-4cd9-a1a2-f2610ed83a73",
                            "ssh_key_ids.3": "8ec2af9d-2255-4cc8-a5ae-8dd62262241c",
                            "ssh_key_ids.30": "9058e9af-1b6a-4c7a-bce1-14dc06529d33",
                            "ssh_key_ids.31": "6389afd1-e142-402d-8a1e-90383fbd3cb0",
                            "ssh_key_ids.32": "88436004-0436-4df7-8240-bfd128e8d605",
                            "ssh_key_ids.33": "752d99f5-5dcd-437f-99c9-8325bbabcc59",
                            "ssh_key_ids.34": "34934bed-6b13-4abc-aeb6-1a5a9e994745",
                            "ssh_key_ids.35": "b428db77-8a11-40b6-a6f9-bd6321ea796b",
                            "ssh_key_ids.36": "b68dcaed-078c-41e2-a647-5aa1acb12154",
                            "ssh_key_ids.37": "bb056de1-9025-47e5-89a1-2897643e1f6c",
                            "ssh_key_ids.38": "491b68d1-1663-490d-a2e0-248b496631f4",
                            "ssh_key_ids.39": "842a0495-4b06-4f53-a948-f381d57cb180",
                            "ssh_key_ids.4": "37ffbecc-3536-42d3-8f8b-5235dd97d526",
                            "ssh_key_ids.40": "a102ddd7-bee2-4d61-9262-5978a4b91c04",
                            "ssh_key_ids.41": "892bf2fb-c6b9-459d-bdd0-36d69701a3e6",
                            "ssh_key_ids.42": "c523b161-3e3b-492c-90f4-253a86aed91f",
                            "ssh_key_ids.43": "bb427d7d-ca92-4a98-af84-64d3b43e6325",
                            "ssh_key_ids.44": "38ee2b4b-653d-494e-b008-abd82461f7f6",
                            "ssh_key_ids.45": "0a7d499d-8d80-45ad-9069-8fbaa6e28ea1",
                            "ssh_key_ids.46": "611e233e-835c-4e37-abdd-918842cbe83f",
                            "ssh_key_ids.47": "01097db2-b817-4a41-b016-012c83dad8e4",
                            "ssh_key_ids.48": "dc275958-fb33-4a63-a21b-e33d3dfd3a14",
                            "ssh_key_ids.49": "e82a688a-f07a-480e-a408-199baca463c9",
                            "ssh_key_ids.5": "93b62667-9821-43c9-9b47-09c72bfc16fe",
                            "ssh_key_ids.50": "82bd80ac-b1df-4801-88b7-8b835b78570c",
                            "ssh_key_ids.51": "a7c4c16b-8163-4d61-8485-5f05eb11f013",
                            "ssh_key_ids.52": "d7a07953-9e75-465e-9495-775f03018db0",
                            "ssh_key_ids.53": "290afd05-1d05-4fd4-a7ac-27be4b92458f",
                            "ssh_key_ids.54": "8499c022-65c8-40dd-ab33-d331388ac5d9",
                            "ssh_key_ids.55": "8ad4e695-a082-43c5-ac1b-456964b321c6",
                            "ssh_key_ids.56": "59b26c30-c0ca-4ac5-ba7f-143efd14f792",
                            "ssh_key_ids.57": "ccf9952b-afcb-4df1-b002-0c60717e2592",
                            "ssh_key_ids.58": "d059cfe2-3215-4686-aeaa-051a5a423d2a",
                            "ssh_key_ids.59": "c0fea396-b8f9-43d0-a453-9bbc868a1d81",
                            "ssh_key_ids.6": "09223179-7d28-40a4-b18e-b7ed3e350c6a",
                            "ssh_key_ids.60": "82f1421a-5a62-442c-adbf-6f4534ff96fe",
                            "ssh_key_ids.61": "59e22e40-bf99-4d3a-ae05-3eb4d599cabc",
                            "ssh_key_ids.62": "ec684e16-0a82-4508-af90-88d5c598bd04",
                            "ssh_key_ids.63": "1a5374e7-ae0b-44e8-8290-a7f9e34c6374",
                            "ssh_key_ids.64": "22050c70-4363-4734-8c11-57855494147c",
                            "ssh_key_ids.65": "9ee4a2b0-3668-411b-af84-07f61d71afa8",
                            "ssh_key_ids.66": "3199b332-bec2-45ef-9e25-ba9057972da7",
                            "ssh_key_ids.67": "f63582f2-9d53-487f-a9af-d739e36b07af",
                            "ssh_key_ids.68": "f86d606c-d11c-4b10-b0d2-326e3b791cdf",
                            "ssh_key_ids.69": "303a0e97-7dd1-4444-9def-d7ebf932a892",
                            "ssh_key_ids.7": "f7e8e7ed-d248-4e81-9f0a-15ef569fb264",
                            "ssh_key_ids.70": "7fb2d14c-11b6-4c52-a9d0-2a4a6113dbab",
                            "ssh_key_ids.71": "0c1be6d5-8b38-4920-94f2-6ddaaa25bb9d",
                            "ssh_key_ids.72": "a2579e04-6f2e-4488-8e58-c48a0aa7f70b",
                            "ssh_key_ids.73": "f1b4cad0-7e3f-4574-bc52-6567dd2fd125",
                            "ssh_key_ids.74": "494f995f-069a-4407-bf31-d1e67142f9fd",
                            "ssh_key_ids.75": "bc84ed0c-228d-4eb5-97b4-4cd7b6e6a0f9",
                            "ssh_key_ids.76": "e75e4f46-8e6b-4f66-8612-1879bbb96623",
                            "ssh_key_ids.77": "f8e3e26a-214b-457a-a7de-0aa31723f04e",
                            "ssh_key_ids.78": "d02bec99-0344-4cf3-bd06-8bad8969b9fe",
                            "ssh_key_ids.79": "85e0e5cf-7e19-42f8-9dc2-da41de539495",
                            "ssh_key_ids.8": "f78dd9de-77e6-4386-9014-14258f6ed18c",
                            "ssh_key_ids.80": "32a48504-ef65-452f-ae33-d161205c1b11",
                            "ssh_key_ids.81": "3a4e67f8-b12d-43d4-a35d-e5d33a9ccd98",
                            "ssh_key_ids.82": "80b28858-2421-41bb-bbea-c4ad4a5db2c9",
                            "ssh_key_ids.83": "036d46c3-8727-4a00-b59b-7f80443a2afc",
                            "ssh_key_ids.84": "04d2d40f-d0ae-4862-9537-62a9e43a22cd",
                            "ssh_key_ids.85": "c33ea9e0-ed31-43ce-8bba-e5e8da4edd83",
                            "ssh_key_ids.86": "6e8257dd-b7b9-4f30-b9d1-e7131a4d2121",
                            "ssh_key_ids.87": "ec9105b6-bdd2-4bcc-a6ca-00055f55f504",
                            "ssh_key_ids.88": "d0cce71a-c3ea-4b60-9866-d8f12d749d13",
                            "ssh_key_ids.89": "1df0179f-a9af-4c8e-b9bf-5991f6e1b7f0",
                            "ssh_key_ids.9": "f718cdab-a523-45c3-9b01-80dc045be122",
                            "ssh_key_ids.90": "3bde399d-1ee1-49ca-acad-8df41956df20",
                            "ssh_key_ids.91": "7c41c050-74ad-4aa7-b63b-8c75d9db4051",
                            "ssh_key_ids.92": "fedb7753-6dba-4aa4-8371-999c6bab70de",
                            "ssh_key_ids.93": "a8855483-e011-4d68-86a5-2f530738dd17",
                            "ssh_key_ids.94": "954bd64c-a66b-45fb-900e-04f0b8b18cdf",
                            "ssh_key_ids.95": "6219b353-d4ec-4ba5-9a40-19304b4fe1af",
                            "ssh_key_ids.96": "d6a50bd7-69c4-4c2b-99be-9adbefc6e3dc",
                            "ssh_key_ids.97": "fac2cbbc-70ef-4386-a0e6-df3aa1fe9609",
                            "ssh_key_ids.98": "1776caa4-e965-4891-af1a-427ce73a88e9",
                            "ssh_key_ids.99": "36c08ba3-3dc2-45bf-aad5-3f9d6c2f8173",
                            "state": "active",
                            "storage": "",
                            "tags.#": "0",
                            "updated": "2019-04-30T10:25:57Z"
                        },
                        "meta": {},
                        "tainted": false
                    },
                    "deposed": [],
                    "provider": "provider.packet"
                },
                "packet_device.lab.6": {
                    "type": "packet_device",
                    "depends_on": [
                        "packet_device.registry",
                        "packet_ssh_key.default",
                        "tls_private_key.default"
                    ],
                    "primary": {
                        "id": "6f1fda00-0475-4cfe-9ca3-1dbcecb34e5f",
                        "attributes": {
                            "access_private_ipv4": "10.99.31.141",
                            "access_public_ipv4": "147.75.98.193",
                            "access_public_ipv6": "2604:1380:0:3800::2d",
                            "always_pxe": "false",
                            "billing_cycle": "hourly",
                            "created": "2019-04-30T09:51:33Z",
                            "facilities.#": "1",
                            "facilities.0": "ewr1",
                            "facility": "ewr1",
                            "hostname": "kayobe-lab-06",
                            "id": "6f1fda00-0475-4cfe-9ca3-1dbcecb34e5f",
                            "ipxe_script_url": "",
                            "locked": "false",
                            "network.#": "3",
                            "network.0.address": "147.75.98.193",
                            "network.0.cidr": "31",
                            "network.0.family": "4",
                            "network.0.gateway": "147.75.98.192",
                            "network.0.public": "true",
                            "network.1.address": "2604:1380:0:3800::2d",
                            "network.1.cidr": "127",
                            "network.1.family": "6",
                            "network.1.gateway": "2604:1380:0:3800::2c",
                            "network.1.public": "true",
                            "network.2.address": "10.99.31.141",
                            "network.2.cidr": "31",
                            "network.2.family": "4",
                            "network.2.gateway": "10.99.31.140",
                            "network.2.public": "false",
                            "network_type": "layer3",
                            "operating_system": "centos_7",
                            "plan": "c1.small.x86",
                            "ports.#": "3",
                            "ports.0.bonded": "true",
                            "ports.0.id": "44db8011-4c57-4fee-9ed1-b7a394d92417",
                            "ports.0.mac": "",
                            "ports.0.name": "bond0",
                            "ports.0.type": "NetworkBondPort",
                            "ports.1.bonded": "true",
                            "ports.1.id": "b63d55bc-14fd-40ee-bdcf-f02538a96927",
                            "ports.1.mac": "ac:1f:6b:82:e1:12",
                            "ports.1.name": "eth0",
                            "ports.1.type": "NetworkPort",
                            "ports.2.bonded": "true",
                            "ports.2.id": "fe2033f1-4124-425b-a138-ac8c9a03df6c",
                            "ports.2.mac": "ac:1f:6b:82:e1:13",
                            "ports.2.name": "eth1",
                            "ports.2.type": "NetworkPort",
                            "project_id": "719d7d4b-08f8-4e9b-ad0d-34707f85160d",
                            "public_ipv4_subnet_size": "31",
                            "root_password": "8[Zc\u003c\u003cJ3Y1",
                            "ssh_key_ids.#": "164",
                            "ssh_key_ids.0": "bd192f85-fbeb-4fd3-bca0-7ceb96f91700",
                            "ssh_key_ids.1": "da199044-80dd-48dd-8d1f-ef76ccb13ab5",
                            "ssh_key_ids.10": "f718cdab-a523-45c3-9b01-80dc045be122",
                            "ssh_key_ids.100": "bb427d7d-ca92-4a98-af84-64d3b43e6325",
                            "ssh_key_ids.101": "0a7d499d-8d80-45ad-9069-8fbaa6e28ea1",
                            "ssh_key_ids.102": "3199b332-bec2-45ef-9e25-ba9057972da7",
                            "ssh_key_ids.103": "303a0e97-7dd1-4444-9def-d7ebf932a892",
                            "ssh_key_ids.104": "7bf767f0-472a-4977-921e-cf55ded84f1c",
                            "ssh_key_ids.105": "7fb2d14c-11b6-4c52-a9d0-2a4a6113dbab",
                            "ssh_key_ids.106": "27635c6f-e3bd-4403-ae6c-94757f36b601",
                            "ssh_key_ids.107": "bc84ed0c-228d-4eb5-97b4-4cd7b6e6a0f9",
                            "ssh_key_ids.108": "e75e4f46-8e6b-4f66-8612-1879bbb96623",
                            "ssh_key_ids.109": "f8e3e26a-214b-457a-a7de-0aa31723f04e",
                            "ssh_key_ids.11": "aea43942-9250-4cde-81d1-69e468df8ce6",
                            "ssh_key_ids.110": "d02bec99-0344-4cf3-bd06-8bad8969b9fe",
                            "ssh_key_ids.111": "d0cce71a-c3ea-4b60-9866-d8f12d749d13",
                            "ssh_key_ids.112": "950d1f09-7d94-4838-ac25-e2b63fc256f5",
                            "ssh_key_ids.113": "1df0179f-a9af-4c8e-b9bf-5991f6e1b7f0",
                            "ssh_key_ids.114": "d6a50bd7-69c4-4c2b-99be-9adbefc6e3dc",
                            "ssh_key_ids.115": "fac2cbbc-70ef-4386-a0e6-df3aa1fe9609",
                            "ssh_key_ids.116": "1776caa4-e965-4891-af1a-427ce73a88e9",
                            "ssh_key_ids.117": "36c08ba3-3dc2-45bf-aad5-3f9d6c2f8173",
                            "ssh_key_ids.118": "a722049c-a416-4fb0-a661-290a0d9cf57b",
                            "ssh_key_ids.119": "88436004-0436-4df7-8240-bfd128e8d605",
                            "ssh_key_ids.12": "68931241-5344-4a8b-884f-4f3a4fc5e231",
                            "ssh_key_ids.120": "ccb63b0c-f9e1-4764-a37e-e4408cccbfac",
                            "ssh_key_ids.121": "f81c84bc-7f7f-4c1c-bc6b-4aa9ce236151",
                            "ssh_key_ids.122": "116c4f54-560a-4d95-bddc-29632af8a732",
                            "ssh_key_ids.123": "14c24939-9fd3-4d21-9f11-2557c49a3a9f",
                            "ssh_key_ids.124": "ee429bfb-8fb3-479b-9c6c-e5579a8bf59d",
                            "ssh_key_ids.125": "93b62667-9821-43c9-9b47-09c72bfc16fe",
                            "ssh_key_ids.126": "af0fdb13-ba2c-4e19-bcfb-57b1d59ead38",
                            "ssh_key_ids.127": "305be502-51dd-41a5-b2b1-b58878e9da15",
                            "ssh_key_ids.128": "d88db379-9fa2-454f-97a4-8e7718bbb658",
                            "ssh_key_ids.129": "752d99f5-5dcd-437f-99c9-8325bbabcc59",
                            "ssh_key_ids.13": "7d4eca06-2710-49c7-b4bd-efececa7cd54",
                            "ssh_key_ids.130": "01097db2-b817-4a41-b016-012c83dad8e4",
                            "ssh_key_ids.131": "dc275958-fb33-4a63-a21b-e33d3dfd3a14",
                            "ssh_key_ids.132": "e82a688a-f07a-480e-a408-199baca463c9",
                            "ssh_key_ids.133": "a7c4c16b-8163-4d61-8485-5f05eb11f013",
                            "ssh_key_ids.134": "d7a07953-9e75-465e-9495-775f03018db0",
                            "ssh_key_ids.135": "290afd05-1d05-4fd4-a7ac-27be4b92458f",
                            "ssh_key_ids.136": "8499c022-65c8-40dd-ab33-d331388ac5d9",
                            "ssh_key_ids.137": "8ad4e695-a082-43c5-ac1b-456964b321c6",
                            "ssh_key_ids.138": "59b26c30-c0ca-4ac5-ba7f-143efd14f792",
                            "ssh_key_ids.139": "d059cfe2-3215-4686-aeaa-051a5a423d2a",
                            "ssh_key_ids.14": "5d3e1674-605d-4e29-aa1a-6f97c6273217",
                            "ssh_key_ids.140": "82bd80ac-b1df-4801-88b7-8b835b78570c",
                            "ssh_key_ids.141": "c0fea396-b8f9-43d0-a453-9bbc868a1d81",
                            "ssh_key_ids.142": "d0a93463-eb19-4ed4-82a9-3c354374443e",
                            "ssh_key_ids.143": "ccf9952b-afcb-4df1-b002-0c60717e2592",
                            "ssh_key_ids.144": "c13861b0-d10e-4a0e-a84b-4d0463d54f1a",
                            "ssh_key_ids.145": "e00adc33-e5eb-4b67-b5f9-4bfa68bd2e53",
                            "ssh_key_ids.146": "b38f0448-bb97-4309-82f2-d1a5f5df0809",
                            "ssh_key_ids.147": "b87eb180-f18b-44a6-bbd5-a49f111d7864",
                            "ssh_key_ids.148": "be99da3d-601c-4466-8dcb-ff1f8a6a19d8",
                            "ssh_key_ids.149": "942f8d63-c3ec-4f32-b93a-38b5e0bafd90",
                            "ssh_key_ids.15": "8ec2af9d-2255-4cc8-a5ae-8dd62262241c",
                            "ssh_key_ids.150": "3b57956f-a711-40db-9a6f-32487503bea1",
                            "ssh_key_ids.151": "e5fd812a-667c-498f-883c-2bd1afddbff3",
                            "ssh_key_ids.152": "eac5e2ca-acf1-46a6-ae4d-aa12f71af765",
                            "ssh_key_ids.153": "0a929e59-0bcf-4de1-91d1-01a8cdbc9ef6",
                            "ssh_key_ids.154": "4382d197-ecbb-43d9-a7d6-453c100279b8",
                            "ssh_key_ids.155": "6b50e07d-df2c-44b8-8a9e-65bfab6880a1",
                            "ssh_key_ids.156": "bc4f1745-a5de-45e4-ae82-d7c4988ee1a2",
                            "ssh_key_ids.157": "985ea314-f590-4237-99f5-682a344617d9",
                            "ssh_key_ids.158": "98b939fb-362b-41c8-831a-1f0a2afa400e",
                            "ssh_key_ids.159": "21fecacf-999e-4595-a247-af36a4feb0c1",
                            "ssh_key_ids.16": "37ffbecc-3536-42d3-8f8b-5235dd97d526",
                            "ssh_key_ids.160": "0c909e8f-7714-43f6-a8a9-fc003c5231a3",
                            "ssh_key_ids.161": "ccb07866-766e-45e2-ae82-a1f1c8cb39c8",
                            "ssh_key_ids.162": "d45fb3b7-af95-4c48-8ad6-e3f3242a5e4a",
                            "ssh_key_ids.163": "25faa130-9a09-4cca-a109-409c7ac309ab",
                            "ssh_key_ids.17": "5e0ab35b-4a75-45c1-b679-bc9cb5c9abf8",
                            "ssh_key_ids.18": "c57fb351-65ce-4427-a1c2-17868b0d1711",
                            "ssh_key_ids.19": "0fddd1d0-4fa1-4abb-9bb9-b8381169a715",
                            "ssh_key_ids.2": "6e703847-5229-4bfd-9229-db6df7397e11",
                            "ssh_key_ids.20": "bdc5900f-e26d-46fe-8da6-59f9413b4c21",
                            "ssh_key_ids.21": "311e499c-5421-42b0-91a7-cdcc1059dfef",
                            "ssh_key_ids.22": "7c7abede-0f89-4bae-91f3-c4c856140db8",
                            "ssh_key_ids.23": "948d85da-a1a4-45d9-b6bd-e2794c03232d",
                            "ssh_key_ids.24": "214e1ebd-afd3-43f9-bcb6-bf6b9693f830",
                            "ssh_key_ids.25": "8c7583d3-2b01-4df4-a946-939962d827f9",
                            "ssh_key_ids.26": "f6267de9-b50a-4bd8-aac5-51612a403741",
                            "ssh_key_ids.27": "33fea3c3-2fb4-424a-834c-190bd53b8f0b",
                            "ssh_key_ids.28": "fed60fdf-7e1d-4ffd-af9f-4ac91c2fd430",
                            "ssh_key_ids.29": "7c7abd45-994d-4754-8220-2c5a404933e8",
                            "ssh_key_ids.3": "32c2e969-fe1c-4235-a999-2b8abc061991",
                            "ssh_key_ids.30": "89ef47c1-1576-4b8c-a339-2014155f0802",
                            "ssh_key_ids.31": "1689628e-00a8-40e4-a578-9d484d66cc3f",
                            "ssh_key_ids.32": "38ee2b4b-653d-494e-b008-abd82461f7f6",
                            "ssh_key_ids.33": "f63582f2-9d53-487f-a9af-d739e36b07af",
                            "ssh_key_ids.34": "f86d606c-d11c-4b10-b0d2-326e3b791cdf",
                            "ssh_key_ids.35": "7afc2a1e-7303-47e0-b75a-ed2587d3f340",
                            "ssh_key_ids.36": "0c1be6d5-8b38-4920-94f2-6ddaaa25bb9d",
                            "ssh_key_ids.37": "a2579e04-6f2e-4488-8e58-c48a0aa7f70b",
                            "ssh_key_ids.38": "f1b4cad0-7e3f-4574-bc52-6567dd2fd125",
                            "ssh_key_ids.39": "494f995f-069a-4407-bf31-d1e67142f9fd",
                            "ssh_key_ids.4": "659466b5-43b7-47fe-bd6c-b443d3b5df20",
                            "ssh_key_ids.40": "3bde399d-1ee1-49ca-acad-8df41956df20",
                            "ssh_key_ids.41": "0fb6897c-2f7f-4d0f-9de1-bd279408a7cb",
                            "ssh_key_ids.42": "1e4e0e97-aace-4cd9-b258-c8408d502284",
                            "ssh_key_ids.43": "7c41c050-74ad-4aa7-b63b-8c75d9db4051",
                            "ssh_key_ids.44": "fedb7753-6dba-4aa4-8371-999c6bab70de",
                            "ssh_key_ids.45": "a8855483-e011-4d68-86a5-2f530738dd17",
                            "ssh_key_ids.46": "954bd64c-a66b-45fb-900e-04f0b8b18cdf",
                            "ssh_key_ids.47": "6219b353-d4ec-4ba5-9a40-19304b4fe1af",
                            "ssh_key_ids.48": "4e49c810-8e76-4ec7-b1c2-1d9e7f829441",
                            "ssh_key_ids.49": "ec9105b6-bdd2-4bcc-a6ca-00055f55f504",
                            "ssh_key_ids.5": "8059f489-7714-4af7-84fc-76869c009378",
                            "ssh_key_ids.50": "611e233e-835c-4e37-abdd-918842cbe83f",
                            "ssh_key_ids.51": "6389afd1-e142-402d-8a1e-90383fbd3cb0",
                            "ssh_key_ids.52": "9058e9af-1b6a-4c7a-bce1-14dc06529d33",
                            "ssh_key_ids.53": "82f1421a-5a62-442c-adbf-6f4534ff96fe",
                            "ssh_key_ids.54": "59e22e40-bf99-4d3a-ae05-3eb4d599cabc",
                            "ssh_key_ids.55": "ec684e16-0a82-4508-af90-88d5c598bd04",
                            "ssh_key_ids.56": "1a5374e7-ae0b-44e8-8290-a7f9e34c6374",
                            "ssh_key_ids.57": "22050c70-4363-4734-8c11-57855494147c",
                            "ssh_key_ids.58": "e58fd2a9-18d8-4cd9-a1a2-f2610ed83a73",
                            "ssh_key_ids.59": "2765be00-4a38-436c-8eb7-74cb7dba92d3",
                            "ssh_key_ids.6": "f98a99f8-ff13-4391-b5fc-74983219a225",
                            "ssh_key_ids.60": "9ee4a2b0-3668-411b-af84-07f61d71afa8",
                            "ssh_key_ids.61": "85e0e5cf-7e19-42f8-9dc2-da41de539495",
                            "ssh_key_ids.62": "32a48504-ef65-452f-ae33-d161205c1b11",
                            "ssh_key_ids.63": "9a377e1e-c8ce-40c0-bf81-014cab0fcb7c",
                            "ssh_key_ids.64": "84eaa0c1-fd1c-4de8-a60c-e91feb89f14b",
                            "ssh_key_ids.65": "0f73341f-b03d-4323-8d59-af7243dbb475",
                            "ssh_key_ids.66": "0e3abb85-56d4-4604-a40a-9f3c6548b30b",
                            "ssh_key_ids.67": "f7e8e7ed-d248-4e81-9f0a-15ef569fb264",
                            "ssh_key_ids.68": "cc001113-bc02-4d7f-af55-366db9132936",
                            "ssh_key_ids.69": "0873502f-0980-4e42-a0de-5328eb21b1fe",
                            "ssh_key_ids.7": "0b392f37-4243-4e43-a56c-18208a30acf3",
                            "ssh_key_ids.70": "09223179-7d28-40a4-b18e-b7ed3e350c6a",
                            "ssh_key_ids.71": "3a4e67f8-b12d-43d4-a35d-e5d33a9ccd98",
                            "ssh_key_ids.72": "9cf77467-cdb7-4dcc-ab9f-4d431712ef3f",
                            "ssh_key_ids.73": "80b28858-2421-41bb-bbea-c4ad4a5db2c9",
                            "ssh_key_ids.74": "036d46c3-8727-4a00-b59b-7f80443a2afc",
                            "ssh_key_ids.75": "04d2d40f-d0ae-4862-9537-62a9e43a22cd",
                            "ssh_key_ids.76": "c33ea9e0-ed31-43ce-8bba-e5e8da4edd83",
                            "ssh_key_ids.77": "6e8257dd-b7b9-4f30-b9d1-e7131a4d2121",
                            "ssh_key_ids.78": "2111f3a2-9fe6-4992-aa14-1e01bb0501ce",
                            "ssh_key_ids.79": "c79bd893-afa8-4fde-9315-1ac6571a0d64",
                            "ssh_key_ids.8": "0394ad7e-6265-4478-ae1a-3b5d59a217d5",
                            "ssh_key_ids.80": "1dae5119-8c6d-450c-be49-ef323d4ef630",
                            "ssh_key_ids.81": "ee065568-03bb-456e-a1f5-1669939d43cb",
                            "ssh_key_ids.82": "b505936c-fca3-4767-9cbe-a5401f97dd95",
                            "ssh_key_ids.83": "895e0d1a-adae-439f-a1a8-a15aa6658c97",
                            "ssh_key_ids.84": "984f885d-a618-4416-a934-f1f00d93f989",
                            "ssh_key_ids.85": "f67f7c4b-0050-4c18-be29-03a072b204ba",
                            "ssh_key_ids.86": "65c4bc38-3112-4503-b875-5f583aca6424",
                            "ssh_key_ids.87": "912637d1-7b56-481b-bbe4-ccf466e3e161",
                            "ssh_key_ids.88": "f0e74fce-1a0c-4643-8990-f6843728f24f",
                            "ssh_key_ids.89": "34934bed-6b13-4abc-aeb6-1a5a9e994745",
                            "ssh_key_ids.9": "f78dd9de-77e6-4386-9014-14258f6ed18c",
                            "ssh_key_ids.90": "b428db77-8a11-40b6-a6f9-bd6321ea796b",
                            "ssh_key_ids.91": "b68dcaed-078c-41e2-a647-5aa1acb12154",
                            "ssh_key_ids.92": "bb056de1-9025-47e5-89a1-2897643e1f6c",
                            "ssh_key_ids.93": "491b68d1-1663-490d-a2e0-248b496631f4",
                            "ssh_key_ids.94": "842a0495-4b06-4f53-a948-f381d57cb180",
                            "ssh_key_ids.95": "a102ddd7-bee2-4d61-9262-5978a4b91c04",
                            "ssh_key_ids.96": "13c0308d-5846-46c5-bf46-2fdae2e9c8d7",
                            "ssh_key_ids.97": "892bf2fb-c6b9-459d-bdd0-36d69701a3e6",
                            "ssh_key_ids.98": "c523b161-3e3b-492c-90f4-253a86aed91f",
                            "ssh_key_ids.99": "36b25fc3-3971-4f8f-a6f2-fcf9113e4da8",
                            "state": "active",
                            "storage": "",
                            "tags.#": "0",
                            "updated": "2019-04-30T09:55:00Z"
                        },
                        "meta": {},
                        "tainted": false
                    },
                    "deposed": [],
                    "provider": "provider.packet"
                },
                "packet_device.lab.7": {
                    "type": "packet_device",
                    "depends_on": [
                        "packet_device.registry",
                        "packet_ssh_key.default",
                        "tls_private_key.default"
                    ],
                    "primary": {
                        "id": "68ba875e-eb3a-4a0a-bc5a-f367fcea36fb",
                        "attributes": {
                            "access_private_ipv4": "10.99.31.171",
                            "access_public_ipv4": "147.75.198.109",
                            "access_public_ipv6": "2604:1380:0:3800::35",
                            "always_pxe": "false",
                            "billing_cycle": "hourly",
                            "created": "2019-04-30T09:51:50Z",
                            "facilities.#": "1",
                            "facilities.0": "ewr1",
                            "facility": "ewr1",
                            "hostname": "kayobe-lab-07",
                            "id": "68ba875e-eb3a-4a0a-bc5a-f367fcea36fb",
                            "ipxe_script_url": "",
                            "locked": "false",
                            "network.#": "3",
                            "network.0.address": "147.75.198.109",
                            "network.0.cidr": "31",
                            "network.0.family": "4",
                            "network.0.gateway": "147.75.198.108",
                            "network.0.public": "true",
                            "network.1.address": "2604:1380:0:3800::35",
                            "network.1.cidr": "127",
                            "network.1.family": "6",
                            "network.1.gateway": "2604:1380:0:3800::34",
                            "network.1.public": "true",
                            "network.2.address": "10.99.31.171",
                            "network.2.cidr": "31",
                            "network.2.family": "4",
                            "network.2.gateway": "10.99.31.170",
                            "network.2.public": "false",
                            "network_type": "layer3",
                            "operating_system": "centos_7",
                            "plan": "c1.small.x86",
                            "ports.#": "3",
                            "ports.0.bonded": "true",
                            "ports.0.id": "44fd2419-2067-459f-a4e3-a5da068599c0",
                            "ports.0.mac": "",
                            "ports.0.name": "bond0",
                            "ports.0.type": "NetworkBondPort",
                            "ports.1.bonded": "true",
                            "ports.1.id": "d39e9b08-66e7-4c2f-958f-d794ebdfa396",
                            "ports.1.mac": "ac:1f:6b:99:b6:be",
                            "ports.1.name": "eth0",
                            "ports.1.type": "NetworkPort",
                            "ports.2.bonded": "true",
                            "ports.2.id": "9c2a070e-8637-466d-b4a9-7511e5921fb7",
                            "ports.2.mac": "ac:1f:6b:99:b6:bf",
                            "ports.2.name": "eth1",
                            "ports.2.type": "NetworkPort",
                            "project_id": "719d7d4b-08f8-4e9b-ad0d-34707f85160d",
                            "public_ipv4_subnet_size": "31",
                            "root_password": "*\u00261x_mQ8Vh",
                            "ssh_key_ids.#": "164",
                            "ssh_key_ids.0": "bd192f85-fbeb-4fd3-bca0-7ceb96f91700",
                            "ssh_key_ids.1": "da199044-80dd-48dd-8d1f-ef76ccb13ab5",
                            "ssh_key_ids.10": "214e1ebd-afd3-43f9-bcb6-bf6b9693f830",
                            "ssh_key_ids.100": "fac2cbbc-70ef-4386-a0e6-df3aa1fe9609",
                            "ssh_key_ids.101": "14c24939-9fd3-4d21-9f11-2557c49a3a9f",
                            "ssh_key_ids.102": "36b25fc3-3971-4f8f-a6f2-fcf9113e4da8",
                            "ssh_key_ids.103": "f67f7c4b-0050-4c18-be29-03a072b204ba",
                            "ssh_key_ids.104": "f7e8e7ed-d248-4e81-9f0a-15ef569fb264",
                            "ssh_key_ids.105": "0e3abb85-56d4-4604-a40a-9f3c6548b30b",
                            "ssh_key_ids.106": "0f73341f-b03d-4323-8d59-af7243dbb475",
                            "ssh_key_ids.107": "84eaa0c1-fd1c-4de8-a60c-e91feb89f14b",
                            "ssh_key_ids.108": "9a377e1e-c8ce-40c0-bf81-014cab0fcb7c",
                            "ssh_key_ids.109": "ee429bfb-8fb3-479b-9c6c-e5579a8bf59d",
                            "ssh_key_ids.11": "33fea3c3-2fb4-424a-834c-190bd53b8f0b",
                            "ssh_key_ids.110": "93b62667-9821-43c9-9b47-09c72bfc16fe",
                            "ssh_key_ids.111": "305be502-51dd-41a5-b2b1-b58878e9da15",
                            "ssh_key_ids.112": "af0fdb13-ba2c-4e19-bcfb-57b1d59ead38",
                            "ssh_key_ids.113": "c13861b0-d10e-4a0e-a84b-4d0463d54f1a",
                            "ssh_key_ids.114": "e00adc33-e5eb-4b67-b5f9-4bfa68bd2e53",
                            "ssh_key_ids.115": "2765be00-4a38-436c-8eb7-74cb7dba92d3",
                            "ssh_key_ids.116": "e58fd2a9-18d8-4cd9-a1a2-f2610ed83a73",
                            "ssh_key_ids.117": "9058e9af-1b6a-4c7a-bce1-14dc06529d33",
                            "ssh_key_ids.118": "6389afd1-e142-402d-8a1e-90383fbd3cb0",
                            "ssh_key_ids.119": "752d99f5-5dcd-437f-99c9-8325bbabcc59",
                            "ssh_key_ids.12": "fed60fdf-7e1d-4ffd-af9f-4ac91c2fd430",
                            "ssh_key_ids.120": "611e233e-835c-4e37-abdd-918842cbe83f",
                            "ssh_key_ids.121": "ec9105b6-bdd2-4bcc-a6ca-00055f55f504",
                            "ssh_key_ids.122": "01097db2-b817-4a41-b016-012c83dad8e4",
                            "ssh_key_ids.123": "dc275958-fb33-4a63-a21b-e33d3dfd3a14",
                            "ssh_key_ids.124": "e82a688a-f07a-480e-a408-199baca463c9",
                            "ssh_key_ids.125": "a7c4c16b-8163-4d61-8485-5f05eb11f013",
                            "ssh_key_ids.126": "d7a07953-9e75-465e-9495-775f03018db0",
                            "ssh_key_ids.127": "290afd05-1d05-4fd4-a7ac-27be4b92458f",
                            "ssh_key_ids.128": "8499c022-65c8-40dd-ab33-d331388ac5d9",
                            "ssh_key_ids.129": "8ad4e695-a082-43c5-ac1b-456964b321c6",
                            "ssh_key_ids.13": "7c7abd45-994d-4754-8220-2c5a404933e8",
                            "ssh_key_ids.130": "59b26c30-c0ca-4ac5-ba7f-143efd14f792",
                            "ssh_key_ids.131": "ccf9952b-afcb-4df1-b002-0c60717e2592",
                            "ssh_key_ids.132": "d059cfe2-3215-4686-aeaa-051a5a423d2a",
                            "ssh_key_ids.133": "82bd80ac-b1df-4801-88b7-8b835b78570c",
                            "ssh_key_ids.134": "c0fea396-b8f9-43d0-a453-9bbc868a1d81",
                            "ssh_key_ids.135": "954bd64c-a66b-45fb-900e-04f0b8b18cdf",
                            "ssh_key_ids.136": "82f1421a-5a62-442c-adbf-6f4534ff96fe",
                            "ssh_key_ids.137": "59e22e40-bf99-4d3a-ae05-3eb4d599cabc",
                            "ssh_key_ids.138": "ec684e16-0a82-4508-af90-88d5c598bd04",
                            "ssh_key_ids.139": "1a5374e7-ae0b-44e8-8290-a7f9e34c6374",
                            "ssh_key_ids.14": "f718cdab-a523-45c3-9b01-80dc045be122",
                            "ssh_key_ids.140": "22050c70-4363-4734-8c11-57855494147c",
                            "ssh_key_ids.141": "9ee4a2b0-3668-411b-af84-07f61d71afa8",
                            "ssh_key_ids.142": "85e0e5cf-7e19-42f8-9dc2-da41de539495",
                            "ssh_key_ids.143": "32a48504-ef65-452f-ae33-d161205c1b11",
                            "ssh_key_ids.144": "8c7583d3-2b01-4df4-a946-939962d827f9",
                            "ssh_key_ids.145": "89ef47c1-1576-4b8c-a339-2014155f0802",
                            "ssh_key_ids.146": "3b57956f-a711-40db-9a6f-32487503bea1",
                            "ssh_key_ids.147": "e5fd812a-667c-498f-883c-2bd1afddbff3",
                            "ssh_key_ids.148": "be99da3d-601c-4466-8dcb-ff1f8a6a19d8",
                            "ssh_key_ids.149": "b87eb180-f18b-44a6-bbd5-a49f111d7864",
                            "ssh_key_ids.15": "f78dd9de-77e6-4386-9014-14258f6ed18c",
                            "ssh_key_ids.150": "4382d197-ecbb-43d9-a7d6-453c100279b8",
                            "ssh_key_ids.151": "6b50e07d-df2c-44b8-8a9e-65bfab6880a1",
                            "ssh_key_ids.152": "eac5e2ca-acf1-46a6-ae4d-aa12f71af765",
                            "ssh_key_ids.153": "b38f0448-bb97-4309-82f2-d1a5f5df0809",
                            "ssh_key_ids.154": "942f8d63-c3ec-4f32-b93a-38b5e0bafd90",
                            "ssh_key_ids.155": "0a929e59-0bcf-4de1-91d1-01a8cdbc9ef6",
                            "ssh_key_ids.156": "bc4f1745-a5de-45e4-ae82-d7c4988ee1a2",
                            "ssh_key_ids.157": "985ea314-f590-4237-99f5-682a344617d9",
                            "ssh_key_ids.158": "98b939fb-362b-41c8-831a-1f0a2afa400e",
                            "ssh_key_ids.159": "21fecacf-999e-4595-a247-af36a4feb0c1",
                            "ssh_key_ids.16": "aea43942-9250-4cde-81d1-69e468df8ce6",
                            "ssh_key_ids.160": "0c909e8f-7714-43f6-a8a9-fc003c5231a3",
                            "ssh_key_ids.161": "ccb07866-766e-45e2-ae82-a1f1c8cb39c8",
                            "ssh_key_ids.162": "d45fb3b7-af95-4c48-8ad6-e3f3242a5e4a",
                            "ssh_key_ids.163": "25faa130-9a09-4cca-a109-409c7ac309ab",
                            "ssh_key_ids.17": "3a4e67f8-b12d-43d4-a35d-e5d33a9ccd98",
                            "ssh_key_ids.18": "9cf77467-cdb7-4dcc-ab9f-4d431712ef3f",
                            "ssh_key_ids.19": "80b28858-2421-41bb-bbea-c4ad4a5db2c9",
                            "ssh_key_ids.2": "6e703847-5229-4bfd-9229-db6df7397e11",
                            "ssh_key_ids.20": "68931241-5344-4a8b-884f-4f3a4fc5e231",
                            "ssh_key_ids.21": "7d4eca06-2710-49c7-b4bd-efececa7cd54",
                            "ssh_key_ids.22": "37ffbecc-3536-42d3-8f8b-5235dd97d526",
                            "ssh_key_ids.23": "8ec2af9d-2255-4cc8-a5ae-8dd62262241c",
                            "ssh_key_ids.24": "036d46c3-8727-4a00-b59b-7f80443a2afc",
                            "ssh_key_ids.25": "04d2d40f-d0ae-4862-9537-62a9e43a22cd",
                            "ssh_key_ids.26": "c33ea9e0-ed31-43ce-8bba-e5e8da4edd83",
                            "ssh_key_ids.27": "6e8257dd-b7b9-4f30-b9d1-e7131a4d2121",
                            "ssh_key_ids.28": "ccb63b0c-f9e1-4764-a37e-e4408cccbfac",
                            "ssh_key_ids.29": "5d3e1674-605d-4e29-aa1a-6f97c6273217",
                            "ssh_key_ids.3": "32c2e969-fe1c-4235-a999-2b8abc061991",
                            "ssh_key_ids.30": "c57fb351-65ce-4427-a1c2-17868b0d1711",
                            "ssh_key_ids.31": "5e0ab35b-4a75-45c1-b679-bc9cb5c9abf8",
                            "ssh_key_ids.32": "65c4bc38-3112-4503-b875-5f583aca6424",
                            "ssh_key_ids.33": "912637d1-7b56-481b-bbe4-ccf466e3e161",
                            "ssh_key_ids.34": "f0e74fce-1a0c-4643-8990-f6843728f24f",
                            "ssh_key_ids.35": "34934bed-6b13-4abc-aeb6-1a5a9e994745",
                            "ssh_key_ids.36": "b428db77-8a11-40b6-a6f9-bd6321ea796b",
                            "ssh_key_ids.37": "3199b332-bec2-45ef-9e25-ba9057972da7",
                            "ssh_key_ids.38": "303a0e97-7dd1-4444-9def-d7ebf932a892",
                            "ssh_key_ids.39": "bdc5900f-e26d-46fe-8da6-59f9413b4c21",
                            "ssh_key_ids.4": "659466b5-43b7-47fe-bd6c-b443d3b5df20",
                            "ssh_key_ids.40": "311e499c-5421-42b0-91a7-cdcc1059dfef",
                            "ssh_key_ids.41": "7c7abede-0f89-4bae-91f3-c4c856140db8",
                            "ssh_key_ids.42": "948d85da-a1a4-45d9-b6bd-e2794c03232d",
                            "ssh_key_ids.43": "7bf767f0-472a-4977-921e-cf55ded84f1c",
                            "ssh_key_ids.44": "7fb2d14c-11b6-4c52-a9d0-2a4a6113dbab",
                            "ssh_key_ids.45": "27635c6f-e3bd-4403-ae6c-94757f36b601",
                            "ssh_key_ids.46": "bc84ed0c-228d-4eb5-97b4-4cd7b6e6a0f9",
                            "ssh_key_ids.47": "f8e3e26a-214b-457a-a7de-0aa31723f04e",
                            "ssh_key_ids.48": "d0cce71a-c3ea-4b60-9866-d8f12d749d13",
                            "ssh_key_ids.49": "1df0179f-a9af-4c8e-b9bf-5991f6e1b7f0",
                            "ssh_key_ids.5": "8059f489-7714-4af7-84fc-76869c009378",
                            "ssh_key_ids.50": "f6267de9-b50a-4bd8-aac5-51612a403741",
                            "ssh_key_ids.51": "1689628e-00a8-40e4-a578-9d484d66cc3f",
                            "ssh_key_ids.52": "d6a50bd7-69c4-4c2b-99be-9adbefc6e3dc",
                            "ssh_key_ids.53": "950d1f09-7d94-4838-ac25-e2b63fc256f5",
                            "ssh_key_ids.54": "d02bec99-0344-4cf3-bd06-8bad8969b9fe",
                            "ssh_key_ids.55": "e75e4f46-8e6b-4f66-8612-1879bbb96623",
                            "ssh_key_ids.56": "38ee2b4b-653d-494e-b008-abd82461f7f6",
                            "ssh_key_ids.57": "f63582f2-9d53-487f-a9af-d739e36b07af",
                            "ssh_key_ids.58": "f86d606c-d11c-4b10-b0d2-326e3b791cdf",
                            "ssh_key_ids.59": "7afc2a1e-7303-47e0-b75a-ed2587d3f340",
                            "ssh_key_ids.6": "f98a99f8-ff13-4391-b5fc-74983219a225",
                            "ssh_key_ids.60": "0a7d499d-8d80-45ad-9069-8fbaa6e28ea1",
                            "ssh_key_ids.61": "bb427d7d-ca92-4a98-af84-64d3b43e6325",
                            "ssh_key_ids.62": "c523b161-3e3b-492c-90f4-253a86aed91f",
                            "ssh_key_ids.63": "0c1be6d5-8b38-4920-94f2-6ddaaa25bb9d",
                            "ssh_key_ids.64": "a2579e04-6f2e-4488-8e58-c48a0aa7f70b",
                            "ssh_key_ids.65": "f1b4cad0-7e3f-4574-bc52-6567dd2fd125",
                            "ssh_key_ids.66": "494f995f-069a-4407-bf31-d1e67142f9fd",
                            "ssh_key_ids.67": "3bde399d-1ee1-49ca-acad-8df41956df20",
                            "ssh_key_ids.68": "0fb6897c-2f7f-4d0f-9de1-bd279408a7cb",
                            "ssh_key_ids.69": "1e4e0e97-aace-4cd9-b258-c8408d502284",
                            "ssh_key_ids.7": "0b392f37-4243-4e43-a56c-18208a30acf3",
                            "ssh_key_ids.70": "7c41c050-74ad-4aa7-b63b-8c75d9db4051",
                            "ssh_key_ids.71": "892bf2fb-c6b9-459d-bdd0-36d69701a3e6",
                            "ssh_key_ids.72": "13c0308d-5846-46c5-bf46-2fdae2e9c8d7",
                            "ssh_key_ids.73": "a102ddd7-bee2-4d61-9262-5978a4b91c04",
                            "ssh_key_ids.74": "842a0495-4b06-4f53-a948-f381d57cb180",
                            "ssh_key_ids.75": "491b68d1-1663-490d-a2e0-248b496631f4",
                            "ssh_key_ids.76": "bb056de1-9025-47e5-89a1-2897643e1f6c",
                            "ssh_key_ids.77": "b68dcaed-078c-41e2-a647-5aa1acb12154",
                            "ssh_key_ids.78": "fedb7753-6dba-4aa4-8371-999c6bab70de",
                            "ssh_key_ids.79": "a8855483-e011-4d68-86a5-2f530738dd17",
                            "ssh_key_ids.8": "0394ad7e-6265-4478-ae1a-3b5d59a217d5",
                            "ssh_key_ids.80": "6219b353-d4ec-4ba5-9a40-19304b4fe1af",
                            "ssh_key_ids.81": "4e49c810-8e76-4ec7-b1c2-1d9e7f829441",
                            "ssh_key_ids.82": "d88db379-9fa2-454f-97a4-8e7718bbb658",
                            "ssh_key_ids.83": "984f885d-a618-4416-a934-f1f00d93f989",
                            "ssh_key_ids.84": "a722049c-a416-4fb0-a661-290a0d9cf57b",
                            "ssh_key_ids.85": "1776caa4-e965-4891-af1a-427ce73a88e9",
                            "ssh_key_ids.86": "0873502f-0980-4e42-a0de-5328eb21b1fe",
                            "ssh_key_ids.87": "d0a93463-eb19-4ed4-82a9-3c354374443e",
                            "ssh_key_ids.88": "b505936c-fca3-4767-9cbe-a5401f97dd95",
                            "ssh_key_ids.89": "cc001113-bc02-4d7f-af55-366db9132936",
                            "ssh_key_ids.9": "0fddd1d0-4fa1-4abb-9bb9-b8381169a715",
                            "ssh_key_ids.90": "88436004-0436-4df7-8240-bfd128e8d605",
                            "ssh_key_ids.91": "f81c84bc-7f7f-4c1c-bc6b-4aa9ce236151",
                            "ssh_key_ids.92": "895e0d1a-adae-439f-a1a8-a15aa6658c97",
                            "ssh_key_ids.93": "116c4f54-560a-4d95-bddc-29632af8a732",
                            "ssh_key_ids.94": "ee065568-03bb-456e-a1f5-1669939d43cb",
                            "ssh_key_ids.95": "1dae5119-8c6d-450c-be49-ef323d4ef630",
                            "ssh_key_ids.96": "c79bd893-afa8-4fde-9315-1ac6571a0d64",
                            "ssh_key_ids.97": "2111f3a2-9fe6-4992-aa14-1e01bb0501ce",
                            "ssh_key_ids.98": "09223179-7d28-40a4-b18e-b7ed3e350c6a",
                            "ssh_key_ids.99": "36c08ba3-3dc2-45bf-aad5-3f9d6c2f8173",
                            "state": "active",
                            "storage": "",
                            "tags.#": "0",
                            "updated": "2019-04-30T09:55:37Z"
                        },
                        "meta": {},
                        "tainted": false
                    },
                    "deposed": [],
                    "provider": "provider.packet"
                },
                "packet_device.lab.8": {
                    "type": "packet_device",
                    "depends_on": [
                        "packet_device.registry",
                        "packet_ssh_key.default",
                        "tls_private_key.default"
                    ],
                    "primary": {
                        "id": "9e56f224-34c2-45bf-8984-cd707b4ae92f",
                        "attributes": {
                            "access_private_ipv4": "10.99.31.189",
                            "access_public_ipv4": "147.75.77.63",
                            "access_public_ipv6": "2604:1380:0:3800::39",
                            "always_pxe": "false",
                            "billing_cycle": "hourly",
                            "created": "2019-04-30T09:52:06Z",
                            "facilities.#": "1",
                            "facilities.0": "ewr1",
                            "facility": "ewr1",
                            "hostname": "kayobe-lab-08",
                            "id": "9e56f224-34c2-45bf-8984-cd707b4ae92f",
                            "ipxe_script_url": "",
                            "locked": "false",
                            "network.#": "3",
                            "network.0.address": "147.75.77.63",
                            "network.0.cidr": "31",
                            "network.0.family": "4",
                            "network.0.gateway": "147.75.77.62",
                            "network.0.public": "true",
                            "network.1.address": "2604:1380:0:3800::39",
                            "network.1.cidr": "127",
                            "network.1.family": "6",
                            "network.1.gateway": "2604:1380:0:3800::38",
                            "network.1.public": "true",
                            "network.2.address": "10.99.31.189",
                            "network.2.cidr": "31",
                            "network.2.family": "4",
                            "network.2.gateway": "10.99.31.188",
                            "network.2.public": "false",
                            "network_type": "layer3",
                            "operating_system": "centos_7",
                            "plan": "c1.small.x86",
                            "ports.#": "3",
                            "ports.0.bonded": "true",
                            "ports.0.id": "4746d590-0e92-4945-9b70-5cfca7e8eff7",
                            "ports.0.mac": "",
                            "ports.0.name": "bond0",
                            "ports.0.type": "NetworkBondPort",
                            "ports.1.bonded": "true",
                            "ports.1.id": "a40f8e68-8bc0-4404-93c5-1b770d0fab76",
                            "ports.1.mac": "ac:1f:6b:99:b9:0a",
                            "ports.1.name": "eth0",
                            "ports.1.type": "NetworkPort",
                            "ports.2.bonded": "true",
                            "ports.2.id": "8de1df62-96d2-46bb-aee6-0b40033b47d9",
                            "ports.2.mac": "ac:1f:6b:99:b9:0b",
                            "ports.2.name": "eth1",
                            "ports.2.type": "NetworkPort",
                            "project_id": "719d7d4b-08f8-4e9b-ad0d-34707f85160d",
                            "public_ipv4_subnet_size": "31",
                            "root_password": "%6N/0oZJ9m",
                            "ssh_key_ids.#": "164",
                            "ssh_key_ids.0": "da199044-80dd-48dd-8d1f-ef76ccb13ab5",
                            "ssh_key_ids.1": "bd192f85-fbeb-4fd3-bca0-7ceb96f91700",
                            "ssh_key_ids.10": "22050c70-4363-4734-8c11-57855494147c",
                            "ssh_key_ids.100": "84eaa0c1-fd1c-4de8-a60c-e91feb89f14b",
                            "ssh_key_ids.101": "9a377e1e-c8ce-40c0-bf81-014cab0fcb7c",
                            "ssh_key_ids.102": "2765be00-4a38-436c-8eb7-74cb7dba92d3",
                            "ssh_key_ids.103": "93b62667-9821-43c9-9b47-09c72bfc16fe",
                            "ssh_key_ids.104": "e58fd2a9-18d8-4cd9-a1a2-f2610ed83a73",
                            "ssh_key_ids.105": "9058e9af-1b6a-4c7a-bce1-14dc06529d33",
                            "ssh_key_ids.106": "6389afd1-e142-402d-8a1e-90383fbd3cb0",
                            "ssh_key_ids.107": "895e0d1a-adae-439f-a1a8-a15aa6658c97",
                            "ssh_key_ids.108": "6e703847-5229-4bfd-9229-db6df7397e11",
                            "ssh_key_ids.109": "32c2e969-fe1c-4235-a999-2b8abc061991",
                            "ssh_key_ids.11": "a102ddd7-bee2-4d61-9262-5978a4b91c04",
                            "ssh_key_ids.110": "8059f489-7714-4af7-84fc-76869c009378",
                            "ssh_key_ids.111": "f98a99f8-ff13-4391-b5fc-74983219a225",
                            "ssh_key_ids.112": "0b392f37-4243-4e43-a56c-18208a30acf3",
                            "ssh_key_ids.113": "0394ad7e-6265-4478-ae1a-3b5d59a217d5",
                            "ssh_key_ids.114": "0fddd1d0-4fa1-4abb-9bb9-b8381169a715",
                            "ssh_key_ids.115": "bdc5900f-e26d-46fe-8da6-59f9413b4c21",
                            "ssh_key_ids.116": "7c7abede-0f89-4bae-91f3-c4c856140db8",
                            "ssh_key_ids.117": "214e1ebd-afd3-43f9-bcb6-bf6b9693f830",
                            "ssh_key_ids.118": "f67f7c4b-0050-4c18-be29-03a072b204ba",
                            "ssh_key_ids.119": "c13861b0-d10e-4a0e-a84b-4d0463d54f1a",
                            "ssh_key_ids.12": "13c0308d-5846-46c5-bf46-2fdae2e9c8d7",
                            "ssh_key_ids.120": "e00adc33-e5eb-4b67-b5f9-4bfa68bd2e53",
                            "ssh_key_ids.121": "2111f3a2-9fe6-4992-aa14-1e01bb0501ce",
                            "ssh_key_ids.122": "33fea3c3-2fb4-424a-834c-190bd53b8f0b",
                            "ssh_key_ids.123": "fed60fdf-7e1d-4ffd-af9f-4ac91c2fd430",
                            "ssh_key_ids.124": "7c7abd45-994d-4754-8220-2c5a404933e8",
                            "ssh_key_ids.125": "1689628e-00a8-40e4-a578-9d484d66cc3f",
                            "ssh_key_ids.126": "752d99f5-5dcd-437f-99c9-8325bbabcc59",
                            "ssh_key_ids.127": "611e233e-835c-4e37-abdd-918842cbe83f",
                            "ssh_key_ids.128": "ec9105b6-bdd2-4bcc-a6ca-00055f55f504",
                            "ssh_key_ids.129": "01097db2-b817-4a41-b016-012c83dad8e4",
                            "ssh_key_ids.13": "892bf2fb-c6b9-459d-bdd0-36d69701a3e6",
                            "ssh_key_ids.130": "dc275958-fb33-4a63-a21b-e33d3dfd3a14",
                            "ssh_key_ids.131": "e82a688a-f07a-480e-a408-199baca463c9",
                            "ssh_key_ids.132": "a7c4c16b-8163-4d61-8485-5f05eb11f013",
                            "ssh_key_ids.133": "d7a07953-9e75-465e-9495-775f03018db0",
                            "ssh_key_ids.134": "290afd05-1d05-4fd4-a7ac-27be4b92458f",
                            "ssh_key_ids.135": "8499c022-65c8-40dd-ab33-d331388ac5d9",
                            "ssh_key_ids.136": "8ad4e695-a082-43c5-ac1b-456964b321c6",
                            "ssh_key_ids.137": "59b26c30-c0ca-4ac5-ba7f-143efd14f792",
                            "ssh_key_ids.138": "ccf9952b-afcb-4df1-b002-0c60717e2592",
                            "ssh_key_ids.139": "d059cfe2-3215-4686-aeaa-051a5a423d2a",
                            "ssh_key_ids.14": "3a4e67f8-b12d-43d4-a35d-e5d33a9ccd98",
                            "ssh_key_ids.140": "82bd80ac-b1df-4801-88b7-8b835b78570c",
                            "ssh_key_ids.141": "c0fea396-b8f9-43d0-a453-9bbc868a1d81",
                            "ssh_key_ids.142": "82f1421a-5a62-442c-adbf-6f4534ff96fe",
                            "ssh_key_ids.143": "59e22e40-bf99-4d3a-ae05-3eb4d599cabc",
                            "ssh_key_ids.144": "8ec2af9d-2255-4cc8-a5ae-8dd62262241c",
                            "ssh_key_ids.145": "659466b5-43b7-47fe-bd6c-b443d3b5df20",
                            "ssh_key_ids.146": "b38f0448-bb97-4309-82f2-d1a5f5df0809",
                            "ssh_key_ids.147": "b87eb180-f18b-44a6-bbd5-a49f111d7864",
                            "ssh_key_ids.148": "be99da3d-601c-4466-8dcb-ff1f8a6a19d8",
                            "ssh_key_ids.149": "942f8d63-c3ec-4f32-b93a-38b5e0bafd90",
                            "ssh_key_ids.15": "80b28858-2421-41bb-bbea-c4ad4a5db2c9",
                            "ssh_key_ids.150": "eac5e2ca-acf1-46a6-ae4d-aa12f71af765",
                            "ssh_key_ids.151": "0a929e59-0bcf-4de1-91d1-01a8cdbc9ef6",
                            "ssh_key_ids.152": "e5fd812a-667c-498f-883c-2bd1afddbff3",
                            "ssh_key_ids.153": "3b57956f-a711-40db-9a6f-32487503bea1",
                            "ssh_key_ids.154": "6b50e07d-df2c-44b8-8a9e-65bfab6880a1",
                            "ssh_key_ids.155": "4382d197-ecbb-43d9-a7d6-453c100279b8",
                            "ssh_key_ids.156": "bc4f1745-a5de-45e4-ae82-d7c4988ee1a2",
                            "ssh_key_ids.157": "985ea314-f590-4237-99f5-682a344617d9",
                            "ssh_key_ids.158": "98b939fb-362b-41c8-831a-1f0a2afa400e",
                            "ssh_key_ids.159": "21fecacf-999e-4595-a247-af36a4feb0c1",
                            "ssh_key_ids.16": "27635c6f-e3bd-4403-ae6c-94757f36b601",
                            "ssh_key_ids.160": "0c909e8f-7714-43f6-a8a9-fc003c5231a3",
                            "ssh_key_ids.161": "ccb07866-766e-45e2-ae82-a1f1c8cb39c8",
                            "ssh_key_ids.162": "d45fb3b7-af95-4c48-8ad6-e3f3242a5e4a",
                            "ssh_key_ids.163": "25faa130-9a09-4cca-a109-409c7ac309ab",
                            "ssh_key_ids.17": "7fb2d14c-11b6-4c52-a9d0-2a4a6113dbab",
                            "ssh_key_ids.18": "948d85da-a1a4-45d9-b6bd-e2794c03232d",
                            "ssh_key_ids.19": "c523b161-3e3b-492c-90f4-253a86aed91f",
                            "ssh_key_ids.2": "ec684e16-0a82-4508-af90-88d5c598bd04",
                            "ssh_key_ids.20": "9ee4a2b0-3668-411b-af84-07f61d71afa8",
                            "ssh_key_ids.21": "85e0e5cf-7e19-42f8-9dc2-da41de539495",
                            "ssh_key_ids.22": "303a0e97-7dd1-4444-9def-d7ebf932a892",
                            "ssh_key_ids.23": "7bf767f0-472a-4977-921e-cf55ded84f1c",
                            "ssh_key_ids.24": "8c7583d3-2b01-4df4-a946-939962d827f9",
                            "ssh_key_ids.25": "36b25fc3-3971-4f8f-a6f2-fcf9113e4da8",
                            "ssh_key_ids.26": "bb427d7d-ca92-4a98-af84-64d3b43e6325",
                            "ssh_key_ids.27": "7d4eca06-2710-49c7-b4bd-efececa7cd54",
                            "ssh_key_ids.28": "036d46c3-8727-4a00-b59b-7f80443a2afc",
                            "ssh_key_ids.29": "c79bd893-afa8-4fde-9315-1ac6571a0d64",
                            "ssh_key_ids.3": "f0e74fce-1a0c-4643-8990-f6843728f24f",
                            "ssh_key_ids.30": "1dae5119-8c6d-450c-be49-ef323d4ef630",
                            "ssh_key_ids.31": "ee065568-03bb-456e-a1f5-1669939d43cb",
                            "ssh_key_ids.32": "b505936c-fca3-4767-9cbe-a5401f97dd95",
                            "ssh_key_ids.33": "d0a93463-eb19-4ed4-82a9-3c354374443e",
                            "ssh_key_ids.34": "04d2d40f-d0ae-4862-9537-62a9e43a22cd",
                            "ssh_key_ids.35": "f718cdab-a523-45c3-9b01-80dc045be122",
                            "ssh_key_ids.36": "f78dd9de-77e6-4386-9014-14258f6ed18c",
                            "ssh_key_ids.37": "aea43942-9250-4cde-81d1-69e468df8ce6",
                            "ssh_key_ids.38": "f6267de9-b50a-4bd8-aac5-51612a403741",
                            "ssh_key_ids.39": "89ef47c1-1576-4b8c-a339-2014155f0802",
                            "ssh_key_ids.4": "34934bed-6b13-4abc-aeb6-1a5a9e994745",
                            "ssh_key_ids.40": "38ee2b4b-653d-494e-b008-abd82461f7f6",
                            "ssh_key_ids.41": "f63582f2-9d53-487f-a9af-d739e36b07af",
                            "ssh_key_ids.42": "494f995f-069a-4407-bf31-d1e67142f9fd",
                            "ssh_key_ids.43": "9cf77467-cdb7-4dcc-ab9f-4d431712ef3f",
                            "ssh_key_ids.44": "c33ea9e0-ed31-43ce-8bba-e5e8da4edd83",
                            "ssh_key_ids.45": "4e49c810-8e76-4ec7-b1c2-1d9e7f829441",
                            "ssh_key_ids.46": "6e8257dd-b7b9-4f30-b9d1-e7131a4d2121",
                            "ssh_key_ids.47": "65c4bc38-3112-4503-b875-5f583aca6424",
                            "ssh_key_ids.48": "912637d1-7b56-481b-bbe4-ccf466e3e161",
                            "ssh_key_ids.49": "ccb63b0c-f9e1-4764-a37e-e4408cccbfac",
                            "ssh_key_ids.5": "32a48504-ef65-452f-ae33-d161205c1b11",
                            "ssh_key_ids.50": "37ffbecc-3536-42d3-8f8b-5235dd97d526",
                            "ssh_key_ids.51": "5d3e1674-605d-4e29-aa1a-6f97c6273217",
                            "ssh_key_ids.52": "c57fb351-65ce-4427-a1c2-17868b0d1711",
                            "ssh_key_ids.53": "0a7d499d-8d80-45ad-9069-8fbaa6e28ea1",
                            "ssh_key_ids.54": "68931241-5344-4a8b-884f-4f3a4fc5e231",
                            "ssh_key_ids.55": "e75e4f46-8e6b-4f66-8612-1879bbb96623",
                            "ssh_key_ids.56": "d02bec99-0344-4cf3-bd06-8bad8969b9fe",
                            "ssh_key_ids.57": "950d1f09-7d94-4838-ac25-e2b63fc256f5",
                            "ssh_key_ids.58": "f8e3e26a-214b-457a-a7de-0aa31723f04e",
                            "ssh_key_ids.59": "fac2cbbc-70ef-4386-a0e6-df3aa1fe9609",
                            "ssh_key_ids.6": "b428db77-8a11-40b6-a6f9-bd6321ea796b",
                            "ssh_key_ids.60": "1776caa4-e965-4891-af1a-427ce73a88e9",
                            "ssh_key_ids.61": "d6a50bd7-69c4-4c2b-99be-9adbefc6e3dc",
                            "ssh_key_ids.62": "1df0179f-a9af-4c8e-b9bf-5991f6e1b7f0",
                            "ssh_key_ids.63": "d0cce71a-c3ea-4b60-9866-d8f12d749d13",
                            "ssh_key_ids.64": "6219b353-d4ec-4ba5-9a40-19304b4fe1af",
                            "ssh_key_ids.65": "fedb7753-6dba-4aa4-8371-999c6bab70de",
                            "ssh_key_ids.66": "7c41c050-74ad-4aa7-b63b-8c75d9db4051",
                            "ssh_key_ids.67": "0fb6897c-2f7f-4d0f-9de1-bd279408a7cb",
                            "ssh_key_ids.68": "f1b4cad0-7e3f-4574-bc52-6567dd2fd125",
                            "ssh_key_ids.69": "5e0ab35b-4a75-45c1-b679-bc9cb5c9abf8",
                            "ssh_key_ids.7": "3199b332-bec2-45ef-9e25-ba9057972da7",
                            "ssh_key_ids.70": "311e499c-5421-42b0-91a7-cdcc1059dfef",
                            "ssh_key_ids.71": "0c1be6d5-8b38-4920-94f2-6ddaaa25bb9d",
                            "ssh_key_ids.72": "36c08ba3-3dc2-45bf-aad5-3f9d6c2f8173",
                            "ssh_key_ids.73": "a2579e04-6f2e-4488-8e58-c48a0aa7f70b",
                            "ssh_key_ids.74": "f86d606c-d11c-4b10-b0d2-326e3b791cdf",
                            "ssh_key_ids.75": "3bde399d-1ee1-49ca-acad-8df41956df20",
                            "ssh_key_ids.76": "7afc2a1e-7303-47e0-b75a-ed2587d3f340",
                            "ssh_key_ids.77": "1e4e0e97-aace-4cd9-b258-c8408d502284",
                            "ssh_key_ids.78": "a8855483-e011-4d68-86a5-2f530738dd17",
                            "ssh_key_ids.79": "a722049c-a416-4fb0-a661-290a0d9cf57b",
                            "ssh_key_ids.8": "bc84ed0c-228d-4eb5-97b4-4cd7b6e6a0f9",
                            "ssh_key_ids.80": "954bd64c-a66b-45fb-900e-04f0b8b18cdf",
                            "ssh_key_ids.81": "d88db379-9fa2-454f-97a4-8e7718bbb658",
                            "ssh_key_ids.82": "f81c84bc-7f7f-4c1c-bc6b-4aa9ce236151",
                            "ssh_key_ids.83": "0873502f-0980-4e42-a0de-5328eb21b1fe",
                            "ssh_key_ids.84": "cc001113-bc02-4d7f-af55-366db9132936",
                            "ssh_key_ids.85": "88436004-0436-4df7-8240-bfd128e8d605",
                            "ssh_key_ids.86": "af0fdb13-ba2c-4e19-bcfb-57b1d59ead38",
                            "ssh_key_ids.87": "842a0495-4b06-4f53-a948-f381d57cb180",
                            "ssh_key_ids.88": "491b68d1-1663-490d-a2e0-248b496631f4",
                            "ssh_key_ids.89": "bb056de1-9025-47e5-89a1-2897643e1f6c",
                            "ssh_key_ids.9": "1a5374e7-ae0b-44e8-8290-a7f9e34c6374",
                            "ssh_key_ids.90": "b68dcaed-078c-41e2-a647-5aa1acb12154",
                            "ssh_key_ids.91": "984f885d-a618-4416-a934-f1f00d93f989",
                            "ssh_key_ids.92": "305be502-51dd-41a5-b2b1-b58878e9da15",
                            "ssh_key_ids.93": "116c4f54-560a-4d95-bddc-29632af8a732",
                            "ssh_key_ids.94": "14c24939-9fd3-4d21-9f11-2557c49a3a9f",
                            "ssh_key_ids.95": "ee429bfb-8fb3-479b-9c6c-e5579a8bf59d",
                            "ssh_key_ids.96": "09223179-7d28-40a4-b18e-b7ed3e350c6a",
                            "ssh_key_ids.97": "f7e8e7ed-d248-4e81-9f0a-15ef569fb264",
                            "ssh_key_ids.98": "0e3abb85-56d4-4604-a40a-9f3c6548b30b",
                            "ssh_key_ids.99": "0f73341f-b03d-4323-8d59-af7243dbb475",
                            "state": "active",
                            "storage": "",
                            "tags.#": "0",
                            "updated": "2019-04-30T09:56:09Z"
                        },
                        "meta": {},
                        "tainted": false
                    },
                    "deposed": [],
                    "provider": "provider.packet"
                },
                "packet_device.lab.9": {
                    "type": "packet_device",
                    "depends_on": [
                        "packet_device.registry",
                        "packet_ssh_key.default",
                        "tls_private_key.default"
                    ],
                    "primary": {
                        "id": "0f1a95c0-c824-4974-b882-1464252b586c",
                        "attributes": {
                            "access_private_ipv4": "10.99.31.173",
                            "access_public_ipv4": "147.75.77.31",
                            "access_public_ipv6": "2604:1380:0:3800::19",
                            "always_pxe": "false",
                            "billing_cycle": "hourly",
                            "created": "2019-04-30T09:51:56Z",
                            "facilities.#": "1",
                            "facilities.0": "ewr1",
                            "facility": "ewr1",
                            "hostname": "kayobe-lab-09",
                            "id": "0f1a95c0-c824-4974-b882-1464252b586c",
                            "ipxe_script_url": "",
                            "locked": "false",
                            "network.#": "3",
                            "network.0.address": "147.75.77.31",
                            "network.0.cidr": "31",
                            "network.0.family": "4",
                            "network.0.gateway": "147.75.77.30",
                            "network.0.public": "true",
                            "network.1.address": "2604:1380:0:3800::19",
                            "network.1.cidr": "127",
                            "network.1.family": "6",
                            "network.1.gateway": "2604:1380:0:3800::18",
                            "network.1.public": "true",
                            "network.2.address": "10.99.31.173",
                            "network.2.cidr": "31",
                            "network.2.family": "4",
                            "network.2.gateway": "10.99.31.172",
                            "network.2.public": "false",
                            "network_type": "layer3",
                            "operating_system": "centos_7",
                            "plan": "c1.small.x86",
                            "ports.#": "3",
                            "ports.0.bonded": "true",
                            "ports.0.id": "a997913c-fe09-419a-b053-9bfa599aa0a5",
                            "ports.0.mac": "",
                            "ports.0.name": "bond0",
                            "ports.0.type": "NetworkBondPort",
                            "ports.1.bonded": "true",
                            "ports.1.id": "65c3467d-f137-4342-8c8d-cea95b70fc6b",
                            "ports.1.mac": "ac:1f:6b:99:b6:e4",
                            "ports.1.name": "eth0",
                            "ports.1.type": "NetworkPort",
                            "ports.2.bonded": "true",
                            "ports.2.id": "0a4c2f08-bad5-4959-a253-fb4ee91dff0f",
                            "ports.2.mac": "ac:1f:6b:99:b6:e5",
                            "ports.2.name": "eth1",
                            "ports.2.type": "NetworkPort",
                            "project_id": "719d7d4b-08f8-4e9b-ad0d-34707f85160d",
                            "public_ipv4_subnet_size": "31",
                            "root_password": "7}{GOnGe:x",
                            "ssh_key_ids.#": "164",
                            "ssh_key_ids.0": "da199044-80dd-48dd-8d1f-ef76ccb13ab5",
                            "ssh_key_ids.1": "bd192f85-fbeb-4fd3-bca0-7ceb96f91700",
                            "ssh_key_ids.10": "bb056de1-9025-47e5-89a1-2897643e1f6c",
                            "ssh_key_ids.100": "ccf9952b-afcb-4df1-b002-0c60717e2592",
                            "ssh_key_ids.101": "d059cfe2-3215-4686-aeaa-051a5a423d2a",
                            "ssh_key_ids.102": "c0fea396-b8f9-43d0-a453-9bbc868a1d81",
                            "ssh_key_ids.103": "82f1421a-5a62-442c-adbf-6f4534ff96fe",
                            "ssh_key_ids.104": "59e22e40-bf99-4d3a-ae05-3eb4d599cabc",
                            "ssh_key_ids.105": "ec684e16-0a82-4508-af90-88d5c598bd04",
                            "ssh_key_ids.106": "1a5374e7-ae0b-44e8-8290-a7f9e34c6374",
                            "ssh_key_ids.107": "22050c70-4363-4734-8c11-57855494147c",
                            "ssh_key_ids.108": "9ee4a2b0-3668-411b-af84-07f61d71afa8",
                            "ssh_key_ids.109": "85e0e5cf-7e19-42f8-9dc2-da41de539495",
                            "ssh_key_ids.11": "b68dcaed-078c-41e2-a647-5aa1acb12154",
                            "ssh_key_ids.110": "32a48504-ef65-452f-ae33-d161205c1b11",
                            "ssh_key_ids.111": "3a4e67f8-b12d-43d4-a35d-e5d33a9ccd98",
                            "ssh_key_ids.112": "80b28858-2421-41bb-bbea-c4ad4a5db2c9",
                            "ssh_key_ids.113": "036d46c3-8727-4a00-b59b-7f80443a2afc",
                            "ssh_key_ids.114": "04d2d40f-d0ae-4862-9537-62a9e43a22cd",
                            "ssh_key_ids.115": "c33ea9e0-ed31-43ce-8bba-e5e8da4edd83",
                            "ssh_key_ids.116": "6e8257dd-b7b9-4f30-b9d1-e7131a4d2121",
                            "ssh_key_ids.117": "f67f7c4b-0050-4c18-be29-03a072b204ba",
                            "ssh_key_ids.118": "65c4bc38-3112-4503-b875-5f583aca6424",
                            "ssh_key_ids.119": "912637d1-7b56-481b-bbe4-ccf466e3e161",
                            "ssh_key_ids.12": "984f885d-a618-4416-a934-f1f00d93f989",
                            "ssh_key_ids.120": "34934bed-6b13-4abc-aeb6-1a5a9e994745",
                            "ssh_key_ids.121": "842a0495-4b06-4f53-a948-f381d57cb180",
                            "ssh_key_ids.122": "a102ddd7-bee2-4d61-9262-5978a4b91c04",
                            "ssh_key_ids.123": "892bf2fb-c6b9-459d-bdd0-36d69701a3e6",
                            "ssh_key_ids.124": "c523b161-3e3b-492c-90f4-253a86aed91f",
                            "ssh_key_ids.125": "bb427d7d-ca92-4a98-af84-64d3b43e6325",
                            "ssh_key_ids.126": "0a7d499d-8d80-45ad-9069-8fbaa6e28ea1",
                            "ssh_key_ids.127": "3199b332-bec2-45ef-9e25-ba9057972da7",
                            "ssh_key_ids.128": "303a0e97-7dd1-4444-9def-d7ebf932a892",
                            "ssh_key_ids.129": "7fb2d14c-11b6-4c52-a9d0-2a4a6113dbab",
                            "ssh_key_ids.13": "a722049c-a416-4fb0-a661-290a0d9cf57b",
                            "ssh_key_ids.130": "27635c6f-e3bd-4403-ae6c-94757f36b601",
                            "ssh_key_ids.131": "bc84ed0c-228d-4eb5-97b4-4cd7b6e6a0f9",
                            "ssh_key_ids.132": "e75e4f46-8e6b-4f66-8612-1879bbb96623",
                            "ssh_key_ids.133": "f8e3e26a-214b-457a-a7de-0aa31723f04e",
                            "ssh_key_ids.134": "d02bec99-0344-4cf3-bd06-8bad8969b9fe",
                            "ssh_key_ids.135": "d0cce71a-c3ea-4b60-9866-d8f12d749d13",
                            "ssh_key_ids.136": "950d1f09-7d94-4838-ac25-e2b63fc256f5",
                            "ssh_key_ids.137": "1df0179f-a9af-4c8e-b9bf-5991f6e1b7f0",
                            "ssh_key_ids.138": "d6a50bd7-69c4-4c2b-99be-9adbefc6e3dc",
                            "ssh_key_ids.139": "14c24939-9fd3-4d21-9f11-2557c49a3a9f",
                            "ssh_key_ids.14": "c13861b0-d10e-4a0e-a84b-4d0463d54f1a",
                            "ssh_key_ids.140": "ccb63b0c-f9e1-4764-a37e-e4408cccbfac",
                            "ssh_key_ids.141": "ee429bfb-8fb3-479b-9c6c-e5579a8bf59d",
                            "ssh_key_ids.142": "e00adc33-e5eb-4b67-b5f9-4bfa68bd2e53",
                            "ssh_key_ids.143": "f0e74fce-1a0c-4643-8990-f6843728f24f",
                            "ssh_key_ids.144": "13c0308d-5846-46c5-bf46-2fdae2e9c8d7",
                            "ssh_key_ids.145": "7bf767f0-472a-4977-921e-cf55ded84f1c",
                            "ssh_key_ids.146": "3b57956f-a711-40db-9a6f-32487503bea1",
                            "ssh_key_ids.147": "e5fd812a-667c-498f-883c-2bd1afddbff3",
                            "ssh_key_ids.148": "be99da3d-601c-4466-8dcb-ff1f8a6a19d8",
                            "ssh_key_ids.149": "b87eb180-f18b-44a6-bbd5-a49f111d7864",
                            "ssh_key_ids.15": "0fb6897c-2f7f-4d0f-9de1-bd279408a7cb",
                            "ssh_key_ids.150": "0a929e59-0bcf-4de1-91d1-01a8cdbc9ef6",
                            "ssh_key_ids.151": "4382d197-ecbb-43d9-a7d6-453c100279b8",
                            "ssh_key_ids.152": "6b50e07d-df2c-44b8-8a9e-65bfab6880a1",
                            "ssh_key_ids.153": "eac5e2ca-acf1-46a6-ae4d-aa12f71af765",
                            "ssh_key_ids.154": "b38f0448-bb97-4309-82f2-d1a5f5df0809",
                            "ssh_key_ids.155": "942f8d63-c3ec-4f32-b93a-38b5e0bafd90",
                            "ssh_key_ids.156": "bc4f1745-a5de-45e4-ae82-d7c4988ee1a2",
                            "ssh_key_ids.157": "985ea314-f590-4237-99f5-682a344617d9",
                            "ssh_key_ids.158": "98b939fb-362b-41c8-831a-1f0a2afa400e",
                            "ssh_key_ids.159": "21fecacf-999e-4595-a247-af36a4feb0c1",
                            "ssh_key_ids.16": "1776caa4-e965-4891-af1a-427ce73a88e9",
                            "ssh_key_ids.160": "0c909e8f-7714-43f6-a8a9-fc003c5231a3",
                            "ssh_key_ids.161": "ccb07866-766e-45e2-ae82-a1f1c8cb39c8",
                            "ssh_key_ids.162": "d45fb3b7-af95-4c48-8ad6-e3f3242a5e4a",
                            "ssh_key_ids.163": "25faa130-9a09-4cca-a109-409c7ac309ab",
                            "ssh_key_ids.17": "b505936c-fca3-4767-9cbe-a5401f97dd95",
                            "ssh_key_ids.18": "895e0d1a-adae-439f-a1a8-a15aa6658c97",
                            "ssh_key_ids.19": "d0a93463-eb19-4ed4-82a9-3c354374443e",
                            "ssh_key_ids.2": "659466b5-43b7-47fe-bd6c-b443d3b5df20",
                            "ssh_key_ids.20": "d88db379-9fa2-454f-97a4-8e7718bbb658",
                            "ssh_key_ids.21": "4e49c810-8e76-4ec7-b1c2-1d9e7f829441",
                            "ssh_key_ids.22": "6219b353-d4ec-4ba5-9a40-19304b4fe1af",
                            "ssh_key_ids.23": "954bd64c-a66b-45fb-900e-04f0b8b18cdf",
                            "ssh_key_ids.24": "a8855483-e011-4d68-86a5-2f530738dd17",
                            "ssh_key_ids.25": "fedb7753-6dba-4aa4-8371-999c6bab70de",
                            "ssh_key_ids.26": "7c41c050-74ad-4aa7-b63b-8c75d9db4051",
                            "ssh_key_ids.27": "1e4e0e97-aace-4cd9-b258-c8408d502284",
                            "ssh_key_ids.28": "0873502f-0980-4e42-a0de-5328eb21b1fe",
                            "ssh_key_ids.29": "cc001113-bc02-4d7f-af55-366db9132936",
                            "ssh_key_ids.3": "33fea3c3-2fb4-424a-834c-190bd53b8f0b",
                            "ssh_key_ids.30": "f81c84bc-7f7f-4c1c-bc6b-4aa9ce236151",
                            "ssh_key_ids.31": "3bde399d-1ee1-49ca-acad-8df41956df20",
                            "ssh_key_ids.32": "494f995f-069a-4407-bf31-d1e67142f9fd",
                            "ssh_key_ids.33": "f1b4cad0-7e3f-4574-bc52-6567dd2fd125",
                            "ssh_key_ids.34": "a2579e04-6f2e-4488-8e58-c48a0aa7f70b",
                            "ssh_key_ids.35": "7afc2a1e-7303-47e0-b75a-ed2587d3f340",
                            "ssh_key_ids.36": "f86d606c-d11c-4b10-b0d2-326e3b791cdf",
                            "ssh_key_ids.37": "38ee2b4b-653d-494e-b008-abd82461f7f6",
                            "ssh_key_ids.38": "1689628e-00a8-40e4-a578-9d484d66cc3f",
                            "ssh_key_ids.39": "5d3e1674-605d-4e29-aa1a-6f97c6273217",
                            "ssh_key_ids.4": "ee065568-03bb-456e-a1f5-1669939d43cb",
                            "ssh_key_ids.40": "c57fb351-65ce-4427-a1c2-17868b0d1711",
                            "ssh_key_ids.41": "5e0ab35b-4a75-45c1-b679-bc9cb5c9abf8",
                            "ssh_key_ids.42": "0c1be6d5-8b38-4920-94f2-6ddaaa25bb9d",
                            "ssh_key_ids.43": "311e499c-5421-42b0-91a7-cdcc1059dfef",
                            "ssh_key_ids.44": "948d85da-a1a4-45d9-b6bd-e2794c03232d",
                            "ssh_key_ids.45": "f63582f2-9d53-487f-a9af-d739e36b07af",
                            "ssh_key_ids.46": "89ef47c1-1576-4b8c-a339-2014155f0802",
                            "ssh_key_ids.47": "7c7abd45-994d-4754-8220-2c5a404933e8",
                            "ssh_key_ids.48": "fed60fdf-7e1d-4ffd-af9f-4ac91c2fd430",
                            "ssh_key_ids.49": "f6267de9-b50a-4bd8-aac5-51612a403741",
                            "ssh_key_ids.5": "9a377e1e-c8ce-40c0-bf81-014cab0fcb7c",
                            "ssh_key_ids.50": "8c7583d3-2b01-4df4-a946-939962d827f9",
                            "ssh_key_ids.51": "214e1ebd-afd3-43f9-bcb6-bf6b9693f830",
                            "ssh_key_ids.52": "1dae5119-8c6d-450c-be49-ef323d4ef630",
                            "ssh_key_ids.53": "c79bd893-afa8-4fde-9315-1ac6571a0d64",
                            "ssh_key_ids.54": "7c7abede-0f89-4bae-91f3-c4c856140db8",
                            "ssh_key_ids.55": "bdc5900f-e26d-46fe-8da6-59f9413b4c21",
                            "ssh_key_ids.56": "0fddd1d0-4fa1-4abb-9bb9-b8381169a715",
                            "ssh_key_ids.57": "7d4eca06-2710-49c7-b4bd-efececa7cd54",
                            "ssh_key_ids.58": "68931241-5344-4a8b-884f-4f3a4fc5e231",
                            "ssh_key_ids.59": "aea43942-9250-4cde-81d1-69e468df8ce6",
                            "ssh_key_ids.6": "305be502-51dd-41a5-b2b1-b58878e9da15",
                            "ssh_key_ids.60": "116c4f54-560a-4d95-bddc-29632af8a732",
                            "ssh_key_ids.61": "36c08ba3-3dc2-45bf-aad5-3f9d6c2f8173",
                            "ssh_key_ids.62": "fac2cbbc-70ef-4386-a0e6-df3aa1fe9609",
                            "ssh_key_ids.63": "2111f3a2-9fe6-4992-aa14-1e01bb0501ce",
                            "ssh_key_ids.64": "36b25fc3-3971-4f8f-a6f2-fcf9113e4da8",
                            "ssh_key_ids.65": "8ec2af9d-2255-4cc8-a5ae-8dd62262241c",
                            "ssh_key_ids.66": "37ffbecc-3536-42d3-8f8b-5235dd97d526",
                            "ssh_key_ids.67": "93b62667-9821-43c9-9b47-09c72bfc16fe",
                            "ssh_key_ids.68": "09223179-7d28-40a4-b18e-b7ed3e350c6a",
                            "ssh_key_ids.69": "f7e8e7ed-d248-4e81-9f0a-15ef569fb264",
                            "ssh_key_ids.7": "9cf77467-cdb7-4dcc-ab9f-4d431712ef3f",
                            "ssh_key_ids.70": "f78dd9de-77e6-4386-9014-14258f6ed18c",
                            "ssh_key_ids.71": "f718cdab-a523-45c3-9b01-80dc045be122",
                            "ssh_key_ids.72": "0394ad7e-6265-4478-ae1a-3b5d59a217d5",
                            "ssh_key_ids.73": "0b392f37-4243-4e43-a56c-18208a30acf3",
                            "ssh_key_ids.74": "f98a99f8-ff13-4391-b5fc-74983219a225",
                            "ssh_key_ids.75": "0e3abb85-56d4-4604-a40a-9f3c6548b30b",
                            "ssh_key_ids.76": "8059f489-7714-4af7-84fc-76869c009378",
                            "ssh_key_ids.77": "32c2e969-fe1c-4235-a999-2b8abc061991",
                            "ssh_key_ids.78": "6e703847-5229-4bfd-9229-db6df7397e11",
                            "ssh_key_ids.79": "0f73341f-b03d-4323-8d59-af7243dbb475",
                            "ssh_key_ids.8": "b428db77-8a11-40b6-a6f9-bd6321ea796b",
                            "ssh_key_ids.80": "84eaa0c1-fd1c-4de8-a60c-e91feb89f14b",
                            "ssh_key_ids.81": "af0fdb13-ba2c-4e19-bcfb-57b1d59ead38",
                            "ssh_key_ids.82": "2765be00-4a38-436c-8eb7-74cb7dba92d3",
                            "ssh_key_ids.83": "e58fd2a9-18d8-4cd9-a1a2-f2610ed83a73",
                            "ssh_key_ids.84": "9058e9af-1b6a-4c7a-bce1-14dc06529d33",
                            "ssh_key_ids.85": "6389afd1-e142-402d-8a1e-90383fbd3cb0",
                            "ssh_key_ids.86": "88436004-0436-4df7-8240-bfd128e8d605",
                            "ssh_key_ids.87": "752d99f5-5dcd-437f-99c9-8325bbabcc59",
                            "ssh_key_ids.88": "611e233e-835c-4e37-abdd-918842cbe83f",
                            "ssh_key_ids.89": "ec9105b6-bdd2-4bcc-a6ca-00055f55f504",
                            "ssh_key_ids.9": "491b68d1-1663-490d-a2e0-248b496631f4",
                            "ssh_key_ids.90": "01097db2-b817-4a41-b016-012c83dad8e4",
                            "ssh_key_ids.91": "dc275958-fb33-4a63-a21b-e33d3dfd3a14",
                            "ssh_key_ids.92": "e82a688a-f07a-480e-a408-199baca463c9",
                            "ssh_key_ids.93": "82bd80ac-b1df-4801-88b7-8b835b78570c",
                            "ssh_key_ids.94": "a7c4c16b-8163-4d61-8485-5f05eb11f013",
                            "ssh_key_ids.95": "d7a07953-9e75-465e-9495-775f03018db0",
                            "ssh_key_ids.96": "290afd05-1d05-4fd4-a7ac-27be4b92458f",
                            "ssh_key_ids.97": "8499c022-65c8-40dd-ab33-d331388ac5d9",
                            "ssh_key_ids.98": "8ad4e695-a082-43c5-ac1b-456964b321c6",
                            "ssh_key_ids.99": "59b26c30-c0ca-4ac5-ba7f-143efd14f792",
                            "state": "active",
                            "storage": "",
                            "tags.#": "0",
                            "updated": "2019-04-30T09:56:14Z"
                        },
                        "meta": {},
                        "tainted": false
                    },
                    "deposed": [],
                    "provider": "provider.packet"
                },
                "packet_device.lab_alt.0": {
                    "type": "packet_device",
                    "depends_on": [
                        "packet_device.registry_alt",
                        "packet_ssh_key.default",
                        "tls_private_key.default"
                    ],
                    "primary": {
                        "id": "a77d8dbf-4313-43d5-aa2a-25cf77a83060",
                        "attributes": {
                            "access_private_ipv4": "10.64.62.47",
                            "access_public_ipv4": "147.75.95.11",
                            "access_public_ipv6": "2604:1380:3000:6c00::29",
                            "always_pxe": "false",
                            "billing_cycle": "hourly",
                            "created": "2019-04-30T09:51:50Z",
                            "facilities.#": "1",
                            "facilities.0": "nrt1",
                            "facility": "nrt1",
                            "hostname": "kayobe-lab-alt-00",
                            "id": "a77d8dbf-4313-43d5-aa2a-25cf77a83060",
                            "ipxe_script_url": "",
                            "locked": "false",
                            "network.#": "3",
                            "network.0.address": "147.75.95.11",
                            "network.0.cidr": "31",
                            "network.0.family": "4",
                            "network.0.gateway": "147.75.95.10",
                            "network.0.public": "true",
                            "network.1.address": "2604:1380:3000:6c00::29",
                            "network.1.cidr": "127",
                            "network.1.family": "6",
                            "network.1.gateway": "2604:1380:3000:6c00::28",
                            "network.1.public": "true",
                            "network.2.address": "10.64.62.47",
                            "network.2.cidr": "31",
                            "network.2.family": "4",
                            "network.2.gateway": "10.64.62.46",
                            "network.2.public": "false",
                            "network_type": "layer3",
                            "operating_system": "centos_7",
                            "plan": "c1.small.x86",
                            "ports.#": "3",
                            "ports.0.bonded": "true",
                            "ports.0.id": "f1c81b3f-5a29-4241-b1ab-678755973224",
                            "ports.0.mac": "",
                            "ports.0.name": "bond0",
                            "ports.0.type": "NetworkBondPort",
                            "ports.1.bonded": "true",
                            "ports.1.id": "858314f1-2d1a-4591-a68e-60878f227994",
                            "ports.1.mac": "ac:1f:6b:95:dd:64",
                            "ports.1.name": "eth0",
                            "ports.1.type": "NetworkPort",
                            "ports.2.bonded": "true",
                            "ports.2.id": "bb162b8f-4bba-4968-a067-8e75877d6df9",
                            "ports.2.mac": "ac:1f:6b:95:dd:65",
                            "ports.2.name": "eth1",
                            "ports.2.type": "NetworkPort",
                            "project_id": "719d7d4b-08f8-4e9b-ad0d-34707f85160d",
                            "public_ipv4_subnet_size": "31",
                            "root_password": "JW\u003c,Qhb68x",
                            "ssh_key_ids.#": "164",
                            "ssh_key_ids.0": "bd192f85-fbeb-4fd3-bca0-7ceb96f91700",
                            "ssh_key_ids.1": "da199044-80dd-48dd-8d1f-ef76ccb13ab5",
                            "ssh_key_ids.10": "214e1ebd-afd3-43f9-bcb6-bf6b9693f830",
                            "ssh_key_ids.100": "0f73341f-b03d-4323-8d59-af7243dbb475",
                            "ssh_key_ids.101": "84eaa0c1-fd1c-4de8-a60c-e91feb89f14b",
                            "ssh_key_ids.102": "9a377e1e-c8ce-40c0-bf81-014cab0fcb7c",
                            "ssh_key_ids.103": "ee429bfb-8fb3-479b-9c6c-e5579a8bf59d",
                            "ssh_key_ids.104": "93b62667-9821-43c9-9b47-09c72bfc16fe",
                            "ssh_key_ids.105": "305be502-51dd-41a5-b2b1-b58878e9da15",
                            "ssh_key_ids.106": "af0fdb13-ba2c-4e19-bcfb-57b1d59ead38",
                            "ssh_key_ids.107": "c13861b0-d10e-4a0e-a84b-4d0463d54f1a",
                            "ssh_key_ids.108": "e00adc33-e5eb-4b67-b5f9-4bfa68bd2e53",
                            "ssh_key_ids.109": "2765be00-4a38-436c-8eb7-74cb7dba92d3",
                            "ssh_key_ids.11": "33fea3c3-2fb4-424a-834c-190bd53b8f0b",
                            "ssh_key_ids.110": "e58fd2a9-18d8-4cd9-a1a2-f2610ed83a73",
                            "ssh_key_ids.111": "9058e9af-1b6a-4c7a-bce1-14dc06529d33",
                            "ssh_key_ids.112": "6389afd1-e142-402d-8a1e-90383fbd3cb0",
                            "ssh_key_ids.113": "752d99f5-5dcd-437f-99c9-8325bbabcc59",
                            "ssh_key_ids.114": "611e233e-835c-4e37-abdd-918842cbe83f",
                            "ssh_key_ids.115": "ec9105b6-bdd2-4bcc-a6ca-00055f55f504",
                            "ssh_key_ids.116": "01097db2-b817-4a41-b016-012c83dad8e4",
                            "ssh_key_ids.117": "dc275958-fb33-4a63-a21b-e33d3dfd3a14",
                            "ssh_key_ids.118": "e82a688a-f07a-480e-a408-199baca463c9",
                            "ssh_key_ids.119": "a7c4c16b-8163-4d61-8485-5f05eb11f013",
                            "ssh_key_ids.12": "fed60fdf-7e1d-4ffd-af9f-4ac91c2fd430",
                            "ssh_key_ids.120": "d7a07953-9e75-465e-9495-775f03018db0",
                            "ssh_key_ids.121": "290afd05-1d05-4fd4-a7ac-27be4b92458f",
                            "ssh_key_ids.122": "8499c022-65c8-40dd-ab33-d331388ac5d9",
                            "ssh_key_ids.123": "8ad4e695-a082-43c5-ac1b-456964b321c6",
                            "ssh_key_ids.124": "59b26c30-c0ca-4ac5-ba7f-143efd14f792",
                            "ssh_key_ids.125": "ccf9952b-afcb-4df1-b002-0c60717e2592",
                            "ssh_key_ids.126": "d059cfe2-3215-4686-aeaa-051a5a423d2a",
                            "ssh_key_ids.127": "82bd80ac-b1df-4801-88b7-8b835b78570c",
                            "ssh_key_ids.128": "c0fea396-b8f9-43d0-a453-9bbc868a1d81",
                            "ssh_key_ids.129": "954bd64c-a66b-45fb-900e-04f0b8b18cdf",
                            "ssh_key_ids.13": "7c7abd45-994d-4754-8220-2c5a404933e8",
                            "ssh_key_ids.130": "82f1421a-5a62-442c-adbf-6f4534ff96fe",
                            "ssh_key_ids.131": "59e22e40-bf99-4d3a-ae05-3eb4d599cabc",
                            "ssh_key_ids.132": "ec684e16-0a82-4508-af90-88d5c598bd04",
                            "ssh_key_ids.133": "1a5374e7-ae0b-44e8-8290-a7f9e34c6374",
                            "ssh_key_ids.134": "22050c70-4363-4734-8c11-57855494147c",
                            "ssh_key_ids.135": "9ee4a2b0-3668-411b-af84-07f61d71afa8",
                            "ssh_key_ids.136": "f718cdab-a523-45c3-9b01-80dc045be122",
                            "ssh_key_ids.137": "f78dd9de-77e6-4386-9014-14258f6ed18c",
                            "ssh_key_ids.138": "aea43942-9250-4cde-81d1-69e468df8ce6",
                            "ssh_key_ids.139": "85e0e5cf-7e19-42f8-9dc2-da41de539495",
                            "ssh_key_ids.14": "68931241-5344-4a8b-884f-4f3a4fc5e231",
                            "ssh_key_ids.140": "32a48504-ef65-452f-ae33-d161205c1b11",
                            "ssh_key_ids.141": "3a4e67f8-b12d-43d4-a35d-e5d33a9ccd98",
                            "ssh_key_ids.142": "80b28858-2421-41bb-bbea-c4ad4a5db2c9",
                            "ssh_key_ids.143": "8c7583d3-2b01-4df4-a946-939962d827f9",
                            "ssh_key_ids.144": "89ef47c1-1576-4b8c-a339-2014155f0802",
                            "ssh_key_ids.145": "9cf77467-cdb7-4dcc-ab9f-4d431712ef3f",
                            "ssh_key_ids.146": "3b57956f-a711-40db-9a6f-32487503bea1",
                            "ssh_key_ids.147": "e5fd812a-667c-498f-883c-2bd1afddbff3",
                            "ssh_key_ids.148": "be99da3d-601c-4466-8dcb-ff1f8a6a19d8",
                            "ssh_key_ids.149": "b87eb180-f18b-44a6-bbd5-a49f111d7864",
                            "ssh_key_ids.15": "7d4eca06-2710-49c7-b4bd-efececa7cd54",
                            "ssh_key_ids.150": "4382d197-ecbb-43d9-a7d6-453c100279b8",
                            "ssh_key_ids.151": "6b50e07d-df2c-44b8-8a9e-65bfab6880a1",
                            "ssh_key_ids.152": "eac5e2ca-acf1-46a6-ae4d-aa12f71af765",
                            "ssh_key_ids.153": "b38f0448-bb97-4309-82f2-d1a5f5df0809",
                            "ssh_key_ids.154": "942f8d63-c3ec-4f32-b93a-38b5e0bafd90",
                            "ssh_key_ids.155": "0a929e59-0bcf-4de1-91d1-01a8cdbc9ef6",
                            "ssh_key_ids.156": "bc4f1745-a5de-45e4-ae82-d7c4988ee1a2",
                            "ssh_key_ids.157": "985ea314-f590-4237-99f5-682a344617d9",
                            "ssh_key_ids.158": "98b939fb-362b-41c8-831a-1f0a2afa400e",
                            "ssh_key_ids.159": "21fecacf-999e-4595-a247-af36a4feb0c1",
                            "ssh_key_ids.16": "37ffbecc-3536-42d3-8f8b-5235dd97d526",
                            "ssh_key_ids.160": "0c909e8f-7714-43f6-a8a9-fc003c5231a3",
                            "ssh_key_ids.161": "ccb07866-766e-45e2-ae82-a1f1c8cb39c8",
                            "ssh_key_ids.162": "d45fb3b7-af95-4c48-8ad6-e3f3242a5e4a",
                            "ssh_key_ids.163": "25faa130-9a09-4cca-a109-409c7ac309ab",
                            "ssh_key_ids.17": "8ec2af9d-2255-4cc8-a5ae-8dd62262241c",
                            "ssh_key_ids.18": "036d46c3-8727-4a00-b59b-7f80443a2afc",
                            "ssh_key_ids.19": "04d2d40f-d0ae-4862-9537-62a9e43a22cd",
                            "ssh_key_ids.2": "6e703847-5229-4bfd-9229-db6df7397e11",
                            "ssh_key_ids.20": "c33ea9e0-ed31-43ce-8bba-e5e8da4edd83",
                            "ssh_key_ids.21": "6e8257dd-b7b9-4f30-b9d1-e7131a4d2121",
                            "ssh_key_ids.22": "ccb63b0c-f9e1-4764-a37e-e4408cccbfac",
                            "ssh_key_ids.23": "5d3e1674-605d-4e29-aa1a-6f97c6273217",
                            "ssh_key_ids.24": "c57fb351-65ce-4427-a1c2-17868b0d1711",
                            "ssh_key_ids.25": "5e0ab35b-4a75-45c1-b679-bc9cb5c9abf8",
                            "ssh_key_ids.26": "65c4bc38-3112-4503-b875-5f583aca6424",
                            "ssh_key_ids.27": "912637d1-7b56-481b-bbe4-ccf466e3e161",
                            "ssh_key_ids.28": "f0e74fce-1a0c-4643-8990-f6843728f24f",
                            "ssh_key_ids.29": "34934bed-6b13-4abc-aeb6-1a5a9e994745",
                            "ssh_key_ids.3": "32c2e969-fe1c-4235-a999-2b8abc061991",
                            "ssh_key_ids.30": "b428db77-8a11-40b6-a6f9-bd6321ea796b",
                            "ssh_key_ids.31": "3199b332-bec2-45ef-9e25-ba9057972da7",
                            "ssh_key_ids.32": "303a0e97-7dd1-4444-9def-d7ebf932a892",
                            "ssh_key_ids.33": "bdc5900f-e26d-46fe-8da6-59f9413b4c21",
                            "ssh_key_ids.34": "311e499c-5421-42b0-91a7-cdcc1059dfef",
                            "ssh_key_ids.35": "7c7abede-0f89-4bae-91f3-c4c856140db8",
                            "ssh_key_ids.36": "948d85da-a1a4-45d9-b6bd-e2794c03232d",
                            "ssh_key_ids.37": "7bf767f0-472a-4977-921e-cf55ded84f1c",
                            "ssh_key_ids.38": "7fb2d14c-11b6-4c52-a9d0-2a4a6113dbab",
                            "ssh_key_ids.39": "27635c6f-e3bd-4403-ae6c-94757f36b601",
                            "ssh_key_ids.4": "659466b5-43b7-47fe-bd6c-b443d3b5df20",
                            "ssh_key_ids.40": "bc84ed0c-228d-4eb5-97b4-4cd7b6e6a0f9",
                            "ssh_key_ids.41": "f8e3e26a-214b-457a-a7de-0aa31723f04e",
                            "ssh_key_ids.42": "d0cce71a-c3ea-4b60-9866-d8f12d749d13",
                            "ssh_key_ids.43": "1df0179f-a9af-4c8e-b9bf-5991f6e1b7f0",
                            "ssh_key_ids.44": "f6267de9-b50a-4bd8-aac5-51612a403741",
                            "ssh_key_ids.45": "1689628e-00a8-40e4-a578-9d484d66cc3f",
                            "ssh_key_ids.46": "d6a50bd7-69c4-4c2b-99be-9adbefc6e3dc",
                            "ssh_key_ids.47": "950d1f09-7d94-4838-ac25-e2b63fc256f5",
                            "ssh_key_ids.48": "d02bec99-0344-4cf3-bd06-8bad8969b9fe",
                            "ssh_key_ids.49": "e75e4f46-8e6b-4f66-8612-1879bbb96623",
                            "ssh_key_ids.5": "8059f489-7714-4af7-84fc-76869c009378",
                            "ssh_key_ids.50": "38ee2b4b-653d-494e-b008-abd82461f7f6",
                            "ssh_key_ids.51": "f63582f2-9d53-487f-a9af-d739e36b07af",
                            "ssh_key_ids.52": "f86d606c-d11c-4b10-b0d2-326e3b791cdf",
                            "ssh_key_ids.53": "7afc2a1e-7303-47e0-b75a-ed2587d3f340",
                            "ssh_key_ids.54": "0a7d499d-8d80-45ad-9069-8fbaa6e28ea1",
                            "ssh_key_ids.55": "bb427d7d-ca92-4a98-af84-64d3b43e6325",
                            "ssh_key_ids.56": "c523b161-3e3b-492c-90f4-253a86aed91f",
                            "ssh_key_ids.57": "0c1be6d5-8b38-4920-94f2-6ddaaa25bb9d",
                            "ssh_key_ids.58": "a2579e04-6f2e-4488-8e58-c48a0aa7f70b",
                            "ssh_key_ids.59": "f1b4cad0-7e3f-4574-bc52-6567dd2fd125",
                            "ssh_key_ids.6": "f98a99f8-ff13-4391-b5fc-74983219a225",
                            "ssh_key_ids.60": "494f995f-069a-4407-bf31-d1e67142f9fd",
                            "ssh_key_ids.61": "3bde399d-1ee1-49ca-acad-8df41956df20",
                            "ssh_key_ids.62": "0fb6897c-2f7f-4d0f-9de1-bd279408a7cb",
                            "ssh_key_ids.63": "1e4e0e97-aace-4cd9-b258-c8408d502284",
                            "ssh_key_ids.64": "7c41c050-74ad-4aa7-b63b-8c75d9db4051",
                            "ssh_key_ids.65": "892bf2fb-c6b9-459d-bdd0-36d69701a3e6",
                            "ssh_key_ids.66": "13c0308d-5846-46c5-bf46-2fdae2e9c8d7",
                            "ssh_key_ids.67": "a102ddd7-bee2-4d61-9262-5978a4b91c04",
                            "ssh_key_ids.68": "842a0495-4b06-4f53-a948-f381d57cb180",
                            "ssh_key_ids.69": "491b68d1-1663-490d-a2e0-248b496631f4",
                            "ssh_key_ids.7": "0b392f37-4243-4e43-a56c-18208a30acf3",
                            "ssh_key_ids.70": "bb056de1-9025-47e5-89a1-2897643e1f6c",
                            "ssh_key_ids.71": "b68dcaed-078c-41e2-a647-5aa1acb12154",
                            "ssh_key_ids.72": "fedb7753-6dba-4aa4-8371-999c6bab70de",
                            "ssh_key_ids.73": "a8855483-e011-4d68-86a5-2f530738dd17",
                            "ssh_key_ids.74": "6219b353-d4ec-4ba5-9a40-19304b4fe1af",
                            "ssh_key_ids.75": "4e49c810-8e76-4ec7-b1c2-1d9e7f829441",
                            "ssh_key_ids.76": "d88db379-9fa2-454f-97a4-8e7718bbb658",
                            "ssh_key_ids.77": "984f885d-a618-4416-a934-f1f00d93f989",
                            "ssh_key_ids.78": "a722049c-a416-4fb0-a661-290a0d9cf57b",
                            "ssh_key_ids.79": "1776caa4-e965-4891-af1a-427ce73a88e9",
                            "ssh_key_ids.8": "0394ad7e-6265-4478-ae1a-3b5d59a217d5",
                            "ssh_key_ids.80": "0873502f-0980-4e42-a0de-5328eb21b1fe",
                            "ssh_key_ids.81": "d0a93463-eb19-4ed4-82a9-3c354374443e",
                            "ssh_key_ids.82": "b505936c-fca3-4767-9cbe-a5401f97dd95",
                            "ssh_key_ids.83": "cc001113-bc02-4d7f-af55-366db9132936",
                            "ssh_key_ids.84": "88436004-0436-4df7-8240-bfd128e8d605",
                            "ssh_key_ids.85": "f81c84bc-7f7f-4c1c-bc6b-4aa9ce236151",
                            "ssh_key_ids.86": "895e0d1a-adae-439f-a1a8-a15aa6658c97",
                            "ssh_key_ids.87": "116c4f54-560a-4d95-bddc-29632af8a732",
                            "ssh_key_ids.88": "ee065568-03bb-456e-a1f5-1669939d43cb",
                            "ssh_key_ids.89": "1dae5119-8c6d-450c-be49-ef323d4ef630",
                            "ssh_key_ids.9": "0fddd1d0-4fa1-4abb-9bb9-b8381169a715",
                            "ssh_key_ids.90": "c79bd893-afa8-4fde-9315-1ac6571a0d64",
                            "ssh_key_ids.91": "2111f3a2-9fe6-4992-aa14-1e01bb0501ce",
                            "ssh_key_ids.92": "09223179-7d28-40a4-b18e-b7ed3e350c6a",
                            "ssh_key_ids.93": "36c08ba3-3dc2-45bf-aad5-3f9d6c2f8173",
                            "ssh_key_ids.94": "fac2cbbc-70ef-4386-a0e6-df3aa1fe9609",
                            "ssh_key_ids.95": "14c24939-9fd3-4d21-9f11-2557c49a3a9f",
                            "ssh_key_ids.96": "36b25fc3-3971-4f8f-a6f2-fcf9113e4da8",
                            "ssh_key_ids.97": "f67f7c4b-0050-4c18-be29-03a072b204ba",
                            "ssh_key_ids.98": "f7e8e7ed-d248-4e81-9f0a-15ef569fb264",
                            "ssh_key_ids.99": "0e3abb85-56d4-4604-a40a-9f3c6548b30b",
                            "state": "active",
                            "storage": "",
                            "tags.#": "0",
                            "updated": "2019-04-30T09:56:03Z"
                        },
                        "meta": {},
                        "tainted": false
                    },
                    "deposed": [],
                    "provider": "provider.packet"
                },
                "packet_device.lab_alt.1": {
                    "type": "packet_device",
                    "depends_on": [
                        "packet_device.registry_alt",
                        "packet_ssh_key.default",
                        "tls_private_key.default"
                    ],
                    "primary": {
                        "id": "cd773601-64b7-4505-aca5-5f0c40a62b93",
                        "attributes": {
                            "access_private_ipv4": "10.64.62.9",
                            "access_public_ipv4": "147.75.95.69",
                            "access_public_ipv6": "2604:1380:3000:6c00::9",
                            "always_pxe": "false",
                            "billing_cycle": "hourly",
                            "created": "2019-04-30T11:08:59Z",
                            "facilities.#": "1",
                            "facilities.0": "nrt1",
                            "facility": "nrt1",
                            "hostname": "kayobe-lab-alt-01",
                            "id": "cd773601-64b7-4505-aca5-5f0c40a62b93",
                            "ipxe_script_url": "",
                            "locked": "false",
                            "network.#": "3",
                            "network.0.address": "147.75.95.69",
                            "network.0.cidr": "31",
                            "network.0.family": "4",
                            "network.0.gateway": "147.75.95.68",
                            "network.0.public": "true",
                            "network.1.address": "2604:1380:3000:6c00::9",
                            "network.1.cidr": "127",
                            "network.1.family": "6",
                            "network.1.gateway": "2604:1380:3000:6c00::8",
                            "network.1.public": "true",
                            "network.2.address": "10.64.62.9",
                            "network.2.cidr": "31",
                            "network.2.family": "4",
                            "network.2.gateway": "10.64.62.8",
                            "network.2.public": "false",
                            "network_type": "layer3",
                            "operating_system": "centos_7",
                            "plan": "c1.small.x86",
                            "ports.#": "3",
                            "ports.0.bonded": "true",
                            "ports.0.id": "24b78967-04a8-4192-b1fa-d78cd214744a",
                            "ports.0.mac": "",
                            "ports.0.name": "bond0",
                            "ports.0.type": "NetworkBondPort",
                            "ports.1.bonded": "true",
                            "ports.1.id": "fc2bd383-d2fb-4f6d-8dfd-b597b97de891",
                            "ports.1.mac": "ac:1f:6b:96:76:9c",
                            "ports.1.name": "eth0",
                            "ports.1.type": "NetworkPort",
                            "ports.2.bonded": "true",
                            "ports.2.id": "8ac3b2ab-a010-467e-862e-896b6aef9935",
                            "ports.2.mac": "ac:1f:6b:96:76:9d",
                            "ports.2.name": "eth1",
                            "ports.2.type": "NetworkPort",
                            "project_id": "719d7d4b-08f8-4e9b-ad0d-34707f85160d",
                            "public_ipv4_subnet_size": "31",
                            "root_password": "1b7%tDN4\u003ep",
                            "ssh_key_ids.#": "164",
                            "ssh_key_ids.0": "da199044-80dd-48dd-8d1f-ef76ccb13ab5",
                            "ssh_key_ids.1": "bd192f85-fbeb-4fd3-bca0-7ceb96f91700",
                            "ssh_key_ids.10": "5e0ab35b-4a75-45c1-b679-bc9cb5c9abf8",
                            "ssh_key_ids.100": "842a0495-4b06-4f53-a948-f381d57cb180",
                            "ssh_key_ids.101": "32c2e969-fe1c-4235-a999-2b8abc061991",
                            "ssh_key_ids.102": "491b68d1-1663-490d-a2e0-248b496631f4",
                            "ssh_key_ids.103": "bb056de1-9025-47e5-89a1-2897643e1f6c",
                            "ssh_key_ids.104": "f98a99f8-ff13-4391-b5fc-74983219a225",
                            "ssh_key_ids.105": "f718cdab-a523-45c3-9b01-80dc045be122",
                            "ssh_key_ids.106": "0a7d499d-8d80-45ad-9069-8fbaa6e28ea1",
                            "ssh_key_ids.107": "bb427d7d-ca92-4a98-af84-64d3b43e6325",
                            "ssh_key_ids.108": "34934bed-6b13-4abc-aeb6-1a5a9e994745",
                            "ssh_key_ids.109": "752d99f5-5dcd-437f-99c9-8325bbabcc59",
                            "ssh_key_ids.11": "7d4eca06-2710-49c7-b4bd-efececa7cd54",
                            "ssh_key_ids.110": "0b392f37-4243-4e43-a56c-18208a30acf3",
                            "ssh_key_ids.111": "33fea3c3-2fb4-424a-834c-190bd53b8f0b",
                            "ssh_key_ids.112": "0e3abb85-56d4-4604-a40a-9f3c6548b30b",
                            "ssh_key_ids.113": "65c4bc38-3112-4503-b875-5f583aca6424",
                            "ssh_key_ids.114": "89ef47c1-1576-4b8c-a339-2014155f0802",
                            "ssh_key_ids.115": "a7c4c16b-8163-4d61-8485-5f05eb11f013",
                            "ssh_key_ids.116": "88436004-0436-4df7-8240-bfd128e8d605",
                            "ssh_key_ids.117": "7c7abd45-994d-4754-8220-2c5a404933e8",
                            "ssh_key_ids.118": "912637d1-7b56-481b-bbe4-ccf466e3e161",
                            "ssh_key_ids.119": "984f885d-a618-4416-a934-f1f00d93f989",
                            "ssh_key_ids.12": "aea43942-9250-4cde-81d1-69e468df8ce6",
                            "ssh_key_ids.120": "1689628e-00a8-40e4-a578-9d484d66cc3f",
                            "ssh_key_ids.121": "d0a93463-eb19-4ed4-82a9-3c354374443e",
                            "ssh_key_ids.122": "214e1ebd-afd3-43f9-bcb6-bf6b9693f830",
                            "ssh_key_ids.123": "948d85da-a1a4-45d9-b6bd-e2794c03232d",
                            "ssh_key_ids.124": "7c7abede-0f89-4bae-91f3-c4c856140db8",
                            "ssh_key_ids.125": "0fddd1d0-4fa1-4abb-9bb9-b8381169a715",
                            "ssh_key_ids.126": "b505936c-fca3-4767-9cbe-a5401f97dd95",
                            "ssh_key_ids.127": "68931241-5344-4a8b-884f-4f3a4fc5e231",
                            "ssh_key_ids.128": "c13861b0-d10e-4a0e-a84b-4d0463d54f1a",
                            "ssh_key_ids.129": "b68dcaed-078c-41e2-a647-5aa1acb12154",
                            "ssh_key_ids.13": "895e0d1a-adae-439f-a1a8-a15aa6658c97",
                            "ssh_key_ids.130": "305be502-51dd-41a5-b2b1-b58878e9da15",
                            "ssh_key_ids.131": "e00adc33-e5eb-4b67-b5f9-4bfa68bd2e53",
                            "ssh_key_ids.132": "ee429bfb-8fb3-479b-9c6c-e5579a8bf59d",
                            "ssh_key_ids.133": "93b62667-9821-43c9-9b47-09c72bfc16fe",
                            "ssh_key_ids.134": "f67f7c4b-0050-4c18-be29-03a072b204ba",
                            "ssh_key_ids.135": "b428db77-8a11-40b6-a6f9-bd6321ea796b",
                            "ssh_key_ids.136": "2765be00-4a38-436c-8eb7-74cb7dba92d3",
                            "ssh_key_ids.137": "01097db2-b817-4a41-b016-012c83dad8e4",
                            "ssh_key_ids.138": "9a377e1e-c8ce-40c0-bf81-014cab0fcb7c",
                            "ssh_key_ids.139": "37ffbecc-3536-42d3-8f8b-5235dd97d526",
                            "ssh_key_ids.14": "bc84ed0c-228d-4eb5-97b4-4cd7b6e6a0f9",
                            "ssh_key_ids.140": "27635c6f-e3bd-4403-ae6c-94757f36b601",
                            "ssh_key_ids.141": "f78dd9de-77e6-4386-9014-14258f6ed18c",
                            "ssh_key_ids.142": "0f73341f-b03d-4323-8d59-af7243dbb475",
                            "ssh_key_ids.143": "84eaa0c1-fd1c-4de8-a60c-e91feb89f14b",
                            "ssh_key_ids.144": "09223179-7d28-40a4-b18e-b7ed3e350c6a",
                            "ssh_key_ids.145": "cc001113-bc02-4d7f-af55-366db9132936",
                            "ssh_key_ids.146": "b38f0448-bb97-4309-82f2-d1a5f5df0809",
                            "ssh_key_ids.147": "0a929e59-0bcf-4de1-91d1-01a8cdbc9ef6",
                            "ssh_key_ids.148": "b87eb180-f18b-44a6-bbd5-a49f111d7864",
                            "ssh_key_ids.149": "be99da3d-601c-4466-8dcb-ff1f8a6a19d8",
                            "ssh_key_ids.15": "6389afd1-e142-402d-8a1e-90383fbd3cb0",
                            "ssh_key_ids.150": "e5fd812a-667c-498f-883c-2bd1afddbff3",
                            "ssh_key_ids.151": "3b57956f-a711-40db-9a6f-32487503bea1",
                            "ssh_key_ids.152": "942f8d63-c3ec-4f32-b93a-38b5e0bafd90",
                            "ssh_key_ids.153": "6b50e07d-df2c-44b8-8a9e-65bfab6880a1",
                            "ssh_key_ids.154": "4382d197-ecbb-43d9-a7d6-453c100279b8",
                            "ssh_key_ids.155": "eac5e2ca-acf1-46a6-ae4d-aa12f71af765",
                            "ssh_key_ids.156": "bc4f1745-a5de-45e4-ae82-d7c4988ee1a2",
                            "ssh_key_ids.157": "985ea314-f590-4237-99f5-682a344617d9",
                            "ssh_key_ids.158": "98b939fb-362b-41c8-831a-1f0a2afa400e",
                            "ssh_key_ids.159": "21fecacf-999e-4595-a247-af36a4feb0c1",
                            "ssh_key_ids.16": "9058e9af-1b6a-4c7a-bce1-14dc06529d33",
                            "ssh_key_ids.160": "0c909e8f-7714-43f6-a8a9-fc003c5231a3",
                            "ssh_key_ids.161": "ccb07866-766e-45e2-ae82-a1f1c8cb39c8",
                            "ssh_key_ids.162": "d45fb3b7-af95-4c48-8ad6-e3f3242a5e4a",
                            "ssh_key_ids.163": "25faa130-9a09-4cca-a109-409c7ac309ab",
                            "ssh_key_ids.17": "e58fd2a9-18d8-4cd9-a1a2-f2610ed83a73",
                            "ssh_key_ids.18": "af0fdb13-ba2c-4e19-bcfb-57b1d59ead38",
                            "ssh_key_ids.19": "f7e8e7ed-d248-4e81-9f0a-15ef569fb264",
                            "ssh_key_ids.2": "0873502f-0980-4e42-a0de-5328eb21b1fe",
                            "ssh_key_ids.20": "8ec2af9d-2255-4cc8-a5ae-8dd62262241c",
                            "ssh_key_ids.21": "2111f3a2-9fe6-4992-aa14-1e01bb0501ce",
                            "ssh_key_ids.22": "04d2d40f-d0ae-4862-9537-62a9e43a22cd",
                            "ssh_key_ids.23": "036d46c3-8727-4a00-b59b-7f80443a2afc",
                            "ssh_key_ids.24": "80b28858-2421-41bb-bbea-c4ad4a5db2c9",
                            "ssh_key_ids.25": "3a4e67f8-b12d-43d4-a35d-e5d33a9ccd98",
                            "ssh_key_ids.26": "32a48504-ef65-452f-ae33-d161205c1b11",
                            "ssh_key_ids.27": "85e0e5cf-7e19-42f8-9dc2-da41de539495",
                            "ssh_key_ids.28": "d02bec99-0344-4cf3-bd06-8bad8969b9fe",
                            "ssh_key_ids.29": "f8e3e26a-214b-457a-a7de-0aa31723f04e",
                            "ssh_key_ids.3": "1e4e0e97-aace-4cd9-b258-c8408d502284",
                            "ssh_key_ids.30": "f81c84bc-7f7f-4c1c-bc6b-4aa9ce236151",
                            "ssh_key_ids.31": "a722049c-a416-4fb0-a661-290a0d9cf57b",
                            "ssh_key_ids.32": "36c08ba3-3dc2-45bf-aad5-3f9d6c2f8173",
                            "ssh_key_ids.33": "1776caa4-e965-4891-af1a-427ce73a88e9",
                            "ssh_key_ids.34": "fac2cbbc-70ef-4386-a0e6-df3aa1fe9609",
                            "ssh_key_ids.35": "d6a50bd7-69c4-4c2b-99be-9adbefc6e3dc",
                            "ssh_key_ids.36": "6219b353-d4ec-4ba5-9a40-19304b4fe1af",
                            "ssh_key_ids.37": "950d1f09-7d94-4838-ac25-e2b63fc256f5",
                            "ssh_key_ids.38": "7afc2a1e-7303-47e0-b75a-ed2587d3f340",
                            "ssh_key_ids.39": "5d3e1674-605d-4e29-aa1a-6f97c6273217",
                            "ssh_key_ids.4": "0fb6897c-2f7f-4d0f-9de1-bd279408a7cb",
                            "ssh_key_ids.40": "ee065568-03bb-456e-a1f5-1669939d43cb",
                            "ssh_key_ids.41": "c57fb351-65ce-4427-a1c2-17868b0d1711",
                            "ssh_key_ids.42": "36b25fc3-3971-4f8f-a6f2-fcf9113e4da8",
                            "ssh_key_ids.43": "1dae5119-8c6d-450c-be49-ef323d4ef630",
                            "ssh_key_ids.44": "c79bd893-afa8-4fde-9315-1ac6571a0d64",
                            "ssh_key_ids.45": "659466b5-43b7-47fe-bd6c-b443d3b5df20",
                            "ssh_key_ids.46": "8059f489-7714-4af7-84fc-76869c009378",
                            "ssh_key_ids.47": "9cf77467-cdb7-4dcc-ab9f-4d431712ef3f",
                            "ssh_key_ids.48": "d88db379-9fa2-454f-97a4-8e7718bbb658",
                            "ssh_key_ids.49": "7bf767f0-472a-4977-921e-cf55ded84f1c",
                            "ssh_key_ids.5": "fed60fdf-7e1d-4ffd-af9f-4ac91c2fd430",
                            "ssh_key_ids.50": "13c0308d-5846-46c5-bf46-2fdae2e9c8d7",
                            "ssh_key_ids.51": "f0e74fce-1a0c-4643-8990-f6843728f24f",
                            "ssh_key_ids.52": "ccb63b0c-f9e1-4764-a37e-e4408cccbfac",
                            "ssh_key_ids.53": "116c4f54-560a-4d95-bddc-29632af8a732",
                            "ssh_key_ids.54": "4e49c810-8e76-4ec7-b1c2-1d9e7f829441",
                            "ssh_key_ids.55": "954bd64c-a66b-45fb-900e-04f0b8b18cdf",
                            "ssh_key_ids.56": "a8855483-e011-4d68-86a5-2f530738dd17",
                            "ssh_key_ids.57": "fedb7753-6dba-4aa4-8371-999c6bab70de",
                            "ssh_key_ids.58": "7c41c050-74ad-4aa7-b63b-8c75d9db4051",
                            "ssh_key_ids.59": "3bde399d-1ee1-49ca-acad-8df41956df20",
                            "ssh_key_ids.6": "f6267de9-b50a-4bd8-aac5-51612a403741",
                            "ssh_key_ids.60": "1df0179f-a9af-4c8e-b9bf-5991f6e1b7f0",
                            "ssh_key_ids.61": "d0cce71a-c3ea-4b60-9866-d8f12d749d13",
                            "ssh_key_ids.62": "ec9105b6-bdd2-4bcc-a6ca-00055f55f504",
                            "ssh_key_ids.63": "14c24939-9fd3-4d21-9f11-2557c49a3a9f",
                            "ssh_key_ids.64": "f1b4cad0-7e3f-4574-bc52-6567dd2fd125",
                            "ssh_key_ids.65": "0394ad7e-6265-4478-ae1a-3b5d59a217d5",
                            "ssh_key_ids.66": "e75e4f46-8e6b-4f66-8612-1879bbb96623",
                            "ssh_key_ids.67": "494f995f-069a-4407-bf31-d1e67142f9fd",
                            "ssh_key_ids.68": "a2579e04-6f2e-4488-8e58-c48a0aa7f70b",
                            "ssh_key_ids.69": "0c1be6d5-8b38-4920-94f2-6ddaaa25bb9d",
                            "ssh_key_ids.7": "8c7583d3-2b01-4df4-a946-939962d827f9",
                            "ssh_key_ids.70": "7fb2d14c-11b6-4c52-a9d0-2a4a6113dbab",
                            "ssh_key_ids.71": "9ee4a2b0-3668-411b-af84-07f61d71afa8",
                            "ssh_key_ids.72": "22050c70-4363-4734-8c11-57855494147c",
                            "ssh_key_ids.73": "1a5374e7-ae0b-44e8-8290-a7f9e34c6374",
                            "ssh_key_ids.74": "ec684e16-0a82-4508-af90-88d5c598bd04",
                            "ssh_key_ids.75": "d059cfe2-3215-4686-aeaa-051a5a423d2a",
                            "ssh_key_ids.76": "ccf9952b-afcb-4df1-b002-0c60717e2592",
                            "ssh_key_ids.77": "59b26c30-c0ca-4ac5-ba7f-143efd14f792",
                            "ssh_key_ids.78": "8ad4e695-a082-43c5-ac1b-456964b321c6",
                            "ssh_key_ids.79": "8499c022-65c8-40dd-ab33-d331388ac5d9",
                            "ssh_key_ids.8": "311e499c-5421-42b0-91a7-cdcc1059dfef",
                            "ssh_key_ids.80": "290afd05-1d05-4fd4-a7ac-27be4b92458f",
                            "ssh_key_ids.81": "d7a07953-9e75-465e-9495-775f03018db0",
                            "ssh_key_ids.82": "82bd80ac-b1df-4801-88b7-8b835b78570c",
                            "ssh_key_ids.83": "e82a688a-f07a-480e-a408-199baca463c9",
                            "ssh_key_ids.84": "dc275958-fb33-4a63-a21b-e33d3dfd3a14",
                            "ssh_key_ids.85": "611e233e-835c-4e37-abdd-918842cbe83f",
                            "ssh_key_ids.86": "303a0e97-7dd1-4444-9def-d7ebf932a892",
                            "ssh_key_ids.87": "6e8257dd-b7b9-4f30-b9d1-e7131a4d2121",
                            "ssh_key_ids.88": "f86d606c-d11c-4b10-b0d2-326e3b791cdf",
                            "ssh_key_ids.89": "c33ea9e0-ed31-43ce-8bba-e5e8da4edd83",
                            "ssh_key_ids.9": "bdc5900f-e26d-46fe-8da6-59f9413b4c21",
                            "ssh_key_ids.90": "f63582f2-9d53-487f-a9af-d739e36b07af",
                            "ssh_key_ids.91": "3199b332-bec2-45ef-9e25-ba9057972da7",
                            "ssh_key_ids.92": "59e22e40-bf99-4d3a-ae05-3eb4d599cabc",
                            "ssh_key_ids.93": "82f1421a-5a62-442c-adbf-6f4534ff96fe",
                            "ssh_key_ids.94": "c0fea396-b8f9-43d0-a453-9bbc868a1d81",
                            "ssh_key_ids.95": "38ee2b4b-653d-494e-b008-abd82461f7f6",
                            "ssh_key_ids.96": "c523b161-3e3b-492c-90f4-253a86aed91f",
                            "ssh_key_ids.97": "892bf2fb-c6b9-459d-bdd0-36d69701a3e6",
                            "ssh_key_ids.98": "6e703847-5229-4bfd-9229-db6df7397e11",
                            "ssh_key_ids.99": "a102ddd7-bee2-4d61-9262-5978a4b91c04",
                            "state": "active",
                            "storage": "",
                            "tags.#": "0",
                            "updated": "2019-04-30T11:10:38Z"
                        },
                        "meta": {},
                        "tainted": false
                    },
                    "deposed": [],
                    "provider": "provider.packet"
                },
                "packet_device.lab_alt.10": {
                    "type": "packet_device",
                    "depends_on": [
                        "packet_device.registry_alt",
                        "packet_ssh_key.default",
                        "tls_private_key.default"
                    ],
                    "primary": {
                        "id": "c418bcd4-9132-43bd-a500-ad0fe768366d",
                        "attributes": {
                            "access_private_ipv4": "10.64.62.29",
                            "access_public_ipv4": "147.75.95.5",
                            "access_public_ipv6": "2604:1380:3000:6c00::25",
                            "always_pxe": "false",
                            "billing_cycle": "hourly",
                            "created": "2019-04-30T09:51:50Z",
                            "facilities.#": "1",
                            "facilities.0": "nrt1",
                            "facility": "nrt1",
                            "hostname": "kayobe-lab-alt-10",
                            "id": "c418bcd4-9132-43bd-a500-ad0fe768366d",
                            "ipxe_script_url": "",
                            "locked": "false",
                            "network.#": "3",
                            "network.0.address": "147.75.95.5",
                            "network.0.cidr": "31",
                            "network.0.family": "4",
                            "network.0.gateway": "147.75.95.4",
                            "network.0.public": "true",
                            "network.1.address": "2604:1380:3000:6c00::25",
                            "network.1.cidr": "127",
                            "network.1.family": "6",
                            "network.1.gateway": "2604:1380:3000:6c00::24",
                            "network.1.public": "true",
                            "network.2.address": "10.64.62.29",
                            "network.2.cidr": "31",
                            "network.2.family": "4",
                            "network.2.gateway": "10.64.62.28",
                            "network.2.public": "false",
                            "network_type": "layer3",
                            "operating_system": "centos_7",
                            "plan": "c1.small.x86",
                            "ports.#": "3",
                            "ports.0.bonded": "true",
                            "ports.0.id": "9cc82930-1576-4740-8dfe-cf8e789f95ec",
                            "ports.0.mac": "",
                            "ports.0.name": "bond0",
                            "ports.0.type": "NetworkBondPort",
                            "ports.1.bonded": "true",
                            "ports.1.id": "86aea078-65d5-4b2f-9576-f477c6518f9c",
                            "ports.1.mac": "0c:c4:7a:b2:91:38",
                            "ports.1.name": "eth0",
                            "ports.1.type": "NetworkPort",
                            "ports.2.bonded": "true",
                            "ports.2.id": "76fce924-7c18-42d7-bfe1-e5dc4641510a",
                            "ports.2.mac": "0c:c4:7a:b2:91:39",
                            "ports.2.name": "eth1",
                            "ports.2.type": "NetworkPort",
                            "project_id": "719d7d4b-08f8-4e9b-ad0d-34707f85160d",
                            "public_ipv4_subnet_size": "31",
                            "root_password": "y\u003cj3oX\u003c4X[",
                            "ssh_key_ids.#": "164",
                            "ssh_key_ids.0": "bd192f85-fbeb-4fd3-bca0-7ceb96f91700",
                            "ssh_key_ids.1": "da199044-80dd-48dd-8d1f-ef76ccb13ab5",
                            "ssh_key_ids.10": "214e1ebd-afd3-43f9-bcb6-bf6b9693f830",
                            "ssh_key_ids.100": "c13861b0-d10e-4a0e-a84b-4d0463d54f1a",
                            "ssh_key_ids.101": "e00adc33-e5eb-4b67-b5f9-4bfa68bd2e53",
                            "ssh_key_ids.102": "2765be00-4a38-436c-8eb7-74cb7dba92d3",
                            "ssh_key_ids.103": "e58fd2a9-18d8-4cd9-a1a2-f2610ed83a73",
                            "ssh_key_ids.104": "9058e9af-1b6a-4c7a-bce1-14dc06529d33",
                            "ssh_key_ids.105": "6389afd1-e142-402d-8a1e-90383fbd3cb0",
                            "ssh_key_ids.106": "752d99f5-5dcd-437f-99c9-8325bbabcc59",
                            "ssh_key_ids.107": "611e233e-835c-4e37-abdd-918842cbe83f",
                            "ssh_key_ids.108": "ec9105b6-bdd2-4bcc-a6ca-00055f55f504",
                            "ssh_key_ids.109": "01097db2-b817-4a41-b016-012c83dad8e4",
                            "ssh_key_ids.11": "33fea3c3-2fb4-424a-834c-190bd53b8f0b",
                            "ssh_key_ids.110": "dc275958-fb33-4a63-a21b-e33d3dfd3a14",
                            "ssh_key_ids.111": "e82a688a-f07a-480e-a408-199baca463c9",
                            "ssh_key_ids.112": "a7c4c16b-8163-4d61-8485-5f05eb11f013",
                            "ssh_key_ids.113": "d7a07953-9e75-465e-9495-775f03018db0",
                            "ssh_key_ids.114": "290afd05-1d05-4fd4-a7ac-27be4b92458f",
                            "ssh_key_ids.115": "8499c022-65c8-40dd-ab33-d331388ac5d9",
                            "ssh_key_ids.116": "8ad4e695-a082-43c5-ac1b-456964b321c6",
                            "ssh_key_ids.117": "59b26c30-c0ca-4ac5-ba7f-143efd14f792",
                            "ssh_key_ids.118": "ccf9952b-afcb-4df1-b002-0c60717e2592",
                            "ssh_key_ids.119": "d059cfe2-3215-4686-aeaa-051a5a423d2a",
                            "ssh_key_ids.12": "fed60fdf-7e1d-4ffd-af9f-4ac91c2fd430",
                            "ssh_key_ids.120": "82bd80ac-b1df-4801-88b7-8b835b78570c",
                            "ssh_key_ids.121": "c0fea396-b8f9-43d0-a453-9bbc868a1d81",
                            "ssh_key_ids.122": "954bd64c-a66b-45fb-900e-04f0b8b18cdf",
                            "ssh_key_ids.123": "82f1421a-5a62-442c-adbf-6f4534ff96fe",
                            "ssh_key_ids.124": "59e22e40-bf99-4d3a-ae05-3eb4d599cabc",
                            "ssh_key_ids.125": "ec684e16-0a82-4508-af90-88d5c598bd04",
                            "ssh_key_ids.126": "1a5374e7-ae0b-44e8-8290-a7f9e34c6374",
                            "ssh_key_ids.127": "22050c70-4363-4734-8c11-57855494147c",
                            "ssh_key_ids.128": "9ee4a2b0-3668-411b-af84-07f61d71afa8",
                            "ssh_key_ids.129": "f718cdab-a523-45c3-9b01-80dc045be122",
                            "ssh_key_ids.13": "7c7abd45-994d-4754-8220-2c5a404933e8",
                            "ssh_key_ids.130": "f78dd9de-77e6-4386-9014-14258f6ed18c",
                            "ssh_key_ids.131": "aea43942-9250-4cde-81d1-69e468df8ce6",
                            "ssh_key_ids.132": "68931241-5344-4a8b-884f-4f3a4fc5e231",
                            "ssh_key_ids.133": "7d4eca06-2710-49c7-b4bd-efececa7cd54",
                            "ssh_key_ids.134": "37ffbecc-3536-42d3-8f8b-5235dd97d526",
                            "ssh_key_ids.135": "85e0e5cf-7e19-42f8-9dc2-da41de539495",
                            "ssh_key_ids.136": "32a48504-ef65-452f-ae33-d161205c1b11",
                            "ssh_key_ids.137": "3a4e67f8-b12d-43d4-a35d-e5d33a9ccd98",
                            "ssh_key_ids.138": "80b28858-2421-41bb-bbea-c4ad4a5db2c9",
                            "ssh_key_ids.139": "036d46c3-8727-4a00-b59b-7f80443a2afc",
                            "ssh_key_ids.14": "8ec2af9d-2255-4cc8-a5ae-8dd62262241c",
                            "ssh_key_ids.140": "04d2d40f-d0ae-4862-9537-62a9e43a22cd",
                            "ssh_key_ids.141": "c33ea9e0-ed31-43ce-8bba-e5e8da4edd83",
                            "ssh_key_ids.142": "6e8257dd-b7b9-4f30-b9d1-e7131a4d2121",
                            "ssh_key_ids.143": "8c7583d3-2b01-4df4-a946-939962d827f9",
                            "ssh_key_ids.144": "89ef47c1-1576-4b8c-a339-2014155f0802",
                            "ssh_key_ids.145": "9cf77467-cdb7-4dcc-ab9f-4d431712ef3f",
                            "ssh_key_ids.146": "3b57956f-a711-40db-9a6f-32487503bea1",
                            "ssh_key_ids.147": "e5fd812a-667c-498f-883c-2bd1afddbff3",
                            "ssh_key_ids.148": "be99da3d-601c-4466-8dcb-ff1f8a6a19d8",
                            "ssh_key_ids.149": "b87eb180-f18b-44a6-bbd5-a49f111d7864",
                            "ssh_key_ids.15": "ccb63b0c-f9e1-4764-a37e-e4408cccbfac",
                            "ssh_key_ids.150": "4382d197-ecbb-43d9-a7d6-453c100279b8",
                            "ssh_key_ids.151": "6b50e07d-df2c-44b8-8a9e-65bfab6880a1",
                            "ssh_key_ids.152": "eac5e2ca-acf1-46a6-ae4d-aa12f71af765",
                            "ssh_key_ids.153": "b38f0448-bb97-4309-82f2-d1a5f5df0809",
                            "ssh_key_ids.154": "942f8d63-c3ec-4f32-b93a-38b5e0bafd90",
                            "ssh_key_ids.155": "0a929e59-0bcf-4de1-91d1-01a8cdbc9ef6",
                            "ssh_key_ids.156": "bc4f1745-a5de-45e4-ae82-d7c4988ee1a2",
                            "ssh_key_ids.157": "985ea314-f590-4237-99f5-682a344617d9",
                            "ssh_key_ids.158": "98b939fb-362b-41c8-831a-1f0a2afa400e",
                            "ssh_key_ids.159": "21fecacf-999e-4595-a247-af36a4feb0c1",
                            "ssh_key_ids.16": "5d3e1674-605d-4e29-aa1a-6f97c6273217",
                            "ssh_key_ids.160": "0c909e8f-7714-43f6-a8a9-fc003c5231a3",
                            "ssh_key_ids.161": "ccb07866-766e-45e2-ae82-a1f1c8cb39c8",
                            "ssh_key_ids.162": "d45fb3b7-af95-4c48-8ad6-e3f3242a5e4a",
                            "ssh_key_ids.163": "25faa130-9a09-4cca-a109-409c7ac309ab",
                            "ssh_key_ids.17": "c57fb351-65ce-4427-a1c2-17868b0d1711",
                            "ssh_key_ids.18": "5e0ab35b-4a75-45c1-b679-bc9cb5c9abf8",
                            "ssh_key_ids.19": "65c4bc38-3112-4503-b875-5f583aca6424",
                            "ssh_key_ids.2": "6e703847-5229-4bfd-9229-db6df7397e11",
                            "ssh_key_ids.20": "912637d1-7b56-481b-bbe4-ccf466e3e161",
                            "ssh_key_ids.21": "f0e74fce-1a0c-4643-8990-f6843728f24f",
                            "ssh_key_ids.22": "34934bed-6b13-4abc-aeb6-1a5a9e994745",
                            "ssh_key_ids.23": "b428db77-8a11-40b6-a6f9-bd6321ea796b",
                            "ssh_key_ids.24": "3199b332-bec2-45ef-9e25-ba9057972da7",
                            "ssh_key_ids.25": "303a0e97-7dd1-4444-9def-d7ebf932a892",
                            "ssh_key_ids.26": "bdc5900f-e26d-46fe-8da6-59f9413b4c21",
                            "ssh_key_ids.27": "311e499c-5421-42b0-91a7-cdcc1059dfef",
                            "ssh_key_ids.28": "7c7abede-0f89-4bae-91f3-c4c856140db8",
                            "ssh_key_ids.29": "948d85da-a1a4-45d9-b6bd-e2794c03232d",
                            "ssh_key_ids.3": "32c2e969-fe1c-4235-a999-2b8abc061991",
                            "ssh_key_ids.30": "7bf767f0-472a-4977-921e-cf55ded84f1c",
                            "ssh_key_ids.31": "7fb2d14c-11b6-4c52-a9d0-2a4a6113dbab",
                            "ssh_key_ids.32": "27635c6f-e3bd-4403-ae6c-94757f36b601",
                            "ssh_key_ids.33": "bc84ed0c-228d-4eb5-97b4-4cd7b6e6a0f9",
                            "ssh_key_ids.34": "f8e3e26a-214b-457a-a7de-0aa31723f04e",
                            "ssh_key_ids.35": "d0cce71a-c3ea-4b60-9866-d8f12d749d13",
                            "ssh_key_ids.36": "1df0179f-a9af-4c8e-b9bf-5991f6e1b7f0",
                            "ssh_key_ids.37": "f6267de9-b50a-4bd8-aac5-51612a403741",
                            "ssh_key_ids.38": "1689628e-00a8-40e4-a578-9d484d66cc3f",
                            "ssh_key_ids.39": "d6a50bd7-69c4-4c2b-99be-9adbefc6e3dc",
                            "ssh_key_ids.4": "659466b5-43b7-47fe-bd6c-b443d3b5df20",
                            "ssh_key_ids.40": "950d1f09-7d94-4838-ac25-e2b63fc256f5",
                            "ssh_key_ids.41": "d02bec99-0344-4cf3-bd06-8bad8969b9fe",
                            "ssh_key_ids.42": "e75e4f46-8e6b-4f66-8612-1879bbb96623",
                            "ssh_key_ids.43": "38ee2b4b-653d-494e-b008-abd82461f7f6",
                            "ssh_key_ids.44": "f63582f2-9d53-487f-a9af-d739e36b07af",
                            "ssh_key_ids.45": "f86d606c-d11c-4b10-b0d2-326e3b791cdf",
                            "ssh_key_ids.46": "7afc2a1e-7303-47e0-b75a-ed2587d3f340",
                            "ssh_key_ids.47": "0a7d499d-8d80-45ad-9069-8fbaa6e28ea1",
                            "ssh_key_ids.48": "bb427d7d-ca92-4a98-af84-64d3b43e6325",
                            "ssh_key_ids.49": "c523b161-3e3b-492c-90f4-253a86aed91f",
                            "ssh_key_ids.5": "8059f489-7714-4af7-84fc-76869c009378",
                            "ssh_key_ids.50": "0c1be6d5-8b38-4920-94f2-6ddaaa25bb9d",
                            "ssh_key_ids.51": "a2579e04-6f2e-4488-8e58-c48a0aa7f70b",
                            "ssh_key_ids.52": "f1b4cad0-7e3f-4574-bc52-6567dd2fd125",
                            "ssh_key_ids.53": "494f995f-069a-4407-bf31-d1e67142f9fd",
                            "ssh_key_ids.54": "3bde399d-1ee1-49ca-acad-8df41956df20",
                            "ssh_key_ids.55": "0fb6897c-2f7f-4d0f-9de1-bd279408a7cb",
                            "ssh_key_ids.56": "1e4e0e97-aace-4cd9-b258-c8408d502284",
                            "ssh_key_ids.57": "7c41c050-74ad-4aa7-b63b-8c75d9db4051",
                            "ssh_key_ids.58": "892bf2fb-c6b9-459d-bdd0-36d69701a3e6",
                            "ssh_key_ids.59": "13c0308d-5846-46c5-bf46-2fdae2e9c8d7",
                            "ssh_key_ids.6": "f98a99f8-ff13-4391-b5fc-74983219a225",
                            "ssh_key_ids.60": "a102ddd7-bee2-4d61-9262-5978a4b91c04",
                            "ssh_key_ids.61": "842a0495-4b06-4f53-a948-f381d57cb180",
                            "ssh_key_ids.62": "491b68d1-1663-490d-a2e0-248b496631f4",
                            "ssh_key_ids.63": "bb056de1-9025-47e5-89a1-2897643e1f6c",
                            "ssh_key_ids.64": "b68dcaed-078c-41e2-a647-5aa1acb12154",
                            "ssh_key_ids.65": "fedb7753-6dba-4aa4-8371-999c6bab70de",
                            "ssh_key_ids.66": "a8855483-e011-4d68-86a5-2f530738dd17",
                            "ssh_key_ids.67": "6219b353-d4ec-4ba5-9a40-19304b4fe1af",
                            "ssh_key_ids.68": "4e49c810-8e76-4ec7-b1c2-1d9e7f829441",
                            "ssh_key_ids.69": "d88db379-9fa2-454f-97a4-8e7718bbb658",
                            "ssh_key_ids.7": "0b392f37-4243-4e43-a56c-18208a30acf3",
                            "ssh_key_ids.70": "984f885d-a618-4416-a934-f1f00d93f989",
                            "ssh_key_ids.71": "a722049c-a416-4fb0-a661-290a0d9cf57b",
                            "ssh_key_ids.72": "1776caa4-e965-4891-af1a-427ce73a88e9",
                            "ssh_key_ids.73": "0873502f-0980-4e42-a0de-5328eb21b1fe",
                            "ssh_key_ids.74": "d0a93463-eb19-4ed4-82a9-3c354374443e",
                            "ssh_key_ids.75": "b505936c-fca3-4767-9cbe-a5401f97dd95",
                            "ssh_key_ids.76": "cc001113-bc02-4d7f-af55-366db9132936",
                            "ssh_key_ids.77": "88436004-0436-4df7-8240-bfd128e8d605",
                            "ssh_key_ids.78": "f81c84bc-7f7f-4c1c-bc6b-4aa9ce236151",
                            "ssh_key_ids.79": "895e0d1a-adae-439f-a1a8-a15aa6658c97",
                            "ssh_key_ids.8": "0394ad7e-6265-4478-ae1a-3b5d59a217d5",
                            "ssh_key_ids.80": "116c4f54-560a-4d95-bddc-29632af8a732",
                            "ssh_key_ids.81": "ee065568-03bb-456e-a1f5-1669939d43cb",
                            "ssh_key_ids.82": "1dae5119-8c6d-450c-be49-ef323d4ef630",
                            "ssh_key_ids.83": "c79bd893-afa8-4fde-9315-1ac6571a0d64",
                            "ssh_key_ids.84": "2111f3a2-9fe6-4992-aa14-1e01bb0501ce",
                            "ssh_key_ids.85": "09223179-7d28-40a4-b18e-b7ed3e350c6a",
                            "ssh_key_ids.86": "36c08ba3-3dc2-45bf-aad5-3f9d6c2f8173",
                            "ssh_key_ids.87": "fac2cbbc-70ef-4386-a0e6-df3aa1fe9609",
                            "ssh_key_ids.88": "14c24939-9fd3-4d21-9f11-2557c49a3a9f",
                            "ssh_key_ids.89": "36b25fc3-3971-4f8f-a6f2-fcf9113e4da8",
                            "ssh_key_ids.9": "0fddd1d0-4fa1-4abb-9bb9-b8381169a715",
                            "ssh_key_ids.90": "f67f7c4b-0050-4c18-be29-03a072b204ba",
                            "ssh_key_ids.91": "f7e8e7ed-d248-4e81-9f0a-15ef569fb264",
                            "ssh_key_ids.92": "0e3abb85-56d4-4604-a40a-9f3c6548b30b",
                            "ssh_key_ids.93": "0f73341f-b03d-4323-8d59-af7243dbb475",
                            "ssh_key_ids.94": "84eaa0c1-fd1c-4de8-a60c-e91feb89f14b",
                            "ssh_key_ids.95": "9a377e1e-c8ce-40c0-bf81-014cab0fcb7c",
                            "ssh_key_ids.96": "ee429bfb-8fb3-479b-9c6c-e5579a8bf59d",
                            "ssh_key_ids.97": "93b62667-9821-43c9-9b47-09c72bfc16fe",
                            "ssh_key_ids.98": "305be502-51dd-41a5-b2b1-b58878e9da15",
                            "ssh_key_ids.99": "af0fdb13-ba2c-4e19-bcfb-57b1d59ead38",
                            "state": "active",
                            "storage": "",
                            "tags.#": "0",
                            "updated": "2019-04-30T09:54:29Z"
                        },
                        "meta": {},
                        "tainted": false
                    },
                    "deposed": [],
                    "provider": "provider.packet"
                },
                "packet_device.lab_alt.11": {
                    "type": "packet_device",
                    "depends_on": [
                        "packet_device.registry_alt",
                        "packet_ssh_key.default",
                        "tls_private_key.default"
                    ],
                    "primary": {
                        "id": "525f72eb-c28d-4858-b42c-f5327212a298",
                        "attributes": {
                            "access_private_ipv4": "10.64.62.51",
                            "access_public_ipv4": "147.75.95.37",
                            "access_public_ipv6": "2604:1380:3000:6c00::33",
                            "always_pxe": "false",
                            "billing_cycle": "hourly",
                            "created": "2019-04-30T09:51:54Z",
                            "facilities.#": "1",
                            "facilities.0": "nrt1",
                            "facility": "nrt1",
                            "hostname": "kayobe-lab-alt-11",
                            "id": "525f72eb-c28d-4858-b42c-f5327212a298",
                            "ipxe_script_url": "",
                            "locked": "false",
                            "network.#": "3",
                            "network.0.address": "147.75.95.37",
                            "network.0.cidr": "31",
                            "network.0.family": "4",
                            "network.0.gateway": "147.75.95.36",
                            "network.0.public": "true",
                            "network.1.address": "2604:1380:3000:6c00::33",
                            "network.1.cidr": "127",
                            "network.1.family": "6",
                            "network.1.gateway": "2604:1380:3000:6c00::32",
                            "network.1.public": "true",
                            "network.2.address": "10.64.62.51",
                            "network.2.cidr": "31",
                            "network.2.family": "4",
                            "network.2.gateway": "10.64.62.50",
                            "network.2.public": "false",
                            "network_type": "layer3",
                            "operating_system": "centos_7",
                            "plan": "c1.small.x86",
                            "ports.#": "3",
                            "ports.0.bonded": "true",
                            "ports.0.id": "9848b0ea-6795-4386-a727-c271b6bb1836",
                            "ports.0.mac": "",
                            "ports.0.name": "bond0",
                            "ports.0.type": "NetworkBondPort",
                            "ports.1.bonded": "true",
                            "ports.1.id": "a20163fa-8d10-4842-bc06-ca3e3afc94a4",
                            "ports.1.mac": "ac:1f:6b:82:e4:aa",
                            "ports.1.name": "eth0",
                            "ports.1.type": "NetworkPort",
                            "ports.2.bonded": "true",
                            "ports.2.id": "9a23bcac-c5bb-472a-8d2a-808218f34f2b",
                            "ports.2.mac": "ac:1f:6b:82:e4:ab",
                            "ports.2.name": "eth1",
                            "ports.2.type": "NetworkPort",
                            "project_id": "719d7d4b-08f8-4e9b-ad0d-34707f85160d",
                            "public_ipv4_subnet_size": "31",
                            "root_password": "l?45KH[aq8",
                            "ssh_key_ids.#": "164",
                            "ssh_key_ids.0": "bd192f85-fbeb-4fd3-bca0-7ceb96f91700",
                            "ssh_key_ids.1": "da199044-80dd-48dd-8d1f-ef76ccb13ab5",
                            "ssh_key_ids.10": "984f885d-a618-4416-a934-f1f00d93f989",
                            "ssh_key_ids.100": "cc001113-bc02-4d7f-af55-366db9132936",
                            "ssh_key_ids.101": "0873502f-0980-4e42-a0de-5328eb21b1fe",
                            "ssh_key_ids.102": "09223179-7d28-40a4-b18e-b7ed3e350c6a",
                            "ssh_key_ids.103": "3a4e67f8-b12d-43d4-a35d-e5d33a9ccd98",
                            "ssh_key_ids.104": "9cf77467-cdb7-4dcc-ab9f-4d431712ef3f",
                            "ssh_key_ids.105": "80b28858-2421-41bb-bbea-c4ad4a5db2c9",
                            "ssh_key_ids.106": "036d46c3-8727-4a00-b59b-7f80443a2afc",
                            "ssh_key_ids.107": "04d2d40f-d0ae-4862-9537-62a9e43a22cd",
                            "ssh_key_ids.108": "c33ea9e0-ed31-43ce-8bba-e5e8da4edd83",
                            "ssh_key_ids.109": "6e8257dd-b7b9-4f30-b9d1-e7131a4d2121",
                            "ssh_key_ids.11": "89ef47c1-1576-4b8c-a339-2014155f0802",
                            "ssh_key_ids.110": "2111f3a2-9fe6-4992-aa14-1e01bb0501ce",
                            "ssh_key_ids.111": "c79bd893-afa8-4fde-9315-1ac6571a0d64",
                            "ssh_key_ids.112": "1dae5119-8c6d-450c-be49-ef323d4ef630",
                            "ssh_key_ids.113": "ee065568-03bb-456e-a1f5-1669939d43cb",
                            "ssh_key_ids.114": "b505936c-fca3-4767-9cbe-a5401f97dd95",
                            "ssh_key_ids.115": "895e0d1a-adae-439f-a1a8-a15aa6658c97",
                            "ssh_key_ids.116": "f0e74fce-1a0c-4643-8990-f6843728f24f",
                            "ssh_key_ids.117": "13c0308d-5846-46c5-bf46-2fdae2e9c8d7",
                            "ssh_key_ids.118": "7bf767f0-472a-4977-921e-cf55ded84f1c",
                            "ssh_key_ids.119": "32c2e969-fe1c-4235-a999-2b8abc061991",
                            "ssh_key_ids.12": "1689628e-00a8-40e4-a578-9d484d66cc3f",
                            "ssh_key_ids.120": "f78dd9de-77e6-4386-9014-14258f6ed18c",
                            "ssh_key_ids.121": "f718cdab-a523-45c3-9b01-80dc045be122",
                            "ssh_key_ids.122": "aea43942-9250-4cde-81d1-69e468df8ce6",
                            "ssh_key_ids.123": "68931241-5344-4a8b-884f-4f3a4fc5e231",
                            "ssh_key_ids.124": "7d4eca06-2710-49c7-b4bd-efececa7cd54",
                            "ssh_key_ids.125": "5d3e1674-605d-4e29-aa1a-6f97c6273217",
                            "ssh_key_ids.126": "8ec2af9d-2255-4cc8-a5ae-8dd62262241c",
                            "ssh_key_ids.127": "37ffbecc-3536-42d3-8f8b-5235dd97d526",
                            "ssh_key_ids.128": "5e0ab35b-4a75-45c1-b679-bc9cb5c9abf8",
                            "ssh_key_ids.129": "c57fb351-65ce-4427-a1c2-17868b0d1711",
                            "ssh_key_ids.13": "f67f7c4b-0050-4c18-be29-03a072b204ba",
                            "ssh_key_ids.130": "bdc5900f-e26d-46fe-8da6-59f9413b4c21",
                            "ssh_key_ids.131": "311e499c-5421-42b0-91a7-cdcc1059dfef",
                            "ssh_key_ids.132": "7c7abede-0f89-4bae-91f3-c4c856140db8",
                            "ssh_key_ids.133": "752d99f5-5dcd-437f-99c9-8325bbabcc59",
                            "ssh_key_ids.134": "01097db2-b817-4a41-b016-012c83dad8e4",
                            "ssh_key_ids.135": "dc275958-fb33-4a63-a21b-e33d3dfd3a14",
                            "ssh_key_ids.136": "e82a688a-f07a-480e-a408-199baca463c9",
                            "ssh_key_ids.137": "948d85da-a1a4-45d9-b6bd-e2794c03232d",
                            "ssh_key_ids.138": "214e1ebd-afd3-43f9-bcb6-bf6b9693f830",
                            "ssh_key_ids.139": "8c7583d3-2b01-4df4-a946-939962d827f9",
                            "ssh_key_ids.14": "65c4bc38-3112-4503-b875-5f583aca6424",
                            "ssh_key_ids.140": "f6267de9-b50a-4bd8-aac5-51612a403741",
                            "ssh_key_ids.141": "fed60fdf-7e1d-4ffd-af9f-4ac91c2fd430",
                            "ssh_key_ids.142": "0fb6897c-2f7f-4d0f-9de1-bd279408a7cb",
                            "ssh_key_ids.143": "1e4e0e97-aace-4cd9-b258-c8408d502284",
                            "ssh_key_ids.144": "c0fea396-b8f9-43d0-a453-9bbc868a1d81",
                            "ssh_key_ids.145": "f98a99f8-ff13-4391-b5fc-74983219a225",
                            "ssh_key_ids.146": "b38f0448-bb97-4309-82f2-d1a5f5df0809",
                            "ssh_key_ids.147": "b87eb180-f18b-44a6-bbd5-a49f111d7864",
                            "ssh_key_ids.148": "be99da3d-601c-4466-8dcb-ff1f8a6a19d8",
                            "ssh_key_ids.149": "942f8d63-c3ec-4f32-b93a-38b5e0bafd90",
                            "ssh_key_ids.15": "912637d1-7b56-481b-bbe4-ccf466e3e161",
                            "ssh_key_ids.150": "3b57956f-a711-40db-9a6f-32487503bea1",
                            "ssh_key_ids.151": "e5fd812a-667c-498f-883c-2bd1afddbff3",
                            "ssh_key_ids.152": "eac5e2ca-acf1-46a6-ae4d-aa12f71af765",
                            "ssh_key_ids.153": "4382d197-ecbb-43d9-a7d6-453c100279b8",
                            "ssh_key_ids.154": "6b50e07d-df2c-44b8-8a9e-65bfab6880a1",
                            "ssh_key_ids.155": "0a929e59-0bcf-4de1-91d1-01a8cdbc9ef6",
                            "ssh_key_ids.156": "bc4f1745-a5de-45e4-ae82-d7c4988ee1a2",
                            "ssh_key_ids.157": "985ea314-f590-4237-99f5-682a344617d9",
                            "ssh_key_ids.158": "98b939fb-362b-41c8-831a-1f0a2afa400e",
                            "ssh_key_ids.159": "21fecacf-999e-4595-a247-af36a4feb0c1",
                            "ssh_key_ids.16": "34934bed-6b13-4abc-aeb6-1a5a9e994745",
                            "ssh_key_ids.160": "0c909e8f-7714-43f6-a8a9-fc003c5231a3",
                            "ssh_key_ids.161": "ccb07866-766e-45e2-ae82-a1f1c8cb39c8",
                            "ssh_key_ids.162": "d45fb3b7-af95-4c48-8ad6-e3f3242a5e4a",
                            "ssh_key_ids.163": "25faa130-9a09-4cca-a109-409c7ac309ab",
                            "ssh_key_ids.17": "b428db77-8a11-40b6-a6f9-bd6321ea796b",
                            "ssh_key_ids.18": "b68dcaed-078c-41e2-a647-5aa1acb12154",
                            "ssh_key_ids.19": "bb056de1-9025-47e5-89a1-2897643e1f6c",
                            "ssh_key_ids.2": "6e703847-5229-4bfd-9229-db6df7397e11",
                            "ssh_key_ids.20": "491b68d1-1663-490d-a2e0-248b496631f4",
                            "ssh_key_ids.21": "842a0495-4b06-4f53-a948-f381d57cb180",
                            "ssh_key_ids.22": "a102ddd7-bee2-4d61-9262-5978a4b91c04",
                            "ssh_key_ids.23": "892bf2fb-c6b9-459d-bdd0-36d69701a3e6",
                            "ssh_key_ids.24": "c523b161-3e3b-492c-90f4-253a86aed91f",
                            "ssh_key_ids.25": "36b25fc3-3971-4f8f-a6f2-fcf9113e4da8",
                            "ssh_key_ids.26": "bb427d7d-ca92-4a98-af84-64d3b43e6325",
                            "ssh_key_ids.27": "38ee2b4b-653d-494e-b008-abd82461f7f6",
                            "ssh_key_ids.28": "0a7d499d-8d80-45ad-9069-8fbaa6e28ea1",
                            "ssh_key_ids.29": "3199b332-bec2-45ef-9e25-ba9057972da7",
                            "ssh_key_ids.3": "659466b5-43b7-47fe-bd6c-b443d3b5df20",
                            "ssh_key_ids.30": "f63582f2-9d53-487f-a9af-d739e36b07af",
                            "ssh_key_ids.31": "f86d606c-d11c-4b10-b0d2-326e3b791cdf",
                            "ssh_key_ids.32": "303a0e97-7dd1-4444-9def-d7ebf932a892",
                            "ssh_key_ids.33": "7fb2d14c-11b6-4c52-a9d0-2a4a6113dbab",
                            "ssh_key_ids.34": "27635c6f-e3bd-4403-ae6c-94757f36b601",
                            "ssh_key_ids.35": "7afc2a1e-7303-47e0-b75a-ed2587d3f340",
                            "ssh_key_ids.36": "0c1be6d5-8b38-4920-94f2-6ddaaa25bb9d",
                            "ssh_key_ids.37": "a2579e04-6f2e-4488-8e58-c48a0aa7f70b",
                            "ssh_key_ids.38": "f1b4cad0-7e3f-4574-bc52-6567dd2fd125",
                            "ssh_key_ids.39": "494f995f-069a-4407-bf31-d1e67142f9fd",
                            "ssh_key_ids.4": "8059f489-7714-4af7-84fc-76869c009378",
                            "ssh_key_ids.40": "bc84ed0c-228d-4eb5-97b4-4cd7b6e6a0f9",
                            "ssh_key_ids.41": "e75e4f46-8e6b-4f66-8612-1879bbb96623",
                            "ssh_key_ids.42": "f8e3e26a-214b-457a-a7de-0aa31723f04e",
                            "ssh_key_ids.43": "d02bec99-0344-4cf3-bd06-8bad8969b9fe",
                            "ssh_key_ids.44": "d0cce71a-c3ea-4b60-9866-d8f12d749d13",
                            "ssh_key_ids.45": "950d1f09-7d94-4838-ac25-e2b63fc256f5",
                            "ssh_key_ids.46": "1df0179f-a9af-4c8e-b9bf-5991f6e1b7f0",
                            "ssh_key_ids.47": "3bde399d-1ee1-49ca-acad-8df41956df20",
                            "ssh_key_ids.48": "7c41c050-74ad-4aa7-b63b-8c75d9db4051",
                            "ssh_key_ids.49": "fedb7753-6dba-4aa4-8371-999c6bab70de",
                            "ssh_key_ids.5": "0b392f37-4243-4e43-a56c-18208a30acf3",
                            "ssh_key_ids.50": "a8855483-e011-4d68-86a5-2f530738dd17",
                            "ssh_key_ids.51": "954bd64c-a66b-45fb-900e-04f0b8b18cdf",
                            "ssh_key_ids.52": "6219b353-d4ec-4ba5-9a40-19304b4fe1af",
                            "ssh_key_ids.53": "d6a50bd7-69c4-4c2b-99be-9adbefc6e3dc",
                            "ssh_key_ids.54": "fac2cbbc-70ef-4386-a0e6-df3aa1fe9609",
                            "ssh_key_ids.55": "1776caa4-e965-4891-af1a-427ce73a88e9",
                            "ssh_key_ids.56": "36c08ba3-3dc2-45bf-aad5-3f9d6c2f8173",
                            "ssh_key_ids.57": "a722049c-a416-4fb0-a661-290a0d9cf57b",
                            "ssh_key_ids.58": "88436004-0436-4df7-8240-bfd128e8d605",
                            "ssh_key_ids.59": "4e49c810-8e76-4ec7-b1c2-1d9e7f829441",
                            "ssh_key_ids.6": "0394ad7e-6265-4478-ae1a-3b5d59a217d5",
                            "ssh_key_ids.60": "ec9105b6-bdd2-4bcc-a6ca-00055f55f504",
                            "ssh_key_ids.61": "611e233e-835c-4e37-abdd-918842cbe83f",
                            "ssh_key_ids.62": "6389afd1-e142-402d-8a1e-90383fbd3cb0",
                            "ssh_key_ids.63": "9058e9af-1b6a-4c7a-bce1-14dc06529d33",
                            "ssh_key_ids.64": "82f1421a-5a62-442c-adbf-6f4534ff96fe",
                            "ssh_key_ids.65": "ccb63b0c-f9e1-4764-a37e-e4408cccbfac",
                            "ssh_key_ids.66": "f81c84bc-7f7f-4c1c-bc6b-4aa9ce236151",
                            "ssh_key_ids.67": "116c4f54-560a-4d95-bddc-29632af8a732",
                            "ssh_key_ids.68": "14c24939-9fd3-4d21-9f11-2557c49a3a9f",
                            "ssh_key_ids.69": "ee429bfb-8fb3-479b-9c6c-e5579a8bf59d",
                            "ssh_key_ids.7": "0fddd1d0-4fa1-4abb-9bb9-b8381169a715",
                            "ssh_key_ids.70": "59e22e40-bf99-4d3a-ae05-3eb4d599cabc",
                            "ssh_key_ids.71": "ec684e16-0a82-4508-af90-88d5c598bd04",
                            "ssh_key_ids.72": "93b62667-9821-43c9-9b47-09c72bfc16fe",
                            "ssh_key_ids.73": "af0fdb13-ba2c-4e19-bcfb-57b1d59ead38",
                            "ssh_key_ids.74": "305be502-51dd-41a5-b2b1-b58878e9da15",
                            "ssh_key_ids.75": "d88db379-9fa2-454f-97a4-8e7718bbb658",
                            "ssh_key_ids.76": "a7c4c16b-8163-4d61-8485-5f05eb11f013",
                            "ssh_key_ids.77": "d7a07953-9e75-465e-9495-775f03018db0",
                            "ssh_key_ids.78": "1a5374e7-ae0b-44e8-8290-a7f9e34c6374",
                            "ssh_key_ids.79": "22050c70-4363-4734-8c11-57855494147c",
                            "ssh_key_ids.8": "33fea3c3-2fb4-424a-834c-190bd53b8f0b",
                            "ssh_key_ids.80": "e58fd2a9-18d8-4cd9-a1a2-f2610ed83a73",
                            "ssh_key_ids.81": "2765be00-4a38-436c-8eb7-74cb7dba92d3",
                            "ssh_key_ids.82": "9ee4a2b0-3668-411b-af84-07f61d71afa8",
                            "ssh_key_ids.83": "85e0e5cf-7e19-42f8-9dc2-da41de539495",
                            "ssh_key_ids.84": "32a48504-ef65-452f-ae33-d161205c1b11",
                            "ssh_key_ids.85": "290afd05-1d05-4fd4-a7ac-27be4b92458f",
                            "ssh_key_ids.86": "8499c022-65c8-40dd-ab33-d331388ac5d9",
                            "ssh_key_ids.87": "8ad4e695-a082-43c5-ac1b-456964b321c6",
                            "ssh_key_ids.88": "9a377e1e-c8ce-40c0-bf81-014cab0fcb7c",
                            "ssh_key_ids.89": "84eaa0c1-fd1c-4de8-a60c-e91feb89f14b",
                            "ssh_key_ids.9": "7c7abd45-994d-4754-8220-2c5a404933e8",
                            "ssh_key_ids.90": "59b26c30-c0ca-4ac5-ba7f-143efd14f792",
                            "ssh_key_ids.91": "d059cfe2-3215-4686-aeaa-051a5a423d2a",
                            "ssh_key_ids.92": "0f73341f-b03d-4323-8d59-af7243dbb475",
                            "ssh_key_ids.93": "0e3abb85-56d4-4604-a40a-9f3c6548b30b",
                            "ssh_key_ids.94": "82bd80ac-b1df-4801-88b7-8b835b78570c",
                            "ssh_key_ids.95": "d0a93463-eb19-4ed4-82a9-3c354374443e",
                            "ssh_key_ids.96": "f7e8e7ed-d248-4e81-9f0a-15ef569fb264",
                            "ssh_key_ids.97": "ccf9952b-afcb-4df1-b002-0c60717e2592",
                            "ssh_key_ids.98": "c13861b0-d10e-4a0e-a84b-4d0463d54f1a",
                            "ssh_key_ids.99": "e00adc33-e5eb-4b67-b5f9-4bfa68bd2e53",
                            "state": "active",
                            "storage": "",
                            "tags.#": "0",
                            "updated": "2019-04-30T09:56:40Z"
                        },
                        "meta": {},
                        "tainted": false
                    },
                    "deposed": [],
                    "provider": "provider.packet"
                },
                "packet_device.lab_alt.12": {
                    "type": "packet_device",
                    "depends_on": [
                        "packet_device.registry_alt",
                        "packet_ssh_key.default",
                        "tls_private_key.default"
                    ],
                    "primary": {
                        "id": "5a5146b3-077e-4476-ad80-2e6114ed0174",
                        "attributes": {
                            "access_private_ipv4": "10.64.62.5",
                            "access_public_ipv4": "147.75.95.61",
                            "access_public_ipv6": "2604:1380:3000:6c00::5",
                            "always_pxe": "false",
                            "billing_cycle": "hourly",
                            "created": "2019-04-30T11:08:58Z",
                            "facilities.#": "1",
                            "facilities.0": "nrt1",
                            "facility": "nrt1",
                            "hostname": "kayobe-lab-alt-12",
                            "id": "5a5146b3-077e-4476-ad80-2e6114ed0174",
                            "ipxe_script_url": "",
                            "locked": "false",
                            "network.#": "3",
                            "network.0.address": "147.75.95.61",
                            "network.0.cidr": "31",
                            "network.0.family": "4",
                            "network.0.gateway": "147.75.95.60",
                            "network.0.public": "true",
                            "network.1.address": "2604:1380:3000:6c00::5",
                            "network.1.cidr": "127",
                            "network.1.family": "6",
                            "network.1.gateway": "2604:1380:3000:6c00::4",
                            "network.1.public": "true",
                            "network.2.address": "10.64.62.5",
                            "network.2.cidr": "31",
                            "network.2.family": "4",
                            "network.2.gateway": "10.64.62.4",
                            "network.2.public": "false",
                            "network_type": "layer3",
                            "operating_system": "centos_7",
                            "plan": "c1.small.x86",
                            "ports.#": "3",
                            "ports.0.bonded": "true",
                            "ports.0.id": "fc620c3d-5ea4-4173-8677-95e36c8ea8f5",
                            "ports.0.mac": "",
                            "ports.0.name": "bond0",
                            "ports.0.type": "NetworkBondPort",
                            "ports.1.bonded": "true",
                            "ports.1.id": "ffded15e-2472-4c35-8ac5-44405e4553ae",
                            "ports.1.mac": "ac:1f:6b:96:76:90",
                            "ports.1.name": "eth0",
                            "ports.1.type": "NetworkPort",
                            "ports.2.bonded": "true",
                            "ports.2.id": "26254ad2-4f6a-4538-92f6-6b0d26864e55",
                            "ports.2.mac": "ac:1f:6b:96:76:91",
                            "ports.2.name": "eth1",
                            "ports.2.type": "NetworkPort",
                            "project_id": "719d7d4b-08f8-4e9b-ad0d-34707f85160d",
                            "public_ipv4_subnet_size": "31",
                            "root_password": "*8TImn=*U4",
                            "ssh_key_ids.#": "164",
                            "ssh_key_ids.0": "da199044-80dd-48dd-8d1f-ef76ccb13ab5",
                            "ssh_key_ids.1": "bd192f85-fbeb-4fd3-bca0-7ceb96f91700",
                            "ssh_key_ids.10": "5e0ab35b-4a75-45c1-b679-bc9cb5c9abf8",
                            "ssh_key_ids.100": "842a0495-4b06-4f53-a948-f381d57cb180",
                            "ssh_key_ids.101": "32c2e969-fe1c-4235-a999-2b8abc061991",
                            "ssh_key_ids.102": "491b68d1-1663-490d-a2e0-248b496631f4",
                            "ssh_key_ids.103": "bb056de1-9025-47e5-89a1-2897643e1f6c",
                            "ssh_key_ids.104": "f98a99f8-ff13-4391-b5fc-74983219a225",
                            "ssh_key_ids.105": "f718cdab-a523-45c3-9b01-80dc045be122",
                            "ssh_key_ids.106": "0a7d499d-8d80-45ad-9069-8fbaa6e28ea1",
                            "ssh_key_ids.107": "bb427d7d-ca92-4a98-af84-64d3b43e6325",
                            "ssh_key_ids.108": "34934bed-6b13-4abc-aeb6-1a5a9e994745",
                            "ssh_key_ids.109": "752d99f5-5dcd-437f-99c9-8325bbabcc59",
                            "ssh_key_ids.11": "7d4eca06-2710-49c7-b4bd-efececa7cd54",
                            "ssh_key_ids.110": "0b392f37-4243-4e43-a56c-18208a30acf3",
                            "ssh_key_ids.111": "33fea3c3-2fb4-424a-834c-190bd53b8f0b",
                            "ssh_key_ids.112": "0e3abb85-56d4-4604-a40a-9f3c6548b30b",
                            "ssh_key_ids.113": "65c4bc38-3112-4503-b875-5f583aca6424",
                            "ssh_key_ids.114": "89ef47c1-1576-4b8c-a339-2014155f0802",
                            "ssh_key_ids.115": "a7c4c16b-8163-4d61-8485-5f05eb11f013",
                            "ssh_key_ids.116": "88436004-0436-4df7-8240-bfd128e8d605",
                            "ssh_key_ids.117": "7c7abd45-994d-4754-8220-2c5a404933e8",
                            "ssh_key_ids.118": "912637d1-7b56-481b-bbe4-ccf466e3e161",
                            "ssh_key_ids.119": "984f885d-a618-4416-a934-f1f00d93f989",
                            "ssh_key_ids.12": "aea43942-9250-4cde-81d1-69e468df8ce6",
                            "ssh_key_ids.120": "1689628e-00a8-40e4-a578-9d484d66cc3f",
                            "ssh_key_ids.121": "d0a93463-eb19-4ed4-82a9-3c354374443e",
                            "ssh_key_ids.122": "214e1ebd-afd3-43f9-bcb6-bf6b9693f830",
                            "ssh_key_ids.123": "948d85da-a1a4-45d9-b6bd-e2794c03232d",
                            "ssh_key_ids.124": "7c7abede-0f89-4bae-91f3-c4c856140db8",
                            "ssh_key_ids.125": "0fddd1d0-4fa1-4abb-9bb9-b8381169a715",
                            "ssh_key_ids.126": "b505936c-fca3-4767-9cbe-a5401f97dd95",
                            "ssh_key_ids.127": "68931241-5344-4a8b-884f-4f3a4fc5e231",
                            "ssh_key_ids.128": "c13861b0-d10e-4a0e-a84b-4d0463d54f1a",
                            "ssh_key_ids.129": "b68dcaed-078c-41e2-a647-5aa1acb12154",
                            "ssh_key_ids.13": "895e0d1a-adae-439f-a1a8-a15aa6658c97",
                            "ssh_key_ids.130": "305be502-51dd-41a5-b2b1-b58878e9da15",
                            "ssh_key_ids.131": "e00adc33-e5eb-4b67-b5f9-4bfa68bd2e53",
                            "ssh_key_ids.132": "ee429bfb-8fb3-479b-9c6c-e5579a8bf59d",
                            "ssh_key_ids.133": "93b62667-9821-43c9-9b47-09c72bfc16fe",
                            "ssh_key_ids.134": "f67f7c4b-0050-4c18-be29-03a072b204ba",
                            "ssh_key_ids.135": "b428db77-8a11-40b6-a6f9-bd6321ea796b",
                            "ssh_key_ids.136": "2765be00-4a38-436c-8eb7-74cb7dba92d3",
                            "ssh_key_ids.137": "01097db2-b817-4a41-b016-012c83dad8e4",
                            "ssh_key_ids.138": "9a377e1e-c8ce-40c0-bf81-014cab0fcb7c",
                            "ssh_key_ids.139": "37ffbecc-3536-42d3-8f8b-5235dd97d526",
                            "ssh_key_ids.14": "bc84ed0c-228d-4eb5-97b4-4cd7b6e6a0f9",
                            "ssh_key_ids.140": "27635c6f-e3bd-4403-ae6c-94757f36b601",
                            "ssh_key_ids.141": "f78dd9de-77e6-4386-9014-14258f6ed18c",
                            "ssh_key_ids.142": "0f73341f-b03d-4323-8d59-af7243dbb475",
                            "ssh_key_ids.143": "84eaa0c1-fd1c-4de8-a60c-e91feb89f14b",
                            "ssh_key_ids.144": "09223179-7d28-40a4-b18e-b7ed3e350c6a",
                            "ssh_key_ids.145": "cc001113-bc02-4d7f-af55-366db9132936",
                            "ssh_key_ids.146": "b38f0448-bb97-4309-82f2-d1a5f5df0809",
                            "ssh_key_ids.147": "0a929e59-0bcf-4de1-91d1-01a8cdbc9ef6",
                            "ssh_key_ids.148": "b87eb180-f18b-44a6-bbd5-a49f111d7864",
                            "ssh_key_ids.149": "be99da3d-601c-4466-8dcb-ff1f8a6a19d8",
                            "ssh_key_ids.15": "6389afd1-e142-402d-8a1e-90383fbd3cb0",
                            "ssh_key_ids.150": "e5fd812a-667c-498f-883c-2bd1afddbff3",
                            "ssh_key_ids.151": "3b57956f-a711-40db-9a6f-32487503bea1",
                            "ssh_key_ids.152": "942f8d63-c3ec-4f32-b93a-38b5e0bafd90",
                            "ssh_key_ids.153": "6b50e07d-df2c-44b8-8a9e-65bfab6880a1",
                            "ssh_key_ids.154": "4382d197-ecbb-43d9-a7d6-453c100279b8",
                            "ssh_key_ids.155": "eac5e2ca-acf1-46a6-ae4d-aa12f71af765",
                            "ssh_key_ids.156": "bc4f1745-a5de-45e4-ae82-d7c4988ee1a2",
                            "ssh_key_ids.157": "985ea314-f590-4237-99f5-682a344617d9",
                            "ssh_key_ids.158": "98b939fb-362b-41c8-831a-1f0a2afa400e",
                            "ssh_key_ids.159": "21fecacf-999e-4595-a247-af36a4feb0c1",
                            "ssh_key_ids.16": "9058e9af-1b6a-4c7a-bce1-14dc06529d33",
                            "ssh_key_ids.160": "0c909e8f-7714-43f6-a8a9-fc003c5231a3",
                            "ssh_key_ids.161": "ccb07866-766e-45e2-ae82-a1f1c8cb39c8",
                            "ssh_key_ids.162": "d45fb3b7-af95-4c48-8ad6-e3f3242a5e4a",
                            "ssh_key_ids.163": "25faa130-9a09-4cca-a109-409c7ac309ab",
                            "ssh_key_ids.17": "e58fd2a9-18d8-4cd9-a1a2-f2610ed83a73",
                            "ssh_key_ids.18": "af0fdb13-ba2c-4e19-bcfb-57b1d59ead38",
                            "ssh_key_ids.19": "f7e8e7ed-d248-4e81-9f0a-15ef569fb264",
                            "ssh_key_ids.2": "0873502f-0980-4e42-a0de-5328eb21b1fe",
                            "ssh_key_ids.20": "8ec2af9d-2255-4cc8-a5ae-8dd62262241c",
                            "ssh_key_ids.21": "2111f3a2-9fe6-4992-aa14-1e01bb0501ce",
                            "ssh_key_ids.22": "04d2d40f-d0ae-4862-9537-62a9e43a22cd",
                            "ssh_key_ids.23": "036d46c3-8727-4a00-b59b-7f80443a2afc",
                            "ssh_key_ids.24": "80b28858-2421-41bb-bbea-c4ad4a5db2c9",
                            "ssh_key_ids.25": "3a4e67f8-b12d-43d4-a35d-e5d33a9ccd98",
                            "ssh_key_ids.26": "32a48504-ef65-452f-ae33-d161205c1b11",
                            "ssh_key_ids.27": "85e0e5cf-7e19-42f8-9dc2-da41de539495",
                            "ssh_key_ids.28": "d02bec99-0344-4cf3-bd06-8bad8969b9fe",
                            "ssh_key_ids.29": "f8e3e26a-214b-457a-a7de-0aa31723f04e",
                            "ssh_key_ids.3": "1e4e0e97-aace-4cd9-b258-c8408d502284",
                            "ssh_key_ids.30": "f81c84bc-7f7f-4c1c-bc6b-4aa9ce236151",
                            "ssh_key_ids.31": "a722049c-a416-4fb0-a661-290a0d9cf57b",
                            "ssh_key_ids.32": "36c08ba3-3dc2-45bf-aad5-3f9d6c2f8173",
                            "ssh_key_ids.33": "1776caa4-e965-4891-af1a-427ce73a88e9",
                            "ssh_key_ids.34": "fac2cbbc-70ef-4386-a0e6-df3aa1fe9609",
                            "ssh_key_ids.35": "d6a50bd7-69c4-4c2b-99be-9adbefc6e3dc",
                            "ssh_key_ids.36": "6219b353-d4ec-4ba5-9a40-19304b4fe1af",
                            "ssh_key_ids.37": "950d1f09-7d94-4838-ac25-e2b63fc256f5",
                            "ssh_key_ids.38": "7afc2a1e-7303-47e0-b75a-ed2587d3f340",
                            "ssh_key_ids.39": "5d3e1674-605d-4e29-aa1a-6f97c6273217",
                            "ssh_key_ids.4": "0fb6897c-2f7f-4d0f-9de1-bd279408a7cb",
                            "ssh_key_ids.40": "ee065568-03bb-456e-a1f5-1669939d43cb",
                            "ssh_key_ids.41": "c57fb351-65ce-4427-a1c2-17868b0d1711",
                            "ssh_key_ids.42": "36b25fc3-3971-4f8f-a6f2-fcf9113e4da8",
                            "ssh_key_ids.43": "1dae5119-8c6d-450c-be49-ef323d4ef630",
                            "ssh_key_ids.44": "c79bd893-afa8-4fde-9315-1ac6571a0d64",
                            "ssh_key_ids.45": "659466b5-43b7-47fe-bd6c-b443d3b5df20",
                            "ssh_key_ids.46": "8059f489-7714-4af7-84fc-76869c009378",
                            "ssh_key_ids.47": "9cf77467-cdb7-4dcc-ab9f-4d431712ef3f",
                            "ssh_key_ids.48": "d88db379-9fa2-454f-97a4-8e7718bbb658",
                            "ssh_key_ids.49": "7bf767f0-472a-4977-921e-cf55ded84f1c",
                            "ssh_key_ids.5": "fed60fdf-7e1d-4ffd-af9f-4ac91c2fd430",
                            "ssh_key_ids.50": "13c0308d-5846-46c5-bf46-2fdae2e9c8d7",
                            "ssh_key_ids.51": "f0e74fce-1a0c-4643-8990-f6843728f24f",
                            "ssh_key_ids.52": "ccb63b0c-f9e1-4764-a37e-e4408cccbfac",
                            "ssh_key_ids.53": "116c4f54-560a-4d95-bddc-29632af8a732",
                            "ssh_key_ids.54": "4e49c810-8e76-4ec7-b1c2-1d9e7f829441",
                            "ssh_key_ids.55": "954bd64c-a66b-45fb-900e-04f0b8b18cdf",
                            "ssh_key_ids.56": "a8855483-e011-4d68-86a5-2f530738dd17",
                            "ssh_key_ids.57": "fedb7753-6dba-4aa4-8371-999c6bab70de",
                            "ssh_key_ids.58": "7c41c050-74ad-4aa7-b63b-8c75d9db4051",
                            "ssh_key_ids.59": "3bde399d-1ee1-49ca-acad-8df41956df20",
                            "ssh_key_ids.6": "f6267de9-b50a-4bd8-aac5-51612a403741",
                            "ssh_key_ids.60": "1df0179f-a9af-4c8e-b9bf-5991f6e1b7f0",
                            "ssh_key_ids.61": "d0cce71a-c3ea-4b60-9866-d8f12d749d13",
                            "ssh_key_ids.62": "ec9105b6-bdd2-4bcc-a6ca-00055f55f504",
                            "ssh_key_ids.63": "14c24939-9fd3-4d21-9f11-2557c49a3a9f",
                            "ssh_key_ids.64": "f1b4cad0-7e3f-4574-bc52-6567dd2fd125",
                            "ssh_key_ids.65": "0394ad7e-6265-4478-ae1a-3b5d59a217d5",
                            "ssh_key_ids.66": "e75e4f46-8e6b-4f66-8612-1879bbb96623",
                            "ssh_key_ids.67": "494f995f-069a-4407-bf31-d1e67142f9fd",
                            "ssh_key_ids.68": "a2579e04-6f2e-4488-8e58-c48a0aa7f70b",
                            "ssh_key_ids.69": "0c1be6d5-8b38-4920-94f2-6ddaaa25bb9d",
                            "ssh_key_ids.7": "8c7583d3-2b01-4df4-a946-939962d827f9",
                            "ssh_key_ids.70": "7fb2d14c-11b6-4c52-a9d0-2a4a6113dbab",
                            "ssh_key_ids.71": "9ee4a2b0-3668-411b-af84-07f61d71afa8",
                            "ssh_key_ids.72": "22050c70-4363-4734-8c11-57855494147c",
                            "ssh_key_ids.73": "1a5374e7-ae0b-44e8-8290-a7f9e34c6374",
                            "ssh_key_ids.74": "ec684e16-0a82-4508-af90-88d5c598bd04",
                            "ssh_key_ids.75": "d059cfe2-3215-4686-aeaa-051a5a423d2a",
                            "ssh_key_ids.76": "ccf9952b-afcb-4df1-b002-0c60717e2592",
                            "ssh_key_ids.77": "59b26c30-c0ca-4ac5-ba7f-143efd14f792",
                            "ssh_key_ids.78": "8ad4e695-a082-43c5-ac1b-456964b321c6",
                            "ssh_key_ids.79": "8499c022-65c8-40dd-ab33-d331388ac5d9",
                            "ssh_key_ids.8": "311e499c-5421-42b0-91a7-cdcc1059dfef",
                            "ssh_key_ids.80": "290afd05-1d05-4fd4-a7ac-27be4b92458f",
                            "ssh_key_ids.81": "d7a07953-9e75-465e-9495-775f03018db0",
                            "ssh_key_ids.82": "82bd80ac-b1df-4801-88b7-8b835b78570c",
                            "ssh_key_ids.83": "e82a688a-f07a-480e-a408-199baca463c9",
                            "ssh_key_ids.84": "dc275958-fb33-4a63-a21b-e33d3dfd3a14",
                            "ssh_key_ids.85": "611e233e-835c-4e37-abdd-918842cbe83f",
                            "ssh_key_ids.86": "303a0e97-7dd1-4444-9def-d7ebf932a892",
                            "ssh_key_ids.87": "6e8257dd-b7b9-4f30-b9d1-e7131a4d2121",
                            "ssh_key_ids.88": "f86d606c-d11c-4b10-b0d2-326e3b791cdf",
                            "ssh_key_ids.89": "c33ea9e0-ed31-43ce-8bba-e5e8da4edd83",
                            "ssh_key_ids.9": "bdc5900f-e26d-46fe-8da6-59f9413b4c21",
                            "ssh_key_ids.90": "f63582f2-9d53-487f-a9af-d739e36b07af",
                            "ssh_key_ids.91": "3199b332-bec2-45ef-9e25-ba9057972da7",
                            "ssh_key_ids.92": "59e22e40-bf99-4d3a-ae05-3eb4d599cabc",
                            "ssh_key_ids.93": "82f1421a-5a62-442c-adbf-6f4534ff96fe",
                            "ssh_key_ids.94": "c0fea396-b8f9-43d0-a453-9bbc868a1d81",
                            "ssh_key_ids.95": "38ee2b4b-653d-494e-b008-abd82461f7f6",
                            "ssh_key_ids.96": "c523b161-3e3b-492c-90f4-253a86aed91f",
                            "ssh_key_ids.97": "892bf2fb-c6b9-459d-bdd0-36d69701a3e6",
                            "ssh_key_ids.98": "6e703847-5229-4bfd-9229-db6df7397e11",
                            "ssh_key_ids.99": "a102ddd7-bee2-4d61-9262-5978a4b91c04",
                            "state": "active",
                            "storage": "",
                            "tags.#": "0",
                            "updated": "2019-04-30T11:10:01Z"
                        },
                        "meta": {},
                        "tainted": false
                    },
                    "deposed": [],
                    "provider": "provider.packet"
                },
                "packet_device.lab_alt.13": {
                    "type": "packet_device",
                    "depends_on": [
                        "packet_device.registry_alt",
                        "packet_ssh_key.default",
                        "tls_private_key.default"
                    ],
                    "primary": {
                        "id": "26de8c91-0fdc-415a-a357-ef56dfab5132",
                        "attributes": {
                            "access_private_ipv4": "10.64.62.13",
                            "access_public_ipv4": "147.75.95.97",
                            "access_public_ipv6": "2604:1380:3000:6c00::d",
                            "always_pxe": "false",
                            "billing_cycle": "hourly",
                            "created": "2019-04-30T11:08:59Z",
                            "facilities.#": "1",
                            "facilities.0": "nrt1",
                            "facility": "nrt1",
                            "hostname": "kayobe-lab-alt-13",
                            "id": "26de8c91-0fdc-415a-a357-ef56dfab5132",
                            "ipxe_script_url": "",
                            "locked": "false",
                            "network.#": "3",
                            "network.0.address": "147.75.95.97",
                            "network.0.cidr": "31",
                            "network.0.family": "4",
                            "network.0.gateway": "147.75.95.96",
                            "network.0.public": "true",
                            "network.1.address": "2604:1380:3000:6c00::d",
                            "network.1.cidr": "127",
                            "network.1.family": "6",
                            "network.1.gateway": "2604:1380:3000:6c00::c",
                            "network.1.public": "true",
                            "network.2.address": "10.64.62.13",
                            "network.2.cidr": "31",
                            "network.2.family": "4",
                            "network.2.gateway": "10.64.62.12",
                            "network.2.public": "false",
                            "network_type": "layer3",
                            "operating_system": "centos_7",
                            "plan": "c1.small.x86",
                            "ports.#": "3",
                            "ports.0.bonded": "true",
                            "ports.0.id": "be669aa1-393f-4473-8a69-1d2af72f65cc",
                            "ports.0.mac": "",
                            "ports.0.name": "bond0",
                            "ports.0.type": "NetworkBondPort",
                            "ports.1.bonded": "true",
                            "ports.1.id": "ad376403-988d-4128-b0a2-d345161da3fa",
                            "ports.1.mac": "ac:1f:6b:92:d4:bc",
                            "ports.1.name": "eth0",
                            "ports.1.type": "NetworkPort",
                            "ports.2.bonded": "true",
                            "ports.2.id": "cca375b1-723f-45ef-bdcf-1f3a3e614b53",
                            "ports.2.mac": "ac:1f:6b:92:d4:bd",
                            "ports.2.name": "eth1",
                            "ports.2.type": "NetworkPort",
                            "project_id": "719d7d4b-08f8-4e9b-ad0d-34707f85160d",
                            "public_ipv4_subnet_size": "31",
                            "root_password": "p07(UT2e@Q",
                            "ssh_key_ids.#": "164",
                            "ssh_key_ids.0": "da199044-80dd-48dd-8d1f-ef76ccb13ab5",
                            "ssh_key_ids.1": "bd192f85-fbeb-4fd3-bca0-7ceb96f91700",
                            "ssh_key_ids.10": "5e0ab35b-4a75-45c1-b679-bc9cb5c9abf8",
                            "ssh_key_ids.100": "842a0495-4b06-4f53-a948-f381d57cb180",
                            "ssh_key_ids.101": "32c2e969-fe1c-4235-a999-2b8abc061991",
                            "ssh_key_ids.102": "491b68d1-1663-490d-a2e0-248b496631f4",
                            "ssh_key_ids.103": "bb056de1-9025-47e5-89a1-2897643e1f6c",
                            "ssh_key_ids.104": "f98a99f8-ff13-4391-b5fc-74983219a225",
                            "ssh_key_ids.105": "f718cdab-a523-45c3-9b01-80dc045be122",
                            "ssh_key_ids.106": "0a7d499d-8d80-45ad-9069-8fbaa6e28ea1",
                            "ssh_key_ids.107": "bb427d7d-ca92-4a98-af84-64d3b43e6325",
                            "ssh_key_ids.108": "34934bed-6b13-4abc-aeb6-1a5a9e994745",
                            "ssh_key_ids.109": "752d99f5-5dcd-437f-99c9-8325bbabcc59",
                            "ssh_key_ids.11": "7d4eca06-2710-49c7-b4bd-efececa7cd54",
                            "ssh_key_ids.110": "0b392f37-4243-4e43-a56c-18208a30acf3",
                            "ssh_key_ids.111": "33fea3c3-2fb4-424a-834c-190bd53b8f0b",
                            "ssh_key_ids.112": "0e3abb85-56d4-4604-a40a-9f3c6548b30b",
                            "ssh_key_ids.113": "65c4bc38-3112-4503-b875-5f583aca6424",
                            "ssh_key_ids.114": "89ef47c1-1576-4b8c-a339-2014155f0802",
                            "ssh_key_ids.115": "a7c4c16b-8163-4d61-8485-5f05eb11f013",
                            "ssh_key_ids.116": "88436004-0436-4df7-8240-bfd128e8d605",
                            "ssh_key_ids.117": "7c7abd45-994d-4754-8220-2c5a404933e8",
                            "ssh_key_ids.118": "912637d1-7b56-481b-bbe4-ccf466e3e161",
                            "ssh_key_ids.119": "984f885d-a618-4416-a934-f1f00d93f989",
                            "ssh_key_ids.12": "aea43942-9250-4cde-81d1-69e468df8ce6",
                            "ssh_key_ids.120": "1689628e-00a8-40e4-a578-9d484d66cc3f",
                            "ssh_key_ids.121": "d0a93463-eb19-4ed4-82a9-3c354374443e",
                            "ssh_key_ids.122": "214e1ebd-afd3-43f9-bcb6-bf6b9693f830",
                            "ssh_key_ids.123": "948d85da-a1a4-45d9-b6bd-e2794c03232d",
                            "ssh_key_ids.124": "7c7abede-0f89-4bae-91f3-c4c856140db8",
                            "ssh_key_ids.125": "0fddd1d0-4fa1-4abb-9bb9-b8381169a715",
                            "ssh_key_ids.126": "b505936c-fca3-4767-9cbe-a5401f97dd95",
                            "ssh_key_ids.127": "68931241-5344-4a8b-884f-4f3a4fc5e231",
                            "ssh_key_ids.128": "c13861b0-d10e-4a0e-a84b-4d0463d54f1a",
                            "ssh_key_ids.129": "b68dcaed-078c-41e2-a647-5aa1acb12154",
                            "ssh_key_ids.13": "895e0d1a-adae-439f-a1a8-a15aa6658c97",
                            "ssh_key_ids.130": "305be502-51dd-41a5-b2b1-b58878e9da15",
                            "ssh_key_ids.131": "e00adc33-e5eb-4b67-b5f9-4bfa68bd2e53",
                            "ssh_key_ids.132": "ee429bfb-8fb3-479b-9c6c-e5579a8bf59d",
                            "ssh_key_ids.133": "93b62667-9821-43c9-9b47-09c72bfc16fe",
                            "ssh_key_ids.134": "f67f7c4b-0050-4c18-be29-03a072b204ba",
                            "ssh_key_ids.135": "b428db77-8a11-40b6-a6f9-bd6321ea796b",
                            "ssh_key_ids.136": "2765be00-4a38-436c-8eb7-74cb7dba92d3",
                            "ssh_key_ids.137": "01097db2-b817-4a41-b016-012c83dad8e4",
                            "ssh_key_ids.138": "9a377e1e-c8ce-40c0-bf81-014cab0fcb7c",
                            "ssh_key_ids.139": "37ffbecc-3536-42d3-8f8b-5235dd97d526",
                            "ssh_key_ids.14": "bc84ed0c-228d-4eb5-97b4-4cd7b6e6a0f9",
                            "ssh_key_ids.140": "27635c6f-e3bd-4403-ae6c-94757f36b601",
                            "ssh_key_ids.141": "f78dd9de-77e6-4386-9014-14258f6ed18c",
                            "ssh_key_ids.142": "0f73341f-b03d-4323-8d59-af7243dbb475",
                            "ssh_key_ids.143": "84eaa0c1-fd1c-4de8-a60c-e91feb89f14b",
                            "ssh_key_ids.144": "09223179-7d28-40a4-b18e-b7ed3e350c6a",
                            "ssh_key_ids.145": "cc001113-bc02-4d7f-af55-366db9132936",
                            "ssh_key_ids.146": "b38f0448-bb97-4309-82f2-d1a5f5df0809",
                            "ssh_key_ids.147": "0a929e59-0bcf-4de1-91d1-01a8cdbc9ef6",
                            "ssh_key_ids.148": "b87eb180-f18b-44a6-bbd5-a49f111d7864",
                            "ssh_key_ids.149": "be99da3d-601c-4466-8dcb-ff1f8a6a19d8",
                            "ssh_key_ids.15": "6389afd1-e142-402d-8a1e-90383fbd3cb0",
                            "ssh_key_ids.150": "e5fd812a-667c-498f-883c-2bd1afddbff3",
                            "ssh_key_ids.151": "3b57956f-a711-40db-9a6f-32487503bea1",
                            "ssh_key_ids.152": "942f8d63-c3ec-4f32-b93a-38b5e0bafd90",
                            "ssh_key_ids.153": "6b50e07d-df2c-44b8-8a9e-65bfab6880a1",
                            "ssh_key_ids.154": "4382d197-ecbb-43d9-a7d6-453c100279b8",
                            "ssh_key_ids.155": "eac5e2ca-acf1-46a6-ae4d-aa12f71af765",
                            "ssh_key_ids.156": "bc4f1745-a5de-45e4-ae82-d7c4988ee1a2",
                            "ssh_key_ids.157": "985ea314-f590-4237-99f5-682a344617d9",
                            "ssh_key_ids.158": "98b939fb-362b-41c8-831a-1f0a2afa400e",
                            "ssh_key_ids.159": "21fecacf-999e-4595-a247-af36a4feb0c1",
                            "ssh_key_ids.16": "9058e9af-1b6a-4c7a-bce1-14dc06529d33",
                            "ssh_key_ids.160": "0c909e8f-7714-43f6-a8a9-fc003c5231a3",
                            "ssh_key_ids.161": "ccb07866-766e-45e2-ae82-a1f1c8cb39c8",
                            "ssh_key_ids.162": "d45fb3b7-af95-4c48-8ad6-e3f3242a5e4a",
                            "ssh_key_ids.163": "25faa130-9a09-4cca-a109-409c7ac309ab",
                            "ssh_key_ids.17": "e58fd2a9-18d8-4cd9-a1a2-f2610ed83a73",
                            "ssh_key_ids.18": "af0fdb13-ba2c-4e19-bcfb-57b1d59ead38",
                            "ssh_key_ids.19": "f7e8e7ed-d248-4e81-9f0a-15ef569fb264",
                            "ssh_key_ids.2": "0873502f-0980-4e42-a0de-5328eb21b1fe",
                            "ssh_key_ids.20": "8ec2af9d-2255-4cc8-a5ae-8dd62262241c",
                            "ssh_key_ids.21": "2111f3a2-9fe6-4992-aa14-1e01bb0501ce",
                            "ssh_key_ids.22": "04d2d40f-d0ae-4862-9537-62a9e43a22cd",
                            "ssh_key_ids.23": "036d46c3-8727-4a00-b59b-7f80443a2afc",
                            "ssh_key_ids.24": "80b28858-2421-41bb-bbea-c4ad4a5db2c9",
                            "ssh_key_ids.25": "3a4e67f8-b12d-43d4-a35d-e5d33a9ccd98",
                            "ssh_key_ids.26": "32a48504-ef65-452f-ae33-d161205c1b11",
                            "ssh_key_ids.27": "85e0e5cf-7e19-42f8-9dc2-da41de539495",
                            "ssh_key_ids.28": "d02bec99-0344-4cf3-bd06-8bad8969b9fe",
                            "ssh_key_ids.29": "f8e3e26a-214b-457a-a7de-0aa31723f04e",
                            "ssh_key_ids.3": "1e4e0e97-aace-4cd9-b258-c8408d502284",
                            "ssh_key_ids.30": "f81c84bc-7f7f-4c1c-bc6b-4aa9ce236151",
                            "ssh_key_ids.31": "a722049c-a416-4fb0-a661-290a0d9cf57b",
                            "ssh_key_ids.32": "36c08ba3-3dc2-45bf-aad5-3f9d6c2f8173",
                            "ssh_key_ids.33": "1776caa4-e965-4891-af1a-427ce73a88e9",
                            "ssh_key_ids.34": "fac2cbbc-70ef-4386-a0e6-df3aa1fe9609",
                            "ssh_key_ids.35": "d6a50bd7-69c4-4c2b-99be-9adbefc6e3dc",
                            "ssh_key_ids.36": "6219b353-d4ec-4ba5-9a40-19304b4fe1af",
                            "ssh_key_ids.37": "950d1f09-7d94-4838-ac25-e2b63fc256f5",
                            "ssh_key_ids.38": "7afc2a1e-7303-47e0-b75a-ed2587d3f340",
                            "ssh_key_ids.39": "5d3e1674-605d-4e29-aa1a-6f97c6273217",
                            "ssh_key_ids.4": "0fb6897c-2f7f-4d0f-9de1-bd279408a7cb",
                            "ssh_key_ids.40": "ee065568-03bb-456e-a1f5-1669939d43cb",
                            "ssh_key_ids.41": "c57fb351-65ce-4427-a1c2-17868b0d1711",
                            "ssh_key_ids.42": "36b25fc3-3971-4f8f-a6f2-fcf9113e4da8",
                            "ssh_key_ids.43": "1dae5119-8c6d-450c-be49-ef323d4ef630",
                            "ssh_key_ids.44": "c79bd893-afa8-4fde-9315-1ac6571a0d64",
                            "ssh_key_ids.45": "659466b5-43b7-47fe-bd6c-b443d3b5df20",
                            "ssh_key_ids.46": "8059f489-7714-4af7-84fc-76869c009378",
                            "ssh_key_ids.47": "9cf77467-cdb7-4dcc-ab9f-4d431712ef3f",
                            "ssh_key_ids.48": "d88db379-9fa2-454f-97a4-8e7718bbb658",
                            "ssh_key_ids.49": "7bf767f0-472a-4977-921e-cf55ded84f1c",
                            "ssh_key_ids.5": "fed60fdf-7e1d-4ffd-af9f-4ac91c2fd430",
                            "ssh_key_ids.50": "13c0308d-5846-46c5-bf46-2fdae2e9c8d7",
                            "ssh_key_ids.51": "f0e74fce-1a0c-4643-8990-f6843728f24f",
                            "ssh_key_ids.52": "ccb63b0c-f9e1-4764-a37e-e4408cccbfac",
                            "ssh_key_ids.53": "116c4f54-560a-4d95-bddc-29632af8a732",
                            "ssh_key_ids.54": "4e49c810-8e76-4ec7-b1c2-1d9e7f829441",
                            "ssh_key_ids.55": "954bd64c-a66b-45fb-900e-04f0b8b18cdf",
                            "ssh_key_ids.56": "a8855483-e011-4d68-86a5-2f530738dd17",
                            "ssh_key_ids.57": "fedb7753-6dba-4aa4-8371-999c6bab70de",
                            "ssh_key_ids.58": "7c41c050-74ad-4aa7-b63b-8c75d9db4051",
                            "ssh_key_ids.59": "3bde399d-1ee1-49ca-acad-8df41956df20",
                            "ssh_key_ids.6": "f6267de9-b50a-4bd8-aac5-51612a403741",
                            "ssh_key_ids.60": "1df0179f-a9af-4c8e-b9bf-5991f6e1b7f0",
                            "ssh_key_ids.61": "d0cce71a-c3ea-4b60-9866-d8f12d749d13",
                            "ssh_key_ids.62": "ec9105b6-bdd2-4bcc-a6ca-00055f55f504",
                            "ssh_key_ids.63": "14c24939-9fd3-4d21-9f11-2557c49a3a9f",
                            "ssh_key_ids.64": "f1b4cad0-7e3f-4574-bc52-6567dd2fd125",
                            "ssh_key_ids.65": "0394ad7e-6265-4478-ae1a-3b5d59a217d5",
                            "ssh_key_ids.66": "e75e4f46-8e6b-4f66-8612-1879bbb96623",
                            "ssh_key_ids.67": "494f995f-069a-4407-bf31-d1e67142f9fd",
                            "ssh_key_ids.68": "a2579e04-6f2e-4488-8e58-c48a0aa7f70b",
                            "ssh_key_ids.69": "0c1be6d5-8b38-4920-94f2-6ddaaa25bb9d",
                            "ssh_key_ids.7": "8c7583d3-2b01-4df4-a946-939962d827f9",
                            "ssh_key_ids.70": "7fb2d14c-11b6-4c52-a9d0-2a4a6113dbab",
                            "ssh_key_ids.71": "9ee4a2b0-3668-411b-af84-07f61d71afa8",
                            "ssh_key_ids.72": "22050c70-4363-4734-8c11-57855494147c",
                            "ssh_key_ids.73": "1a5374e7-ae0b-44e8-8290-a7f9e34c6374",
                            "ssh_key_ids.74": "ec684e16-0a82-4508-af90-88d5c598bd04",
                            "ssh_key_ids.75": "d059cfe2-3215-4686-aeaa-051a5a423d2a",
                            "ssh_key_ids.76": "ccf9952b-afcb-4df1-b002-0c60717e2592",
                            "ssh_key_ids.77": "59b26c30-c0ca-4ac5-ba7f-143efd14f792",
                            "ssh_key_ids.78": "8ad4e695-a082-43c5-ac1b-456964b321c6",
                            "ssh_key_ids.79": "8499c022-65c8-40dd-ab33-d331388ac5d9",
                            "ssh_key_ids.8": "311e499c-5421-42b0-91a7-cdcc1059dfef",
                            "ssh_key_ids.80": "290afd05-1d05-4fd4-a7ac-27be4b92458f",
                            "ssh_key_ids.81": "d7a07953-9e75-465e-9495-775f03018db0",
                            "ssh_key_ids.82": "82bd80ac-b1df-4801-88b7-8b835b78570c",
                            "ssh_key_ids.83": "e82a688a-f07a-480e-a408-199baca463c9",
                            "ssh_key_ids.84": "dc275958-fb33-4a63-a21b-e33d3dfd3a14",
                            "ssh_key_ids.85": "611e233e-835c-4e37-abdd-918842cbe83f",
                            "ssh_key_ids.86": "303a0e97-7dd1-4444-9def-d7ebf932a892",
                            "ssh_key_ids.87": "6e8257dd-b7b9-4f30-b9d1-e7131a4d2121",
                            "ssh_key_ids.88": "f86d606c-d11c-4b10-b0d2-326e3b791cdf",
                            "ssh_key_ids.89": "c33ea9e0-ed31-43ce-8bba-e5e8da4edd83",
                            "ssh_key_ids.9": "bdc5900f-e26d-46fe-8da6-59f9413b4c21",
                            "ssh_key_ids.90": "f63582f2-9d53-487f-a9af-d739e36b07af",
                            "ssh_key_ids.91": "3199b332-bec2-45ef-9e25-ba9057972da7",
                            "ssh_key_ids.92": "59e22e40-bf99-4d3a-ae05-3eb4d599cabc",
                            "ssh_key_ids.93": "82f1421a-5a62-442c-adbf-6f4534ff96fe",
                            "ssh_key_ids.94": "c0fea396-b8f9-43d0-a453-9bbc868a1d81",
                            "ssh_key_ids.95": "38ee2b4b-653d-494e-b008-abd82461f7f6",
                            "ssh_key_ids.96": "c523b161-3e3b-492c-90f4-253a86aed91f",
                            "ssh_key_ids.97": "892bf2fb-c6b9-459d-bdd0-36d69701a3e6",
                            "ssh_key_ids.98": "6e703847-5229-4bfd-9229-db6df7397e11",
                            "ssh_key_ids.99": "a102ddd7-bee2-4d61-9262-5978a4b91c04",
                            "state": "active",
                            "storage": "",
                            "tags.#": "0",
                            "updated": "2019-04-30T11:10:46Z"
                        },
                        "meta": {},
                        "tainted": false
                    },
                    "deposed": [],
                    "provider": "provider.packet"
                },
                "packet_device.lab_alt.14": {
                    "type": "packet_device",
                    "depends_on": [
                        "packet_device.registry_alt",
                        "packet_ssh_key.default",
                        "tls_private_key.default"
                    ],
                    "primary": {
                        "id": "c82dd535-7c54-4e6b-abf1-851b5569b0b9",
                        "attributes": {
                            "access_private_ipv4": "10.64.62.23",
                            "access_public_ipv4": "147.75.94.225",
                            "access_public_ipv6": "2604:1380:3000:6c00::1b",
                            "always_pxe": "false",
                            "billing_cycle": "hourly",
                            "created": "2019-04-30T09:51:39Z",
                            "facilities.#": "1",
                            "facilities.0": "nrt1",
                            "facility": "nrt1",
                            "hostname": "kayobe-lab-alt-14",
                            "id": "c82dd535-7c54-4e6b-abf1-851b5569b0b9",
                            "ipxe_script_url": "",
                            "locked": "false",
                            "network.#": "3",
                            "network.0.address": "147.75.94.225",
                            "network.0.cidr": "31",
                            "network.0.family": "4",
                            "network.0.gateway": "147.75.94.224",
                            "network.0.public": "true",
                            "network.1.address": "2604:1380:3000:6c00::1b",
                            "network.1.cidr": "127",
                            "network.1.family": "6",
                            "network.1.gateway": "2604:1380:3000:6c00::1a",
                            "network.1.public": "true",
                            "network.2.address": "10.64.62.23",
                            "network.2.cidr": "31",
                            "network.2.family": "4",
                            "network.2.gateway": "10.64.62.22",
                            "network.2.public": "false",
                            "network_type": "layer3",
                            "operating_system": "centos_7",
                            "plan": "c1.small.x86",
                            "ports.#": "3",
                            "ports.0.bonded": "true",
                            "ports.0.id": "944d9aca-0c01-480d-a080-36d14fca58ab",
                            "ports.0.mac": "",
                            "ports.0.name": "bond0",
                            "ports.0.type": "NetworkBondPort",
                            "ports.1.bonded": "true",
                            "ports.1.id": "b94b3f2b-67e4-42ae-bb4d-afeb13bd2c69",
                            "ports.1.mac": "0c:c4:7a:b2:9f:0c",
                            "ports.1.name": "eth0",
                            "ports.1.type": "NetworkPort",
                            "ports.2.bonded": "true",
                            "ports.2.id": "a11f0b4c-33f0-4812-9ad0-cba49cf9180e",
                            "ports.2.mac": "0c:c4:7a:b2:9f:0d",
                            "ports.2.name": "eth1",
                            "ports.2.type": "NetworkPort",
                            "project_id": "719d7d4b-08f8-4e9b-ad0d-34707f85160d",
                            "public_ipv4_subnet_size": "31",
                            "root_password": "Sc31T*Rj3w",
                            "ssh_key_ids.#": "164",
                            "ssh_key_ids.0": "bd192f85-fbeb-4fd3-bca0-7ceb96f91700",
                            "ssh_key_ids.1": "da199044-80dd-48dd-8d1f-ef76ccb13ab5",
                            "ssh_key_ids.10": "68931241-5344-4a8b-884f-4f3a4fc5e231",
                            "ssh_key_ids.100": "0873502f-0980-4e42-a0de-5328eb21b1fe",
                            "ssh_key_ids.101": "cc001113-bc02-4d7f-af55-366db9132936",
                            "ssh_key_ids.102": "f81c84bc-7f7f-4c1c-bc6b-4aa9ce236151",
                            "ssh_key_ids.103": "895e0d1a-adae-439f-a1a8-a15aa6658c97",
                            "ssh_key_ids.104": "f718cdab-a523-45c3-9b01-80dc045be122",
                            "ssh_key_ids.105": "f78dd9de-77e6-4386-9014-14258f6ed18c",
                            "ssh_key_ids.106": "5d3e1674-605d-4e29-aa1a-6f97c6273217",
                            "ssh_key_ids.107": "c57fb351-65ce-4427-a1c2-17868b0d1711",
                            "ssh_key_ids.108": "5e0ab35b-4a75-45c1-b679-bc9cb5c9abf8",
                            "ssh_key_ids.109": "311e499c-5421-42b0-91a7-cdcc1059dfef",
                            "ssh_key_ids.11": "7d4eca06-2710-49c7-b4bd-efececa7cd54",
                            "ssh_key_ids.110": "948d85da-a1a4-45d9-b6bd-e2794c03232d",
                            "ssh_key_ids.111": "38ee2b4b-653d-494e-b008-abd82461f7f6",
                            "ssh_key_ids.112": "f63582f2-9d53-487f-a9af-d739e36b07af",
                            "ssh_key_ids.113": "0c1be6d5-8b38-4920-94f2-6ddaaa25bb9d",
                            "ssh_key_ids.114": "a2579e04-6f2e-4488-8e58-c48a0aa7f70b",
                            "ssh_key_ids.115": "f1b4cad0-7e3f-4574-bc52-6567dd2fd125",
                            "ssh_key_ids.116": "d0a93463-eb19-4ed4-82a9-3c354374443e",
                            "ssh_key_ids.117": "d88db379-9fa2-454f-97a4-8e7718bbb658",
                            "ssh_key_ids.118": "4e49c810-8e76-4ec7-b1c2-1d9e7f829441",
                            "ssh_key_ids.119": "b505936c-fca3-4767-9cbe-a5401f97dd95",
                            "ssh_key_ids.12": "0fddd1d0-4fa1-4abb-9bb9-b8381169a715",
                            "ssh_key_ids.120": "ee065568-03bb-456e-a1f5-1669939d43cb",
                            "ssh_key_ids.121": "1dae5119-8c6d-450c-be49-ef323d4ef630",
                            "ssh_key_ids.122": "c79bd893-afa8-4fde-9315-1ac6571a0d64",
                            "ssh_key_ids.123": "116c4f54-560a-4d95-bddc-29632af8a732",
                            "ssh_key_ids.124": "36c08ba3-3dc2-45bf-aad5-3f9d6c2f8173",
                            "ssh_key_ids.125": "fac2cbbc-70ef-4386-a0e6-df3aa1fe9609",
                            "ssh_key_ids.126": "2111f3a2-9fe6-4992-aa14-1e01bb0501ce",
                            "ssh_key_ids.127": "7afc2a1e-7303-47e0-b75a-ed2587d3f340",
                            "ssh_key_ids.128": "14c24939-9fd3-4d21-9f11-2557c49a3a9f",
                            "ssh_key_ids.129": "36b25fc3-3971-4f8f-a6f2-fcf9113e4da8",
                            "ssh_key_ids.13": "bdc5900f-e26d-46fe-8da6-59f9413b4c21",
                            "ssh_key_ids.130": "f67f7c4b-0050-4c18-be29-03a072b204ba",
                            "ssh_key_ids.131": "ee429bfb-8fb3-479b-9c6c-e5579a8bf59d",
                            "ssh_key_ids.132": "93b62667-9821-43c9-9b47-09c72bfc16fe",
                            "ssh_key_ids.133": "37ffbecc-3536-42d3-8f8b-5235dd97d526",
                            "ssh_key_ids.134": "8ec2af9d-2255-4cc8-a5ae-8dd62262241c",
                            "ssh_key_ids.135": "09223179-7d28-40a4-b18e-b7ed3e350c6a",
                            "ssh_key_ids.136": "f7e8e7ed-d248-4e81-9f0a-15ef569fb264",
                            "ssh_key_ids.137": "0e3abb85-56d4-4604-a40a-9f3c6548b30b",
                            "ssh_key_ids.138": "0f73341f-b03d-4323-8d59-af7243dbb475",
                            "ssh_key_ids.139": "84eaa0c1-fd1c-4de8-a60c-e91feb89f14b",
                            "ssh_key_ids.14": "7c7abede-0f89-4bae-91f3-c4c856140db8",
                            "ssh_key_ids.140": "9a377e1e-c8ce-40c0-bf81-014cab0fcb7c",
                            "ssh_key_ids.141": "305be502-51dd-41a5-b2b1-b58878e9da15",
                            "ssh_key_ids.142": "af0fdb13-ba2c-4e19-bcfb-57b1d59ead38",
                            "ssh_key_ids.143": "88436004-0436-4df7-8240-bfd128e8d605",
                            "ssh_key_ids.144": "9cf77467-cdb7-4dcc-ab9f-4d431712ef3f",
                            "ssh_key_ids.145": "b428db77-8a11-40b6-a6f9-bd6321ea796b",
                            "ssh_key_ids.146": "3b57956f-a711-40db-9a6f-32487503bea1",
                            "ssh_key_ids.147": "e5fd812a-667c-498f-883c-2bd1afddbff3",
                            "ssh_key_ids.148": "be99da3d-601c-4466-8dcb-ff1f8a6a19d8",
                            "ssh_key_ids.149": "b87eb180-f18b-44a6-bbd5-a49f111d7864",
                            "ssh_key_ids.15": "214e1ebd-afd3-43f9-bcb6-bf6b9693f830",
                            "ssh_key_ids.150": "0a929e59-0bcf-4de1-91d1-01a8cdbc9ef6",
                            "ssh_key_ids.151": "4382d197-ecbb-43d9-a7d6-453c100279b8",
                            "ssh_key_ids.152": "6b50e07d-df2c-44b8-8a9e-65bfab6880a1",
                            "ssh_key_ids.153": "eac5e2ca-acf1-46a6-ae4d-aa12f71af765",
                            "ssh_key_ids.154": "b38f0448-bb97-4309-82f2-d1a5f5df0809",
                            "ssh_key_ids.155": "942f8d63-c3ec-4f32-b93a-38b5e0bafd90",
                            "ssh_key_ids.156": "bc4f1745-a5de-45e4-ae82-d7c4988ee1a2",
                            "ssh_key_ids.157": "985ea314-f590-4237-99f5-682a344617d9",
                            "ssh_key_ids.158": "98b939fb-362b-41c8-831a-1f0a2afa400e",
                            "ssh_key_ids.159": "21fecacf-999e-4595-a247-af36a4feb0c1",
                            "ssh_key_ids.16": "8c7583d3-2b01-4df4-a946-939962d827f9",
                            "ssh_key_ids.160": "0c909e8f-7714-43f6-a8a9-fc003c5231a3",
                            "ssh_key_ids.161": "ccb07866-766e-45e2-ae82-a1f1c8cb39c8",
                            "ssh_key_ids.162": "d45fb3b7-af95-4c48-8ad6-e3f3242a5e4a",
                            "ssh_key_ids.163": "25faa130-9a09-4cca-a109-409c7ac309ab",
                            "ssh_key_ids.17": "f6267de9-b50a-4bd8-aac5-51612a403741",
                            "ssh_key_ids.18": "33fea3c3-2fb4-424a-834c-190bd53b8f0b",
                            "ssh_key_ids.19": "fed60fdf-7e1d-4ffd-af9f-4ac91c2fd430",
                            "ssh_key_ids.2": "6e703847-5229-4bfd-9229-db6df7397e11",
                            "ssh_key_ids.20": "7c7abd45-994d-4754-8220-2c5a404933e8",
                            "ssh_key_ids.21": "89ef47c1-1576-4b8c-a339-2014155f0802",
                            "ssh_key_ids.22": "1689628e-00a8-40e4-a578-9d484d66cc3f",
                            "ssh_key_ids.23": "f86d606c-d11c-4b10-b0d2-326e3b791cdf",
                            "ssh_key_ids.24": "494f995f-069a-4407-bf31-d1e67142f9fd",
                            "ssh_key_ids.25": "3bde399d-1ee1-49ca-acad-8df41956df20",
                            "ssh_key_ids.26": "1e4e0e97-aace-4cd9-b258-c8408d502284",
                            "ssh_key_ids.27": "7c41c050-74ad-4aa7-b63b-8c75d9db4051",
                            "ssh_key_ids.28": "fedb7753-6dba-4aa4-8371-999c6bab70de",
                            "ssh_key_ids.29": "a8855483-e011-4d68-86a5-2f530738dd17",
                            "ssh_key_ids.3": "32c2e969-fe1c-4235-a999-2b8abc061991",
                            "ssh_key_ids.30": "954bd64c-a66b-45fb-900e-04f0b8b18cdf",
                            "ssh_key_ids.31": "2765be00-4a38-436c-8eb7-74cb7dba92d3",
                            "ssh_key_ids.32": "e58fd2a9-18d8-4cd9-a1a2-f2610ed83a73",
                            "ssh_key_ids.33": "9058e9af-1b6a-4c7a-bce1-14dc06529d33",
                            "ssh_key_ids.34": "6389afd1-e142-402d-8a1e-90383fbd3cb0",
                            "ssh_key_ids.35": "752d99f5-5dcd-437f-99c9-8325bbabcc59",
                            "ssh_key_ids.36": "611e233e-835c-4e37-abdd-918842cbe83f",
                            "ssh_key_ids.37": "ec9105b6-bdd2-4bcc-a6ca-00055f55f504",
                            "ssh_key_ids.38": "01097db2-b817-4a41-b016-012c83dad8e4",
                            "ssh_key_ids.39": "dc275958-fb33-4a63-a21b-e33d3dfd3a14",
                            "ssh_key_ids.4": "659466b5-43b7-47fe-bd6c-b443d3b5df20",
                            "ssh_key_ids.40": "e82a688a-f07a-480e-a408-199baca463c9",
                            "ssh_key_ids.41": "a7c4c16b-8163-4d61-8485-5f05eb11f013",
                            "ssh_key_ids.42": "d7a07953-9e75-465e-9495-775f03018db0",
                            "ssh_key_ids.43": "290afd05-1d05-4fd4-a7ac-27be4b92458f",
                            "ssh_key_ids.44": "8499c022-65c8-40dd-ab33-d331388ac5d9",
                            "ssh_key_ids.45": "8ad4e695-a082-43c5-ac1b-456964b321c6",
                            "ssh_key_ids.46": "59b26c30-c0ca-4ac5-ba7f-143efd14f792",
                            "ssh_key_ids.47": "6219b353-d4ec-4ba5-9a40-19304b4fe1af",
                            "ssh_key_ids.48": "ccf9952b-afcb-4df1-b002-0c60717e2592",
                            "ssh_key_ids.49": "d059cfe2-3215-4686-aeaa-051a5a423d2a",
                            "ssh_key_ids.5": "8059f489-7714-4af7-84fc-76869c009378",
                            "ssh_key_ids.50": "82bd80ac-b1df-4801-88b7-8b835b78570c",
                            "ssh_key_ids.51": "c0fea396-b8f9-43d0-a453-9bbc868a1d81",
                            "ssh_key_ids.52": "82f1421a-5a62-442c-adbf-6f4534ff96fe",
                            "ssh_key_ids.53": "59e22e40-bf99-4d3a-ae05-3eb4d599cabc",
                            "ssh_key_ids.54": "ec684e16-0a82-4508-af90-88d5c598bd04",
                            "ssh_key_ids.55": "1a5374e7-ae0b-44e8-8290-a7f9e34c6374",
                            "ssh_key_ids.56": "22050c70-4363-4734-8c11-57855494147c",
                            "ssh_key_ids.57": "9ee4a2b0-3668-411b-af84-07f61d71afa8",
                            "ssh_key_ids.58": "85e0e5cf-7e19-42f8-9dc2-da41de539495",
                            "ssh_key_ids.59": "32a48504-ef65-452f-ae33-d161205c1b11",
                            "ssh_key_ids.6": "f98a99f8-ff13-4391-b5fc-74983219a225",
                            "ssh_key_ids.60": "3a4e67f8-b12d-43d4-a35d-e5d33a9ccd98",
                            "ssh_key_ids.61": "80b28858-2421-41bb-bbea-c4ad4a5db2c9",
                            "ssh_key_ids.62": "036d46c3-8727-4a00-b59b-7f80443a2afc",
                            "ssh_key_ids.63": "04d2d40f-d0ae-4862-9537-62a9e43a22cd",
                            "ssh_key_ids.64": "c33ea9e0-ed31-43ce-8bba-e5e8da4edd83",
                            "ssh_key_ids.65": "6e8257dd-b7b9-4f30-b9d1-e7131a4d2121",
                            "ssh_key_ids.66": "ccb63b0c-f9e1-4764-a37e-e4408cccbfac",
                            "ssh_key_ids.67": "65c4bc38-3112-4503-b875-5f583aca6424",
                            "ssh_key_ids.68": "912637d1-7b56-481b-bbe4-ccf466e3e161",
                            "ssh_key_ids.69": "f0e74fce-1a0c-4643-8990-f6843728f24f",
                            "ssh_key_ids.7": "0b392f37-4243-4e43-a56c-18208a30acf3",
                            "ssh_key_ids.70": "34934bed-6b13-4abc-aeb6-1a5a9e994745",
                            "ssh_key_ids.71": "3199b332-bec2-45ef-9e25-ba9057972da7",
                            "ssh_key_ids.72": "303a0e97-7dd1-4444-9def-d7ebf932a892",
                            "ssh_key_ids.73": "7bf767f0-472a-4977-921e-cf55ded84f1c",
                            "ssh_key_ids.74": "7fb2d14c-11b6-4c52-a9d0-2a4a6113dbab",
                            "ssh_key_ids.75": "27635c6f-e3bd-4403-ae6c-94757f36b601",
                            "ssh_key_ids.76": "bc84ed0c-228d-4eb5-97b4-4cd7b6e6a0f9",
                            "ssh_key_ids.77": "f8e3e26a-214b-457a-a7de-0aa31723f04e",
                            "ssh_key_ids.78": "d0cce71a-c3ea-4b60-9866-d8f12d749d13",
                            "ssh_key_ids.79": "1df0179f-a9af-4c8e-b9bf-5991f6e1b7f0",
                            "ssh_key_ids.8": "0394ad7e-6265-4478-ae1a-3b5d59a217d5",
                            "ssh_key_ids.80": "d6a50bd7-69c4-4c2b-99be-9adbefc6e3dc",
                            "ssh_key_ids.81": "950d1f09-7d94-4838-ac25-e2b63fc256f5",
                            "ssh_key_ids.82": "d02bec99-0344-4cf3-bd06-8bad8969b9fe",
                            "ssh_key_ids.83": "e75e4f46-8e6b-4f66-8612-1879bbb96623",
                            "ssh_key_ids.84": "0a7d499d-8d80-45ad-9069-8fbaa6e28ea1",
                            "ssh_key_ids.85": "e00adc33-e5eb-4b67-b5f9-4bfa68bd2e53",
                            "ssh_key_ids.86": "bb427d7d-ca92-4a98-af84-64d3b43e6325",
                            "ssh_key_ids.87": "c523b161-3e3b-492c-90f4-253a86aed91f",
                            "ssh_key_ids.88": "892bf2fb-c6b9-459d-bdd0-36d69701a3e6",
                            "ssh_key_ids.89": "13c0308d-5846-46c5-bf46-2fdae2e9c8d7",
                            "ssh_key_ids.9": "aea43942-9250-4cde-81d1-69e468df8ce6",
                            "ssh_key_ids.90": "a102ddd7-bee2-4d61-9262-5978a4b91c04",
                            "ssh_key_ids.91": "842a0495-4b06-4f53-a948-f381d57cb180",
                            "ssh_key_ids.92": "491b68d1-1663-490d-a2e0-248b496631f4",
                            "ssh_key_ids.93": "bb056de1-9025-47e5-89a1-2897643e1f6c",
                            "ssh_key_ids.94": "b68dcaed-078c-41e2-a647-5aa1acb12154",
                            "ssh_key_ids.95": "984f885d-a618-4416-a934-f1f00d93f989",
                            "ssh_key_ids.96": "a722049c-a416-4fb0-a661-290a0d9cf57b",
                            "ssh_key_ids.97": "c13861b0-d10e-4a0e-a84b-4d0463d54f1a",
                            "ssh_key_ids.98": "0fb6897c-2f7f-4d0f-9de1-bd279408a7cb",
                            "ssh_key_ids.99": "1776caa4-e965-4891-af1a-427ce73a88e9",
                            "state": "active",
                            "storage": "",
                            "tags.#": "0",
                            "updated": "2019-04-30T09:54:02Z"
                        },
                        "meta": {},
                        "tainted": false
                    },
                    "deposed": [],
                    "provider": "provider.packet"
                },
                "packet_device.lab_alt.15": {
                    "type": "packet_device",
                    "depends_on": [
                        "packet_device.registry_alt",
                        "packet_ssh_key.default",
                        "tls_private_key.default"
                    ],
                    "primary": {
                        "id": "18877901-fc3a-4693-a1bb-26ec5df32154",
                        "attributes": {
                            "access_private_ipv4": "10.64.62.49",
                            "access_public_ipv4": "147.75.95.35",
                            "access_public_ipv6": "2604:1380:3000:6c00::31",
                            "always_pxe": "false",
                            "billing_cycle": "hourly",
                            "created": "2019-04-30T09:51:53Z",
                            "facilities.#": "1",
                            "facilities.0": "nrt1",
                            "facility": "nrt1",
                            "hostname": "kayobe-lab-alt-15",
                            "id": "18877901-fc3a-4693-a1bb-26ec5df32154",
                            "ipxe_script_url": "",
                            "locked": "false",
                            "network.#": "3",
                            "network.0.address": "147.75.95.35",
                            "network.0.cidr": "31",
                            "network.0.family": "4",
                            "network.0.gateway": "147.75.95.34",
                            "network.0.public": "true",
                            "network.1.address": "2604:1380:3000:6c00::31",
                            "network.1.cidr": "127",
                            "network.1.family": "6",
                            "network.1.gateway": "2604:1380:3000:6c00::30",
                            "network.1.public": "true",
                            "network.2.address": "10.64.62.49",
                            "network.2.cidr": "31",
                            "network.2.family": "4",
                            "network.2.gateway": "10.64.62.48",
                            "network.2.public": "false",
                            "network_type": "layer3",
                            "operating_system": "centos_7",
                            "plan": "c1.small.x86",
                            "ports.#": "3",
                            "ports.0.bonded": "true",
                            "ports.0.id": "67d2e533-3a16-4606-9550-2ed9e5e40395",
                            "ports.0.mac": "",
                            "ports.0.name": "bond0",
                            "ports.0.type": "NetworkBondPort",
                            "ports.1.bonded": "true",
                            "ports.1.id": "a24223d9-baae-4d1d-a1d7-628be329e0fc",
                            "ports.1.mac": "ac:1f:6b:82:e4:a0",
                            "ports.1.name": "eth0",
                            "ports.1.type": "NetworkPort",
                            "ports.2.bonded": "true",
                            "ports.2.id": "b11c54f1-1a13-4d65-a17e-2ba9d0728feb",
                            "ports.2.mac": "ac:1f:6b:82:e4:a1",
                            "ports.2.name": "eth1",
                            "ports.2.type": "NetworkPort",
                            "project_id": "719d7d4b-08f8-4e9b-ad0d-34707f85160d",
                            "public_ipv4_subnet_size": "31",
                            "root_password": "fBb=R5Q9^8",
                            "ssh_key_ids.#": "164",
                            "ssh_key_ids.0": "bd192f85-fbeb-4fd3-bca0-7ceb96f91700",
                            "ssh_key_ids.1": "da199044-80dd-48dd-8d1f-ef76ccb13ab5",
                            "ssh_key_ids.10": "32a48504-ef65-452f-ae33-d161205c1b11",
                            "ssh_key_ids.100": "e82a688a-f07a-480e-a408-199baca463c9",
                            "ssh_key_ids.101": "948d85da-a1a4-45d9-b6bd-e2794c03232d",
                            "ssh_key_ids.102": "214e1ebd-afd3-43f9-bcb6-bf6b9693f830",
                            "ssh_key_ids.103": "8c7583d3-2b01-4df4-a946-939962d827f9",
                            "ssh_key_ids.104": "f6267de9-b50a-4bd8-aac5-51612a403741",
                            "ssh_key_ids.105": "fed60fdf-7e1d-4ffd-af9f-4ac91c2fd430",
                            "ssh_key_ids.106": "89ef47c1-1576-4b8c-a339-2014155f0802",
                            "ssh_key_ids.107": "1689628e-00a8-40e4-a578-9d484d66cc3f",
                            "ssh_key_ids.108": "38ee2b4b-653d-494e-b008-abd82461f7f6",
                            "ssh_key_ids.109": "a7c4c16b-8163-4d61-8485-5f05eb11f013",
                            "ssh_key_ids.11": "8499c022-65c8-40dd-ab33-d331388ac5d9",
                            "ssh_key_ids.110": "d7a07953-9e75-465e-9495-775f03018db0",
                            "ssh_key_ids.111": "290afd05-1d05-4fd4-a7ac-27be4b92458f",
                            "ssh_key_ids.112": "f63582f2-9d53-487f-a9af-d739e36b07af",
                            "ssh_key_ids.113": "f86d606c-d11c-4b10-b0d2-326e3b791cdf",
                            "ssh_key_ids.114": "7afc2a1e-7303-47e0-b75a-ed2587d3f340",
                            "ssh_key_ids.115": "0c1be6d5-8b38-4920-94f2-6ddaaa25bb9d",
                            "ssh_key_ids.116": "a2579e04-6f2e-4488-8e58-c48a0aa7f70b",
                            "ssh_key_ids.117": "f1b4cad0-7e3f-4574-bc52-6567dd2fd125",
                            "ssh_key_ids.118": "494f995f-069a-4407-bf31-d1e67142f9fd",
                            "ssh_key_ids.119": "3bde399d-1ee1-49ca-acad-8df41956df20",
                            "ssh_key_ids.12": "8ad4e695-a082-43c5-ac1b-456964b321c6",
                            "ssh_key_ids.120": "0fb6897c-2f7f-4d0f-9de1-bd279408a7cb",
                            "ssh_key_ids.121": "1e4e0e97-aace-4cd9-b258-c8408d502284",
                            "ssh_key_ids.122": "c0fea396-b8f9-43d0-a453-9bbc868a1d81",
                            "ssh_key_ids.123": "7c41c050-74ad-4aa7-b63b-8c75d9db4051",
                            "ssh_key_ids.124": "fedb7753-6dba-4aa4-8371-999c6bab70de",
                            "ssh_key_ids.125": "a8855483-e011-4d68-86a5-2f530738dd17",
                            "ssh_key_ids.126": "954bd64c-a66b-45fb-900e-04f0b8b18cdf",
                            "ssh_key_ids.127": "6219b353-d4ec-4ba5-9a40-19304b4fe1af",
                            "ssh_key_ids.128": "4e49c810-8e76-4ec7-b1c2-1d9e7f829441",
                            "ssh_key_ids.129": "ec9105b6-bdd2-4bcc-a6ca-00055f55f504",
                            "ssh_key_ids.13": "9a377e1e-c8ce-40c0-bf81-014cab0fcb7c",
                            "ssh_key_ids.130": "611e233e-835c-4e37-abdd-918842cbe83f",
                            "ssh_key_ids.131": "6389afd1-e142-402d-8a1e-90383fbd3cb0",
                            "ssh_key_ids.132": "9058e9af-1b6a-4c7a-bce1-14dc06529d33",
                            "ssh_key_ids.133": "82f1421a-5a62-442c-adbf-6f4534ff96fe",
                            "ssh_key_ids.134": "59e22e40-bf99-4d3a-ae05-3eb4d599cabc",
                            "ssh_key_ids.135": "ec684e16-0a82-4508-af90-88d5c598bd04",
                            "ssh_key_ids.136": "1a5374e7-ae0b-44e8-8290-a7f9e34c6374",
                            "ssh_key_ids.137": "e58fd2a9-18d8-4cd9-a1a2-f2610ed83a73",
                            "ssh_key_ids.138": "2765be00-4a38-436c-8eb7-74cb7dba92d3",
                            "ssh_key_ids.139": "9ee4a2b0-3668-411b-af84-07f61d71afa8",
                            "ssh_key_ids.14": "84eaa0c1-fd1c-4de8-a60c-e91feb89f14b",
                            "ssh_key_ids.140": "85e0e5cf-7e19-42f8-9dc2-da41de539495",
                            "ssh_key_ids.141": "f98a99f8-ff13-4391-b5fc-74983219a225",
                            "ssh_key_ids.142": "f67f7c4b-0050-4c18-be29-03a072b204ba",
                            "ssh_key_ids.143": "bb427d7d-ca92-4a98-af84-64d3b43e6325",
                            "ssh_key_ids.144": "d88db379-9fa2-454f-97a4-8e7718bbb658",
                            "ssh_key_ids.145": "22050c70-4363-4734-8c11-57855494147c",
                            "ssh_key_ids.146": "b38f0448-bb97-4309-82f2-d1a5f5df0809",
                            "ssh_key_ids.147": "b87eb180-f18b-44a6-bbd5-a49f111d7864",
                            "ssh_key_ids.148": "be99da3d-601c-4466-8dcb-ff1f8a6a19d8",
                            "ssh_key_ids.149": "942f8d63-c3ec-4f32-b93a-38b5e0bafd90",
                            "ssh_key_ids.15": "59b26c30-c0ca-4ac5-ba7f-143efd14f792",
                            "ssh_key_ids.150": "3b57956f-a711-40db-9a6f-32487503bea1",
                            "ssh_key_ids.151": "e5fd812a-667c-498f-883c-2bd1afddbff3",
                            "ssh_key_ids.152": "eac5e2ca-acf1-46a6-ae4d-aa12f71af765",
                            "ssh_key_ids.153": "4382d197-ecbb-43d9-a7d6-453c100279b8",
                            "ssh_key_ids.154": "6b50e07d-df2c-44b8-8a9e-65bfab6880a1",
                            "ssh_key_ids.155": "0a929e59-0bcf-4de1-91d1-01a8cdbc9ef6",
                            "ssh_key_ids.156": "bc4f1745-a5de-45e4-ae82-d7c4988ee1a2",
                            "ssh_key_ids.157": "985ea314-f590-4237-99f5-682a344617d9",
                            "ssh_key_ids.158": "98b939fb-362b-41c8-831a-1f0a2afa400e",
                            "ssh_key_ids.159": "21fecacf-999e-4595-a247-af36a4feb0c1",
                            "ssh_key_ids.16": "d059cfe2-3215-4686-aeaa-051a5a423d2a",
                            "ssh_key_ids.160": "0c909e8f-7714-43f6-a8a9-fc003c5231a3",
                            "ssh_key_ids.161": "ccb07866-766e-45e2-ae82-a1f1c8cb39c8",
                            "ssh_key_ids.162": "d45fb3b7-af95-4c48-8ad6-e3f3242a5e4a",
                            "ssh_key_ids.163": "25faa130-9a09-4cca-a109-409c7ac309ab",
                            "ssh_key_ids.17": "0f73341f-b03d-4323-8d59-af7243dbb475",
                            "ssh_key_ids.18": "0e3abb85-56d4-4604-a40a-9f3c6548b30b",
                            "ssh_key_ids.19": "82bd80ac-b1df-4801-88b7-8b835b78570c",
                            "ssh_key_ids.2": "6e703847-5229-4bfd-9229-db6df7397e11",
                            "ssh_key_ids.20": "d0a93463-eb19-4ed4-82a9-3c354374443e",
                            "ssh_key_ids.21": "f7e8e7ed-d248-4e81-9f0a-15ef569fb264",
                            "ssh_key_ids.22": "ccf9952b-afcb-4df1-b002-0c60717e2592",
                            "ssh_key_ids.23": "c13861b0-d10e-4a0e-a84b-4d0463d54f1a",
                            "ssh_key_ids.24": "e00adc33-e5eb-4b67-b5f9-4bfa68bd2e53",
                            "ssh_key_ids.25": "cc001113-bc02-4d7f-af55-366db9132936",
                            "ssh_key_ids.26": "0873502f-0980-4e42-a0de-5328eb21b1fe",
                            "ssh_key_ids.27": "09223179-7d28-40a4-b18e-b7ed3e350c6a",
                            "ssh_key_ids.28": "3a4e67f8-b12d-43d4-a35d-e5d33a9ccd98",
                            "ssh_key_ids.29": "9cf77467-cdb7-4dcc-ab9f-4d431712ef3f",
                            "ssh_key_ids.3": "659466b5-43b7-47fe-bd6c-b443d3b5df20",
                            "ssh_key_ids.30": "80b28858-2421-41bb-bbea-c4ad4a5db2c9",
                            "ssh_key_ids.31": "036d46c3-8727-4a00-b59b-7f80443a2afc",
                            "ssh_key_ids.32": "04d2d40f-d0ae-4862-9537-62a9e43a22cd",
                            "ssh_key_ids.33": "c33ea9e0-ed31-43ce-8bba-e5e8da4edd83",
                            "ssh_key_ids.34": "6e8257dd-b7b9-4f30-b9d1-e7131a4d2121",
                            "ssh_key_ids.35": "2111f3a2-9fe6-4992-aa14-1e01bb0501ce",
                            "ssh_key_ids.36": "c79bd893-afa8-4fde-9315-1ac6571a0d64",
                            "ssh_key_ids.37": "1dae5119-8c6d-450c-be49-ef323d4ef630",
                            "ssh_key_ids.38": "ee065568-03bb-456e-a1f5-1669939d43cb",
                            "ssh_key_ids.39": "b505936c-fca3-4767-9cbe-a5401f97dd95",
                            "ssh_key_ids.4": "8059f489-7714-4af7-84fc-76869c009378",
                            "ssh_key_ids.40": "895e0d1a-adae-439f-a1a8-a15aa6658c97",
                            "ssh_key_ids.41": "984f885d-a618-4416-a934-f1f00d93f989",
                            "ssh_key_ids.42": "65c4bc38-3112-4503-b875-5f583aca6424",
                            "ssh_key_ids.43": "912637d1-7b56-481b-bbe4-ccf466e3e161",
                            "ssh_key_ids.44": "f0e74fce-1a0c-4643-8990-f6843728f24f",
                            "ssh_key_ids.45": "34934bed-6b13-4abc-aeb6-1a5a9e994745",
                            "ssh_key_ids.46": "b428db77-8a11-40b6-a6f9-bd6321ea796b",
                            "ssh_key_ids.47": "b68dcaed-078c-41e2-a647-5aa1acb12154",
                            "ssh_key_ids.48": "bb056de1-9025-47e5-89a1-2897643e1f6c",
                            "ssh_key_ids.49": "491b68d1-1663-490d-a2e0-248b496631f4",
                            "ssh_key_ids.5": "0b392f37-4243-4e43-a56c-18208a30acf3",
                            "ssh_key_ids.50": "842a0495-4b06-4f53-a948-f381d57cb180",
                            "ssh_key_ids.51": "a102ddd7-bee2-4d61-9262-5978a4b91c04",
                            "ssh_key_ids.52": "13c0308d-5846-46c5-bf46-2fdae2e9c8d7",
                            "ssh_key_ids.53": "892bf2fb-c6b9-459d-bdd0-36d69701a3e6",
                            "ssh_key_ids.54": "c523b161-3e3b-492c-90f4-253a86aed91f",
                            "ssh_key_ids.55": "36b25fc3-3971-4f8f-a6f2-fcf9113e4da8",
                            "ssh_key_ids.56": "0a7d499d-8d80-45ad-9069-8fbaa6e28ea1",
                            "ssh_key_ids.57": "3199b332-bec2-45ef-9e25-ba9057972da7",
                            "ssh_key_ids.58": "303a0e97-7dd1-4444-9def-d7ebf932a892",
                            "ssh_key_ids.59": "7bf767f0-472a-4977-921e-cf55ded84f1c",
                            "ssh_key_ids.6": "0394ad7e-6265-4478-ae1a-3b5d59a217d5",
                            "ssh_key_ids.60": "7fb2d14c-11b6-4c52-a9d0-2a4a6113dbab",
                            "ssh_key_ids.61": "27635c6f-e3bd-4403-ae6c-94757f36b601",
                            "ssh_key_ids.62": "bc84ed0c-228d-4eb5-97b4-4cd7b6e6a0f9",
                            "ssh_key_ids.63": "e75e4f46-8e6b-4f66-8612-1879bbb96623",
                            "ssh_key_ids.64": "32c2e969-fe1c-4235-a999-2b8abc061991",
                            "ssh_key_ids.65": "f78dd9de-77e6-4386-9014-14258f6ed18c",
                            "ssh_key_ids.66": "f718cdab-a523-45c3-9b01-80dc045be122",
                            "ssh_key_ids.67": "aea43942-9250-4cde-81d1-69e468df8ce6",
                            "ssh_key_ids.68": "f8e3e26a-214b-457a-a7de-0aa31723f04e",
                            "ssh_key_ids.69": "d02bec99-0344-4cf3-bd06-8bad8969b9fe",
                            "ssh_key_ids.7": "0fddd1d0-4fa1-4abb-9bb9-b8381169a715",
                            "ssh_key_ids.70": "d0cce71a-c3ea-4b60-9866-d8f12d749d13",
                            "ssh_key_ids.71": "950d1f09-7d94-4838-ac25-e2b63fc256f5",
                            "ssh_key_ids.72": "1df0179f-a9af-4c8e-b9bf-5991f6e1b7f0",
                            "ssh_key_ids.73": "d6a50bd7-69c4-4c2b-99be-9adbefc6e3dc",
                            "ssh_key_ids.74": "fac2cbbc-70ef-4386-a0e6-df3aa1fe9609",
                            "ssh_key_ids.75": "1776caa4-e965-4891-af1a-427ce73a88e9",
                            "ssh_key_ids.76": "36c08ba3-3dc2-45bf-aad5-3f9d6c2f8173",
                            "ssh_key_ids.77": "a722049c-a416-4fb0-a661-290a0d9cf57b",
                            "ssh_key_ids.78": "88436004-0436-4df7-8240-bfd128e8d605",
                            "ssh_key_ids.79": "68931241-5344-4a8b-884f-4f3a4fc5e231",
                            "ssh_key_ids.8": "33fea3c3-2fb4-424a-834c-190bd53b8f0b",
                            "ssh_key_ids.80": "7d4eca06-2710-49c7-b4bd-efececa7cd54",
                            "ssh_key_ids.81": "5d3e1674-605d-4e29-aa1a-6f97c6273217",
                            "ssh_key_ids.82": "8ec2af9d-2255-4cc8-a5ae-8dd62262241c",
                            "ssh_key_ids.83": "37ffbecc-3536-42d3-8f8b-5235dd97d526",
                            "ssh_key_ids.84": "5e0ab35b-4a75-45c1-b679-bc9cb5c9abf8",
                            "ssh_key_ids.85": "c57fb351-65ce-4427-a1c2-17868b0d1711",
                            "ssh_key_ids.86": "bdc5900f-e26d-46fe-8da6-59f9413b4c21",
                            "ssh_key_ids.87": "311e499c-5421-42b0-91a7-cdcc1059dfef",
                            "ssh_key_ids.88": "7c7abede-0f89-4bae-91f3-c4c856140db8",
                            "ssh_key_ids.89": "ccb63b0c-f9e1-4764-a37e-e4408cccbfac",
                            "ssh_key_ids.9": "7c7abd45-994d-4754-8220-2c5a404933e8",
                            "ssh_key_ids.90": "f81c84bc-7f7f-4c1c-bc6b-4aa9ce236151",
                            "ssh_key_ids.91": "116c4f54-560a-4d95-bddc-29632af8a732",
                            "ssh_key_ids.92": "14c24939-9fd3-4d21-9f11-2557c49a3a9f",
                            "ssh_key_ids.93": "ee429bfb-8fb3-479b-9c6c-e5579a8bf59d",
                            "ssh_key_ids.94": "93b62667-9821-43c9-9b47-09c72bfc16fe",
                            "ssh_key_ids.95": "af0fdb13-ba2c-4e19-bcfb-57b1d59ead38",
                            "ssh_key_ids.96": "305be502-51dd-41a5-b2b1-b58878e9da15",
                            "ssh_key_ids.97": "752d99f5-5dcd-437f-99c9-8325bbabcc59",
                            "ssh_key_ids.98": "01097db2-b817-4a41-b016-012c83dad8e4",
                            "ssh_key_ids.99": "dc275958-fb33-4a63-a21b-e33d3dfd3a14",
                            "state": "active",
                            "storage": "",
                            "tags.#": "0",
                            "updated": "2019-04-30T09:56:03Z"
                        },
                        "meta": {},
                        "tainted": false
                    },
                    "deposed": [],
                    "provider": "provider.packet"
                },
                "packet_device.lab_alt.16": {
                    "type": "packet_device",
                    "depends_on": [
                        "packet_device.registry_alt",
                        "packet_ssh_key.default",
                        "tls_private_key.default"
                    ],
                    "primary": {
                        "id": "0bb6af0a-2d8a-4b24-aafd-c5d287d1ac49",
                        "attributes": {
                            "access_private_ipv4": "10.64.62.31",
                            "access_public_ipv4": "147.75.95.25",
                            "access_public_ipv6": "2604:1380:3000:6c00::2f",
                            "always_pxe": "false",
                            "billing_cycle": "hourly",
                            "created": "2019-04-30T09:51:53Z",
                            "facilities.#": "1",
                            "facilities.0": "nrt1",
                            "facility": "nrt1",
                            "hostname": "kayobe-lab-alt-16",
                            "id": "0bb6af0a-2d8a-4b24-aafd-c5d287d1ac49",
                            "ipxe_script_url": "",
                            "locked": "false",
                            "network.#": "3",
                            "network.0.address": "147.75.95.25",
                            "network.0.cidr": "31",
                            "network.0.family": "4",
                            "network.0.gateway": "147.75.95.24",
                            "network.0.public": "true",
                            "network.1.address": "2604:1380:3000:6c00::2f",
                            "network.1.cidr": "127",
                            "network.1.family": "6",
                            "network.1.gateway": "2604:1380:3000:6c00::2e",
                            "network.1.public": "true",
                            "network.2.address": "10.64.62.31",
                            "network.2.cidr": "31",
                            "network.2.family": "4",
                            "network.2.gateway": "10.64.62.30",
                            "network.2.public": "false",
                            "network_type": "layer3",
                            "operating_system": "centos_7",
                            "plan": "c1.small.x86",
                            "ports.#": "3",
                            "ports.0.bonded": "true",
                            "ports.0.id": "49e5adc6-fbe4-4ba2-a0fc-04c55bb9df43",
                            "ports.0.mac": "",
                            "ports.0.name": "bond0",
                            "ports.0.type": "NetworkBondPort",
                            "ports.1.bonded": "true",
                            "ports.1.id": "efe44586-ac59-4f03-94e8-aeca9aced011",
                            "ports.1.mac": "0c:c4:7a:b2:91:8e",
                            "ports.1.name": "eth0",
                            "ports.1.type": "NetworkPort",
                            "ports.2.bonded": "true",
                            "ports.2.id": "f1538d08-bece-4c36-84b7-f6342ab244e8",
                            "ports.2.mac": "0c:c4:7a:b2:91:8f",
                            "ports.2.name": "eth1",
                            "ports.2.type": "NetworkPort",
                            "project_id": "719d7d4b-08f8-4e9b-ad0d-34707f85160d",
                            "public_ipv4_subnet_size": "31",
                            "root_password": "29\u003e{{BxN0F",
                            "ssh_key_ids.#": "164",
                            "ssh_key_ids.0": "bd192f85-fbeb-4fd3-bca0-7ceb96f91700",
                            "ssh_key_ids.1": "da199044-80dd-48dd-8d1f-ef76ccb13ab5",
                            "ssh_key_ids.10": "e00adc33-e5eb-4b67-b5f9-4bfa68bd2e53",
                            "ssh_key_ids.100": "d059cfe2-3215-4686-aeaa-051a5a423d2a",
                            "ssh_key_ids.101": "f63582f2-9d53-487f-a9af-d739e36b07af",
                            "ssh_key_ids.102": "f86d606c-d11c-4b10-b0d2-326e3b791cdf",
                            "ssh_key_ids.103": "7afc2a1e-7303-47e0-b75a-ed2587d3f340",
                            "ssh_key_ids.104": "0c1be6d5-8b38-4920-94f2-6ddaaa25bb9d",
                            "ssh_key_ids.105": "a2579e04-6f2e-4488-8e58-c48a0aa7f70b",
                            "ssh_key_ids.106": "f1b4cad0-7e3f-4574-bc52-6567dd2fd125",
                            "ssh_key_ids.107": "494f995f-069a-4407-bf31-d1e67142f9fd",
                            "ssh_key_ids.108": "3bde399d-1ee1-49ca-acad-8df41956df20",
                            "ssh_key_ids.109": "0fb6897c-2f7f-4d0f-9de1-bd279408a7cb",
                            "ssh_key_ids.11": "0873502f-0980-4e42-a0de-5328eb21b1fe",
                            "ssh_key_ids.110": "1e4e0e97-aace-4cd9-b258-c8408d502284",
                            "ssh_key_ids.111": "82bd80ac-b1df-4801-88b7-8b835b78570c",
                            "ssh_key_ids.112": "c0fea396-b8f9-43d0-a453-9bbc868a1d81",
                            "ssh_key_ids.113": "d0a93463-eb19-4ed4-82a9-3c354374443e",
                            "ssh_key_ids.114": "ccf9952b-afcb-4df1-b002-0c60717e2592",
                            "ssh_key_ids.115": "c13861b0-d10e-4a0e-a84b-4d0463d54f1a",
                            "ssh_key_ids.116": "7c41c050-74ad-4aa7-b63b-8c75d9db4051",
                            "ssh_key_ids.117": "fedb7753-6dba-4aa4-8371-999c6bab70de",
                            "ssh_key_ids.118": "a8855483-e011-4d68-86a5-2f530738dd17",
                            "ssh_key_ids.119": "954bd64c-a66b-45fb-900e-04f0b8b18cdf",
                            "ssh_key_ids.12": "09223179-7d28-40a4-b18e-b7ed3e350c6a",
                            "ssh_key_ids.120": "6219b353-d4ec-4ba5-9a40-19304b4fe1af",
                            "ssh_key_ids.121": "4e49c810-8e76-4ec7-b1c2-1d9e7f829441",
                            "ssh_key_ids.122": "ec9105b6-bdd2-4bcc-a6ca-00055f55f504",
                            "ssh_key_ids.123": "611e233e-835c-4e37-abdd-918842cbe83f",
                            "ssh_key_ids.124": "6389afd1-e142-402d-8a1e-90383fbd3cb0",
                            "ssh_key_ids.125": "9058e9af-1b6a-4c7a-bce1-14dc06529d33",
                            "ssh_key_ids.126": "82f1421a-5a62-442c-adbf-6f4534ff96fe",
                            "ssh_key_ids.127": "59e22e40-bf99-4d3a-ae05-3eb4d599cabc",
                            "ssh_key_ids.128": "ec684e16-0a82-4508-af90-88d5c598bd04",
                            "ssh_key_ids.129": "1a5374e7-ae0b-44e8-8290-a7f9e34c6374",
                            "ssh_key_ids.13": "3a4e67f8-b12d-43d4-a35d-e5d33a9ccd98",
                            "ssh_key_ids.130": "e58fd2a9-18d8-4cd9-a1a2-f2610ed83a73",
                            "ssh_key_ids.131": "2765be00-4a38-436c-8eb7-74cb7dba92d3",
                            "ssh_key_ids.132": "9ee4a2b0-3668-411b-af84-07f61d71afa8",
                            "ssh_key_ids.133": "85e0e5cf-7e19-42f8-9dc2-da41de539495",
                            "ssh_key_ids.134": "32a48504-ef65-452f-ae33-d161205c1b11",
                            "ssh_key_ids.135": "9a377e1e-c8ce-40c0-bf81-014cab0fcb7c",
                            "ssh_key_ids.136": "84eaa0c1-fd1c-4de8-a60c-e91feb89f14b",
                            "ssh_key_ids.137": "0f73341f-b03d-4323-8d59-af7243dbb475",
                            "ssh_key_ids.138": "0e3abb85-56d4-4604-a40a-9f3c6548b30b",
                            "ssh_key_ids.139": "f7e8e7ed-d248-4e81-9f0a-15ef569fb264",
                            "ssh_key_ids.14": "9cf77467-cdb7-4dcc-ab9f-4d431712ef3f",
                            "ssh_key_ids.140": "cc001113-bc02-4d7f-af55-366db9132936",
                            "ssh_key_ids.141": "f98a99f8-ff13-4391-b5fc-74983219a225",
                            "ssh_key_ids.142": "f67f7c4b-0050-4c18-be29-03a072b204ba",
                            "ssh_key_ids.143": "bb427d7d-ca92-4a98-af84-64d3b43e6325",
                            "ssh_key_ids.144": "d88db379-9fa2-454f-97a4-8e7718bbb658",
                            "ssh_key_ids.145": "22050c70-4363-4734-8c11-57855494147c",
                            "ssh_key_ids.146": "b38f0448-bb97-4309-82f2-d1a5f5df0809",
                            "ssh_key_ids.147": "b87eb180-f18b-44a6-bbd5-a49f111d7864",
                            "ssh_key_ids.148": "be99da3d-601c-4466-8dcb-ff1f8a6a19d8",
                            "ssh_key_ids.149": "942f8d63-c3ec-4f32-b93a-38b5e0bafd90",
                            "ssh_key_ids.15": "80b28858-2421-41bb-bbea-c4ad4a5db2c9",
                            "ssh_key_ids.150": "3b57956f-a711-40db-9a6f-32487503bea1",
                            "ssh_key_ids.151": "e5fd812a-667c-498f-883c-2bd1afddbff3",
                            "ssh_key_ids.152": "eac5e2ca-acf1-46a6-ae4d-aa12f71af765",
                            "ssh_key_ids.153": "4382d197-ecbb-43d9-a7d6-453c100279b8",
                            "ssh_key_ids.154": "6b50e07d-df2c-44b8-8a9e-65bfab6880a1",
                            "ssh_key_ids.155": "0a929e59-0bcf-4de1-91d1-01a8cdbc9ef6",
                            "ssh_key_ids.156": "bc4f1745-a5de-45e4-ae82-d7c4988ee1a2",
                            "ssh_key_ids.157": "985ea314-f590-4237-99f5-682a344617d9",
                            "ssh_key_ids.158": "98b939fb-362b-41c8-831a-1f0a2afa400e",
                            "ssh_key_ids.159": "21fecacf-999e-4595-a247-af36a4feb0c1",
                            "ssh_key_ids.16": "036d46c3-8727-4a00-b59b-7f80443a2afc",
                            "ssh_key_ids.160": "0c909e8f-7714-43f6-a8a9-fc003c5231a3",
                            "ssh_key_ids.161": "ccb07866-766e-45e2-ae82-a1f1c8cb39c8",
                            "ssh_key_ids.162": "d45fb3b7-af95-4c48-8ad6-e3f3242a5e4a",
                            "ssh_key_ids.163": "25faa130-9a09-4cca-a109-409c7ac309ab",
                            "ssh_key_ids.17": "04d2d40f-d0ae-4862-9537-62a9e43a22cd",
                            "ssh_key_ids.18": "c33ea9e0-ed31-43ce-8bba-e5e8da4edd83",
                            "ssh_key_ids.19": "6e8257dd-b7b9-4f30-b9d1-e7131a4d2121",
                            "ssh_key_ids.2": "6e703847-5229-4bfd-9229-db6df7397e11",
                            "ssh_key_ids.20": "2111f3a2-9fe6-4992-aa14-1e01bb0501ce",
                            "ssh_key_ids.21": "c79bd893-afa8-4fde-9315-1ac6571a0d64",
                            "ssh_key_ids.22": "1dae5119-8c6d-450c-be49-ef323d4ef630",
                            "ssh_key_ids.23": "ee065568-03bb-456e-a1f5-1669939d43cb",
                            "ssh_key_ids.24": "b505936c-fca3-4767-9cbe-a5401f97dd95",
                            "ssh_key_ids.25": "895e0d1a-adae-439f-a1a8-a15aa6658c97",
                            "ssh_key_ids.26": "984f885d-a618-4416-a934-f1f00d93f989",
                            "ssh_key_ids.27": "65c4bc38-3112-4503-b875-5f583aca6424",
                            "ssh_key_ids.28": "912637d1-7b56-481b-bbe4-ccf466e3e161",
                            "ssh_key_ids.29": "f0e74fce-1a0c-4643-8990-f6843728f24f",
                            "ssh_key_ids.3": "659466b5-43b7-47fe-bd6c-b443d3b5df20",
                            "ssh_key_ids.30": "34934bed-6b13-4abc-aeb6-1a5a9e994745",
                            "ssh_key_ids.31": "b428db77-8a11-40b6-a6f9-bd6321ea796b",
                            "ssh_key_ids.32": "b68dcaed-078c-41e2-a647-5aa1acb12154",
                            "ssh_key_ids.33": "bb056de1-9025-47e5-89a1-2897643e1f6c",
                            "ssh_key_ids.34": "491b68d1-1663-490d-a2e0-248b496631f4",
                            "ssh_key_ids.35": "842a0495-4b06-4f53-a948-f381d57cb180",
                            "ssh_key_ids.36": "a102ddd7-bee2-4d61-9262-5978a4b91c04",
                            "ssh_key_ids.37": "13c0308d-5846-46c5-bf46-2fdae2e9c8d7",
                            "ssh_key_ids.38": "892bf2fb-c6b9-459d-bdd0-36d69701a3e6",
                            "ssh_key_ids.39": "c523b161-3e3b-492c-90f4-253a86aed91f",
                            "ssh_key_ids.4": "8059f489-7714-4af7-84fc-76869c009378",
                            "ssh_key_ids.40": "36b25fc3-3971-4f8f-a6f2-fcf9113e4da8",
                            "ssh_key_ids.41": "0a7d499d-8d80-45ad-9069-8fbaa6e28ea1",
                            "ssh_key_ids.42": "3199b332-bec2-45ef-9e25-ba9057972da7",
                            "ssh_key_ids.43": "303a0e97-7dd1-4444-9def-d7ebf932a892",
                            "ssh_key_ids.44": "7bf767f0-472a-4977-921e-cf55ded84f1c",
                            "ssh_key_ids.45": "7fb2d14c-11b6-4c52-a9d0-2a4a6113dbab",
                            "ssh_key_ids.46": "27635c6f-e3bd-4403-ae6c-94757f36b601",
                            "ssh_key_ids.47": "bc84ed0c-228d-4eb5-97b4-4cd7b6e6a0f9",
                            "ssh_key_ids.48": "e75e4f46-8e6b-4f66-8612-1879bbb96623",
                            "ssh_key_ids.49": "32c2e969-fe1c-4235-a999-2b8abc061991",
                            "ssh_key_ids.5": "0b392f37-4243-4e43-a56c-18208a30acf3",
                            "ssh_key_ids.50": "f78dd9de-77e6-4386-9014-14258f6ed18c",
                            "ssh_key_ids.51": "f718cdab-a523-45c3-9b01-80dc045be122",
                            "ssh_key_ids.52": "aea43942-9250-4cde-81d1-69e468df8ce6",
                            "ssh_key_ids.53": "f8e3e26a-214b-457a-a7de-0aa31723f04e",
                            "ssh_key_ids.54": "d02bec99-0344-4cf3-bd06-8bad8969b9fe",
                            "ssh_key_ids.55": "d0cce71a-c3ea-4b60-9866-d8f12d749d13",
                            "ssh_key_ids.56": "950d1f09-7d94-4838-ac25-e2b63fc256f5",
                            "ssh_key_ids.57": "1df0179f-a9af-4c8e-b9bf-5991f6e1b7f0",
                            "ssh_key_ids.58": "d6a50bd7-69c4-4c2b-99be-9adbefc6e3dc",
                            "ssh_key_ids.59": "fac2cbbc-70ef-4386-a0e6-df3aa1fe9609",
                            "ssh_key_ids.6": "0394ad7e-6265-4478-ae1a-3b5d59a217d5",
                            "ssh_key_ids.60": "1776caa4-e965-4891-af1a-427ce73a88e9",
                            "ssh_key_ids.61": "36c08ba3-3dc2-45bf-aad5-3f9d6c2f8173",
                            "ssh_key_ids.62": "a722049c-a416-4fb0-a661-290a0d9cf57b",
                            "ssh_key_ids.63": "88436004-0436-4df7-8240-bfd128e8d605",
                            "ssh_key_ids.64": "68931241-5344-4a8b-884f-4f3a4fc5e231",
                            "ssh_key_ids.65": "7d4eca06-2710-49c7-b4bd-efececa7cd54",
                            "ssh_key_ids.66": "5d3e1674-605d-4e29-aa1a-6f97c6273217",
                            "ssh_key_ids.67": "8ec2af9d-2255-4cc8-a5ae-8dd62262241c",
                            "ssh_key_ids.68": "37ffbecc-3536-42d3-8f8b-5235dd97d526",
                            "ssh_key_ids.69": "5e0ab35b-4a75-45c1-b679-bc9cb5c9abf8",
                            "ssh_key_ids.7": "0fddd1d0-4fa1-4abb-9bb9-b8381169a715",
                            "ssh_key_ids.70": "c57fb351-65ce-4427-a1c2-17868b0d1711",
                            "ssh_key_ids.71": "bdc5900f-e26d-46fe-8da6-59f9413b4c21",
                            "ssh_key_ids.72": "311e499c-5421-42b0-91a7-cdcc1059dfef",
                            "ssh_key_ids.73": "7c7abede-0f89-4bae-91f3-c4c856140db8",
                            "ssh_key_ids.74": "ccb63b0c-f9e1-4764-a37e-e4408cccbfac",
                            "ssh_key_ids.75": "f81c84bc-7f7f-4c1c-bc6b-4aa9ce236151",
                            "ssh_key_ids.76": "116c4f54-560a-4d95-bddc-29632af8a732",
                            "ssh_key_ids.77": "14c24939-9fd3-4d21-9f11-2557c49a3a9f",
                            "ssh_key_ids.78": "ee429bfb-8fb3-479b-9c6c-e5579a8bf59d",
                            "ssh_key_ids.79": "93b62667-9821-43c9-9b47-09c72bfc16fe",
                            "ssh_key_ids.8": "33fea3c3-2fb4-424a-834c-190bd53b8f0b",
                            "ssh_key_ids.80": "af0fdb13-ba2c-4e19-bcfb-57b1d59ead38",
                            "ssh_key_ids.81": "305be502-51dd-41a5-b2b1-b58878e9da15",
                            "ssh_key_ids.82": "752d99f5-5dcd-437f-99c9-8325bbabcc59",
                            "ssh_key_ids.83": "01097db2-b817-4a41-b016-012c83dad8e4",
                            "ssh_key_ids.84": "dc275958-fb33-4a63-a21b-e33d3dfd3a14",
                            "ssh_key_ids.85": "e82a688a-f07a-480e-a408-199baca463c9",
                            "ssh_key_ids.86": "948d85da-a1a4-45d9-b6bd-e2794c03232d",
                            "ssh_key_ids.87": "214e1ebd-afd3-43f9-bcb6-bf6b9693f830",
                            "ssh_key_ids.88": "8c7583d3-2b01-4df4-a946-939962d827f9",
                            "ssh_key_ids.89": "f6267de9-b50a-4bd8-aac5-51612a403741",
                            "ssh_key_ids.9": "7c7abd45-994d-4754-8220-2c5a404933e8",
                            "ssh_key_ids.90": "fed60fdf-7e1d-4ffd-af9f-4ac91c2fd430",
                            "ssh_key_ids.91": "89ef47c1-1576-4b8c-a339-2014155f0802",
                            "ssh_key_ids.92": "1689628e-00a8-40e4-a578-9d484d66cc3f",
                            "ssh_key_ids.93": "38ee2b4b-653d-494e-b008-abd82461f7f6",
                            "ssh_key_ids.94": "a7c4c16b-8163-4d61-8485-5f05eb11f013",
                            "ssh_key_ids.95": "d7a07953-9e75-465e-9495-775f03018db0",
                            "ssh_key_ids.96": "290afd05-1d05-4fd4-a7ac-27be4b92458f",
                            "ssh_key_ids.97": "8499c022-65c8-40dd-ab33-d331388ac5d9",
                            "ssh_key_ids.98": "8ad4e695-a082-43c5-ac1b-456964b321c6",
                            "ssh_key_ids.99": "59b26c30-c0ca-4ac5-ba7f-143efd14f792",
                            "state": "active",
                            "storage": "",
                            "tags.#": "0",
                            "updated": "2019-04-30T09:54:27Z"
                        },
                        "meta": {},
                        "tainted": false
                    },
                    "deposed": [],
                    "provider": "provider.packet"
                },
                "packet_device.lab_alt.17": {
                    "type": "packet_device",
                    "depends_on": [
                        "packet_device.registry_alt",
                        "packet_ssh_key.default",
                        "tls_private_key.default"
                    ],
                    "primary": {
                        "id": "3809e810-7462-468d-868e-255823b43ab3",
                        "attributes": {
                            "access_private_ipv4": "10.64.62.37",
                            "access_public_ipv4": "147.75.95.33",
                            "access_public_ipv6": "2604:1380:3000:6c00::2d",
                            "always_pxe": "false",
                            "billing_cycle": "hourly",
                            "created": "2019-04-30T09:51:52Z",
                            "facilities.#": "1",
                            "facilities.0": "nrt1",
                            "facility": "nrt1",
                            "hostname": "kayobe-lab-alt-17",
                            "id": "3809e810-7462-468d-868e-255823b43ab3",
                            "ipxe_script_url": "",
                            "locked": "false",
                            "network.#": "3",
                            "network.0.address": "147.75.95.33",
                            "network.0.cidr": "31",
                            "network.0.family": "4",
                            "network.0.gateway": "147.75.95.32",
                            "network.0.public": "true",
                            "network.1.address": "2604:1380:3000:6c00::2d",
                            "network.1.cidr": "127",
                            "network.1.family": "6",
                            "network.1.gateway": "2604:1380:3000:6c00::2c",
                            "network.1.public": "true",
                            "network.2.address": "10.64.62.37",
                            "network.2.cidr": "31",
                            "network.2.family": "4",
                            "network.2.gateway": "10.64.62.36",
                            "network.2.public": "false",
                            "network_type": "layer3",
                            "operating_system": "centos_7",
                            "plan": "c1.small.x86",
                            "ports.#": "3",
                            "ports.0.bonded": "true",
                            "ports.0.id": "febca1b7-644f-4f93-8b78-1c67744f8668",
                            "ports.0.mac": "",
                            "ports.0.name": "bond0",
                            "ports.0.type": "NetworkBondPort",
                            "ports.1.bonded": "true",
                            "ports.1.id": "85a9dc23-4391-4133-a219-1930259bcbe0",
                            "ports.1.mac": "ac:1f:6b:92:d5:56",
                            "ports.1.name": "eth0",
                            "ports.1.type": "NetworkPort",
                            "ports.2.bonded": "true",
                            "ports.2.id": "bee338be-456b-4ac2-bbda-ca4ab34332b6",
                            "ports.2.mac": "ac:1f:6b:92:d5:57",
                            "ports.2.name": "eth1",
                            "ports.2.type": "NetworkPort",
                            "project_id": "719d7d4b-08f8-4e9b-ad0d-34707f85160d",
                            "public_ipv4_subnet_size": "31",
                            "root_password": "1HJl/6\u00269x*",
                            "ssh_key_ids.#": "164",
                            "ssh_key_ids.0": "bd192f85-fbeb-4fd3-bca0-7ceb96f91700",
                            "ssh_key_ids.1": "da199044-80dd-48dd-8d1f-ef76ccb13ab5",
                            "ssh_key_ids.10": "33fea3c3-2fb4-424a-834c-190bd53b8f0b",
                            "ssh_key_ids.100": "d6a50bd7-69c4-4c2b-99be-9adbefc6e3dc",
                            "ssh_key_ids.101": "fac2cbbc-70ef-4386-a0e6-df3aa1fe9609",
                            "ssh_key_ids.102": "1776caa4-e965-4891-af1a-427ce73a88e9",
                            "ssh_key_ids.103": "36c08ba3-3dc2-45bf-aad5-3f9d6c2f8173",
                            "ssh_key_ids.104": "6219b353-d4ec-4ba5-9a40-19304b4fe1af",
                            "ssh_key_ids.105": "a722049c-a416-4fb0-a661-290a0d9cf57b",
                            "ssh_key_ids.106": "88436004-0436-4df7-8240-bfd128e8d605",
                            "ssh_key_ids.107": "ccb63b0c-f9e1-4764-a37e-e4408cccbfac",
                            "ssh_key_ids.108": "4e49c810-8e76-4ec7-b1c2-1d9e7f829441",
                            "ssh_key_ids.109": "d88db379-9fa2-454f-97a4-8e7718bbb658",
                            "ssh_key_ids.11": "fed60fdf-7e1d-4ffd-af9f-4ac91c2fd430",
                            "ssh_key_ids.110": "f81c84bc-7f7f-4c1c-bc6b-4aa9ce236151",
                            "ssh_key_ids.111": "116c4f54-560a-4d95-bddc-29632af8a732",
                            "ssh_key_ids.112": "14c24939-9fd3-4d21-9f11-2557c49a3a9f",
                            "ssh_key_ids.113": "d0a93463-eb19-4ed4-82a9-3c354374443e",
                            "ssh_key_ids.114": "ee429bfb-8fb3-479b-9c6c-e5579a8bf59d",
                            "ssh_key_ids.115": "93b62667-9821-43c9-9b47-09c72bfc16fe",
                            "ssh_key_ids.116": "af0fdb13-ba2c-4e19-bcfb-57b1d59ead38",
                            "ssh_key_ids.117": "305be502-51dd-41a5-b2b1-b58878e9da15",
                            "ssh_key_ids.118": "752d99f5-5dcd-437f-99c9-8325bbabcc59",
                            "ssh_key_ids.119": "01097db2-b817-4a41-b016-012c83dad8e4",
                            "ssh_key_ids.12": "7c7abd45-994d-4754-8220-2c5a404933e8",
                            "ssh_key_ids.120": "dc275958-fb33-4a63-a21b-e33d3dfd3a14",
                            "ssh_key_ids.121": "e82a688a-f07a-480e-a408-199baca463c9",
                            "ssh_key_ids.122": "a7c4c16b-8163-4d61-8485-5f05eb11f013",
                            "ssh_key_ids.123": "290afd05-1d05-4fd4-a7ac-27be4b92458f",
                            "ssh_key_ids.124": "8499c022-65c8-40dd-ab33-d331388ac5d9",
                            "ssh_key_ids.125": "8ad4e695-a082-43c5-ac1b-456964b321c6",
                            "ssh_key_ids.126": "59b26c30-c0ca-4ac5-ba7f-143efd14f792",
                            "ssh_key_ids.127": "d059cfe2-3215-4686-aeaa-051a5a423d2a",
                            "ssh_key_ids.128": "82bd80ac-b1df-4801-88b7-8b835b78570c",
                            "ssh_key_ids.129": "d7a07953-9e75-465e-9495-775f03018db0",
                            "ssh_key_ids.13": "e58fd2a9-18d8-4cd9-a1a2-f2610ed83a73",
                            "ssh_key_ids.130": "6389afd1-e142-402d-8a1e-90383fbd3cb0",
                            "ssh_key_ids.131": "611e233e-835c-4e37-abdd-918842cbe83f",
                            "ssh_key_ids.132": "ec9105b6-bdd2-4bcc-a6ca-00055f55f504",
                            "ssh_key_ids.133": "c0fea396-b8f9-43d0-a453-9bbc868a1d81",
                            "ssh_key_ids.134": "ccf9952b-afcb-4df1-b002-0c60717e2592",
                            "ssh_key_ids.135": "c13861b0-d10e-4a0e-a84b-4d0463d54f1a",
                            "ssh_key_ids.136": "e00adc33-e5eb-4b67-b5f9-4bfa68bd2e53",
                            "ssh_key_ids.137": "82f1421a-5a62-442c-adbf-6f4534ff96fe",
                            "ssh_key_ids.138": "59e22e40-bf99-4d3a-ae05-3eb4d599cabc",
                            "ssh_key_ids.139": "ec684e16-0a82-4508-af90-88d5c598bd04",
                            "ssh_key_ids.14": "2765be00-4a38-436c-8eb7-74cb7dba92d3",
                            "ssh_key_ids.140": "1a5374e7-ae0b-44e8-8290-a7f9e34c6374",
                            "ssh_key_ids.141": "22050c70-4363-4734-8c11-57855494147c",
                            "ssh_key_ids.142": "68931241-5344-4a8b-884f-4f3a4fc5e231",
                            "ssh_key_ids.143": "8ec2af9d-2255-4cc8-a5ae-8dd62262241c",
                            "ssh_key_ids.144": "7fb2d14c-11b6-4c52-a9d0-2a4a6113dbab",
                            "ssh_key_ids.145": "9058e9af-1b6a-4c7a-bce1-14dc06529d33",
                            "ssh_key_ids.146": "b38f0448-bb97-4309-82f2-d1a5f5df0809",
                            "ssh_key_ids.147": "b87eb180-f18b-44a6-bbd5-a49f111d7864",
                            "ssh_key_ids.148": "be99da3d-601c-4466-8dcb-ff1f8a6a19d8",
                            "ssh_key_ids.149": "942f8d63-c3ec-4f32-b93a-38b5e0bafd90",
                            "ssh_key_ids.15": "9ee4a2b0-3668-411b-af84-07f61d71afa8",
                            "ssh_key_ids.150": "3b57956f-a711-40db-9a6f-32487503bea1",
                            "ssh_key_ids.151": "e5fd812a-667c-498f-883c-2bd1afddbff3",
                            "ssh_key_ids.152": "eac5e2ca-acf1-46a6-ae4d-aa12f71af765",
                            "ssh_key_ids.153": "0a929e59-0bcf-4de1-91d1-01a8cdbc9ef6",
                            "ssh_key_ids.154": "4382d197-ecbb-43d9-a7d6-453c100279b8",
                            "ssh_key_ids.155": "6b50e07d-df2c-44b8-8a9e-65bfab6880a1",
                            "ssh_key_ids.156": "bc4f1745-a5de-45e4-ae82-d7c4988ee1a2",
                            "ssh_key_ids.157": "985ea314-f590-4237-99f5-682a344617d9",
                            "ssh_key_ids.158": "98b939fb-362b-41c8-831a-1f0a2afa400e",
                            "ssh_key_ids.159": "21fecacf-999e-4595-a247-af36a4feb0c1",
                            "ssh_key_ids.16": "85e0e5cf-7e19-42f8-9dc2-da41de539495",
                            "ssh_key_ids.160": "0c909e8f-7714-43f6-a8a9-fc003c5231a3",
                            "ssh_key_ids.161": "ccb07866-766e-45e2-ae82-a1f1c8cb39c8",
                            "ssh_key_ids.162": "d45fb3b7-af95-4c48-8ad6-e3f3242a5e4a",
                            "ssh_key_ids.163": "25faa130-9a09-4cca-a109-409c7ac309ab",
                            "ssh_key_ids.17": "32a48504-ef65-452f-ae33-d161205c1b11",
                            "ssh_key_ids.18": "9a377e1e-c8ce-40c0-bf81-014cab0fcb7c",
                            "ssh_key_ids.19": "84eaa0c1-fd1c-4de8-a60c-e91feb89f14b",
                            "ssh_key_ids.2": "6e703847-5229-4bfd-9229-db6df7397e11",
                            "ssh_key_ids.20": "0f73341f-b03d-4323-8d59-af7243dbb475",
                            "ssh_key_ids.21": "0e3abb85-56d4-4604-a40a-9f3c6548b30b",
                            "ssh_key_ids.22": "f7e8e7ed-d248-4e81-9f0a-15ef569fb264",
                            "ssh_key_ids.23": "cc001113-bc02-4d7f-af55-366db9132936",
                            "ssh_key_ids.24": "0873502f-0980-4e42-a0de-5328eb21b1fe",
                            "ssh_key_ids.25": "09223179-7d28-40a4-b18e-b7ed3e350c6a",
                            "ssh_key_ids.26": "3a4e67f8-b12d-43d4-a35d-e5d33a9ccd98",
                            "ssh_key_ids.27": "9cf77467-cdb7-4dcc-ab9f-4d431712ef3f",
                            "ssh_key_ids.28": "80b28858-2421-41bb-bbea-c4ad4a5db2c9",
                            "ssh_key_ids.29": "f98a99f8-ff13-4391-b5fc-74983219a225",
                            "ssh_key_ids.3": "32c2e969-fe1c-4235-a999-2b8abc061991",
                            "ssh_key_ids.30": "036d46c3-8727-4a00-b59b-7f80443a2afc",
                            "ssh_key_ids.31": "04d2d40f-d0ae-4862-9537-62a9e43a22cd",
                            "ssh_key_ids.32": "c33ea9e0-ed31-43ce-8bba-e5e8da4edd83",
                            "ssh_key_ids.33": "f718cdab-a523-45c3-9b01-80dc045be122",
                            "ssh_key_ids.34": "6e8257dd-b7b9-4f30-b9d1-e7131a4d2121",
                            "ssh_key_ids.35": "f78dd9de-77e6-4386-9014-14258f6ed18c",
                            "ssh_key_ids.36": "2111f3a2-9fe6-4992-aa14-1e01bb0501ce",
                            "ssh_key_ids.37": "aea43942-9250-4cde-81d1-69e468df8ce6",
                            "ssh_key_ids.38": "c79bd893-afa8-4fde-9315-1ac6571a0d64",
                            "ssh_key_ids.39": "1dae5119-8c6d-450c-be49-ef323d4ef630",
                            "ssh_key_ids.4": "659466b5-43b7-47fe-bd6c-b443d3b5df20",
                            "ssh_key_ids.40": "7d4eca06-2710-49c7-b4bd-efececa7cd54",
                            "ssh_key_ids.41": "ee065568-03bb-456e-a1f5-1669939d43cb",
                            "ssh_key_ids.42": "b505936c-fca3-4767-9cbe-a5401f97dd95",
                            "ssh_key_ids.43": "895e0d1a-adae-439f-a1a8-a15aa6658c97",
                            "ssh_key_ids.44": "984f885d-a618-4416-a934-f1f00d93f989",
                            "ssh_key_ids.45": "f67f7c4b-0050-4c18-be29-03a072b204ba",
                            "ssh_key_ids.46": "65c4bc38-3112-4503-b875-5f583aca6424",
                            "ssh_key_ids.47": "912637d1-7b56-481b-bbe4-ccf466e3e161",
                            "ssh_key_ids.48": "37ffbecc-3536-42d3-8f8b-5235dd97d526",
                            "ssh_key_ids.49": "5d3e1674-605d-4e29-aa1a-6f97c6273217",
                            "ssh_key_ids.5": "8059f489-7714-4af7-84fc-76869c009378",
                            "ssh_key_ids.50": "c57fb351-65ce-4427-a1c2-17868b0d1711",
                            "ssh_key_ids.51": "5e0ab35b-4a75-45c1-b679-bc9cb5c9abf8",
                            "ssh_key_ids.52": "bdc5900f-e26d-46fe-8da6-59f9413b4c21",
                            "ssh_key_ids.53": "f0e74fce-1a0c-4643-8990-f6843728f24f",
                            "ssh_key_ids.54": "34934bed-6b13-4abc-aeb6-1a5a9e994745",
                            "ssh_key_ids.55": "b428db77-8a11-40b6-a6f9-bd6321ea796b",
                            "ssh_key_ids.56": "b68dcaed-078c-41e2-a647-5aa1acb12154",
                            "ssh_key_ids.57": "bb056de1-9025-47e5-89a1-2897643e1f6c",
                            "ssh_key_ids.58": "491b68d1-1663-490d-a2e0-248b496631f4",
                            "ssh_key_ids.59": "842a0495-4b06-4f53-a948-f381d57cb180",
                            "ssh_key_ids.6": "0b392f37-4243-4e43-a56c-18208a30acf3",
                            "ssh_key_ids.60": "a102ddd7-bee2-4d61-9262-5978a4b91c04",
                            "ssh_key_ids.61": "311e499c-5421-42b0-91a7-cdcc1059dfef",
                            "ssh_key_ids.62": "7c7abede-0f89-4bae-91f3-c4c856140db8",
                            "ssh_key_ids.63": "948d85da-a1a4-45d9-b6bd-e2794c03232d",
                            "ssh_key_ids.64": "8c7583d3-2b01-4df4-a946-939962d827f9",
                            "ssh_key_ids.65": "f6267de9-b50a-4bd8-aac5-51612a403741",
                            "ssh_key_ids.66": "13c0308d-5846-46c5-bf46-2fdae2e9c8d7",
                            "ssh_key_ids.67": "892bf2fb-c6b9-459d-bdd0-36d69701a3e6",
                            "ssh_key_ids.68": "c523b161-3e3b-492c-90f4-253a86aed91f",
                            "ssh_key_ids.69": "36b25fc3-3971-4f8f-a6f2-fcf9113e4da8",
                            "ssh_key_ids.7": "0394ad7e-6265-4478-ae1a-3b5d59a217d5",
                            "ssh_key_ids.70": "bb427d7d-ca92-4a98-af84-64d3b43e6325",
                            "ssh_key_ids.71": "0a7d499d-8d80-45ad-9069-8fbaa6e28ea1",
                            "ssh_key_ids.72": "3199b332-bec2-45ef-9e25-ba9057972da7",
                            "ssh_key_ids.73": "303a0e97-7dd1-4444-9def-d7ebf932a892",
                            "ssh_key_ids.74": "89ef47c1-1576-4b8c-a339-2014155f0802",
                            "ssh_key_ids.75": "1689628e-00a8-40e4-a578-9d484d66cc3f",
                            "ssh_key_ids.76": "38ee2b4b-653d-494e-b008-abd82461f7f6",
                            "ssh_key_ids.77": "f63582f2-9d53-487f-a9af-d739e36b07af",
                            "ssh_key_ids.78": "f86d606c-d11c-4b10-b0d2-326e3b791cdf",
                            "ssh_key_ids.79": "7bf767f0-472a-4977-921e-cf55ded84f1c",
                            "ssh_key_ids.8": "0fddd1d0-4fa1-4abb-9bb9-b8381169a715",
                            "ssh_key_ids.80": "27635c6f-e3bd-4403-ae6c-94757f36b601",
                            "ssh_key_ids.81": "bc84ed0c-228d-4eb5-97b4-4cd7b6e6a0f9",
                            "ssh_key_ids.82": "7afc2a1e-7303-47e0-b75a-ed2587d3f340",
                            "ssh_key_ids.83": "0c1be6d5-8b38-4920-94f2-6ddaaa25bb9d",
                            "ssh_key_ids.84": "a2579e04-6f2e-4488-8e58-c48a0aa7f70b",
                            "ssh_key_ids.85": "f1b4cad0-7e3f-4574-bc52-6567dd2fd125",
                            "ssh_key_ids.86": "494f995f-069a-4407-bf31-d1e67142f9fd",
                            "ssh_key_ids.87": "3bde399d-1ee1-49ca-acad-8df41956df20",
                            "ssh_key_ids.88": "e75e4f46-8e6b-4f66-8612-1879bbb96623",
                            "ssh_key_ids.89": "f8e3e26a-214b-457a-a7de-0aa31723f04e",
                            "ssh_key_ids.9": "214e1ebd-afd3-43f9-bcb6-bf6b9693f830",
                            "ssh_key_ids.90": "d02bec99-0344-4cf3-bd06-8bad8969b9fe",
                            "ssh_key_ids.91": "d0cce71a-c3ea-4b60-9866-d8f12d749d13",
                            "ssh_key_ids.92": "950d1f09-7d94-4838-ac25-e2b63fc256f5",
                            "ssh_key_ids.93": "0fb6897c-2f7f-4d0f-9de1-bd279408a7cb",
                            "ssh_key_ids.94": "1e4e0e97-aace-4cd9-b258-c8408d502284",
                            "ssh_key_ids.95": "7c41c050-74ad-4aa7-b63b-8c75d9db4051",
                            "ssh_key_ids.96": "fedb7753-6dba-4aa4-8371-999c6bab70de",
                            "ssh_key_ids.97": "a8855483-e011-4d68-86a5-2f530738dd17",
                            "ssh_key_ids.98": "954bd64c-a66b-45fb-900e-04f0b8b18cdf",
                            "ssh_key_ids.99": "1df0179f-a9af-4c8e-b9bf-5991f6e1b7f0",
                            "state": "active",
                            "storage": "",
                            "tags.#": "0",
                            "updated": "2019-04-30T09:56:04Z"
                        },
                        "meta": {},
                        "tainted": false
                    },
                    "deposed": [],
                    "provider": "provider.packet"
                },
                "packet_device.lab_alt.18": {
                    "type": "packet_device",
                    "depends_on": [
                        "packet_device.registry_alt",
                        "packet_ssh_key.default",
                        "tls_private_key.default"
                    ],
                    "primary": {
                        "id": "7455443d-176b-4163-b003-43bf248e8533",
                        "attributes": {
                            "access_private_ipv4": "10.64.62.1",
                            "access_public_ipv4": "147.75.92.143",
                            "access_public_ipv6": "2604:1380:3000:6c00::1",
                            "always_pxe": "false",
                            "billing_cycle": "hourly",
                            "created": "2019-04-30T09:51:27Z",
                            "facilities.#": "1",
                            "facilities.0": "nrt1",
                            "facility": "nrt1",
                            "hostname": "kayobe-lab-alt-18",
                            "id": "7455443d-176b-4163-b003-43bf248e8533",
                            "ipxe_script_url": "",
                            "locked": "false",
                            "network.#": "3",
                            "network.0.address": "147.75.92.143",
                            "network.0.cidr": "31",
                            "network.0.family": "4",
                            "network.0.gateway": "147.75.92.142",
                            "network.0.public": "true",
                            "network.1.address": "2604:1380:3000:6c00::1",
                            "network.1.cidr": "127",
                            "network.1.family": "6",
                            "network.1.gateway": "2604:1380:3000:6c00::",
                            "network.1.public": "true",
                            "network.2.address": "10.64.62.1",
                            "network.2.cidr": "31",
                            "network.2.family": "4",
                            "network.2.gateway": "10.64.62.0",
                            "network.2.public": "false",
                            "network_type": "layer3",
                            "operating_system": "centos_7",
                            "plan": "c1.small.x86",
                            "ports.#": "3",
                            "ports.0.bonded": "true",
                            "ports.0.id": "c1e2a5aa-f821-4a5a-84bd-894462f5dfaf",
                            "ports.0.mac": "",
                            "ports.0.name": "bond0",
                            "ports.0.type": "NetworkBondPort",
                            "ports.1.bonded": "true",
                            "ports.1.id": "055c0385-2d1d-4cc8-862b-98f5fb453a6d",
                            "ports.1.mac": "ac:1f:6b:95:dd:6c",
                            "ports.1.name": "eth0",
                            "ports.1.type": "NetworkPort",
                            "ports.2.bonded": "true",
                            "ports.2.id": "ffdf778e-d7d9-4ea7-921a-fb07a88ba6bc",
                            "ports.2.mac": "ac:1f:6b:95:dd:6d",
                            "ports.2.name": "eth1",
                            "ports.2.type": "NetworkPort",
                            "project_id": "719d7d4b-08f8-4e9b-ad0d-34707f85160d",
                            "public_ipv4_subnet_size": "31",
                            "root_password": "e2QF\u003e57t\u003cL",
                            "ssh_key_ids.#": "164",
                            "ssh_key_ids.0": "bd192f85-fbeb-4fd3-bca0-7ceb96f91700",
                            "ssh_key_ids.1": "da199044-80dd-48dd-8d1f-ef76ccb13ab5",
                            "ssh_key_ids.10": "f78dd9de-77e6-4386-9014-14258f6ed18c",
                            "ssh_key_ids.100": "f0e74fce-1a0c-4643-8990-f6843728f24f",
                            "ssh_key_ids.101": "34934bed-6b13-4abc-aeb6-1a5a9e994745",
                            "ssh_key_ids.102": "b428db77-8a11-40b6-a6f9-bd6321ea796b",
                            "ssh_key_ids.103": "3199b332-bec2-45ef-9e25-ba9057972da7",
                            "ssh_key_ids.104": "303a0e97-7dd1-4444-9def-d7ebf932a892",
                            "ssh_key_ids.105": "7bf767f0-472a-4977-921e-cf55ded84f1c",
                            "ssh_key_ids.106": "7fb2d14c-11b6-4c52-a9d0-2a4a6113dbab",
                            "ssh_key_ids.107": "27635c6f-e3bd-4403-ae6c-94757f36b601",
                            "ssh_key_ids.108": "bc84ed0c-228d-4eb5-97b4-4cd7b6e6a0f9",
                            "ssh_key_ids.109": "f8e3e26a-214b-457a-a7de-0aa31723f04e",
                            "ssh_key_ids.11": "aea43942-9250-4cde-81d1-69e468df8ce6",
                            "ssh_key_ids.110": "d0cce71a-c3ea-4b60-9866-d8f12d749d13",
                            "ssh_key_ids.111": "1df0179f-a9af-4c8e-b9bf-5991f6e1b7f0",
                            "ssh_key_ids.112": "d6a50bd7-69c4-4c2b-99be-9adbefc6e3dc",
                            "ssh_key_ids.113": "950d1f09-7d94-4838-ac25-e2b63fc256f5",
                            "ssh_key_ids.114": "d02bec99-0344-4cf3-bd06-8bad8969b9fe",
                            "ssh_key_ids.115": "e75e4f46-8e6b-4f66-8612-1879bbb96623",
                            "ssh_key_ids.116": "0a7d499d-8d80-45ad-9069-8fbaa6e28ea1",
                            "ssh_key_ids.117": "bb427d7d-ca92-4a98-af84-64d3b43e6325",
                            "ssh_key_ids.118": "c523b161-3e3b-492c-90f4-253a86aed91f",
                            "ssh_key_ids.119": "892bf2fb-c6b9-459d-bdd0-36d69701a3e6",
                            "ssh_key_ids.12": "68931241-5344-4a8b-884f-4f3a4fc5e231",
                            "ssh_key_ids.120": "13c0308d-5846-46c5-bf46-2fdae2e9c8d7",
                            "ssh_key_ids.121": "a102ddd7-bee2-4d61-9262-5978a4b91c04",
                            "ssh_key_ids.122": "842a0495-4b06-4f53-a948-f381d57cb180",
                            "ssh_key_ids.123": "491b68d1-1663-490d-a2e0-248b496631f4",
                            "ssh_key_ids.124": "bb056de1-9025-47e5-89a1-2897643e1f6c",
                            "ssh_key_ids.125": "b68dcaed-078c-41e2-a647-5aa1acb12154",
                            "ssh_key_ids.126": "984f885d-a618-4416-a934-f1f00d93f989",
                            "ssh_key_ids.127": "a722049c-a416-4fb0-a661-290a0d9cf57b",
                            "ssh_key_ids.128": "1776caa4-e965-4891-af1a-427ce73a88e9",
                            "ssh_key_ids.129": "0873502f-0980-4e42-a0de-5328eb21b1fe",
                            "ssh_key_ids.13": "7d4eca06-2710-49c7-b4bd-efececa7cd54",
                            "ssh_key_ids.130": "cc001113-bc02-4d7f-af55-366db9132936",
                            "ssh_key_ids.131": "88436004-0436-4df7-8240-bfd128e8d605",
                            "ssh_key_ids.132": "f81c84bc-7f7f-4c1c-bc6b-4aa9ce236151",
                            "ssh_key_ids.133": "895e0d1a-adae-439f-a1a8-a15aa6658c97",
                            "ssh_key_ids.134": "116c4f54-560a-4d95-bddc-29632af8a732",
                            "ssh_key_ids.135": "36c08ba3-3dc2-45bf-aad5-3f9d6c2f8173",
                            "ssh_key_ids.136": "fac2cbbc-70ef-4386-a0e6-df3aa1fe9609",
                            "ssh_key_ids.137": "14c24939-9fd3-4d21-9f11-2557c49a3a9f",
                            "ssh_key_ids.138": "36b25fc3-3971-4f8f-a6f2-fcf9113e4da8",
                            "ssh_key_ids.139": "f67f7c4b-0050-4c18-be29-03a072b204ba",
                            "ssh_key_ids.14": "37ffbecc-3536-42d3-8f8b-5235dd97d526",
                            "ssh_key_ids.140": "ee429bfb-8fb3-479b-9c6c-e5579a8bf59d",
                            "ssh_key_ids.141": "93b62667-9821-43c9-9b47-09c72bfc16fe",
                            "ssh_key_ids.142": "305be502-51dd-41a5-b2b1-b58878e9da15",
                            "ssh_key_ids.143": "af0fdb13-ba2c-4e19-bcfb-57b1d59ead38",
                            "ssh_key_ids.144": "c13861b0-d10e-4a0e-a84b-4d0463d54f1a",
                            "ssh_key_ids.145": "e00adc33-e5eb-4b67-b5f9-4bfa68bd2e53",
                            "ssh_key_ids.146": "b38f0448-bb97-4309-82f2-d1a5f5df0809",
                            "ssh_key_ids.147": "b87eb180-f18b-44a6-bbd5-a49f111d7864",
                            "ssh_key_ids.148": "be99da3d-601c-4466-8dcb-ff1f8a6a19d8",
                            "ssh_key_ids.149": "942f8d63-c3ec-4f32-b93a-38b5e0bafd90",
                            "ssh_key_ids.15": "8ec2af9d-2255-4cc8-a5ae-8dd62262241c",
                            "ssh_key_ids.150": "eac5e2ca-acf1-46a6-ae4d-aa12f71af765",
                            "ssh_key_ids.151": "0a929e59-0bcf-4de1-91d1-01a8cdbc9ef6",
                            "ssh_key_ids.152": "e5fd812a-667c-498f-883c-2bd1afddbff3",
                            "ssh_key_ids.153": "3b57956f-a711-40db-9a6f-32487503bea1",
                            "ssh_key_ids.154": "6b50e07d-df2c-44b8-8a9e-65bfab6880a1",
                            "ssh_key_ids.155": "4382d197-ecbb-43d9-a7d6-453c100279b8",
                            "ssh_key_ids.156": "bc4f1745-a5de-45e4-ae82-d7c4988ee1a2",
                            "ssh_key_ids.157": "985ea314-f590-4237-99f5-682a344617d9",
                            "ssh_key_ids.158": "98b939fb-362b-41c8-831a-1f0a2afa400e",
                            "ssh_key_ids.159": "21fecacf-999e-4595-a247-af36a4feb0c1",
                            "ssh_key_ids.16": "5d3e1674-605d-4e29-aa1a-6f97c6273217",
                            "ssh_key_ids.160": "0c909e8f-7714-43f6-a8a9-fc003c5231a3",
                            "ssh_key_ids.161": "ccb07866-766e-45e2-ae82-a1f1c8cb39c8",
                            "ssh_key_ids.162": "d45fb3b7-af95-4c48-8ad6-e3f3242a5e4a",
                            "ssh_key_ids.163": "25faa130-9a09-4cca-a109-409c7ac309ab",
                            "ssh_key_ids.17": "c57fb351-65ce-4427-a1c2-17868b0d1711",
                            "ssh_key_ids.18": "5e0ab35b-4a75-45c1-b679-bc9cb5c9abf8",
                            "ssh_key_ids.19": "0fddd1d0-4fa1-4abb-9bb9-b8381169a715",
                            "ssh_key_ids.2": "6e703847-5229-4bfd-9229-db6df7397e11",
                            "ssh_key_ids.20": "bdc5900f-e26d-46fe-8da6-59f9413b4c21",
                            "ssh_key_ids.21": "311e499c-5421-42b0-91a7-cdcc1059dfef",
                            "ssh_key_ids.22": "7c7abede-0f89-4bae-91f3-c4c856140db8",
                            "ssh_key_ids.23": "948d85da-a1a4-45d9-b6bd-e2794c03232d",
                            "ssh_key_ids.24": "214e1ebd-afd3-43f9-bcb6-bf6b9693f830",
                            "ssh_key_ids.25": "8c7583d3-2b01-4df4-a946-939962d827f9",
                            "ssh_key_ids.26": "f6267de9-b50a-4bd8-aac5-51612a403741",
                            "ssh_key_ids.27": "33fea3c3-2fb4-424a-834c-190bd53b8f0b",
                            "ssh_key_ids.28": "fed60fdf-7e1d-4ffd-af9f-4ac91c2fd430",
                            "ssh_key_ids.29": "7c7abd45-994d-4754-8220-2c5a404933e8",
                            "ssh_key_ids.3": "32c2e969-fe1c-4235-a999-2b8abc061991",
                            "ssh_key_ids.30": "89ef47c1-1576-4b8c-a339-2014155f0802",
                            "ssh_key_ids.31": "1689628e-00a8-40e4-a578-9d484d66cc3f",
                            "ssh_key_ids.32": "38ee2b4b-653d-494e-b008-abd82461f7f6",
                            "ssh_key_ids.33": "f63582f2-9d53-487f-a9af-d739e36b07af",
                            "ssh_key_ids.34": "f86d606c-d11c-4b10-b0d2-326e3b791cdf",
                            "ssh_key_ids.35": "7afc2a1e-7303-47e0-b75a-ed2587d3f340",
                            "ssh_key_ids.36": "0c1be6d5-8b38-4920-94f2-6ddaaa25bb9d",
                            "ssh_key_ids.37": "a2579e04-6f2e-4488-8e58-c48a0aa7f70b",
                            "ssh_key_ids.38": "f1b4cad0-7e3f-4574-bc52-6567dd2fd125",
                            "ssh_key_ids.39": "494f995f-069a-4407-bf31-d1e67142f9fd",
                            "ssh_key_ids.4": "659466b5-43b7-47fe-bd6c-b443d3b5df20",
                            "ssh_key_ids.40": "3bde399d-1ee1-49ca-acad-8df41956df20",
                            "ssh_key_ids.41": "0fb6897c-2f7f-4d0f-9de1-bd279408a7cb",
                            "ssh_key_ids.42": "1e4e0e97-aace-4cd9-b258-c8408d502284",
                            "ssh_key_ids.43": "7c41c050-74ad-4aa7-b63b-8c75d9db4051",
                            "ssh_key_ids.44": "fedb7753-6dba-4aa4-8371-999c6bab70de",
                            "ssh_key_ids.45": "a8855483-e011-4d68-86a5-2f530738dd17",
                            "ssh_key_ids.46": "954bd64c-a66b-45fb-900e-04f0b8b18cdf",
                            "ssh_key_ids.47": "6219b353-d4ec-4ba5-9a40-19304b4fe1af",
                            "ssh_key_ids.48": "4e49c810-8e76-4ec7-b1c2-1d9e7f829441",
                            "ssh_key_ids.49": "d88db379-9fa2-454f-97a4-8e7718bbb658",
                            "ssh_key_ids.5": "8059f489-7714-4af7-84fc-76869c009378",
                            "ssh_key_ids.50": "d0a93463-eb19-4ed4-82a9-3c354374443e",
                            "ssh_key_ids.51": "b505936c-fca3-4767-9cbe-a5401f97dd95",
                            "ssh_key_ids.52": "ee065568-03bb-456e-a1f5-1669939d43cb",
                            "ssh_key_ids.53": "1dae5119-8c6d-450c-be49-ef323d4ef630",
                            "ssh_key_ids.54": "c79bd893-afa8-4fde-9315-1ac6571a0d64",
                            "ssh_key_ids.55": "2111f3a2-9fe6-4992-aa14-1e01bb0501ce",
                            "ssh_key_ids.56": "09223179-7d28-40a4-b18e-b7ed3e350c6a",
                            "ssh_key_ids.57": "f7e8e7ed-d248-4e81-9f0a-15ef569fb264",
                            "ssh_key_ids.58": "0e3abb85-56d4-4604-a40a-9f3c6548b30b",
                            "ssh_key_ids.59": "0f73341f-b03d-4323-8d59-af7243dbb475",
                            "ssh_key_ids.6": "f98a99f8-ff13-4391-b5fc-74983219a225",
                            "ssh_key_ids.60": "84eaa0c1-fd1c-4de8-a60c-e91feb89f14b",
                            "ssh_key_ids.61": "9a377e1e-c8ce-40c0-bf81-014cab0fcb7c",
                            "ssh_key_ids.62": "2765be00-4a38-436c-8eb7-74cb7dba92d3",
                            "ssh_key_ids.63": "e58fd2a9-18d8-4cd9-a1a2-f2610ed83a73",
                            "ssh_key_ids.64": "9058e9af-1b6a-4c7a-bce1-14dc06529d33",
                            "ssh_key_ids.65": "6389afd1-e142-402d-8a1e-90383fbd3cb0",
                            "ssh_key_ids.66": "752d99f5-5dcd-437f-99c9-8325bbabcc59",
                            "ssh_key_ids.67": "611e233e-835c-4e37-abdd-918842cbe83f",
                            "ssh_key_ids.68": "ec9105b6-bdd2-4bcc-a6ca-00055f55f504",
                            "ssh_key_ids.69": "01097db2-b817-4a41-b016-012c83dad8e4",
                            "ssh_key_ids.7": "0b392f37-4243-4e43-a56c-18208a30acf3",
                            "ssh_key_ids.70": "dc275958-fb33-4a63-a21b-e33d3dfd3a14",
                            "ssh_key_ids.71": "e82a688a-f07a-480e-a408-199baca463c9",
                            "ssh_key_ids.72": "a7c4c16b-8163-4d61-8485-5f05eb11f013",
                            "ssh_key_ids.73": "d7a07953-9e75-465e-9495-775f03018db0",
                            "ssh_key_ids.74": "290afd05-1d05-4fd4-a7ac-27be4b92458f",
                            "ssh_key_ids.75": "8499c022-65c8-40dd-ab33-d331388ac5d9",
                            "ssh_key_ids.76": "8ad4e695-a082-43c5-ac1b-456964b321c6",
                            "ssh_key_ids.77": "59b26c30-c0ca-4ac5-ba7f-143efd14f792",
                            "ssh_key_ids.78": "ccf9952b-afcb-4df1-b002-0c60717e2592",
                            "ssh_key_ids.79": "d059cfe2-3215-4686-aeaa-051a5a423d2a",
                            "ssh_key_ids.8": "0394ad7e-6265-4478-ae1a-3b5d59a217d5",
                            "ssh_key_ids.80": "82bd80ac-b1df-4801-88b7-8b835b78570c",
                            "ssh_key_ids.81": "c0fea396-b8f9-43d0-a453-9bbc868a1d81",
                            "ssh_key_ids.82": "82f1421a-5a62-442c-adbf-6f4534ff96fe",
                            "ssh_key_ids.83": "59e22e40-bf99-4d3a-ae05-3eb4d599cabc",
                            "ssh_key_ids.84": "ec684e16-0a82-4508-af90-88d5c598bd04",
                            "ssh_key_ids.85": "1a5374e7-ae0b-44e8-8290-a7f9e34c6374",
                            "ssh_key_ids.86": "22050c70-4363-4734-8c11-57855494147c",
                            "ssh_key_ids.87": "9ee4a2b0-3668-411b-af84-07f61d71afa8",
                            "ssh_key_ids.88": "85e0e5cf-7e19-42f8-9dc2-da41de539495",
                            "ssh_key_ids.89": "32a48504-ef65-452f-ae33-d161205c1b11",
                            "ssh_key_ids.9": "f718cdab-a523-45c3-9b01-80dc045be122",
                            "ssh_key_ids.90": "3a4e67f8-b12d-43d4-a35d-e5d33a9ccd98",
                            "ssh_key_ids.91": "9cf77467-cdb7-4dcc-ab9f-4d431712ef3f",
                            "ssh_key_ids.92": "80b28858-2421-41bb-bbea-c4ad4a5db2c9",
                            "ssh_key_ids.93": "036d46c3-8727-4a00-b59b-7f80443a2afc",
                            "ssh_key_ids.94": "04d2d40f-d0ae-4862-9537-62a9e43a22cd",
                            "ssh_key_ids.95": "c33ea9e0-ed31-43ce-8bba-e5e8da4edd83",
                            "ssh_key_ids.96": "6e8257dd-b7b9-4f30-b9d1-e7131a4d2121",
                            "ssh_key_ids.97": "ccb63b0c-f9e1-4764-a37e-e4408cccbfac",
                            "ssh_key_ids.98": "65c4bc38-3112-4503-b875-5f583aca6424",
                            "ssh_key_ids.99": "912637d1-7b56-481b-bbe4-ccf466e3e161",
                            "state": "active",
                            "storage": "",
                            "tags.#": "0",
                            "updated": "2019-04-30T09:53:50Z"
                        },
                        "meta": {},
                        "tainted": false
                    },
                    "deposed": [],
                    "provider": "provider.packet"
                },
                "packet_device.lab_alt.19": {
                    "type": "packet_device",
                    "depends_on": [
                        "packet_device.registry_alt",
                        "packet_ssh_key.default",
                        "tls_private_key.default"
                    ],
                    "primary": {
                        "id": "e96e49ca-fdc5-4fbd-b32b-43a6af4923c2",
                        "attributes": {
                            "access_private_ipv4": "10.64.62.7",
                            "access_public_ipv4": "147.75.95.63",
                            "access_public_ipv6": "2604:1380:3000:6c00::7",
                            "always_pxe": "false",
                            "billing_cycle": "hourly",
                            "created": "2019-04-30T11:08:59Z",
                            "facilities.#": "1",
                            "facilities.0": "nrt1",
                            "facility": "nrt1",
                            "hostname": "kayobe-lab-alt-19",
                            "id": "e96e49ca-fdc5-4fbd-b32b-43a6af4923c2",
                            "ipxe_script_url": "",
                            "locked": "false",
                            "network.#": "3",
                            "network.0.address": "147.75.95.63",
                            "network.0.cidr": "31",
                            "network.0.family": "4",
                            "network.0.gateway": "147.75.95.62",
                            "network.0.public": "true",
                            "network.1.address": "2604:1380:3000:6c00::7",
                            "network.1.cidr": "127",
                            "network.1.family": "6",
                            "network.1.gateway": "2604:1380:3000:6c00::6",
                            "network.1.public": "true",
                            "network.2.address": "10.64.62.7",
                            "network.2.cidr": "31",
                            "network.2.family": "4",
                            "network.2.gateway": "10.64.62.6",
                            "network.2.public": "false",
                            "network_type": "layer3",
                            "operating_system": "centos_7",
                            "plan": "c1.small.x86",
                            "ports.#": "3",
                            "ports.0.bonded": "true",
                            "ports.0.id": "119db54d-66b4-4b4f-800f-64bc48f0487d",
                            "ports.0.mac": "",
                            "ports.0.name": "bond0",
                            "ports.0.type": "NetworkBondPort",
                            "ports.1.bonded": "true",
                            "ports.1.id": "86b821d6-3b7d-4d27-a2da-19a0c26acde3",
                            "ports.1.mac": "ac:1f:6b:95:e0:e6",
                            "ports.1.name": "eth0",
                            "ports.1.type": "NetworkPort",
                            "ports.2.bonded": "true",
                            "ports.2.id": "7428555e-8192-46e2-9487-ea5d28caa458",
                            "ports.2.mac": "ac:1f:6b:95:e0:e7",
                            "ports.2.name": "eth1",
                            "ports.2.type": "NetworkPort",
                            "project_id": "719d7d4b-08f8-4e9b-ad0d-34707f85160d",
                            "public_ipv4_subnet_size": "31",
                            "root_password": "AW%aKi400/",
                            "ssh_key_ids.#": "164",
                            "ssh_key_ids.0": "da199044-80dd-48dd-8d1f-ef76ccb13ab5",
                            "ssh_key_ids.1": "bd192f85-fbeb-4fd3-bca0-7ceb96f91700",
                            "ssh_key_ids.10": "5e0ab35b-4a75-45c1-b679-bc9cb5c9abf8",
                            "ssh_key_ids.100": "842a0495-4b06-4f53-a948-f381d57cb180",
                            "ssh_key_ids.101": "32c2e969-fe1c-4235-a999-2b8abc061991",
                            "ssh_key_ids.102": "491b68d1-1663-490d-a2e0-248b496631f4",
                            "ssh_key_ids.103": "bb056de1-9025-47e5-89a1-2897643e1f6c",
                            "ssh_key_ids.104": "f98a99f8-ff13-4391-b5fc-74983219a225",
                            "ssh_key_ids.105": "f718cdab-a523-45c3-9b01-80dc045be122",
                            "ssh_key_ids.106": "0a7d499d-8d80-45ad-9069-8fbaa6e28ea1",
                            "ssh_key_ids.107": "bb427d7d-ca92-4a98-af84-64d3b43e6325",
                            "ssh_key_ids.108": "34934bed-6b13-4abc-aeb6-1a5a9e994745",
                            "ssh_key_ids.109": "752d99f5-5dcd-437f-99c9-8325bbabcc59",
                            "ssh_key_ids.11": "7d4eca06-2710-49c7-b4bd-efececa7cd54",
                            "ssh_key_ids.110": "0b392f37-4243-4e43-a56c-18208a30acf3",
                            "ssh_key_ids.111": "33fea3c3-2fb4-424a-834c-190bd53b8f0b",
                            "ssh_key_ids.112": "0e3abb85-56d4-4604-a40a-9f3c6548b30b",
                            "ssh_key_ids.113": "65c4bc38-3112-4503-b875-5f583aca6424",
                            "ssh_key_ids.114": "89ef47c1-1576-4b8c-a339-2014155f0802",
                            "ssh_key_ids.115": "a7c4c16b-8163-4d61-8485-5f05eb11f013",
                            "ssh_key_ids.116": "88436004-0436-4df7-8240-bfd128e8d605",
                            "ssh_key_ids.117": "7c7abd45-994d-4754-8220-2c5a404933e8",
                            "ssh_key_ids.118": "912637d1-7b56-481b-bbe4-ccf466e3e161",
                            "ssh_key_ids.119": "984f885d-a618-4416-a934-f1f00d93f989",
                            "ssh_key_ids.12": "aea43942-9250-4cde-81d1-69e468df8ce6",
                            "ssh_key_ids.120": "1689628e-00a8-40e4-a578-9d484d66cc3f",
                            "ssh_key_ids.121": "d0a93463-eb19-4ed4-82a9-3c354374443e",
                            "ssh_key_ids.122": "214e1ebd-afd3-43f9-bcb6-bf6b9693f830",
                            "ssh_key_ids.123": "948d85da-a1a4-45d9-b6bd-e2794c03232d",
                            "ssh_key_ids.124": "7c7abede-0f89-4bae-91f3-c4c856140db8",
                            "ssh_key_ids.125": "0fddd1d0-4fa1-4abb-9bb9-b8381169a715",
                            "ssh_key_ids.126": "b505936c-fca3-4767-9cbe-a5401f97dd95",
                            "ssh_key_ids.127": "68931241-5344-4a8b-884f-4f3a4fc5e231",
                            "ssh_key_ids.128": "c13861b0-d10e-4a0e-a84b-4d0463d54f1a",
                            "ssh_key_ids.129": "b68dcaed-078c-41e2-a647-5aa1acb12154",
                            "ssh_key_ids.13": "895e0d1a-adae-439f-a1a8-a15aa6658c97",
                            "ssh_key_ids.130": "305be502-51dd-41a5-b2b1-b58878e9da15",
                            "ssh_key_ids.131": "e00adc33-e5eb-4b67-b5f9-4bfa68bd2e53",
                            "ssh_key_ids.132": "ee429bfb-8fb3-479b-9c6c-e5579a8bf59d",
                            "ssh_key_ids.133": "93b62667-9821-43c9-9b47-09c72bfc16fe",
                            "ssh_key_ids.134": "f67f7c4b-0050-4c18-be29-03a072b204ba",
                            "ssh_key_ids.135": "b428db77-8a11-40b6-a6f9-bd6321ea796b",
                            "ssh_key_ids.136": "2765be00-4a38-436c-8eb7-74cb7dba92d3",
                            "ssh_key_ids.137": "01097db2-b817-4a41-b016-012c83dad8e4",
                            "ssh_key_ids.138": "9a377e1e-c8ce-40c0-bf81-014cab0fcb7c",
                            "ssh_key_ids.139": "37ffbecc-3536-42d3-8f8b-5235dd97d526",
                            "ssh_key_ids.14": "bc84ed0c-228d-4eb5-97b4-4cd7b6e6a0f9",
                            "ssh_key_ids.140": "27635c6f-e3bd-4403-ae6c-94757f36b601",
                            "ssh_key_ids.141": "f78dd9de-77e6-4386-9014-14258f6ed18c",
                            "ssh_key_ids.142": "0f73341f-b03d-4323-8d59-af7243dbb475",
                            "ssh_key_ids.143": "84eaa0c1-fd1c-4de8-a60c-e91feb89f14b",
                            "ssh_key_ids.144": "09223179-7d28-40a4-b18e-b7ed3e350c6a",
                            "ssh_key_ids.145": "cc001113-bc02-4d7f-af55-366db9132936",
                            "ssh_key_ids.146": "b38f0448-bb97-4309-82f2-d1a5f5df0809",
                            "ssh_key_ids.147": "0a929e59-0bcf-4de1-91d1-01a8cdbc9ef6",
                            "ssh_key_ids.148": "b87eb180-f18b-44a6-bbd5-a49f111d7864",
                            "ssh_key_ids.149": "be99da3d-601c-4466-8dcb-ff1f8a6a19d8",
                            "ssh_key_ids.15": "6389afd1-e142-402d-8a1e-90383fbd3cb0",
                            "ssh_key_ids.150": "e5fd812a-667c-498f-883c-2bd1afddbff3",
                            "ssh_key_ids.151": "3b57956f-a711-40db-9a6f-32487503bea1",
                            "ssh_key_ids.152": "942f8d63-c3ec-4f32-b93a-38b5e0bafd90",
                            "ssh_key_ids.153": "6b50e07d-df2c-44b8-8a9e-65bfab6880a1",
                            "ssh_key_ids.154": "4382d197-ecbb-43d9-a7d6-453c100279b8",
                            "ssh_key_ids.155": "eac5e2ca-acf1-46a6-ae4d-aa12f71af765",
                            "ssh_key_ids.156": "bc4f1745-a5de-45e4-ae82-d7c4988ee1a2",
                            "ssh_key_ids.157": "985ea314-f590-4237-99f5-682a344617d9",
                            "ssh_key_ids.158": "98b939fb-362b-41c8-831a-1f0a2afa400e",
                            "ssh_key_ids.159": "21fecacf-999e-4595-a247-af36a4feb0c1",
                            "ssh_key_ids.16": "9058e9af-1b6a-4c7a-bce1-14dc06529d33",
                            "ssh_key_ids.160": "0c909e8f-7714-43f6-a8a9-fc003c5231a3",
                            "ssh_key_ids.161": "ccb07866-766e-45e2-ae82-a1f1c8cb39c8",
                            "ssh_key_ids.162": "d45fb3b7-af95-4c48-8ad6-e3f3242a5e4a",
                            "ssh_key_ids.163": "25faa130-9a09-4cca-a109-409c7ac309ab",
                            "ssh_key_ids.17": "e58fd2a9-18d8-4cd9-a1a2-f2610ed83a73",
                            "ssh_key_ids.18": "af0fdb13-ba2c-4e19-bcfb-57b1d59ead38",
                            "ssh_key_ids.19": "f7e8e7ed-d248-4e81-9f0a-15ef569fb264",
                            "ssh_key_ids.2": "0873502f-0980-4e42-a0de-5328eb21b1fe",
                            "ssh_key_ids.20": "8ec2af9d-2255-4cc8-a5ae-8dd62262241c",
                            "ssh_key_ids.21": "2111f3a2-9fe6-4992-aa14-1e01bb0501ce",
                            "ssh_key_ids.22": "04d2d40f-d0ae-4862-9537-62a9e43a22cd",
                            "ssh_key_ids.23": "036d46c3-8727-4a00-b59b-7f80443a2afc",
                            "ssh_key_ids.24": "80b28858-2421-41bb-bbea-c4ad4a5db2c9",
                            "ssh_key_ids.25": "3a4e67f8-b12d-43d4-a35d-e5d33a9ccd98",
                            "ssh_key_ids.26": "32a48504-ef65-452f-ae33-d161205c1b11",
                            "ssh_key_ids.27": "85e0e5cf-7e19-42f8-9dc2-da41de539495",
                            "ssh_key_ids.28": "d02bec99-0344-4cf3-bd06-8bad8969b9fe",
                            "ssh_key_ids.29": "f8e3e26a-214b-457a-a7de-0aa31723f04e",
                            "ssh_key_ids.3": "1e4e0e97-aace-4cd9-b258-c8408d502284",
                            "ssh_key_ids.30": "f81c84bc-7f7f-4c1c-bc6b-4aa9ce236151",
                            "ssh_key_ids.31": "a722049c-a416-4fb0-a661-290a0d9cf57b",
                            "ssh_key_ids.32": "36c08ba3-3dc2-45bf-aad5-3f9d6c2f8173",
                            "ssh_key_ids.33": "1776caa4-e965-4891-af1a-427ce73a88e9",
                            "ssh_key_ids.34": "fac2cbbc-70ef-4386-a0e6-df3aa1fe9609",
                            "ssh_key_ids.35": "d6a50bd7-69c4-4c2b-99be-9adbefc6e3dc",
                            "ssh_key_ids.36": "6219b353-d4ec-4ba5-9a40-19304b4fe1af",
                            "ssh_key_ids.37": "950d1f09-7d94-4838-ac25-e2b63fc256f5",
                            "ssh_key_ids.38": "7afc2a1e-7303-47e0-b75a-ed2587d3f340",
                            "ssh_key_ids.39": "5d3e1674-605d-4e29-aa1a-6f97c6273217",
                            "ssh_key_ids.4": "0fb6897c-2f7f-4d0f-9de1-bd279408a7cb",
                            "ssh_key_ids.40": "ee065568-03bb-456e-a1f5-1669939d43cb",
                            "ssh_key_ids.41": "c57fb351-65ce-4427-a1c2-17868b0d1711",
                            "ssh_key_ids.42": "36b25fc3-3971-4f8f-a6f2-fcf9113e4da8",
                            "ssh_key_ids.43": "1dae5119-8c6d-450c-be49-ef323d4ef630",
                            "ssh_key_ids.44": "c79bd893-afa8-4fde-9315-1ac6571a0d64",
                            "ssh_key_ids.45": "659466b5-43b7-47fe-bd6c-b443d3b5df20",
                            "ssh_key_ids.46": "8059f489-7714-4af7-84fc-76869c009378",
                            "ssh_key_ids.47": "9cf77467-cdb7-4dcc-ab9f-4d431712ef3f",
                            "ssh_key_ids.48": "d88db379-9fa2-454f-97a4-8e7718bbb658",
                            "ssh_key_ids.49": "7bf767f0-472a-4977-921e-cf55ded84f1c",
                            "ssh_key_ids.5": "fed60fdf-7e1d-4ffd-af9f-4ac91c2fd430",
                            "ssh_key_ids.50": "13c0308d-5846-46c5-bf46-2fdae2e9c8d7",
                            "ssh_key_ids.51": "f0e74fce-1a0c-4643-8990-f6843728f24f",
                            "ssh_key_ids.52": "ccb63b0c-f9e1-4764-a37e-e4408cccbfac",
                            "ssh_key_ids.53": "116c4f54-560a-4d95-bddc-29632af8a732",
                            "ssh_key_ids.54": "4e49c810-8e76-4ec7-b1c2-1d9e7f829441",
                            "ssh_key_ids.55": "954bd64c-a66b-45fb-900e-04f0b8b18cdf",
                            "ssh_key_ids.56": "a8855483-e011-4d68-86a5-2f530738dd17",
                            "ssh_key_ids.57": "fedb7753-6dba-4aa4-8371-999c6bab70de",
                            "ssh_key_ids.58": "7c41c050-74ad-4aa7-b63b-8c75d9db4051",
                            "ssh_key_ids.59": "3bde399d-1ee1-49ca-acad-8df41956df20",
                            "ssh_key_ids.6": "f6267de9-b50a-4bd8-aac5-51612a403741",
                            "ssh_key_ids.60": "1df0179f-a9af-4c8e-b9bf-5991f6e1b7f0",
                            "ssh_key_ids.61": "d0cce71a-c3ea-4b60-9866-d8f12d749d13",
                            "ssh_key_ids.62": "ec9105b6-bdd2-4bcc-a6ca-00055f55f504",
                            "ssh_key_ids.63": "14c24939-9fd3-4d21-9f11-2557c49a3a9f",
                            "ssh_key_ids.64": "f1b4cad0-7e3f-4574-bc52-6567dd2fd125",
                            "ssh_key_ids.65": "0394ad7e-6265-4478-ae1a-3b5d59a217d5",
                            "ssh_key_ids.66": "e75e4f46-8e6b-4f66-8612-1879bbb96623",
                            "ssh_key_ids.67": "494f995f-069a-4407-bf31-d1e67142f9fd",
                            "ssh_key_ids.68": "a2579e04-6f2e-4488-8e58-c48a0aa7f70b",
                            "ssh_key_ids.69": "0c1be6d5-8b38-4920-94f2-6ddaaa25bb9d",
                            "ssh_key_ids.7": "8c7583d3-2b01-4df4-a946-939962d827f9",
                            "ssh_key_ids.70": "7fb2d14c-11b6-4c52-a9d0-2a4a6113dbab",
                            "ssh_key_ids.71": "9ee4a2b0-3668-411b-af84-07f61d71afa8",
                            "ssh_key_ids.72": "22050c70-4363-4734-8c11-57855494147c",
                            "ssh_key_ids.73": "1a5374e7-ae0b-44e8-8290-a7f9e34c6374",
                            "ssh_key_ids.74": "ec684e16-0a82-4508-af90-88d5c598bd04",
                            "ssh_key_ids.75": "d059cfe2-3215-4686-aeaa-051a5a423d2a",
                            "ssh_key_ids.76": "ccf9952b-afcb-4df1-b002-0c60717e2592",
                            "ssh_key_ids.77": "59b26c30-c0ca-4ac5-ba7f-143efd14f792",
                            "ssh_key_ids.78": "8ad4e695-a082-43c5-ac1b-456964b321c6",
                            "ssh_key_ids.79": "8499c022-65c8-40dd-ab33-d331388ac5d9",
                            "ssh_key_ids.8": "311e499c-5421-42b0-91a7-cdcc1059dfef",
                            "ssh_key_ids.80": "290afd05-1d05-4fd4-a7ac-27be4b92458f",
                            "ssh_key_ids.81": "d7a07953-9e75-465e-9495-775f03018db0",
                            "ssh_key_ids.82": "82bd80ac-b1df-4801-88b7-8b835b78570c",
                            "ssh_key_ids.83": "e82a688a-f07a-480e-a408-199baca463c9",
                            "ssh_key_ids.84": "dc275958-fb33-4a63-a21b-e33d3dfd3a14",
                            "ssh_key_ids.85": "611e233e-835c-4e37-abdd-918842cbe83f",
                            "ssh_key_ids.86": "303a0e97-7dd1-4444-9def-d7ebf932a892",
                            "ssh_key_ids.87": "6e8257dd-b7b9-4f30-b9d1-e7131a4d2121",
                            "ssh_key_ids.88": "f86d606c-d11c-4b10-b0d2-326e3b791cdf",
                            "ssh_key_ids.89": "c33ea9e0-ed31-43ce-8bba-e5e8da4edd83",
                            "ssh_key_ids.9": "bdc5900f-e26d-46fe-8da6-59f9413b4c21",
                            "ssh_key_ids.90": "f63582f2-9d53-487f-a9af-d739e36b07af",
                            "ssh_key_ids.91": "3199b332-bec2-45ef-9e25-ba9057972da7",
                            "ssh_key_ids.92": "59e22e40-bf99-4d3a-ae05-3eb4d599cabc",
                            "ssh_key_ids.93": "82f1421a-5a62-442c-adbf-6f4534ff96fe",
                            "ssh_key_ids.94": "c0fea396-b8f9-43d0-a453-9bbc868a1d81",
                            "ssh_key_ids.95": "38ee2b4b-653d-494e-b008-abd82461f7f6",
                            "ssh_key_ids.96": "c523b161-3e3b-492c-90f4-253a86aed91f",
                            "ssh_key_ids.97": "892bf2fb-c6b9-459d-bdd0-36d69701a3e6",
                            "ssh_key_ids.98": "6e703847-5229-4bfd-9229-db6df7397e11",
                            "ssh_key_ids.99": "a102ddd7-bee2-4d61-9262-5978a4b91c04",
                            "state": "active",
                            "storage": "",
                            "tags.#": "0",
                            "updated": "2019-04-30T11:09:58Z"
                        },
                        "meta": {},
                        "tainted": false
                    },
                    "deposed": [],
                    "provider": "provider.packet"
                },
                "packet_device.lab_alt.2": {
                    "type": "packet_device",
                    "depends_on": [
                        "packet_device.registry_alt",
                        "packet_ssh_key.default",
                        "tls_private_key.default"
                    ],
                    "primary": {
                        "id": "a253c114-3d05-49a9-906e-83a62e98f60d",
                        "attributes": {
                            "access_private_ipv4": "10.64.62.25",
                            "access_public_ipv4": "147.75.94.253",
                            "access_public_ipv6": "2604:1380:3000:6c00::23",
                            "always_pxe": "false",
                            "billing_cycle": "hourly",
                            "created": "2019-04-30T09:51:48Z",
                            "facilities.#": "1",
                            "facilities.0": "nrt1",
                            "facility": "nrt1",
                            "hostname": "kayobe-lab-alt-02",
                            "id": "a253c114-3d05-49a9-906e-83a62e98f60d",
                            "ipxe_script_url": "",
                            "locked": "false",
                            "network.#": "3",
                            "network.0.address": "147.75.94.253",
                            "network.0.cidr": "31",
                            "network.0.family": "4",
                            "network.0.gateway": "147.75.94.252",
                            "network.0.public": "true",
                            "network.1.address": "2604:1380:3000:6c00::23",
                            "network.1.cidr": "127",
                            "network.1.family": "6",
                            "network.1.gateway": "2604:1380:3000:6c00::22",
                            "network.1.public": "true",
                            "network.2.address": "10.64.62.25",
                            "network.2.cidr": "31",
                            "network.2.family": "4",
                            "network.2.gateway": "10.64.62.24",
                            "network.2.public": "false",
                            "network_type": "layer3",
                            "operating_system": "centos_7",
                            "plan": "c1.small.x86",
                            "ports.#": "3",
                            "ports.0.bonded": "true",
                            "ports.0.id": "11f0661e-5fb3-4f00-ae5c-5f40a495f3d6",
                            "ports.0.mac": "",
                            "ports.0.name": "bond0",
                            "ports.0.type": "NetworkBondPort",
                            "ports.1.bonded": "true",
                            "ports.1.id": "b34234f0-aa5f-49f9-923e-0b45e1a4a03f",
                            "ports.1.mac": "ac:1f:6b:82:e4:ee",
                            "ports.1.name": "eth0",
                            "ports.1.type": "NetworkPort",
                            "ports.2.bonded": "true",
                            "ports.2.id": "aa176c68-a915-447a-ae4e-856e885ee72e",
                            "ports.2.mac": "ac:1f:6b:82:e4:ef",
                            "ports.2.name": "eth1",
                            "ports.2.type": "NetworkPort",
                            "project_id": "719d7d4b-08f8-4e9b-ad0d-34707f85160d",
                            "public_ipv4_subnet_size": "31",
                            "root_password": "5=CY}pn\u003c1b",
                            "ssh_key_ids.#": "164",
                            "ssh_key_ids.0": "bd192f85-fbeb-4fd3-bca0-7ceb96f91700",
                            "ssh_key_ids.1": "da199044-80dd-48dd-8d1f-ef76ccb13ab5",
                            "ssh_key_ids.10": "bdc5900f-e26d-46fe-8da6-59f9413b4c21",
                            "ssh_key_ids.100": "8ec2af9d-2255-4cc8-a5ae-8dd62262241c",
                            "ssh_key_ids.101": "ccf9952b-afcb-4df1-b002-0c60717e2592",
                            "ssh_key_ids.102": "d059cfe2-3215-4686-aeaa-051a5a423d2a",
                            "ssh_key_ids.103": "82bd80ac-b1df-4801-88b7-8b835b78570c",
                            "ssh_key_ids.104": "c0fea396-b8f9-43d0-a453-9bbc868a1d81",
                            "ssh_key_ids.105": "82f1421a-5a62-442c-adbf-6f4534ff96fe",
                            "ssh_key_ids.106": "59e22e40-bf99-4d3a-ae05-3eb4d599cabc",
                            "ssh_key_ids.107": "ec684e16-0a82-4508-af90-88d5c598bd04",
                            "ssh_key_ids.108": "1a5374e7-ae0b-44e8-8290-a7f9e34c6374",
                            "ssh_key_ids.109": "22050c70-4363-4734-8c11-57855494147c",
                            "ssh_key_ids.11": "214e1ebd-afd3-43f9-bcb6-bf6b9693f830",
                            "ssh_key_ids.110": "9ee4a2b0-3668-411b-af84-07f61d71afa8",
                            "ssh_key_ids.111": "85e0e5cf-7e19-42f8-9dc2-da41de539495",
                            "ssh_key_ids.112": "7d4eca06-2710-49c7-b4bd-efececa7cd54",
                            "ssh_key_ids.113": "f718cdab-a523-45c3-9b01-80dc045be122",
                            "ssh_key_ids.114": "f78dd9de-77e6-4386-9014-14258f6ed18c",
                            "ssh_key_ids.115": "aea43942-9250-4cde-81d1-69e468df8ce6",
                            "ssh_key_ids.116": "32a48504-ef65-452f-ae33-d161205c1b11",
                            "ssh_key_ids.117": "3a4e67f8-b12d-43d4-a35d-e5d33a9ccd98",
                            "ssh_key_ids.118": "9cf77467-cdb7-4dcc-ab9f-4d431712ef3f",
                            "ssh_key_ids.119": "80b28858-2421-41bb-bbea-c4ad4a5db2c9",
                            "ssh_key_ids.12": "33fea3c3-2fb4-424a-834c-190bd53b8f0b",
                            "ssh_key_ids.120": "036d46c3-8727-4a00-b59b-7f80443a2afc",
                            "ssh_key_ids.121": "04d2d40f-d0ae-4862-9537-62a9e43a22cd",
                            "ssh_key_ids.122": "c33ea9e0-ed31-43ce-8bba-e5e8da4edd83",
                            "ssh_key_ids.123": "6e8257dd-b7b9-4f30-b9d1-e7131a4d2121",
                            "ssh_key_ids.124": "ccb63b0c-f9e1-4764-a37e-e4408cccbfac",
                            "ssh_key_ids.125": "65c4bc38-3112-4503-b875-5f583aca6424",
                            "ssh_key_ids.126": "37ffbecc-3536-42d3-8f8b-5235dd97d526",
                            "ssh_key_ids.127": "912637d1-7b56-481b-bbe4-ccf466e3e161",
                            "ssh_key_ids.128": "68931241-5344-4a8b-884f-4f3a4fc5e231",
                            "ssh_key_ids.129": "f8e3e26a-214b-457a-a7de-0aa31723f04e",
                            "ssh_key_ids.13": "fed60fdf-7e1d-4ffd-af9f-4ac91c2fd430",
                            "ssh_key_ids.130": "f0e74fce-1a0c-4643-8990-f6843728f24f",
                            "ssh_key_ids.131": "34934bed-6b13-4abc-aeb6-1a5a9e994745",
                            "ssh_key_ids.132": "b428db77-8a11-40b6-a6f9-bd6321ea796b",
                            "ssh_key_ids.133": "3199b332-bec2-45ef-9e25-ba9057972da7",
                            "ssh_key_ids.134": "bc84ed0c-228d-4eb5-97b4-4cd7b6e6a0f9",
                            "ssh_key_ids.135": "27635c6f-e3bd-4403-ae6c-94757f36b601",
                            "ssh_key_ids.136": "7fb2d14c-11b6-4c52-a9d0-2a4a6113dbab",
                            "ssh_key_ids.137": "948d85da-a1a4-45d9-b6bd-e2794c03232d",
                            "ssh_key_ids.138": "303a0e97-7dd1-4444-9def-d7ebf932a892",
                            "ssh_key_ids.139": "7bf767f0-472a-4977-921e-cf55ded84f1c",
                            "ssh_key_ids.14": "7c7abd45-994d-4754-8220-2c5a404933e8",
                            "ssh_key_ids.140": "8c7583d3-2b01-4df4-a946-939962d827f9",
                            "ssh_key_ids.141": "f6267de9-b50a-4bd8-aac5-51612a403741",
                            "ssh_key_ids.142": "89ef47c1-1576-4b8c-a339-2014155f0802",
                            "ssh_key_ids.143": "38ee2b4b-653d-494e-b008-abd82461f7f6",
                            "ssh_key_ids.144": "f63582f2-9d53-487f-a9af-d739e36b07af",
                            "ssh_key_ids.145": "494f995f-069a-4407-bf31-d1e67142f9fd",
                            "ssh_key_ids.146": "b38f0448-bb97-4309-82f2-d1a5f5df0809",
                            "ssh_key_ids.147": "b87eb180-f18b-44a6-bbd5-a49f111d7864",
                            "ssh_key_ids.148": "be99da3d-601c-4466-8dcb-ff1f8a6a19d8",
                            "ssh_key_ids.149": "942f8d63-c3ec-4f32-b93a-38b5e0bafd90",
                            "ssh_key_ids.15": "1689628e-00a8-40e4-a578-9d484d66cc3f",
                            "ssh_key_ids.150": "eac5e2ca-acf1-46a6-ae4d-aa12f71af765",
                            "ssh_key_ids.151": "0a929e59-0bcf-4de1-91d1-01a8cdbc9ef6",
                            "ssh_key_ids.152": "e5fd812a-667c-498f-883c-2bd1afddbff3",
                            "ssh_key_ids.153": "3b57956f-a711-40db-9a6f-32487503bea1",
                            "ssh_key_ids.154": "6b50e07d-df2c-44b8-8a9e-65bfab6880a1",
                            "ssh_key_ids.155": "4382d197-ecbb-43d9-a7d6-453c100279b8",
                            "ssh_key_ids.156": "bc4f1745-a5de-45e4-ae82-d7c4988ee1a2",
                            "ssh_key_ids.157": "985ea314-f590-4237-99f5-682a344617d9",
                            "ssh_key_ids.158": "98b939fb-362b-41c8-831a-1f0a2afa400e",
                            "ssh_key_ids.159": "21fecacf-999e-4595-a247-af36a4feb0c1",
                            "ssh_key_ids.16": "d0cce71a-c3ea-4b60-9866-d8f12d749d13",
                            "ssh_key_ids.160": "0c909e8f-7714-43f6-a8a9-fc003c5231a3",
                            "ssh_key_ids.161": "ccb07866-766e-45e2-ae82-a1f1c8cb39c8",
                            "ssh_key_ids.162": "d45fb3b7-af95-4c48-8ad6-e3f3242a5e4a",
                            "ssh_key_ids.163": "25faa130-9a09-4cca-a109-409c7ac309ab",
                            "ssh_key_ids.17": "1df0179f-a9af-4c8e-b9bf-5991f6e1b7f0",
                            "ssh_key_ids.18": "d6a50bd7-69c4-4c2b-99be-9adbefc6e3dc",
                            "ssh_key_ids.19": "950d1f09-7d94-4838-ac25-e2b63fc256f5",
                            "ssh_key_ids.2": "6e703847-5229-4bfd-9229-db6df7397e11",
                            "ssh_key_ids.20": "d02bec99-0344-4cf3-bd06-8bad8969b9fe",
                            "ssh_key_ids.21": "e75e4f46-8e6b-4f66-8612-1879bbb96623",
                            "ssh_key_ids.22": "0a7d499d-8d80-45ad-9069-8fbaa6e28ea1",
                            "ssh_key_ids.23": "bb427d7d-ca92-4a98-af84-64d3b43e6325",
                            "ssh_key_ids.24": "c523b161-3e3b-492c-90f4-253a86aed91f",
                            "ssh_key_ids.25": "892bf2fb-c6b9-459d-bdd0-36d69701a3e6",
                            "ssh_key_ids.26": "13c0308d-5846-46c5-bf46-2fdae2e9c8d7",
                            "ssh_key_ids.27": "a102ddd7-bee2-4d61-9262-5978a4b91c04",
                            "ssh_key_ids.28": "f86d606c-d11c-4b10-b0d2-326e3b791cdf",
                            "ssh_key_ids.29": "7afc2a1e-7303-47e0-b75a-ed2587d3f340",
                            "ssh_key_ids.3": "32c2e969-fe1c-4235-a999-2b8abc061991",
                            "ssh_key_ids.30": "0c1be6d5-8b38-4920-94f2-6ddaaa25bb9d",
                            "ssh_key_ids.31": "a2579e04-6f2e-4488-8e58-c48a0aa7f70b",
                            "ssh_key_ids.32": "f1b4cad0-7e3f-4574-bc52-6567dd2fd125",
                            "ssh_key_ids.33": "3bde399d-1ee1-49ca-acad-8df41956df20",
                            "ssh_key_ids.34": "0fb6897c-2f7f-4d0f-9de1-bd279408a7cb",
                            "ssh_key_ids.35": "1e4e0e97-aace-4cd9-b258-c8408d502284",
                            "ssh_key_ids.36": "7c41c050-74ad-4aa7-b63b-8c75d9db4051",
                            "ssh_key_ids.37": "fedb7753-6dba-4aa4-8371-999c6bab70de",
                            "ssh_key_ids.38": "a8855483-e011-4d68-86a5-2f530738dd17",
                            "ssh_key_ids.39": "59b26c30-c0ca-4ac5-ba7f-143efd14f792",
                            "ssh_key_ids.4": "659466b5-43b7-47fe-bd6c-b443d3b5df20",
                            "ssh_key_ids.40": "8ad4e695-a082-43c5-ac1b-456964b321c6",
                            "ssh_key_ids.41": "8499c022-65c8-40dd-ab33-d331388ac5d9",
                            "ssh_key_ids.42": "290afd05-1d05-4fd4-a7ac-27be4b92458f",
                            "ssh_key_ids.43": "d7a07953-9e75-465e-9495-775f03018db0",
                            "ssh_key_ids.44": "a7c4c16b-8163-4d61-8485-5f05eb11f013",
                            "ssh_key_ids.45": "e82a688a-f07a-480e-a408-199baca463c9",
                            "ssh_key_ids.46": "7c7abede-0f89-4bae-91f3-c4c856140db8",
                            "ssh_key_ids.47": "dc275958-fb33-4a63-a21b-e33d3dfd3a14",
                            "ssh_key_ids.48": "01097db2-b817-4a41-b016-012c83dad8e4",
                            "ssh_key_ids.49": "ec9105b6-bdd2-4bcc-a6ca-00055f55f504",
                            "ssh_key_ids.5": "8059f489-7714-4af7-84fc-76869c009378",
                            "ssh_key_ids.50": "611e233e-835c-4e37-abdd-918842cbe83f",
                            "ssh_key_ids.51": "311e499c-5421-42b0-91a7-cdcc1059dfef",
                            "ssh_key_ids.52": "752d99f5-5dcd-437f-99c9-8325bbabcc59",
                            "ssh_key_ids.53": "6389afd1-e142-402d-8a1e-90383fbd3cb0",
                            "ssh_key_ids.54": "9058e9af-1b6a-4c7a-bce1-14dc06529d33",
                            "ssh_key_ids.55": "e58fd2a9-18d8-4cd9-a1a2-f2610ed83a73",
                            "ssh_key_ids.56": "842a0495-4b06-4f53-a948-f381d57cb180",
                            "ssh_key_ids.57": "491b68d1-1663-490d-a2e0-248b496631f4",
                            "ssh_key_ids.58": "bb056de1-9025-47e5-89a1-2897643e1f6c",
                            "ssh_key_ids.59": "b68dcaed-078c-41e2-a647-5aa1acb12154",
                            "ssh_key_ids.6": "f98a99f8-ff13-4391-b5fc-74983219a225",
                            "ssh_key_ids.60": "984f885d-a618-4416-a934-f1f00d93f989",
                            "ssh_key_ids.61": "a722049c-a416-4fb0-a661-290a0d9cf57b",
                            "ssh_key_ids.62": "1776caa4-e965-4891-af1a-427ce73a88e9",
                            "ssh_key_ids.63": "0873502f-0980-4e42-a0de-5328eb21b1fe",
                            "ssh_key_ids.64": "cc001113-bc02-4d7f-af55-366db9132936",
                            "ssh_key_ids.65": "954bd64c-a66b-45fb-900e-04f0b8b18cdf",
                            "ssh_key_ids.66": "6219b353-d4ec-4ba5-9a40-19304b4fe1af",
                            "ssh_key_ids.67": "4e49c810-8e76-4ec7-b1c2-1d9e7f829441",
                            "ssh_key_ids.68": "d88db379-9fa2-454f-97a4-8e7718bbb658",
                            "ssh_key_ids.69": "d0a93463-eb19-4ed4-82a9-3c354374443e",
                            "ssh_key_ids.7": "0b392f37-4243-4e43-a56c-18208a30acf3",
                            "ssh_key_ids.70": "b505936c-fca3-4767-9cbe-a5401f97dd95",
                            "ssh_key_ids.71": "2765be00-4a38-436c-8eb7-74cb7dba92d3",
                            "ssh_key_ids.72": "9a377e1e-c8ce-40c0-bf81-014cab0fcb7c",
                            "ssh_key_ids.73": "84eaa0c1-fd1c-4de8-a60c-e91feb89f14b",
                            "ssh_key_ids.74": "ee065568-03bb-456e-a1f5-1669939d43cb",
                            "ssh_key_ids.75": "1dae5119-8c6d-450c-be49-ef323d4ef630",
                            "ssh_key_ids.76": "c79bd893-afa8-4fde-9315-1ac6571a0d64",
                            "ssh_key_ids.77": "88436004-0436-4df7-8240-bfd128e8d605",
                            "ssh_key_ids.78": "f81c84bc-7f7f-4c1c-bc6b-4aa9ce236151",
                            "ssh_key_ids.79": "895e0d1a-adae-439f-a1a8-a15aa6658c97",
                            "ssh_key_ids.8": "0394ad7e-6265-4478-ae1a-3b5d59a217d5",
                            "ssh_key_ids.80": "116c4f54-560a-4d95-bddc-29632af8a732",
                            "ssh_key_ids.81": "36c08ba3-3dc2-45bf-aad5-3f9d6c2f8173",
                            "ssh_key_ids.82": "fac2cbbc-70ef-4386-a0e6-df3aa1fe9609",
                            "ssh_key_ids.83": "14c24939-9fd3-4d21-9f11-2557c49a3a9f",
                            "ssh_key_ids.84": "36b25fc3-3971-4f8f-a6f2-fcf9113e4da8",
                            "ssh_key_ids.85": "0f73341f-b03d-4323-8d59-af7243dbb475",
                            "ssh_key_ids.86": "2111f3a2-9fe6-4992-aa14-1e01bb0501ce",
                            "ssh_key_ids.87": "09223179-7d28-40a4-b18e-b7ed3e350c6a",
                            "ssh_key_ids.88": "0e3abb85-56d4-4604-a40a-9f3c6548b30b",
                            "ssh_key_ids.89": "f7e8e7ed-d248-4e81-9f0a-15ef569fb264",
                            "ssh_key_ids.9": "0fddd1d0-4fa1-4abb-9bb9-b8381169a715",
                            "ssh_key_ids.90": "5e0ab35b-4a75-45c1-b679-bc9cb5c9abf8",
                            "ssh_key_ids.91": "c57fb351-65ce-4427-a1c2-17868b0d1711",
                            "ssh_key_ids.92": "f67f7c4b-0050-4c18-be29-03a072b204ba",
                            "ssh_key_ids.93": "ee429bfb-8fb3-479b-9c6c-e5579a8bf59d",
                            "ssh_key_ids.94": "93b62667-9821-43c9-9b47-09c72bfc16fe",
                            "ssh_key_ids.95": "305be502-51dd-41a5-b2b1-b58878e9da15",
                            "ssh_key_ids.96": "af0fdb13-ba2c-4e19-bcfb-57b1d59ead38",
                            "ssh_key_ids.97": "c13861b0-d10e-4a0e-a84b-4d0463d54f1a",
                            "ssh_key_ids.98": "e00adc33-e5eb-4b67-b5f9-4bfa68bd2e53",
                            "ssh_key_ids.99": "5d3e1674-605d-4e29-aa1a-6f97c6273217",
                            "state": "active",
                            "storage": "",
                            "tags.#": "0",
                            "updated": "2019-04-30T09:55:23Z"
                        },
                        "meta": {},
                        "tainted": false
                    },
                    "deposed": [],
                    "provider": "provider.packet"
                },
                "packet_device.lab_alt.20": {
                    "type": "packet_device",
                    "depends_on": [
                        "packet_device.registry_alt",
                        "packet_ssh_key.default",
                        "tls_private_key.default"
                    ],
                    "primary": {
                        "id": "7e233504-1de0-428b-9942-e88aaebb078e",
                        "attributes": {
                            "access_private_ipv4": "10.64.62.41",
                            "access_public_ipv4": "147.75.94.249",
                            "access_public_ipv6": "2604:1380:3000:6c00::1f",
                            "always_pxe": "false",
                            "billing_cycle": "hourly",
                            "created": "2019-04-30T09:51:41Z",
                            "facilities.#": "1",
                            "facilities.0": "nrt1",
                            "facility": "nrt1",
                            "hostname": "kayobe-lab-alt-20",
                            "id": "7e233504-1de0-428b-9942-e88aaebb078e",
                            "ipxe_script_url": "",
                            "locked": "false",
                            "network.#": "3",
                            "network.0.address": "147.75.94.249",
                            "network.0.cidr": "31",
                            "network.0.family": "4",
                            "network.0.gateway": "147.75.94.248",
                            "network.0.public": "true",
                            "network.1.address": "2604:1380:3000:6c00::1f",
                            "network.1.cidr": "127",
                            "network.1.family": "6",
                            "network.1.gateway": "2604:1380:3000:6c00::1e",
                            "network.1.public": "true",
                            "network.2.address": "10.64.62.41",
                            "network.2.cidr": "31",
                            "network.2.family": "4",
                            "network.2.gateway": "10.64.62.40",
                            "network.2.public": "false",
                            "network_type": "layer3",
                            "operating_system": "centos_7",
                            "plan": "c1.small.x86",
                            "ports.#": "3",
                            "ports.0.bonded": "true",
                            "ports.0.id": "b8cdb650-2c89-4147-acb4-dfc9f33bd4e5",
                            "ports.0.mac": "",
                            "ports.0.name": "bond0",
                            "ports.0.type": "NetworkBondPort",
                            "ports.1.bonded": "true",
                            "ports.1.id": "68329342-df53-4899-952c-d2c8bfc16327",
                            "ports.1.mac": "ac:1f:6b:95:d7:9e",
                            "ports.1.name": "eth0",
                            "ports.1.type": "NetworkPort",
                            "ports.2.bonded": "true",
                            "ports.2.id": "f87022ac-bff5-4951-bfd4-594b3caa5c1f",
                            "ports.2.mac": "ac:1f:6b:95:d7:9f",
                            "ports.2.name": "eth1",
                            "ports.2.type": "NetworkPort",
                            "project_id": "719d7d4b-08f8-4e9b-ad0d-34707f85160d",
                            "public_ipv4_subnet_size": "31",
                            "root_password": "5_0Gy4Ej[\u003c",
                            "ssh_key_ids.#": "164",
                            "ssh_key_ids.0": "bd192f85-fbeb-4fd3-bca0-7ceb96f91700",
                            "ssh_key_ids.1": "da199044-80dd-48dd-8d1f-ef76ccb13ab5",
                            "ssh_key_ids.10": "68931241-5344-4a8b-884f-4f3a4fc5e231",
                            "ssh_key_ids.100": "752d99f5-5dcd-437f-99c9-8325bbabcc59",
                            "ssh_key_ids.101": "611e233e-835c-4e37-abdd-918842cbe83f",
                            "ssh_key_ids.102": "ec9105b6-bdd2-4bcc-a6ca-00055f55f504",
                            "ssh_key_ids.103": "01097db2-b817-4a41-b016-012c83dad8e4",
                            "ssh_key_ids.104": "dc275958-fb33-4a63-a21b-e33d3dfd3a14",
                            "ssh_key_ids.105": "e82a688a-f07a-480e-a408-199baca463c9",
                            "ssh_key_ids.106": "a7c4c16b-8163-4d61-8485-5f05eb11f013",
                            "ssh_key_ids.107": "d7a07953-9e75-465e-9495-775f03018db0",
                            "ssh_key_ids.108": "290afd05-1d05-4fd4-a7ac-27be4b92458f",
                            "ssh_key_ids.109": "8499c022-65c8-40dd-ab33-d331388ac5d9",
                            "ssh_key_ids.11": "0fddd1d0-4fa1-4abb-9bb9-b8381169a715",
                            "ssh_key_ids.110": "8ad4e695-a082-43c5-ac1b-456964b321c6",
                            "ssh_key_ids.111": "59b26c30-c0ca-4ac5-ba7f-143efd14f792",
                            "ssh_key_ids.112": "ccf9952b-afcb-4df1-b002-0c60717e2592",
                            "ssh_key_ids.113": "d059cfe2-3215-4686-aeaa-051a5a423d2a",
                            "ssh_key_ids.114": "82bd80ac-b1df-4801-88b7-8b835b78570c",
                            "ssh_key_ids.115": "c0fea396-b8f9-43d0-a453-9bbc868a1d81",
                            "ssh_key_ids.116": "82f1421a-5a62-442c-adbf-6f4534ff96fe",
                            "ssh_key_ids.117": "59e22e40-bf99-4d3a-ae05-3eb4d599cabc",
                            "ssh_key_ids.118": "ec684e16-0a82-4508-af90-88d5c598bd04",
                            "ssh_key_ids.119": "1a5374e7-ae0b-44e8-8290-a7f9e34c6374",
                            "ssh_key_ids.12": "bdc5900f-e26d-46fe-8da6-59f9413b4c21",
                            "ssh_key_ids.120": "22050c70-4363-4734-8c11-57855494147c",
                            "ssh_key_ids.121": "9ee4a2b0-3668-411b-af84-07f61d71afa8",
                            "ssh_key_ids.122": "85e0e5cf-7e19-42f8-9dc2-da41de539495",
                            "ssh_key_ids.123": "32a48504-ef65-452f-ae33-d161205c1b11",
                            "ssh_key_ids.124": "3a4e67f8-b12d-43d4-a35d-e5d33a9ccd98",
                            "ssh_key_ids.125": "80b28858-2421-41bb-bbea-c4ad4a5db2c9",
                            "ssh_key_ids.126": "036d46c3-8727-4a00-b59b-7f80443a2afc",
                            "ssh_key_ids.127": "04d2d40f-d0ae-4862-9537-62a9e43a22cd",
                            "ssh_key_ids.128": "c33ea9e0-ed31-43ce-8bba-e5e8da4edd83",
                            "ssh_key_ids.129": "6e8257dd-b7b9-4f30-b9d1-e7131a4d2121",
                            "ssh_key_ids.13": "7c7abede-0f89-4bae-91f3-c4c856140db8",
                            "ssh_key_ids.130": "ccb63b0c-f9e1-4764-a37e-e4408cccbfac",
                            "ssh_key_ids.131": "65c4bc38-3112-4503-b875-5f583aca6424",
                            "ssh_key_ids.132": "912637d1-7b56-481b-bbe4-ccf466e3e161",
                            "ssh_key_ids.133": "f0e74fce-1a0c-4643-8990-f6843728f24f",
                            "ssh_key_ids.134": "34934bed-6b13-4abc-aeb6-1a5a9e994745",
                            "ssh_key_ids.135": "3199b332-bec2-45ef-9e25-ba9057972da7",
                            "ssh_key_ids.136": "303a0e97-7dd1-4444-9def-d7ebf932a892",
                            "ssh_key_ids.137": "7bf767f0-472a-4977-921e-cf55ded84f1c",
                            "ssh_key_ids.138": "7fb2d14c-11b6-4c52-a9d0-2a4a6113dbab",
                            "ssh_key_ids.139": "27635c6f-e3bd-4403-ae6c-94757f36b601",
                            "ssh_key_ids.14": "214e1ebd-afd3-43f9-bcb6-bf6b9693f830",
                            "ssh_key_ids.140": "b505936c-fca3-4767-9cbe-a5401f97dd95",
                            "ssh_key_ids.141": "ee065568-03bb-456e-a1f5-1669939d43cb",
                            "ssh_key_ids.142": "1dae5119-8c6d-450c-be49-ef323d4ef630",
                            "ssh_key_ids.143": "c79bd893-afa8-4fde-9315-1ac6571a0d64",
                            "ssh_key_ids.144": "9cf77467-cdb7-4dcc-ab9f-4d431712ef3f",
                            "ssh_key_ids.145": "b428db77-8a11-40b6-a6f9-bd6321ea796b",
                            "ssh_key_ids.146": "b38f0448-bb97-4309-82f2-d1a5f5df0809",
                            "ssh_key_ids.147": "b87eb180-f18b-44a6-bbd5-a49f111d7864",
                            "ssh_key_ids.148": "be99da3d-601c-4466-8dcb-ff1f8a6a19d8",
                            "ssh_key_ids.149": "942f8d63-c3ec-4f32-b93a-38b5e0bafd90",
                            "ssh_key_ids.15": "8c7583d3-2b01-4df4-a946-939962d827f9",
                            "ssh_key_ids.150": "eac5e2ca-acf1-46a6-ae4d-aa12f71af765",
                            "ssh_key_ids.151": "0a929e59-0bcf-4de1-91d1-01a8cdbc9ef6",
                            "ssh_key_ids.152": "e5fd812a-667c-498f-883c-2bd1afddbff3",
                            "ssh_key_ids.153": "3b57956f-a711-40db-9a6f-32487503bea1",
                            "ssh_key_ids.154": "6b50e07d-df2c-44b8-8a9e-65bfab6880a1",
                            "ssh_key_ids.155": "4382d197-ecbb-43d9-a7d6-453c100279b8",
                            "ssh_key_ids.156": "bc4f1745-a5de-45e4-ae82-d7c4988ee1a2",
                            "ssh_key_ids.157": "985ea314-f590-4237-99f5-682a344617d9",
                            "ssh_key_ids.158": "98b939fb-362b-41c8-831a-1f0a2afa400e",
                            "ssh_key_ids.159": "21fecacf-999e-4595-a247-af36a4feb0c1",
                            "ssh_key_ids.16": "f6267de9-b50a-4bd8-aac5-51612a403741",
                            "ssh_key_ids.160": "0c909e8f-7714-43f6-a8a9-fc003c5231a3",
                            "ssh_key_ids.161": "ccb07866-766e-45e2-ae82-a1f1c8cb39c8",
                            "ssh_key_ids.162": "d45fb3b7-af95-4c48-8ad6-e3f3242a5e4a",
                            "ssh_key_ids.163": "25faa130-9a09-4cca-a109-409c7ac309ab",
                            "ssh_key_ids.17": "33fea3c3-2fb4-424a-834c-190bd53b8f0b",
                            "ssh_key_ids.18": "fed60fdf-7e1d-4ffd-af9f-4ac91c2fd430",
                            "ssh_key_ids.19": "7c7abd45-994d-4754-8220-2c5a404933e8",
                            "ssh_key_ids.2": "6e703847-5229-4bfd-9229-db6df7397e11",
                            "ssh_key_ids.20": "89ef47c1-1576-4b8c-a339-2014155f0802",
                            "ssh_key_ids.21": "1689628e-00a8-40e4-a578-9d484d66cc3f",
                            "ssh_key_ids.22": "494f995f-069a-4407-bf31-d1e67142f9fd",
                            "ssh_key_ids.23": "3bde399d-1ee1-49ca-acad-8df41956df20",
                            "ssh_key_ids.24": "1e4e0e97-aace-4cd9-b258-c8408d502284",
                            "ssh_key_ids.25": "a8855483-e011-4d68-86a5-2f530738dd17",
                            "ssh_key_ids.26": "954bd64c-a66b-45fb-900e-04f0b8b18cdf",
                            "ssh_key_ids.27": "bc84ed0c-228d-4eb5-97b4-4cd7b6e6a0f9",
                            "ssh_key_ids.28": "f8e3e26a-214b-457a-a7de-0aa31723f04e",
                            "ssh_key_ids.29": "d0cce71a-c3ea-4b60-9866-d8f12d749d13",
                            "ssh_key_ids.3": "32c2e969-fe1c-4235-a999-2b8abc061991",
                            "ssh_key_ids.30": "1df0179f-a9af-4c8e-b9bf-5991f6e1b7f0",
                            "ssh_key_ids.31": "d6a50bd7-69c4-4c2b-99be-9adbefc6e3dc",
                            "ssh_key_ids.32": "950d1f09-7d94-4838-ac25-e2b63fc256f5",
                            "ssh_key_ids.33": "d02bec99-0344-4cf3-bd06-8bad8969b9fe",
                            "ssh_key_ids.34": "e75e4f46-8e6b-4f66-8612-1879bbb96623",
                            "ssh_key_ids.35": "0a7d499d-8d80-45ad-9069-8fbaa6e28ea1",
                            "ssh_key_ids.36": "bb427d7d-ca92-4a98-af84-64d3b43e6325",
                            "ssh_key_ids.37": "c523b161-3e3b-492c-90f4-253a86aed91f",
                            "ssh_key_ids.38": "892bf2fb-c6b9-459d-bdd0-36d69701a3e6",
                            "ssh_key_ids.39": "13c0308d-5846-46c5-bf46-2fdae2e9c8d7",
                            "ssh_key_ids.4": "659466b5-43b7-47fe-bd6c-b443d3b5df20",
                            "ssh_key_ids.40": "a102ddd7-bee2-4d61-9262-5978a4b91c04",
                            "ssh_key_ids.41": "842a0495-4b06-4f53-a948-f381d57cb180",
                            "ssh_key_ids.42": "f718cdab-a523-45c3-9b01-80dc045be122",
                            "ssh_key_ids.43": "f78dd9de-77e6-4386-9014-14258f6ed18c",
                            "ssh_key_ids.44": "7d4eca06-2710-49c7-b4bd-efececa7cd54",
                            "ssh_key_ids.45": "37ffbecc-3536-42d3-8f8b-5235dd97d526",
                            "ssh_key_ids.46": "8ec2af9d-2255-4cc8-a5ae-8dd62262241c",
                            "ssh_key_ids.47": "491b68d1-1663-490d-a2e0-248b496631f4",
                            "ssh_key_ids.48": "bb056de1-9025-47e5-89a1-2897643e1f6c",
                            "ssh_key_ids.49": "b68dcaed-078c-41e2-a647-5aa1acb12154",
                            "ssh_key_ids.5": "8059f489-7714-4af7-84fc-76869c009378",
                            "ssh_key_ids.50": "984f885d-a618-4416-a934-f1f00d93f989",
                            "ssh_key_ids.51": "a722049c-a416-4fb0-a661-290a0d9cf57b",
                            "ssh_key_ids.52": "1776caa4-e965-4891-af1a-427ce73a88e9",
                            "ssh_key_ids.53": "0873502f-0980-4e42-a0de-5328eb21b1fe",
                            "ssh_key_ids.54": "cc001113-bc02-4d7f-af55-366db9132936",
                            "ssh_key_ids.55": "88436004-0436-4df7-8240-bfd128e8d605",
                            "ssh_key_ids.56": "f81c84bc-7f7f-4c1c-bc6b-4aa9ce236151",
                            "ssh_key_ids.57": "895e0d1a-adae-439f-a1a8-a15aa6658c97",
                            "ssh_key_ids.58": "116c4f54-560a-4d95-bddc-29632af8a732",
                            "ssh_key_ids.59": "36c08ba3-3dc2-45bf-aad5-3f9d6c2f8173",
                            "ssh_key_ids.6": "f98a99f8-ff13-4391-b5fc-74983219a225",
                            "ssh_key_ids.60": "fac2cbbc-70ef-4386-a0e6-df3aa1fe9609",
                            "ssh_key_ids.61": "14c24939-9fd3-4d21-9f11-2557c49a3a9f",
                            "ssh_key_ids.62": "36b25fc3-3971-4f8f-a6f2-fcf9113e4da8",
                            "ssh_key_ids.63": "f67f7c4b-0050-4c18-be29-03a072b204ba",
                            "ssh_key_ids.64": "ee429bfb-8fb3-479b-9c6c-e5579a8bf59d",
                            "ssh_key_ids.65": "93b62667-9821-43c9-9b47-09c72bfc16fe",
                            "ssh_key_ids.66": "305be502-51dd-41a5-b2b1-b58878e9da15",
                            "ssh_key_ids.67": "af0fdb13-ba2c-4e19-bcfb-57b1d59ead38",
                            "ssh_key_ids.68": "c13861b0-d10e-4a0e-a84b-4d0463d54f1a",
                            "ssh_key_ids.69": "e00adc33-e5eb-4b67-b5f9-4bfa68bd2e53",
                            "ssh_key_ids.7": "0b392f37-4243-4e43-a56c-18208a30acf3",
                            "ssh_key_ids.70": "5d3e1674-605d-4e29-aa1a-6f97c6273217",
                            "ssh_key_ids.71": "c57fb351-65ce-4427-a1c2-17868b0d1711",
                            "ssh_key_ids.72": "5e0ab35b-4a75-45c1-b679-bc9cb5c9abf8",
                            "ssh_key_ids.73": "311e499c-5421-42b0-91a7-cdcc1059dfef",
                            "ssh_key_ids.74": "948d85da-a1a4-45d9-b6bd-e2794c03232d",
                            "ssh_key_ids.75": "38ee2b4b-653d-494e-b008-abd82461f7f6",
                            "ssh_key_ids.76": "f63582f2-9d53-487f-a9af-d739e36b07af",
                            "ssh_key_ids.77": "f86d606c-d11c-4b10-b0d2-326e3b791cdf",
                            "ssh_key_ids.78": "7afc2a1e-7303-47e0-b75a-ed2587d3f340",
                            "ssh_key_ids.79": "0c1be6d5-8b38-4920-94f2-6ddaaa25bb9d",
                            "ssh_key_ids.8": "0394ad7e-6265-4478-ae1a-3b5d59a217d5",
                            "ssh_key_ids.80": "a2579e04-6f2e-4488-8e58-c48a0aa7f70b",
                            "ssh_key_ids.81": "f1b4cad0-7e3f-4574-bc52-6567dd2fd125",
                            "ssh_key_ids.82": "0fb6897c-2f7f-4d0f-9de1-bd279408a7cb",
                            "ssh_key_ids.83": "7c41c050-74ad-4aa7-b63b-8c75d9db4051",
                            "ssh_key_ids.84": "fedb7753-6dba-4aa4-8371-999c6bab70de",
                            "ssh_key_ids.85": "6219b353-d4ec-4ba5-9a40-19304b4fe1af",
                            "ssh_key_ids.86": "4e49c810-8e76-4ec7-b1c2-1d9e7f829441",
                            "ssh_key_ids.87": "d88db379-9fa2-454f-97a4-8e7718bbb658",
                            "ssh_key_ids.88": "d0a93463-eb19-4ed4-82a9-3c354374443e",
                            "ssh_key_ids.89": "2111f3a2-9fe6-4992-aa14-1e01bb0501ce",
                            "ssh_key_ids.9": "aea43942-9250-4cde-81d1-69e468df8ce6",
                            "ssh_key_ids.90": "09223179-7d28-40a4-b18e-b7ed3e350c6a",
                            "ssh_key_ids.91": "f7e8e7ed-d248-4e81-9f0a-15ef569fb264",
                            "ssh_key_ids.92": "0e3abb85-56d4-4604-a40a-9f3c6548b30b",
                            "ssh_key_ids.93": "0f73341f-b03d-4323-8d59-af7243dbb475",
                            "ssh_key_ids.94": "84eaa0c1-fd1c-4de8-a60c-e91feb89f14b",
                            "ssh_key_ids.95": "9a377e1e-c8ce-40c0-bf81-014cab0fcb7c",
                            "ssh_key_ids.96": "2765be00-4a38-436c-8eb7-74cb7dba92d3",
                            "ssh_key_ids.97": "e58fd2a9-18d8-4cd9-a1a2-f2610ed83a73",
                            "ssh_key_ids.98": "9058e9af-1b6a-4c7a-bce1-14dc06529d33",
                            "ssh_key_ids.99": "6389afd1-e142-402d-8a1e-90383fbd3cb0",
                            "state": "active",
                            "storage": "",
                            "tags.#": "0",
                            "updated": "2019-04-30T09:56:03Z"
                        },
                        "meta": {},
                        "tainted": false
                    },
                    "deposed": [],
                    "provider": "provider.packet"
                },
                "packet_device.lab_alt.21": {
                    "type": "packet_device",
                    "depends_on": [
                        "packet_device.registry_alt",
                        "packet_ssh_key.default",
                        "tls_private_key.default"
                    ],
                    "primary": {
                        "id": "98c35caa-93fa-4f20-bf73-1b0fb645b2fe",
                        "attributes": {
                            "access_private_ipv4": "10.64.62.33",
                            "access_public_ipv4": "147.75.94.251",
                            "access_public_ipv6": "2604:1380:3000:6c00::21",
                            "always_pxe": "false",
                            "billing_cycle": "hourly",
                            "created": "2019-04-30T09:51:41Z",
                            "facilities.#": "1",
                            "facilities.0": "nrt1",
                            "facility": "nrt1",
                            "hostname": "kayobe-lab-alt-21",
                            "id": "98c35caa-93fa-4f20-bf73-1b0fb645b2fe",
                            "ipxe_script_url": "",
                            "locked": "false",
                            "network.#": "3",
                            "network.0.address": "147.75.94.251",
                            "network.0.cidr": "31",
                            "network.0.family": "4",
                            "network.0.gateway": "147.75.94.250",
                            "network.0.public": "true",
                            "network.1.address": "2604:1380:3000:6c00::21",
                            "network.1.cidr": "127",
                            "network.1.family": "6",
                            "network.1.gateway": "2604:1380:3000:6c00::20",
                            "network.1.public": "true",
                            "network.2.address": "10.64.62.33",
                            "network.2.cidr": "31",
                            "network.2.family": "4",
                            "network.2.gateway": "10.64.62.32",
                            "network.2.public": "false",
                            "network_type": "layer3",
                            "operating_system": "centos_7",
                            "plan": "c1.small.x86",
                            "ports.#": "3",
                            "ports.0.bonded": "true",
                            "ports.0.id": "32d3c581-4c84-4423-9e03-05a36cc93bd8",
                            "ports.0.mac": "",
                            "ports.0.name": "bond0",
                            "ports.0.type": "NetworkBondPort",
                            "ports.1.bonded": "true",
                            "ports.1.id": "fbd77ea7-55ed-4ea5-875b-37427e352399",
                            "ports.1.mac": "ac:1f:6b:95:dc:e4",
                            "ports.1.name": "eth0",
                            "ports.1.type": "NetworkPort",
                            "ports.2.bonded": "true",
                            "ports.2.id": "6c6cb8e6-8eb6-43c2-b49f-f3d18c0a987c",
                            "ports.2.mac": "ac:1f:6b:95:dc:e5",
                            "ports.2.name": "eth1",
                            "ports.2.type": "NetworkPort",
                            "project_id": "719d7d4b-08f8-4e9b-ad0d-34707f85160d",
                            "public_ipv4_subnet_size": "31",
                            "root_password": "9-7Oz(N5G}",
                            "ssh_key_ids.#": "164",
                            "ssh_key_ids.0": "bd192f85-fbeb-4fd3-bca0-7ceb96f91700",
                            "ssh_key_ids.1": "da199044-80dd-48dd-8d1f-ef76ccb13ab5",
                            "ssh_key_ids.10": "68931241-5344-4a8b-884f-4f3a4fc5e231",
                            "ssh_key_ids.100": "d88db379-9fa2-454f-97a4-8e7718bbb658",
                            "ssh_key_ids.101": "d0a93463-eb19-4ed4-82a9-3c354374443e",
                            "ssh_key_ids.102": "2111f3a2-9fe6-4992-aa14-1e01bb0501ce",
                            "ssh_key_ids.103": "09223179-7d28-40a4-b18e-b7ed3e350c6a",
                            "ssh_key_ids.104": "f7e8e7ed-d248-4e81-9f0a-15ef569fb264",
                            "ssh_key_ids.105": "0e3abb85-56d4-4604-a40a-9f3c6548b30b",
                            "ssh_key_ids.106": "0f73341f-b03d-4323-8d59-af7243dbb475",
                            "ssh_key_ids.107": "84eaa0c1-fd1c-4de8-a60c-e91feb89f14b",
                            "ssh_key_ids.108": "9a377e1e-c8ce-40c0-bf81-014cab0fcb7c",
                            "ssh_key_ids.109": "2765be00-4a38-436c-8eb7-74cb7dba92d3",
                            "ssh_key_ids.11": "0fddd1d0-4fa1-4abb-9bb9-b8381169a715",
                            "ssh_key_ids.110": "e58fd2a9-18d8-4cd9-a1a2-f2610ed83a73",
                            "ssh_key_ids.111": "9058e9af-1b6a-4c7a-bce1-14dc06529d33",
                            "ssh_key_ids.112": "6389afd1-e142-402d-8a1e-90383fbd3cb0",
                            "ssh_key_ids.113": "752d99f5-5dcd-437f-99c9-8325bbabcc59",
                            "ssh_key_ids.114": "611e233e-835c-4e37-abdd-918842cbe83f",
                            "ssh_key_ids.115": "ec9105b6-bdd2-4bcc-a6ca-00055f55f504",
                            "ssh_key_ids.116": "01097db2-b817-4a41-b016-012c83dad8e4",
                            "ssh_key_ids.117": "dc275958-fb33-4a63-a21b-e33d3dfd3a14",
                            "ssh_key_ids.118": "e82a688a-f07a-480e-a408-199baca463c9",
                            "ssh_key_ids.119": "a7c4c16b-8163-4d61-8485-5f05eb11f013",
                            "ssh_key_ids.12": "bdc5900f-e26d-46fe-8da6-59f9413b4c21",
                            "ssh_key_ids.120": "d7a07953-9e75-465e-9495-775f03018db0",
                            "ssh_key_ids.121": "290afd05-1d05-4fd4-a7ac-27be4b92458f",
                            "ssh_key_ids.122": "8499c022-65c8-40dd-ab33-d331388ac5d9",
                            "ssh_key_ids.123": "8ad4e695-a082-43c5-ac1b-456964b321c6",
                            "ssh_key_ids.124": "59b26c30-c0ca-4ac5-ba7f-143efd14f792",
                            "ssh_key_ids.125": "ccf9952b-afcb-4df1-b002-0c60717e2592",
                            "ssh_key_ids.126": "d059cfe2-3215-4686-aeaa-051a5a423d2a",
                            "ssh_key_ids.127": "82bd80ac-b1df-4801-88b7-8b835b78570c",
                            "ssh_key_ids.128": "c0fea396-b8f9-43d0-a453-9bbc868a1d81",
                            "ssh_key_ids.129": "82f1421a-5a62-442c-adbf-6f4534ff96fe",
                            "ssh_key_ids.13": "7c7abede-0f89-4bae-91f3-c4c856140db8",
                            "ssh_key_ids.130": "59e22e40-bf99-4d3a-ae05-3eb4d599cabc",
                            "ssh_key_ids.131": "ec684e16-0a82-4508-af90-88d5c598bd04",
                            "ssh_key_ids.132": "1a5374e7-ae0b-44e8-8290-a7f9e34c6374",
                            "ssh_key_ids.133": "22050c70-4363-4734-8c11-57855494147c",
                            "ssh_key_ids.134": "9ee4a2b0-3668-411b-af84-07f61d71afa8",
                            "ssh_key_ids.135": "85e0e5cf-7e19-42f8-9dc2-da41de539495",
                            "ssh_key_ids.136": "32a48504-ef65-452f-ae33-d161205c1b11",
                            "ssh_key_ids.137": "3a4e67f8-b12d-43d4-a35d-e5d33a9ccd98",
                            "ssh_key_ids.138": "80b28858-2421-41bb-bbea-c4ad4a5db2c9",
                            "ssh_key_ids.139": "f0e74fce-1a0c-4643-8990-f6843728f24f",
                            "ssh_key_ids.14": "214e1ebd-afd3-43f9-bcb6-bf6b9693f830",
                            "ssh_key_ids.140": "7bf767f0-472a-4977-921e-cf55ded84f1c",
                            "ssh_key_ids.141": "b505936c-fca3-4767-9cbe-a5401f97dd95",
                            "ssh_key_ids.142": "ee065568-03bb-456e-a1f5-1669939d43cb",
                            "ssh_key_ids.143": "1dae5119-8c6d-450c-be49-ef323d4ef630",
                            "ssh_key_ids.144": "c79bd893-afa8-4fde-9315-1ac6571a0d64",
                            "ssh_key_ids.145": "9cf77467-cdb7-4dcc-ab9f-4d431712ef3f",
                            "ssh_key_ids.146": "b38f0448-bb97-4309-82f2-d1a5f5df0809",
                            "ssh_key_ids.147": "b87eb180-f18b-44a6-bbd5-a49f111d7864",
                            "ssh_key_ids.148": "be99da3d-601c-4466-8dcb-ff1f8a6a19d8",
                            "ssh_key_ids.149": "942f8d63-c3ec-4f32-b93a-38b5e0bafd90",
                            "ssh_key_ids.15": "8c7583d3-2b01-4df4-a946-939962d827f9",
                            "ssh_key_ids.150": "eac5e2ca-acf1-46a6-ae4d-aa12f71af765",
                            "ssh_key_ids.151": "0a929e59-0bcf-4de1-91d1-01a8cdbc9ef6",
                            "ssh_key_ids.152": "e5fd812a-667c-498f-883c-2bd1afddbff3",
                            "ssh_key_ids.153": "3b57956f-a711-40db-9a6f-32487503bea1",
                            "ssh_key_ids.154": "6b50e07d-df2c-44b8-8a9e-65bfab6880a1",
                            "ssh_key_ids.155": "4382d197-ecbb-43d9-a7d6-453c100279b8",
                            "ssh_key_ids.156": "bc4f1745-a5de-45e4-ae82-d7c4988ee1a2",
                            "ssh_key_ids.157": "985ea314-f590-4237-99f5-682a344617d9",
                            "ssh_key_ids.158": "98b939fb-362b-41c8-831a-1f0a2afa400e",
                            "ssh_key_ids.159": "21fecacf-999e-4595-a247-af36a4feb0c1",
                            "ssh_key_ids.16": "f6267de9-b50a-4bd8-aac5-51612a403741",
                            "ssh_key_ids.160": "0c909e8f-7714-43f6-a8a9-fc003c5231a3",
                            "ssh_key_ids.161": "ccb07866-766e-45e2-ae82-a1f1c8cb39c8",
                            "ssh_key_ids.162": "d45fb3b7-af95-4c48-8ad6-e3f3242a5e4a",
                            "ssh_key_ids.163": "25faa130-9a09-4cca-a109-409c7ac309ab",
                            "ssh_key_ids.17": "33fea3c3-2fb4-424a-834c-190bd53b8f0b",
                            "ssh_key_ids.18": "fed60fdf-7e1d-4ffd-af9f-4ac91c2fd430",
                            "ssh_key_ids.19": "7c7abd45-994d-4754-8220-2c5a404933e8",
                            "ssh_key_ids.2": "6e703847-5229-4bfd-9229-db6df7397e11",
                            "ssh_key_ids.20": "89ef47c1-1576-4b8c-a339-2014155f0802",
                            "ssh_key_ids.21": "1689628e-00a8-40e4-a578-9d484d66cc3f",
                            "ssh_key_ids.22": "494f995f-069a-4407-bf31-d1e67142f9fd",
                            "ssh_key_ids.23": "3bde399d-1ee1-49ca-acad-8df41956df20",
                            "ssh_key_ids.24": "1e4e0e97-aace-4cd9-b258-c8408d502284",
                            "ssh_key_ids.25": "a8855483-e011-4d68-86a5-2f530738dd17",
                            "ssh_key_ids.26": "954bd64c-a66b-45fb-900e-04f0b8b18cdf",
                            "ssh_key_ids.27": "036d46c3-8727-4a00-b59b-7f80443a2afc",
                            "ssh_key_ids.28": "04d2d40f-d0ae-4862-9537-62a9e43a22cd",
                            "ssh_key_ids.29": "c33ea9e0-ed31-43ce-8bba-e5e8da4edd83",
                            "ssh_key_ids.3": "32c2e969-fe1c-4235-a999-2b8abc061991",
                            "ssh_key_ids.30": "6e8257dd-b7b9-4f30-b9d1-e7131a4d2121",
                            "ssh_key_ids.31": "ccb63b0c-f9e1-4764-a37e-e4408cccbfac",
                            "ssh_key_ids.32": "65c4bc38-3112-4503-b875-5f583aca6424",
                            "ssh_key_ids.33": "912637d1-7b56-481b-bbe4-ccf466e3e161",
                            "ssh_key_ids.34": "34934bed-6b13-4abc-aeb6-1a5a9e994745",
                            "ssh_key_ids.35": "b428db77-8a11-40b6-a6f9-bd6321ea796b",
                            "ssh_key_ids.36": "3199b332-bec2-45ef-9e25-ba9057972da7",
                            "ssh_key_ids.37": "303a0e97-7dd1-4444-9def-d7ebf932a892",
                            "ssh_key_ids.38": "7fb2d14c-11b6-4c52-a9d0-2a4a6113dbab",
                            "ssh_key_ids.39": "27635c6f-e3bd-4403-ae6c-94757f36b601",
                            "ssh_key_ids.4": "659466b5-43b7-47fe-bd6c-b443d3b5df20",
                            "ssh_key_ids.40": "bc84ed0c-228d-4eb5-97b4-4cd7b6e6a0f9",
                            "ssh_key_ids.41": "f8e3e26a-214b-457a-a7de-0aa31723f04e",
                            "ssh_key_ids.42": "d0cce71a-c3ea-4b60-9866-d8f12d749d13",
                            "ssh_key_ids.43": "1df0179f-a9af-4c8e-b9bf-5991f6e1b7f0",
                            "ssh_key_ids.44": "d6a50bd7-69c4-4c2b-99be-9adbefc6e3dc",
                            "ssh_key_ids.45": "950d1f09-7d94-4838-ac25-e2b63fc256f5",
                            "ssh_key_ids.46": "d02bec99-0344-4cf3-bd06-8bad8969b9fe",
                            "ssh_key_ids.47": "e75e4f46-8e6b-4f66-8612-1879bbb96623",
                            "ssh_key_ids.48": "0a7d499d-8d80-45ad-9069-8fbaa6e28ea1",
                            "ssh_key_ids.49": "bb427d7d-ca92-4a98-af84-64d3b43e6325",
                            "ssh_key_ids.5": "8059f489-7714-4af7-84fc-76869c009378",
                            "ssh_key_ids.50": "c523b161-3e3b-492c-90f4-253a86aed91f",
                            "ssh_key_ids.51": "892bf2fb-c6b9-459d-bdd0-36d69701a3e6",
                            "ssh_key_ids.52": "13c0308d-5846-46c5-bf46-2fdae2e9c8d7",
                            "ssh_key_ids.53": "a102ddd7-bee2-4d61-9262-5978a4b91c04",
                            "ssh_key_ids.54": "842a0495-4b06-4f53-a948-f381d57cb180",
                            "ssh_key_ids.55": "f718cdab-a523-45c3-9b01-80dc045be122",
                            "ssh_key_ids.56": "f78dd9de-77e6-4386-9014-14258f6ed18c",
                            "ssh_key_ids.57": "7d4eca06-2710-49c7-b4bd-efececa7cd54",
                            "ssh_key_ids.58": "37ffbecc-3536-42d3-8f8b-5235dd97d526",
                            "ssh_key_ids.59": "8ec2af9d-2255-4cc8-a5ae-8dd62262241c",
                            "ssh_key_ids.6": "f98a99f8-ff13-4391-b5fc-74983219a225",
                            "ssh_key_ids.60": "491b68d1-1663-490d-a2e0-248b496631f4",
                            "ssh_key_ids.61": "bb056de1-9025-47e5-89a1-2897643e1f6c",
                            "ssh_key_ids.62": "b68dcaed-078c-41e2-a647-5aa1acb12154",
                            "ssh_key_ids.63": "984f885d-a618-4416-a934-f1f00d93f989",
                            "ssh_key_ids.64": "a722049c-a416-4fb0-a661-290a0d9cf57b",
                            "ssh_key_ids.65": "1776caa4-e965-4891-af1a-427ce73a88e9",
                            "ssh_key_ids.66": "0873502f-0980-4e42-a0de-5328eb21b1fe",
                            "ssh_key_ids.67": "cc001113-bc02-4d7f-af55-366db9132936",
                            "ssh_key_ids.68": "88436004-0436-4df7-8240-bfd128e8d605",
                            "ssh_key_ids.69": "f81c84bc-7f7f-4c1c-bc6b-4aa9ce236151",
                            "ssh_key_ids.7": "0b392f37-4243-4e43-a56c-18208a30acf3",
                            "ssh_key_ids.70": "895e0d1a-adae-439f-a1a8-a15aa6658c97",
                            "ssh_key_ids.71": "116c4f54-560a-4d95-bddc-29632af8a732",
                            "ssh_key_ids.72": "36c08ba3-3dc2-45bf-aad5-3f9d6c2f8173",
                            "ssh_key_ids.73": "fac2cbbc-70ef-4386-a0e6-df3aa1fe9609",
                            "ssh_key_ids.74": "14c24939-9fd3-4d21-9f11-2557c49a3a9f",
                            "ssh_key_ids.75": "36b25fc3-3971-4f8f-a6f2-fcf9113e4da8",
                            "ssh_key_ids.76": "f67f7c4b-0050-4c18-be29-03a072b204ba",
                            "ssh_key_ids.77": "ee429bfb-8fb3-479b-9c6c-e5579a8bf59d",
                            "ssh_key_ids.78": "93b62667-9821-43c9-9b47-09c72bfc16fe",
                            "ssh_key_ids.79": "305be502-51dd-41a5-b2b1-b58878e9da15",
                            "ssh_key_ids.8": "0394ad7e-6265-4478-ae1a-3b5d59a217d5",
                            "ssh_key_ids.80": "af0fdb13-ba2c-4e19-bcfb-57b1d59ead38",
                            "ssh_key_ids.81": "c13861b0-d10e-4a0e-a84b-4d0463d54f1a",
                            "ssh_key_ids.82": "e00adc33-e5eb-4b67-b5f9-4bfa68bd2e53",
                            "ssh_key_ids.83": "5d3e1674-605d-4e29-aa1a-6f97c6273217",
                            "ssh_key_ids.84": "c57fb351-65ce-4427-a1c2-17868b0d1711",
                            "ssh_key_ids.85": "5e0ab35b-4a75-45c1-b679-bc9cb5c9abf8",
                            "ssh_key_ids.86": "311e499c-5421-42b0-91a7-cdcc1059dfef",
                            "ssh_key_ids.87": "948d85da-a1a4-45d9-b6bd-e2794c03232d",
                            "ssh_key_ids.88": "38ee2b4b-653d-494e-b008-abd82461f7f6",
                            "ssh_key_ids.89": "f63582f2-9d53-487f-a9af-d739e36b07af",
                            "ssh_key_ids.9": "aea43942-9250-4cde-81d1-69e468df8ce6",
                            "ssh_key_ids.90": "f86d606c-d11c-4b10-b0d2-326e3b791cdf",
                            "ssh_key_ids.91": "7afc2a1e-7303-47e0-b75a-ed2587d3f340",
                            "ssh_key_ids.92": "0c1be6d5-8b38-4920-94f2-6ddaaa25bb9d",
                            "ssh_key_ids.93": "a2579e04-6f2e-4488-8e58-c48a0aa7f70b",
                            "ssh_key_ids.94": "f1b4cad0-7e3f-4574-bc52-6567dd2fd125",
                            "ssh_key_ids.95": "0fb6897c-2f7f-4d0f-9de1-bd279408a7cb",
                            "ssh_key_ids.96": "7c41c050-74ad-4aa7-b63b-8c75d9db4051",
                            "ssh_key_ids.97": "fedb7753-6dba-4aa4-8371-999c6bab70de",
                            "ssh_key_ids.98": "6219b353-d4ec-4ba5-9a40-19304b4fe1af",
                            "ssh_key_ids.99": "4e49c810-8e76-4ec7-b1c2-1d9e7f829441",
                            "state": "active",
                            "storage": "",
                            "tags.#": "0",
                            "updated": "2019-04-30T09:55:24Z"
                        },
                        "meta": {},
                        "tainted": false
                    },
                    "deposed": [],
                    "provider": "provider.packet"
                },
                "packet_device.lab_alt.22": {
                    "type": "packet_device",
                    "depends_on": [
                        "packet_device.registry_alt",
                        "packet_ssh_key.default",
                        "tls_private_key.default"
                    ],
                    "primary": {
                        "id": "91927b86-ffd8-403d-bce9-87d45b64d165",
                        "attributes": {
                            "access_private_ipv4": "10.64.62.59",
                            "access_public_ipv4": "147.75.95.91",
                            "access_public_ipv6": "2604:1380:3000:6c00::3b",
                            "always_pxe": "false",
                            "billing_cycle": "hourly",
                            "created": "2019-04-30T10:24:06Z",
                            "facilities.#": "1",
                            "facilities.0": "nrt1",
                            "facility": "nrt1",
                            "hostname": "kayobe-lab-alt-22",
                            "id": "91927b86-ffd8-403d-bce9-87d45b64d165",
                            "ipxe_script_url": "",
                            "locked": "false",
                            "network.#": "3",
                            "network.0.address": "147.75.95.91",
                            "network.0.cidr": "31",
                            "network.0.family": "4",
                            "network.0.gateway": "147.75.95.90",
                            "network.0.public": "true",
                            "network.1.address": "2604:1380:3000:6c00::3b",
                            "network.1.cidr": "127",
                            "network.1.family": "6",
                            "network.1.gateway": "2604:1380:3000:6c00::3a",
                            "network.1.public": "true",
                            "network.2.address": "10.64.62.59",
                            "network.2.cidr": "31",
                            "network.2.family": "4",
                            "network.2.gateway": "10.64.62.58",
                            "network.2.public": "false",
                            "network_type": "layer3",
                            "operating_system": "centos_7",
                            "plan": "c1.small.x86",
                            "ports.#": "3",
                            "ports.0.bonded": "true",
                            "ports.0.id": "2800b2e5-60a4-4c38-97c3-9b8a0b6b518a",
                            "ports.0.mac": "",
                            "ports.0.name": "bond0",
                            "ports.0.type": "NetworkBondPort",
                            "ports.1.bonded": "true",
                            "ports.1.id": "159f2f2a-43cd-4e66-a244-063701a8d7ea",
                            "ports.1.mac": "0c:c4:7a:b2:8b:64",
                            "ports.1.name": "eth0",
                            "ports.1.type": "NetworkPort",
                            "ports.2.bonded": "true",
                            "ports.2.id": "53e3fc34-d92b-41fb-b755-d82c12a64cab",
                            "ports.2.mac": "0c:c4:7a:b2:8b:65",
                            "ports.2.name": "eth1",
                            "ports.2.type": "NetworkPort",
                            "project_id": "719d7d4b-08f8-4e9b-ad0d-34707f85160d",
                            "public_ipv4_subnet_size": "31",
                            "root_password": "[J0Oy9/$4U",
                            "ssh_key_ids.#": "164",
                            "ssh_key_ids.0": "bd192f85-fbeb-4fd3-bca0-7ceb96f91700",
                            "ssh_key_ids.1": "da199044-80dd-48dd-8d1f-ef76ccb13ab5",
                            "ssh_key_ids.10": "0394ad7e-6265-4478-ae1a-3b5d59a217d5",
                            "ssh_key_ids.100": "a722049c-a416-4fb0-a661-290a0d9cf57b",
                            "ssh_key_ids.101": "4e49c810-8e76-4ec7-b1c2-1d9e7f829441",
                            "ssh_key_ids.102": "f81c84bc-7f7f-4c1c-bc6b-4aa9ce236151",
                            "ssh_key_ids.103": "116c4f54-560a-4d95-bddc-29632af8a732",
                            "ssh_key_ids.104": "ccb63b0c-f9e1-4764-a37e-e4408cccbfac",
                            "ssh_key_ids.105": "14c24939-9fd3-4d21-9f11-2557c49a3a9f",
                            "ssh_key_ids.106": "e00adc33-e5eb-4b67-b5f9-4bfa68bd2e53",
                            "ssh_key_ids.107": "f0e74fce-1a0c-4643-8990-f6843728f24f",
                            "ssh_key_ids.108": "13c0308d-5846-46c5-bf46-2fdae2e9c8d7",
                            "ssh_key_ids.109": "7bf767f0-472a-4977-921e-cf55ded84f1c",
                            "ssh_key_ids.11": "0b392f37-4243-4e43-a56c-18208a30acf3",
                            "ssh_key_ids.110": "ee429bfb-8fb3-479b-9c6c-e5579a8bf59d",
                            "ssh_key_ids.111": "305be502-51dd-41a5-b2b1-b58878e9da15",
                            "ssh_key_ids.112": "d88db379-9fa2-454f-97a4-8e7718bbb658",
                            "ssh_key_ids.113": "9a377e1e-c8ce-40c0-bf81-014cab0fcb7c",
                            "ssh_key_ids.114": "d0a93463-eb19-4ed4-82a9-3c354374443e",
                            "ssh_key_ids.115": "c13861b0-d10e-4a0e-a84b-4d0463d54f1a",
                            "ssh_key_ids.116": "b505936c-fca3-4767-9cbe-a5401f97dd95",
                            "ssh_key_ids.117": "895e0d1a-adae-439f-a1a8-a15aa6658c97",
                            "ssh_key_ids.118": "aea43942-9250-4cde-81d1-69e468df8ce6",
                            "ssh_key_ids.119": "68931241-5344-4a8b-884f-4f3a4fc5e231",
                            "ssh_key_ids.12": "0fddd1d0-4fa1-4abb-9bb9-b8381169a715",
                            "ssh_key_ids.120": "7d4eca06-2710-49c7-b4bd-efececa7cd54",
                            "ssh_key_ids.121": "5e0ab35b-4a75-45c1-b679-bc9cb5c9abf8",
                            "ssh_key_ids.122": "bdc5900f-e26d-46fe-8da6-59f9413b4c21",
                            "ssh_key_ids.123": "311e499c-5421-42b0-91a7-cdcc1059dfef",
                            "ssh_key_ids.124": "7c7abede-0f89-4bae-91f3-c4c856140db8",
                            "ssh_key_ids.125": "948d85da-a1a4-45d9-b6bd-e2794c03232d",
                            "ssh_key_ids.126": "214e1ebd-afd3-43f9-bcb6-bf6b9693f830",
                            "ssh_key_ids.127": "8c7583d3-2b01-4df4-a946-939962d827f9",
                            "ssh_key_ids.128": "f6267de9-b50a-4bd8-aac5-51612a403741",
                            "ssh_key_ids.129": "fed60fdf-7e1d-4ffd-af9f-4ac91c2fd430",
                            "ssh_key_ids.13": "33fea3c3-2fb4-424a-834c-190bd53b8f0b",
                            "ssh_key_ids.130": "0fb6897c-2f7f-4d0f-9de1-bd279408a7cb",
                            "ssh_key_ids.131": "1e4e0e97-aace-4cd9-b258-c8408d502284",
                            "ssh_key_ids.132": "0873502f-0980-4e42-a0de-5328eb21b1fe",
                            "ssh_key_ids.133": "9cf77467-cdb7-4dcc-ab9f-4d431712ef3f",
                            "ssh_key_ids.134": "8059f489-7714-4af7-84fc-76869c009378",
                            "ssh_key_ids.135": "659466b5-43b7-47fe-bd6c-b443d3b5df20",
                            "ssh_key_ids.136": "c79bd893-afa8-4fde-9315-1ac6571a0d64",
                            "ssh_key_ids.137": "1dae5119-8c6d-450c-be49-ef323d4ef630",
                            "ssh_key_ids.138": "36b25fc3-3971-4f8f-a6f2-fcf9113e4da8",
                            "ssh_key_ids.139": "27635c6f-e3bd-4403-ae6c-94757f36b601",
                            "ssh_key_ids.14": "7c7abd45-994d-4754-8220-2c5a404933e8",
                            "ssh_key_ids.140": "c57fb351-65ce-4427-a1c2-17868b0d1711",
                            "ssh_key_ids.141": "cc001113-bc02-4d7f-af55-366db9132936",
                            "ssh_key_ids.142": "ee065568-03bb-456e-a1f5-1669939d43cb",
                            "ssh_key_ids.143": "5d3e1674-605d-4e29-aa1a-6f97c6273217",
                            "ssh_key_ids.144": "7afc2a1e-7303-47e0-b75a-ed2587d3f340",
                            "ssh_key_ids.145": "950d1f09-7d94-4838-ac25-e2b63fc256f5",
                            "ssh_key_ids.146": "3b57956f-a711-40db-9a6f-32487503bea1",
                            "ssh_key_ids.147": "e5fd812a-667c-498f-883c-2bd1afddbff3",
                            "ssh_key_ids.148": "be99da3d-601c-4466-8dcb-ff1f8a6a19d8",
                            "ssh_key_ids.149": "b87eb180-f18b-44a6-bbd5-a49f111d7864",
                            "ssh_key_ids.15": "984f885d-a618-4416-a934-f1f00d93f989",
                            "ssh_key_ids.150": "0a929e59-0bcf-4de1-91d1-01a8cdbc9ef6",
                            "ssh_key_ids.151": "4382d197-ecbb-43d9-a7d6-453c100279b8",
                            "ssh_key_ids.152": "6b50e07d-df2c-44b8-8a9e-65bfab6880a1",
                            "ssh_key_ids.153": "eac5e2ca-acf1-46a6-ae4d-aa12f71af765",
                            "ssh_key_ids.154": "b38f0448-bb97-4309-82f2-d1a5f5df0809",
                            "ssh_key_ids.155": "942f8d63-c3ec-4f32-b93a-38b5e0bafd90",
                            "ssh_key_ids.156": "bc4f1745-a5de-45e4-ae82-d7c4988ee1a2",
                            "ssh_key_ids.157": "985ea314-f590-4237-99f5-682a344617d9",
                            "ssh_key_ids.158": "98b939fb-362b-41c8-831a-1f0a2afa400e",
                            "ssh_key_ids.159": "21fecacf-999e-4595-a247-af36a4feb0c1",
                            "ssh_key_ids.16": "89ef47c1-1576-4b8c-a339-2014155f0802",
                            "ssh_key_ids.160": "0c909e8f-7714-43f6-a8a9-fc003c5231a3",
                            "ssh_key_ids.161": "ccb07866-766e-45e2-ae82-a1f1c8cb39c8",
                            "ssh_key_ids.162": "d45fb3b7-af95-4c48-8ad6-e3f3242a5e4a",
                            "ssh_key_ids.163": "25faa130-9a09-4cca-a109-409c7ac309ab",
                            "ssh_key_ids.17": "1689628e-00a8-40e4-a578-9d484d66cc3f",
                            "ssh_key_ids.18": "f67f7c4b-0050-4c18-be29-03a072b204ba",
                            "ssh_key_ids.19": "65c4bc38-3112-4503-b875-5f583aca6424",
                            "ssh_key_ids.2": "2111f3a2-9fe6-4992-aa14-1e01bb0501ce",
                            "ssh_key_ids.20": "912637d1-7b56-481b-bbe4-ccf466e3e161",
                            "ssh_key_ids.21": "f98a99f8-ff13-4391-b5fc-74983219a225",
                            "ssh_key_ids.22": "0e3abb85-56d4-4604-a40a-9f3c6548b30b",
                            "ssh_key_ids.23": "6e703847-5229-4bfd-9229-db6df7397e11",
                            "ssh_key_ids.24": "32c2e969-fe1c-4235-a999-2b8abc061991",
                            "ssh_key_ids.25": "0f73341f-b03d-4323-8d59-af7243dbb475",
                            "ssh_key_ids.26": "84eaa0c1-fd1c-4de8-a60c-e91feb89f14b",
                            "ssh_key_ids.27": "af0fdb13-ba2c-4e19-bcfb-57b1d59ead38",
                            "ssh_key_ids.28": "2765be00-4a38-436c-8eb7-74cb7dba92d3",
                            "ssh_key_ids.29": "e58fd2a9-18d8-4cd9-a1a2-f2610ed83a73",
                            "ssh_key_ids.3": "8ec2af9d-2255-4cc8-a5ae-8dd62262241c",
                            "ssh_key_ids.30": "9058e9af-1b6a-4c7a-bce1-14dc06529d33",
                            "ssh_key_ids.31": "6389afd1-e142-402d-8a1e-90383fbd3cb0",
                            "ssh_key_ids.32": "88436004-0436-4df7-8240-bfd128e8d605",
                            "ssh_key_ids.33": "752d99f5-5dcd-437f-99c9-8325bbabcc59",
                            "ssh_key_ids.34": "34934bed-6b13-4abc-aeb6-1a5a9e994745",
                            "ssh_key_ids.35": "b428db77-8a11-40b6-a6f9-bd6321ea796b",
                            "ssh_key_ids.36": "b68dcaed-078c-41e2-a647-5aa1acb12154",
                            "ssh_key_ids.37": "bb056de1-9025-47e5-89a1-2897643e1f6c",
                            "ssh_key_ids.38": "491b68d1-1663-490d-a2e0-248b496631f4",
                            "ssh_key_ids.39": "842a0495-4b06-4f53-a948-f381d57cb180",
                            "ssh_key_ids.4": "37ffbecc-3536-42d3-8f8b-5235dd97d526",
                            "ssh_key_ids.40": "a102ddd7-bee2-4d61-9262-5978a4b91c04",
                            "ssh_key_ids.41": "892bf2fb-c6b9-459d-bdd0-36d69701a3e6",
                            "ssh_key_ids.42": "c523b161-3e3b-492c-90f4-253a86aed91f",
                            "ssh_key_ids.43": "bb427d7d-ca92-4a98-af84-64d3b43e6325",
                            "ssh_key_ids.44": "38ee2b4b-653d-494e-b008-abd82461f7f6",
                            "ssh_key_ids.45": "0a7d499d-8d80-45ad-9069-8fbaa6e28ea1",
                            "ssh_key_ids.46": "611e233e-835c-4e37-abdd-918842cbe83f",
                            "ssh_key_ids.47": "01097db2-b817-4a41-b016-012c83dad8e4",
                            "ssh_key_ids.48": "dc275958-fb33-4a63-a21b-e33d3dfd3a14",
                            "ssh_key_ids.49": "e82a688a-f07a-480e-a408-199baca463c9",
                            "ssh_key_ids.5": "93b62667-9821-43c9-9b47-09c72bfc16fe",
                            "ssh_key_ids.50": "82bd80ac-b1df-4801-88b7-8b835b78570c",
                            "ssh_key_ids.51": "a7c4c16b-8163-4d61-8485-5f05eb11f013",
                            "ssh_key_ids.52": "d7a07953-9e75-465e-9495-775f03018db0",
                            "ssh_key_ids.53": "290afd05-1d05-4fd4-a7ac-27be4b92458f",
                            "ssh_key_ids.54": "8499c022-65c8-40dd-ab33-d331388ac5d9",
                            "ssh_key_ids.55": "8ad4e695-a082-43c5-ac1b-456964b321c6",
                            "ssh_key_ids.56": "59b26c30-c0ca-4ac5-ba7f-143efd14f792",
                            "ssh_key_ids.57": "ccf9952b-afcb-4df1-b002-0c60717e2592",
                            "ssh_key_ids.58": "d059cfe2-3215-4686-aeaa-051a5a423d2a",
                            "ssh_key_ids.59": "c0fea396-b8f9-43d0-a453-9bbc868a1d81",
                            "ssh_key_ids.6": "09223179-7d28-40a4-b18e-b7ed3e350c6a",
                            "ssh_key_ids.60": "82f1421a-5a62-442c-adbf-6f4534ff96fe",
                            "ssh_key_ids.61": "59e22e40-bf99-4d3a-ae05-3eb4d599cabc",
                            "ssh_key_ids.62": "ec684e16-0a82-4508-af90-88d5c598bd04",
                            "ssh_key_ids.63": "1a5374e7-ae0b-44e8-8290-a7f9e34c6374",
                            "ssh_key_ids.64": "22050c70-4363-4734-8c11-57855494147c",
                            "ssh_key_ids.65": "9ee4a2b0-3668-411b-af84-07f61d71afa8",
                            "ssh_key_ids.66": "3199b332-bec2-45ef-9e25-ba9057972da7",
                            "ssh_key_ids.67": "f63582f2-9d53-487f-a9af-d739e36b07af",
                            "ssh_key_ids.68": "f86d606c-d11c-4b10-b0d2-326e3b791cdf",
                            "ssh_key_ids.69": "303a0e97-7dd1-4444-9def-d7ebf932a892",
                            "ssh_key_ids.7": "f7e8e7ed-d248-4e81-9f0a-15ef569fb264",
                            "ssh_key_ids.70": "7fb2d14c-11b6-4c52-a9d0-2a4a6113dbab",
                            "ssh_key_ids.71": "0c1be6d5-8b38-4920-94f2-6ddaaa25bb9d",
                            "ssh_key_ids.72": "a2579e04-6f2e-4488-8e58-c48a0aa7f70b",
                            "ssh_key_ids.73": "f1b4cad0-7e3f-4574-bc52-6567dd2fd125",
                            "ssh_key_ids.74": "494f995f-069a-4407-bf31-d1e67142f9fd",
                            "ssh_key_ids.75": "bc84ed0c-228d-4eb5-97b4-4cd7b6e6a0f9",
                            "ssh_key_ids.76": "e75e4f46-8e6b-4f66-8612-1879bbb96623",
                            "ssh_key_ids.77": "f8e3e26a-214b-457a-a7de-0aa31723f04e",
                            "ssh_key_ids.78": "d02bec99-0344-4cf3-bd06-8bad8969b9fe",
                            "ssh_key_ids.79": "85e0e5cf-7e19-42f8-9dc2-da41de539495",
                            "ssh_key_ids.8": "f78dd9de-77e6-4386-9014-14258f6ed18c",
                            "ssh_key_ids.80": "32a48504-ef65-452f-ae33-d161205c1b11",
                            "ssh_key_ids.81": "3a4e67f8-b12d-43d4-a35d-e5d33a9ccd98",
                            "ssh_key_ids.82": "80b28858-2421-41bb-bbea-c4ad4a5db2c9",
                            "ssh_key_ids.83": "036d46c3-8727-4a00-b59b-7f80443a2afc",
                            "ssh_key_ids.84": "04d2d40f-d0ae-4862-9537-62a9e43a22cd",
                            "ssh_key_ids.85": "c33ea9e0-ed31-43ce-8bba-e5e8da4edd83",
                            "ssh_key_ids.86": "6e8257dd-b7b9-4f30-b9d1-e7131a4d2121",
                            "ssh_key_ids.87": "ec9105b6-bdd2-4bcc-a6ca-00055f55f504",
                            "ssh_key_ids.88": "d0cce71a-c3ea-4b60-9866-d8f12d749d13",
                            "ssh_key_ids.89": "1df0179f-a9af-4c8e-b9bf-5991f6e1b7f0",
                            "ssh_key_ids.9": "f718cdab-a523-45c3-9b01-80dc045be122",
                            "ssh_key_ids.90": "3bde399d-1ee1-49ca-acad-8df41956df20",
                            "ssh_key_ids.91": "7c41c050-74ad-4aa7-b63b-8c75d9db4051",
                            "ssh_key_ids.92": "fedb7753-6dba-4aa4-8371-999c6bab70de",
                            "ssh_key_ids.93": "a8855483-e011-4d68-86a5-2f530738dd17",
                            "ssh_key_ids.94": "954bd64c-a66b-45fb-900e-04f0b8b18cdf",
                            "ssh_key_ids.95": "6219b353-d4ec-4ba5-9a40-19304b4fe1af",
                            "ssh_key_ids.96": "d6a50bd7-69c4-4c2b-99be-9adbefc6e3dc",
                            "ssh_key_ids.97": "fac2cbbc-70ef-4386-a0e6-df3aa1fe9609",
                            "ssh_key_ids.98": "1776caa4-e965-4891-af1a-427ce73a88e9",
                            "ssh_key_ids.99": "36c08ba3-3dc2-45bf-aad5-3f9d6c2f8173",
                            "state": "active",
                            "storage": "",
                            "tags.#": "0",
                            "updated": "2019-04-30T10:26:25Z"
                        },
                        "meta": {},
                        "tainted": false
                    },
                    "deposed": [],
                    "provider": "provider.packet"
                },
                "packet_device.lab_alt.23": {
                    "type": "packet_device",
                    "depends_on": [
                        "packet_device.registry_alt",
                        "packet_ssh_key.default",
                        "tls_private_key.default"
                    ],
                    "primary": {
                        "id": "8bbc4a3b-5322-4f29-aa59-2d08638338ea",
                        "attributes": {
                            "access_private_ipv4": "10.64.62.39",
                            "access_public_ipv4": "147.75.93.241",
                            "access_public_ipv6": "2604:1380:3000:6c00::11",
                            "always_pxe": "false",
                            "billing_cycle": "hourly",
                            "created": "2019-04-30T09:51:28Z",
                            "facilities.#": "1",
                            "facilities.0": "nrt1",
                            "facility": "nrt1",
                            "hostname": "kayobe-lab-alt-23",
                            "id": "8bbc4a3b-5322-4f29-aa59-2d08638338ea",
                            "ipxe_script_url": "",
                            "locked": "false",
                            "network.#": "3",
                            "network.0.address": "147.75.93.241",
                            "network.0.cidr": "31",
                            "network.0.family": "4",
                            "network.0.gateway": "147.75.93.240",
                            "network.0.public": "true",
                            "network.1.address": "2604:1380:3000:6c00::11",
                            "network.1.cidr": "127",
                            "network.1.family": "6",
                            "network.1.gateway": "2604:1380:3000:6c00::10",
                            "network.1.public": "true",
                            "network.2.address": "10.64.62.39",
                            "network.2.cidr": "31",
                            "network.2.family": "4",
                            "network.2.gateway": "10.64.62.38",
                            "network.2.public": "false",
                            "network_type": "layer3",
                            "operating_system": "centos_7",
                            "plan": "c1.small.x86",
                            "ports.#": "3",
                            "ports.0.bonded": "true",
                            "ports.0.id": "713888c5-0aa8-4279-8d5c-88a21f220fdb",
                            "ports.0.mac": "",
                            "ports.0.name": "bond0",
                            "ports.0.type": "NetworkBondPort",
                            "ports.1.bonded": "true",
                            "ports.1.id": "ff03e97d-daa2-4620-adf3-3a3bc7c362e6",
                            "ports.1.mac": "ac:1f:6b:92:d5:52",
                            "ports.1.name": "eth0",
                            "ports.1.type": "NetworkPort",
                            "ports.2.bonded": "true",
                            "ports.2.id": "ccb6d143-7b8f-4ac7-9e43-21e480da3836",
                            "ports.2.mac": "ac:1f:6b:92:d5:53",
                            "ports.2.name": "eth1",
                            "ports.2.type": "NetworkPort",
                            "project_id": "719d7d4b-08f8-4e9b-ad0d-34707f85160d",
                            "public_ipv4_subnet_size": "31",
                            "root_password": "n,ARx#5Nr9",
                            "ssh_key_ids.#": "164",
                            "ssh_key_ids.0": "bd192f85-fbeb-4fd3-bca0-7ceb96f91700",
                            "ssh_key_ids.1": "da199044-80dd-48dd-8d1f-ef76ccb13ab5",
                            "ssh_key_ids.10": "f78dd9de-77e6-4386-9014-14258f6ed18c",
                            "ssh_key_ids.100": "f0e74fce-1a0c-4643-8990-f6843728f24f",
                            "ssh_key_ids.101": "34934bed-6b13-4abc-aeb6-1a5a9e994745",
                            "ssh_key_ids.102": "b428db77-8a11-40b6-a6f9-bd6321ea796b",
                            "ssh_key_ids.103": "3199b332-bec2-45ef-9e25-ba9057972da7",
                            "ssh_key_ids.104": "303a0e97-7dd1-4444-9def-d7ebf932a892",
                            "ssh_key_ids.105": "7bf767f0-472a-4977-921e-cf55ded84f1c",
                            "ssh_key_ids.106": "7fb2d14c-11b6-4c52-a9d0-2a4a6113dbab",
                            "ssh_key_ids.107": "27635c6f-e3bd-4403-ae6c-94757f36b601",
                            "ssh_key_ids.108": "bc84ed0c-228d-4eb5-97b4-4cd7b6e6a0f9",
                            "ssh_key_ids.109": "f8e3e26a-214b-457a-a7de-0aa31723f04e",
                            "ssh_key_ids.11": "aea43942-9250-4cde-81d1-69e468df8ce6",
                            "ssh_key_ids.110": "d0cce71a-c3ea-4b60-9866-d8f12d749d13",
                            "ssh_key_ids.111": "1df0179f-a9af-4c8e-b9bf-5991f6e1b7f0",
                            "ssh_key_ids.112": "d6a50bd7-69c4-4c2b-99be-9adbefc6e3dc",
                            "ssh_key_ids.113": "950d1f09-7d94-4838-ac25-e2b63fc256f5",
                            "ssh_key_ids.114": "d02bec99-0344-4cf3-bd06-8bad8969b9fe",
                            "ssh_key_ids.115": "e75e4f46-8e6b-4f66-8612-1879bbb96623",
                            "ssh_key_ids.116": "0a7d499d-8d80-45ad-9069-8fbaa6e28ea1",
                            "ssh_key_ids.117": "bb427d7d-ca92-4a98-af84-64d3b43e6325",
                            "ssh_key_ids.118": "c523b161-3e3b-492c-90f4-253a86aed91f",
                            "ssh_key_ids.119": "892bf2fb-c6b9-459d-bdd0-36d69701a3e6",
                            "ssh_key_ids.12": "68931241-5344-4a8b-884f-4f3a4fc5e231",
                            "ssh_key_ids.120": "13c0308d-5846-46c5-bf46-2fdae2e9c8d7",
                            "ssh_key_ids.121": "a102ddd7-bee2-4d61-9262-5978a4b91c04",
                            "ssh_key_ids.122": "842a0495-4b06-4f53-a948-f381d57cb180",
                            "ssh_key_ids.123": "491b68d1-1663-490d-a2e0-248b496631f4",
                            "ssh_key_ids.124": "bb056de1-9025-47e5-89a1-2897643e1f6c",
                            "ssh_key_ids.125": "b68dcaed-078c-41e2-a647-5aa1acb12154",
                            "ssh_key_ids.126": "984f885d-a618-4416-a934-f1f00d93f989",
                            "ssh_key_ids.127": "a722049c-a416-4fb0-a661-290a0d9cf57b",
                            "ssh_key_ids.128": "1776caa4-e965-4891-af1a-427ce73a88e9",
                            "ssh_key_ids.129": "0873502f-0980-4e42-a0de-5328eb21b1fe",
                            "ssh_key_ids.13": "7d4eca06-2710-49c7-b4bd-efececa7cd54",
                            "ssh_key_ids.130": "cc001113-bc02-4d7f-af55-366db9132936",
                            "ssh_key_ids.131": "88436004-0436-4df7-8240-bfd128e8d605",
                            "ssh_key_ids.132": "f81c84bc-7f7f-4c1c-bc6b-4aa9ce236151",
                            "ssh_key_ids.133": "895e0d1a-adae-439f-a1a8-a15aa6658c97",
                            "ssh_key_ids.134": "116c4f54-560a-4d95-bddc-29632af8a732",
                            "ssh_key_ids.135": "36c08ba3-3dc2-45bf-aad5-3f9d6c2f8173",
                            "ssh_key_ids.136": "fac2cbbc-70ef-4386-a0e6-df3aa1fe9609",
                            "ssh_key_ids.137": "14c24939-9fd3-4d21-9f11-2557c49a3a9f",
                            "ssh_key_ids.138": "36b25fc3-3971-4f8f-a6f2-fcf9113e4da8",
                            "ssh_key_ids.139": "f67f7c4b-0050-4c18-be29-03a072b204ba",
                            "ssh_key_ids.14": "37ffbecc-3536-42d3-8f8b-5235dd97d526",
                            "ssh_key_ids.140": "ee429bfb-8fb3-479b-9c6c-e5579a8bf59d",
                            "ssh_key_ids.141": "93b62667-9821-43c9-9b47-09c72bfc16fe",
                            "ssh_key_ids.142": "305be502-51dd-41a5-b2b1-b58878e9da15",
                            "ssh_key_ids.143": "af0fdb13-ba2c-4e19-bcfb-57b1d59ead38",
                            "ssh_key_ids.144": "c13861b0-d10e-4a0e-a84b-4d0463d54f1a",
                            "ssh_key_ids.145": "e00adc33-e5eb-4b67-b5f9-4bfa68bd2e53",
                            "ssh_key_ids.146": "b38f0448-bb97-4309-82f2-d1a5f5df0809",
                            "ssh_key_ids.147": "b87eb180-f18b-44a6-bbd5-a49f111d7864",
                            "ssh_key_ids.148": "be99da3d-601c-4466-8dcb-ff1f8a6a19d8",
                            "ssh_key_ids.149": "942f8d63-c3ec-4f32-b93a-38b5e0bafd90",
                            "ssh_key_ids.15": "8ec2af9d-2255-4cc8-a5ae-8dd62262241c",
                            "ssh_key_ids.150": "eac5e2ca-acf1-46a6-ae4d-aa12f71af765",
                            "ssh_key_ids.151": "0a929e59-0bcf-4de1-91d1-01a8cdbc9ef6",
                            "ssh_key_ids.152": "e5fd812a-667c-498f-883c-2bd1afddbff3",
                            "ssh_key_ids.153": "3b57956f-a711-40db-9a6f-32487503bea1",
                            "ssh_key_ids.154": "6b50e07d-df2c-44b8-8a9e-65bfab6880a1",
                            "ssh_key_ids.155": "4382d197-ecbb-43d9-a7d6-453c100279b8",
                            "ssh_key_ids.156": "bc4f1745-a5de-45e4-ae82-d7c4988ee1a2",
                            "ssh_key_ids.157": "985ea314-f590-4237-99f5-682a344617d9",
                            "ssh_key_ids.158": "98b939fb-362b-41c8-831a-1f0a2afa400e",
                            "ssh_key_ids.159": "21fecacf-999e-4595-a247-af36a4feb0c1",
                            "ssh_key_ids.16": "5d3e1674-605d-4e29-aa1a-6f97c6273217",
                            "ssh_key_ids.160": "0c909e8f-7714-43f6-a8a9-fc003c5231a3",
                            "ssh_key_ids.161": "ccb07866-766e-45e2-ae82-a1f1c8cb39c8",
                            "ssh_key_ids.162": "d45fb3b7-af95-4c48-8ad6-e3f3242a5e4a",
                            "ssh_key_ids.163": "25faa130-9a09-4cca-a109-409c7ac309ab",
                            "ssh_key_ids.17": "c57fb351-65ce-4427-a1c2-17868b0d1711",
                            "ssh_key_ids.18": "5e0ab35b-4a75-45c1-b679-bc9cb5c9abf8",
                            "ssh_key_ids.19": "0fddd1d0-4fa1-4abb-9bb9-b8381169a715",
                            "ssh_key_ids.2": "6e703847-5229-4bfd-9229-db6df7397e11",
                            "ssh_key_ids.20": "bdc5900f-e26d-46fe-8da6-59f9413b4c21",
                            "ssh_key_ids.21": "311e499c-5421-42b0-91a7-cdcc1059dfef",
                            "ssh_key_ids.22": "7c7abede-0f89-4bae-91f3-c4c856140db8",
                            "ssh_key_ids.23": "948d85da-a1a4-45d9-b6bd-e2794c03232d",
                            "ssh_key_ids.24": "214e1ebd-afd3-43f9-bcb6-bf6b9693f830",
                            "ssh_key_ids.25": "8c7583d3-2b01-4df4-a946-939962d827f9",
                            "ssh_key_ids.26": "f6267de9-b50a-4bd8-aac5-51612a403741",
                            "ssh_key_ids.27": "33fea3c3-2fb4-424a-834c-190bd53b8f0b",
                            "ssh_key_ids.28": "fed60fdf-7e1d-4ffd-af9f-4ac91c2fd430",
                            "ssh_key_ids.29": "7c7abd45-994d-4754-8220-2c5a404933e8",
                            "ssh_key_ids.3": "32c2e969-fe1c-4235-a999-2b8abc061991",
                            "ssh_key_ids.30": "89ef47c1-1576-4b8c-a339-2014155f0802",
                            "ssh_key_ids.31": "1689628e-00a8-40e4-a578-9d484d66cc3f",
                            "ssh_key_ids.32": "38ee2b4b-653d-494e-b008-abd82461f7f6",
                            "ssh_key_ids.33": "f63582f2-9d53-487f-a9af-d739e36b07af",
                            "ssh_key_ids.34": "f86d606c-d11c-4b10-b0d2-326e3b791cdf",
                            "ssh_key_ids.35": "7afc2a1e-7303-47e0-b75a-ed2587d3f340",
                            "ssh_key_ids.36": "0c1be6d5-8b38-4920-94f2-6ddaaa25bb9d",
                            "ssh_key_ids.37": "a2579e04-6f2e-4488-8e58-c48a0aa7f70b",
                            "ssh_key_ids.38": "f1b4cad0-7e3f-4574-bc52-6567dd2fd125",
                            "ssh_key_ids.39": "494f995f-069a-4407-bf31-d1e67142f9fd",
                            "ssh_key_ids.4": "659466b5-43b7-47fe-bd6c-b443d3b5df20",
                            "ssh_key_ids.40": "3bde399d-1ee1-49ca-acad-8df41956df20",
                            "ssh_key_ids.41": "0fb6897c-2f7f-4d0f-9de1-bd279408a7cb",
                            "ssh_key_ids.42": "1e4e0e97-aace-4cd9-b258-c8408d502284",
                            "ssh_key_ids.43": "7c41c050-74ad-4aa7-b63b-8c75d9db4051",
                            "ssh_key_ids.44": "fedb7753-6dba-4aa4-8371-999c6bab70de",
                            "ssh_key_ids.45": "a8855483-e011-4d68-86a5-2f530738dd17",
                            "ssh_key_ids.46": "954bd64c-a66b-45fb-900e-04f0b8b18cdf",
                            "ssh_key_ids.47": "6219b353-d4ec-4ba5-9a40-19304b4fe1af",
                            "ssh_key_ids.48": "4e49c810-8e76-4ec7-b1c2-1d9e7f829441",
                            "ssh_key_ids.49": "d88db379-9fa2-454f-97a4-8e7718bbb658",
                            "ssh_key_ids.5": "8059f489-7714-4af7-84fc-76869c009378",
                            "ssh_key_ids.50": "d0a93463-eb19-4ed4-82a9-3c354374443e",
                            "ssh_key_ids.51": "b505936c-fca3-4767-9cbe-a5401f97dd95",
                            "ssh_key_ids.52": "ee065568-03bb-456e-a1f5-1669939d43cb",
                            "ssh_key_ids.53": "1dae5119-8c6d-450c-be49-ef323d4ef630",
                            "ssh_key_ids.54": "c79bd893-afa8-4fde-9315-1ac6571a0d64",
                            "ssh_key_ids.55": "2111f3a2-9fe6-4992-aa14-1e01bb0501ce",
                            "ssh_key_ids.56": "09223179-7d28-40a4-b18e-b7ed3e350c6a",
                            "ssh_key_ids.57": "f7e8e7ed-d248-4e81-9f0a-15ef569fb264",
                            "ssh_key_ids.58": "0e3abb85-56d4-4604-a40a-9f3c6548b30b",
                            "ssh_key_ids.59": "0f73341f-b03d-4323-8d59-af7243dbb475",
                            "ssh_key_ids.6": "f98a99f8-ff13-4391-b5fc-74983219a225",
                            "ssh_key_ids.60": "84eaa0c1-fd1c-4de8-a60c-e91feb89f14b",
                            "ssh_key_ids.61": "9a377e1e-c8ce-40c0-bf81-014cab0fcb7c",
                            "ssh_key_ids.62": "2765be00-4a38-436c-8eb7-74cb7dba92d3",
                            "ssh_key_ids.63": "e58fd2a9-18d8-4cd9-a1a2-f2610ed83a73",
                            "ssh_key_ids.64": "9058e9af-1b6a-4c7a-bce1-14dc06529d33",
                            "ssh_key_ids.65": "6389afd1-e142-402d-8a1e-90383fbd3cb0",
                            "ssh_key_ids.66": "752d99f5-5dcd-437f-99c9-8325bbabcc59",
                            "ssh_key_ids.67": "611e233e-835c-4e37-abdd-918842cbe83f",
                            "ssh_key_ids.68": "ec9105b6-bdd2-4bcc-a6ca-00055f55f504",
                            "ssh_key_ids.69": "01097db2-b817-4a41-b016-012c83dad8e4",
                            "ssh_key_ids.7": "0b392f37-4243-4e43-a56c-18208a30acf3",
                            "ssh_key_ids.70": "dc275958-fb33-4a63-a21b-e33d3dfd3a14",
                            "ssh_key_ids.71": "e82a688a-f07a-480e-a408-199baca463c9",
                            "ssh_key_ids.72": "a7c4c16b-8163-4d61-8485-5f05eb11f013",
                            "ssh_key_ids.73": "d7a07953-9e75-465e-9495-775f03018db0",
                            "ssh_key_ids.74": "290afd05-1d05-4fd4-a7ac-27be4b92458f",
                            "ssh_key_ids.75": "8499c022-65c8-40dd-ab33-d331388ac5d9",
                            "ssh_key_ids.76": "8ad4e695-a082-43c5-ac1b-456964b321c6",
                            "ssh_key_ids.77": "59b26c30-c0ca-4ac5-ba7f-143efd14f792",
                            "ssh_key_ids.78": "ccf9952b-afcb-4df1-b002-0c60717e2592",
                            "ssh_key_ids.79": "d059cfe2-3215-4686-aeaa-051a5a423d2a",
                            "ssh_key_ids.8": "0394ad7e-6265-4478-ae1a-3b5d59a217d5",
                            "ssh_key_ids.80": "82bd80ac-b1df-4801-88b7-8b835b78570c",
                            "ssh_key_ids.81": "c0fea396-b8f9-43d0-a453-9bbc868a1d81",
                            "ssh_key_ids.82": "82f1421a-5a62-442c-adbf-6f4534ff96fe",
                            "ssh_key_ids.83": "59e22e40-bf99-4d3a-ae05-3eb4d599cabc",
                            "ssh_key_ids.84": "ec684e16-0a82-4508-af90-88d5c598bd04",
                            "ssh_key_ids.85": "1a5374e7-ae0b-44e8-8290-a7f9e34c6374",
                            "ssh_key_ids.86": "22050c70-4363-4734-8c11-57855494147c",
                            "ssh_key_ids.87": "9ee4a2b0-3668-411b-af84-07f61d71afa8",
                            "ssh_key_ids.88": "85e0e5cf-7e19-42f8-9dc2-da41de539495",
                            "ssh_key_ids.89": "32a48504-ef65-452f-ae33-d161205c1b11",
                            "ssh_key_ids.9": "f718cdab-a523-45c3-9b01-80dc045be122",
                            "ssh_key_ids.90": "3a4e67f8-b12d-43d4-a35d-e5d33a9ccd98",
                            "ssh_key_ids.91": "9cf77467-cdb7-4dcc-ab9f-4d431712ef3f",
                            "ssh_key_ids.92": "80b28858-2421-41bb-bbea-c4ad4a5db2c9",
                            "ssh_key_ids.93": "036d46c3-8727-4a00-b59b-7f80443a2afc",
                            "ssh_key_ids.94": "04d2d40f-d0ae-4862-9537-62a9e43a22cd",
                            "ssh_key_ids.95": "c33ea9e0-ed31-43ce-8bba-e5e8da4edd83",
                            "ssh_key_ids.96": "6e8257dd-b7b9-4f30-b9d1-e7131a4d2121",
                            "ssh_key_ids.97": "ccb63b0c-f9e1-4764-a37e-e4408cccbfac",
                            "ssh_key_ids.98": "65c4bc38-3112-4503-b875-5f583aca6424",
                            "ssh_key_ids.99": "912637d1-7b56-481b-bbe4-ccf466e3e161",
                            "state": "active",
                            "storage": "",
                            "tags.#": "0",
                            "updated": "2019-04-30T09:56:03Z"
                        },
                        "meta": {},
                        "tainted": false
                    },
                    "deposed": [],
                    "provider": "provider.packet"
                },
                "packet_device.lab_alt.24": {
                    "type": "packet_device",
                    "depends_on": [
                        "packet_device.registry_alt",
                        "packet_ssh_key.default",
                        "tls_private_key.default"
                    ],
                    "primary": {
                        "id": "35e99d79-4039-4ac1-ac04-33a068558817",
                        "attributes": {
                            "access_private_ipv4": "10.64.62.43",
                            "access_public_ipv4": "147.75.94.157",
                            "access_public_ipv6": "2604:1380:3000:6c00::15",
                            "always_pxe": "false",
                            "billing_cycle": "hourly",
                            "created": "2019-04-30T09:51:33Z",
                            "facilities.#": "1",
                            "facilities.0": "nrt1",
                            "facility": "nrt1",
                            "hostname": "kayobe-lab-alt-24",
                            "id": "35e99d79-4039-4ac1-ac04-33a068558817",
                            "ipxe_script_url": "",
                            "locked": "false",
                            "network.#": "3",
                            "network.0.address": "147.75.94.157",
                            "network.0.cidr": "31",
                            "network.0.family": "4",
                            "network.0.gateway": "147.75.94.156",
                            "network.0.public": "true",
                            "network.1.address": "2604:1380:3000:6c00::15",
                            "network.1.cidr": "127",
                            "network.1.family": "6",
                            "network.1.gateway": "2604:1380:3000:6c00::14",
                            "network.1.public": "true",
                            "network.2.address": "10.64.62.43",
                            "network.2.cidr": "31",
                            "network.2.family": "4",
                            "network.2.gateway": "10.64.62.42",
                            "network.2.public": "false",
                            "network_type": "layer3",
                            "operating_system": "centos_7",
                            "plan": "c1.small.x86",
                            "ports.#": "3",
                            "ports.0.bonded": "true",
                            "ports.0.id": "018c4330-e0db-4fdc-a7d9-26ea37fc2d88",
                            "ports.0.mac": "",
                            "ports.0.name": "bond0",
                            "ports.0.type": "NetworkBondPort",
                            "ports.1.bonded": "true",
                            "ports.1.id": "1c012a9d-6819-4b29-baec-f9c3197f9cab",
                            "ports.1.mac": "ac:1f:6b:96:77:6e",
                            "ports.1.name": "eth0",
                            "ports.1.type": "NetworkPort",
                            "ports.2.bonded": "true",
                            "ports.2.id": "3aa7e87f-1cfd-4f0b-8239-77ab8f7ff2bd",
                            "ports.2.mac": "ac:1f:6b:96:77:6f",
                            "ports.2.name": "eth1",
                            "ports.2.type": "NetworkPort",
                            "project_id": "719d7d4b-08f8-4e9b-ad0d-34707f85160d",
                            "public_ipv4_subnet_size": "31",
                            "root_password": "2zFUfw(G1{",
                            "ssh_key_ids.#": "164",
                            "ssh_key_ids.0": "bd192f85-fbeb-4fd3-bca0-7ceb96f91700",
                            "ssh_key_ids.1": "da199044-80dd-48dd-8d1f-ef76ccb13ab5",
                            "ssh_key_ids.10": "f718cdab-a523-45c3-9b01-80dc045be122",
                            "ssh_key_ids.100": "bb427d7d-ca92-4a98-af84-64d3b43e6325",
                            "ssh_key_ids.101": "0a7d499d-8d80-45ad-9069-8fbaa6e28ea1",
                            "ssh_key_ids.102": "3199b332-bec2-45ef-9e25-ba9057972da7",
                            "ssh_key_ids.103": "303a0e97-7dd1-4444-9def-d7ebf932a892",
                            "ssh_key_ids.104": "7bf767f0-472a-4977-921e-cf55ded84f1c",
                            "ssh_key_ids.105": "7fb2d14c-11b6-4c52-a9d0-2a4a6113dbab",
                            "ssh_key_ids.106": "27635c6f-e3bd-4403-ae6c-94757f36b601",
                            "ssh_key_ids.107": "bc84ed0c-228d-4eb5-97b4-4cd7b6e6a0f9",
                            "ssh_key_ids.108": "e75e4f46-8e6b-4f66-8612-1879bbb96623",
                            "ssh_key_ids.109": "f8e3e26a-214b-457a-a7de-0aa31723f04e",
                            "ssh_key_ids.11": "aea43942-9250-4cde-81d1-69e468df8ce6",
                            "ssh_key_ids.110": "d02bec99-0344-4cf3-bd06-8bad8969b9fe",
                            "ssh_key_ids.111": "d0cce71a-c3ea-4b60-9866-d8f12d749d13",
                            "ssh_key_ids.112": "950d1f09-7d94-4838-ac25-e2b63fc256f5",
                            "ssh_key_ids.113": "1df0179f-a9af-4c8e-b9bf-5991f6e1b7f0",
                            "ssh_key_ids.114": "d6a50bd7-69c4-4c2b-99be-9adbefc6e3dc",
                            "ssh_key_ids.115": "fac2cbbc-70ef-4386-a0e6-df3aa1fe9609",
                            "ssh_key_ids.116": "1776caa4-e965-4891-af1a-427ce73a88e9",
                            "ssh_key_ids.117": "36c08ba3-3dc2-45bf-aad5-3f9d6c2f8173",
                            "ssh_key_ids.118": "a722049c-a416-4fb0-a661-290a0d9cf57b",
                            "ssh_key_ids.119": "88436004-0436-4df7-8240-bfd128e8d605",
                            "ssh_key_ids.12": "68931241-5344-4a8b-884f-4f3a4fc5e231",
                            "ssh_key_ids.120": "ccb63b0c-f9e1-4764-a37e-e4408cccbfac",
                            "ssh_key_ids.121": "f81c84bc-7f7f-4c1c-bc6b-4aa9ce236151",
                            "ssh_key_ids.122": "116c4f54-560a-4d95-bddc-29632af8a732",
                            "ssh_key_ids.123": "14c24939-9fd3-4d21-9f11-2557c49a3a9f",
                            "ssh_key_ids.124": "ee429bfb-8fb3-479b-9c6c-e5579a8bf59d",
                            "ssh_key_ids.125": "93b62667-9821-43c9-9b47-09c72bfc16fe",
                            "ssh_key_ids.126": "af0fdb13-ba2c-4e19-bcfb-57b1d59ead38",
                            "ssh_key_ids.127": "305be502-51dd-41a5-b2b1-b58878e9da15",
                            "ssh_key_ids.128": "d88db379-9fa2-454f-97a4-8e7718bbb658",
                            "ssh_key_ids.129": "752d99f5-5dcd-437f-99c9-8325bbabcc59",
                            "ssh_key_ids.13": "7d4eca06-2710-49c7-b4bd-efececa7cd54",
                            "ssh_key_ids.130": "01097db2-b817-4a41-b016-012c83dad8e4",
                            "ssh_key_ids.131": "dc275958-fb33-4a63-a21b-e33d3dfd3a14",
                            "ssh_key_ids.132": "e82a688a-f07a-480e-a408-199baca463c9",
                            "ssh_key_ids.133": "a7c4c16b-8163-4d61-8485-5f05eb11f013",
                            "ssh_key_ids.134": "d7a07953-9e75-465e-9495-775f03018db0",
                            "ssh_key_ids.135": "290afd05-1d05-4fd4-a7ac-27be4b92458f",
                            "ssh_key_ids.136": "8499c022-65c8-40dd-ab33-d331388ac5d9",
                            "ssh_key_ids.137": "8ad4e695-a082-43c5-ac1b-456964b321c6",
                            "ssh_key_ids.138": "59b26c30-c0ca-4ac5-ba7f-143efd14f792",
                            "ssh_key_ids.139": "d059cfe2-3215-4686-aeaa-051a5a423d2a",
                            "ssh_key_ids.14": "5d3e1674-605d-4e29-aa1a-6f97c6273217",
                            "ssh_key_ids.140": "82bd80ac-b1df-4801-88b7-8b835b78570c",
                            "ssh_key_ids.141": "c0fea396-b8f9-43d0-a453-9bbc868a1d81",
                            "ssh_key_ids.142": "d0a93463-eb19-4ed4-82a9-3c354374443e",
                            "ssh_key_ids.143": "ccf9952b-afcb-4df1-b002-0c60717e2592",
                            "ssh_key_ids.144": "c13861b0-d10e-4a0e-a84b-4d0463d54f1a",
                            "ssh_key_ids.145": "e00adc33-e5eb-4b67-b5f9-4bfa68bd2e53",
                            "ssh_key_ids.146": "b38f0448-bb97-4309-82f2-d1a5f5df0809",
                            "ssh_key_ids.147": "b87eb180-f18b-44a6-bbd5-a49f111d7864",
                            "ssh_key_ids.148": "be99da3d-601c-4466-8dcb-ff1f8a6a19d8",
                            "ssh_key_ids.149": "942f8d63-c3ec-4f32-b93a-38b5e0bafd90",
                            "ssh_key_ids.15": "8ec2af9d-2255-4cc8-a5ae-8dd62262241c",
                            "ssh_key_ids.150": "3b57956f-a711-40db-9a6f-32487503bea1",
                            "ssh_key_ids.151": "e5fd812a-667c-498f-883c-2bd1afddbff3",
                            "ssh_key_ids.152": "eac5e2ca-acf1-46a6-ae4d-aa12f71af765",
                            "ssh_key_ids.153": "0a929e59-0bcf-4de1-91d1-01a8cdbc9ef6",
                            "ssh_key_ids.154": "4382d197-ecbb-43d9-a7d6-453c100279b8",
                            "ssh_key_ids.155": "6b50e07d-df2c-44b8-8a9e-65bfab6880a1",
                            "ssh_key_ids.156": "bc4f1745-a5de-45e4-ae82-d7c4988ee1a2",
                            "ssh_key_ids.157": "985ea314-f590-4237-99f5-682a344617d9",
                            "ssh_key_ids.158": "98b939fb-362b-41c8-831a-1f0a2afa400e",
                            "ssh_key_ids.159": "21fecacf-999e-4595-a247-af36a4feb0c1",
                            "ssh_key_ids.16": "37ffbecc-3536-42d3-8f8b-5235dd97d526",
                            "ssh_key_ids.160": "0c909e8f-7714-43f6-a8a9-fc003c5231a3",
                            "ssh_key_ids.161": "ccb07866-766e-45e2-ae82-a1f1c8cb39c8",
                            "ssh_key_ids.162": "d45fb3b7-af95-4c48-8ad6-e3f3242a5e4a",
                            "ssh_key_ids.163": "25faa130-9a09-4cca-a109-409c7ac309ab",
                            "ssh_key_ids.17": "5e0ab35b-4a75-45c1-b679-bc9cb5c9abf8",
                            "ssh_key_ids.18": "c57fb351-65ce-4427-a1c2-17868b0d1711",
                            "ssh_key_ids.19": "0fddd1d0-4fa1-4abb-9bb9-b8381169a715",
                            "ssh_key_ids.2": "6e703847-5229-4bfd-9229-db6df7397e11",
                            "ssh_key_ids.20": "bdc5900f-e26d-46fe-8da6-59f9413b4c21",
                            "ssh_key_ids.21": "311e499c-5421-42b0-91a7-cdcc1059dfef",
                            "ssh_key_ids.22": "7c7abede-0f89-4bae-91f3-c4c856140db8",
                            "ssh_key_ids.23": "948d85da-a1a4-45d9-b6bd-e2794c03232d",
                            "ssh_key_ids.24": "214e1ebd-afd3-43f9-bcb6-bf6b9693f830",
                            "ssh_key_ids.25": "8c7583d3-2b01-4df4-a946-939962d827f9",
                            "ssh_key_ids.26": "f6267de9-b50a-4bd8-aac5-51612a403741",
                            "ssh_key_ids.27": "33fea3c3-2fb4-424a-834c-190bd53b8f0b",
                            "ssh_key_ids.28": "fed60fdf-7e1d-4ffd-af9f-4ac91c2fd430",
                            "ssh_key_ids.29": "7c7abd45-994d-4754-8220-2c5a404933e8",
                            "ssh_key_ids.3": "32c2e969-fe1c-4235-a999-2b8abc061991",
                            "ssh_key_ids.30": "89ef47c1-1576-4b8c-a339-2014155f0802",
                            "ssh_key_ids.31": "1689628e-00a8-40e4-a578-9d484d66cc3f",
                            "ssh_key_ids.32": "38ee2b4b-653d-494e-b008-abd82461f7f6",
                            "ssh_key_ids.33": "f63582f2-9d53-487f-a9af-d739e36b07af",
                            "ssh_key_ids.34": "f86d606c-d11c-4b10-b0d2-326e3b791cdf",
                            "ssh_key_ids.35": "7afc2a1e-7303-47e0-b75a-ed2587d3f340",
                            "ssh_key_ids.36": "0c1be6d5-8b38-4920-94f2-6ddaaa25bb9d",
                            "ssh_key_ids.37": "a2579e04-6f2e-4488-8e58-c48a0aa7f70b",
                            "ssh_key_ids.38": "f1b4cad0-7e3f-4574-bc52-6567dd2fd125",
                            "ssh_key_ids.39": "494f995f-069a-4407-bf31-d1e67142f9fd",
                            "ssh_key_ids.4": "659466b5-43b7-47fe-bd6c-b443d3b5df20",
                            "ssh_key_ids.40": "3bde399d-1ee1-49ca-acad-8df41956df20",
                            "ssh_key_ids.41": "0fb6897c-2f7f-4d0f-9de1-bd279408a7cb",
                            "ssh_key_ids.42": "1e4e0e97-aace-4cd9-b258-c8408d502284",
                            "ssh_key_ids.43": "7c41c050-74ad-4aa7-b63b-8c75d9db4051",
                            "ssh_key_ids.44": "fedb7753-6dba-4aa4-8371-999c6bab70de",
                            "ssh_key_ids.45": "a8855483-e011-4d68-86a5-2f530738dd17",
                            "ssh_key_ids.46": "954bd64c-a66b-45fb-900e-04f0b8b18cdf",
                            "ssh_key_ids.47": "6219b353-d4ec-4ba5-9a40-19304b4fe1af",
                            "ssh_key_ids.48": "4e49c810-8e76-4ec7-b1c2-1d9e7f829441",
                            "ssh_key_ids.49": "ec9105b6-bdd2-4bcc-a6ca-00055f55f504",
                            "ssh_key_ids.5": "8059f489-7714-4af7-84fc-76869c009378",
                            "ssh_key_ids.50": "611e233e-835c-4e37-abdd-918842cbe83f",
                            "ssh_key_ids.51": "6389afd1-e142-402d-8a1e-90383fbd3cb0",
                            "ssh_key_ids.52": "9058e9af-1b6a-4c7a-bce1-14dc06529d33",
                            "ssh_key_ids.53": "82f1421a-5a62-442c-adbf-6f4534ff96fe",
                            "ssh_key_ids.54": "59e22e40-bf99-4d3a-ae05-3eb4d599cabc",
                            "ssh_key_ids.55": "ec684e16-0a82-4508-af90-88d5c598bd04",
                            "ssh_key_ids.56": "1a5374e7-ae0b-44e8-8290-a7f9e34c6374",
                            "ssh_key_ids.57": "22050c70-4363-4734-8c11-57855494147c",
                            "ssh_key_ids.58": "e58fd2a9-18d8-4cd9-a1a2-f2610ed83a73",
                            "ssh_key_ids.59": "2765be00-4a38-436c-8eb7-74cb7dba92d3",
                            "ssh_key_ids.6": "f98a99f8-ff13-4391-b5fc-74983219a225",
                            "ssh_key_ids.60": "9ee4a2b0-3668-411b-af84-07f61d71afa8",
                            "ssh_key_ids.61": "85e0e5cf-7e19-42f8-9dc2-da41de539495",
                            "ssh_key_ids.62": "32a48504-ef65-452f-ae33-d161205c1b11",
                            "ssh_key_ids.63": "9a377e1e-c8ce-40c0-bf81-014cab0fcb7c",
                            "ssh_key_ids.64": "84eaa0c1-fd1c-4de8-a60c-e91feb89f14b",
                            "ssh_key_ids.65": "0f73341f-b03d-4323-8d59-af7243dbb475",
                            "ssh_key_ids.66": "0e3abb85-56d4-4604-a40a-9f3c6548b30b",
                            "ssh_key_ids.67": "f7e8e7ed-d248-4e81-9f0a-15ef569fb264",
                            "ssh_key_ids.68": "cc001113-bc02-4d7f-af55-366db9132936",
                            "ssh_key_ids.69": "0873502f-0980-4e42-a0de-5328eb21b1fe",
                            "ssh_key_ids.7": "0b392f37-4243-4e43-a56c-18208a30acf3",
                            "ssh_key_ids.70": "09223179-7d28-40a4-b18e-b7ed3e350c6a",
                            "ssh_key_ids.71": "3a4e67f8-b12d-43d4-a35d-e5d33a9ccd98",
                            "ssh_key_ids.72": "9cf77467-cdb7-4dcc-ab9f-4d431712ef3f",
                            "ssh_key_ids.73": "80b28858-2421-41bb-bbea-c4ad4a5db2c9",
                            "ssh_key_ids.74": "036d46c3-8727-4a00-b59b-7f80443a2afc",
                            "ssh_key_ids.75": "04d2d40f-d0ae-4862-9537-62a9e43a22cd",
                            "ssh_key_ids.76": "c33ea9e0-ed31-43ce-8bba-e5e8da4edd83",
                            "ssh_key_ids.77": "6e8257dd-b7b9-4f30-b9d1-e7131a4d2121",
                            "ssh_key_ids.78": "2111f3a2-9fe6-4992-aa14-1e01bb0501ce",
                            "ssh_key_ids.79": "c79bd893-afa8-4fde-9315-1ac6571a0d64",
                            "ssh_key_ids.8": "0394ad7e-6265-4478-ae1a-3b5d59a217d5",
                            "ssh_key_ids.80": "1dae5119-8c6d-450c-be49-ef323d4ef630",
                            "ssh_key_ids.81": "ee065568-03bb-456e-a1f5-1669939d43cb",
                            "ssh_key_ids.82": "b505936c-fca3-4767-9cbe-a5401f97dd95",
                            "ssh_key_ids.83": "895e0d1a-adae-439f-a1a8-a15aa6658c97",
                            "ssh_key_ids.84": "984f885d-a618-4416-a934-f1f00d93f989",
                            "ssh_key_ids.85": "f67f7c4b-0050-4c18-be29-03a072b204ba",
                            "ssh_key_ids.86": "65c4bc38-3112-4503-b875-5f583aca6424",
                            "ssh_key_ids.87": "912637d1-7b56-481b-bbe4-ccf466e3e161",
                            "ssh_key_ids.88": "f0e74fce-1a0c-4643-8990-f6843728f24f",
                            "ssh_key_ids.89": "34934bed-6b13-4abc-aeb6-1a5a9e994745",
                            "ssh_key_ids.9": "f78dd9de-77e6-4386-9014-14258f6ed18c",
                            "ssh_key_ids.90": "b428db77-8a11-40b6-a6f9-bd6321ea796b",
                            "ssh_key_ids.91": "b68dcaed-078c-41e2-a647-5aa1acb12154",
                            "ssh_key_ids.92": "bb056de1-9025-47e5-89a1-2897643e1f6c",
                            "ssh_key_ids.93": "491b68d1-1663-490d-a2e0-248b496631f4",
                            "ssh_key_ids.94": "842a0495-4b06-4f53-a948-f381d57cb180",
                            "ssh_key_ids.95": "a102ddd7-bee2-4d61-9262-5978a4b91c04",
                            "ssh_key_ids.96": "13c0308d-5846-46c5-bf46-2fdae2e9c8d7",
                            "ssh_key_ids.97": "892bf2fb-c6b9-459d-bdd0-36d69701a3e6",
                            "ssh_key_ids.98": "c523b161-3e3b-492c-90f4-253a86aed91f",
                            "ssh_key_ids.99": "36b25fc3-3971-4f8f-a6f2-fcf9113e4da8",
                            "state": "active",
                            "storage": "",
                            "tags.#": "0",
                            "updated": "2019-04-30T09:56:03Z"
                        },
                        "meta": {},
                        "tainted": false
                    },
                    "deposed": [],
                    "provider": "provider.packet"
                },
                "packet_device.lab_alt.3": {
                    "type": "packet_device",
                    "depends_on": [
                        "packet_device.registry_alt",
                        "packet_ssh_key.default",
                        "tls_private_key.default"
                    ],
                    "primary": {
                        "id": "ea34d612-5b5a-43e5-bc75-d6fb67f38755",
                        "attributes": {
                            "access_private_ipv4": "10.64.62.19",
                            "access_public_ipv4": "147.75.94.233",
                            "access_public_ipv6": "2604:1380:3000:6c00::1d",
                            "always_pxe": "false",
                            "billing_cycle": "hourly",
                            "created": "2019-04-30T09:51:40Z",
                            "facilities.#": "1",
                            "facilities.0": "nrt1",
                            "facility": "nrt1",
                            "hostname": "kayobe-lab-alt-03",
                            "id": "ea34d612-5b5a-43e5-bc75-d6fb67f38755",
                            "ipxe_script_url": "",
                            "locked": "false",
                            "network.#": "3",
                            "network.0.address": "147.75.94.233",
                            "network.0.cidr": "31",
                            "network.0.family": "4",
                            "network.0.gateway": "147.75.94.232",
                            "network.0.public": "true",
                            "network.1.address": "2604:1380:3000:6c00::1d",
                            "network.1.cidr": "127",
                            "network.1.family": "6",
                            "network.1.gateway": "2604:1380:3000:6c00::1c",
                            "network.1.public": "true",
                            "network.2.address": "10.64.62.19",
                            "network.2.cidr": "31",
                            "network.2.family": "4",
                            "network.2.gateway": "10.64.62.18",
                            "network.2.public": "false",
                            "network_type": "layer3",
                            "operating_system": "centos_7",
                            "plan": "c1.small.x86",
                            "ports.#": "3",
                            "ports.0.bonded": "true",
                            "ports.0.id": "2234e8b3-034b-48e7-b209-ce58f82e0d89",
                            "ports.0.mac": "",
                            "ports.0.name": "bond0",
                            "ports.0.type": "NetworkBondPort",
                            "ports.1.bonded": "true",
                            "ports.1.id": "ff0e7762-d5db-47d1-98a6-15459722e9ce",
                            "ports.1.mac": "ac:1f:6b:82:e4:ec",
                            "ports.1.name": "eth0",
                            "ports.1.type": "NetworkPort",
                            "ports.2.bonded": "true",
                            "ports.2.id": "91d91785-7a5e-41c3-8e94-af180583439f",
                            "ports.2.mac": "ac:1f:6b:82:e4:ed",
                            "ports.2.name": "eth1",
                            "ports.2.type": "NetworkPort",
                            "project_id": "719d7d4b-08f8-4e9b-ad0d-34707f85160d",
                            "public_ipv4_subnet_size": "31",
                            "root_password": "1#L[H52{Rr",
                            "ssh_key_ids.#": "164",
                            "ssh_key_ids.0": "bd192f85-fbeb-4fd3-bca0-7ceb96f91700",
                            "ssh_key_ids.1": "da199044-80dd-48dd-8d1f-ef76ccb13ab5",
                            "ssh_key_ids.10": "68931241-5344-4a8b-884f-4f3a4fc5e231",
                            "ssh_key_ids.100": "1a5374e7-ae0b-44e8-8290-a7f9e34c6374",
                            "ssh_key_ids.101": "22050c70-4363-4734-8c11-57855494147c",
                            "ssh_key_ids.102": "9ee4a2b0-3668-411b-af84-07f61d71afa8",
                            "ssh_key_ids.103": "85e0e5cf-7e19-42f8-9dc2-da41de539495",
                            "ssh_key_ids.104": "32a48504-ef65-452f-ae33-d161205c1b11",
                            "ssh_key_ids.105": "3a4e67f8-b12d-43d4-a35d-e5d33a9ccd98",
                            "ssh_key_ids.106": "80b28858-2421-41bb-bbea-c4ad4a5db2c9",
                            "ssh_key_ids.107": "036d46c3-8727-4a00-b59b-7f80443a2afc",
                            "ssh_key_ids.108": "04d2d40f-d0ae-4862-9537-62a9e43a22cd",
                            "ssh_key_ids.109": "c33ea9e0-ed31-43ce-8bba-e5e8da4edd83",
                            "ssh_key_ids.11": "0fddd1d0-4fa1-4abb-9bb9-b8381169a715",
                            "ssh_key_ids.110": "6e8257dd-b7b9-4f30-b9d1-e7131a4d2121",
                            "ssh_key_ids.111": "ccb63b0c-f9e1-4764-a37e-e4408cccbfac",
                            "ssh_key_ids.112": "65c4bc38-3112-4503-b875-5f583aca6424",
                            "ssh_key_ids.113": "912637d1-7b56-481b-bbe4-ccf466e3e161",
                            "ssh_key_ids.114": "f0e74fce-1a0c-4643-8990-f6843728f24f",
                            "ssh_key_ids.115": "34934bed-6b13-4abc-aeb6-1a5a9e994745",
                            "ssh_key_ids.116": "3199b332-bec2-45ef-9e25-ba9057972da7",
                            "ssh_key_ids.117": "303a0e97-7dd1-4444-9def-d7ebf932a892",
                            "ssh_key_ids.118": "7bf767f0-472a-4977-921e-cf55ded84f1c",
                            "ssh_key_ids.119": "7fb2d14c-11b6-4c52-a9d0-2a4a6113dbab",
                            "ssh_key_ids.12": "bdc5900f-e26d-46fe-8da6-59f9413b4c21",
                            "ssh_key_ids.120": "27635c6f-e3bd-4403-ae6c-94757f36b601",
                            "ssh_key_ids.121": "bc84ed0c-228d-4eb5-97b4-4cd7b6e6a0f9",
                            "ssh_key_ids.122": "f8e3e26a-214b-457a-a7de-0aa31723f04e",
                            "ssh_key_ids.123": "d0cce71a-c3ea-4b60-9866-d8f12d749d13",
                            "ssh_key_ids.124": "1df0179f-a9af-4c8e-b9bf-5991f6e1b7f0",
                            "ssh_key_ids.125": "d6a50bd7-69c4-4c2b-99be-9adbefc6e3dc",
                            "ssh_key_ids.126": "950d1f09-7d94-4838-ac25-e2b63fc256f5",
                            "ssh_key_ids.127": "d02bec99-0344-4cf3-bd06-8bad8969b9fe",
                            "ssh_key_ids.128": "e75e4f46-8e6b-4f66-8612-1879bbb96623",
                            "ssh_key_ids.129": "0a7d499d-8d80-45ad-9069-8fbaa6e28ea1",
                            "ssh_key_ids.13": "7c7abede-0f89-4bae-91f3-c4c856140db8",
                            "ssh_key_ids.130": "bb427d7d-ca92-4a98-af84-64d3b43e6325",
                            "ssh_key_ids.131": "c523b161-3e3b-492c-90f4-253a86aed91f",
                            "ssh_key_ids.132": "892bf2fb-c6b9-459d-bdd0-36d69701a3e6",
                            "ssh_key_ids.133": "13c0308d-5846-46c5-bf46-2fdae2e9c8d7",
                            "ssh_key_ids.134": "a102ddd7-bee2-4d61-9262-5978a4b91c04",
                            "ssh_key_ids.135": "842a0495-4b06-4f53-a948-f381d57cb180",
                            "ssh_key_ids.136": "491b68d1-1663-490d-a2e0-248b496631f4",
                            "ssh_key_ids.137": "bb056de1-9025-47e5-89a1-2897643e1f6c",
                            "ssh_key_ids.138": "b505936c-fca3-4767-9cbe-a5401f97dd95",
                            "ssh_key_ids.139": "ee065568-03bb-456e-a1f5-1669939d43cb",
                            "ssh_key_ids.14": "214e1ebd-afd3-43f9-bcb6-bf6b9693f830",
                            "ssh_key_ids.140": "1dae5119-8c6d-450c-be49-ef323d4ef630",
                            "ssh_key_ids.141": "c79bd893-afa8-4fde-9315-1ac6571a0d64",
                            "ssh_key_ids.142": "f718cdab-a523-45c3-9b01-80dc045be122",
                            "ssh_key_ids.143": "f78dd9de-77e6-4386-9014-14258f6ed18c",
                            "ssh_key_ids.144": "9cf77467-cdb7-4dcc-ab9f-4d431712ef3f",
                            "ssh_key_ids.145": "b428db77-8a11-40b6-a6f9-bd6321ea796b",
                            "ssh_key_ids.146": "b38f0448-bb97-4309-82f2-d1a5f5df0809",
                            "ssh_key_ids.147": "b87eb180-f18b-44a6-bbd5-a49f111d7864",
                            "ssh_key_ids.148": "be99da3d-601c-4466-8dcb-ff1f8a6a19d8",
                            "ssh_key_ids.149": "942f8d63-c3ec-4f32-b93a-38b5e0bafd90",
                            "ssh_key_ids.15": "8c7583d3-2b01-4df4-a946-939962d827f9",
                            "ssh_key_ids.150": "eac5e2ca-acf1-46a6-ae4d-aa12f71af765",
                            "ssh_key_ids.151": "0a929e59-0bcf-4de1-91d1-01a8cdbc9ef6",
                            "ssh_key_ids.152": "e5fd812a-667c-498f-883c-2bd1afddbff3",
                            "ssh_key_ids.153": "3b57956f-a711-40db-9a6f-32487503bea1",
                            "ssh_key_ids.154": "6b50e07d-df2c-44b8-8a9e-65bfab6880a1",
                            "ssh_key_ids.155": "4382d197-ecbb-43d9-a7d6-453c100279b8",
                            "ssh_key_ids.156": "bc4f1745-a5de-45e4-ae82-d7c4988ee1a2",
                            "ssh_key_ids.157": "985ea314-f590-4237-99f5-682a344617d9",
                            "ssh_key_ids.158": "98b939fb-362b-41c8-831a-1f0a2afa400e",
                            "ssh_key_ids.159": "21fecacf-999e-4595-a247-af36a4feb0c1",
                            "ssh_key_ids.16": "f6267de9-b50a-4bd8-aac5-51612a403741",
                            "ssh_key_ids.160": "0c909e8f-7714-43f6-a8a9-fc003c5231a3",
                            "ssh_key_ids.161": "ccb07866-766e-45e2-ae82-a1f1c8cb39c8",
                            "ssh_key_ids.162": "d45fb3b7-af95-4c48-8ad6-e3f3242a5e4a",
                            "ssh_key_ids.163": "25faa130-9a09-4cca-a109-409c7ac309ab",
                            "ssh_key_ids.17": "33fea3c3-2fb4-424a-834c-190bd53b8f0b",
                            "ssh_key_ids.18": "fed60fdf-7e1d-4ffd-af9f-4ac91c2fd430",
                            "ssh_key_ids.19": "7c7abd45-994d-4754-8220-2c5a404933e8",
                            "ssh_key_ids.2": "6e703847-5229-4bfd-9229-db6df7397e11",
                            "ssh_key_ids.20": "89ef47c1-1576-4b8c-a339-2014155f0802",
                            "ssh_key_ids.21": "1689628e-00a8-40e4-a578-9d484d66cc3f",
                            "ssh_key_ids.22": "494f995f-069a-4407-bf31-d1e67142f9fd",
                            "ssh_key_ids.23": "3bde399d-1ee1-49ca-acad-8df41956df20",
                            "ssh_key_ids.24": "1e4e0e97-aace-4cd9-b258-c8408d502284",
                            "ssh_key_ids.25": "a8855483-e011-4d68-86a5-2f530738dd17",
                            "ssh_key_ids.26": "954bd64c-a66b-45fb-900e-04f0b8b18cdf",
                            "ssh_key_ids.27": "7d4eca06-2710-49c7-b4bd-efececa7cd54",
                            "ssh_key_ids.28": "37ffbecc-3536-42d3-8f8b-5235dd97d526",
                            "ssh_key_ids.29": "8ec2af9d-2255-4cc8-a5ae-8dd62262241c",
                            "ssh_key_ids.3": "32c2e969-fe1c-4235-a999-2b8abc061991",
                            "ssh_key_ids.30": "b68dcaed-078c-41e2-a647-5aa1acb12154",
                            "ssh_key_ids.31": "984f885d-a618-4416-a934-f1f00d93f989",
                            "ssh_key_ids.32": "a722049c-a416-4fb0-a661-290a0d9cf57b",
                            "ssh_key_ids.33": "1776caa4-e965-4891-af1a-427ce73a88e9",
                            "ssh_key_ids.34": "0873502f-0980-4e42-a0de-5328eb21b1fe",
                            "ssh_key_ids.35": "cc001113-bc02-4d7f-af55-366db9132936",
                            "ssh_key_ids.36": "88436004-0436-4df7-8240-bfd128e8d605",
                            "ssh_key_ids.37": "f81c84bc-7f7f-4c1c-bc6b-4aa9ce236151",
                            "ssh_key_ids.38": "895e0d1a-adae-439f-a1a8-a15aa6658c97",
                            "ssh_key_ids.39": "116c4f54-560a-4d95-bddc-29632af8a732",
                            "ssh_key_ids.4": "659466b5-43b7-47fe-bd6c-b443d3b5df20",
                            "ssh_key_ids.40": "36c08ba3-3dc2-45bf-aad5-3f9d6c2f8173",
                            "ssh_key_ids.41": "fac2cbbc-70ef-4386-a0e6-df3aa1fe9609",
                            "ssh_key_ids.42": "14c24939-9fd3-4d21-9f11-2557c49a3a9f",
                            "ssh_key_ids.43": "36b25fc3-3971-4f8f-a6f2-fcf9113e4da8",
                            "ssh_key_ids.44": "f67f7c4b-0050-4c18-be29-03a072b204ba",
                            "ssh_key_ids.45": "ee429bfb-8fb3-479b-9c6c-e5579a8bf59d",
                            "ssh_key_ids.46": "93b62667-9821-43c9-9b47-09c72bfc16fe",
                            "ssh_key_ids.47": "305be502-51dd-41a5-b2b1-b58878e9da15",
                            "ssh_key_ids.48": "af0fdb13-ba2c-4e19-bcfb-57b1d59ead38",
                            "ssh_key_ids.49": "c13861b0-d10e-4a0e-a84b-4d0463d54f1a",
                            "ssh_key_ids.5": "8059f489-7714-4af7-84fc-76869c009378",
                            "ssh_key_ids.50": "e00adc33-e5eb-4b67-b5f9-4bfa68bd2e53",
                            "ssh_key_ids.51": "5d3e1674-605d-4e29-aa1a-6f97c6273217",
                            "ssh_key_ids.52": "c57fb351-65ce-4427-a1c2-17868b0d1711",
                            "ssh_key_ids.53": "5e0ab35b-4a75-45c1-b679-bc9cb5c9abf8",
                            "ssh_key_ids.54": "311e499c-5421-42b0-91a7-cdcc1059dfef",
                            "ssh_key_ids.55": "948d85da-a1a4-45d9-b6bd-e2794c03232d",
                            "ssh_key_ids.56": "38ee2b4b-653d-494e-b008-abd82461f7f6",
                            "ssh_key_ids.57": "f63582f2-9d53-487f-a9af-d739e36b07af",
                            "ssh_key_ids.58": "f86d606c-d11c-4b10-b0d2-326e3b791cdf",
                            "ssh_key_ids.59": "7afc2a1e-7303-47e0-b75a-ed2587d3f340",
                            "ssh_key_ids.6": "f98a99f8-ff13-4391-b5fc-74983219a225",
                            "ssh_key_ids.60": "0c1be6d5-8b38-4920-94f2-6ddaaa25bb9d",
                            "ssh_key_ids.61": "a2579e04-6f2e-4488-8e58-c48a0aa7f70b",
                            "ssh_key_ids.62": "f1b4cad0-7e3f-4574-bc52-6567dd2fd125",
                            "ssh_key_ids.63": "0fb6897c-2f7f-4d0f-9de1-bd279408a7cb",
                            "ssh_key_ids.64": "7c41c050-74ad-4aa7-b63b-8c75d9db4051",
                            "ssh_key_ids.65": "fedb7753-6dba-4aa4-8371-999c6bab70de",
                            "ssh_key_ids.66": "6219b353-d4ec-4ba5-9a40-19304b4fe1af",
                            "ssh_key_ids.67": "4e49c810-8e76-4ec7-b1c2-1d9e7f829441",
                            "ssh_key_ids.68": "d88db379-9fa2-454f-97a4-8e7718bbb658",
                            "ssh_key_ids.69": "d0a93463-eb19-4ed4-82a9-3c354374443e",
                            "ssh_key_ids.7": "0b392f37-4243-4e43-a56c-18208a30acf3",
                            "ssh_key_ids.70": "2111f3a2-9fe6-4992-aa14-1e01bb0501ce",
                            "ssh_key_ids.71": "09223179-7d28-40a4-b18e-b7ed3e350c6a",
                            "ssh_key_ids.72": "f7e8e7ed-d248-4e81-9f0a-15ef569fb264",
                            "ssh_key_ids.73": "0e3abb85-56d4-4604-a40a-9f3c6548b30b",
                            "ssh_key_ids.74": "0f73341f-b03d-4323-8d59-af7243dbb475",
                            "ssh_key_ids.75": "84eaa0c1-fd1c-4de8-a60c-e91feb89f14b",
                            "ssh_key_ids.76": "9a377e1e-c8ce-40c0-bf81-014cab0fcb7c",
                            "ssh_key_ids.77": "2765be00-4a38-436c-8eb7-74cb7dba92d3",
                            "ssh_key_ids.78": "e58fd2a9-18d8-4cd9-a1a2-f2610ed83a73",
                            "ssh_key_ids.79": "9058e9af-1b6a-4c7a-bce1-14dc06529d33",
                            "ssh_key_ids.8": "0394ad7e-6265-4478-ae1a-3b5d59a217d5",
                            "ssh_key_ids.80": "6389afd1-e142-402d-8a1e-90383fbd3cb0",
                            "ssh_key_ids.81": "752d99f5-5dcd-437f-99c9-8325bbabcc59",
                            "ssh_key_ids.82": "611e233e-835c-4e37-abdd-918842cbe83f",
                            "ssh_key_ids.83": "ec9105b6-bdd2-4bcc-a6ca-00055f55f504",
                            "ssh_key_ids.84": "01097db2-b817-4a41-b016-012c83dad8e4",
                            "ssh_key_ids.85": "dc275958-fb33-4a63-a21b-e33d3dfd3a14",
                            "ssh_key_ids.86": "e82a688a-f07a-480e-a408-199baca463c9",
                            "ssh_key_ids.87": "a7c4c16b-8163-4d61-8485-5f05eb11f013",
                            "ssh_key_ids.88": "d7a07953-9e75-465e-9495-775f03018db0",
                            "ssh_key_ids.89": "290afd05-1d05-4fd4-a7ac-27be4b92458f",
                            "ssh_key_ids.9": "aea43942-9250-4cde-81d1-69e468df8ce6",
                            "ssh_key_ids.90": "8499c022-65c8-40dd-ab33-d331388ac5d9",
                            "ssh_key_ids.91": "8ad4e695-a082-43c5-ac1b-456964b321c6",
                            "ssh_key_ids.92": "59b26c30-c0ca-4ac5-ba7f-143efd14f792",
                            "ssh_key_ids.93": "ccf9952b-afcb-4df1-b002-0c60717e2592",
                            "ssh_key_ids.94": "d059cfe2-3215-4686-aeaa-051a5a423d2a",
                            "ssh_key_ids.95": "82bd80ac-b1df-4801-88b7-8b835b78570c",
                            "ssh_key_ids.96": "c0fea396-b8f9-43d0-a453-9bbc868a1d81",
                            "ssh_key_ids.97": "82f1421a-5a62-442c-adbf-6f4534ff96fe",
                            "ssh_key_ids.98": "59e22e40-bf99-4d3a-ae05-3eb4d599cabc",
                            "ssh_key_ids.99": "ec684e16-0a82-4508-af90-88d5c598bd04",
                            "state": "active",
                            "storage": "",
                            "tags.#": "0",
                            "updated": "2019-04-30T09:54:36Z"
                        },
                        "meta": {},
                        "tainted": false
                    },
                    "deposed": [],
                    "provider": "provider.packet"
                },
                "packet_device.lab_alt.4": {
                    "type": "packet_device",
                    "depends_on": [
                        "packet_device.registry_alt",
                        "packet_ssh_key.default",
                        "tls_private_key.default"
                    ],
                    "primary": {
                        "id": "21b0b758-e292-446a-a068-080afd433d1a",
                        "attributes": {
                            "access_private_ipv4": "10.64.62.21",
                            "access_public_ipv4": "147.75.95.101",
                            "access_public_ipv6": "2604:1380:3000:6c00::f",
                            "always_pxe": "false",
                            "billing_cycle": "hourly",
                            "created": "2019-04-30T11:09:02Z",
                            "facilities.#": "1",
                            "facilities.0": "nrt1",
                            "facility": "nrt1",
                            "hostname": "kayobe-lab-alt-04",
                            "id": "21b0b758-e292-446a-a068-080afd433d1a",
                            "ipxe_script_url": "",
                            "locked": "false",
                            "network.#": "3",
                            "network.0.address": "147.75.95.101",
                            "network.0.cidr": "31",
                            "network.0.family": "4",
                            "network.0.gateway": "147.75.95.100",
                            "network.0.public": "true",
                            "network.1.address": "2604:1380:3000:6c00::f",
                            "network.1.cidr": "127",
                            "network.1.family": "6",
                            "network.1.gateway": "2604:1380:3000:6c00::e",
                            "network.1.public": "true",
                            "network.2.address": "10.64.62.21",
                            "network.2.cidr": "31",
                            "network.2.family": "4",
                            "network.2.gateway": "10.64.62.20",
                            "network.2.public": "false",
                            "network_type": "layer3",
                            "operating_system": "centos_7",
                            "plan": "c1.small.x86",
                            "ports.#": "3",
                            "ports.0.bonded": "true",
                            "ports.0.id": "076c4dc9-6d7b-4c5a-9be1-537350752a97",
                            "ports.0.mac": "",
                            "ports.0.name": "bond0",
                            "ports.0.type": "NetworkBondPort",
                            "ports.1.bonded": "true",
                            "ports.1.id": "6018710e-ed26-4a27-bc67-6636551cf898",
                            "ports.1.mac": "ac:1f:6b:96:79:d8",
                            "ports.1.name": "eth0",
                            "ports.1.type": "NetworkPort",
                            "ports.2.bonded": "true",
                            "ports.2.id": "a16deb6f-dfb8-476c-92b9-96926767a58c",
                            "ports.2.mac": "ac:1f:6b:96:79:d9",
                            "ports.2.name": "eth1",
                            "ports.2.type": "NetworkPort",
                            "project_id": "719d7d4b-08f8-4e9b-ad0d-34707f85160d",
                            "public_ipv4_subnet_size": "31",
                            "root_password": "XCzi}\u003c^Qb1",
                            "ssh_key_ids.#": "164",
                            "ssh_key_ids.0": "da199044-80dd-48dd-8d1f-ef76ccb13ab5",
                            "ssh_key_ids.1": "bd192f85-fbeb-4fd3-bca0-7ceb96f91700",
                            "ssh_key_ids.10": "ec9105b6-bdd2-4bcc-a6ca-00055f55f504",
                            "ssh_key_ids.100": "842a0495-4b06-4f53-a948-f381d57cb180",
                            "ssh_key_ids.101": "32c2e969-fe1c-4235-a999-2b8abc061991",
                            "ssh_key_ids.102": "491b68d1-1663-490d-a2e0-248b496631f4",
                            "ssh_key_ids.103": "bb056de1-9025-47e5-89a1-2897643e1f6c",
                            "ssh_key_ids.104": "f98a99f8-ff13-4391-b5fc-74983219a225",
                            "ssh_key_ids.105": "f718cdab-a523-45c3-9b01-80dc045be122",
                            "ssh_key_ids.106": "0a7d499d-8d80-45ad-9069-8fbaa6e28ea1",
                            "ssh_key_ids.107": "bb427d7d-ca92-4a98-af84-64d3b43e6325",
                            "ssh_key_ids.108": "34934bed-6b13-4abc-aeb6-1a5a9e994745",
                            "ssh_key_ids.109": "752d99f5-5dcd-437f-99c9-8325bbabcc59",
                            "ssh_key_ids.11": "e75e4f46-8e6b-4f66-8612-1879bbb96623",
                            "ssh_key_ids.110": "0b392f37-4243-4e43-a56c-18208a30acf3",
                            "ssh_key_ids.111": "33fea3c3-2fb4-424a-834c-190bd53b8f0b",
                            "ssh_key_ids.112": "0e3abb85-56d4-4604-a40a-9f3c6548b30b",
                            "ssh_key_ids.113": "65c4bc38-3112-4503-b875-5f583aca6424",
                            "ssh_key_ids.114": "89ef47c1-1576-4b8c-a339-2014155f0802",
                            "ssh_key_ids.115": "a7c4c16b-8163-4d61-8485-5f05eb11f013",
                            "ssh_key_ids.116": "88436004-0436-4df7-8240-bfd128e8d605",
                            "ssh_key_ids.117": "7c7abd45-994d-4754-8220-2c5a404933e8",
                            "ssh_key_ids.118": "912637d1-7b56-481b-bbe4-ccf466e3e161",
                            "ssh_key_ids.119": "984f885d-a618-4416-a934-f1f00d93f989",
                            "ssh_key_ids.12": "494f995f-069a-4407-bf31-d1e67142f9fd",
                            "ssh_key_ids.120": "1689628e-00a8-40e4-a578-9d484d66cc3f",
                            "ssh_key_ids.121": "d0a93463-eb19-4ed4-82a9-3c354374443e",
                            "ssh_key_ids.122": "7c7abede-0f89-4bae-91f3-c4c856140db8",
                            "ssh_key_ids.123": "214e1ebd-afd3-43f9-bcb6-bf6b9693f830",
                            "ssh_key_ids.124": "948d85da-a1a4-45d9-b6bd-e2794c03232d",
                            "ssh_key_ids.125": "0fddd1d0-4fa1-4abb-9bb9-b8381169a715",
                            "ssh_key_ids.126": "b505936c-fca3-4767-9cbe-a5401f97dd95",
                            "ssh_key_ids.127": "68931241-5344-4a8b-884f-4f3a4fc5e231",
                            "ssh_key_ids.128": "c13861b0-d10e-4a0e-a84b-4d0463d54f1a",
                            "ssh_key_ids.129": "b68dcaed-078c-41e2-a647-5aa1acb12154",
                            "ssh_key_ids.13": "a2579e04-6f2e-4488-8e58-c48a0aa7f70b",
                            "ssh_key_ids.130": "e00adc33-e5eb-4b67-b5f9-4bfa68bd2e53",
                            "ssh_key_ids.131": "305be502-51dd-41a5-b2b1-b58878e9da15",
                            "ssh_key_ids.132": "ee429bfb-8fb3-479b-9c6c-e5579a8bf59d",
                            "ssh_key_ids.133": "93b62667-9821-43c9-9b47-09c72bfc16fe",
                            "ssh_key_ids.134": "f67f7c4b-0050-4c18-be29-03a072b204ba",
                            "ssh_key_ids.135": "b428db77-8a11-40b6-a6f9-bd6321ea796b",
                            "ssh_key_ids.136": "2765be00-4a38-436c-8eb7-74cb7dba92d3",
                            "ssh_key_ids.137": "01097db2-b817-4a41-b016-012c83dad8e4",
                            "ssh_key_ids.138": "9a377e1e-c8ce-40c0-bf81-014cab0fcb7c",
                            "ssh_key_ids.139": "37ffbecc-3536-42d3-8f8b-5235dd97d526",
                            "ssh_key_ids.14": "0c1be6d5-8b38-4920-94f2-6ddaaa25bb9d",
                            "ssh_key_ids.140": "27635c6f-e3bd-4403-ae6c-94757f36b601",
                            "ssh_key_ids.141": "f78dd9de-77e6-4386-9014-14258f6ed18c",
                            "ssh_key_ids.142": "0f73341f-b03d-4323-8d59-af7243dbb475",
                            "ssh_key_ids.143": "84eaa0c1-fd1c-4de8-a60c-e91feb89f14b",
                            "ssh_key_ids.144": "09223179-7d28-40a4-b18e-b7ed3e350c6a",
                            "ssh_key_ids.145": "cc001113-bc02-4d7f-af55-366db9132936",
                            "ssh_key_ids.146": "b38f0448-bb97-4309-82f2-d1a5f5df0809",
                            "ssh_key_ids.147": "0a929e59-0bcf-4de1-91d1-01a8cdbc9ef6",
                            "ssh_key_ids.148": "be99da3d-601c-4466-8dcb-ff1f8a6a19d8",
                            "ssh_key_ids.149": "eac5e2ca-acf1-46a6-ae4d-aa12f71af765",
                            "ssh_key_ids.15": "7fb2d14c-11b6-4c52-a9d0-2a4a6113dbab",
                            "ssh_key_ids.150": "b87eb180-f18b-44a6-bbd5-a49f111d7864",
                            "ssh_key_ids.151": "e5fd812a-667c-498f-883c-2bd1afddbff3",
                            "ssh_key_ids.152": "3b57956f-a711-40db-9a6f-32487503bea1",
                            "ssh_key_ids.153": "942f8d63-c3ec-4f32-b93a-38b5e0bafd90",
                            "ssh_key_ids.154": "6b50e07d-df2c-44b8-8a9e-65bfab6880a1",
                            "ssh_key_ids.155": "4382d197-ecbb-43d9-a7d6-453c100279b8",
                            "ssh_key_ids.156": "bc4f1745-a5de-45e4-ae82-d7c4988ee1a2",
                            "ssh_key_ids.157": "985ea314-f590-4237-99f5-682a344617d9",
                            "ssh_key_ids.158": "98b939fb-362b-41c8-831a-1f0a2afa400e",
                            "ssh_key_ids.159": "21fecacf-999e-4595-a247-af36a4feb0c1",
                            "ssh_key_ids.16": "9ee4a2b0-3668-411b-af84-07f61d71afa8",
                            "ssh_key_ids.160": "0c909e8f-7714-43f6-a8a9-fc003c5231a3",
                            "ssh_key_ids.161": "ccb07866-766e-45e2-ae82-a1f1c8cb39c8",
                            "ssh_key_ids.162": "d45fb3b7-af95-4c48-8ad6-e3f3242a5e4a",
                            "ssh_key_ids.163": "25faa130-9a09-4cca-a109-409c7ac309ab",
                            "ssh_key_ids.17": "22050c70-4363-4734-8c11-57855494147c",
                            "ssh_key_ids.18": "1a5374e7-ae0b-44e8-8290-a7f9e34c6374",
                            "ssh_key_ids.19": "ec684e16-0a82-4508-af90-88d5c598bd04",
                            "ssh_key_ids.2": "4e49c810-8e76-4ec7-b1c2-1d9e7f829441",
                            "ssh_key_ids.20": "d059cfe2-3215-4686-aeaa-051a5a423d2a",
                            "ssh_key_ids.21": "ccf9952b-afcb-4df1-b002-0c60717e2592",
                            "ssh_key_ids.22": "59b26c30-c0ca-4ac5-ba7f-143efd14f792",
                            "ssh_key_ids.23": "8ad4e695-a082-43c5-ac1b-456964b321c6",
                            "ssh_key_ids.24": "8499c022-65c8-40dd-ab33-d331388ac5d9",
                            "ssh_key_ids.25": "290afd05-1d05-4fd4-a7ac-27be4b92458f",
                            "ssh_key_ids.26": "950d1f09-7d94-4838-ac25-e2b63fc256f5",
                            "ssh_key_ids.27": "7afc2a1e-7303-47e0-b75a-ed2587d3f340",
                            "ssh_key_ids.28": "5d3e1674-605d-4e29-aa1a-6f97c6273217",
                            "ssh_key_ids.29": "ee065568-03bb-456e-a1f5-1669939d43cb",
                            "ssh_key_ids.3": "954bd64c-a66b-45fb-900e-04f0b8b18cdf",
                            "ssh_key_ids.30": "c57fb351-65ce-4427-a1c2-17868b0d1711",
                            "ssh_key_ids.31": "36b25fc3-3971-4f8f-a6f2-fcf9113e4da8",
                            "ssh_key_ids.32": "d7a07953-9e75-465e-9495-775f03018db0",
                            "ssh_key_ids.33": "82bd80ac-b1df-4801-88b7-8b835b78570c",
                            "ssh_key_ids.34": "e82a688a-f07a-480e-a408-199baca463c9",
                            "ssh_key_ids.35": "dc275958-fb33-4a63-a21b-e33d3dfd3a14",
                            "ssh_key_ids.36": "611e233e-835c-4e37-abdd-918842cbe83f",
                            "ssh_key_ids.37": "303a0e97-7dd1-4444-9def-d7ebf932a892",
                            "ssh_key_ids.38": "6e8257dd-b7b9-4f30-b9d1-e7131a4d2121",
                            "ssh_key_ids.39": "f86d606c-d11c-4b10-b0d2-326e3b791cdf",
                            "ssh_key_ids.4": "a8855483-e011-4d68-86a5-2f530738dd17",
                            "ssh_key_ids.40": "c33ea9e0-ed31-43ce-8bba-e5e8da4edd83",
                            "ssh_key_ids.41": "f63582f2-9d53-487f-a9af-d739e36b07af",
                            "ssh_key_ids.42": "3199b332-bec2-45ef-9e25-ba9057972da7",
                            "ssh_key_ids.43": "59e22e40-bf99-4d3a-ae05-3eb4d599cabc",
                            "ssh_key_ids.44": "82f1421a-5a62-442c-adbf-6f4534ff96fe",
                            "ssh_key_ids.45": "6e703847-5229-4bfd-9229-db6df7397e11",
                            "ssh_key_ids.46": "a102ddd7-bee2-4d61-9262-5978a4b91c04",
                            "ssh_key_ids.47": "1dae5119-8c6d-450c-be49-ef323d4ef630",
                            "ssh_key_ids.48": "c79bd893-afa8-4fde-9315-1ac6571a0d64",
                            "ssh_key_ids.49": "659466b5-43b7-47fe-bd6c-b443d3b5df20",
                            "ssh_key_ids.5": "fedb7753-6dba-4aa4-8371-999c6bab70de",
                            "ssh_key_ids.50": "8059f489-7714-4af7-84fc-76869c009378",
                            "ssh_key_ids.51": "9cf77467-cdb7-4dcc-ab9f-4d431712ef3f",
                            "ssh_key_ids.52": "d88db379-9fa2-454f-97a4-8e7718bbb658",
                            "ssh_key_ids.53": "7bf767f0-472a-4977-921e-cf55ded84f1c",
                            "ssh_key_ids.54": "13c0308d-5846-46c5-bf46-2fdae2e9c8d7",
                            "ssh_key_ids.55": "f0e74fce-1a0c-4643-8990-f6843728f24f",
                            "ssh_key_ids.56": "ccb63b0c-f9e1-4764-a37e-e4408cccbfac",
                            "ssh_key_ids.57": "116c4f54-560a-4d95-bddc-29632af8a732",
                            "ssh_key_ids.58": "04d2d40f-d0ae-4862-9537-62a9e43a22cd",
                            "ssh_key_ids.59": "036d46c3-8727-4a00-b59b-7f80443a2afc",
                            "ssh_key_ids.6": "7c41c050-74ad-4aa7-b63b-8c75d9db4051",
                            "ssh_key_ids.60": "80b28858-2421-41bb-bbea-c4ad4a5db2c9",
                            "ssh_key_ids.61": "3a4e67f8-b12d-43d4-a35d-e5d33a9ccd98",
                            "ssh_key_ids.62": "32a48504-ef65-452f-ae33-d161205c1b11",
                            "ssh_key_ids.63": "85e0e5cf-7e19-42f8-9dc2-da41de539495",
                            "ssh_key_ids.64": "d02bec99-0344-4cf3-bd06-8bad8969b9fe",
                            "ssh_key_ids.65": "f8e3e26a-214b-457a-a7de-0aa31723f04e",
                            "ssh_key_ids.66": "bc84ed0c-228d-4eb5-97b4-4cd7b6e6a0f9",
                            "ssh_key_ids.67": "0873502f-0980-4e42-a0de-5328eb21b1fe",
                            "ssh_key_ids.68": "1e4e0e97-aace-4cd9-b258-c8408d502284",
                            "ssh_key_ids.69": "0fb6897c-2f7f-4d0f-9de1-bd279408a7cb",
                            "ssh_key_ids.7": "3bde399d-1ee1-49ca-acad-8df41956df20",
                            "ssh_key_ids.70": "fed60fdf-7e1d-4ffd-af9f-4ac91c2fd430",
                            "ssh_key_ids.71": "f6267de9-b50a-4bd8-aac5-51612a403741",
                            "ssh_key_ids.72": "8c7583d3-2b01-4df4-a946-939962d827f9",
                            "ssh_key_ids.73": "311e499c-5421-42b0-91a7-cdcc1059dfef",
                            "ssh_key_ids.74": "bdc5900f-e26d-46fe-8da6-59f9413b4c21",
                            "ssh_key_ids.75": "5e0ab35b-4a75-45c1-b679-bc9cb5c9abf8",
                            "ssh_key_ids.76": "7d4eca06-2710-49c7-b4bd-efececa7cd54",
                            "ssh_key_ids.77": "aea43942-9250-4cde-81d1-69e468df8ce6",
                            "ssh_key_ids.78": "895e0d1a-adae-439f-a1a8-a15aa6658c97",
                            "ssh_key_ids.79": "6389afd1-e142-402d-8a1e-90383fbd3cb0",
                            "ssh_key_ids.8": "1df0179f-a9af-4c8e-b9bf-5991f6e1b7f0",
                            "ssh_key_ids.80": "9058e9af-1b6a-4c7a-bce1-14dc06529d33",
                            "ssh_key_ids.81": "e58fd2a9-18d8-4cd9-a1a2-f2610ed83a73",
                            "ssh_key_ids.82": "af0fdb13-ba2c-4e19-bcfb-57b1d59ead38",
                            "ssh_key_ids.83": "f7e8e7ed-d248-4e81-9f0a-15ef569fb264",
                            "ssh_key_ids.84": "8ec2af9d-2255-4cc8-a5ae-8dd62262241c",
                            "ssh_key_ids.85": "2111f3a2-9fe6-4992-aa14-1e01bb0501ce",
                            "ssh_key_ids.86": "f81c84bc-7f7f-4c1c-bc6b-4aa9ce236151",
                            "ssh_key_ids.87": "a722049c-a416-4fb0-a661-290a0d9cf57b",
                            "ssh_key_ids.88": "36c08ba3-3dc2-45bf-aad5-3f9d6c2f8173",
                            "ssh_key_ids.89": "1776caa4-e965-4891-af1a-427ce73a88e9",
                            "ssh_key_ids.9": "d0cce71a-c3ea-4b60-9866-d8f12d749d13",
                            "ssh_key_ids.90": "fac2cbbc-70ef-4386-a0e6-df3aa1fe9609",
                            "ssh_key_ids.91": "d6a50bd7-69c4-4c2b-99be-9adbefc6e3dc",
                            "ssh_key_ids.92": "6219b353-d4ec-4ba5-9a40-19304b4fe1af",
                            "ssh_key_ids.93": "14c24939-9fd3-4d21-9f11-2557c49a3a9f",
                            "ssh_key_ids.94": "f1b4cad0-7e3f-4574-bc52-6567dd2fd125",
                            "ssh_key_ids.95": "0394ad7e-6265-4478-ae1a-3b5d59a217d5",
                            "ssh_key_ids.96": "c0fea396-b8f9-43d0-a453-9bbc868a1d81",
                            "ssh_key_ids.97": "38ee2b4b-653d-494e-b008-abd82461f7f6",
                            "ssh_key_ids.98": "c523b161-3e3b-492c-90f4-253a86aed91f",
                            "ssh_key_ids.99": "892bf2fb-c6b9-459d-bdd0-36d69701a3e6",
                            "state": "active",
                            "storage": "",
                            "tags.#": "0",
                            "updated": "2019-04-30T11:10:46Z"
                        },
                        "meta": {},
                        "tainted": false
                    },
                    "deposed": [],
                    "provider": "provider.packet"
                },
                "packet_device.lab_alt.5": {
                    "type": "packet_device",
                    "depends_on": [
                        "packet_device.registry_alt",
                        "packet_ssh_key.default",
                        "tls_private_key.default"
                    ],
                    "primary": {
                        "id": "328d0749-0d58-4171-a1b3-52dc2344bda8",
                        "attributes": {
                            "access_private_ipv4": "10.64.62.27",
                            "access_public_ipv4": "147.75.95.7",
                            "access_public_ipv6": "2604:1380:3000:6c00::27",
                            "always_pxe": "false",
                            "billing_cycle": "hourly",
                            "created": "2019-04-30T09:51:50Z",
                            "facilities.#": "1",
                            "facilities.0": "nrt1",
                            "facility": "nrt1",
                            "hostname": "kayobe-lab-alt-05",
                            "id": "328d0749-0d58-4171-a1b3-52dc2344bda8",
                            "ipxe_script_url": "",
                            "locked": "false",
                            "network.#": "3",
                            "network.0.address": "147.75.95.7",
                            "network.0.cidr": "31",
                            "network.0.family": "4",
                            "network.0.gateway": "147.75.95.6",
                            "network.0.public": "true",
                            "network.1.address": "2604:1380:3000:6c00::27",
                            "network.1.cidr": "127",
                            "network.1.family": "6",
                            "network.1.gateway": "2604:1380:3000:6c00::26",
                            "network.1.public": "true",
                            "network.2.address": "10.64.62.27",
                            "network.2.cidr": "31",
                            "network.2.family": "4",
                            "network.2.gateway": "10.64.62.26",
                            "network.2.public": "false",
                            "network_type": "layer3",
                            "operating_system": "centos_7",
                            "plan": "c1.small.x86",
                            "ports.#": "3",
                            "ports.0.bonded": "true",
                            "ports.0.id": "9a24da94-d451-4d5f-8908-9d90921fa539",
                            "ports.0.mac": "",
                            "ports.0.name": "bond0",
                            "ports.0.type": "NetworkBondPort",
                            "ports.1.bonded": "true",
                            "ports.1.id": "702d2a24-3d4f-4cbb-b657-46db6fec36c6",
                            "ports.1.mac": "0c:c4:7a:84:1b:20",
                            "ports.1.name": "eth0",
                            "ports.1.type": "NetworkPort",
                            "ports.2.bonded": "true",
                            "ports.2.id": "79ee3605-018e-4729-8742-7ddbd9b91190",
                            "ports.2.mac": "0c:c4:7a:84:1b:21",
                            "ports.2.name": "eth1",
                            "ports.2.type": "NetworkPort",
                            "project_id": "719d7d4b-08f8-4e9b-ad0d-34707f85160d",
                            "public_ipv4_subnet_size": "31",
                            "root_password": "3p{$10rQXk",
                            "ssh_key_ids.#": "164",
                            "ssh_key_ids.0": "bd192f85-fbeb-4fd3-bca0-7ceb96f91700",
                            "ssh_key_ids.1": "da199044-80dd-48dd-8d1f-ef76ccb13ab5",
                            "ssh_key_ids.10": "214e1ebd-afd3-43f9-bcb6-bf6b9693f830",
                            "ssh_key_ids.100": "af0fdb13-ba2c-4e19-bcfb-57b1d59ead38",
                            "ssh_key_ids.101": "c13861b0-d10e-4a0e-a84b-4d0463d54f1a",
                            "ssh_key_ids.102": "e00adc33-e5eb-4b67-b5f9-4bfa68bd2e53",
                            "ssh_key_ids.103": "2765be00-4a38-436c-8eb7-74cb7dba92d3",
                            "ssh_key_ids.104": "e58fd2a9-18d8-4cd9-a1a2-f2610ed83a73",
                            "ssh_key_ids.105": "9058e9af-1b6a-4c7a-bce1-14dc06529d33",
                            "ssh_key_ids.106": "6389afd1-e142-402d-8a1e-90383fbd3cb0",
                            "ssh_key_ids.107": "752d99f5-5dcd-437f-99c9-8325bbabcc59",
                            "ssh_key_ids.108": "611e233e-835c-4e37-abdd-918842cbe83f",
                            "ssh_key_ids.109": "ec9105b6-bdd2-4bcc-a6ca-00055f55f504",
                            "ssh_key_ids.11": "33fea3c3-2fb4-424a-834c-190bd53b8f0b",
                            "ssh_key_ids.110": "01097db2-b817-4a41-b016-012c83dad8e4",
                            "ssh_key_ids.111": "dc275958-fb33-4a63-a21b-e33d3dfd3a14",
                            "ssh_key_ids.112": "e82a688a-f07a-480e-a408-199baca463c9",
                            "ssh_key_ids.113": "a7c4c16b-8163-4d61-8485-5f05eb11f013",
                            "ssh_key_ids.114": "d7a07953-9e75-465e-9495-775f03018db0",
                            "ssh_key_ids.115": "290afd05-1d05-4fd4-a7ac-27be4b92458f",
                            "ssh_key_ids.116": "8499c022-65c8-40dd-ab33-d331388ac5d9",
                            "ssh_key_ids.117": "8ad4e695-a082-43c5-ac1b-456964b321c6",
                            "ssh_key_ids.118": "59b26c30-c0ca-4ac5-ba7f-143efd14f792",
                            "ssh_key_ids.119": "ccf9952b-afcb-4df1-b002-0c60717e2592",
                            "ssh_key_ids.12": "fed60fdf-7e1d-4ffd-af9f-4ac91c2fd430",
                            "ssh_key_ids.120": "d059cfe2-3215-4686-aeaa-051a5a423d2a",
                            "ssh_key_ids.121": "82bd80ac-b1df-4801-88b7-8b835b78570c",
                            "ssh_key_ids.122": "c0fea396-b8f9-43d0-a453-9bbc868a1d81",
                            "ssh_key_ids.123": "954bd64c-a66b-45fb-900e-04f0b8b18cdf",
                            "ssh_key_ids.124": "82f1421a-5a62-442c-adbf-6f4534ff96fe",
                            "ssh_key_ids.125": "59e22e40-bf99-4d3a-ae05-3eb4d599cabc",
                            "ssh_key_ids.126": "ec684e16-0a82-4508-af90-88d5c598bd04",
                            "ssh_key_ids.127": "1a5374e7-ae0b-44e8-8290-a7f9e34c6374",
                            "ssh_key_ids.128": "22050c70-4363-4734-8c11-57855494147c",
                            "ssh_key_ids.129": "9ee4a2b0-3668-411b-af84-07f61d71afa8",
                            "ssh_key_ids.13": "7c7abd45-994d-4754-8220-2c5a404933e8",
                            "ssh_key_ids.130": "f718cdab-a523-45c3-9b01-80dc045be122",
                            "ssh_key_ids.131": "f78dd9de-77e6-4386-9014-14258f6ed18c",
                            "ssh_key_ids.132": "aea43942-9250-4cde-81d1-69e468df8ce6",
                            "ssh_key_ids.133": "68931241-5344-4a8b-884f-4f3a4fc5e231",
                            "ssh_key_ids.134": "7d4eca06-2710-49c7-b4bd-efececa7cd54",
                            "ssh_key_ids.135": "37ffbecc-3536-42d3-8f8b-5235dd97d526",
                            "ssh_key_ids.136": "85e0e5cf-7e19-42f8-9dc2-da41de539495",
                            "ssh_key_ids.137": "32a48504-ef65-452f-ae33-d161205c1b11",
                            "ssh_key_ids.138": "3a4e67f8-b12d-43d4-a35d-e5d33a9ccd98",
                            "ssh_key_ids.139": "80b28858-2421-41bb-bbea-c4ad4a5db2c9",
                            "ssh_key_ids.14": "8ec2af9d-2255-4cc8-a5ae-8dd62262241c",
                            "ssh_key_ids.140": "036d46c3-8727-4a00-b59b-7f80443a2afc",
                            "ssh_key_ids.141": "04d2d40f-d0ae-4862-9537-62a9e43a22cd",
                            "ssh_key_ids.142": "c33ea9e0-ed31-43ce-8bba-e5e8da4edd83",
                            "ssh_key_ids.143": "8c7583d3-2b01-4df4-a946-939962d827f9",
                            "ssh_key_ids.144": "89ef47c1-1576-4b8c-a339-2014155f0802",
                            "ssh_key_ids.145": "9cf77467-cdb7-4dcc-ab9f-4d431712ef3f",
                            "ssh_key_ids.146": "3b57956f-a711-40db-9a6f-32487503bea1",
                            "ssh_key_ids.147": "e5fd812a-667c-498f-883c-2bd1afddbff3",
                            "ssh_key_ids.148": "be99da3d-601c-4466-8dcb-ff1f8a6a19d8",
                            "ssh_key_ids.149": "b87eb180-f18b-44a6-bbd5-a49f111d7864",
                            "ssh_key_ids.15": "6e8257dd-b7b9-4f30-b9d1-e7131a4d2121",
                            "ssh_key_ids.150": "4382d197-ecbb-43d9-a7d6-453c100279b8",
                            "ssh_key_ids.151": "6b50e07d-df2c-44b8-8a9e-65bfab6880a1",
                            "ssh_key_ids.152": "eac5e2ca-acf1-46a6-ae4d-aa12f71af765",
                            "ssh_key_ids.153": "b38f0448-bb97-4309-82f2-d1a5f5df0809",
                            "ssh_key_ids.154": "942f8d63-c3ec-4f32-b93a-38b5e0bafd90",
                            "ssh_key_ids.155": "0a929e59-0bcf-4de1-91d1-01a8cdbc9ef6",
                            "ssh_key_ids.156": "bc4f1745-a5de-45e4-ae82-d7c4988ee1a2",
                            "ssh_key_ids.157": "985ea314-f590-4237-99f5-682a344617d9",
                            "ssh_key_ids.158": "98b939fb-362b-41c8-831a-1f0a2afa400e",
                            "ssh_key_ids.159": "21fecacf-999e-4595-a247-af36a4feb0c1",
                            "ssh_key_ids.16": "ccb63b0c-f9e1-4764-a37e-e4408cccbfac",
                            "ssh_key_ids.160": "0c909e8f-7714-43f6-a8a9-fc003c5231a3",
                            "ssh_key_ids.161": "ccb07866-766e-45e2-ae82-a1f1c8cb39c8",
                            "ssh_key_ids.162": "d45fb3b7-af95-4c48-8ad6-e3f3242a5e4a",
                            "ssh_key_ids.163": "25faa130-9a09-4cca-a109-409c7ac309ab",
                            "ssh_key_ids.17": "5d3e1674-605d-4e29-aa1a-6f97c6273217",
                            "ssh_key_ids.18": "c57fb351-65ce-4427-a1c2-17868b0d1711",
                            "ssh_key_ids.19": "5e0ab35b-4a75-45c1-b679-bc9cb5c9abf8",
                            "ssh_key_ids.2": "6e703847-5229-4bfd-9229-db6df7397e11",
                            "ssh_key_ids.20": "65c4bc38-3112-4503-b875-5f583aca6424",
                            "ssh_key_ids.21": "912637d1-7b56-481b-bbe4-ccf466e3e161",
                            "ssh_key_ids.22": "f0e74fce-1a0c-4643-8990-f6843728f24f",
                            "ssh_key_ids.23": "34934bed-6b13-4abc-aeb6-1a5a9e994745",
                            "ssh_key_ids.24": "b428db77-8a11-40b6-a6f9-bd6321ea796b",
                            "ssh_key_ids.25": "3199b332-bec2-45ef-9e25-ba9057972da7",
                            "ssh_key_ids.26": "303a0e97-7dd1-4444-9def-d7ebf932a892",
                            "ssh_key_ids.27": "bdc5900f-e26d-46fe-8da6-59f9413b4c21",
                            "ssh_key_ids.28": "311e499c-5421-42b0-91a7-cdcc1059dfef",
                            "ssh_key_ids.29": "7c7abede-0f89-4bae-91f3-c4c856140db8",
                            "ssh_key_ids.3": "32c2e969-fe1c-4235-a999-2b8abc061991",
                            "ssh_key_ids.30": "948d85da-a1a4-45d9-b6bd-e2794c03232d",
                            "ssh_key_ids.31": "7bf767f0-472a-4977-921e-cf55ded84f1c",
                            "ssh_key_ids.32": "7fb2d14c-11b6-4c52-a9d0-2a4a6113dbab",
                            "ssh_key_ids.33": "27635c6f-e3bd-4403-ae6c-94757f36b601",
                            "ssh_key_ids.34": "bc84ed0c-228d-4eb5-97b4-4cd7b6e6a0f9",
                            "ssh_key_ids.35": "f8e3e26a-214b-457a-a7de-0aa31723f04e",
                            "ssh_key_ids.36": "d0cce71a-c3ea-4b60-9866-d8f12d749d13",
                            "ssh_key_ids.37": "1df0179f-a9af-4c8e-b9bf-5991f6e1b7f0",
                            "ssh_key_ids.38": "f6267de9-b50a-4bd8-aac5-51612a403741",
                            "ssh_key_ids.39": "1689628e-00a8-40e4-a578-9d484d66cc3f",
                            "ssh_key_ids.4": "659466b5-43b7-47fe-bd6c-b443d3b5df20",
                            "ssh_key_ids.40": "d6a50bd7-69c4-4c2b-99be-9adbefc6e3dc",
                            "ssh_key_ids.41": "950d1f09-7d94-4838-ac25-e2b63fc256f5",
                            "ssh_key_ids.42": "d02bec99-0344-4cf3-bd06-8bad8969b9fe",
                            "ssh_key_ids.43": "e75e4f46-8e6b-4f66-8612-1879bbb96623",
                            "ssh_key_ids.44": "38ee2b4b-653d-494e-b008-abd82461f7f6",
                            "ssh_key_ids.45": "f63582f2-9d53-487f-a9af-d739e36b07af",
                            "ssh_key_ids.46": "f86d606c-d11c-4b10-b0d2-326e3b791cdf",
                            "ssh_key_ids.47": "7afc2a1e-7303-47e0-b75a-ed2587d3f340",
                            "ssh_key_ids.48": "0a7d499d-8d80-45ad-9069-8fbaa6e28ea1",
                            "ssh_key_ids.49": "bb427d7d-ca92-4a98-af84-64d3b43e6325",
                            "ssh_key_ids.5": "8059f489-7714-4af7-84fc-76869c009378",
                            "ssh_key_ids.50": "c523b161-3e3b-492c-90f4-253a86aed91f",
                            "ssh_key_ids.51": "0c1be6d5-8b38-4920-94f2-6ddaaa25bb9d",
                            "ssh_key_ids.52": "a2579e04-6f2e-4488-8e58-c48a0aa7f70b",
                            "ssh_key_ids.53": "f1b4cad0-7e3f-4574-bc52-6567dd2fd125",
                            "ssh_key_ids.54": "494f995f-069a-4407-bf31-d1e67142f9fd",
                            "ssh_key_ids.55": "3bde399d-1ee1-49ca-acad-8df41956df20",
                            "ssh_key_ids.56": "0fb6897c-2f7f-4d0f-9de1-bd279408a7cb",
                            "ssh_key_ids.57": "1e4e0e97-aace-4cd9-b258-c8408d502284",
                            "ssh_key_ids.58": "7c41c050-74ad-4aa7-b63b-8c75d9db4051",
                            "ssh_key_ids.59": "892bf2fb-c6b9-459d-bdd0-36d69701a3e6",
                            "ssh_key_ids.6": "f98a99f8-ff13-4391-b5fc-74983219a225",
                            "ssh_key_ids.60": "13c0308d-5846-46c5-bf46-2fdae2e9c8d7",
                            "ssh_key_ids.61": "a102ddd7-bee2-4d61-9262-5978a4b91c04",
                            "ssh_key_ids.62": "842a0495-4b06-4f53-a948-f381d57cb180",
                            "ssh_key_ids.63": "491b68d1-1663-490d-a2e0-248b496631f4",
                            "ssh_key_ids.64": "bb056de1-9025-47e5-89a1-2897643e1f6c",
                            "ssh_key_ids.65": "b68dcaed-078c-41e2-a647-5aa1acb12154",
                            "ssh_key_ids.66": "fedb7753-6dba-4aa4-8371-999c6bab70de",
                            "ssh_key_ids.67": "a8855483-e011-4d68-86a5-2f530738dd17",
                            "ssh_key_ids.68": "6219b353-d4ec-4ba5-9a40-19304b4fe1af",
                            "ssh_key_ids.69": "4e49c810-8e76-4ec7-b1c2-1d9e7f829441",
                            "ssh_key_ids.7": "0b392f37-4243-4e43-a56c-18208a30acf3",
                            "ssh_key_ids.70": "d88db379-9fa2-454f-97a4-8e7718bbb658",
                            "ssh_key_ids.71": "984f885d-a618-4416-a934-f1f00d93f989",
                            "ssh_key_ids.72": "a722049c-a416-4fb0-a661-290a0d9cf57b",
                            "ssh_key_ids.73": "1776caa4-e965-4891-af1a-427ce73a88e9",
                            "ssh_key_ids.74": "0873502f-0980-4e42-a0de-5328eb21b1fe",
                            "ssh_key_ids.75": "d0a93463-eb19-4ed4-82a9-3c354374443e",
                            "ssh_key_ids.76": "b505936c-fca3-4767-9cbe-a5401f97dd95",
                            "ssh_key_ids.77": "cc001113-bc02-4d7f-af55-366db9132936",
                            "ssh_key_ids.78": "88436004-0436-4df7-8240-bfd128e8d605",
                            "ssh_key_ids.79": "f81c84bc-7f7f-4c1c-bc6b-4aa9ce236151",
                            "ssh_key_ids.8": "0394ad7e-6265-4478-ae1a-3b5d59a217d5",
                            "ssh_key_ids.80": "895e0d1a-adae-439f-a1a8-a15aa6658c97",
                            "ssh_key_ids.81": "116c4f54-560a-4d95-bddc-29632af8a732",
                            "ssh_key_ids.82": "ee065568-03bb-456e-a1f5-1669939d43cb",
                            "ssh_key_ids.83": "1dae5119-8c6d-450c-be49-ef323d4ef630",
                            "ssh_key_ids.84": "c79bd893-afa8-4fde-9315-1ac6571a0d64",
                            "ssh_key_ids.85": "2111f3a2-9fe6-4992-aa14-1e01bb0501ce",
                            "ssh_key_ids.86": "09223179-7d28-40a4-b18e-b7ed3e350c6a",
                            "ssh_key_ids.87": "36c08ba3-3dc2-45bf-aad5-3f9d6c2f8173",
                            "ssh_key_ids.88": "fac2cbbc-70ef-4386-a0e6-df3aa1fe9609",
                            "ssh_key_ids.89": "14c24939-9fd3-4d21-9f11-2557c49a3a9f",
                            "ssh_key_ids.9": "0fddd1d0-4fa1-4abb-9bb9-b8381169a715",
                            "ssh_key_ids.90": "36b25fc3-3971-4f8f-a6f2-fcf9113e4da8",
                            "ssh_key_ids.91": "f67f7c4b-0050-4c18-be29-03a072b204ba",
                            "ssh_key_ids.92": "f7e8e7ed-d248-4e81-9f0a-15ef569fb264",
                            "ssh_key_ids.93": "0e3abb85-56d4-4604-a40a-9f3c6548b30b",
                            "ssh_key_ids.94": "0f73341f-b03d-4323-8d59-af7243dbb475",
                            "ssh_key_ids.95": "84eaa0c1-fd1c-4de8-a60c-e91feb89f14b",
                            "ssh_key_ids.96": "9a377e1e-c8ce-40c0-bf81-014cab0fcb7c",
                            "ssh_key_ids.97": "ee429bfb-8fb3-479b-9c6c-e5579a8bf59d",
                            "ssh_key_ids.98": "93b62667-9821-43c9-9b47-09c72bfc16fe",
                            "ssh_key_ids.99": "305be502-51dd-41a5-b2b1-b58878e9da15",
                            "state": "active",
                            "storage": "",
                            "tags.#": "0",
                            "updated": "2019-04-30T09:54:14Z"
                        },
                        "meta": {},
                        "tainted": false
                    },
                    "deposed": [],
                    "provider": "provider.packet"
                },
                "packet_device.lab_alt.6": {
                    "type": "packet_device",
                    "depends_on": [
                        "packet_device.registry_alt",
                        "packet_ssh_key.default",
                        "tls_private_key.default"
                    ],
                    "primary": {
                        "id": "731edb9a-3f0b-469a-a12c-79f642cbd295",
                        "attributes": {
                            "access_private_ipv4": "10.64.62.17",
                            "access_public_ipv4": "147.75.94.175",
                            "access_public_ipv6": "2604:1380:3000:6c00::19",
                            "always_pxe": "false",
                            "billing_cycle": "hourly",
                            "created": "2019-04-30T09:51:39Z",
                            "facilities.#": "1",
                            "facilities.0": "nrt1",
                            "facility": "nrt1",
                            "hostname": "kayobe-lab-alt-06",
                            "id": "731edb9a-3f0b-469a-a12c-79f642cbd295",
                            "ipxe_script_url": "",
                            "locked": "false",
                            "network.#": "3",
                            "network.0.address": "147.75.94.175",
                            "network.0.cidr": "31",
                            "network.0.family": "4",
                            "network.0.gateway": "147.75.94.174",
                            "network.0.public": "true",
                            "network.1.address": "2604:1380:3000:6c00::19",
                            "network.1.cidr": "127",
                            "network.1.family": "6",
                            "network.1.gateway": "2604:1380:3000:6c00::18",
                            "network.1.public": "true",
                            "network.2.address": "10.64.62.17",
                            "network.2.cidr": "31",
                            "network.2.family": "4",
                            "network.2.gateway": "10.64.62.16",
                            "network.2.public": "false",
                            "network_type": "layer3",
                            "operating_system": "centos_7",
                            "plan": "c1.small.x86",
                            "ports.#": "3",
                            "ports.0.bonded": "true",
                            "ports.0.id": "9758f67e-25fb-4d07-a6bf-93cdc61526d6",
                            "ports.0.mac": "",
                            "ports.0.name": "bond0",
                            "ports.0.type": "NetworkBondPort",
                            "ports.1.bonded": "true",
                            "ports.1.id": "9c0975d0-c195-49a0-9930-03e40102a0a8",
                            "ports.1.mac": "ac:1f:6b:96:79:c6",
                            "ports.1.name": "eth0",
                            "ports.1.type": "NetworkPort",
                            "ports.2.bonded": "true",
                            "ports.2.id": "ea9a163c-dfc5-47f9-8ebc-5f46c878012d",
                            "ports.2.mac": "ac:1f:6b:96:79:c7",
                            "ports.2.name": "eth1",
                            "ports.2.type": "NetworkPort",
                            "project_id": "719d7d4b-08f8-4e9b-ad0d-34707f85160d",
                            "public_ipv4_subnet_size": "31",
                            "root_password": "=L4tvE08vT",
                            "ssh_key_ids.#": "164",
                            "ssh_key_ids.0": "bd192f85-fbeb-4fd3-bca0-7ceb96f91700",
                            "ssh_key_ids.1": "da199044-80dd-48dd-8d1f-ef76ccb13ab5",
                            "ssh_key_ids.10": "68931241-5344-4a8b-884f-4f3a4fc5e231",
                            "ssh_key_ids.100": "ee065568-03bb-456e-a1f5-1669939d43cb",
                            "ssh_key_ids.101": "1dae5119-8c6d-450c-be49-ef323d4ef630",
                            "ssh_key_ids.102": "c79bd893-afa8-4fde-9315-1ac6571a0d64",
                            "ssh_key_ids.103": "116c4f54-560a-4d95-bddc-29632af8a732",
                            "ssh_key_ids.104": "36c08ba3-3dc2-45bf-aad5-3f9d6c2f8173",
                            "ssh_key_ids.105": "fac2cbbc-70ef-4386-a0e6-df3aa1fe9609",
                            "ssh_key_ids.106": "2111f3a2-9fe6-4992-aa14-1e01bb0501ce",
                            "ssh_key_ids.107": "7afc2a1e-7303-47e0-b75a-ed2587d3f340",
                            "ssh_key_ids.108": "14c24939-9fd3-4d21-9f11-2557c49a3a9f",
                            "ssh_key_ids.109": "36b25fc3-3971-4f8f-a6f2-fcf9113e4da8",
                            "ssh_key_ids.11": "7d4eca06-2710-49c7-b4bd-efececa7cd54",
                            "ssh_key_ids.110": "f67f7c4b-0050-4c18-be29-03a072b204ba",
                            "ssh_key_ids.111": "ee429bfb-8fb3-479b-9c6c-e5579a8bf59d",
                            "ssh_key_ids.112": "93b62667-9821-43c9-9b47-09c72bfc16fe",
                            "ssh_key_ids.113": "37ffbecc-3536-42d3-8f8b-5235dd97d526",
                            "ssh_key_ids.114": "8ec2af9d-2255-4cc8-a5ae-8dd62262241c",
                            "ssh_key_ids.115": "f718cdab-a523-45c3-9b01-80dc045be122",
                            "ssh_key_ids.116": "09223179-7d28-40a4-b18e-b7ed3e350c6a",
                            "ssh_key_ids.117": "f7e8e7ed-d248-4e81-9f0a-15ef569fb264",
                            "ssh_key_ids.118": "0e3abb85-56d4-4604-a40a-9f3c6548b30b",
                            "ssh_key_ids.119": "0f73341f-b03d-4323-8d59-af7243dbb475",
                            "ssh_key_ids.12": "0fddd1d0-4fa1-4abb-9bb9-b8381169a715",
                            "ssh_key_ids.120": "84eaa0c1-fd1c-4de8-a60c-e91feb89f14b",
                            "ssh_key_ids.121": "9a377e1e-c8ce-40c0-bf81-014cab0fcb7c",
                            "ssh_key_ids.122": "2765be00-4a38-436c-8eb7-74cb7dba92d3",
                            "ssh_key_ids.123": "e58fd2a9-18d8-4cd9-a1a2-f2610ed83a73",
                            "ssh_key_ids.124": "305be502-51dd-41a5-b2b1-b58878e9da15",
                            "ssh_key_ids.125": "af0fdb13-ba2c-4e19-bcfb-57b1d59ead38",
                            "ssh_key_ids.126": "9058e9af-1b6a-4c7a-bce1-14dc06529d33",
                            "ssh_key_ids.127": "6389afd1-e142-402d-8a1e-90383fbd3cb0",
                            "ssh_key_ids.128": "752d99f5-5dcd-437f-99c9-8325bbabcc59",
                            "ssh_key_ids.129": "611e233e-835c-4e37-abdd-918842cbe83f",
                            "ssh_key_ids.13": "bdc5900f-e26d-46fe-8da6-59f9413b4c21",
                            "ssh_key_ids.130": "ec9105b6-bdd2-4bcc-a6ca-00055f55f504",
                            "ssh_key_ids.131": "01097db2-b817-4a41-b016-012c83dad8e4",
                            "ssh_key_ids.132": "dc275958-fb33-4a63-a21b-e33d3dfd3a14",
                            "ssh_key_ids.133": "e82a688a-f07a-480e-a408-199baca463c9",
                            "ssh_key_ids.134": "88436004-0436-4df7-8240-bfd128e8d605",
                            "ssh_key_ids.135": "82bd80ac-b1df-4801-88b7-8b835b78570c",
                            "ssh_key_ids.136": "a7c4c16b-8163-4d61-8485-5f05eb11f013",
                            "ssh_key_ids.137": "d7a07953-9e75-465e-9495-775f03018db0",
                            "ssh_key_ids.138": "290afd05-1d05-4fd4-a7ac-27be4b92458f",
                            "ssh_key_ids.139": "8499c022-65c8-40dd-ab33-d331388ac5d9",
                            "ssh_key_ids.14": "7c7abede-0f89-4bae-91f3-c4c856140db8",
                            "ssh_key_ids.140": "8ad4e695-a082-43c5-ac1b-456964b321c6",
                            "ssh_key_ids.141": "59b26c30-c0ca-4ac5-ba7f-143efd14f792",
                            "ssh_key_ids.142": "ccf9952b-afcb-4df1-b002-0c60717e2592",
                            "ssh_key_ids.143": "d059cfe2-3215-4686-aeaa-051a5a423d2a",
                            "ssh_key_ids.144": "9cf77467-cdb7-4dcc-ab9f-4d431712ef3f",
                            "ssh_key_ids.145": "b428db77-8a11-40b6-a6f9-bd6321ea796b",
                            "ssh_key_ids.146": "3b57956f-a711-40db-9a6f-32487503bea1",
                            "ssh_key_ids.147": "e5fd812a-667c-498f-883c-2bd1afddbff3",
                            "ssh_key_ids.148": "be99da3d-601c-4466-8dcb-ff1f8a6a19d8",
                            "ssh_key_ids.149": "b87eb180-f18b-44a6-bbd5-a49f111d7864",
                            "ssh_key_ids.15": "214e1ebd-afd3-43f9-bcb6-bf6b9693f830",
                            "ssh_key_ids.150": "0a929e59-0bcf-4de1-91d1-01a8cdbc9ef6",
                            "ssh_key_ids.151": "4382d197-ecbb-43d9-a7d6-453c100279b8",
                            "ssh_key_ids.152": "6b50e07d-df2c-44b8-8a9e-65bfab6880a1",
                            "ssh_key_ids.153": "eac5e2ca-acf1-46a6-ae4d-aa12f71af765",
                            "ssh_key_ids.154": "b38f0448-bb97-4309-82f2-d1a5f5df0809",
                            "ssh_key_ids.155": "942f8d63-c3ec-4f32-b93a-38b5e0bafd90",
                            "ssh_key_ids.156": "bc4f1745-a5de-45e4-ae82-d7c4988ee1a2",
                            "ssh_key_ids.157": "985ea314-f590-4237-99f5-682a344617d9",
                            "ssh_key_ids.158": "98b939fb-362b-41c8-831a-1f0a2afa400e",
                            "ssh_key_ids.159": "21fecacf-999e-4595-a247-af36a4feb0c1",
                            "ssh_key_ids.16": "8c7583d3-2b01-4df4-a946-939962d827f9",
                            "ssh_key_ids.160": "0c909e8f-7714-43f6-a8a9-fc003c5231a3",
                            "ssh_key_ids.161": "ccb07866-766e-45e2-ae82-a1f1c8cb39c8",
                            "ssh_key_ids.162": "d45fb3b7-af95-4c48-8ad6-e3f3242a5e4a",
                            "ssh_key_ids.163": "25faa130-9a09-4cca-a109-409c7ac309ab",
                            "ssh_key_ids.17": "f6267de9-b50a-4bd8-aac5-51612a403741",
                            "ssh_key_ids.18": "33fea3c3-2fb4-424a-834c-190bd53b8f0b",
                            "ssh_key_ids.19": "fed60fdf-7e1d-4ffd-af9f-4ac91c2fd430",
                            "ssh_key_ids.2": "6e703847-5229-4bfd-9229-db6df7397e11",
                            "ssh_key_ids.20": "7c7abd45-994d-4754-8220-2c5a404933e8",
                            "ssh_key_ids.21": "89ef47c1-1576-4b8c-a339-2014155f0802",
                            "ssh_key_ids.22": "1689628e-00a8-40e4-a578-9d484d66cc3f",
                            "ssh_key_ids.23": "f86d606c-d11c-4b10-b0d2-326e3b791cdf",
                            "ssh_key_ids.24": "494f995f-069a-4407-bf31-d1e67142f9fd",
                            "ssh_key_ids.25": "3bde399d-1ee1-49ca-acad-8df41956df20",
                            "ssh_key_ids.26": "1e4e0e97-aace-4cd9-b258-c8408d502284",
                            "ssh_key_ids.27": "7c41c050-74ad-4aa7-b63b-8c75d9db4051",
                            "ssh_key_ids.28": "fedb7753-6dba-4aa4-8371-999c6bab70de",
                            "ssh_key_ids.29": "a8855483-e011-4d68-86a5-2f530738dd17",
                            "ssh_key_ids.3": "32c2e969-fe1c-4235-a999-2b8abc061991",
                            "ssh_key_ids.30": "954bd64c-a66b-45fb-900e-04f0b8b18cdf",
                            "ssh_key_ids.31": "6219b353-d4ec-4ba5-9a40-19304b4fe1af",
                            "ssh_key_ids.32": "c0fea396-b8f9-43d0-a453-9bbc868a1d81",
                            "ssh_key_ids.33": "82f1421a-5a62-442c-adbf-6f4534ff96fe",
                            "ssh_key_ids.34": "59e22e40-bf99-4d3a-ae05-3eb4d599cabc",
                            "ssh_key_ids.35": "ec684e16-0a82-4508-af90-88d5c598bd04",
                            "ssh_key_ids.36": "1a5374e7-ae0b-44e8-8290-a7f9e34c6374",
                            "ssh_key_ids.37": "22050c70-4363-4734-8c11-57855494147c",
                            "ssh_key_ids.38": "9ee4a2b0-3668-411b-af84-07f61d71afa8",
                            "ssh_key_ids.39": "85e0e5cf-7e19-42f8-9dc2-da41de539495",
                            "ssh_key_ids.4": "659466b5-43b7-47fe-bd6c-b443d3b5df20",
                            "ssh_key_ids.40": "32a48504-ef65-452f-ae33-d161205c1b11",
                            "ssh_key_ids.41": "3a4e67f8-b12d-43d4-a35d-e5d33a9ccd98",
                            "ssh_key_ids.42": "80b28858-2421-41bb-bbea-c4ad4a5db2c9",
                            "ssh_key_ids.43": "036d46c3-8727-4a00-b59b-7f80443a2afc",
                            "ssh_key_ids.44": "04d2d40f-d0ae-4862-9537-62a9e43a22cd",
                            "ssh_key_ids.45": "c33ea9e0-ed31-43ce-8bba-e5e8da4edd83",
                            "ssh_key_ids.46": "6e8257dd-b7b9-4f30-b9d1-e7131a4d2121",
                            "ssh_key_ids.47": "ccb63b0c-f9e1-4764-a37e-e4408cccbfac",
                            "ssh_key_ids.48": "65c4bc38-3112-4503-b875-5f583aca6424",
                            "ssh_key_ids.49": "912637d1-7b56-481b-bbe4-ccf466e3e161",
                            "ssh_key_ids.5": "8059f489-7714-4af7-84fc-76869c009378",
                            "ssh_key_ids.50": "f0e74fce-1a0c-4643-8990-f6843728f24f",
                            "ssh_key_ids.51": "34934bed-6b13-4abc-aeb6-1a5a9e994745",
                            "ssh_key_ids.52": "3199b332-bec2-45ef-9e25-ba9057972da7",
                            "ssh_key_ids.53": "303a0e97-7dd1-4444-9def-d7ebf932a892",
                            "ssh_key_ids.54": "7bf767f0-472a-4977-921e-cf55ded84f1c",
                            "ssh_key_ids.55": "7fb2d14c-11b6-4c52-a9d0-2a4a6113dbab",
                            "ssh_key_ids.56": "27635c6f-e3bd-4403-ae6c-94757f36b601",
                            "ssh_key_ids.57": "bc84ed0c-228d-4eb5-97b4-4cd7b6e6a0f9",
                            "ssh_key_ids.58": "f8e3e26a-214b-457a-a7de-0aa31723f04e",
                            "ssh_key_ids.59": "d0cce71a-c3ea-4b60-9866-d8f12d749d13",
                            "ssh_key_ids.6": "f98a99f8-ff13-4391-b5fc-74983219a225",
                            "ssh_key_ids.60": "1df0179f-a9af-4c8e-b9bf-5991f6e1b7f0",
                            "ssh_key_ids.61": "d6a50bd7-69c4-4c2b-99be-9adbefc6e3dc",
                            "ssh_key_ids.62": "950d1f09-7d94-4838-ac25-e2b63fc256f5",
                            "ssh_key_ids.63": "d02bec99-0344-4cf3-bd06-8bad8969b9fe",
                            "ssh_key_ids.64": "e75e4f46-8e6b-4f66-8612-1879bbb96623",
                            "ssh_key_ids.65": "0a7d499d-8d80-45ad-9069-8fbaa6e28ea1",
                            "ssh_key_ids.66": "e00adc33-e5eb-4b67-b5f9-4bfa68bd2e53",
                            "ssh_key_ids.67": "bb427d7d-ca92-4a98-af84-64d3b43e6325",
                            "ssh_key_ids.68": "c523b161-3e3b-492c-90f4-253a86aed91f",
                            "ssh_key_ids.69": "892bf2fb-c6b9-459d-bdd0-36d69701a3e6",
                            "ssh_key_ids.7": "0b392f37-4243-4e43-a56c-18208a30acf3",
                            "ssh_key_ids.70": "13c0308d-5846-46c5-bf46-2fdae2e9c8d7",
                            "ssh_key_ids.71": "a102ddd7-bee2-4d61-9262-5978a4b91c04",
                            "ssh_key_ids.72": "842a0495-4b06-4f53-a948-f381d57cb180",
                            "ssh_key_ids.73": "491b68d1-1663-490d-a2e0-248b496631f4",
                            "ssh_key_ids.74": "bb056de1-9025-47e5-89a1-2897643e1f6c",
                            "ssh_key_ids.75": "b68dcaed-078c-41e2-a647-5aa1acb12154",
                            "ssh_key_ids.76": "984f885d-a618-4416-a934-f1f00d93f989",
                            "ssh_key_ids.77": "a722049c-a416-4fb0-a661-290a0d9cf57b",
                            "ssh_key_ids.78": "c13861b0-d10e-4a0e-a84b-4d0463d54f1a",
                            "ssh_key_ids.79": "0fb6897c-2f7f-4d0f-9de1-bd279408a7cb",
                            "ssh_key_ids.8": "0394ad7e-6265-4478-ae1a-3b5d59a217d5",
                            "ssh_key_ids.80": "1776caa4-e965-4891-af1a-427ce73a88e9",
                            "ssh_key_ids.81": "0873502f-0980-4e42-a0de-5328eb21b1fe",
                            "ssh_key_ids.82": "cc001113-bc02-4d7f-af55-366db9132936",
                            "ssh_key_ids.83": "f81c84bc-7f7f-4c1c-bc6b-4aa9ce236151",
                            "ssh_key_ids.84": "895e0d1a-adae-439f-a1a8-a15aa6658c97",
                            "ssh_key_ids.85": "f78dd9de-77e6-4386-9014-14258f6ed18c",
                            "ssh_key_ids.86": "5d3e1674-605d-4e29-aa1a-6f97c6273217",
                            "ssh_key_ids.87": "c57fb351-65ce-4427-a1c2-17868b0d1711",
                            "ssh_key_ids.88": "5e0ab35b-4a75-45c1-b679-bc9cb5c9abf8",
                            "ssh_key_ids.89": "311e499c-5421-42b0-91a7-cdcc1059dfef",
                            "ssh_key_ids.9": "aea43942-9250-4cde-81d1-69e468df8ce6",
                            "ssh_key_ids.90": "948d85da-a1a4-45d9-b6bd-e2794c03232d",
                            "ssh_key_ids.91": "38ee2b4b-653d-494e-b008-abd82461f7f6",
                            "ssh_key_ids.92": "f63582f2-9d53-487f-a9af-d739e36b07af",
                            "ssh_key_ids.93": "0c1be6d5-8b38-4920-94f2-6ddaaa25bb9d",
                            "ssh_key_ids.94": "a2579e04-6f2e-4488-8e58-c48a0aa7f70b",
                            "ssh_key_ids.95": "f1b4cad0-7e3f-4574-bc52-6567dd2fd125",
                            "ssh_key_ids.96": "d0a93463-eb19-4ed4-82a9-3c354374443e",
                            "ssh_key_ids.97": "d88db379-9fa2-454f-97a4-8e7718bbb658",
                            "ssh_key_ids.98": "4e49c810-8e76-4ec7-b1c2-1d9e7f829441",
                            "ssh_key_ids.99": "b505936c-fca3-4767-9cbe-a5401f97dd95",
                            "state": "active",
                            "storage": "",
                            "tags.#": "0",
                            "updated": "2019-04-30T09:54:38Z"
                        },
                        "meta": {},
                        "tainted": false
                    },
                    "deposed": [],
                    "provider": "provider.packet"
                },
                "packet_device.lab_alt.7": {
                    "type": "packet_device",
                    "depends_on": [
                        "packet_device.registry_alt",
                        "packet_ssh_key.default",
                        "tls_private_key.default"
                    ],
                    "primary": {
                        "id": "e9537463-18db-495c-9f54-1d132d398014",
                        "attributes": {
                            "access_private_ipv4": "10.64.62.45",
                            "access_public_ipv4": "147.75.94.167",
                            "access_public_ipv6": "2604:1380:3000:6c00::17",
                            "always_pxe": "false",
                            "billing_cycle": "hourly",
                            "created": "2019-04-30T09:51:33Z",
                            "facilities.#": "1",
                            "facilities.0": "nrt1",
                            "facility": "nrt1",
                            "hostname": "kayobe-lab-alt-07",
                            "id": "e9537463-18db-495c-9f54-1d132d398014",
                            "ipxe_script_url": "",
                            "locked": "false",
                            "network.#": "3",
                            "network.0.address": "147.75.94.167",
                            "network.0.cidr": "31",
                            "network.0.family": "4",
                            "network.0.gateway": "147.75.94.166",
                            "network.0.public": "true",
                            "network.1.address": "2604:1380:3000:6c00::17",
                            "network.1.cidr": "127",
                            "network.1.family": "6",
                            "network.1.gateway": "2604:1380:3000:6c00::16",
                            "network.1.public": "true",
                            "network.2.address": "10.64.62.45",
                            "network.2.cidr": "31",
                            "network.2.family": "4",
                            "network.2.gateway": "10.64.62.44",
                            "network.2.public": "false",
                            "network_type": "layer3",
                            "operating_system": "centos_7",
                            "plan": "c1.small.x86",
                            "ports.#": "3",
                            "ports.0.bonded": "true",
                            "ports.0.id": "31e206f1-6dea-4970-8285-ae9b2d67fd28",
                            "ports.0.mac": "",
                            "ports.0.name": "bond0",
                            "ports.0.type": "NetworkBondPort",
                            "ports.1.bonded": "true",
                            "ports.1.id": "d5aa83b3-3fb6-4d7d-92cf-ab0ee3001047",
                            "ports.1.mac": "ac:1f:6b:92:d4:a0",
                            "ports.1.name": "eth0",
                            "ports.1.type": "NetworkPort",
                            "ports.2.bonded": "true",
                            "ports.2.id": "92352692-a537-45e2-8e23-f0bf18869ae3",
                            "ports.2.mac": "ac:1f:6b:92:d4:a1",
                            "ports.2.name": "eth1",
                            "ports.2.type": "NetworkPort",
                            "project_id": "719d7d4b-08f8-4e9b-ad0d-34707f85160d",
                            "public_ipv4_subnet_size": "31",
                            "root_password": "bn}6B1JE1h",
                            "ssh_key_ids.#": "164",
                            "ssh_key_ids.0": "bd192f85-fbeb-4fd3-bca0-7ceb96f91700",
                            "ssh_key_ids.1": "da199044-80dd-48dd-8d1f-ef76ccb13ab5",
                            "ssh_key_ids.10": "f718cdab-a523-45c3-9b01-80dc045be122",
                            "ssh_key_ids.100": "892bf2fb-c6b9-459d-bdd0-36d69701a3e6",
                            "ssh_key_ids.101": "c523b161-3e3b-492c-90f4-253a86aed91f",
                            "ssh_key_ids.102": "36b25fc3-3971-4f8f-a6f2-fcf9113e4da8",
                            "ssh_key_ids.103": "bb427d7d-ca92-4a98-af84-64d3b43e6325",
                            "ssh_key_ids.104": "0a7d499d-8d80-45ad-9069-8fbaa6e28ea1",
                            "ssh_key_ids.105": "3199b332-bec2-45ef-9e25-ba9057972da7",
                            "ssh_key_ids.106": "303a0e97-7dd1-4444-9def-d7ebf932a892",
                            "ssh_key_ids.107": "7bf767f0-472a-4977-921e-cf55ded84f1c",
                            "ssh_key_ids.108": "7fb2d14c-11b6-4c52-a9d0-2a4a6113dbab",
                            "ssh_key_ids.109": "27635c6f-e3bd-4403-ae6c-94757f36b601",
                            "ssh_key_ids.11": "aea43942-9250-4cde-81d1-69e468df8ce6",
                            "ssh_key_ids.110": "bc84ed0c-228d-4eb5-97b4-4cd7b6e6a0f9",
                            "ssh_key_ids.111": "e75e4f46-8e6b-4f66-8612-1879bbb96623",
                            "ssh_key_ids.112": "f8e3e26a-214b-457a-a7de-0aa31723f04e",
                            "ssh_key_ids.113": "d02bec99-0344-4cf3-bd06-8bad8969b9fe",
                            "ssh_key_ids.114": "d0cce71a-c3ea-4b60-9866-d8f12d749d13",
                            "ssh_key_ids.115": "950d1f09-7d94-4838-ac25-e2b63fc256f5",
                            "ssh_key_ids.116": "1df0179f-a9af-4c8e-b9bf-5991f6e1b7f0",
                            "ssh_key_ids.117": "d6a50bd7-69c4-4c2b-99be-9adbefc6e3dc",
                            "ssh_key_ids.118": "fac2cbbc-70ef-4386-a0e6-df3aa1fe9609",
                            "ssh_key_ids.119": "1776caa4-e965-4891-af1a-427ce73a88e9",
                            "ssh_key_ids.12": "68931241-5344-4a8b-884f-4f3a4fc5e231",
                            "ssh_key_ids.120": "36c08ba3-3dc2-45bf-aad5-3f9d6c2f8173",
                            "ssh_key_ids.121": "a722049c-a416-4fb0-a661-290a0d9cf57b",
                            "ssh_key_ids.122": "88436004-0436-4df7-8240-bfd128e8d605",
                            "ssh_key_ids.123": "ccb63b0c-f9e1-4764-a37e-e4408cccbfac",
                            "ssh_key_ids.124": "f81c84bc-7f7f-4c1c-bc6b-4aa9ce236151",
                            "ssh_key_ids.125": "116c4f54-560a-4d95-bddc-29632af8a732",
                            "ssh_key_ids.126": "14c24939-9fd3-4d21-9f11-2557c49a3a9f",
                            "ssh_key_ids.127": "ee429bfb-8fb3-479b-9c6c-e5579a8bf59d",
                            "ssh_key_ids.128": "93b62667-9821-43c9-9b47-09c72bfc16fe",
                            "ssh_key_ids.129": "af0fdb13-ba2c-4e19-bcfb-57b1d59ead38",
                            "ssh_key_ids.13": "7d4eca06-2710-49c7-b4bd-efececa7cd54",
                            "ssh_key_ids.130": "305be502-51dd-41a5-b2b1-b58878e9da15",
                            "ssh_key_ids.131": "d88db379-9fa2-454f-97a4-8e7718bbb658",
                            "ssh_key_ids.132": "752d99f5-5dcd-437f-99c9-8325bbabcc59",
                            "ssh_key_ids.133": "e82a688a-f07a-480e-a408-199baca463c9",
                            "ssh_key_ids.134": "a7c4c16b-8163-4d61-8485-5f05eb11f013",
                            "ssh_key_ids.135": "d7a07953-9e75-465e-9495-775f03018db0",
                            "ssh_key_ids.136": "290afd05-1d05-4fd4-a7ac-27be4b92458f",
                            "ssh_key_ids.137": "8499c022-65c8-40dd-ab33-d331388ac5d9",
                            "ssh_key_ids.138": "8ad4e695-a082-43c5-ac1b-456964b321c6",
                            "ssh_key_ids.139": "59b26c30-c0ca-4ac5-ba7f-143efd14f792",
                            "ssh_key_ids.14": "5d3e1674-605d-4e29-aa1a-6f97c6273217",
                            "ssh_key_ids.140": "d059cfe2-3215-4686-aeaa-051a5a423d2a",
                            "ssh_key_ids.141": "82bd80ac-b1df-4801-88b7-8b835b78570c",
                            "ssh_key_ids.142": "d0a93463-eb19-4ed4-82a9-3c354374443e",
                            "ssh_key_ids.143": "ccf9952b-afcb-4df1-b002-0c60717e2592",
                            "ssh_key_ids.144": "c13861b0-d10e-4a0e-a84b-4d0463d54f1a",
                            "ssh_key_ids.145": "e00adc33-e5eb-4b67-b5f9-4bfa68bd2e53",
                            "ssh_key_ids.146": "b38f0448-bb97-4309-82f2-d1a5f5df0809",
                            "ssh_key_ids.147": "b87eb180-f18b-44a6-bbd5-a49f111d7864",
                            "ssh_key_ids.148": "be99da3d-601c-4466-8dcb-ff1f8a6a19d8",
                            "ssh_key_ids.149": "942f8d63-c3ec-4f32-b93a-38b5e0bafd90",
                            "ssh_key_ids.15": "8ec2af9d-2255-4cc8-a5ae-8dd62262241c",
                            "ssh_key_ids.150": "3b57956f-a711-40db-9a6f-32487503bea1",
                            "ssh_key_ids.151": "e5fd812a-667c-498f-883c-2bd1afddbff3",
                            "ssh_key_ids.152": "eac5e2ca-acf1-46a6-ae4d-aa12f71af765",
                            "ssh_key_ids.153": "0a929e59-0bcf-4de1-91d1-01a8cdbc9ef6",
                            "ssh_key_ids.154": "4382d197-ecbb-43d9-a7d6-453c100279b8",
                            "ssh_key_ids.155": "6b50e07d-df2c-44b8-8a9e-65bfab6880a1",
                            "ssh_key_ids.156": "bc4f1745-a5de-45e4-ae82-d7c4988ee1a2",
                            "ssh_key_ids.157": "985ea314-f590-4237-99f5-682a344617d9",
                            "ssh_key_ids.158": "98b939fb-362b-41c8-831a-1f0a2afa400e",
                            "ssh_key_ids.159": "21fecacf-999e-4595-a247-af36a4feb0c1",
                            "ssh_key_ids.16": "37ffbecc-3536-42d3-8f8b-5235dd97d526",
                            "ssh_key_ids.160": "0c909e8f-7714-43f6-a8a9-fc003c5231a3",
                            "ssh_key_ids.161": "ccb07866-766e-45e2-ae82-a1f1c8cb39c8",
                            "ssh_key_ids.162": "d45fb3b7-af95-4c48-8ad6-e3f3242a5e4a",
                            "ssh_key_ids.163": "25faa130-9a09-4cca-a109-409c7ac309ab",
                            "ssh_key_ids.17": "5e0ab35b-4a75-45c1-b679-bc9cb5c9abf8",
                            "ssh_key_ids.18": "c57fb351-65ce-4427-a1c2-17868b0d1711",
                            "ssh_key_ids.19": "0fddd1d0-4fa1-4abb-9bb9-b8381169a715",
                            "ssh_key_ids.2": "6e703847-5229-4bfd-9229-db6df7397e11",
                            "ssh_key_ids.20": "bdc5900f-e26d-46fe-8da6-59f9413b4c21",
                            "ssh_key_ids.21": "311e499c-5421-42b0-91a7-cdcc1059dfef",
                            "ssh_key_ids.22": "7c7abede-0f89-4bae-91f3-c4c856140db8",
                            "ssh_key_ids.23": "948d85da-a1a4-45d9-b6bd-e2794c03232d",
                            "ssh_key_ids.24": "214e1ebd-afd3-43f9-bcb6-bf6b9693f830",
                            "ssh_key_ids.25": "8c7583d3-2b01-4df4-a946-939962d827f9",
                            "ssh_key_ids.26": "f6267de9-b50a-4bd8-aac5-51612a403741",
                            "ssh_key_ids.27": "33fea3c3-2fb4-424a-834c-190bd53b8f0b",
                            "ssh_key_ids.28": "fed60fdf-7e1d-4ffd-af9f-4ac91c2fd430",
                            "ssh_key_ids.29": "7c7abd45-994d-4754-8220-2c5a404933e8",
                            "ssh_key_ids.3": "32c2e969-fe1c-4235-a999-2b8abc061991",
                            "ssh_key_ids.30": "89ef47c1-1576-4b8c-a339-2014155f0802",
                            "ssh_key_ids.31": "1689628e-00a8-40e4-a578-9d484d66cc3f",
                            "ssh_key_ids.32": "38ee2b4b-653d-494e-b008-abd82461f7f6",
                            "ssh_key_ids.33": "f63582f2-9d53-487f-a9af-d739e36b07af",
                            "ssh_key_ids.34": "f86d606c-d11c-4b10-b0d2-326e3b791cdf",
                            "ssh_key_ids.35": "7afc2a1e-7303-47e0-b75a-ed2587d3f340",
                            "ssh_key_ids.36": "0c1be6d5-8b38-4920-94f2-6ddaaa25bb9d",
                            "ssh_key_ids.37": "a2579e04-6f2e-4488-8e58-c48a0aa7f70b",
                            "ssh_key_ids.38": "f1b4cad0-7e3f-4574-bc52-6567dd2fd125",
                            "ssh_key_ids.39": "494f995f-069a-4407-bf31-d1e67142f9fd",
                            "ssh_key_ids.4": "659466b5-43b7-47fe-bd6c-b443d3b5df20",
                            "ssh_key_ids.40": "3bde399d-1ee1-49ca-acad-8df41956df20",
                            "ssh_key_ids.41": "0fb6897c-2f7f-4d0f-9de1-bd279408a7cb",
                            "ssh_key_ids.42": "1e4e0e97-aace-4cd9-b258-c8408d502284",
                            "ssh_key_ids.43": "7c41c050-74ad-4aa7-b63b-8c75d9db4051",
                            "ssh_key_ids.44": "fedb7753-6dba-4aa4-8371-999c6bab70de",
                            "ssh_key_ids.45": "a8855483-e011-4d68-86a5-2f530738dd17",
                            "ssh_key_ids.46": "954bd64c-a66b-45fb-900e-04f0b8b18cdf",
                            "ssh_key_ids.47": "6219b353-d4ec-4ba5-9a40-19304b4fe1af",
                            "ssh_key_ids.48": "4e49c810-8e76-4ec7-b1c2-1d9e7f829441",
                            "ssh_key_ids.49": "c0fea396-b8f9-43d0-a453-9bbc868a1d81",
                            "ssh_key_ids.5": "8059f489-7714-4af7-84fc-76869c009378",
                            "ssh_key_ids.50": "dc275958-fb33-4a63-a21b-e33d3dfd3a14",
                            "ssh_key_ids.51": "01097db2-b817-4a41-b016-012c83dad8e4",
                            "ssh_key_ids.52": "ec9105b6-bdd2-4bcc-a6ca-00055f55f504",
                            "ssh_key_ids.53": "611e233e-835c-4e37-abdd-918842cbe83f",
                            "ssh_key_ids.54": "6389afd1-e142-402d-8a1e-90383fbd3cb0",
                            "ssh_key_ids.55": "9058e9af-1b6a-4c7a-bce1-14dc06529d33",
                            "ssh_key_ids.56": "82f1421a-5a62-442c-adbf-6f4534ff96fe",
                            "ssh_key_ids.57": "59e22e40-bf99-4d3a-ae05-3eb4d599cabc",
                            "ssh_key_ids.58": "ec684e16-0a82-4508-af90-88d5c598bd04",
                            "ssh_key_ids.59": "1a5374e7-ae0b-44e8-8290-a7f9e34c6374",
                            "ssh_key_ids.6": "f98a99f8-ff13-4391-b5fc-74983219a225",
                            "ssh_key_ids.60": "22050c70-4363-4734-8c11-57855494147c",
                            "ssh_key_ids.61": "e58fd2a9-18d8-4cd9-a1a2-f2610ed83a73",
                            "ssh_key_ids.62": "2765be00-4a38-436c-8eb7-74cb7dba92d3",
                            "ssh_key_ids.63": "9ee4a2b0-3668-411b-af84-07f61d71afa8",
                            "ssh_key_ids.64": "85e0e5cf-7e19-42f8-9dc2-da41de539495",
                            "ssh_key_ids.65": "32a48504-ef65-452f-ae33-d161205c1b11",
                            "ssh_key_ids.66": "9a377e1e-c8ce-40c0-bf81-014cab0fcb7c",
                            "ssh_key_ids.67": "84eaa0c1-fd1c-4de8-a60c-e91feb89f14b",
                            "ssh_key_ids.68": "0f73341f-b03d-4323-8d59-af7243dbb475",
                            "ssh_key_ids.69": "0e3abb85-56d4-4604-a40a-9f3c6548b30b",
                            "ssh_key_ids.7": "0b392f37-4243-4e43-a56c-18208a30acf3",
                            "ssh_key_ids.70": "f7e8e7ed-d248-4e81-9f0a-15ef569fb264",
                            "ssh_key_ids.71": "cc001113-bc02-4d7f-af55-366db9132936",
                            "ssh_key_ids.72": "0873502f-0980-4e42-a0de-5328eb21b1fe",
                            "ssh_key_ids.73": "09223179-7d28-40a4-b18e-b7ed3e350c6a",
                            "ssh_key_ids.74": "3a4e67f8-b12d-43d4-a35d-e5d33a9ccd98",
                            "ssh_key_ids.75": "9cf77467-cdb7-4dcc-ab9f-4d431712ef3f",
                            "ssh_key_ids.76": "80b28858-2421-41bb-bbea-c4ad4a5db2c9",
                            "ssh_key_ids.77": "036d46c3-8727-4a00-b59b-7f80443a2afc",
                            "ssh_key_ids.78": "04d2d40f-d0ae-4862-9537-62a9e43a22cd",
                            "ssh_key_ids.79": "c33ea9e0-ed31-43ce-8bba-e5e8da4edd83",
                            "ssh_key_ids.8": "0394ad7e-6265-4478-ae1a-3b5d59a217d5",
                            "ssh_key_ids.80": "6e8257dd-b7b9-4f30-b9d1-e7131a4d2121",
                            "ssh_key_ids.81": "2111f3a2-9fe6-4992-aa14-1e01bb0501ce",
                            "ssh_key_ids.82": "c79bd893-afa8-4fde-9315-1ac6571a0d64",
                            "ssh_key_ids.83": "1dae5119-8c6d-450c-be49-ef323d4ef630",
                            "ssh_key_ids.84": "ee065568-03bb-456e-a1f5-1669939d43cb",
                            "ssh_key_ids.85": "b505936c-fca3-4767-9cbe-a5401f97dd95",
                            "ssh_key_ids.86": "895e0d1a-adae-439f-a1a8-a15aa6658c97",
                            "ssh_key_ids.87": "984f885d-a618-4416-a934-f1f00d93f989",
                            "ssh_key_ids.88": "f67f7c4b-0050-4c18-be29-03a072b204ba",
                            "ssh_key_ids.89": "65c4bc38-3112-4503-b875-5f583aca6424",
                            "ssh_key_ids.9": "f78dd9de-77e6-4386-9014-14258f6ed18c",
                            "ssh_key_ids.90": "912637d1-7b56-481b-bbe4-ccf466e3e161",
                            "ssh_key_ids.91": "f0e74fce-1a0c-4643-8990-f6843728f24f",
                            "ssh_key_ids.92": "34934bed-6b13-4abc-aeb6-1a5a9e994745",
                            "ssh_key_ids.93": "b428db77-8a11-40b6-a6f9-bd6321ea796b",
                            "ssh_key_ids.94": "b68dcaed-078c-41e2-a647-5aa1acb12154",
                            "ssh_key_ids.95": "bb056de1-9025-47e5-89a1-2897643e1f6c",
                            "ssh_key_ids.96": "491b68d1-1663-490d-a2e0-248b496631f4",
                            "ssh_key_ids.97": "842a0495-4b06-4f53-a948-f381d57cb180",
                            "ssh_key_ids.98": "a102ddd7-bee2-4d61-9262-5978a4b91c04",
                            "ssh_key_ids.99": "13c0308d-5846-46c5-bf46-2fdae2e9c8d7",
                            "state": "active",
                            "storage": "",
                            "tags.#": "0",
                            "updated": "2019-04-30T09:56:03Z"
                        },
                        "meta": {},
                        "tainted": false
                    },
                    "deposed": [],
                    "provider": "provider.packet"
                },
                "packet_device.lab_alt.8": {
                    "type": "packet_device",
                    "depends_on": [
                        "packet_device.registry_alt",
                        "packet_ssh_key.default",
                        "tls_private_key.default"
                    ],
                    "primary": {
                        "id": "7e9b4391-96a0-4e01-9e90-a5915ce3621c",
                        "attributes": {
                            "access_private_ipv4": "10.64.62.57",
                            "access_public_ipv4": "147.75.95.89",
                            "access_public_ipv6": "2604:1380:3000:6c00::39",
                            "always_pxe": "false",
                            "billing_cycle": "hourly",
                            "created": "2019-04-30T10:24:06Z",
                            "facilities.#": "1",
                            "facilities.0": "nrt1",
                            "facility": "nrt1",
                            "hostname": "kayobe-lab-alt-08",
                            "id": "7e9b4391-96a0-4e01-9e90-a5915ce3621c",
                            "ipxe_script_url": "",
                            "locked": "false",
                            "network.#": "3",
                            "network.0.address": "147.75.95.89",
                            "network.0.cidr": "31",
                            "network.0.family": "4",
                            "network.0.gateway": "147.75.95.88",
                            "network.0.public": "true",
                            "network.1.address": "2604:1380:3000:6c00::39",
                            "network.1.cidr": "127",
                            "network.1.family": "6",
                            "network.1.gateway": "2604:1380:3000:6c00::38",
                            "network.1.public": "true",
                            "network.2.address": "10.64.62.57",
                            "network.2.cidr": "31",
                            "network.2.family": "4",
                            "network.2.gateway": "10.64.62.56",
                            "network.2.public": "false",
                            "network_type": "layer3",
                            "operating_system": "centos_7",
                            "plan": "c1.small.x86",
                            "ports.#": "3",
                            "ports.0.bonded": "true",
                            "ports.0.id": "07da5d08-0021-459f-a052-74e3877b75f9",
                            "ports.0.mac": "",
                            "ports.0.name": "bond0",
                            "ports.0.type": "NetworkBondPort",
                            "ports.1.bonded": "true",
                            "ports.1.id": "06973e0b-5880-42bf-8704-ca1fc4788bdc",
                            "ports.1.mac": "0c:c4:7a:84:1b:a4",
                            "ports.1.name": "eth0",
                            "ports.1.type": "NetworkPort",
                            "ports.2.bonded": "true",
                            "ports.2.id": "06e294f6-357a-4f85-97a8-be4acd363c36",
                            "ports.2.mac": "0c:c4:7a:84:1b:a5",
                            "ports.2.name": "eth1",
                            "ports.2.type": "NetworkPort",
                            "project_id": "719d7d4b-08f8-4e9b-ad0d-34707f85160d",
                            "public_ipv4_subnet_size": "31",
                            "root_password": "EfA}15arK8",
                            "ssh_key_ids.#": "164",
                            "ssh_key_ids.0": "bd192f85-fbeb-4fd3-bca0-7ceb96f91700",
                            "ssh_key_ids.1": "da199044-80dd-48dd-8d1f-ef76ccb13ab5",
                            "ssh_key_ids.10": "0394ad7e-6265-4478-ae1a-3b5d59a217d5",
                            "ssh_key_ids.100": "a722049c-a416-4fb0-a661-290a0d9cf57b",
                            "ssh_key_ids.101": "4e49c810-8e76-4ec7-b1c2-1d9e7f829441",
                            "ssh_key_ids.102": "f81c84bc-7f7f-4c1c-bc6b-4aa9ce236151",
                            "ssh_key_ids.103": "116c4f54-560a-4d95-bddc-29632af8a732",
                            "ssh_key_ids.104": "ccb63b0c-f9e1-4764-a37e-e4408cccbfac",
                            "ssh_key_ids.105": "14c24939-9fd3-4d21-9f11-2557c49a3a9f",
                            "ssh_key_ids.106": "e00adc33-e5eb-4b67-b5f9-4bfa68bd2e53",
                            "ssh_key_ids.107": "f0e74fce-1a0c-4643-8990-f6843728f24f",
                            "ssh_key_ids.108": "13c0308d-5846-46c5-bf46-2fdae2e9c8d7",
                            "ssh_key_ids.109": "7bf767f0-472a-4977-921e-cf55ded84f1c",
                            "ssh_key_ids.11": "0b392f37-4243-4e43-a56c-18208a30acf3",
                            "ssh_key_ids.110": "ee429bfb-8fb3-479b-9c6c-e5579a8bf59d",
                            "ssh_key_ids.111": "305be502-51dd-41a5-b2b1-b58878e9da15",
                            "ssh_key_ids.112": "d88db379-9fa2-454f-97a4-8e7718bbb658",
                            "ssh_key_ids.113": "9a377e1e-c8ce-40c0-bf81-014cab0fcb7c",
                            "ssh_key_ids.114": "d0a93463-eb19-4ed4-82a9-3c354374443e",
                            "ssh_key_ids.115": "c13861b0-d10e-4a0e-a84b-4d0463d54f1a",
                            "ssh_key_ids.116": "b505936c-fca3-4767-9cbe-a5401f97dd95",
                            "ssh_key_ids.117": "895e0d1a-adae-439f-a1a8-a15aa6658c97",
                            "ssh_key_ids.118": "aea43942-9250-4cde-81d1-69e468df8ce6",
                            "ssh_key_ids.119": "68931241-5344-4a8b-884f-4f3a4fc5e231",
                            "ssh_key_ids.12": "0fddd1d0-4fa1-4abb-9bb9-b8381169a715",
                            "ssh_key_ids.120": "7d4eca06-2710-49c7-b4bd-efececa7cd54",
                            "ssh_key_ids.121": "5e0ab35b-4a75-45c1-b679-bc9cb5c9abf8",
                            "ssh_key_ids.122": "bdc5900f-e26d-46fe-8da6-59f9413b4c21",
                            "ssh_key_ids.123": "311e499c-5421-42b0-91a7-cdcc1059dfef",
                            "ssh_key_ids.124": "7c7abede-0f89-4bae-91f3-c4c856140db8",
                            "ssh_key_ids.125": "948d85da-a1a4-45d9-b6bd-e2794c03232d",
                            "ssh_key_ids.126": "214e1ebd-afd3-43f9-bcb6-bf6b9693f830",
                            "ssh_key_ids.127": "8c7583d3-2b01-4df4-a946-939962d827f9",
                            "ssh_key_ids.128": "f6267de9-b50a-4bd8-aac5-51612a403741",
                            "ssh_key_ids.129": "fed60fdf-7e1d-4ffd-af9f-4ac91c2fd430",
                            "ssh_key_ids.13": "33fea3c3-2fb4-424a-834c-190bd53b8f0b",
                            "ssh_key_ids.130": "0fb6897c-2f7f-4d0f-9de1-bd279408a7cb",
                            "ssh_key_ids.131": "1e4e0e97-aace-4cd9-b258-c8408d502284",
                            "ssh_key_ids.132": "0873502f-0980-4e42-a0de-5328eb21b1fe",
                            "ssh_key_ids.133": "9cf77467-cdb7-4dcc-ab9f-4d431712ef3f",
                            "ssh_key_ids.134": "8059f489-7714-4af7-84fc-76869c009378",
                            "ssh_key_ids.135": "659466b5-43b7-47fe-bd6c-b443d3b5df20",
                            "ssh_key_ids.136": "c79bd893-afa8-4fde-9315-1ac6571a0d64",
                            "ssh_key_ids.137": "1dae5119-8c6d-450c-be49-ef323d4ef630",
                            "ssh_key_ids.138": "36b25fc3-3971-4f8f-a6f2-fcf9113e4da8",
                            "ssh_key_ids.139": "27635c6f-e3bd-4403-ae6c-94757f36b601",
                            "ssh_key_ids.14": "7c7abd45-994d-4754-8220-2c5a404933e8",
                            "ssh_key_ids.140": "c57fb351-65ce-4427-a1c2-17868b0d1711",
                            "ssh_key_ids.141": "cc001113-bc02-4d7f-af55-366db9132936",
                            "ssh_key_ids.142": "ee065568-03bb-456e-a1f5-1669939d43cb",
                            "ssh_key_ids.143": "5d3e1674-605d-4e29-aa1a-6f97c6273217",
                            "ssh_key_ids.144": "7afc2a1e-7303-47e0-b75a-ed2587d3f340",
                            "ssh_key_ids.145": "950d1f09-7d94-4838-ac25-e2b63fc256f5",
                            "ssh_key_ids.146": "3b57956f-a711-40db-9a6f-32487503bea1",
                            "ssh_key_ids.147": "e5fd812a-667c-498f-883c-2bd1afddbff3",
                            "ssh_key_ids.148": "be99da3d-601c-4466-8dcb-ff1f8a6a19d8",
                            "ssh_key_ids.149": "b87eb180-f18b-44a6-bbd5-a49f111d7864",
                            "ssh_key_ids.15": "984f885d-a618-4416-a934-f1f00d93f989",
                            "ssh_key_ids.150": "0a929e59-0bcf-4de1-91d1-01a8cdbc9ef6",
                            "ssh_key_ids.151": "4382d197-ecbb-43d9-a7d6-453c100279b8",
                            "ssh_key_ids.152": "6b50e07d-df2c-44b8-8a9e-65bfab6880a1",
                            "ssh_key_ids.153": "eac5e2ca-acf1-46a6-ae4d-aa12f71af765",
                            "ssh_key_ids.154": "b38f0448-bb97-4309-82f2-d1a5f5df0809",
                            "ssh_key_ids.155": "942f8d63-c3ec-4f32-b93a-38b5e0bafd90",
                            "ssh_key_ids.156": "bc4f1745-a5de-45e4-ae82-d7c4988ee1a2",
                            "ssh_key_ids.157": "985ea314-f590-4237-99f5-682a344617d9",
                            "ssh_key_ids.158": "98b939fb-362b-41c8-831a-1f0a2afa400e",
                            "ssh_key_ids.159": "21fecacf-999e-4595-a247-af36a4feb0c1",
                            "ssh_key_ids.16": "89ef47c1-1576-4b8c-a339-2014155f0802",
                            "ssh_key_ids.160": "0c909e8f-7714-43f6-a8a9-fc003c5231a3",
                            "ssh_key_ids.161": "ccb07866-766e-45e2-ae82-a1f1c8cb39c8",
                            "ssh_key_ids.162": "d45fb3b7-af95-4c48-8ad6-e3f3242a5e4a",
                            "ssh_key_ids.163": "25faa130-9a09-4cca-a109-409c7ac309ab",
                            "ssh_key_ids.17": "1689628e-00a8-40e4-a578-9d484d66cc3f",
                            "ssh_key_ids.18": "f67f7c4b-0050-4c18-be29-03a072b204ba",
                            "ssh_key_ids.19": "65c4bc38-3112-4503-b875-5f583aca6424",
                            "ssh_key_ids.2": "2111f3a2-9fe6-4992-aa14-1e01bb0501ce",
                            "ssh_key_ids.20": "912637d1-7b56-481b-bbe4-ccf466e3e161",
                            "ssh_key_ids.21": "f98a99f8-ff13-4391-b5fc-74983219a225",
                            "ssh_key_ids.22": "0e3abb85-56d4-4604-a40a-9f3c6548b30b",
                            "ssh_key_ids.23": "6e703847-5229-4bfd-9229-db6df7397e11",
                            "ssh_key_ids.24": "32c2e969-fe1c-4235-a999-2b8abc061991",
                            "ssh_key_ids.25": "0f73341f-b03d-4323-8d59-af7243dbb475",
                            "ssh_key_ids.26": "84eaa0c1-fd1c-4de8-a60c-e91feb89f14b",
                            "ssh_key_ids.27": "af0fdb13-ba2c-4e19-bcfb-57b1d59ead38",
                            "ssh_key_ids.28": "2765be00-4a38-436c-8eb7-74cb7dba92d3",
                            "ssh_key_ids.29": "e58fd2a9-18d8-4cd9-a1a2-f2610ed83a73",
                            "ssh_key_ids.3": "8ec2af9d-2255-4cc8-a5ae-8dd62262241c",
                            "ssh_key_ids.30": "9058e9af-1b6a-4c7a-bce1-14dc06529d33",
                            "ssh_key_ids.31": "6389afd1-e142-402d-8a1e-90383fbd3cb0",
                            "ssh_key_ids.32": "88436004-0436-4df7-8240-bfd128e8d605",
                            "ssh_key_ids.33": "752d99f5-5dcd-437f-99c9-8325bbabcc59",
                            "ssh_key_ids.34": "34934bed-6b13-4abc-aeb6-1a5a9e994745",
                            "ssh_key_ids.35": "b428db77-8a11-40b6-a6f9-bd6321ea796b",
                            "ssh_key_ids.36": "b68dcaed-078c-41e2-a647-5aa1acb12154",
                            "ssh_key_ids.37": "bb056de1-9025-47e5-89a1-2897643e1f6c",
                            "ssh_key_ids.38": "491b68d1-1663-490d-a2e0-248b496631f4",
                            "ssh_key_ids.39": "842a0495-4b06-4f53-a948-f381d57cb180",
                            "ssh_key_ids.4": "37ffbecc-3536-42d3-8f8b-5235dd97d526",
                            "ssh_key_ids.40": "a102ddd7-bee2-4d61-9262-5978a4b91c04",
                            "ssh_key_ids.41": "892bf2fb-c6b9-459d-bdd0-36d69701a3e6",
                            "ssh_key_ids.42": "c523b161-3e3b-492c-90f4-253a86aed91f",
                            "ssh_key_ids.43": "bb427d7d-ca92-4a98-af84-64d3b43e6325",
                            "ssh_key_ids.44": "38ee2b4b-653d-494e-b008-abd82461f7f6",
                            "ssh_key_ids.45": "0a7d499d-8d80-45ad-9069-8fbaa6e28ea1",
                            "ssh_key_ids.46": "611e233e-835c-4e37-abdd-918842cbe83f",
                            "ssh_key_ids.47": "01097db2-b817-4a41-b016-012c83dad8e4",
                            "ssh_key_ids.48": "dc275958-fb33-4a63-a21b-e33d3dfd3a14",
                            "ssh_key_ids.49": "e82a688a-f07a-480e-a408-199baca463c9",
                            "ssh_key_ids.5": "93b62667-9821-43c9-9b47-09c72bfc16fe",
                            "ssh_key_ids.50": "82bd80ac-b1df-4801-88b7-8b835b78570c",
                            "ssh_key_ids.51": "a7c4c16b-8163-4d61-8485-5f05eb11f013",
                            "ssh_key_ids.52": "d7a07953-9e75-465e-9495-775f03018db0",
                            "ssh_key_ids.53": "290afd05-1d05-4fd4-a7ac-27be4b92458f",
                            "ssh_key_ids.54": "8499c022-65c8-40dd-ab33-d331388ac5d9",
                            "ssh_key_ids.55": "8ad4e695-a082-43c5-ac1b-456964b321c6",
                            "ssh_key_ids.56": "59b26c30-c0ca-4ac5-ba7f-143efd14f792",
                            "ssh_key_ids.57": "ccf9952b-afcb-4df1-b002-0c60717e2592",
                            "ssh_key_ids.58": "d059cfe2-3215-4686-aeaa-051a5a423d2a",
                            "ssh_key_ids.59": "c0fea396-b8f9-43d0-a453-9bbc868a1d81",
                            "ssh_key_ids.6": "09223179-7d28-40a4-b18e-b7ed3e350c6a",
                            "ssh_key_ids.60": "82f1421a-5a62-442c-adbf-6f4534ff96fe",
                            "ssh_key_ids.61": "59e22e40-bf99-4d3a-ae05-3eb4d599cabc",
                            "ssh_key_ids.62": "ec684e16-0a82-4508-af90-88d5c598bd04",
                            "ssh_key_ids.63": "1a5374e7-ae0b-44e8-8290-a7f9e34c6374",
                            "ssh_key_ids.64": "22050c70-4363-4734-8c11-57855494147c",
                            "ssh_key_ids.65": "9ee4a2b0-3668-411b-af84-07f61d71afa8",
                            "ssh_key_ids.66": "3199b332-bec2-45ef-9e25-ba9057972da7",
                            "ssh_key_ids.67": "f63582f2-9d53-487f-a9af-d739e36b07af",
                            "ssh_key_ids.68": "f86d606c-d11c-4b10-b0d2-326e3b791cdf",
                            "ssh_key_ids.69": "303a0e97-7dd1-4444-9def-d7ebf932a892",
                            "ssh_key_ids.7": "f7e8e7ed-d248-4e81-9f0a-15ef569fb264",
                            "ssh_key_ids.70": "7fb2d14c-11b6-4c52-a9d0-2a4a6113dbab",
                            "ssh_key_ids.71": "0c1be6d5-8b38-4920-94f2-6ddaaa25bb9d",
                            "ssh_key_ids.72": "a2579e04-6f2e-4488-8e58-c48a0aa7f70b",
                            "ssh_key_ids.73": "f1b4cad0-7e3f-4574-bc52-6567dd2fd125",
                            "ssh_key_ids.74": "494f995f-069a-4407-bf31-d1e67142f9fd",
                            "ssh_key_ids.75": "bc84ed0c-228d-4eb5-97b4-4cd7b6e6a0f9",
                            "ssh_key_ids.76": "e75e4f46-8e6b-4f66-8612-1879bbb96623",
                            "ssh_key_ids.77": "f8e3e26a-214b-457a-a7de-0aa31723f04e",
                            "ssh_key_ids.78": "d02bec99-0344-4cf3-bd06-8bad8969b9fe",
                            "ssh_key_ids.79": "85e0e5cf-7e19-42f8-9dc2-da41de539495",
                            "ssh_key_ids.8": "f78dd9de-77e6-4386-9014-14258f6ed18c",
                            "ssh_key_ids.80": "32a48504-ef65-452f-ae33-d161205c1b11",
                            "ssh_key_ids.81": "3a4e67f8-b12d-43d4-a35d-e5d33a9ccd98",
                            "ssh_key_ids.82": "80b28858-2421-41bb-bbea-c4ad4a5db2c9",
                            "ssh_key_ids.83": "036d46c3-8727-4a00-b59b-7f80443a2afc",
                            "ssh_key_ids.84": "04d2d40f-d0ae-4862-9537-62a9e43a22cd",
                            "ssh_key_ids.85": "c33ea9e0-ed31-43ce-8bba-e5e8da4edd83",
                            "ssh_key_ids.86": "6e8257dd-b7b9-4f30-b9d1-e7131a4d2121",
                            "ssh_key_ids.87": "ec9105b6-bdd2-4bcc-a6ca-00055f55f504",
                            "ssh_key_ids.88": "d0cce71a-c3ea-4b60-9866-d8f12d749d13",
                            "ssh_key_ids.89": "1df0179f-a9af-4c8e-b9bf-5991f6e1b7f0",
                            "ssh_key_ids.9": "f718cdab-a523-45c3-9b01-80dc045be122",
                            "ssh_key_ids.90": "3bde399d-1ee1-49ca-acad-8df41956df20",
                            "ssh_key_ids.91": "7c41c050-74ad-4aa7-b63b-8c75d9db4051",
                            "ssh_key_ids.92": "fedb7753-6dba-4aa4-8371-999c6bab70de",
                            "ssh_key_ids.93": "a8855483-e011-4d68-86a5-2f530738dd17",
                            "ssh_key_ids.94": "954bd64c-a66b-45fb-900e-04f0b8b18cdf",
                            "ssh_key_ids.95": "6219b353-d4ec-4ba5-9a40-19304b4fe1af",
                            "ssh_key_ids.96": "d6a50bd7-69c4-4c2b-99be-9adbefc6e3dc",
                            "ssh_key_ids.97": "fac2cbbc-70ef-4386-a0e6-df3aa1fe9609",
                            "ssh_key_ids.98": "1776caa4-e965-4891-af1a-427ce73a88e9",
                            "ssh_key_ids.99": "36c08ba3-3dc2-45bf-aad5-3f9d6c2f8173",
                            "state": "active",
                            "storage": "",
                            "tags.#": "0",
                            "updated": "2019-04-30T10:26:16Z"
                        },
                        "meta": {},
                        "tainted": false
                    },
                    "deposed": [],
                    "provider": "provider.packet"
                },
                "packet_device.lab_alt.9": {
                    "type": "packet_device",
                    "depends_on": [
                        "packet_device.registry_alt",
                        "packet_ssh_key.default",
                        "tls_private_key.default"
                    ],
                    "primary": {
                        "id": "3624801b-8aa3-405f-a60a-d77833ada2d0",
                        "attributes": {
                            "access_private_ipv4": "10.64.62.35",
                            "access_public_ipv4": "147.75.95.15",
                            "access_public_ipv6": "2604:1380:3000:6c00::2b",
                            "always_pxe": "false",
                            "billing_cycle": "hourly",
                            "created": "2019-04-30T09:51:51Z",
                            "facilities.#": "1",
                            "facilities.0": "nrt1",
                            "facility": "nrt1",
                            "hostname": "kayobe-lab-alt-09",
                            "id": "3624801b-8aa3-405f-a60a-d77833ada2d0",
                            "ipxe_script_url": "",
                            "locked": "false",
                            "network.#": "3",
                            "network.0.address": "147.75.95.15",
                            "network.0.cidr": "31",
                            "network.0.family": "4",
                            "network.0.gateway": "147.75.95.14",
                            "network.0.public": "true",
                            "network.1.address": "2604:1380:3000:6c00::2b",
                            "network.1.cidr": "127",
                            "network.1.family": "6",
                            "network.1.gateway": "2604:1380:3000:6c00::2a",
                            "network.1.public": "true",
                            "network.2.address": "10.64.62.35",
                            "network.2.cidr": "31",
                            "network.2.family": "4",
                            "network.2.gateway": "10.64.62.34",
                            "network.2.public": "false",
                            "network_type": "layer3",
                            "operating_system": "centos_7",
                            "plan": "c1.small.x86",
                            "ports.#": "3",
                            "ports.0.bonded": "true",
                            "ports.0.id": "81a5f88b-8679-4bec-b38b-8b817c8bdd90",
                            "ports.0.mac": "",
                            "ports.0.name": "bond0",
                            "ports.0.type": "NetworkBondPort",
                            "ports.1.bonded": "true",
                            "ports.1.id": "e248c58a-d65d-4b09-b21f-0e122a227b76",
                            "ports.1.mac": "ac:1f:6b:96:76:72",
                            "ports.1.name": "eth0",
                            "ports.1.type": "NetworkPort",
                            "ports.2.bonded": "true",
                            "ports.2.id": "fe0c9941-a30e-43e4-8402-5f38d0a4133f",
                            "ports.2.mac": "ac:1f:6b:96:76:73",
                            "ports.2.name": "eth1",
                            "ports.2.type": "NetworkPort",
                            "project_id": "719d7d4b-08f8-4e9b-ad0d-34707f85160d",
                            "public_ipv4_subnet_size": "31",
                            "root_password": "M55I,?zO\u0026v",
                            "ssh_key_ids.#": "164",
                            "ssh_key_ids.0": "bd192f85-fbeb-4fd3-bca0-7ceb96f91700",
                            "ssh_key_ids.1": "da199044-80dd-48dd-8d1f-ef76ccb13ab5",
                            "ssh_key_ids.10": "33fea3c3-2fb4-424a-834c-190bd53b8f0b",
                            "ssh_key_ids.100": "fedb7753-6dba-4aa4-8371-999c6bab70de",
                            "ssh_key_ids.101": "a8855483-e011-4d68-86a5-2f530738dd17",
                            "ssh_key_ids.102": "954bd64c-a66b-45fb-900e-04f0b8b18cdf",
                            "ssh_key_ids.103": "1df0179f-a9af-4c8e-b9bf-5991f6e1b7f0",
                            "ssh_key_ids.104": "d6a50bd7-69c4-4c2b-99be-9adbefc6e3dc",
                            "ssh_key_ids.105": "fac2cbbc-70ef-4386-a0e6-df3aa1fe9609",
                            "ssh_key_ids.106": "1776caa4-e965-4891-af1a-427ce73a88e9",
                            "ssh_key_ids.107": "36c08ba3-3dc2-45bf-aad5-3f9d6c2f8173",
                            "ssh_key_ids.108": "6219b353-d4ec-4ba5-9a40-19304b4fe1af",
                            "ssh_key_ids.109": "a722049c-a416-4fb0-a661-290a0d9cf57b",
                            "ssh_key_ids.11": "fed60fdf-7e1d-4ffd-af9f-4ac91c2fd430",
                            "ssh_key_ids.110": "88436004-0436-4df7-8240-bfd128e8d605",
                            "ssh_key_ids.111": "ccb63b0c-f9e1-4764-a37e-e4408cccbfac",
                            "ssh_key_ids.112": "4e49c810-8e76-4ec7-b1c2-1d9e7f829441",
                            "ssh_key_ids.113": "d88db379-9fa2-454f-97a4-8e7718bbb658",
                            "ssh_key_ids.114": "f81c84bc-7f7f-4c1c-bc6b-4aa9ce236151",
                            "ssh_key_ids.115": "116c4f54-560a-4d95-bddc-29632af8a732",
                            "ssh_key_ids.116": "14c24939-9fd3-4d21-9f11-2557c49a3a9f",
                            "ssh_key_ids.117": "d0a93463-eb19-4ed4-82a9-3c354374443e",
                            "ssh_key_ids.118": "ee429bfb-8fb3-479b-9c6c-e5579a8bf59d",
                            "ssh_key_ids.119": "93b62667-9821-43c9-9b47-09c72bfc16fe",
                            "ssh_key_ids.12": "7c7abd45-994d-4754-8220-2c5a404933e8",
                            "ssh_key_ids.120": "af0fdb13-ba2c-4e19-bcfb-57b1d59ead38",
                            "ssh_key_ids.121": "305be502-51dd-41a5-b2b1-b58878e9da15",
                            "ssh_key_ids.122": "752d99f5-5dcd-437f-99c9-8325bbabcc59",
                            "ssh_key_ids.123": "01097db2-b817-4a41-b016-012c83dad8e4",
                            "ssh_key_ids.124": "dc275958-fb33-4a63-a21b-e33d3dfd3a14",
                            "ssh_key_ids.125": "e82a688a-f07a-480e-a408-199baca463c9",
                            "ssh_key_ids.126": "a7c4c16b-8163-4d61-8485-5f05eb11f013",
                            "ssh_key_ids.127": "290afd05-1d05-4fd4-a7ac-27be4b92458f",
                            "ssh_key_ids.128": "8499c022-65c8-40dd-ab33-d331388ac5d9",
                            "ssh_key_ids.129": "8ad4e695-a082-43c5-ac1b-456964b321c6",
                            "ssh_key_ids.13": "82f1421a-5a62-442c-adbf-6f4534ff96fe",
                            "ssh_key_ids.130": "59b26c30-c0ca-4ac5-ba7f-143efd14f792",
                            "ssh_key_ids.131": "d059cfe2-3215-4686-aeaa-051a5a423d2a",
                            "ssh_key_ids.132": "82bd80ac-b1df-4801-88b7-8b835b78570c",
                            "ssh_key_ids.133": "d7a07953-9e75-465e-9495-775f03018db0",
                            "ssh_key_ids.134": "6389afd1-e142-402d-8a1e-90383fbd3cb0",
                            "ssh_key_ids.135": "611e233e-835c-4e37-abdd-918842cbe83f",
                            "ssh_key_ids.136": "ec9105b6-bdd2-4bcc-a6ca-00055f55f504",
                            "ssh_key_ids.137": "c0fea396-b8f9-43d0-a453-9bbc868a1d81",
                            "ssh_key_ids.138": "ccf9952b-afcb-4df1-b002-0c60717e2592",
                            "ssh_key_ids.139": "c13861b0-d10e-4a0e-a84b-4d0463d54f1a",
                            "ssh_key_ids.14": "59e22e40-bf99-4d3a-ae05-3eb4d599cabc",
                            "ssh_key_ids.140": "e00adc33-e5eb-4b67-b5f9-4bfa68bd2e53",
                            "ssh_key_ids.141": "22050c70-4363-4734-8c11-57855494147c",
                            "ssh_key_ids.142": "68931241-5344-4a8b-884f-4f3a4fc5e231",
                            "ssh_key_ids.143": "8ec2af9d-2255-4cc8-a5ae-8dd62262241c",
                            "ssh_key_ids.144": "7fb2d14c-11b6-4c52-a9d0-2a4a6113dbab",
                            "ssh_key_ids.145": "9058e9af-1b6a-4c7a-bce1-14dc06529d33",
                            "ssh_key_ids.146": "b38f0448-bb97-4309-82f2-d1a5f5df0809",
                            "ssh_key_ids.147": "b87eb180-f18b-44a6-bbd5-a49f111d7864",
                            "ssh_key_ids.148": "be99da3d-601c-4466-8dcb-ff1f8a6a19d8",
                            "ssh_key_ids.149": "942f8d63-c3ec-4f32-b93a-38b5e0bafd90",
                            "ssh_key_ids.15": "ec684e16-0a82-4508-af90-88d5c598bd04",
                            "ssh_key_ids.150": "3b57956f-a711-40db-9a6f-32487503bea1",
                            "ssh_key_ids.151": "e5fd812a-667c-498f-883c-2bd1afddbff3",
                            "ssh_key_ids.152": "eac5e2ca-acf1-46a6-ae4d-aa12f71af765",
                            "ssh_key_ids.153": "0a929e59-0bcf-4de1-91d1-01a8cdbc9ef6",
                            "ssh_key_ids.154": "4382d197-ecbb-43d9-a7d6-453c100279b8",
                            "ssh_key_ids.155": "6b50e07d-df2c-44b8-8a9e-65bfab6880a1",
                            "ssh_key_ids.156": "bc4f1745-a5de-45e4-ae82-d7c4988ee1a2",
                            "ssh_key_ids.157": "985ea314-f590-4237-99f5-682a344617d9",
                            "ssh_key_ids.158": "98b939fb-362b-41c8-831a-1f0a2afa400e",
                            "ssh_key_ids.159": "21fecacf-999e-4595-a247-af36a4feb0c1",
                            "ssh_key_ids.16": "1a5374e7-ae0b-44e8-8290-a7f9e34c6374",
                            "ssh_key_ids.160": "0c909e8f-7714-43f6-a8a9-fc003c5231a3",
                            "ssh_key_ids.161": "ccb07866-766e-45e2-ae82-a1f1c8cb39c8",
                            "ssh_key_ids.162": "d45fb3b7-af95-4c48-8ad6-e3f3242a5e4a",
                            "ssh_key_ids.163": "25faa130-9a09-4cca-a109-409c7ac309ab",
                            "ssh_key_ids.17": "e58fd2a9-18d8-4cd9-a1a2-f2610ed83a73",
                            "ssh_key_ids.18": "2765be00-4a38-436c-8eb7-74cb7dba92d3",
                            "ssh_key_ids.19": "9ee4a2b0-3668-411b-af84-07f61d71afa8",
                            "ssh_key_ids.2": "6e703847-5229-4bfd-9229-db6df7397e11",
                            "ssh_key_ids.20": "85e0e5cf-7e19-42f8-9dc2-da41de539495",
                            "ssh_key_ids.21": "32a48504-ef65-452f-ae33-d161205c1b11",
                            "ssh_key_ids.22": "9a377e1e-c8ce-40c0-bf81-014cab0fcb7c",
                            "ssh_key_ids.23": "84eaa0c1-fd1c-4de8-a60c-e91feb89f14b",
                            "ssh_key_ids.24": "0f73341f-b03d-4323-8d59-af7243dbb475",
                            "ssh_key_ids.25": "0e3abb85-56d4-4604-a40a-9f3c6548b30b",
                            "ssh_key_ids.26": "f7e8e7ed-d248-4e81-9f0a-15ef569fb264",
                            "ssh_key_ids.27": "cc001113-bc02-4d7f-af55-366db9132936",
                            "ssh_key_ids.28": "0873502f-0980-4e42-a0de-5328eb21b1fe",
                            "ssh_key_ids.29": "09223179-7d28-40a4-b18e-b7ed3e350c6a",
                            "ssh_key_ids.3": "32c2e969-fe1c-4235-a999-2b8abc061991",
                            "ssh_key_ids.30": "3a4e67f8-b12d-43d4-a35d-e5d33a9ccd98",
                            "ssh_key_ids.31": "9cf77467-cdb7-4dcc-ab9f-4d431712ef3f",
                            "ssh_key_ids.32": "80b28858-2421-41bb-bbea-c4ad4a5db2c9",
                            "ssh_key_ids.33": "f98a99f8-ff13-4391-b5fc-74983219a225",
                            "ssh_key_ids.34": "036d46c3-8727-4a00-b59b-7f80443a2afc",
                            "ssh_key_ids.35": "04d2d40f-d0ae-4862-9537-62a9e43a22cd",
                            "ssh_key_ids.36": "c33ea9e0-ed31-43ce-8bba-e5e8da4edd83",
                            "ssh_key_ids.37": "f718cdab-a523-45c3-9b01-80dc045be122",
                            "ssh_key_ids.38": "6e8257dd-b7b9-4f30-b9d1-e7131a4d2121",
                            "ssh_key_ids.39": "f78dd9de-77e6-4386-9014-14258f6ed18c",
                            "ssh_key_ids.4": "659466b5-43b7-47fe-bd6c-b443d3b5df20",
                            "ssh_key_ids.40": "2111f3a2-9fe6-4992-aa14-1e01bb0501ce",
                            "ssh_key_ids.41": "aea43942-9250-4cde-81d1-69e468df8ce6",
                            "ssh_key_ids.42": "c79bd893-afa8-4fde-9315-1ac6571a0d64",
                            "ssh_key_ids.43": "1dae5119-8c6d-450c-be49-ef323d4ef630",
                            "ssh_key_ids.44": "7d4eca06-2710-49c7-b4bd-efececa7cd54",
                            "ssh_key_ids.45": "ee065568-03bb-456e-a1f5-1669939d43cb",
                            "ssh_key_ids.46": "b505936c-fca3-4767-9cbe-a5401f97dd95",
                            "ssh_key_ids.47": "895e0d1a-adae-439f-a1a8-a15aa6658c97",
                            "ssh_key_ids.48": "984f885d-a618-4416-a934-f1f00d93f989",
                            "ssh_key_ids.49": "f67f7c4b-0050-4c18-be29-03a072b204ba",
                            "ssh_key_ids.5": "8059f489-7714-4af7-84fc-76869c009378",
                            "ssh_key_ids.50": "65c4bc38-3112-4503-b875-5f583aca6424",
                            "ssh_key_ids.51": "912637d1-7b56-481b-bbe4-ccf466e3e161",
                            "ssh_key_ids.52": "37ffbecc-3536-42d3-8f8b-5235dd97d526",
                            "ssh_key_ids.53": "5d3e1674-605d-4e29-aa1a-6f97c6273217",
                            "ssh_key_ids.54": "c57fb351-65ce-4427-a1c2-17868b0d1711",
                            "ssh_key_ids.55": "5e0ab35b-4a75-45c1-b679-bc9cb5c9abf8",
                            "ssh_key_ids.56": "bdc5900f-e26d-46fe-8da6-59f9413b4c21",
                            "ssh_key_ids.57": "f0e74fce-1a0c-4643-8990-f6843728f24f",
                            "ssh_key_ids.58": "34934bed-6b13-4abc-aeb6-1a5a9e994745",
                            "ssh_key_ids.59": "b428db77-8a11-40b6-a6f9-bd6321ea796b",
                            "ssh_key_ids.6": "0b392f37-4243-4e43-a56c-18208a30acf3",
                            "ssh_key_ids.60": "b68dcaed-078c-41e2-a647-5aa1acb12154",
                            "ssh_key_ids.61": "bb056de1-9025-47e5-89a1-2897643e1f6c",
                            "ssh_key_ids.62": "491b68d1-1663-490d-a2e0-248b496631f4",
                            "ssh_key_ids.63": "842a0495-4b06-4f53-a948-f381d57cb180",
                            "ssh_key_ids.64": "a102ddd7-bee2-4d61-9262-5978a4b91c04",
                            "ssh_key_ids.65": "311e499c-5421-42b0-91a7-cdcc1059dfef",
                            "ssh_key_ids.66": "7c7abede-0f89-4bae-91f3-c4c856140db8",
                            "ssh_key_ids.67": "948d85da-a1a4-45d9-b6bd-e2794c03232d",
                            "ssh_key_ids.68": "8c7583d3-2b01-4df4-a946-939962d827f9",
                            "ssh_key_ids.69": "f6267de9-b50a-4bd8-aac5-51612a403741",
                            "ssh_key_ids.7": "0394ad7e-6265-4478-ae1a-3b5d59a217d5",
                            "ssh_key_ids.70": "13c0308d-5846-46c5-bf46-2fdae2e9c8d7",
                            "ssh_key_ids.71": "892bf2fb-c6b9-459d-bdd0-36d69701a3e6",
                            "ssh_key_ids.72": "c523b161-3e3b-492c-90f4-253a86aed91f",
                            "ssh_key_ids.73": "36b25fc3-3971-4f8f-a6f2-fcf9113e4da8",
                            "ssh_key_ids.74": "bb427d7d-ca92-4a98-af84-64d3b43e6325",
                            "ssh_key_ids.75": "0a7d499d-8d80-45ad-9069-8fbaa6e28ea1",
                            "ssh_key_ids.76": "3199b332-bec2-45ef-9e25-ba9057972da7",
                            "ssh_key_ids.77": "303a0e97-7dd1-4444-9def-d7ebf932a892",
                            "ssh_key_ids.78": "89ef47c1-1576-4b8c-a339-2014155f0802",
                            "ssh_key_ids.79": "1689628e-00a8-40e4-a578-9d484d66cc3f",
                            "ssh_key_ids.8": "0fddd1d0-4fa1-4abb-9bb9-b8381169a715",
                            "ssh_key_ids.80": "38ee2b4b-653d-494e-b008-abd82461f7f6",
                            "ssh_key_ids.81": "f63582f2-9d53-487f-a9af-d739e36b07af",
                            "ssh_key_ids.82": "f86d606c-d11c-4b10-b0d2-326e3b791cdf",
                            "ssh_key_ids.83": "7bf767f0-472a-4977-921e-cf55ded84f1c",
                            "ssh_key_ids.84": "27635c6f-e3bd-4403-ae6c-94757f36b601",
                            "ssh_key_ids.85": "bc84ed0c-228d-4eb5-97b4-4cd7b6e6a0f9",
                            "ssh_key_ids.86": "7afc2a1e-7303-47e0-b75a-ed2587d3f340",
                            "ssh_key_ids.87": "0c1be6d5-8b38-4920-94f2-6ddaaa25bb9d",
                            "ssh_key_ids.88": "a2579e04-6f2e-4488-8e58-c48a0aa7f70b",
                            "ssh_key_ids.89": "f1b4cad0-7e3f-4574-bc52-6567dd2fd125",
                            "ssh_key_ids.9": "214e1ebd-afd3-43f9-bcb6-bf6b9693f830",
                            "ssh_key_ids.90": "494f995f-069a-4407-bf31-d1e67142f9fd",
                            "ssh_key_ids.91": "3bde399d-1ee1-49ca-acad-8df41956df20",
                            "ssh_key_ids.92": "e75e4f46-8e6b-4f66-8612-1879bbb96623",
                            "ssh_key_ids.93": "f8e3e26a-214b-457a-a7de-0aa31723f04e",
                            "ssh_key_ids.94": "d02bec99-0344-4cf3-bd06-8bad8969b9fe",
                            "ssh_key_ids.95": "d0cce71a-c3ea-4b60-9866-d8f12d749d13",
                            "ssh_key_ids.96": "950d1f09-7d94-4838-ac25-e2b63fc256f5",
                            "ssh_key_ids.97": "0fb6897c-2f7f-4d0f-9de1-bd279408a7cb",
                            "ssh_key_ids.98": "1e4e0e97-aace-4cd9-b258-c8408d502284",
                            "ssh_key_ids.99": "7c41c050-74ad-4aa7-b63b-8c75d9db4051",
                            "state": "active",
                            "storage": "",
                            "tags.#": "0",
                            "updated": "2019-04-30T09:55:23Z"
                        },
                        "meta": {},
                        "tainted": false
                    },
                    "deposed": [],
                    "provider": "provider.packet"
                },
                "packet_device.registry": {
                    "type": "packet_device",
                    "depends_on": [
                        "packet_ssh_key.default",
                        "tls_private_key.default"
                    ],
                    "primary": {
                        "id": "1acf3d0d-bf2d-4254-8353-dbffcee0ea2d",
                        "attributes": {
                            "access_private_ipv4": "10.99.31.131",
                            "access_public_ipv4": "147.75.67.33",
                            "access_public_ipv6": "2604:1380:0:3800::3",
                            "always_pxe": "false",
                            "billing_cycle": "hourly",
                            "created": "2019-04-30T09:35:34Z",
                            "facilities.#": "1",
                            "facilities.0": "ewr1",
                            "facility": "ewr1",
                            "hostname": "kayobe-registry",
                            "id": "1acf3d0d-bf2d-4254-8353-dbffcee0ea2d",
                            "ipxe_script_url": "",
                            "locked": "false",
                            "network.#": "3",
                            "network.0.address": "147.75.67.33",
                            "network.0.cidr": "31",
                            "network.0.family": "4",
                            "network.0.gateway": "147.75.67.32",
                            "network.0.public": "true",
                            "network.1.address": "2604:1380:0:3800::3",
                            "network.1.cidr": "127",
                            "network.1.family": "6",
                            "network.1.gateway": "2604:1380:0:3800::2",
                            "network.1.public": "true",
                            "network.2.address": "10.99.31.131",
                            "network.2.cidr": "31",
                            "network.2.family": "4",
                            "network.2.gateway": "10.99.31.130",
                            "network.2.public": "false",
                            "network_type": "layer3",
                            "operating_system": "centos_7",
                            "plan": "c1.small.x86",
                            "ports.#": "3",
                            "ports.0.bonded": "true",
                            "ports.0.id": "8a64cddf-7596-4145-a45c-98b96309450b",
                            "ports.0.mac": "",
                            "ports.0.name": "bond0",
                            "ports.0.type": "NetworkBondPort",
                            "ports.1.bonded": "true",
                            "ports.1.id": "1d79a3df-1175-4189-8f18-971dda1fdbcc",
                            "ports.1.mac": "ac:1f:6b:99:be:94",
                            "ports.1.name": "eth0",
                            "ports.1.type": "NetworkPort",
                            "ports.2.bonded": "true",
                            "ports.2.id": "85f42233-7cb5-4fe8-ba7f-e0ede65d05f8",
                            "ports.2.mac": "ac:1f:6b:99:be:95",
                            "ports.2.name": "eth1",
                            "ports.2.type": "NetworkPort",
                            "project_id": "719d7d4b-08f8-4e9b-ad0d-34707f85160d",
                            "public_ipv4_subnet_size": "31",
                            "root_password": "O89u;0Lxy@",
                            "ssh_key_ids.#": "164",
                            "ssh_key_ids.0": "da199044-80dd-48dd-8d1f-ef76ccb13ab5",
                            "ssh_key_ids.1": "bd192f85-fbeb-4fd3-bca0-7ceb96f91700",
                            "ssh_key_ids.10": "f718cdab-a523-45c3-9b01-80dc045be122",
                            "ssh_key_ids.100": "290afd05-1d05-4fd4-a7ac-27be4b92458f",
                            "ssh_key_ids.101": "8ad4e695-a082-43c5-ac1b-456964b321c6",
                            "ssh_key_ids.102": "8499c022-65c8-40dd-ab33-d331388ac5d9",
                            "ssh_key_ids.103": "59b26c30-c0ca-4ac5-ba7f-143efd14f792",
                            "ssh_key_ids.104": "d059cfe2-3215-4686-aeaa-051a5a423d2a",
                            "ssh_key_ids.105": "ccf9952b-afcb-4df1-b002-0c60717e2592",
                            "ssh_key_ids.106": "948d85da-a1a4-45d9-b6bd-e2794c03232d",
                            "ssh_key_ids.107": "214e1ebd-afd3-43f9-bcb6-bf6b9693f830",
                            "ssh_key_ids.108": "8c7583d3-2b01-4df4-a946-939962d827f9",
                            "ssh_key_ids.109": "ee429bfb-8fb3-479b-9c6c-e5579a8bf59d",
                            "ssh_key_ids.11": "a722049c-a416-4fb0-a661-290a0d9cf57b",
                            "ssh_key_ids.110": "c0fea396-b8f9-43d0-a453-9bbc868a1d81",
                            "ssh_key_ids.111": "82bd80ac-b1df-4801-88b7-8b835b78570c",
                            "ssh_key_ids.112": "88436004-0436-4df7-8240-bfd128e8d605",
                            "ssh_key_ids.113": "93b62667-9821-43c9-9b47-09c72bfc16fe",
                            "ssh_key_ids.114": "116c4f54-560a-4d95-bddc-29632af8a732",
                            "ssh_key_ids.115": "f6267de9-b50a-4bd8-aac5-51612a403741",
                            "ssh_key_ids.116": "33fea3c3-2fb4-424a-834c-190bd53b8f0b",
                            "ssh_key_ids.117": "fed60fdf-7e1d-4ffd-af9f-4ac91c2fd430",
                            "ssh_key_ids.118": "82f1421a-5a62-442c-adbf-6f4534ff96fe",
                            "ssh_key_ids.119": "7c7abd45-994d-4754-8220-2c5a404933e8",
                            "ssh_key_ids.12": "14c24939-9fd3-4d21-9f11-2557c49a3a9f",
                            "ssh_key_ids.120": "89ef47c1-1576-4b8c-a339-2014155f0802",
                            "ssh_key_ids.121": "59e22e40-bf99-4d3a-ae05-3eb4d599cabc",
                            "ssh_key_ids.122": "1689628e-00a8-40e4-a578-9d484d66cc3f",
                            "ssh_key_ids.123": "ec684e16-0a82-4508-af90-88d5c598bd04",
                            "ssh_key_ids.124": "1a5374e7-ae0b-44e8-8290-a7f9e34c6374",
                            "ssh_key_ids.125": "38ee2b4b-653d-494e-b008-abd82461f7f6",
                            "ssh_key_ids.126": "f63582f2-9d53-487f-a9af-d739e36b07af",
                            "ssh_key_ids.127": "f86d606c-d11c-4b10-b0d2-326e3b791cdf",
                            "ssh_key_ids.128": "7afc2a1e-7303-47e0-b75a-ed2587d3f340",
                            "ssh_key_ids.129": "0c1be6d5-8b38-4920-94f2-6ddaaa25bb9d",
                            "ssh_key_ids.13": "9ee4a2b0-3668-411b-af84-07f61d71afa8",
                            "ssh_key_ids.130": "a2579e04-6f2e-4488-8e58-c48a0aa7f70b",
                            "ssh_key_ids.131": "f1b4cad0-7e3f-4574-bc52-6567dd2fd125",
                            "ssh_key_ids.132": "494f995f-069a-4407-bf31-d1e67142f9fd",
                            "ssh_key_ids.133": "3bde399d-1ee1-49ca-acad-8df41956df20",
                            "ssh_key_ids.134": "0fb6897c-2f7f-4d0f-9de1-bd279408a7cb",
                            "ssh_key_ids.135": "1e4e0e97-aace-4cd9-b258-c8408d502284",
                            "ssh_key_ids.136": "7c41c050-74ad-4aa7-b63b-8c75d9db4051",
                            "ssh_key_ids.137": "fedb7753-6dba-4aa4-8371-999c6bab70de",
                            "ssh_key_ids.138": "a8855483-e011-4d68-86a5-2f530738dd17",
                            "ssh_key_ids.139": "954bd64c-a66b-45fb-900e-04f0b8b18cdf",
                            "ssh_key_ids.14": "22050c70-4363-4734-8c11-57855494147c",
                            "ssh_key_ids.140": "6219b353-d4ec-4ba5-9a40-19304b4fe1af",
                            "ssh_key_ids.141": "4e49c810-8e76-4ec7-b1c2-1d9e7f829441",
                            "ssh_key_ids.142": "d88db379-9fa2-454f-97a4-8e7718bbb658",
                            "ssh_key_ids.143": "d0a93463-eb19-4ed4-82a9-3c354374443e",
                            "ssh_key_ids.144": "c13861b0-d10e-4a0e-a84b-4d0463d54f1a",
                            "ssh_key_ids.145": "e00adc33-e5eb-4b67-b5f9-4bfa68bd2e53",
                            "ssh_key_ids.146": "b38f0448-bb97-4309-82f2-d1a5f5df0809",
                            "ssh_key_ids.147": "eac5e2ca-acf1-46a6-ae4d-aa12f71af765",
                            "ssh_key_ids.148": "942f8d63-c3ec-4f32-b93a-38b5e0bafd90",
                            "ssh_key_ids.149": "0a929e59-0bcf-4de1-91d1-01a8cdbc9ef6",
                            "ssh_key_ids.15": "af0fdb13-ba2c-4e19-bcfb-57b1d59ead38",
                            "ssh_key_ids.150": "4382d197-ecbb-43d9-a7d6-453c100279b8",
                            "ssh_key_ids.151": "6b50e07d-df2c-44b8-8a9e-65bfab6880a1",
                            "ssh_key_ids.152": "b87eb180-f18b-44a6-bbd5-a49f111d7864",
                            "ssh_key_ids.153": "be99da3d-601c-4466-8dcb-ff1f8a6a19d8",
                            "ssh_key_ids.154": "3b57956f-a711-40db-9a6f-32487503bea1",
                            "ssh_key_ids.155": "e5fd812a-667c-498f-883c-2bd1afddbff3",
                            "ssh_key_ids.156": "bc4f1745-a5de-45e4-ae82-d7c4988ee1a2",
                            "ssh_key_ids.157": "985ea314-f590-4237-99f5-682a344617d9",
                            "ssh_key_ids.158": "98b939fb-362b-41c8-831a-1f0a2afa400e",
                            "ssh_key_ids.159": "21fecacf-999e-4595-a247-af36a4feb0c1",
                            "ssh_key_ids.16": "305be502-51dd-41a5-b2b1-b58878e9da15",
                            "ssh_key_ids.160": "0c909e8f-7714-43f6-a8a9-fc003c5231a3",
                            "ssh_key_ids.161": "ccb07866-766e-45e2-ae82-a1f1c8cb39c8",
                            "ssh_key_ids.162": "d45fb3b7-af95-4c48-8ad6-e3f3242a5e4a",
                            "ssh_key_ids.163": "25faa130-9a09-4cca-a109-409c7ac309ab",
                            "ssh_key_ids.17": "32a48504-ef65-452f-ae33-d161205c1b11",
                            "ssh_key_ids.18": "f81c84bc-7f7f-4c1c-bc6b-4aa9ce236151",
                            "ssh_key_ids.19": "85e0e5cf-7e19-42f8-9dc2-da41de539495",
                            "ssh_key_ids.2": "6e703847-5229-4bfd-9229-db6df7397e11",
                            "ssh_key_ids.20": "04d2d40f-d0ae-4862-9537-62a9e43a22cd",
                            "ssh_key_ids.21": "036d46c3-8727-4a00-b59b-7f80443a2afc",
                            "ssh_key_ids.22": "80b28858-2421-41bb-bbea-c4ad4a5db2c9",
                            "ssh_key_ids.23": "9cf77467-cdb7-4dcc-ab9f-4d431712ef3f",
                            "ssh_key_ids.24": "3a4e67f8-b12d-43d4-a35d-e5d33a9ccd98",
                            "ssh_key_ids.25": "b428db77-8a11-40b6-a6f9-bd6321ea796b",
                            "ssh_key_ids.26": "34934bed-6b13-4abc-aeb6-1a5a9e994745",
                            "ssh_key_ids.27": "36c08ba3-3dc2-45bf-aad5-3f9d6c2f8173",
                            "ssh_key_ids.28": "f0e74fce-1a0c-4643-8990-f6843728f24f",
                            "ssh_key_ids.29": "912637d1-7b56-481b-bbe4-ccf466e3e161",
                            "ssh_key_ids.3": "32c2e969-fe1c-4235-a999-2b8abc061991",
                            "ssh_key_ids.30": "65c4bc38-3112-4503-b875-5f583aca6424",
                            "ssh_key_ids.31": "ccb63b0c-f9e1-4764-a37e-e4408cccbfac",
                            "ssh_key_ids.32": "6e8257dd-b7b9-4f30-b9d1-e7131a4d2121",
                            "ssh_key_ids.33": "c33ea9e0-ed31-43ce-8bba-e5e8da4edd83",
                            "ssh_key_ids.34": "3199b332-bec2-45ef-9e25-ba9057972da7",
                            "ssh_key_ids.35": "7bf767f0-472a-4977-921e-cf55ded84f1c",
                            "ssh_key_ids.36": "303a0e97-7dd1-4444-9def-d7ebf932a892",
                            "ssh_key_ids.37": "d0cce71a-c3ea-4b60-9866-d8f12d749d13",
                            "ssh_key_ids.38": "f8e3e26a-214b-457a-a7de-0aa31723f04e",
                            "ssh_key_ids.39": "bc84ed0c-228d-4eb5-97b4-4cd7b6e6a0f9",
                            "ssh_key_ids.4": "659466b5-43b7-47fe-bd6c-b443d3b5df20",
                            "ssh_key_ids.40": "27635c6f-e3bd-4403-ae6c-94757f36b601",
                            "ssh_key_ids.41": "fac2cbbc-70ef-4386-a0e6-df3aa1fe9609",
                            "ssh_key_ids.42": "7fb2d14c-11b6-4c52-a9d0-2a4a6113dbab",
                            "ssh_key_ids.43": "1776caa4-e965-4891-af1a-427ce73a88e9",
                            "ssh_key_ids.44": "aea43942-9250-4cde-81d1-69e468df8ce6",
                            "ssh_key_ids.45": "68931241-5344-4a8b-884f-4f3a4fc5e231",
                            "ssh_key_ids.46": "950d1f09-7d94-4838-ac25-e2b63fc256f5",
                            "ssh_key_ids.47": "d6a50bd7-69c4-4c2b-99be-9adbefc6e3dc",
                            "ssh_key_ids.48": "1df0179f-a9af-4c8e-b9bf-5991f6e1b7f0",
                            "ssh_key_ids.49": "e75e4f46-8e6b-4f66-8612-1879bbb96623",
                            "ssh_key_ids.5": "8059f489-7714-4af7-84fc-76869c009378",
                            "ssh_key_ids.50": "d02bec99-0344-4cf3-bd06-8bad8969b9fe",
                            "ssh_key_ids.51": "bb427d7d-ca92-4a98-af84-64d3b43e6325",
                            "ssh_key_ids.52": "0a7d499d-8d80-45ad-9069-8fbaa6e28ea1",
                            "ssh_key_ids.53": "c523b161-3e3b-492c-90f4-253a86aed91f",
                            "ssh_key_ids.54": "36b25fc3-3971-4f8f-a6f2-fcf9113e4da8",
                            "ssh_key_ids.55": "13c0308d-5846-46c5-bf46-2fdae2e9c8d7",
                            "ssh_key_ids.56": "892bf2fb-c6b9-459d-bdd0-36d69701a3e6",
                            "ssh_key_ids.57": "491b68d1-1663-490d-a2e0-248b496631f4",
                            "ssh_key_ids.58": "842a0495-4b06-4f53-a948-f381d57cb180",
                            "ssh_key_ids.59": "a102ddd7-bee2-4d61-9262-5978a4b91c04",
                            "ssh_key_ids.6": "f98a99f8-ff13-4391-b5fc-74983219a225",
                            "ssh_key_ids.60": "b68dcaed-078c-41e2-a647-5aa1acb12154",
                            "ssh_key_ids.61": "bb056de1-9025-47e5-89a1-2897643e1f6c",
                            "ssh_key_ids.62": "f67f7c4b-0050-4c18-be29-03a072b204ba",
                            "ssh_key_ids.63": "7d4eca06-2710-49c7-b4bd-efececa7cd54",
                            "ssh_key_ids.64": "984f885d-a618-4416-a934-f1f00d93f989",
                            "ssh_key_ids.65": "2111f3a2-9fe6-4992-aa14-1e01bb0501ce",
                            "ssh_key_ids.66": "c79bd893-afa8-4fde-9315-1ac6571a0d64",
                            "ssh_key_ids.67": "1dae5119-8c6d-450c-be49-ef323d4ef630",
                            "ssh_key_ids.68": "ee065568-03bb-456e-a1f5-1669939d43cb",
                            "ssh_key_ids.69": "b505936c-fca3-4767-9cbe-a5401f97dd95",
                            "ssh_key_ids.7": "0b392f37-4243-4e43-a56c-18208a30acf3",
                            "ssh_key_ids.70": "895e0d1a-adae-439f-a1a8-a15aa6658c97",
                            "ssh_key_ids.71": "5d3e1674-605d-4e29-aa1a-6f97c6273217",
                            "ssh_key_ids.72": "8ec2af9d-2255-4cc8-a5ae-8dd62262241c",
                            "ssh_key_ids.73": "37ffbecc-3536-42d3-8f8b-5235dd97d526",
                            "ssh_key_ids.74": "f7e8e7ed-d248-4e81-9f0a-15ef569fb264",
                            "ssh_key_ids.75": "cc001113-bc02-4d7f-af55-366db9132936",
                            "ssh_key_ids.76": "0873502f-0980-4e42-a0de-5328eb21b1fe",
                            "ssh_key_ids.77": "09223179-7d28-40a4-b18e-b7ed3e350c6a",
                            "ssh_key_ids.78": "5e0ab35b-4a75-45c1-b679-bc9cb5c9abf8",
                            "ssh_key_ids.79": "c57fb351-65ce-4427-a1c2-17868b0d1711",
                            "ssh_key_ids.8": "0394ad7e-6265-4478-ae1a-3b5d59a217d5",
                            "ssh_key_ids.80": "84eaa0c1-fd1c-4de8-a60c-e91feb89f14b",
                            "ssh_key_ids.81": "0f73341f-b03d-4323-8d59-af7243dbb475",
                            "ssh_key_ids.82": "0e3abb85-56d4-4604-a40a-9f3c6548b30b",
                            "ssh_key_ids.83": "2765be00-4a38-436c-8eb7-74cb7dba92d3",
                            "ssh_key_ids.84": "9a377e1e-c8ce-40c0-bf81-014cab0fcb7c",
                            "ssh_key_ids.85": "e58fd2a9-18d8-4cd9-a1a2-f2610ed83a73",
                            "ssh_key_ids.86": "0fddd1d0-4fa1-4abb-9bb9-b8381169a715",
                            "ssh_key_ids.87": "6389afd1-e142-402d-8a1e-90383fbd3cb0",
                            "ssh_key_ids.88": "9058e9af-1b6a-4c7a-bce1-14dc06529d33",
                            "ssh_key_ids.89": "752d99f5-5dcd-437f-99c9-8325bbabcc59",
                            "ssh_key_ids.9": "f78dd9de-77e6-4386-9014-14258f6ed18c",
                            "ssh_key_ids.90": "bdc5900f-e26d-46fe-8da6-59f9413b4c21",
                            "ssh_key_ids.91": "311e499c-5421-42b0-91a7-cdcc1059dfef",
                            "ssh_key_ids.92": "01097db2-b817-4a41-b016-012c83dad8e4",
                            "ssh_key_ids.93": "ec9105b6-bdd2-4bcc-a6ca-00055f55f504",
                            "ssh_key_ids.94": "611e233e-835c-4e37-abdd-918842cbe83f",
                            "ssh_key_ids.95": "dc275958-fb33-4a63-a21b-e33d3dfd3a14",
                            "ssh_key_ids.96": "7c7abede-0f89-4bae-91f3-c4c856140db8",
                            "ssh_key_ids.97": "e82a688a-f07a-480e-a408-199baca463c9",
                            "ssh_key_ids.98": "d7a07953-9e75-465e-9495-775f03018db0",
                            "ssh_key_ids.99": "a7c4c16b-8163-4d61-8485-5f05eb11f013",
                            "state": "active",
                            "storage": "",
                            "tags.#": "0",
                            "updated": "2019-04-30T09:37:58Z"
                        },
                        "meta": {},
                        "tainted": false
                    },
                    "deposed": [],
                    "provider": "provider.packet"
                },
                "packet_device.registry_alt": {
                    "type": "packet_device",
                    "depends_on": [
                        "packet_ssh_key.default",
                        "tls_private_key.default"
                    ],
                    "primary": {
                        "id": "fb0708f0-70ab-445d-b0d6-f7eb1e5d23f8",
                        "attributes": {
                            "access_private_ipv4": "10.64.62.3",
                            "access_public_ipv4": "147.75.92.105",
                            "access_public_ipv6": "2604:1380:3000:6c00::3",
                            "always_pxe": "false",
                            "billing_cycle": "hourly",
                            "created": "2019-04-30T09:35:41Z",
                            "facilities.#": "1",
                            "facilities.0": "nrt1",
                            "facility": "nrt1",
                            "hostname": "kayobe-registry-alt",
                            "id": "fb0708f0-70ab-445d-b0d6-f7eb1e5d23f8",
                            "ipxe_script_url": "",
                            "locked": "false",
                            "network.#": "3",
                            "network.0.address": "147.75.92.105",
                            "network.0.cidr": "31",
                            "network.0.family": "4",
                            "network.0.gateway": "147.75.92.104",
                            "network.0.public": "true",
                            "network.1.address": "2604:1380:3000:6c00::3",
                            "network.1.cidr": "127",
                            "network.1.family": "6",
                            "network.1.gateway": "2604:1380:3000:6c00::2",
                            "network.1.public": "true",
                            "network.2.address": "10.64.62.3",
                            "network.2.cidr": "31",
                            "network.2.family": "4",
                            "network.2.gateway": "10.64.62.2",
                            "network.2.public": "false",
                            "network_type": "layer3",
                            "operating_system": "centos_7",
                            "plan": "c1.small.x86",
                            "ports.#": "3",
                            "ports.0.bonded": "true",
                            "ports.0.id": "943868b7-f74f-48c1-91fa-b01cce8079fa",
                            "ports.0.mac": "",
                            "ports.0.name": "bond0",
                            "ports.0.type": "NetworkBondPort",
                            "ports.1.bonded": "true",
                            "ports.1.id": "bb238f8a-cbd0-4715-84d7-9074ccb240eb",
                            "ports.1.mac": "ac:1f:6b:82:e5:26",
                            "ports.1.name": "eth0",
                            "ports.1.type": "NetworkPort",
                            "ports.2.bonded": "true",
                            "ports.2.id": "0e093738-9996-4e43-8311-9bc518604bd5",
                            "ports.2.mac": "ac:1f:6b:82:e5:27",
                            "ports.2.name": "eth1",
                            "ports.2.type": "NetworkPort",
                            "project_id": "719d7d4b-08f8-4e9b-ad0d-34707f85160d",
                            "public_ipv4_subnet_size": "31",
                            "root_password": "6P3i.U\u003eWjb",
                            "ssh_key_ids.#": "164",
                            "ssh_key_ids.0": "da199044-80dd-48dd-8d1f-ef76ccb13ab5",
                            "ssh_key_ids.1": "bd192f85-fbeb-4fd3-bca0-7ceb96f91700",
                            "ssh_key_ids.10": "f718cdab-a523-45c3-9b01-80dc045be122",
                            "ssh_key_ids.100": "290afd05-1d05-4fd4-a7ac-27be4b92458f",
                            "ssh_key_ids.101": "8ad4e695-a082-43c5-ac1b-456964b321c6",
                            "ssh_key_ids.102": "8499c022-65c8-40dd-ab33-d331388ac5d9",
                            "ssh_key_ids.103": "59b26c30-c0ca-4ac5-ba7f-143efd14f792",
                            "ssh_key_ids.104": "d059cfe2-3215-4686-aeaa-051a5a423d2a",
                            "ssh_key_ids.105": "ccf9952b-afcb-4df1-b002-0c60717e2592",
                            "ssh_key_ids.106": "948d85da-a1a4-45d9-b6bd-e2794c03232d",
                            "ssh_key_ids.107": "214e1ebd-afd3-43f9-bcb6-bf6b9693f830",
                            "ssh_key_ids.108": "8c7583d3-2b01-4df4-a946-939962d827f9",
                            "ssh_key_ids.109": "ee429bfb-8fb3-479b-9c6c-e5579a8bf59d",
                            "ssh_key_ids.11": "a722049c-a416-4fb0-a661-290a0d9cf57b",
                            "ssh_key_ids.110": "c0fea396-b8f9-43d0-a453-9bbc868a1d81",
                            "ssh_key_ids.111": "82bd80ac-b1df-4801-88b7-8b835b78570c",
                            "ssh_key_ids.112": "88436004-0436-4df7-8240-bfd128e8d605",
                            "ssh_key_ids.113": "93b62667-9821-43c9-9b47-09c72bfc16fe",
                            "ssh_key_ids.114": "116c4f54-560a-4d95-bddc-29632af8a732",
                            "ssh_key_ids.115": "f6267de9-b50a-4bd8-aac5-51612a403741",
                            "ssh_key_ids.116": "33fea3c3-2fb4-424a-834c-190bd53b8f0b",
                            "ssh_key_ids.117": "fed60fdf-7e1d-4ffd-af9f-4ac91c2fd430",
                            "ssh_key_ids.118": "82f1421a-5a62-442c-adbf-6f4534ff96fe",
                            "ssh_key_ids.119": "7c7abd45-994d-4754-8220-2c5a404933e8",
                            "ssh_key_ids.12": "14c24939-9fd3-4d21-9f11-2557c49a3a9f",
                            "ssh_key_ids.120": "89ef47c1-1576-4b8c-a339-2014155f0802",
                            "ssh_key_ids.121": "59e22e40-bf99-4d3a-ae05-3eb4d599cabc",
                            "ssh_key_ids.122": "1689628e-00a8-40e4-a578-9d484d66cc3f",
                            "ssh_key_ids.123": "ec684e16-0a82-4508-af90-88d5c598bd04",
                            "ssh_key_ids.124": "1a5374e7-ae0b-44e8-8290-a7f9e34c6374",
                            "ssh_key_ids.125": "38ee2b4b-653d-494e-b008-abd82461f7f6",
                            "ssh_key_ids.126": "f63582f2-9d53-487f-a9af-d739e36b07af",
                            "ssh_key_ids.127": "f86d606c-d11c-4b10-b0d2-326e3b791cdf",
                            "ssh_key_ids.128": "7afc2a1e-7303-47e0-b75a-ed2587d3f340",
                            "ssh_key_ids.129": "0c1be6d5-8b38-4920-94f2-6ddaaa25bb9d",
                            "ssh_key_ids.13": "9ee4a2b0-3668-411b-af84-07f61d71afa8",
                            "ssh_key_ids.130": "a2579e04-6f2e-4488-8e58-c48a0aa7f70b",
                            "ssh_key_ids.131": "f1b4cad0-7e3f-4574-bc52-6567dd2fd125",
                            "ssh_key_ids.132": "494f995f-069a-4407-bf31-d1e67142f9fd",
                            "ssh_key_ids.133": "3bde399d-1ee1-49ca-acad-8df41956df20",
                            "ssh_key_ids.134": "0fb6897c-2f7f-4d0f-9de1-bd279408a7cb",
                            "ssh_key_ids.135": "1e4e0e97-aace-4cd9-b258-c8408d502284",
                            "ssh_key_ids.136": "7c41c050-74ad-4aa7-b63b-8c75d9db4051",
                            "ssh_key_ids.137": "fedb7753-6dba-4aa4-8371-999c6bab70de",
                            "ssh_key_ids.138": "a8855483-e011-4d68-86a5-2f530738dd17",
                            "ssh_key_ids.139": "954bd64c-a66b-45fb-900e-04f0b8b18cdf",
                            "ssh_key_ids.14": "22050c70-4363-4734-8c11-57855494147c",
                            "ssh_key_ids.140": "6219b353-d4ec-4ba5-9a40-19304b4fe1af",
                            "ssh_key_ids.141": "4e49c810-8e76-4ec7-b1c2-1d9e7f829441",
                            "ssh_key_ids.142": "d88db379-9fa2-454f-97a4-8e7718bbb658",
                            "ssh_key_ids.143": "d0a93463-eb19-4ed4-82a9-3c354374443e",
                            "ssh_key_ids.144": "c13861b0-d10e-4a0e-a84b-4d0463d54f1a",
                            "ssh_key_ids.145": "e00adc33-e5eb-4b67-b5f9-4bfa68bd2e53",
                            "ssh_key_ids.146": "b38f0448-bb97-4309-82f2-d1a5f5df0809",
                            "ssh_key_ids.147": "eac5e2ca-acf1-46a6-ae4d-aa12f71af765",
                            "ssh_key_ids.148": "942f8d63-c3ec-4f32-b93a-38b5e0bafd90",
                            "ssh_key_ids.149": "0a929e59-0bcf-4de1-91d1-01a8cdbc9ef6",
                            "ssh_key_ids.15": "af0fdb13-ba2c-4e19-bcfb-57b1d59ead38",
                            "ssh_key_ids.150": "4382d197-ecbb-43d9-a7d6-453c100279b8",
                            "ssh_key_ids.151": "6b50e07d-df2c-44b8-8a9e-65bfab6880a1",
                            "ssh_key_ids.152": "b87eb180-f18b-44a6-bbd5-a49f111d7864",
                            "ssh_key_ids.153": "be99da3d-601c-4466-8dcb-ff1f8a6a19d8",
                            "ssh_key_ids.154": "3b57956f-a711-40db-9a6f-32487503bea1",
                            "ssh_key_ids.155": "e5fd812a-667c-498f-883c-2bd1afddbff3",
                            "ssh_key_ids.156": "bc4f1745-a5de-45e4-ae82-d7c4988ee1a2",
                            "ssh_key_ids.157": "985ea314-f590-4237-99f5-682a344617d9",
                            "ssh_key_ids.158": "98b939fb-362b-41c8-831a-1f0a2afa400e",
                            "ssh_key_ids.159": "21fecacf-999e-4595-a247-af36a4feb0c1",
                            "ssh_key_ids.16": "305be502-51dd-41a5-b2b1-b58878e9da15",
                            "ssh_key_ids.160": "0c909e8f-7714-43f6-a8a9-fc003c5231a3",
                            "ssh_key_ids.161": "ccb07866-766e-45e2-ae82-a1f1c8cb39c8",
                            "ssh_key_ids.162": "d45fb3b7-af95-4c48-8ad6-e3f3242a5e4a",
                            "ssh_key_ids.163": "25faa130-9a09-4cca-a109-409c7ac309ab",
                            "ssh_key_ids.17": "32a48504-ef65-452f-ae33-d161205c1b11",
                            "ssh_key_ids.18": "f81c84bc-7f7f-4c1c-bc6b-4aa9ce236151",
                            "ssh_key_ids.19": "85e0e5cf-7e19-42f8-9dc2-da41de539495",
                            "ssh_key_ids.2": "6e703847-5229-4bfd-9229-db6df7397e11",
                            "ssh_key_ids.20": "04d2d40f-d0ae-4862-9537-62a9e43a22cd",
                            "ssh_key_ids.21": "036d46c3-8727-4a00-b59b-7f80443a2afc",
                            "ssh_key_ids.22": "80b28858-2421-41bb-bbea-c4ad4a5db2c9",
                            "ssh_key_ids.23": "9cf77467-cdb7-4dcc-ab9f-4d431712ef3f",
                            "ssh_key_ids.24": "3a4e67f8-b12d-43d4-a35d-e5d33a9ccd98",
                            "ssh_key_ids.25": "b428db77-8a11-40b6-a6f9-bd6321ea796b",
                            "ssh_key_ids.26": "34934bed-6b13-4abc-aeb6-1a5a9e994745",
                            "ssh_key_ids.27": "36c08ba3-3dc2-45bf-aad5-3f9d6c2f8173",
                            "ssh_key_ids.28": "f0e74fce-1a0c-4643-8990-f6843728f24f",
                            "ssh_key_ids.29": "912637d1-7b56-481b-bbe4-ccf466e3e161",
                            "ssh_key_ids.3": "32c2e969-fe1c-4235-a999-2b8abc061991",
                            "ssh_key_ids.30": "65c4bc38-3112-4503-b875-5f583aca6424",
                            "ssh_key_ids.31": "ccb63b0c-f9e1-4764-a37e-e4408cccbfac",
                            "ssh_key_ids.32": "6e8257dd-b7b9-4f30-b9d1-e7131a4d2121",
                            "ssh_key_ids.33": "c33ea9e0-ed31-43ce-8bba-e5e8da4edd83",
                            "ssh_key_ids.34": "3199b332-bec2-45ef-9e25-ba9057972da7",
                            "ssh_key_ids.35": "7bf767f0-472a-4977-921e-cf55ded84f1c",
                            "ssh_key_ids.36": "303a0e97-7dd1-4444-9def-d7ebf932a892",
                            "ssh_key_ids.37": "27635c6f-e3bd-4403-ae6c-94757f36b601",
                            "ssh_key_ids.38": "fac2cbbc-70ef-4386-a0e6-df3aa1fe9609",
                            "ssh_key_ids.39": "7fb2d14c-11b6-4c52-a9d0-2a4a6113dbab",
                            "ssh_key_ids.4": "659466b5-43b7-47fe-bd6c-b443d3b5df20",
                            "ssh_key_ids.40": "1776caa4-e965-4891-af1a-427ce73a88e9",
                            "ssh_key_ids.41": "d0cce71a-c3ea-4b60-9866-d8f12d749d13",
                            "ssh_key_ids.42": "f8e3e26a-214b-457a-a7de-0aa31723f04e",
                            "ssh_key_ids.43": "bc84ed0c-228d-4eb5-97b4-4cd7b6e6a0f9",
                            "ssh_key_ids.44": "aea43942-9250-4cde-81d1-69e468df8ce6",
                            "ssh_key_ids.45": "68931241-5344-4a8b-884f-4f3a4fc5e231",
                            "ssh_key_ids.46": "950d1f09-7d94-4838-ac25-e2b63fc256f5",
                            "ssh_key_ids.47": "d6a50bd7-69c4-4c2b-99be-9adbefc6e3dc",
                            "ssh_key_ids.48": "1df0179f-a9af-4c8e-b9bf-5991f6e1b7f0",
                            "ssh_key_ids.49": "e75e4f46-8e6b-4f66-8612-1879bbb96623",
                            "ssh_key_ids.5": "8059f489-7714-4af7-84fc-76869c009378",
                            "ssh_key_ids.50": "d02bec99-0344-4cf3-bd06-8bad8969b9fe",
                            "ssh_key_ids.51": "bb427d7d-ca92-4a98-af84-64d3b43e6325",
                            "ssh_key_ids.52": "0a7d499d-8d80-45ad-9069-8fbaa6e28ea1",
                            "ssh_key_ids.53": "c523b161-3e3b-492c-90f4-253a86aed91f",
                            "ssh_key_ids.54": "36b25fc3-3971-4f8f-a6f2-fcf9113e4da8",
                            "ssh_key_ids.55": "13c0308d-5846-46c5-bf46-2fdae2e9c8d7",
                            "ssh_key_ids.56": "892bf2fb-c6b9-459d-bdd0-36d69701a3e6",
                            "ssh_key_ids.57": "491b68d1-1663-490d-a2e0-248b496631f4",
                            "ssh_key_ids.58": "842a0495-4b06-4f53-a948-f381d57cb180",
                            "ssh_key_ids.59": "a102ddd7-bee2-4d61-9262-5978a4b91c04",
                            "ssh_key_ids.6": "f98a99f8-ff13-4391-b5fc-74983219a225",
                            "ssh_key_ids.60": "b68dcaed-078c-41e2-a647-5aa1acb12154",
                            "ssh_key_ids.61": "bb056de1-9025-47e5-89a1-2897643e1f6c",
                            "ssh_key_ids.62": "f67f7c4b-0050-4c18-be29-03a072b204ba",
                            "ssh_key_ids.63": "7d4eca06-2710-49c7-b4bd-efececa7cd54",
                            "ssh_key_ids.64": "984f885d-a618-4416-a934-f1f00d93f989",
                            "ssh_key_ids.65": "2111f3a2-9fe6-4992-aa14-1e01bb0501ce",
                            "ssh_key_ids.66": "c79bd893-afa8-4fde-9315-1ac6571a0d64",
                            "ssh_key_ids.67": "1dae5119-8c6d-450c-be49-ef323d4ef630",
                            "ssh_key_ids.68": "ee065568-03bb-456e-a1f5-1669939d43cb",
                            "ssh_key_ids.69": "b505936c-fca3-4767-9cbe-a5401f97dd95",
                            "ssh_key_ids.7": "0b392f37-4243-4e43-a56c-18208a30acf3",
                            "ssh_key_ids.70": "895e0d1a-adae-439f-a1a8-a15aa6658c97",
                            "ssh_key_ids.71": "5d3e1674-605d-4e29-aa1a-6f97c6273217",
                            "ssh_key_ids.72": "8ec2af9d-2255-4cc8-a5ae-8dd62262241c",
                            "ssh_key_ids.73": "37ffbecc-3536-42d3-8f8b-5235dd97d526",
                            "ssh_key_ids.74": "f7e8e7ed-d248-4e81-9f0a-15ef569fb264",
                            "ssh_key_ids.75": "cc001113-bc02-4d7f-af55-366db9132936",
                            "ssh_key_ids.76": "0873502f-0980-4e42-a0de-5328eb21b1fe",
                            "ssh_key_ids.77": "09223179-7d28-40a4-b18e-b7ed3e350c6a",
                            "ssh_key_ids.78": "5e0ab35b-4a75-45c1-b679-bc9cb5c9abf8",
                            "ssh_key_ids.79": "c57fb351-65ce-4427-a1c2-17868b0d1711",
                            "ssh_key_ids.8": "0394ad7e-6265-4478-ae1a-3b5d59a217d5",
                            "ssh_key_ids.80": "84eaa0c1-fd1c-4de8-a60c-e91feb89f14b",
                            "ssh_key_ids.81": "0f73341f-b03d-4323-8d59-af7243dbb475",
                            "ssh_key_ids.82": "0e3abb85-56d4-4604-a40a-9f3c6548b30b",
                            "ssh_key_ids.83": "2765be00-4a38-436c-8eb7-74cb7dba92d3",
                            "ssh_key_ids.84": "9a377e1e-c8ce-40c0-bf81-014cab0fcb7c",
                            "ssh_key_ids.85": "e58fd2a9-18d8-4cd9-a1a2-f2610ed83a73",
                            "ssh_key_ids.86": "0fddd1d0-4fa1-4abb-9bb9-b8381169a715",
                            "ssh_key_ids.87": "6389afd1-e142-402d-8a1e-90383fbd3cb0",
                            "ssh_key_ids.88": "9058e9af-1b6a-4c7a-bce1-14dc06529d33",
                            "ssh_key_ids.89": "752d99f5-5dcd-437f-99c9-8325bbabcc59",
                            "ssh_key_ids.9": "f78dd9de-77e6-4386-9014-14258f6ed18c",
                            "ssh_key_ids.90": "bdc5900f-e26d-46fe-8da6-59f9413b4c21",
                            "ssh_key_ids.91": "311e499c-5421-42b0-91a7-cdcc1059dfef",
                            "ssh_key_ids.92": "01097db2-b817-4a41-b016-012c83dad8e4",
                            "ssh_key_ids.93": "ec9105b6-bdd2-4bcc-a6ca-00055f55f504",
                            "ssh_key_ids.94": "611e233e-835c-4e37-abdd-918842cbe83f",
                            "ssh_key_ids.95": "dc275958-fb33-4a63-a21b-e33d3dfd3a14",
                            "ssh_key_ids.96": "7c7abede-0f89-4bae-91f3-c4c856140db8",
                            "ssh_key_ids.97": "e82a688a-f07a-480e-a408-199baca463c9",
                            "ssh_key_ids.98": "d7a07953-9e75-465e-9495-775f03018db0",
                            "ssh_key_ids.99": "a7c4c16b-8163-4d61-8485-5f05eb11f013",
                            "state": "active",
                            "storage": "",
                            "tags.#": "0",
                            "updated": "2019-04-30T09:38:14Z"
                        },
                        "meta": {},
                        "tainted": false
                    },
                    "deposed": [],
                    "provider": "provider.packet"
                },
                "packet_ssh_key.default": {
                    "type": "packet_ssh_key",
                    "depends_on": [
                        "tls_private_key.default"
                    ],
                    "primary": {
                        "id": "985ea314-f590-4237-99f5-682a344617d9",
                        "attributes": {
                            "created": "2019-04-30T09:34:40Z",
                            "fingerprint": "a0:09:50:50:7f:98:60:4f:5f:ca:73:1a:3e:16:6f:00",
                            "id": "985ea314-f590-4237-99f5-682a344617d9",
                            "name": "default",
                            "public_key": "ecdsa-sha2-nistp384 AAAAE2VjZHNhLXNoYTItbmlzdHAzODQAAAAIbmlzdHAzODQAAABhBD5fz7Foq+0sgSg/fPwn4qCd6pVtq8LaVVU7R3s7G6w2De6hXa3Q8DzwJcuw0oMTM3JE5kxBMwTJ9p7tjE+C3g/fOQm2GavC2nb6lX7UFRm+9OJCFY4elUNelIoPgkzW5Q==\n",
                            "updated": "2019-04-30T10:50:08Z"
                        },
                        "meta": {},
                        "tainted": false
                    },
                    "deposed": [],
                    "provider": "provider.packet"
                },
                "tls_private_key.default": {
                    "type": "tls_private_key",
                    "depends_on": [],
                    "primary": {
                        "id": "71acf7e9f2da1fcc65c431c4d730c842384e3eb0",
                        "attributes": {
                            "algorithm": "ECDSA",
                            "ecdsa_curve": "P384",
                            "id": "71acf7e9f2da1fcc65c431c4d730c842384e3eb0",
                            "private_key_pem": "-----BEGIN EC PRIVATE KEY-----\nMIGkAgEBBDBtsyNMLEqVqKcw7VHowR1BASU/PUaX6Y21PsBGiSsZV1lfhF0WY2C6\nvSqY81xWol+gBwYFK4EEACKhZANiAAQ+X8+xaKvtLIEoP3z8J+KgneqVbavC2lVV\nO0d7OxusNg3uoV2t0PA88CXLsNKDEzNyROZMQTMEyfae7YxPgt4P3zkJthmrwtp2\n+pV+1BUZvvTiQhWOHpVDXpSKD4JM1uU=\n-----END EC PRIVATE KEY-----\n",
                            "public_key_fingerprint_md5": "a0:09:50:50:7f:98:60:4f:5f:ca:73:1a:3e:16:6f:00",
                            "public_key_openssh": "ecdsa-sha2-nistp384 AAAAE2VjZHNhLXNoYTItbmlzdHAzODQAAAAIbmlzdHAzODQAAABhBD5fz7Foq+0sgSg/fPwn4qCd6pVtq8LaVVU7R3s7G6w2De6hXa3Q8DzwJcuw0oMTM3JE5kxBMwTJ9p7tjE+C3g/fOQm2GavC2nb6lX7UFRm+9OJCFY4elUNelIoPgkzW5Q==\n",
                            "public_key_pem": "-----BEGIN PUBLIC KEY-----\nMHYwEAYHKoZIzj0CAQYFK4EEACIDYgAEPl/PsWir7SyBKD98/CfioJ3qlW2rwtpV\nVTtHezsbrDYN7qFdrdDwPPAly7DSgxMzckTmTEEzBMn2nu2MT4LeD985CbYZq8La\ndvqVftQVGb704kIVjh6VQ16Uig+CTNbl\n-----END PUBLIC KEY-----\n",
                            "rsa_bits": "2048"
                        },
                        "meta": {},
                        "tainted": false
                    },
                    "deposed": [],
                    "provider": "provider.tls"
                }
            },
            "depends_on": []
        }
    ]
}
