{
    "version": 3,
    "terraform_version": "0.11.13",
    "serial": 15,
    "lineage": "7d34fb72-c010-486e-cbd8-cbdb7d3ddd36",
    "modules": [
        {
            "path": [
                "root"
            ],
            "outputs": {
                "Key": {
                    "sensitive": false,
                    "type": "string",
                    "value": "-----BEGIN EC PRIVATE KEY-----\nMIGkAgEBBDDBiyvTm5XdBcSvZdvyOynUocEYJaU9+1wOlyZJnX6A5dVQwRvRmr7g\nsPA7yDrwH5OgBwYFK4EEACKhZANiAARnErno1B9CFNcGIynnoVtkbFpFq47/TUoc\nscskCRf+go91yQ9MpLxzo2S6WdK51RYYShA3JLIoZNqBu28vwmUZJHUp3BiRg3Qf\niNmnnHW83gi0GJ+Vn0MHEGnKXii2nXM=\n-----END EC PRIVATE KEY-----\n"
                }
            },
            "resources": {
                "packet_ssh_key.lab": {
                    "type": "packet_ssh_key",
                    "depends_on": [
                        "tls_private_key.lab"
                    ],
                    "primary": {
                        "id": "d108c820-4516-46c5-9f44-9e83dc4bd33d",
                        "attributes": {
                            "created": "2019-03-27T21:32:44Z",
                            "fingerprint": "48:dd:43:dc:89:92:0e:f6:01:38:26:61:e8:0f:f0:61",
                            "id": "d108c820-4516-46c5-9f44-9e83dc4bd33d",
                            "name": "lab",
                            "public_key": "ecdsa-sha2-nistp384 AAAAE2VjZHNhLXNoYTItbmlzdHAzODQAAAAIbmlzdHAzODQAAABhBGcSuejUH0IU1wYjKeehW2RsWkWrjv9NShyxyyQJF/6Cj3XJD0ykvHOjZLpZ0rnVFhhKEDcksihk2oG7by/CZRkkdSncGJGDdB+I2aecdbzeCLQYn5WfQwcQacpeKLadcw==\n",
                            "updated": "2019-03-27T21:32:44Z"
                        },
                        "meta": {},
                        "tainted": false
                    },
                    "deposed": [],
                    "provider": "provider.packet"
                },
                "tls_private_key.lab": {
                    "type": "tls_private_key",
                    "depends_on": [],
                    "primary": {
                        "id": "a0b037b6b500e44617070669b51d1c98799831c8",
                        "attributes": {
                            "algorithm": "ECDSA",
                            "ecdsa_curve": "P384",
                            "id": "a0b037b6b500e44617070669b51d1c98799831c8",
                            "private_key_pem": "-----BEGIN EC PRIVATE KEY-----\nMIGkAgEBBDDBiyvTm5XdBcSvZdvyOynUocEYJaU9+1wOlyZJnX6A5dVQwRvRmr7g\nsPA7yDrwH5OgBwYFK4EEACKhZANiAARnErno1B9CFNcGIynnoVtkbFpFq47/TUoc\nscskCRf+go91yQ9MpLxzo2S6WdK51RYYShA3JLIoZNqBu28vwmUZJHUp3BiRg3Qf\niNmnnHW83gi0GJ+Vn0MHEGnKXii2nXM=\n-----END EC PRIVATE KEY-----\n",
                            "public_key_fingerprint_md5": "48:dd:43:dc:89:92:0e:f6:01:38:26:61:e8:0f:f0:61",
                            "public_key_openssh": "ecdsa-sha2-nistp384 AAAAE2VjZHNhLXNoYTItbmlzdHAzODQAAAAIbmlzdHAzODQAAABhBGcSuejUH0IU1wYjKeehW2RsWkWrjv9NShyxyyQJF/6Cj3XJD0ykvHOjZLpZ0rnVFhhKEDcksihk2oG7by/CZRkkdSncGJGDdB+I2aecdbzeCLQYn5WfQwcQacpeKLadcw==\n",
                            "public_key_pem": "-----BEGIN PUBLIC KEY-----\nMHYwEAYHKoZIzj0CAQYFK4EEACIDYgAEZxK56NQfQhTXBiMp56FbZGxaRauO/01K\nHLHLJAkX/oKPdckPTKS8c6NkulnSudUWGEoQNySyKGTagbtvL8JlGSR1KdwYkYN0\nH4jZp5x1vN4ItBiflZ9DBxBpyl4otp1z\n-----END PUBLIC KEY-----\n",
                            "rsa_bits": "2048"
                        },
                        "meta": {},
                        "tainted": false
                    },
                    "deposed": [],
                    "provider": "provider.tls"
                }
            },
            "depends_on": []
        }
    ]
}
